{
  "version": 4,
  "terraform_version": "1.2.3",
  "serial": 1528,
  "lineage": "6c7a8802-2499-e29b-b4ad-96aabae5e326",
  "outputs": {
    "rest_api_url": {
      "value": "https://95hlfmm90e.execute-api.eu-central-1.amazonaws.com/test",
      "type": "string"
    }
  },
  "resources": [
    {
      "mode": "data",
      "type": "aws_caller_identity",
      "name": "account",
      "provider": "provider[\"registry.terraform.io/hashicorp/aws\"]",
      "instances": [
        {
          "schema_version": 0,
          "attributes": {
            "account_id": "614695401085",
            "arn": "arn:aws:iam::614695401085:user/marek",
            "id": "614695401085",
            "user_id": "AIDAY6HVTOZ6VPFLMV5SD"
          },
          "sensitive_attributes": []
        }
      ]
    },
    {
      "mode": "managed",
      "type": "aws_api_gateway_authorizer",
      "name": "mylearn",
      "provider": "provider[\"registry.terraform.io/hashicorp/aws\"]",
      "instances": [
        {
          "schema_version": 0,
          "attributes": {
            "arn": "arn:aws:apigateway:eu-central-1::/restapis/95hlfmm90e/authorizers/y15sgs",
            "authorizer_credentials": "arn:aws:iam::614695401085:role/api_gateway_auth_invocation",
            "authorizer_result_ttl_in_seconds": 300,
            "authorizer_uri": "arn:aws:apigateway:eu-central-1:lambda:path/2015-03-31/functions/arn:aws:lambda:eu-central-1:614695401085:function:auth-lambda/invocations",
            "id": "y15sgs",
            "identity_source": "method.request.header.Authorization",
            "identity_validation_expression": "",
            "name": "mylearn-custom-lambda-authorizer",
            "provider_arns": [],
            "rest_api_id": "95hlfmm90e",
            "type": "TOKEN"
          },
          "sensitive_attributes": [],
          "private": "bnVsbA==",
          "dependencies": [
            "aws_api_gateway_rest_api.mylearn",
            "aws_cognito_user_pool.mylearn",
            "aws_dynamodb_table.cognito_users",
            "aws_iam_role.auth_lambda",
            "aws_iam_role.cognito_after_register",
            "aws_iam_role.mylearn_invocation_role",
            "aws_lambda_function.auth_lambda",
            "aws_lambda_function.cognito_after_register"
          ],
          "create_before_destroy": true
        }
      ]
    },
    {
      "mode": "managed",
      "type": "aws_api_gateway_deployment",
      "name": "mylearn",
      "provider": "provider[\"registry.terraform.io/hashicorp/aws\"]",
      "instances": [
        {
          "schema_version": 0,
          "attributes": {
            "created_date": "2022-07-20T16:41:58Z",
            "description": "",
            "execution_arn": "arn:aws:execute-api:eu-central-1:614695401085:95hlfmm90e/",
            "id": "ikfm1y",
            "invoke_url": "https://95hlfmm90e.execute-api.eu-central-1.amazonaws.com/",
            "rest_api_id": "95hlfmm90e",
            "stage_description": null,
            "stage_name": null,
            "triggers": null,
            "variables": {
              "deployed_at": "2022-07-20T16:41:59Z"
            }
          },
          "sensitive_attributes": [],
          "private": "bnVsbA==",
          "dependencies": [
            "aws_api_gateway_integration.mylearn_grades_get",
            "aws_api_gateway_integration.mylearn_grades_post",
            "aws_api_gateway_integration.mylearn_users_get",
            "aws_api_gateway_rest_api.mylearn"
          ],
          "create_before_destroy": true
        }
      ]
    },
    {
      "mode": "managed",
      "type": "aws_api_gateway_integration",
      "name": "mylearn_cognito_users_login_post",
      "provider": "provider[\"registry.terraform.io/hashicorp/aws\"]",
      "instances": [
        {
          "schema_version": 0,
          "attributes": {
            "cache_key_parameters": [],
            "cache_namespace": "fne4pd",
            "connection_id": "",
            "connection_type": "INTERNET",
            "content_handling": "",
            "credentials": "",
            "http_method": "POST",
            "id": "agi-95hlfmm90e-fne4pd-POST",
            "integration_http_method": "POST",
            "passthrough_behavior": "WHEN_NO_MATCH",
            "request_parameters": {},
            "request_templates": {},
            "resource_id": "fne4pd",
            "rest_api_id": "95hlfmm90e",
            "timeout_milliseconds": 29000,
            "tls_config": [],
            "type": "AWS_PROXY",
            "uri": "arn:aws:apigateway:eu-central-1:lambda:path/2015-03-31/functions/arn:aws:lambda:eu-central-1:614695401085:function:cognito-user-lambda/invocations"
          },
          "sensitive_attributes": [],
          "private": "bnVsbA==",
          "dependencies": [
            "aws_api_gateway_method.mylearn_cognito_users_login_post",
            "aws_api_gateway_resource.mylearn_cognito_users_login",
            "aws_api_gateway_rest_api.mylearn",
            "aws_cognito_user_pool.mylearn",
            "aws_cognito_user_pool_client.webapp",
            "aws_dynamodb_table.cognito_users",
            "aws_iam_role.cognito_after_register",
            "aws_iam_role.mylearn_cognito_user",
            "aws_lambda_function.cognito_after_register",
            "aws_lambda_function.cognito_user_lambda"
          ]
        }
      ]
    },
    {
      "mode": "managed",
      "type": "aws_api_gateway_integration",
      "name": "mylearn_grades_get",
      "provider": "provider[\"registry.terraform.io/hashicorp/aws\"]",
      "instances": [
        {
          "schema_version": 0,
          "attributes": {
            "cache_key_parameters": [],
            "cache_namespace": "r8uwm5",
            "connection_id": "",
            "connection_type": "INTERNET",
            "content_handling": "",
            "credentials": "",
            "http_method": "GET",
            "id": "agi-95hlfmm90e-r8uwm5-GET",
            "integration_http_method": "POST",
            "passthrough_behavior": "WHEN_NO_MATCH",
            "request_parameters": {},
            "request_templates": {},
            "resource_id": "r8uwm5",
            "rest_api_id": "95hlfmm90e",
            "timeout_milliseconds": 29000,
            "tls_config": [],
            "type": "AWS_PROXY",
            "uri": "arn:aws:apigateway:eu-central-1:lambda:path/2015-03-31/functions/arn:aws:lambda:eu-central-1:614695401085:function:mylearn-grades/invocations"
          },
          "sensitive_attributes": [],
          "private": "bnVsbA==",
          "dependencies": [
            "aws_api_gateway_authorizer.mylearn",
            "aws_api_gateway_method.mylearn_grades_get",
            "aws_api_gateway_resource.mylearn_grades",
            "aws_api_gateway_rest_api.mylearn",
            "aws_cognito_user_pool.mylearn",
            "aws_dynamodb_table.cognito_users",
            "aws_dynamodb_table.mylearn_grades",
            "aws_iam_role.auth_lambda",
            "aws_iam_role.cognito_after_register",
            "aws_iam_role.mylearn_grades",
            "aws_iam_role.mylearn_invocation_role",
            "aws_lambda_function.auth_lambda",
            "aws_lambda_function.cognito_after_register",
            "aws_lambda_function.mylearn_grades"
          ],
          "create_before_destroy": true
        }
      ]
    },
    {
      "mode": "managed",
      "type": "aws_api_gateway_integration",
      "name": "mylearn_grades_post",
      "provider": "provider[\"registry.terraform.io/hashicorp/aws\"]",
      "instances": [
        {
          "schema_version": 0,
          "attributes": {
            "cache_key_parameters": [],
            "cache_namespace": "r8uwm5",
            "connection_id": "",
            "connection_type": "INTERNET",
            "content_handling": "",
            "credentials": "",
            "http_method": "POST",
            "id": "agi-95hlfmm90e-r8uwm5-POST",
            "integration_http_method": "POST",
            "passthrough_behavior": "WHEN_NO_MATCH",
            "request_parameters": {},
            "request_templates": {},
            "resource_id": "r8uwm5",
            "rest_api_id": "95hlfmm90e",
            "timeout_milliseconds": 29000,
            "tls_config": [],
            "type": "AWS_PROXY",
            "uri": "arn:aws:apigateway:eu-central-1:lambda:path/2015-03-31/functions/arn:aws:lambda:eu-central-1:614695401085:function:mylearn-grades/invocations"
          },
          "sensitive_attributes": [],
          "private": "bnVsbA==",
          "dependencies": [
            "aws_api_gateway_authorizer.mylearn",
            "aws_api_gateway_method.mylearn_grades_post",
            "aws_api_gateway_resource.mylearn_grades",
            "aws_api_gateway_rest_api.mylearn",
            "aws_cognito_user_pool.mylearn",
            "aws_dynamodb_table.cognito_users",
            "aws_dynamodb_table.mylearn_grades",
            "aws_iam_role.auth_lambda",
            "aws_iam_role.cognito_after_register",
            "aws_iam_role.mylearn_grades",
            "aws_iam_role.mylearn_invocation_role",
            "aws_lambda_function.auth_lambda",
            "aws_lambda_function.cognito_after_register",
            "aws_lambda_function.mylearn_grades"
          ],
          "create_before_destroy": true
        }
      ]
    },
    {
      "mode": "managed",
      "type": "aws_api_gateway_integration",
      "name": "mylearn_rest_chat_get",
      "provider": "provider[\"registry.terraform.io/hashicorp/aws\"]",
      "instances": [
        {
          "schema_version": 0,
          "attributes": {
            "cache_key_parameters": [],
            "cache_namespace": "sq2qtg",
            "connection_id": "",
            "connection_type": "INTERNET",
            "content_handling": "",
            "credentials": "",
            "http_method": "GET",
            "id": "agi-95hlfmm90e-sq2qtg-GET",
            "integration_http_method": "POST",
            "passthrough_behavior": "WHEN_NO_MATCH",
            "request_parameters": {},
            "request_templates": {},
            "resource_id": "sq2qtg",
            "rest_api_id": "95hlfmm90e",
            "timeout_milliseconds": 29000,
            "tls_config": [],
            "type": "AWS_PROXY",
            "uri": "arn:aws:apigateway:eu-central-1:lambda:path/2015-03-31/functions/arn:aws:lambda:eu-central-1:614695401085:function:chat-rest-lambda/invocations"
          },
          "sensitive_attributes": [],
          "private": "bnVsbA==",
          "dependencies": [
            "aws_api_gateway_authorizer.mylearn",
            "aws_api_gateway_method.mylearn_rest_chat_get",
            "aws_api_gateway_resource.mylearn_rest_chat",
            "aws_api_gateway_rest_api.mylearn",
            "aws_cognito_user_pool.mylearn",
            "aws_dynamodb_table.chat_messages",
            "aws_dynamodb_table.cognito_users",
            "aws_iam_role.auth_lambda",
            "aws_iam_role.cognito_after_register",
            "aws_iam_role.mylearn_invocation_role",
            "aws_iam_role.mylearn_rest_chat",
            "aws_lambda_function.auth_lambda",
            "aws_lambda_function.chat_rest_lambda",
            "aws_lambda_function.cognito_after_register"
          ]
        }
      ]
    },
    {
      "mode": "managed",
      "type": "aws_api_gateway_integration",
      "name": "mylearn_users_get",
      "provider": "provider[\"registry.terraform.io/hashicorp/aws\"]",
      "instances": [
        {
          "schema_version": 0,
          "attributes": {
            "cache_key_parameters": [],
            "cache_namespace": "7o2131",
            "connection_id": "",
            "connection_type": "INTERNET",
            "content_handling": "",
            "credentials": "",
            "http_method": "GET",
            "id": "agi-95hlfmm90e-7o2131-GET",
            "integration_http_method": "POST",
            "passthrough_behavior": "WHEN_NO_MATCH",
            "request_parameters": {},
            "request_templates": {},
            "resource_id": "7o2131",
            "rest_api_id": "95hlfmm90e",
            "timeout_milliseconds": 29000,
            "tls_config": [],
            "type": "AWS_PROXY",
            "uri": "arn:aws:apigateway:eu-central-1:lambda:path/2015-03-31/functions/arn:aws:lambda:eu-central-1:614695401085:function:user-lambda/invocations"
          },
          "sensitive_attributes": [],
          "private": "bnVsbA==",
          "dependencies": [
            "aws_api_gateway_authorizer.mylearn",
            "aws_api_gateway_method.mylearn_users_get",
            "aws_api_gateway_resource.mylearn_users",
            "aws_api_gateway_rest_api.mylearn",
            "aws_cognito_user_pool.mylearn",
            "aws_dynamodb_table.cognito_users",
            "aws_iam_role.auth_lambda",
            "aws_iam_role.cognito_after_register",
            "aws_iam_role.mylearn_invocation_role",
            "aws_iam_role.mylearn_users",
            "aws_lambda_function.auth_lambda",
            "aws_lambda_function.cognito_after_register",
            "aws_lambda_function.user_lambda"
          ],
          "create_before_destroy": true
        }
      ]
    },
    {
      "mode": "managed",
      "type": "aws_api_gateway_method",
      "name": "mylearn_cognito_users_login_post",
      "provider": "provider[\"registry.terraform.io/hashicorp/aws\"]",
      "instances": [
        {
          "schema_version": 0,
          "attributes": {
            "api_key_required": false,
            "authorization": "NONE",
            "authorization_scopes": [],
            "authorizer_id": "",
            "http_method": "POST",
            "id": "agm-95hlfmm90e-fne4pd-POST",
            "operation_name": "",
            "request_models": {},
            "request_parameters": {},
            "request_validator_id": "",
            "resource_id": "fne4pd",
            "rest_api_id": "95hlfmm90e"
          },
          "sensitive_attributes": [],
          "private": "bnVsbA==",
          "dependencies": [
            "aws_api_gateway_resource.mylearn_cognito_users_login",
            "aws_api_gateway_rest_api.mylearn"
          ]
        }
      ]
    },
    {
      "mode": "managed",
      "type": "aws_api_gateway_method",
      "name": "mylearn_grades_get",
      "provider": "provider[\"registry.terraform.io/hashicorp/aws\"]",
      "instances": [
        {
          "schema_version": 0,
          "attributes": {
            "api_key_required": false,
            "authorization": "CUSTOM",
            "authorization_scopes": [],
            "authorizer_id": "y15sgs",
            "http_method": "GET",
            "id": "agm-95hlfmm90e-r8uwm5-GET",
            "operation_name": "",
            "request_models": {},
            "request_parameters": {},
            "request_validator_id": "",
            "resource_id": "r8uwm5",
            "rest_api_id": "95hlfmm90e"
          },
          "sensitive_attributes": [],
          "private": "bnVsbA==",
          "dependencies": [
            "aws_api_gateway_authorizer.mylearn",
            "aws_api_gateway_resource.mylearn_grades",
            "aws_api_gateway_rest_api.mylearn",
            "aws_cognito_user_pool.mylearn",
            "aws_dynamodb_table.cognito_users",
            "aws_iam_role.auth_lambda",
            "aws_iam_role.cognito_after_register",
            "aws_iam_role.mylearn_invocation_role",
            "aws_lambda_function.auth_lambda",
            "aws_lambda_function.cognito_after_register"
          ],
          "create_before_destroy": true
        }
      ]
    },
    {
      "mode": "managed",
      "type": "aws_api_gateway_method",
      "name": "mylearn_grades_post",
      "provider": "provider[\"registry.terraform.io/hashicorp/aws\"]",
      "instances": [
        {
          "schema_version": 0,
          "attributes": {
            "api_key_required": false,
            "authorization": "CUSTOM",
            "authorization_scopes": [],
            "authorizer_id": "y15sgs",
            "http_method": "POST",
            "id": "agm-95hlfmm90e-r8uwm5-POST",
            "operation_name": "",
            "request_models": {},
            "request_parameters": {},
            "request_validator_id": "",
            "resource_id": "r8uwm5",
            "rest_api_id": "95hlfmm90e"
          },
          "sensitive_attributes": [],
          "private": "bnVsbA==",
          "dependencies": [
            "aws_api_gateway_authorizer.mylearn",
            "aws_api_gateway_resource.mylearn_grades",
            "aws_api_gateway_rest_api.mylearn",
            "aws_cognito_user_pool.mylearn",
            "aws_dynamodb_table.cognito_users",
            "aws_iam_role.auth_lambda",
            "aws_iam_role.cognito_after_register",
            "aws_iam_role.mylearn_invocation_role",
            "aws_lambda_function.auth_lambda",
            "aws_lambda_function.cognito_after_register"
          ],
          "create_before_destroy": true
        }
      ]
    },
    {
      "mode": "managed",
      "type": "aws_api_gateway_method",
      "name": "mylearn_rest_chat_get",
      "provider": "provider[\"registry.terraform.io/hashicorp/aws\"]",
      "instances": [
        {
          "schema_version": 0,
          "attributes": {
            "api_key_required": false,
            "authorization": "CUSTOM",
            "authorization_scopes": [],
            "authorizer_id": "y15sgs",
            "http_method": "GET",
            "id": "agm-95hlfmm90e-sq2qtg-GET",
            "operation_name": "",
            "request_models": {},
            "request_parameters": {},
            "request_validator_id": "",
            "resource_id": "sq2qtg",
            "rest_api_id": "95hlfmm90e"
          },
          "sensitive_attributes": [],
          "private": "bnVsbA==",
          "dependencies": [
            "aws_api_gateway_authorizer.mylearn",
            "aws_api_gateway_resource.mylearn_rest_chat",
            "aws_api_gateway_rest_api.mylearn",
            "aws_cognito_user_pool.mylearn",
            "aws_dynamodb_table.cognito_users",
            "aws_iam_role.auth_lambda",
            "aws_iam_role.cognito_after_register",
            "aws_iam_role.mylearn_invocation_role",
            "aws_lambda_function.auth_lambda",
            "aws_lambda_function.cognito_after_register"
          ]
        }
      ]
    },
    {
      "mode": "managed",
      "type": "aws_api_gateway_method",
      "name": "mylearn_users_get",
      "provider": "provider[\"registry.terraform.io/hashicorp/aws\"]",
      "instances": [
        {
          "schema_version": 0,
          "attributes": {
            "api_key_required": false,
            "authorization": "CUSTOM",
            "authorization_scopes": [],
            "authorizer_id": "y15sgs",
            "http_method": "GET",
            "id": "agm-95hlfmm90e-7o2131-GET",
            "operation_name": "",
            "request_models": {},
            "request_parameters": {},
            "request_validator_id": "",
            "resource_id": "7o2131",
            "rest_api_id": "95hlfmm90e"
          },
          "sensitive_attributes": [],
          "private": "bnVsbA==",
          "dependencies": [
            "aws_api_gateway_authorizer.mylearn",
            "aws_api_gateway_resource.mylearn_users",
            "aws_api_gateway_rest_api.mylearn",
            "aws_cognito_user_pool.mylearn",
            "aws_dynamodb_table.cognito_users",
            "aws_iam_role.auth_lambda",
            "aws_iam_role.cognito_after_register",
            "aws_iam_role.mylearn_invocation_role",
            "aws_lambda_function.auth_lambda",
            "aws_lambda_function.cognito_after_register"
          ],
          "create_before_destroy": true
        }
      ]
    },
    {
      "mode": "managed",
      "type": "aws_api_gateway_resource",
      "name": "mylearn_cognito_users_login",
      "provider": "provider[\"registry.terraform.io/hashicorp/aws\"]",
      "instances": [
        {
          "schema_version": 0,
          "attributes": {
            "id": "fne4pd",
            "parent_id": "jfzpwtex3b",
            "path": "/login",
            "path_part": "login",
            "rest_api_id": "95hlfmm90e"
          },
          "sensitive_attributes": [],
          "private": "bnVsbA==",
          "dependencies": [
            "aws_api_gateway_rest_api.mylearn"
          ]
        }
      ]
    },
    {
      "mode": "managed",
      "type": "aws_api_gateway_resource",
      "name": "mylearn_grades",
      "provider": "provider[\"registry.terraform.io/hashicorp/aws\"]",
      "instances": [
        {
          "schema_version": 0,
          "attributes": {
            "id": "r8uwm5",
            "parent_id": "jfzpwtex3b",
            "path": "/grades",
            "path_part": "grades",
            "rest_api_id": "95hlfmm90e"
          },
          "sensitive_attributes": [],
          "private": "bnVsbA==",
          "dependencies": [
            "aws_api_gateway_rest_api.mylearn"
          ],
          "create_before_destroy": true
        }
      ]
    },
    {
      "mode": "managed",
      "type": "aws_api_gateway_resource",
      "name": "mylearn_rest_chat",
      "provider": "provider[\"registry.terraform.io/hashicorp/aws\"]",
      "instances": [
        {
          "schema_version": 0,
          "attributes": {
            "id": "sq2qtg",
            "parent_id": "jfzpwtex3b",
            "path": "/messages",
            "path_part": "messages",
            "rest_api_id": "95hlfmm90e"
          },
          "sensitive_attributes": [],
          "private": "bnVsbA==",
          "dependencies": [
            "aws_api_gateway_rest_api.mylearn"
          ]
        }
      ]
    },
    {
      "mode": "managed",
      "type": "aws_api_gateway_resource",
      "name": "mylearn_users",
      "provider": "provider[\"registry.terraform.io/hashicorp/aws\"]",
      "instances": [
        {
          "schema_version": 0,
          "attributes": {
            "id": "7o2131",
            "parent_id": "jfzpwtex3b",
            "path": "/users",
            "path_part": "users",
            "rest_api_id": "95hlfmm90e"
          },
          "sensitive_attributes": [],
          "private": "bnVsbA==",
          "dependencies": [
            "aws_api_gateway_rest_api.mylearn"
          ],
          "create_before_destroy": true
        }
      ]
    },
    {
      "mode": "managed",
      "type": "aws_api_gateway_rest_api",
      "name": "mylearn",
      "provider": "provider[\"registry.terraform.io/hashicorp/aws\"]",
      "instances": [
        {
          "schema_version": 0,
          "attributes": {
            "api_key_source": "HEADER",
            "arn": "arn:aws:apigateway:eu-central-1::/restapis/95hlfmm90e",
            "binary_media_types": [],
            "body": null,
            "created_date": "2022-07-17T12:00:33Z",
            "description": "REST API for master thesis service",
            "disable_execute_api_endpoint": false,
            "endpoint_configuration": [
              {
                "types": [
                  "REGIONAL"
                ],
                "vpc_endpoint_ids": []
              }
            ],
            "execution_arn": "arn:aws:execute-api:eu-central-1:614695401085:95hlfmm90e",
            "id": "95hlfmm90e",
            "minimum_compression_size": -1,
            "name": "mylearn-rest-api",
            "parameters": null,
            "policy": "",
            "root_resource_id": "jfzpwtex3b",
            "tags": {},
            "tags_all": {}
          },
          "sensitive_attributes": [],
          "private": "bnVsbA==",
          "create_before_destroy": true
        }
      ]
    },
    {
      "mode": "managed",
      "type": "aws_api_gateway_stage",
      "name": "mylearn",
      "provider": "provider[\"registry.terraform.io/hashicorp/aws\"]",
      "instances": [
        {
          "schema_version": 0,
          "attributes": {
            "access_log_settings": [],
            "arn": "arn:aws:apigateway:eu-central-1::/restapis/95hlfmm90e/stages/test",
            "cache_cluster_enabled": false,
            "cache_cluster_size": "",
            "canary_settings": [],
            "client_certificate_id": "",
            "deployment_id": "ikfm1y",
            "description": "",
            "documentation_version": "",
            "execution_arn": "arn:aws:execute-api:eu-central-1:614695401085:95hlfmm90e/test",
            "id": "ags-95hlfmm90e-test",
            "invoke_url": "https://95hlfmm90e.execute-api.eu-central-1.amazonaws.com/test",
            "rest_api_id": "95hlfmm90e",
            "stage_name": "test",
            "tags": null,
            "tags_all": {},
            "variables": null,
            "web_acl_arn": "",
            "xray_tracing_enabled": false
          },
          "sensitive_attributes": [],
          "private": "bnVsbA==",
          "dependencies": [
            "aws_api_gateway_deployment.mylearn",
            "aws_api_gateway_integration.mylearn_grades_get",
            "aws_api_gateway_integration.mylearn_grades_post",
            "aws_api_gateway_integration.mylearn_users_get",
            "aws_api_gateway_rest_api.mylearn"
          ]
        }
      ]
    },
    {
      "mode": "managed",
      "type": "aws_apigatewayv2_api",
      "name": "chat_api",
      "provider": "provider[\"registry.terraform.io/hashicorp/aws\"]",
      "instances": [
        {
          "schema_version": 0,
          "attributes": {
            "api_endpoint": "wss://a8en2et5o5.execute-api.eu-central-1.amazonaws.com",
            "api_key_selection_expression": "$request.header.x-api-key",
            "arn": "arn:aws:apigateway:eu-central-1::/apis/a8en2et5o5",
            "body": null,
            "cors_configuration": [],
            "credentials_arn": null,
            "description": "Websocket API for chat service",
            "disable_execute_api_endpoint": false,
            "execution_arn": "arn:aws:execute-api:eu-central-1:614695401085:a8en2et5o5",
            "fail_on_warnings": null,
            "id": "a8en2et5o5",
            "name": "mylearn-chat-websocket-api",
            "protocol_type": "WEBSOCKET",
            "route_key": null,
            "route_selection_expression": "$request.body.action",
            "tags": {},
            "tags_all": {},
            "target": null,
            "version": ""
          },
          "sensitive_attributes": [],
          "private": "bnVsbA==",
          "create_before_destroy": true
        }
      ]
    },
    {
      "mode": "managed",
      "type": "aws_apigatewayv2_deployment",
      "name": "chat",
      "provider": "provider[\"registry.terraform.io/hashicorp/aws\"]",
      "instances": [
        {
          "schema_version": 0,
          "attributes": {
            "api_id": "a8en2et5o5",
            "auto_deployed": false,
            "description": "Example deployment",
            "id": "wq8sfo",
            "triggers": null
          },
          "sensitive_attributes": [],
          "private": "bnVsbA==",
          "dependencies": [
            "aws_apigatewayv2_api.chat_api",
            "aws_apigatewayv2_integration.chat_connect",
            "aws_apigatewayv2_integration.chat_default",
            "aws_apigatewayv2_integration.chat_disconnect",
            "aws_apigatewayv2_route.chat_connect",
            "aws_apigatewayv2_route.chat_default",
            "aws_apigatewayv2_route.chat_disconnect",
            "aws_cognito_user_pool.mylearn",
            "aws_dynamodb_table.chat_connections",
            "aws_dynamodb_table.chat_messages",
            "aws_dynamodb_table.cognito_users",
            "aws_iam_role.cognito_after_register",
            "aws_iam_role.mylearn_chat",
            "aws_lambda_function.chat_lambda",
            "aws_lambda_function.cognito_after_register"
          ],
          "create_before_destroy": true
        }
      ]
    },
    {
      "mode": "managed",
      "type": "aws_apigatewayv2_integration",
      "name": "chat_connect",
      "provider": "provider[\"registry.terraform.io/hashicorp/aws\"]",
      "instances": [
        {
          "schema_version": 0,
          "attributes": {
            "api_id": "a8en2et5o5",
            "connection_id": "",
            "connection_type": "INTERNET",
            "content_handling_strategy": "CONVERT_TO_TEXT",
            "credentials_arn": "",
            "description": "",
            "id": "21f2nz6",
            "integration_method": "POST",
            "integration_response_selection_expression": "",
            "integration_subtype": "",
            "integration_type": "AWS_PROXY",
            "integration_uri": "arn:aws:apigateway:eu-central-1:lambda:path/2015-03-31/functions/arn:aws:lambda:eu-central-1:614695401085:function:chat-websocket-lambda/invocations",
            "passthrough_behavior": "WHEN_NO_MATCH",
            "payload_format_version": "1.0",
            "request_parameters": {},
            "request_templates": {},
            "response_parameters": [],
            "template_selection_expression": "",
            "timeout_milliseconds": 29000,
            "tls_config": []
          },
          "sensitive_attributes": [],
          "private": "bnVsbA==",
          "dependencies": [
            "aws_apigatewayv2_api.chat_api",
            "aws_lambda_function.chat_lambda"
          ]
        }
      ]
    },
    {
      "mode": "managed",
      "type": "aws_apigatewayv2_integration",
      "name": "chat_default",
      "provider": "provider[\"registry.terraform.io/hashicorp/aws\"]",
      "instances": [
        {
          "schema_version": 0,
          "attributes": {
            "api_id": "a8en2et5o5",
            "connection_id": "",
            "connection_type": "INTERNET",
            "content_handling_strategy": "CONVERT_TO_TEXT",
            "credentials_arn": "",
            "description": "",
            "id": "42inf94",
            "integration_method": "POST",
            "integration_response_selection_expression": "",
            "integration_subtype": "",
            "integration_type": "AWS_PROXY",
            "integration_uri": "arn:aws:apigateway:eu-central-1:lambda:path/2015-03-31/functions/arn:aws:lambda:eu-central-1:614695401085:function:chat-websocket-lambda/invocations",
            "passthrough_behavior": "WHEN_NO_MATCH",
            "payload_format_version": "1.0",
            "request_parameters": {},
            "request_templates": {},
            "response_parameters": [],
            "template_selection_expression": "",
            "timeout_milliseconds": 29000,
            "tls_config": []
          },
          "sensitive_attributes": [],
          "private": "bnVsbA==",
          "dependencies": [
            "aws_apigatewayv2_api.chat_api",
            "aws_lambda_function.chat_lambda"
          ]
        }
      ]
    },
    {
      "mode": "managed",
      "type": "aws_apigatewayv2_integration",
      "name": "chat_disconnect",
      "provider": "provider[\"registry.terraform.io/hashicorp/aws\"]",
      "instances": [
        {
          "schema_version": 0,
          "attributes": {
            "api_id": "a8en2et5o5",
            "connection_id": "",
            "connection_type": "INTERNET",
            "content_handling_strategy": "CONVERT_TO_TEXT",
            "credentials_arn": "",
            "description": "",
            "id": "sz6fizc",
            "integration_method": "POST",
            "integration_response_selection_expression": "",
            "integration_subtype": "",
            "integration_type": "AWS_PROXY",
            "integration_uri": "arn:aws:apigateway:eu-central-1:lambda:path/2015-03-31/functions/arn:aws:lambda:eu-central-1:614695401085:function:chat-websocket-lambda/invocations",
            "passthrough_behavior": "WHEN_NO_MATCH",
            "payload_format_version": "1.0",
            "request_parameters": {},
            "request_templates": {},
            "response_parameters": [],
            "template_selection_expression": "",
            "timeout_milliseconds": 29000,
            "tls_config": []
          },
          "sensitive_attributes": [],
          "private": "bnVsbA==",
          "dependencies": [
            "aws_apigatewayv2_api.chat_api",
            "aws_lambda_function.chat_lambda"
          ]
        }
      ]
    },
    {
      "mode": "managed",
      "type": "aws_apigatewayv2_route",
      "name": "chat_connect",
      "provider": "provider[\"registry.terraform.io/hashicorp/aws\"]",
      "instances": [
        {
          "schema_version": 0,
          "attributes": {
            "api_id": "a8en2et5o5",
            "api_key_required": false,
            "authorization_scopes": [],
            "authorization_type": "NONE",
            "authorizer_id": "",
            "id": "c2r8eju",
            "model_selection_expression": "",
            "operation_name": "",
            "request_models": {},
            "request_parameter": [],
            "route_key": "$connect",
            "route_response_selection_expression": "",
            "target": "integrations/21f2nz6"
          },
          "sensitive_attributes": [],
          "private": "bnVsbA==",
          "dependencies": [
            "aws_apigatewayv2_api.chat_api",
            "aws_apigatewayv2_integration.chat_connect",
            "aws_cognito_user_pool.mylearn",
            "aws_dynamodb_table.chat_connections",
            "aws_dynamodb_table.chat_messages",
            "aws_dynamodb_table.cognito_users",
            "aws_iam_role.cognito_after_register",
            "aws_iam_role.mylearn_chat",
            "aws_lambda_function.chat_lambda",
            "aws_lambda_function.cognito_after_register"
          ],
          "create_before_destroy": true
        }
      ]
    },
    {
      "mode": "managed",
      "type": "aws_apigatewayv2_route",
      "name": "chat_default",
      "provider": "provider[\"registry.terraform.io/hashicorp/aws\"]",
      "instances": [
        {
          "schema_version": 0,
          "attributes": {
            "api_id": "a8en2et5o5",
            "api_key_required": false,
            "authorization_scopes": [],
            "authorization_type": "NONE",
            "authorizer_id": "",
            "id": "xkm6y4l",
            "model_selection_expression": "",
            "operation_name": "",
            "request_models": {},
            "request_parameter": [],
            "route_key": "$default",
            "route_response_selection_expression": "",
            "target": "integrations/42inf94"
          },
          "sensitive_attributes": [],
          "private": "bnVsbA==",
          "dependencies": [
            "aws_apigatewayv2_api.chat_api",
            "aws_apigatewayv2_integration.chat_default",
            "aws_cognito_user_pool.mylearn",
            "aws_dynamodb_table.chat_connections",
            "aws_dynamodb_table.chat_messages",
            "aws_dynamodb_table.cognito_users",
            "aws_iam_role.cognito_after_register",
            "aws_iam_role.mylearn_chat",
            "aws_lambda_function.chat_lambda",
            "aws_lambda_function.cognito_after_register"
          ],
          "create_before_destroy": true
        }
      ]
    },
    {
      "mode": "managed",
      "type": "aws_apigatewayv2_route",
      "name": "chat_disconnect",
      "provider": "provider[\"registry.terraform.io/hashicorp/aws\"]",
      "instances": [
        {
          "schema_version": 0,
          "attributes": {
            "api_id": "a8en2et5o5",
            "api_key_required": false,
            "authorization_scopes": [],
            "authorization_type": "NONE",
            "authorizer_id": "",
            "id": "m9v7q2e",
            "model_selection_expression": "",
            "operation_name": "",
            "request_models": {},
            "request_parameter": [],
            "route_key": "$disconnect",
            "route_response_selection_expression": "",
            "target": "integrations/sz6fizc"
          },
          "sensitive_attributes": [],
          "private": "bnVsbA==",
          "dependencies": [
            "aws_apigatewayv2_api.chat_api",
            "aws_apigatewayv2_integration.chat_disconnect",
            "aws_cognito_user_pool.mylearn",
            "aws_dynamodb_table.chat_connections",
            "aws_dynamodb_table.chat_messages",
            "aws_dynamodb_table.cognito_users",
            "aws_iam_role.cognito_after_register",
            "aws_iam_role.mylearn_chat",
            "aws_lambda_function.chat_lambda",
            "aws_lambda_function.cognito_after_register"
          ],
          "create_before_destroy": true
        }
      ]
    },
    {
      "mode": "managed",
      "type": "aws_apigatewayv2_stage",
      "name": "chat_api",
      "provider": "provider[\"registry.terraform.io/hashicorp/aws\"]",
      "instances": [
        {
          "schema_version": 0,
          "attributes": {
            "access_log_settings": [],
            "api_id": "a8en2et5o5",
            "arn": "arn:aws:apigateway:eu-central-1::/apis/a8en2et5o5/stages/test",
            "auto_deploy": false,
            "client_certificate_id": "",
            "default_route_settings": [
              {
                "data_trace_enabled": false,
                "detailed_metrics_enabled": false,
                "logging_level": "OFF",
                "throttling_burst_limit": 0,
                "throttling_rate_limit": 0
              }
            ],
            "deployment_id": "",
            "description": "",
            "execution_arn": "arn:aws:execute-api:eu-central-1:614695401085:a8en2et5o5/test",
            "id": "test",
            "invoke_url": "wss://a8en2et5o5.execute-api.eu-central-1.amazonaws.com/test",
            "name": "test",
            "route_settings": [],
            "stage_variables": null,
            "tags": null,
            "tags_all": {}
          },
          "sensitive_attributes": [],
          "private": "bnVsbA==",
          "dependencies": [
            "aws_apigatewayv2_api.chat_api"
          ]
        }
      ]
    },
    {
      "mode": "managed",
      "type": "aws_budgets_budget",
      "name": "mylearn",
      "provider": "provider[\"registry.terraform.io/hashicorp/aws\"]",
      "instances": [
        {
          "schema_version": 0,
          "attributes": {
            "account_id": "614695401085",
            "arn": "arn:aws:budgets::614695401085:budget/mylearn-monthly-budget",
            "budget_type": "COST",
            "cost_filter": [],
            "cost_filters": {},
            "cost_types": [
              {
                "include_credit": true,
                "include_discount": true,
                "include_other_subscription": true,
                "include_recurring": true,
                "include_refund": true,
                "include_subscription": true,
                "include_support": true,
                "include_tax": true,
                "include_upfront": true,
                "use_amortized": false,
                "use_blended": false
              }
            ],
            "id": "614695401085:mylearn-monthly-budget",
            "limit_amount": "2.0",
            "limit_unit": "USD",
            "name": "mylearn-monthly-budget",
            "name_prefix": "",
            "notification": [
              {
                "comparison_operator": "GREATER_THAN",
                "notification_type": "FORECASTED",
                "subscriber_email_addresses": [
                  "marek.nowak31254@gmail.com",
                  "mark-now@wp.pl",
                  "mark.now997@gmail.com"
                ],
                "subscriber_sns_topic_arns": [],
                "threshold": 50,
                "threshold_type": "PERCENTAGE"
              }
            ],
            "time_period_end": "2087-06-15_00:00",
            "time_period_start": "2020-02-20_00:01",
            "time_unit": "MONTHLY"
          },
          "sensitive_attributes": [],
          "private": "bnVsbA=="
        }
      ]
    },
    {
      "mode": "managed",
      "type": "aws_cognito_user_group",
      "name": "admins",
      "provider": "provider[\"registry.terraform.io/hashicorp/aws\"]",
      "instances": [
        {
          "schema_version": 0,
          "attributes": {
            "description": "Group of app admins",
            "id": "eu-central-1_NT3RKgZjO/admin-group",
            "name": "admin-group",
            "precedence": 1,
            "role_arn": "",
            "user_pool_id": "eu-central-1_NT3RKgZjO"
          },
          "sensitive_attributes": [],
          "private": "bnVsbA==",
          "dependencies": [
            "aws_cognito_user_pool.mylearn",
            "aws_dynamodb_table.cognito_users",
            "aws_iam_role.cognito_after_register",
            "aws_lambda_function.cognito_after_register"
          ]
        }
      ]
    },
    {
      "mode": "managed",
      "type": "aws_cognito_user_group",
      "name": "parents",
      "provider": "provider[\"registry.terraform.io/hashicorp/aws\"]",
      "instances": [
        {
          "schema_version": 0,
          "attributes": {
            "description": "Group of student's parents",
            "id": "eu-central-1_NT3RKgZjO/parent-group",
            "name": "parent-group",
            "precedence": 3,
            "role_arn": "",
            "user_pool_id": "eu-central-1_NT3RKgZjO"
          },
          "sensitive_attributes": [],
          "private": "bnVsbA==",
          "dependencies": [
            "aws_cognito_user_pool.mylearn",
            "aws_dynamodb_table.cognito_users",
            "aws_iam_role.cognito_after_register",
            "aws_lambda_function.cognito_after_register"
          ]
        }
      ]
    },
    {
      "mode": "managed",
      "type": "aws_cognito_user_group",
      "name": "students",
      "provider": "provider[\"registry.terraform.io/hashicorp/aws\"]",
      "instances": [
        {
          "schema_version": 0,
          "attributes": {
            "description": "Group of students",
            "id": "eu-central-1_NT3RKgZjO/student-group",
            "name": "student-group",
            "precedence": 4,
            "role_arn": "",
            "user_pool_id": "eu-central-1_NT3RKgZjO"
          },
          "sensitive_attributes": [],
          "private": "bnVsbA==",
          "dependencies": [
            "aws_cognito_user_pool.mylearn",
            "aws_dynamodb_table.cognito_users",
            "aws_iam_role.cognito_after_register",
            "aws_lambda_function.cognito_after_register"
          ]
        }
      ]
    },
    {
      "mode": "managed",
      "type": "aws_cognito_user_group",
      "name": "teachers",
      "provider": "provider[\"registry.terraform.io/hashicorp/aws\"]",
      "instances": [
        {
          "schema_version": 0,
          "attributes": {
            "description": "Group of teachers",
            "id": "eu-central-1_NT3RKgZjO/teacher-group",
            "name": "teacher-group",
            "precedence": 2,
            "role_arn": "",
            "user_pool_id": "eu-central-1_NT3RKgZjO"
          },
          "sensitive_attributes": [],
          "private": "bnVsbA==",
          "dependencies": [
            "aws_cognito_user_pool.mylearn",
            "aws_dynamodb_table.cognito_users",
            "aws_iam_role.cognito_after_register",
            "aws_lambda_function.cognito_after_register"
          ]
        }
      ]
    },
    {
      "mode": "managed",
      "type": "aws_cognito_user_pool",
      "name": "mylearn",
      "provider": "provider[\"registry.terraform.io/hashicorp/aws\"]",
      "instances": [
        {
          "schema_version": 0,
          "attributes": {
            "account_recovery_setting": [
              {
                "recovery_mechanism": [
                  {
                    "name": "verified_email",
                    "priority": 1
                  }
                ]
              }
            ],
            "admin_create_user_config": [
              {
                "allow_admin_create_user_only": false,
                "invite_message_template": []
              }
            ],
            "alias_attributes": [
              "email"
            ],
            "arn": "arn:aws:cognito-idp:eu-central-1:614695401085:userpool/eu-central-1_NT3RKgZjO",
            "auto_verified_attributes": [],
            "creation_date": "2022-07-12T12:42:48Z",
            "custom_domain": "",
            "device_configuration": [],
            "domain": "",
            "email_configuration": [
              {
                "configuration_set": "",
                "email_sending_account": "COGNITO_DEFAULT",
                "from_email_address": "",
                "reply_to_email_address": "",
                "source_arn": ""
              }
            ],
            "email_verification_message": null,
            "email_verification_subject": null,
            "endpoint": "cognito-idp.eu-central-1.amazonaws.com/eu-central-1_NT3RKgZjO",
            "estimated_number_of_users": 2,
            "id": "eu-central-1_NT3RKgZjO",
            "lambda_config": [
              {
                "create_auth_challenge": "",
                "custom_email_sender": [],
                "custom_message": "",
                "custom_sms_sender": [],
                "define_auth_challenge": "",
                "kms_key_id": "",
                "post_authentication": "",
                "post_confirmation": "arn:aws:lambda:eu-central-1:614695401085:function:cognito-after-register-lambda",
                "pre_authentication": "",
                "pre_sign_up": "",
                "pre_token_generation": "",
                "user_migration": "",
                "verify_auth_challenge_response": ""
              }
            ],
            "last_modified_date": "2022-07-12T12:42:48Z",
            "mfa_configuration": "OFF",
            "name": "mylearn-cognito-userpool",
            "password_policy": [
              {
                "minimum_length": 8,
                "require_lowercase": false,
                "require_numbers": false,
                "require_symbols": false,
                "require_uppercase": false,
                "temporary_password_validity_days": 100
              }
            ],
            "schema": [],
            "sms_authentication_message": null,
            "sms_configuration": [],
            "sms_verification_message": null,
            "software_token_mfa_configuration": [],
            "tags": {},
            "tags_all": {},
            "user_pool_add_ons": [],
            "username_attributes": null,
            "username_configuration": [],
            "verification_message_template": [
              {
                "default_email_option": "CONFIRM_WITH_CODE",
                "email_message": "",
                "email_message_by_link": "",
                "email_subject": "",
                "email_subject_by_link": "",
                "sms_message": ""
              }
            ]
          },
          "sensitive_attributes": [],
          "private": "bnVsbA==",
          "dependencies": [
            "aws_dynamodb_table.cognito_users",
            "aws_iam_role.cognito_after_register",
            "aws_lambda_function.cognito_after_register"
          ],
          "create_before_destroy": true
        }
      ]
    },
    {
      "mode": "managed",
      "type": "aws_cognito_user_pool_client",
      "name": "webapp",
      "provider": "provider[\"registry.terraform.io/hashicorp/aws\"]",
      "instances": [
        {
          "schema_version": 0,
          "attributes": {
            "access_token_validity": 0,
            "allowed_oauth_flows": [],
            "allowed_oauth_flows_user_pool_client": false,
            "allowed_oauth_scopes": [],
            "analytics_configuration": [],
            "callback_urls": [],
            "client_secret": "",
            "default_redirect_uri": "",
            "enable_token_revocation": true,
            "explicit_auth_flows": [
              "ALLOW_ADMIN_USER_PASSWORD_AUTH",
              "ALLOW_CUSTOM_AUTH",
              "ALLOW_REFRESH_TOKEN_AUTH",
              "ALLOW_USER_PASSWORD_AUTH",
              "ALLOW_USER_SRP_AUTH"
            ],
            "generate_secret": false,
            "id": "72bjtaumn8kqm3s3o51lt7sis1",
            "id_token_validity": 0,
            "logout_urls": [],
            "name": "terraform-cognito-client",
            "prevent_user_existence_errors": "",
            "read_attributes": [],
            "refresh_token_validity": 10,
            "supported_identity_providers": [],
            "token_validity_units": [],
            "user_pool_id": "eu-central-1_NT3RKgZjO",
            "write_attributes": []
          },
          "sensitive_attributes": [],
          "private": "bnVsbA==",
          "dependencies": [
            "aws_cognito_user_pool.mylearn",
            "aws_dynamodb_table.cognito_users",
            "aws_iam_role.cognito_after_register",
            "aws_lambda_function.cognito_after_register"
          ]
        }
      ]
    },
    {
      "mode": "managed",
      "type": "aws_dynamodb_table",
      "name": "chat_connections",
      "provider": "provider[\"registry.terraform.io/hashicorp/aws\"]",
      "instances": [
        {
          "schema_version": 1,
          "attributes": {
            "arn": "arn:aws:dynamodb:eu-central-1:614695401085:table/chat-connections",
            "attribute": [
              {
                "name": "userId",
                "type": "S"
              }
            ],
            "billing_mode": "PAY_PER_REQUEST",
            "global_secondary_index": [],
            "hash_key": "userId",
            "id": "chat-connections",
            "local_secondary_index": [],
            "name": "chat-connections",
            "point_in_time_recovery": [
              {
                "enabled": false
              }
            ],
            "range_key": null,
            "read_capacity": 0,
            "replica": [],
            "restore_date_time": null,
            "restore_source_name": null,
            "restore_to_latest_time": null,
            "server_side_encryption": [],
            "stream_arn": "",
            "stream_enabled": false,
            "stream_label": "",
            "stream_view_type": "",
            "table_class": "",
            "tags": {
              "AppName": "mylearn-app"
            },
            "tags_all": {
              "AppName": "mylearn-app"
            },
            "timeouts": null,
            "ttl": [
              {
                "attribute_name": "",
                "enabled": false
              }
            ],
            "write_capacity": 0
          },
          "sensitive_attributes": [],
          "private": "eyJlMmJmYjczMC1lY2FhLTExZTYtOGY4OC0zNDM2M2JjN2M0YzAiOnsiY3JlYXRlIjoxODAwMDAwMDAwMDAwLCJkZWxldGUiOjYwMDAwMDAwMDAwMCwidXBkYXRlIjozNjAwMDAwMDAwMDAwfSwic2NoZW1hX3ZlcnNpb24iOiIxIn0=",
          "create_before_destroy": true
        }
      ]
    },
    {
      "mode": "managed",
      "type": "aws_dynamodb_table",
      "name": "chat_messages",
      "provider": "provider[\"registry.terraform.io/hashicorp/aws\"]",
      "instances": [
        {
          "schema_version": 1,
          "attributes": {
            "arn": "arn:aws:dynamodb:eu-central-1:614695401085:table/mylearn-chat-messages",
            "attribute": [
              {
                "name": "Timestamp",
                "type": "S"
              },
              {
                "name": "UserFromTo",
                "type": "S"
              }
            ],
            "billing_mode": "PAY_PER_REQUEST",
            "global_secondary_index": [],
            "hash_key": "UserFromTo",
            "id": "mylearn-chat-messages",
            "local_secondary_index": [],
            "name": "mylearn-chat-messages",
            "point_in_time_recovery": [
              {
                "enabled": false
              }
            ],
            "range_key": "Timestamp",
            "read_capacity": 0,
            "replica": [],
            "restore_date_time": null,
            "restore_source_name": null,
            "restore_to_latest_time": null,
            "server_side_encryption": [],
            "stream_arn": "",
            "stream_enabled": false,
            "stream_label": "",
            "stream_view_type": "",
            "table_class": "",
            "tags": {
              "AppName": "mylearn-app"
            },
            "tags_all": {
              "AppName": "mylearn-app"
            },
            "timeouts": null,
            "ttl": [
              {
                "attribute_name": "",
                "enabled": false
              }
            ],
            "write_capacity": 0
          },
          "sensitive_attributes": [],
          "private": "eyJlMmJmYjczMC1lY2FhLTExZTYtOGY4OC0zNDM2M2JjN2M0YzAiOnsiY3JlYXRlIjoxODAwMDAwMDAwMDAwLCJkZWxldGUiOjYwMDAwMDAwMDAwMCwidXBkYXRlIjozNjAwMDAwMDAwMDAwfSwic2NoZW1hX3ZlcnNpb24iOiIxIn0=",
          "create_before_destroy": true
        }
      ]
    },
    {
      "mode": "managed",
      "type": "aws_dynamodb_table",
      "name": "cognito_users",
      "provider": "provider[\"registry.terraform.io/hashicorp/aws\"]",
      "instances": [
        {
          "schema_version": 1,
          "attributes": {
            "arn": "arn:aws:dynamodb:eu-central-1:614695401085:table/cognito-users",
            "attribute": [
              {
                "name": "UserId",
                "type": "S"
              }
            ],
            "billing_mode": "PAY_PER_REQUEST",
            "global_secondary_index": [],
            "hash_key": "UserId",
            "id": "cognito-users",
            "local_secondary_index": [],
            "name": "cognito-users",
            "point_in_time_recovery": [
              {
                "enabled": false
              }
            ],
            "range_key": null,
            "read_capacity": 0,
            "replica": [],
            "restore_date_time": null,
            "restore_source_name": null,
            "restore_to_latest_time": null,
            "server_side_encryption": [],
            "stream_arn": "",
            "stream_enabled": false,
            "stream_label": "",
            "stream_view_type": "",
            "table_class": "",
            "tags": {
              "AppName": "mylearn-app"
            },
            "tags_all": {
              "AppName": "mylearn-app"
            },
            "timeouts": null,
            "ttl": [
              {
                "attribute_name": "",
                "enabled": false
              }
            ],
            "write_capacity": 0
          },
          "sensitive_attributes": [],
          "private": "eyJlMmJmYjczMC1lY2FhLTExZTYtOGY4OC0zNDM2M2JjN2M0YzAiOnsiY3JlYXRlIjoxODAwMDAwMDAwMDAwLCJkZWxldGUiOjYwMDAwMDAwMDAwMCwidXBkYXRlIjozNjAwMDAwMDAwMDAwfSwic2NoZW1hX3ZlcnNpb24iOiIxIn0=",
          "create_before_destroy": true
        }
      ]
    },
    {
      "mode": "managed",
      "type": "aws_dynamodb_table",
      "name": "mylearn_grades",
      "provider": "provider[\"registry.terraform.io/hashicorp/aws\"]",
      "instances": [
        {
          "schema_version": 1,
          "attributes": {
            "arn": "arn:aws:dynamodb:eu-central-1:614695401085:table/mylearn-grades",
            "attribute": [
              {
                "name": "Date",
                "type": "S"
              },
              {
                "name": "UserId",
                "type": "S"
              }
            ],
            "billing_mode": "PAY_PER_REQUEST",
            "global_secondary_index": [],
            "hash_key": "UserId",
            "id": "mylearn-grades",
            "local_secondary_index": [],
            "name": "mylearn-grades",
            "point_in_time_recovery": [
              {
                "enabled": false
              }
            ],
            "range_key": "Date",
            "read_capacity": 0,
            "replica": [],
            "restore_date_time": null,
            "restore_source_name": null,
            "restore_to_latest_time": null,
            "server_side_encryption": [],
            "stream_arn": "",
            "stream_enabled": false,
            "stream_label": "",
            "stream_view_type": "",
            "table_class": "",
            "tags": {
              "AppName": "mylearn-app"
            },
            "tags_all": {
              "AppName": "mylearn-app"
            },
            "timeouts": null,
            "ttl": [
              {
                "attribute_name": "",
                "enabled": false
              }
            ],
            "write_capacity": 0
          },
          "sensitive_attributes": [],
          "private": "eyJlMmJmYjczMC1lY2FhLTExZTYtOGY4OC0zNDM2M2JjN2M0YzAiOnsiY3JlYXRlIjoxODAwMDAwMDAwMDAwLCJkZWxldGUiOjYwMDAwMDAwMDAwMCwidXBkYXRlIjozNjAwMDAwMDAwMDAwfSwic2NoZW1hX3ZlcnNpb24iOiIxIn0=",
          "create_before_destroy": true
        }
      ]
    },
    {
      "mode": "managed",
      "type": "aws_iam_role",
      "name": "auth_lambda",
      "provider": "provider[\"registry.terraform.io/hashicorp/aws\"]",
      "instances": [
        {
          "schema_version": 0,
          "attributes": {
            "arn": "arn:aws:iam::614695401085:role/auth-lambda-eu-central-1",
            "assume_role_policy": "{\"Version\":\"2012-10-17\",\"Statement\":[{\"Effect\":\"Allow\",\"Principal\":{\"Service\":\"lambda.amazonaws.com\"},\"Action\":\"sts:AssumeRole\"}]}",
            "create_date": "2022-07-12T12:42:23Z",
            "description": "",
            "force_detach_policies": false,
            "id": "auth-lambda-eu-central-1",
            "inline_policy": [
              {
                "name": "",
                "policy": ""
              }
            ],
            "managed_policy_arns": [
              "arn:aws:iam::aws:policy/service-role/AWSLambdaBasicExecutionRole"
            ],
            "max_session_duration": 3600,
            "name": "auth-lambda-eu-central-1",
            "name_prefix": "",
            "path": "/",
            "permissions_boundary": null,
            "tags": {},
            "tags_all": {},
            "unique_id": "AROAY6HVTOZ63QY5CQ22H"
          },
          "sensitive_attributes": [],
          "private": "bnVsbA==",
          "create_before_destroy": true
        }
      ]
    },
    {
      "mode": "managed",
      "type": "aws_iam_role",
      "name": "cognito_after_register",
      "provider": "provider[\"registry.terraform.io/hashicorp/aws\"]",
      "instances": [
        {
          "schema_version": 0,
          "attributes": {
            "arn": "arn:aws:iam::614695401085:role/cognito-after-register-eu-central-1",
            "assume_role_policy": "{\"Version\":\"2012-10-17\",\"Statement\":[{\"Effect\":\"Allow\",\"Principal\":{\"Service\":\"lambda.amazonaws.com\"},\"Action\":\"sts:AssumeRole\"}]}",
            "create_date": "2022-07-12T12:42:23Z",
            "description": "",
            "force_detach_policies": false,
            "id": "cognito-after-register-eu-central-1",
            "inline_policy": [
              {
                "name": "cognito-after-register-eu-central-1",
                "policy": "{\"Statement\":[{\"Action\":\"dynamodb:PutItem\",\"Effect\":\"Allow\",\"Resource\":\"arn:aws:dynamodb:eu-central-1:614695401085:table/cognito-users\"},{\"Action\":\"cognito-idp:*\",\"Effect\":\"Allow\",\"Resource\":\"arn:aws:cognito-idp:eu-central-1:614695401085:userpool/eu-central-1_NT3RKgZjO\"}],\"Version\":\"2012-10-17\"}"
              }
            ],
            "managed_policy_arns": [
              "arn:aws:iam::aws:policy/service-role/AWSLambdaBasicExecutionRole"
            ],
            "max_session_duration": 3600,
            "name": "cognito-after-register-eu-central-1",
            "name_prefix": "",
            "path": "/",
            "permissions_boundary": null,
            "tags": {},
            "tags_all": {},
            "unique_id": "AROAY6HVTOZ6YTMICVVZ4"
          },
          "sensitive_attributes": [],
          "private": "bnVsbA==",
          "create_before_destroy": true
        }
      ]
    },
    {
      "mode": "managed",
      "type": "aws_iam_role",
      "name": "mylearn_chat",
      "provider": "provider[\"registry.terraform.io/hashicorp/aws\"]",
      "instances": [
        {
          "schema_version": 0,
          "attributes": {
            "arn": "arn:aws:iam::614695401085:role/mylearn-chat-eu-central-1",
            "assume_role_policy": "{\"Version\":\"2012-10-17\",\"Statement\":[{\"Effect\":\"Allow\",\"Principal\":{\"Service\":\"lambda.amazonaws.com\"},\"Action\":\"sts:AssumeRole\"}]}",
            "create_date": "2022-07-12T12:42:23Z",
            "description": "",
            "force_detach_policies": false,
            "id": "mylearn-chat-eu-central-1",
            "inline_policy": [
              {
                "name": "ess",
                "policy": "{\n    \"Version\": \"2012-10-17\",\n    \"Statement\": [\n        {\n            \"Sid\": \"VisualEditor0\",\n            \"Effect\": \"Allow\",\n            \"Action\": \"cognito-idp:InitiateAuth\",\n            \"Resource\": \"*\"\n        }\n    ]\n}"
              },
              {
                "name": "mylearn-chat-eu-central-1",
                "policy": "{\"Statement\":[{\"Action\":[\"dynamodb:DescribeReservedCapacityOfferings\",\"dynamodb:ListGlobalTables\",\"dynamodb:ListTables\",\"dynamodb:DescribeReservedCapacity\",\"dynamodb:ListBackups\",\"dynamodb:PurchaseReservedCapacityOfferings\",\"dynamodb:DescribeLimits\",\"dynamodb:ListStreams\"],\"Effect\":\"Allow\",\"Resource\":\"*\"},{\"Action\":\"dynamodb:*\",\"Effect\":\"Allow\",\"Resource\":\"arn:aws:dynamodb:eu-central-1:614695401085:table/chat-connections\"},{\"Action\":\"dynamodb:PutItem\",\"Effect\":\"Allow\",\"Resource\":\"arn:aws:dynamodb:eu-central-1:614695401085:table/mylearn-chat-messages\"},{\"Action\":\"execute-api:*\",\"Effect\":\"Allow\",\"Resource\":\"arn:aws:execute-api:eu-central-1:614695401085:a8en2et5o5/*/*/*\"}],\"Version\":\"2012-10-17\"}"
              }
            ],
            "managed_policy_arns": [
              "arn:aws:iam::aws:policy/service-role/AWSLambdaBasicExecutionRole"
            ],
            "max_session_duration": 3600,
            "name": "mylearn-chat-eu-central-1",
            "name_prefix": "",
            "path": "/",
            "permissions_boundary": null,
            "tags": {},
            "tags_all": {},
            "unique_id": "AROAY6HVTOZ66HCMWJEL7"
          },
          "sensitive_attributes": [],
          "private": "bnVsbA==",
          "create_before_destroy": true
        }
      ]
    },
    {
      "mode": "managed",
      "type": "aws_iam_role",
      "name": "mylearn_cognito_user",
      "provider": "provider[\"registry.terraform.io/hashicorp/aws\"]",
      "instances": [
        {
          "schema_version": 0,
          "attributes": {
            "arn": "arn:aws:iam::614695401085:role/cognito-user-lambda-eu-central-1",
            "assume_role_policy": "{\"Version\":\"2012-10-17\",\"Statement\":[{\"Effect\":\"Allow\",\"Principal\":{\"Service\":\"lambda.amazonaws.com\"},\"Action\":\"sts:AssumeRole\"}]}",
            "create_date": "2022-07-18T20:32:22Z",
            "description": "",
            "force_detach_policies": false,
            "id": "cognito-user-lambda-eu-central-1",
            "inline_policy": [
              {
                "name": "cognito-user-lambda-eu-central-1",
                "policy": "{\"Statement\":[{\"Action\":\"cognito-idp:InitiateAuth\",\"Effect\":\"Allow\",\"Resource\":\"*\"}],\"Version\":\"2012-10-17\"}"
              }
            ],
            "managed_policy_arns": [
              "arn:aws:iam::aws:policy/service-role/AWSLambdaBasicExecutionRole"
            ],
            "max_session_duration": 3600,
            "name": "cognito-user-lambda-eu-central-1",
            "name_prefix": "",
            "path": "/",
            "permissions_boundary": null,
            "tags": {},
            "tags_all": {},
            "unique_id": "AROAY6HVTOZ6UQITNXXQ6"
          },
          "sensitive_attributes": [],
          "private": "bnVsbA=="
        }
      ]
    },
    {
      "mode": "managed",
      "type": "aws_iam_role",
      "name": "mylearn_grades",
      "provider": "provider[\"registry.terraform.io/hashicorp/aws\"]",
      "instances": [
        {
          "schema_version": 0,
          "attributes": {
            "arn": "arn:aws:iam::614695401085:role/mylearn-grades-eu-central-1",
            "assume_role_policy": "{\"Version\":\"2012-10-17\",\"Statement\":[{\"Effect\":\"Allow\",\"Principal\":{\"Service\":\"lambda.amazonaws.com\"},\"Action\":\"sts:AssumeRole\"}]}",
            "create_date": "2022-07-12T12:42:23Z",
            "description": "",
            "force_detach_policies": false,
            "id": "mylearn-grades-eu-central-1",
            "inline_policy": [
              {
                "name": "mylearn-grades-eu-central-1",
                "policy": "{\"Statement\":[{\"Action\":[\"dynamodb:PutItem\",\"dynamodb:GetItem\",\"dynamodb:Scan\",\"dynamodb:Query\",\"dynamodb:UpdateItem\"],\"Effect\":\"Allow\",\"Resource\":\"arn:aws:dynamodb:eu-central-1:614695401085:table/mylearn-grades\"},{\"Action\":\"dynamodb:ListTables\",\"Effect\":\"Allow\",\"Resource\":\"*\"}],\"Version\":\"2012-10-17\"}"
              }
            ],
            "managed_policy_arns": [
              "arn:aws:iam::aws:policy/service-role/AWSLambdaBasicExecutionRole"
            ],
            "max_session_duration": 3600,
            "name": "mylearn-grades-eu-central-1",
            "name_prefix": "",
            "path": "/",
            "permissions_boundary": null,
            "tags": {},
            "tags_all": {},
            "unique_id": "AROAY6HVTOZ63JXEBGKTE"
          },
          "sensitive_attributes": [],
          "private": "bnVsbA==",
          "create_before_destroy": true
        }
      ]
    },
    {
      "mode": "managed",
      "type": "aws_iam_role",
      "name": "mylearn_invocation_role",
      "provider": "provider[\"registry.terraform.io/hashicorp/aws\"]",
      "instances": [
        {
          "schema_version": 0,
          "attributes": {
            "arn": "arn:aws:iam::614695401085:role/api_gateway_auth_invocation",
            "assume_role_policy": "{\"Version\":\"2012-10-17\",\"Statement\":[{\"Sid\":\"\",\"Effect\":\"Allow\",\"Principal\":{\"Service\":\"apigateway.amazonaws.com\"},\"Action\":\"sts:AssumeRole\"}]}",
            "create_date": "2022-07-12T12:42:23Z",
            "description": "",
            "force_detach_policies": false,
            "id": "api_gateway_auth_invocation",
            "inline_policy": [
              {
                "name": "default",
                "policy": "{\r\n  \"Version\": \"2012-10-17\",\r\n  \"Statement\": [\r\n    {\r\n      \"Action\": \"lambda:InvokeFunction\",\r\n      \"Effect\": \"Allow\",\r\n      \"Resource\": \"arn:aws:lambda:eu-central-1:614695401085:function:auth-lambda\"\r\n    }\r\n  ]\r\n}\r\n"
              }
            ],
            "managed_policy_arns": [],
            "max_session_duration": 3600,
            "name": "api_gateway_auth_invocation",
            "name_prefix": "",
            "path": "/",
            "permissions_boundary": null,
            "tags": {},
            "tags_all": {},
            "unique_id": "AROAY6HVTOZ6RYF6MDQLI"
          },
          "sensitive_attributes": [],
          "private": "bnVsbA==",
          "create_before_destroy": true
        }
      ]
    },
    {
      "mode": "managed",
      "type": "aws_iam_role",
      "name": "mylearn_rest_chat",
      "provider": "provider[\"registry.terraform.io/hashicorp/aws\"]",
      "instances": [
        {
          "schema_version": 0,
          "attributes": {
            "arn": "arn:aws:iam::614695401085:role/mylearn-rest-chat-eu-central-1",
            "assume_role_policy": "{\"Version\":\"2012-10-17\",\"Statement\":[{\"Effect\":\"Allow\",\"Principal\":{\"Service\":\"lambda.amazonaws.com\"},\"Action\":\"sts:AssumeRole\"}]}",
            "create_date": "2022-07-18T15:51:42Z",
            "description": "",
            "force_detach_policies": false,
            "id": "mylearn-rest-chat-eu-central-1",
            "inline_policy": [
              {
                "name": "mylearn-rest-chat-eu-central-1",
                "policy": "{\"Statement\":[{\"Action\":\"dynamodb:Query\",\"Effect\":\"Allow\",\"Resource\":\"arn:aws:dynamodb:eu-central-1:614695401085:table/mylearn-chat-messages\"}],\"Version\":\"2012-10-17\"}"
              }
            ],
            "managed_policy_arns": [
              "arn:aws:iam::aws:policy/service-role/AWSLambdaBasicExecutionRole"
            ],
            "max_session_duration": 3600,
            "name": "mylearn-rest-chat-eu-central-1",
            "name_prefix": "",
            "path": "/",
            "permissions_boundary": null,
            "tags": {},
            "tags_all": {},
            "unique_id": "AROAY6HVTOZ6QBWEDPZDQ"
          },
          "sensitive_attributes": [],
          "private": "bnVsbA=="
        }
      ]
    },
    {
      "mode": "managed",
      "type": "aws_iam_role",
      "name": "mylearn_users",
      "provider": "provider[\"registry.terraform.io/hashicorp/aws\"]",
      "instances": [
        {
          "schema_version": 0,
          "attributes": {
            "arn": "arn:aws:iam::614695401085:role/user-lambda-eu-central-1",
            "assume_role_policy": "{\"Version\":\"2012-10-17\",\"Statement\":[{\"Effect\":\"Allow\",\"Principal\":{\"Service\":\"lambda.amazonaws.com\"},\"Action\":\"sts:AssumeRole\"}]}",
            "create_date": "2022-07-18T12:47:15Z",
            "description": "",
            "force_detach_policies": false,
            "id": "user-lambda-eu-central-1",
            "inline_policy": [
              {
                "name": "user-lambda-eu-central-1",
                "policy": "{\"Statement\":[{\"Action\":\"dynamodb:Scan\",\"Effect\":\"Allow\",\"Resource\":\"arn:aws:dynamodb:eu-central-1:614695401085:table/cognito-users\"}],\"Version\":\"2012-10-17\"}"
              }
            ],
            "managed_policy_arns": [
              "arn:aws:iam::aws:policy/service-role/AWSLambdaBasicExecutionRole"
            ],
            "max_session_duration": 3600,
            "name": "user-lambda-eu-central-1",
            "name_prefix": "",
            "path": "/",
            "permissions_boundary": null,
            "tags": {},
            "tags_all": {},
            "unique_id": "AROAY6HVTOZ6TQ37QUSOE"
          },
          "sensitive_attributes": [],
          "private": "bnVsbA==",
          "create_before_destroy": true
        }
      ]
    },
    {
      "mode": "managed",
      "type": "aws_iam_role_policy",
      "name": "cognito_after_register",
      "provider": "provider[\"registry.terraform.io/hashicorp/aws\"]",
      "instances": [
        {
          "schema_version": 0,
          "attributes": {
            "id": "cognito-after-register-eu-central-1:cognito-after-register-eu-central-1",
            "name": "cognito-after-register-eu-central-1",
            "name_prefix": null,
            "policy": "{\"Statement\":[{\"Action\":\"dynamodb:PutItem\",\"Effect\":\"Allow\",\"Resource\":\"arn:aws:dynamodb:eu-central-1:614695401085:table/cognito-users\"},{\"Action\":\"cognito-idp:*\",\"Effect\":\"Allow\",\"Resource\":\"arn:aws:cognito-idp:eu-central-1:614695401085:userpool/eu-central-1_NT3RKgZjO\"}],\"Version\":\"2012-10-17\"}",
            "role": "cognito-after-register-eu-central-1"
          },
          "sensitive_attributes": [],
          "private": "bnVsbA==",
          "dependencies": [
            "aws_cognito_user_pool.mylearn",
            "aws_dynamodb_table.cognito_users",
            "aws_iam_role.cognito_after_register",
            "aws_lambda_function.cognito_after_register"
          ]
        }
      ]
    },
    {
      "mode": "managed",
      "type": "aws_iam_role_policy",
      "name": "invocation_policy",
      "provider": "provider[\"registry.terraform.io/hashicorp/aws\"]",
      "instances": [
        {
          "schema_version": 0,
          "attributes": {
            "id": "api_gateway_auth_invocation:default",
            "name": "default",
            "name_prefix": null,
            "policy": "{\r\n  \"Version\": \"2012-10-17\",\r\n  \"Statement\": [\r\n    {\r\n      \"Action\": \"lambda:InvokeFunction\",\r\n      \"Effect\": \"Allow\",\r\n      \"Resource\": \"arn:aws:lambda:eu-central-1:614695401085:function:auth-lambda\"\r\n    }\r\n  ]\r\n}\r\n",
            "role": "api_gateway_auth_invocation"
          },
          "sensitive_attributes": [],
          "private": "bnVsbA==",
          "dependencies": [
            "aws_cognito_user_pool.mylearn",
            "aws_dynamodb_table.cognito_users",
            "aws_iam_role.auth_lambda",
            "aws_iam_role.cognito_after_register",
            "aws_iam_role.mylearn_invocation_role",
            "aws_lambda_function.auth_lambda",
            "aws_lambda_function.cognito_after_register"
          ]
        }
      ]
    },
    {
      "mode": "managed",
      "type": "aws_iam_role_policy",
      "name": "mylearn_chat",
      "provider": "provider[\"registry.terraform.io/hashicorp/aws\"]",
      "instances": [
        {
          "schema_version": 0,
          "attributes": {
            "id": "mylearn-chat-eu-central-1:mylearn-chat-eu-central-1",
            "name": "mylearn-chat-eu-central-1",
            "name_prefix": null,
            "policy": "{\"Statement\":[{\"Action\":[\"dynamodb:DescribeReservedCapacityOfferings\",\"dynamodb:ListGlobalTables\",\"dynamodb:ListTables\",\"dynamodb:DescribeReservedCapacity\",\"dynamodb:ListBackups\",\"dynamodb:PurchaseReservedCapacityOfferings\",\"dynamodb:DescribeLimits\",\"dynamodb:ListStreams\"],\"Effect\":\"Allow\",\"Resource\":\"*\"},{\"Action\":\"dynamodb:*\",\"Effect\":\"Allow\",\"Resource\":\"arn:aws:dynamodb:eu-central-1:614695401085:table/chat-connections\"},{\"Action\":\"dynamodb:PutItem\",\"Effect\":\"Allow\",\"Resource\":\"arn:aws:dynamodb:eu-central-1:614695401085:table/mylearn-chat-messages\"},{\"Action\":\"execute-api:*\",\"Effect\":\"Allow\",\"Resource\":\"arn:aws:execute-api:eu-central-1:614695401085:a8en2et5o5/*/*/*\"}],\"Version\":\"2012-10-17\"}",
            "role": "mylearn-chat-eu-central-1"
          },
          "sensitive_attributes": [],
          "private": "bnVsbA==",
          "dependencies": [
            "aws_apigatewayv2_api.chat_api",
            "aws_dynamodb_table.chat_connections",
            "aws_dynamodb_table.chat_messages",
            "aws_iam_role.mylearn_chat"
          ]
        }
      ]
    },
    {
      "mode": "managed",
      "type": "aws_iam_role_policy",
      "name": "mylearn_cognito_user",
      "provider": "provider[\"registry.terraform.io/hashicorp/aws\"]",
      "instances": [
        {
          "schema_version": 0,
          "attributes": {
            "id": "cognito-user-lambda-eu-central-1:cognito-user-lambda-eu-central-1",
            "name": "cognito-user-lambda-eu-central-1",
            "name_prefix": null,
            "policy": "{\"Statement\":[{\"Action\":\"cognito-idp:InitiateAuth\",\"Effect\":\"Allow\",\"Resource\":\"*\"}],\"Version\":\"2012-10-17\"}",
            "role": "cognito-user-lambda-eu-central-1"
          },
          "sensitive_attributes": [],
          "private": "bnVsbA==",
          "dependencies": [
            "aws_iam_role.mylearn_cognito_user"
          ]
        }
      ]
    },
    {
      "mode": "managed",
      "type": "aws_iam_role_policy",
      "name": "mylearn_grades",
      "provider": "provider[\"registry.terraform.io/hashicorp/aws\"]",
      "instances": [
        {
          "schema_version": 0,
          "attributes": {
            "id": "mylearn-grades-eu-central-1:mylearn-grades-eu-central-1",
            "name": "mylearn-grades-eu-central-1",
            "name_prefix": null,
            "policy": "{\"Statement\":[{\"Action\":[\"dynamodb:PutItem\",\"dynamodb:GetItem\",\"dynamodb:Scan\",\"dynamodb:Query\",\"dynamodb:UpdateItem\"],\"Effect\":\"Allow\",\"Resource\":\"arn:aws:dynamodb:eu-central-1:614695401085:table/mylearn-grades\"},{\"Action\":\"dynamodb:ListTables\",\"Effect\":\"Allow\",\"Resource\":\"*\"}],\"Version\":\"2012-10-17\"}",
            "role": "mylearn-grades-eu-central-1"
          },
          "sensitive_attributes": [],
          "private": "bnVsbA==",
          "dependencies": [
            "aws_dynamodb_table.mylearn_grades",
            "aws_iam_role.mylearn_grades"
          ]
        }
      ]
    },
    {
      "mode": "managed",
      "type": "aws_iam_role_policy",
      "name": "mylearn_rest_chat",
      "provider": "provider[\"registry.terraform.io/hashicorp/aws\"]",
      "instances": [
        {
          "schema_version": 0,
          "attributes": {
            "id": "mylearn-rest-chat-eu-central-1:mylearn-rest-chat-eu-central-1",
            "name": "mylearn-rest-chat-eu-central-1",
            "name_prefix": null,
            "policy": "{\"Statement\":[{\"Action\":\"dynamodb:Query\",\"Effect\":\"Allow\",\"Resource\":\"arn:aws:dynamodb:eu-central-1:614695401085:table/mylearn-chat-messages\"}],\"Version\":\"2012-10-17\"}",
            "role": "mylearn-rest-chat-eu-central-1"
          },
          "sensitive_attributes": [],
          "private": "bnVsbA==",
          "dependencies": [
            "aws_dynamodb_table.chat_messages",
            "aws_iam_role.mylearn_rest_chat"
          ]
        }
      ]
    },
    {
      "mode": "managed",
      "type": "aws_iam_role_policy",
      "name": "mylearn_users",
      "provider": "provider[\"registry.terraform.io/hashicorp/aws\"]",
      "instances": [
        {
          "schema_version": 0,
          "attributes": {
            "id": "user-lambda-eu-central-1:user-lambda-eu-central-1",
            "name": "user-lambda-eu-central-1",
            "name_prefix": null,
            "policy": "{\"Statement\":[{\"Action\":\"dynamodb:Scan\",\"Effect\":\"Allow\",\"Resource\":\"arn:aws:dynamodb:eu-central-1:614695401085:table/cognito-users\"}],\"Version\":\"2012-10-17\"}",
            "role": "user-lambda-eu-central-1"
          },
          "sensitive_attributes": [],
          "private": "bnVsbA==",
          "dependencies": [
            "aws_dynamodb_table.cognito_users",
            "aws_iam_role.mylearn_users"
          ]
        }
      ]
    },
    {
      "mode": "managed",
      "type": "aws_lambda_function",
      "name": "auth_lambda",
      "provider": "provider[\"registry.terraform.io/hashicorp/aws\"]",
      "instances": [
        {
          "schema_version": 0,
          "attributes": {
            "architectures": [
              "x86_64"
            ],
            "arn": "arn:aws:lambda:eu-central-1:614695401085:function:auth-lambda",
            "code_signing_config_arn": "",
            "dead_letter_config": [],
            "description": "",
            "environment": [
              {
                "variables": {
                  "REGION": "eu-central-1",
                  "USER_POOL_ID": "eu-central-1_NT3RKgZjO"
                }
              }
            ],
            "ephemeral_storage": [
              {
                "size": 512
              }
            ],
            "file_system_config": [],
            "filename": "../lambdas/lambda_build/auth-lambda1.0.0.zip",
            "function_name": "auth-lambda",
            "handler": "main",
            "id": "auth-lambda",
            "image_config": [],
            "image_uri": "",
            "invoke_arn": "arn:aws:apigateway:eu-central-1:lambda:path/2015-03-31/functions/arn:aws:lambda:eu-central-1:614695401085:function:auth-lambda/invocations",
            "kms_key_arn": "",
            "last_modified": "2022-07-18T17:19:15.000+0000",
            "layers": [],
            "memory_size": 128,
            "package_type": "Zip",
            "publish": false,
            "qualified_arn": "arn:aws:lambda:eu-central-1:614695401085:function:auth-lambda:$LATEST",
            "reserved_concurrent_executions": -1,
            "role": "arn:aws:iam::614695401085:role/auth-lambda-eu-central-1",
            "runtime": "go1.x",
            "s3_bucket": null,
            "s3_key": null,
            "s3_object_version": null,
            "signing_job_arn": "",
            "signing_profile_version_arn": "",
            "source_code_hash": "eXOr4Oy1YQbX//GSmfimQAL7VDs1Jbup4/jIDg3G8wM=",
            "source_code_size": 4857422,
            "tags": {
              "AppName": "mylearn-app"
            },
            "tags_all": {
              "AppName": "mylearn-app"
            },
            "timeout": 15,
            "timeouts": null,
            "tracing_config": [
              {
                "mode": "PassThrough"
              }
            ],
            "version": "$LATEST",
            "vpc_config": []
          },
          "sensitive_attributes": [],
          "private": "eyJlMmJmYjczMC1lY2FhLTExZTYtOGY4OC0zNDM2M2JjN2M0YzAiOnsiY3JlYXRlIjo2MDAwMDAwMDAwMDB9fQ==",
          "dependencies": [
            "aws_cognito_user_pool.mylearn",
            "aws_dynamodb_table.cognito_users",
            "aws_iam_role.auth_lambda",
            "aws_iam_role.cognito_after_register",
            "aws_lambda_function.cognito_after_register"
          ],
          "create_before_destroy": true
        }
      ]
    },
    {
      "mode": "managed",
      "type": "aws_lambda_function",
      "name": "chat_lambda",
      "provider": "provider[\"registry.terraform.io/hashicorp/aws\"]",
      "instances": [
        {
          "schema_version": 0,
          "attributes": {
            "architectures": [
              "x86_64"
            ],
            "arn": "arn:aws:lambda:eu-central-1:614695401085:function:chat-websocket-lambda",
            "code_signing_config_arn": "",
            "dead_letter_config": [],
            "description": "",
            "environment": [
              {
                "variables": {
                  "CONNECTIONS_TABLE": "chat-connections",
                  "DEPLOYMENT_TYPE": "test",
                  "MESSAGES_TABLE": "mylearn-chat-messages",
                  "REGION": "eu-central-1",
                  "USER_POOL_ID": "eu-central-1_NT3RKgZjO",
                  "WEBSOCKET_API": "a8en2et5o5"
                }
              }
            ],
            "ephemeral_storage": [
              {
                "size": 512
              }
            ],
            "file_system_config": [],
            "filename": "../lambdas/lambda_build/chat-websocket-lambda1.0.0.zip",
            "function_name": "chat-websocket-lambda",
            "handler": "main",
            "id": "chat-websocket-lambda",
            "image_config": [],
            "image_uri": "",
            "invoke_arn": "arn:aws:apigateway:eu-central-1:lambda:path/2015-03-31/functions/arn:aws:lambda:eu-central-1:614695401085:function:chat-websocket-lambda/invocations",
            "kms_key_arn": "",
            "last_modified": "2022-07-18T10:53:13.000+0000",
            "layers": [],
            "memory_size": 128,
            "package_type": "Zip",
            "publish": false,
            "qualified_arn": "arn:aws:lambda:eu-central-1:614695401085:function:chat-websocket-lambda:$LATEST",
            "reserved_concurrent_executions": -1,
            "role": "arn:aws:iam::614695401085:role/mylearn-chat-eu-central-1",
            "runtime": "go1.x",
            "s3_bucket": null,
            "s3_key": null,
            "s3_object_version": null,
            "signing_job_arn": "",
            "signing_profile_version_arn": "",
            "source_code_hash": "IATENrPvLSkcV8wM1d0zigmaLpgiJ8M5Pn6BhDwSu0o=",
            "source_code_size": 8046267,
            "tags": {
              "AppName": "mylearn-app"
            },
            "tags_all": {
              "AppName": "mylearn-app"
            },
            "timeout": 15,
            "timeouts": null,
            "tracing_config": [
              {
                "mode": "PassThrough"
              }
            ],
            "version": "$LATEST",
            "vpc_config": []
          },
          "sensitive_attributes": [],
          "private": "eyJlMmJmYjczMC1lY2FhLTExZTYtOGY4OC0zNDM2M2JjN2M0YzAiOnsiY3JlYXRlIjo2MDAwMDAwMDAwMDB9fQ==",
          "dependencies": [
            "aws_apigatewayv2_api.chat_api",
            "aws_cognito_user_pool.mylearn",
            "aws_dynamodb_table.chat_connections",
            "aws_dynamodb_table.chat_messages",
            "aws_dynamodb_table.cognito_users",
            "aws_iam_role.cognito_after_register",
            "aws_iam_role.mylearn_chat",
            "aws_lambda_function.cognito_after_register"
          ],
          "create_before_destroy": true
        }
      ]
    },
    {
      "mode": "managed",
      "type": "aws_lambda_function",
      "name": "chat_rest_lambda",
      "provider": "provider[\"registry.terraform.io/hashicorp/aws\"]",
      "instances": [
        {
          "schema_version": 0,
          "attributes": {
            "architectures": [
              "x86_64"
            ],
            "arn": "arn:aws:lambda:eu-central-1:614695401085:function:chat-rest-lambda",
            "code_signing_config_arn": "",
            "dead_letter_config": [],
            "description": "",
            "environment": [
              {
                "variables": {
                  "MESSAGES_TABLE": "mylearn-chat-messages",
                  "REGION": "eu-central-1"
                }
              }
            ],
            "ephemeral_storage": [
              {
                "size": 512
              }
            ],
            "file_system_config": [],
            "filename": "../lambdas/lambda_build/chat-rest-lambda1.0.0.zip",
            "function_name": "chat-rest-lambda",
            "handler": "main",
            "id": "chat-rest-lambda",
            "image_config": [],
            "image_uri": "",
            "invoke_arn": "arn:aws:apigateway:eu-central-1:lambda:path/2015-03-31/functions/arn:aws:lambda:eu-central-1:614695401085:function:chat-rest-lambda/invocations",
            "kms_key_arn": "",
            "last_modified": "2022-07-18T20:32:23.000+0000",
            "layers": [],
            "memory_size": 128,
            "package_type": "Zip",
            "publish": false,
            "qualified_arn": "arn:aws:lambda:eu-central-1:614695401085:function:chat-rest-lambda:$LATEST",
            "reserved_concurrent_executions": -1,
            "role": "arn:aws:iam::614695401085:role/mylearn-rest-chat-eu-central-1",
            "runtime": "go1.x",
            "s3_bucket": null,
            "s3_key": null,
            "s3_object_version": null,
            "signing_job_arn": "",
            "signing_profile_version_arn": "",
            "source_code_hash": "9qm2B+gx9R/8wLVSBxC+p5uZrRIYR9xu12kIQ10eSJU=",
            "source_code_size": 6331684,
            "tags": {
              "AppName": "mylearn-app"
            },
            "tags_all": {
              "AppName": "mylearn-app"
            },
            "timeout": 15,
            "timeouts": null,
            "tracing_config": [
              {
                "mode": "PassThrough"
              }
            ],
            "version": "$LATEST",
            "vpc_config": []
          },
          "sensitive_attributes": [],
          "private": "eyJlMmJmYjczMC1lY2FhLTExZTYtOGY4OC0zNDM2M2JjN2M0YzAiOnsiY3JlYXRlIjo2MDAwMDAwMDAwMDB9fQ==",
          "dependencies": [
            "aws_dynamodb_table.chat_messages",
            "aws_iam_role.mylearn_rest_chat"
          ]
        }
      ]
    },
    {
      "mode": "managed",
      "type": "aws_lambda_function",
      "name": "cognito_after_register",
      "provider": "provider[\"registry.terraform.io/hashicorp/aws\"]",
      "instances": [
        {
          "schema_version": 0,
          "attributes": {
            "architectures": [
              "x86_64"
            ],
            "arn": "arn:aws:lambda:eu-central-1:614695401085:function:cognito-after-register-lambda",
            "code_signing_config_arn": "",
            "dead_letter_config": [],
            "description": "",
            "environment": [
              {
                "variables": {
                  "GRADES_TABLE": "cognito-users",
                  "REGION": "eu-central-1"
                }
              }
            ],
            "ephemeral_storage": [
              {
                "size": 512
              }
            ],
            "file_system_config": [],
            "filename": "../lambdas/lambda_build/cognito-after-register-lambda1.0.0.zip",
            "function_name": "cognito-after-register-lambda",
            "handler": "main",
            "id": "cognito-after-register-lambda",
            "image_config": [],
            "image_uri": "",
            "invoke_arn": "arn:aws:apigateway:eu-central-1:lambda:path/2015-03-31/functions/arn:aws:lambda:eu-central-1:614695401085:function:cognito-after-register-lambda/invocations",
            "kms_key_arn": "",
            "last_modified": "2022-07-12T12:42:48.877+0000",
            "layers": [],
            "memory_size": 128,
            "package_type": "Zip",
            "publish": false,
            "qualified_arn": "arn:aws:lambda:eu-central-1:614695401085:function:cognito-after-register-lambda:$LATEST",
            "reserved_concurrent_executions": -1,
            "role": "arn:aws:iam::614695401085:role/cognito-after-register-eu-central-1",
            "runtime": "go1.x",
            "s3_bucket": null,
            "s3_key": null,
            "s3_object_version": null,
            "signing_job_arn": "",
            "signing_profile_version_arn": "",
            "source_code_hash": "ft3YpIqHlIsUxcvJjd+r82k/q5w1pCUTEtpgBa/YqAE=",
            "source_code_size": 6265346,
            "tags": {
              "AppName": "mylearn-app"
            },
            "tags_all": {
              "AppName": "mylearn-app"
            },
            "timeout": 15,
            "timeouts": null,
            "tracing_config": [
              {
                "mode": "PassThrough"
              }
            ],
            "version": "$LATEST",
            "vpc_config": []
          },
          "sensitive_attributes": [],
          "private": "eyJlMmJmYjczMC1lY2FhLTExZTYtOGY4OC0zNDM2M2JjN2M0YzAiOnsiY3JlYXRlIjo2MDAwMDAwMDAwMDB9fQ==",
          "dependencies": [
            "aws_dynamodb_table.cognito_users",
            "aws_iam_role.cognito_after_register"
          ],
          "create_before_destroy": true
        }
      ]
    },
    {
      "mode": "managed",
      "type": "aws_lambda_function",
      "name": "cognito_user_lambda",
      "provider": "provider[\"registry.terraform.io/hashicorp/aws\"]",
      "instances": [
        {
          "schema_version": 0,
          "attributes": {
            "architectures": [
              "x86_64"
            ],
            "arn": "arn:aws:lambda:eu-central-1:614695401085:function:cognito-user-lambda",
            "code_signing_config_arn": "",
            "dead_letter_config": [],
            "description": "",
            "environment": [
              {
                "variables": {
                  "COGNITO_CLIENT_ID": "72bjtaumn8kqm3s3o51lt7sis1",
                  "REGION": "eu-central-1",
                  "USER_POOL_ID": "eu-central-1_NT3RKgZjO"
                }
              }
            ],
            "ephemeral_storage": [
              {
                "size": 512
              }
            ],
            "file_system_config": [],
            "filename": "../lambdas/lambda_build/cognito-user-lambda1.0.0.zip",
            "function_name": "cognito-user-lambda",
            "handler": "main",
            "id": "cognito-user-lambda",
            "image_config": [],
            "image_uri": "",
            "invoke_arn": "arn:aws:apigateway:eu-central-1:lambda:path/2015-03-31/functions/arn:aws:lambda:eu-central-1:614695401085:function:cognito-user-lambda/invocations",
            "kms_key_arn": "",
            "last_modified": "2022-07-20T16:41:59.000+0000",
            "layers": [],
            "memory_size": 128,
            "package_type": "Zip",
            "publish": false,
            "qualified_arn": "arn:aws:lambda:eu-central-1:614695401085:function:cognito-user-lambda:$LATEST",
            "reserved_concurrent_executions": -1,
            "role": "arn:aws:iam::614695401085:role/cognito-user-lambda-eu-central-1",
            "runtime": "go1.x",
            "s3_bucket": null,
            "s3_key": null,
            "s3_object_version": null,
            "signing_job_arn": "",
            "signing_profile_version_arn": "",
            "source_code_hash": "07X8EBlOe0GvbETKyX2/UGdAdLFQ4tDWkFG9730mJaU=",
            "source_code_size": 6165932,
            "tags": {
              "AppName": "mylearn-app"
            },
            "tags_all": {
              "AppName": "mylearn-app"
            },
            "timeout": 15,
            "timeouts": null,
            "tracing_config": [
              {
                "mode": "PassThrough"
              }
            ],
            "version": "$LATEST",
            "vpc_config": []
          },
          "sensitive_attributes": [],
          "private": "eyJlMmJmYjczMC1lY2FhLTExZTYtOGY4OC0zNDM2M2JjN2M0YzAiOnsiY3JlYXRlIjo2MDAwMDAwMDAwMDB9fQ==",
          "dependencies": [
            "aws_cognito_user_pool.mylearn",
            "aws_cognito_user_pool_client.webapp",
            "aws_iam_role.mylearn_cognito_user"
          ]
        }
      ]
    },
    {
      "mode": "managed",
      "type": "aws_lambda_function",
      "name": "mylearn_grades",
      "provider": "provider[\"registry.terraform.io/hashicorp/aws\"]",
      "instances": [
        {
          "schema_version": 0,
          "attributes": {
            "architectures": [
              "x86_64"
            ],
            "arn": "arn:aws:lambda:eu-central-1:614695401085:function:mylearn-grades",
            "code_signing_config_arn": "",
            "dead_letter_config": [],
            "description": "",
            "environment": [
              {
                "variables": {
                  "GRADES_TABLE": "mylearn-grades",
                  "REGION": "eu-central-1"
                }
              }
            ],
            "ephemeral_storage": [
              {
                "size": 512
              }
            ],
            "file_system_config": [],
            "filename": "../lambdas/lambda_build/grades-lambda1.0.0.zip",
            "function_name": "mylearn-grades",
            "handler": "main",
            "id": "mylearn-grades",
            "image_config": [],
            "image_uri": "",
            "invoke_arn": "arn:aws:apigateway:eu-central-1:lambda:path/2015-03-31/functions/arn:aws:lambda:eu-central-1:614695401085:function:mylearn-grades/invocations",
            "kms_key_arn": "",
            "last_modified": "2022-07-17T12:00:34.090+0000",
            "layers": [],
            "memory_size": 128,
            "package_type": "Zip",
            "publish": false,
            "qualified_arn": "arn:aws:lambda:eu-central-1:614695401085:function:mylearn-grades:$LATEST",
            "reserved_concurrent_executions": -1,
            "role": "arn:aws:iam::614695401085:role/mylearn-grades-eu-central-1",
            "runtime": "go1.x",
            "s3_bucket": null,
            "s3_key": null,
            "s3_object_version": null,
            "signing_job_arn": "",
            "signing_profile_version_arn": "",
            "source_code_hash": "mMti35L0dQQXr5vhwYyDX2ZpWNi8VEgMXiYxajzw6J4=",
            "source_code_size": 6325031,
            "tags": {
              "AppName": "mylearn-app"
            },
            "tags_all": {
              "AppName": "mylearn-app"
            },
            "timeout": 15,
            "timeouts": null,
            "tracing_config": [
              {
                "mode": "PassThrough"
              }
            ],
            "version": "$LATEST",
            "vpc_config": []
          },
          "sensitive_attributes": [],
          "private": "eyJlMmJmYjczMC1lY2FhLTExZTYtOGY4OC0zNDM2M2JjN2M0YzAiOnsiY3JlYXRlIjo2MDAwMDAwMDAwMDB9fQ==",
          "dependencies": [
            "aws_dynamodb_table.mylearn_grades",
            "aws_iam_role.mylearn_grades"
          ],
          "create_before_destroy": true
        }
      ]
    },
    {
      "mode": "managed",
      "type": "aws_lambda_function",
      "name": "user_lambda",
      "provider": "provider[\"registry.terraform.io/hashicorp/aws\"]",
      "instances": [
        {
          "schema_version": 0,
          "attributes": {
            "architectures": [
              "x86_64"
            ],
            "arn": "arn:aws:lambda:eu-central-1:614695401085:function:user-lambda",
            "code_signing_config_arn": "",
            "dead_letter_config": [],
            "description": "",
            "environment": [
              {
                "variables": {
                  "REGION": "eu-central-1",
                  "USER_TABLE": "cognito-users"
                }
              }
            ],
            "ephemeral_storage": [
              {
                "size": 512
              }
            ],
            "file_system_config": [],
            "filename": "../lambdas/lambda_build/user-lambda1.0.0.zip",
            "function_name": "user-lambda",
            "handler": "main",
            "id": "user-lambda",
            "image_config": [],
            "image_uri": "",
            "invoke_arn": "arn:aws:apigateway:eu-central-1:lambda:path/2015-03-31/functions/arn:aws:lambda:eu-central-1:614695401085:function:user-lambda/invocations",
            "kms_key_arn": "",
            "last_modified": "2022-07-18T15:51:49.000+0000",
            "layers": [],
            "memory_size": 128,
            "package_type": "Zip",
            "publish": false,
            "qualified_arn": "arn:aws:lambda:eu-central-1:614695401085:function:user-lambda:$LATEST",
            "reserved_concurrent_executions": -1,
            "role": "arn:aws:iam::614695401085:role/user-lambda-eu-central-1",
            "runtime": "go1.x",
            "s3_bucket": null,
            "s3_key": null,
            "s3_object_version": null,
            "signing_job_arn": "",
            "signing_profile_version_arn": "",
            "source_code_hash": "3g9AgzIWr31ZOk0VcJa3EzeY6aoQi6FXksfVOwXlnuY=",
            "source_code_size": 6275664,
            "tags": {
              "AppName": "mylearn-app"
            },
            "tags_all": {
              "AppName": "mylearn-app"
            },
            "timeout": 15,
            "timeouts": null,
            "tracing_config": [
              {
                "mode": "PassThrough"
              }
            ],
            "version": "$LATEST",
            "vpc_config": []
          },
          "sensitive_attributes": [],
          "private": "eyJlMmJmYjczMC1lY2FhLTExZTYtOGY4OC0zNDM2M2JjN2M0YzAiOnsiY3JlYXRlIjo2MDAwMDAwMDAwMDB9fQ==",
          "dependencies": [
            "aws_dynamodb_table.cognito_users",
            "aws_iam_role.mylearn_users"
          ],
          "create_before_destroy": true
        }
      ]
    },
    {
      "mode": "managed",
      "type": "aws_lambda_permission",
      "name": "chat_api_connect",
      "provider": "provider[\"registry.terraform.io/hashicorp/aws\"]",
      "instances": [
        {
          "schema_version": 0,
          "attributes": {
            "action": "lambda:InvokeFunction",
            "event_source_token": null,
            "function_name": "chat-websocket-lambda",
            "id": "AllowExecutionFromAPIGateway1",
            "principal": "apigateway.amazonaws.com",
            "principal_org_id": null,
            "qualifier": "",
            "source_account": null,
            "source_arn": "arn:aws:execute-api:eu-central-1:614695401085:a8en2et5o5/*/$connect",
            "statement_id": "AllowExecutionFromAPIGateway1",
            "statement_id_prefix": null
          },
          "sensitive_attributes": [],
          "private": "bnVsbA==",
          "dependencies": [
            "aws_apigatewayv2_api.chat_api",
            "aws_cognito_user_pool.mylearn",
            "aws_dynamodb_table.chat_connections",
            "aws_dynamodb_table.chat_messages",
            "aws_dynamodb_table.cognito_users",
            "aws_iam_role.cognito_after_register",
            "aws_iam_role.mylearn_chat",
            "aws_lambda_function.chat_lambda",
            "aws_lambda_function.cognito_after_register"
          ]
        }
      ]
    },
    {
      "mode": "managed",
      "type": "aws_lambda_permission",
      "name": "chat_api_default",
      "provider": "provider[\"registry.terraform.io/hashicorp/aws\"]",
      "instances": [
        {
          "schema_version": 0,
          "attributes": {
            "action": "lambda:InvokeFunction",
            "event_source_token": null,
            "function_name": "chat-websocket-lambda",
            "id": "AllowExecutionFromAPIGateway3",
            "principal": "apigateway.amazonaws.com",
            "principal_org_id": null,
            "qualifier": "",
            "source_account": null,
            "source_arn": "arn:aws:execute-api:eu-central-1:614695401085:a8en2et5o5/*/$default",
            "statement_id": "AllowExecutionFromAPIGateway3",
            "statement_id_prefix": null
          },
          "sensitive_attributes": [],
          "private": "bnVsbA==",
          "dependencies": [
            "aws_apigatewayv2_api.chat_api",
            "aws_cognito_user_pool.mylearn",
            "aws_dynamodb_table.chat_connections",
            "aws_dynamodb_table.chat_messages",
            "aws_dynamodb_table.cognito_users",
            "aws_iam_role.cognito_after_register",
            "aws_iam_role.mylearn_chat",
            "aws_lambda_function.chat_lambda",
            "aws_lambda_function.cognito_after_register"
          ]
        }
      ]
    },
    {
      "mode": "managed",
      "type": "aws_lambda_permission",
      "name": "chat_api_disconnect",
      "provider": "provider[\"registry.terraform.io/hashicorp/aws\"]",
      "instances": [
        {
          "schema_version": 0,
          "attributes": {
            "action": "lambda:InvokeFunction",
            "event_source_token": null,
            "function_name": "chat-websocket-lambda",
            "id": "AllowExecutionFromAPIGateway2",
            "principal": "apigateway.amazonaws.com",
            "principal_org_id": null,
            "qualifier": "",
            "source_account": null,
            "source_arn": "arn:aws:execute-api:eu-central-1:614695401085:a8en2et5o5/*/$disconnect",
            "statement_id": "AllowExecutionFromAPIGateway2",
            "statement_id_prefix": null
          },
          "sensitive_attributes": [],
          "private": "bnVsbA==",
          "dependencies": [
            "aws_apigatewayv2_api.chat_api",
            "aws_cognito_user_pool.mylearn",
            "aws_dynamodb_table.chat_connections",
            "aws_dynamodb_table.chat_messages",
            "aws_dynamodb_table.cognito_users",
            "aws_iam_role.cognito_after_register",
            "aws_iam_role.mylearn_chat",
            "aws_lambda_function.chat_lambda",
            "aws_lambda_function.cognito_after_register"
          ]
        }
      ]
    },
    {
      "mode": "managed",
      "type": "aws_lambda_permission",
      "name": "cognito_after_register",
      "provider": "provider[\"registry.terraform.io/hashicorp/aws\"]",
      "instances": [
        {
          "schema_version": 0,
          "attributes": {
            "action": "lambda:InvokeFunction",
            "event_source_token": null,
            "function_name": "cognito-after-register-lambda",
            "id": "AllowExecutionFromCognito",
            "principal": "cognito-idp.amazonaws.com",
            "principal_org_id": null,
            "qualifier": "",
            "source_account": null,
            "source_arn": "arn:aws:cognito-idp:eu-central-1:614695401085:userpool/eu-central-1_NT3RKgZjO",
            "statement_id": "AllowExecutionFromCognito",
            "statement_id_prefix": null
          },
          "sensitive_attributes": [],
          "private": "bnVsbA==",
          "dependencies": [
            "aws_cognito_user_pool.mylearn",
            "aws_dynamodb_table.cognito_users",
            "aws_iam_role.cognito_after_register",
            "aws_lambda_function.cognito_after_register"
          ]
        }
      ]
    },
    {
      "mode": "managed",
      "type": "aws_lambda_permission",
      "name": "mylearn_cognito_users",
      "provider": "provider[\"registry.terraform.io/hashicorp/aws\"]",
      "instances": [
        {
          "schema_version": 0,
          "attributes": {
            "action": "lambda:InvokeFunction",
            "event_source_token": null,
            "function_name": "cognito-user-lambda",
            "id": "AllowExecutionFromAPIGateway",
            "principal": "apigateway.amazonaws.com",
            "principal_org_id": null,
            "qualifier": "",
            "source_account": null,
            "source_arn": "arn:aws:execute-api:eu-central-1:614695401085:95hlfmm90e/*/*",
            "statement_id": "AllowExecutionFromAPIGateway",
            "statement_id_prefix": null
          },
          "sensitive_attributes": [],
          "private": "bnVsbA==",
          "dependencies": [
            "aws_api_gateway_rest_api.mylearn",
            "aws_cognito_user_pool.mylearn",
            "aws_cognito_user_pool_client.webapp",
            "aws_dynamodb_table.cognito_users",
            "aws_iam_role.cognito_after_register",
            "aws_iam_role.mylearn_cognito_user",
            "aws_lambda_function.cognito_after_register",
            "aws_lambda_function.cognito_user_lambda"
          ]
        }
      ]
    },
    {
      "mode": "managed",
      "type": "aws_lambda_permission",
      "name": "mylearn_grades",
      "provider": "provider[\"registry.terraform.io/hashicorp/aws\"]",
      "instances": [
        {
          "schema_version": 0,
          "attributes": {
            "action": "lambda:InvokeFunction",
            "event_source_token": null,
            "function_name": "mylearn-grades",
            "id": "AllowExecutionFromAPIGateway",
            "principal": "apigateway.amazonaws.com",
            "principal_org_id": null,
            "qualifier": "",
            "source_account": null,
            "source_arn": "arn:aws:execute-api:eu-central-1:614695401085:95hlfmm90e/*/*",
            "statement_id": "AllowExecutionFromAPIGateway",
            "statement_id_prefix": null
          },
          "sensitive_attributes": [],
          "private": "bnVsbA==",
          "dependencies": [
            "aws_api_gateway_rest_api.mylearn",
            "aws_dynamodb_table.mylearn_grades",
            "aws_iam_role.mylearn_grades",
            "aws_lambda_function.mylearn_grades"
          ]
        }
      ]
    },
    {
      "mode": "managed",
      "type": "aws_lambda_permission",
      "name": "mylearn_rest_chat",
      "provider": "provider[\"registry.terraform.io/hashicorp/aws\"]",
      "instances": [
        {
          "schema_version": 0,
          "attributes": {
            "action": "lambda:InvokeFunction",
            "event_source_token": null,
            "function_name": "chat-rest-lambda",
            "id": "AllowExecutionFromAPIGateway",
            "principal": "apigateway.amazonaws.com",
            "principal_org_id": null,
            "qualifier": "",
            "source_account": null,
            "source_arn": "arn:aws:execute-api:eu-central-1:614695401085:95hlfmm90e/*/*",
            "statement_id": "AllowExecutionFromAPIGateway",
            "statement_id_prefix": null
          },
          "sensitive_attributes": [],
          "private": "bnVsbA==",
          "dependencies": [
            "aws_api_gateway_rest_api.mylearn",
            "aws_dynamodb_table.chat_messages",
            "aws_iam_role.mylearn_rest_chat",
            "aws_lambda_function.chat_rest_lambda"
          ]
        }
      ]
    },
    {
      "mode": "managed",
      "type": "aws_lambda_permission",
      "name": "mylearn_users",
      "provider": "provider[\"registry.terraform.io/hashicorp/aws\"]",
      "instances": [
        {
          "schema_version": 0,
          "attributes": {
            "action": "lambda:InvokeFunction",
            "event_source_token": null,
            "function_name": "user-lambda",
            "id": "AllowExecutionFromAPIGateway",
            "principal": "apigateway.amazonaws.com",
            "principal_org_id": null,
            "qualifier": "",
            "source_account": null,
            "source_arn": "arn:aws:execute-api:eu-central-1:614695401085:95hlfmm90e/*/*",
            "statement_id": "AllowExecutionFromAPIGateway",
            "statement_id_prefix": null
          },
          "sensitive_attributes": [],
          "private": "bnVsbA==",
          "dependencies": [
            "aws_api_gateway_rest_api.mylearn",
            "aws_dynamodb_table.cognito_users",
            "aws_iam_role.mylearn_users",
            "aws_lambda_function.user_lambda"
          ]
        }
      ]
    }
  ]
}
