{
  "version": 4,
  "terraform_version": "1.2.3",
  "serial": 697,
  "lineage": "6c7a8802-2499-e29b-b4ad-96aabae5e326",
  "outputs": {
    "rest_api_url": {
      "value": "https://y1llo92zmi.execute-api.eu-central-1.amazonaws.com/test",
      "type": "string"
    }
  },
  "resources": [
    {
      "mode": "data",
      "type": "aws_caller_identity",
      "name": "account",
      "provider": "provider[\"registry.terraform.io/hashicorp/aws\"]",
      "instances": [
        {
          "schema_version": 0,
          "attributes": {
            "account_id": "614695401085",
            "arn": "arn:aws:iam::614695401085:user/marek",
            "id": "614695401085",
            "user_id": "AIDAY6HVTOZ6VPFLMV5SD"
          },
          "sensitive_attributes": []
        }
      ]
    },
    {
      "mode": "managed",
      "type": "aws_api_gateway_authorizer",
      "name": "mylearn",
      "provider": "provider[\"registry.terraform.io/hashicorp/aws\"]",
      "instances": [
        {
          "schema_version": 0,
          "attributes": {
            "arn": "arn:aws:apigateway:eu-central-1::/restapis/y1llo92zmi/authorizers/8olrnj",
            "authorizer_credentials": "arn:aws:iam::614695401085:role/api_gateway_auth_invocation",
            "authorizer_result_ttl_in_seconds": 300,
            "authorizer_uri": "arn:aws:apigateway:eu-central-1:lambda:path/2015-03-31/functions/arn:aws:lambda:eu-central-1:614695401085:function:auth-lambda/invocations",
            "id": "8olrnj",
            "identity_source": "method.request.header.Authorization",
            "identity_validation_expression": "",
            "name": "mylearn-custom-lambda-authorizer",
            "provider_arns": [],
            "rest_api_id": "y1llo92zmi",
            "type": "TOKEN"
          },
          "sensitive_attributes": [],
          "private": "bnVsbA==",
          "dependencies": [
            "aws_api_gateway_rest_api.mylearn",
            "aws_cognito_user_pool.mylearn",
            "aws_iam_role.auth_lambda",
            "aws_iam_role.mylearn_invocation_role",
            "aws_lambda_function.auth_lambda"
          ]
        }
      ]
    },
    {
      "mode": "managed",
      "type": "aws_api_gateway_deployment",
      "name": "mylearn",
      "provider": "provider[\"registry.terraform.io/hashicorp/aws\"]",
      "instances": [
        {
          "schema_version": 0,
          "attributes": {
            "created_date": "2022-06-27T16:17:09Z",
            "description": "",
            "execution_arn": "arn:aws:execute-api:eu-central-1:614695401085:y1llo92zmi/",
            "id": "qp12u4",
            "invoke_url": "https://y1llo92zmi.execute-api.eu-central-1.amazonaws.com/",
            "rest_api_id": "y1llo92zmi",
            "stage_description": null,
            "stage_name": null,
            "triggers": null,
            "variables": {
              "deployed_at": "2022-06-27T16:17:09Z"
            }
          },
          "sensitive_attributes": [],
          "private": "bnVsbA==",
          "dependencies": [
            "aws_api_gateway_integration.mylearn_grades_get",
            "aws_api_gateway_integration.mylearn_grades_post",
            "aws_api_gateway_rest_api.mylearn"
          ],
          "create_before_destroy": true
        }
      ]
    },
    {
      "mode": "managed",
      "type": "aws_api_gateway_integration",
      "name": "mylearn_grades_get",
      "provider": "provider[\"registry.terraform.io/hashicorp/aws\"]",
      "instances": [
        {
          "schema_version": 0,
          "attributes": {
            "cache_key_parameters": [],
            "cache_namespace": "7403z5",
            "connection_id": "",
            "connection_type": "INTERNET",
            "content_handling": "",
            "credentials": "",
            "http_method": "GET",
            "id": "agi-y1llo92zmi-7403z5-GET",
            "integration_http_method": "POST",
            "passthrough_behavior": "WHEN_NO_MATCH",
            "request_parameters": {},
            "request_templates": {},
            "resource_id": "7403z5",
            "rest_api_id": "y1llo92zmi",
            "timeout_milliseconds": 29000,
            "tls_config": [],
            "type": "AWS_PROXY",
            "uri": "arn:aws:apigateway:eu-central-1:lambda:path/2015-03-31/functions/arn:aws:lambda:eu-central-1:614695401085:function:mylearn-grades/invocations"
          },
          "sensitive_attributes": [],
          "private": "bnVsbA==",
          "dependencies": [
            "aws_api_gateway_authorizer.mylearn",
            "aws_api_gateway_method.mylearn_grades_get",
            "aws_api_gateway_resource.mylearn_grades",
            "aws_api_gateway_rest_api.mylearn",
            "aws_cognito_user_pool.mylearn",
            "aws_dynamodb_table.cognito_users",
            "aws_dynamodb_table.mylearn_grades",
            "aws_iam_role.auth_lambda",
            "aws_iam_role.cognito_after_register",
            "aws_iam_role.mylearn_grades",
            "aws_iam_role.mylearn_invocation_role",
            "aws_lambda_function.auth_lambda",
            "aws_lambda_function.cognito_after_register",
            "aws_lambda_function.mylearn_grades"
          ],
          "create_before_destroy": true
        }
      ]
    },
    {
      "mode": "managed",
      "type": "aws_api_gateway_integration",
      "name": "mylearn_grades_post",
      "provider": "provider[\"registry.terraform.io/hashicorp/aws\"]",
      "instances": [
        {
          "schema_version": 0,
          "attributes": {
            "cache_key_parameters": [],
            "cache_namespace": "7403z5",
            "connection_id": "",
            "connection_type": "INTERNET",
            "content_handling": "",
            "credentials": "",
            "http_method": "POST",
            "id": "agi-y1llo92zmi-7403z5-POST",
            "integration_http_method": "POST",
            "passthrough_behavior": "WHEN_NO_MATCH",
            "request_parameters": {},
            "request_templates": {},
            "resource_id": "7403z5",
            "rest_api_id": "y1llo92zmi",
            "timeout_milliseconds": 29000,
            "tls_config": [],
            "type": "AWS_PROXY",
            "uri": "arn:aws:apigateway:eu-central-1:lambda:path/2015-03-31/functions/arn:aws:lambda:eu-central-1:614695401085:function:mylearn-grades/invocations"
          },
          "sensitive_attributes": [],
          "private": "bnVsbA==",
          "dependencies": [
            "aws_api_gateway_authorizer.mylearn",
            "aws_api_gateway_method.mylearn_grades_post",
            "aws_api_gateway_resource.mylearn_grades",
            "aws_api_gateway_rest_api.mylearn",
            "aws_cognito_user_pool.mylearn",
            "aws_dynamodb_table.cognito_users",
            "aws_dynamodb_table.mylearn_grades",
            "aws_iam_role.auth_lambda",
            "aws_iam_role.cognito_after_register",
            "aws_iam_role.mylearn_grades",
            "aws_iam_role.mylearn_invocation_role",
            "aws_lambda_function.auth_lambda",
            "aws_lambda_function.cognito_after_register",
            "aws_lambda_function.mylearn_grades"
          ],
          "create_before_destroy": true
        }
      ]
    },
    {
      "mode": "managed",
      "type": "aws_api_gateway_method",
      "name": "mylearn_grades_get",
      "provider": "provider[\"registry.terraform.io/hashicorp/aws\"]",
      "instances": [
        {
          "schema_version": 0,
          "attributes": {
            "api_key_required": false,
            "authorization": "CUSTOM",
            "authorization_scopes": [],
            "authorizer_id": "8olrnj",
            "http_method": "GET",
            "id": "agm-y1llo92zmi-7403z5-GET",
            "operation_name": "",
            "request_models": {},
            "request_parameters": {},
            "request_validator_id": "",
            "resource_id": "7403z5",
            "rest_api_id": "y1llo92zmi"
          },
          "sensitive_attributes": [],
          "private": "bnVsbA==",
          "dependencies": [
            "aws_api_gateway_authorizer.mylearn",
            "aws_api_gateway_resource.mylearn_grades",
            "aws_api_gateway_rest_api.mylearn",
            "aws_cognito_user_pool.mylearn",
            "aws_dynamodb_table.cognito_users",
            "aws_iam_role.auth_lambda",
            "aws_iam_role.cognito_after_register",
            "aws_iam_role.mylearn_invocation_role",
            "aws_lambda_function.auth_lambda",
            "aws_lambda_function.cognito_after_register"
          ],
          "create_before_destroy": true
        }
      ]
    },
    {
      "mode": "managed",
      "type": "aws_api_gateway_method",
      "name": "mylearn_grades_post",
      "provider": "provider[\"registry.terraform.io/hashicorp/aws\"]",
      "instances": [
        {
          "schema_version": 0,
          "attributes": {
            "api_key_required": false,
            "authorization": "CUSTOM",
            "authorization_scopes": [],
            "authorizer_id": "8olrnj",
            "http_method": "POST",
            "id": "agm-y1llo92zmi-7403z5-POST",
            "operation_name": "",
            "request_models": {},
            "request_parameters": {},
            "request_validator_id": "",
            "resource_id": "7403z5",
            "rest_api_id": "y1llo92zmi"
          },
          "sensitive_attributes": [],
          "private": "bnVsbA==",
          "dependencies": [
            "aws_api_gateway_authorizer.mylearn",
            "aws_api_gateway_resource.mylearn_grades",
            "aws_api_gateway_rest_api.mylearn",
            "aws_cognito_user_pool.mylearn",
            "aws_dynamodb_table.cognito_users",
            "aws_iam_role.auth_lambda",
            "aws_iam_role.cognito_after_register",
            "aws_iam_role.mylearn_invocation_role",
            "aws_lambda_function.auth_lambda",
            "aws_lambda_function.cognito_after_register"
          ],
          "create_before_destroy": true
        }
      ]
    },
    {
      "mode": "managed",
      "type": "aws_api_gateway_resource",
      "name": "mylearn_grades",
      "provider": "provider[\"registry.terraform.io/hashicorp/aws\"]",
      "instances": [
        {
          "schema_version": 0,
          "attributes": {
            "id": "7403z5",
            "parent_id": "sg1qcpjs64",
            "path": "/grades",
            "path_part": "grades",
            "rest_api_id": "y1llo92zmi"
          },
          "sensitive_attributes": [],
          "private": "bnVsbA==",
          "dependencies": [
            "aws_api_gateway_rest_api.mylearn"
          ],
          "create_before_destroy": true
        }
      ]
    },
    {
      "mode": "managed",
      "type": "aws_api_gateway_rest_api",
      "name": "mylearn",
      "provider": "provider[\"registry.terraform.io/hashicorp/aws\"]",
      "instances": [
        {
          "schema_version": 0,
          "attributes": {
            "api_key_source": "HEADER",
            "arn": "arn:aws:apigateway:eu-central-1::/restapis/y1llo92zmi",
            "binary_media_types": [],
            "body": null,
            "created_date": "2022-06-24T11:30:08Z",
            "description": "REST API for master thesis service",
            "disable_execute_api_endpoint": false,
            "endpoint_configuration": [
              {
                "types": [
                  "REGIONAL"
                ],
                "vpc_endpoint_ids": []
              }
            ],
            "execution_arn": "arn:aws:execute-api:eu-central-1:614695401085:y1llo92zmi",
            "id": "y1llo92zmi",
            "minimum_compression_size": -1,
            "name": "mylearn-rest-api",
            "parameters": null,
            "policy": "",
            "root_resource_id": "sg1qcpjs64",
            "tags": {},
            "tags_all": {}
          },
          "sensitive_attributes": [],
          "private": "bnVsbA==",
          "create_before_destroy": true
        }
      ]
    },
    {
      "mode": "managed",
      "type": "aws_api_gateway_stage",
      "name": "mylearn",
      "provider": "provider[\"registry.terraform.io/hashicorp/aws\"]",
      "instances": [
        {
          "schema_version": 0,
          "attributes": {
            "access_log_settings": [],
            "arn": "arn:aws:apigateway:eu-central-1::/restapis/y1llo92zmi/stages/test",
            "cache_cluster_enabled": false,
            "cache_cluster_size": "",
            "canary_settings": [],
            "client_certificate_id": "",
            "deployment_id": "qp12u4",
            "description": "",
            "documentation_version": "",
            "execution_arn": "arn:aws:execute-api:eu-central-1:614695401085:y1llo92zmi/test",
            "id": "ags-y1llo92zmi-test",
            "invoke_url": "https://y1llo92zmi.execute-api.eu-central-1.amazonaws.com/test",
            "rest_api_id": "y1llo92zmi",
            "stage_name": "test",
            "tags": {},
            "tags_all": {},
            "variables": {},
            "web_acl_arn": "",
            "xray_tracing_enabled": false
          },
          "sensitive_attributes": [],
          "private": "bnVsbA==",
          "dependencies": [
            "aws_api_gateway_deployment.mylearn",
            "aws_api_gateway_integration.mylearn_grades_get",
            "aws_api_gateway_integration.mylearn_grades_post",
            "aws_api_gateway_rest_api.mylearn"
          ]
        }
      ]
    },
    {
      "mode": "managed",
      "type": "aws_budgets_budget",
      "name": "mylearn",
      "provider": "provider[\"registry.terraform.io/hashicorp/aws\"]",
      "instances": [
        {
          "schema_version": 0,
          "attributes": {
            "account_id": "614695401085",
            "arn": "arn:aws:budgets::614695401085:budget/mylearn-monthly-budget",
            "budget_type": "COST",
            "cost_filter": [],
            "cost_filters": {},
            "cost_types": [
              {
                "include_credit": true,
                "include_discount": true,
                "include_other_subscription": true,
                "include_recurring": true,
                "include_refund": true,
                "include_subscription": true,
                "include_support": true,
                "include_tax": true,
                "include_upfront": true,
                "use_amortized": false,
                "use_blended": false
              }
            ],
            "id": "614695401085:mylearn-monthly-budget",
            "limit_amount": "2.0",
            "limit_unit": "USD",
            "name": "mylearn-monthly-budget",
            "name_prefix": "",
            "notification": [
              {
                "comparison_operator": "GREATER_THAN",
                "notification_type": "FORECASTED",
                "subscriber_email_addresses": [
                  "marek.nowak31254@gmail.com",
                  "mark-now@wp.pl",
                  "mark.now997@gmail.com"
                ],
                "subscriber_sns_topic_arns": [],
                "threshold": 50,
                "threshold_type": "PERCENTAGE"
              }
            ],
            "time_period_end": "2087-06-15_00:00",
            "time_period_start": "2020-02-20_00:01",
            "time_unit": "MONTHLY"
          },
          "sensitive_attributes": [],
          "private": "bnVsbA=="
        }
      ]
    },
    {
      "mode": "managed",
      "type": "aws_cognito_user_group",
      "name": "admins",
      "provider": "provider[\"registry.terraform.io/hashicorp/aws\"]",
      "instances": [
        {
          "schema_version": 0,
          "attributes": {
            "description": "Group of app admins",
            "id": "eu-central-1_kwwHHpwML/admin-group",
            "name": "admin-group",
            "precedence": 1,
            "role_arn": "",
            "user_pool_id": "eu-central-1_kwwHHpwML"
          },
          "sensitive_attributes": [],
          "private": "bnVsbA==",
          "dependencies": [
            "aws_cognito_user_pool.mylearn",
            "aws_dynamodb_table.cognito_users",
            "aws_iam_role.cognito_after_register",
            "aws_lambda_function.cognito_after_register"
          ]
        }
      ]
    },
    {
      "mode": "managed",
      "type": "aws_cognito_user_group",
      "name": "parents",
      "provider": "provider[\"registry.terraform.io/hashicorp/aws\"]",
      "instances": [
        {
          "schema_version": 0,
          "attributes": {
            "description": "Group of student's parents",
            "id": "eu-central-1_kwwHHpwML/parent-group",
            "name": "parent-group",
            "precedence": 3,
            "role_arn": "",
            "user_pool_id": "eu-central-1_kwwHHpwML"
          },
          "sensitive_attributes": [],
          "private": "bnVsbA==",
          "dependencies": [
            "aws_cognito_user_pool.mylearn",
            "aws_dynamodb_table.cognito_users",
            "aws_iam_role.cognito_after_register",
            "aws_lambda_function.cognito_after_register"
          ]
        }
      ]
    },
    {
      "mode": "managed",
      "type": "aws_cognito_user_group",
      "name": "students",
      "provider": "provider[\"registry.terraform.io/hashicorp/aws\"]",
      "instances": [
        {
          "schema_version": 0,
          "attributes": {
            "description": "Group of students",
            "id": "eu-central-1_kwwHHpwML/student-group",
            "name": "student-group",
            "precedence": 4,
            "role_arn": "",
            "user_pool_id": "eu-central-1_kwwHHpwML"
          },
          "sensitive_attributes": [],
          "private": "bnVsbA==",
          "dependencies": [
            "aws_cognito_user_pool.mylearn",
            "aws_dynamodb_table.cognito_users",
            "aws_iam_role.cognito_after_register",
            "aws_lambda_function.cognito_after_register"
          ]
        }
      ]
    },
    {
      "mode": "managed",
      "type": "aws_cognito_user_group",
      "name": "teachers",
      "provider": "provider[\"registry.terraform.io/hashicorp/aws\"]",
      "instances": [
        {
          "schema_version": 0,
          "attributes": {
            "description": "Group of teachers",
            "id": "eu-central-1_kwwHHpwML/teacher-group",
            "name": "teacher-group",
            "precedence": 2,
            "role_arn": "",
            "user_pool_id": "eu-central-1_kwwHHpwML"
          },
          "sensitive_attributes": [],
          "private": "bnVsbA==",
          "dependencies": [
            "aws_cognito_user_pool.mylearn",
            "aws_dynamodb_table.cognito_users",
            "aws_iam_role.cognito_after_register",
            "aws_lambda_function.cognito_after_register"
          ]
        }
      ]
    },
    {
      "mode": "managed",
      "type": "aws_cognito_user_pool",
      "name": "mylearn",
      "provider": "provider[\"registry.terraform.io/hashicorp/aws\"]",
      "instances": [
        {
          "schema_version": 0,
          "attributes": {
            "account_recovery_setting": [
              {
                "recovery_mechanism": [
                  {
                    "name": "verified_email",
                    "priority": 1
                  }
                ]
              }
            ],
            "admin_create_user_config": [
              {
                "allow_admin_create_user_only": false,
                "invite_message_template": []
              }
            ],
            "alias_attributes": [
              "email"
            ],
            "arn": "arn:aws:cognito-idp:eu-central-1:614695401085:userpool/eu-central-1_kwwHHpwML",
            "auto_verified_attributes": [],
            "creation_date": "2022-06-24T11:32:48Z",
            "custom_domain": "",
            "device_configuration": [],
            "domain": "",
            "email_configuration": [
              {
                "configuration_set": "",
                "email_sending_account": "COGNITO_DEFAULT",
                "from_email_address": "",
                "reply_to_email_address": "",
                "source_arn": ""
              }
            ],
            "email_verification_message": null,
            "email_verification_subject": null,
            "endpoint": "cognito-idp.eu-central-1.amazonaws.com/eu-central-1_kwwHHpwML",
            "estimated_number_of_users": 1,
            "id": "eu-central-1_kwwHHpwML",
            "lambda_config": [
              {
                "create_auth_challenge": "",
                "custom_email_sender": [],
                "custom_message": "",
                "custom_sms_sender": [],
                "define_auth_challenge": "",
                "kms_key_id": "",
                "post_authentication": "",
                "post_confirmation": "arn:aws:lambda:eu-central-1:614695401085:function:cognito-after-register-lambda",
                "pre_authentication": "",
                "pre_sign_up": "",
                "pre_token_generation": "",
                "user_migration": "",
                "verify_auth_challenge_response": ""
              }
            ],
            "last_modified_date": "2022-06-24T11:32:48Z",
            "mfa_configuration": "OFF",
            "name": "mylearn-cognito-userpool",
            "password_policy": [
              {
                "minimum_length": 8,
                "require_lowercase": false,
                "require_numbers": false,
                "require_symbols": false,
                "require_uppercase": false,
                "temporary_password_validity_days": 100
              }
            ],
            "schema": [],
            "sms_authentication_message": null,
            "sms_configuration": [],
            "sms_verification_message": null,
            "software_token_mfa_configuration": [],
            "tags": {},
            "tags_all": {},
            "user_pool_add_ons": [],
            "username_attributes": null,
            "username_configuration": [],
            "verification_message_template": [
              {
                "default_email_option": "CONFIRM_WITH_CODE",
                "email_message": "",
                "email_message_by_link": "",
                "email_subject": "",
                "email_subject_by_link": "",
                "sms_message": ""
              }
            ]
          },
          "sensitive_attributes": [],
          "private": "bnVsbA==",
          "dependencies": [
            "aws_dynamodb_table.cognito_users",
            "aws_iam_role.cognito_after_register",
            "aws_lambda_function.cognito_after_register"
          ],
          "create_before_destroy": true
        }
      ]
    },
    {
      "mode": "managed",
      "type": "aws_cognito_user_pool_client",
      "name": "webapp",
      "provider": "provider[\"registry.terraform.io/hashicorp/aws\"]",
      "instances": [
        {
          "schema_version": 0,
          "attributes": {
            "access_token_validity": 0,
            "allowed_oauth_flows": [],
            "allowed_oauth_flows_user_pool_client": false,
            "allowed_oauth_scopes": [],
            "analytics_configuration": [],
            "callback_urls": [],
            "client_secret": "",
            "default_redirect_uri": "",
            "enable_token_revocation": true,
            "explicit_auth_flows": [
              "ALLOW_ADMIN_USER_PASSWORD_AUTH",
              "ALLOW_CUSTOM_AUTH",
              "ALLOW_REFRESH_TOKEN_AUTH",
              "ALLOW_USER_PASSWORD_AUTH",
              "ALLOW_USER_SRP_AUTH"
            ],
            "generate_secret": false,
            "id": "6esclelr3uh1sip5v79dhcqoou",
            "id_token_validity": 0,
            "logout_urls": [],
            "name": "terraform-cognito-client",
            "prevent_user_existence_errors": "",
            "read_attributes": [],
            "refresh_token_validity": 10,
            "supported_identity_providers": [],
            "token_validity_units": [],
            "user_pool_id": "eu-central-1_kwwHHpwML",
            "write_attributes": []
          },
          "sensitive_attributes": [],
          "private": "bnVsbA==",
          "dependencies": [
            "aws_cognito_user_pool.mylearn",
            "aws_dynamodb_table.cognito_users",
            "aws_iam_role.cognito_after_register",
            "aws_lambda_function.cognito_after_register"
          ]
        }
      ]
    },
    {
      "mode": "managed",
      "type": "aws_dynamodb_table",
      "name": "cognito_users",
      "provider": "provider[\"registry.terraform.io/hashicorp/aws\"]",
      "instances": [
        {
          "schema_version": 1,
          "attributes": {
            "arn": "arn:aws:dynamodb:eu-central-1:614695401085:table/cognito-users",
            "attribute": [
              {
                "name": "UserId",
                "type": "S"
              }
            ],
            "billing_mode": "PAY_PER_REQUEST",
            "global_secondary_index": [],
            "hash_key": "UserId",
            "id": "cognito-users",
            "local_secondary_index": [],
            "name": "cognito-users",
            "point_in_time_recovery": [
              {
                "enabled": false
              }
            ],
            "range_key": null,
            "read_capacity": 0,
            "replica": [],
            "restore_date_time": null,
            "restore_source_name": null,
            "restore_to_latest_time": null,
            "server_side_encryption": [],
            "stream_arn": "",
            "stream_enabled": false,
            "stream_label": "",
            "stream_view_type": "",
            "table_class": "",
            "tags": {
              "AppName": "mylearn-app"
            },
            "tags_all": {
              "AppName": "mylearn-app"
            },
            "timeouts": null,
            "ttl": [
              {
                "attribute_name": "",
                "enabled": false
              }
            ],
            "write_capacity": 0
          },
          "sensitive_attributes": [],
          "private": "eyJlMmJmYjczMC1lY2FhLTExZTYtOGY4OC0zNDM2M2JjN2M0YzAiOnsiY3JlYXRlIjoxODAwMDAwMDAwMDAwLCJkZWxldGUiOjYwMDAwMDAwMDAwMCwidXBkYXRlIjozNjAwMDAwMDAwMDAwfSwic2NoZW1hX3ZlcnNpb24iOiIxIn0=",
          "create_before_destroy": true
        }
      ]
    },
    {
      "mode": "managed",
      "type": "aws_dynamodb_table",
      "name": "mylearn_grades",
      "provider": "provider[\"registry.terraform.io/hashicorp/aws\"]",
      "instances": [
        {
          "schema_version": 1,
          "attributes": {
            "arn": "arn:aws:dynamodb:eu-central-1:614695401085:table/mylearn-grades",
            "attribute": [
              {
                "name": "Date",
                "type": "S"
              },
              {
                "name": "UserId",
                "type": "S"
              }
            ],
            "billing_mode": "PAY_PER_REQUEST",
            "global_secondary_index": [],
            "hash_key": "UserId",
            "id": "mylearn-grades",
            "local_secondary_index": [],
            "name": "mylearn-grades",
            "point_in_time_recovery": [
              {
                "enabled": false
              }
            ],
            "range_key": "Date",
            "read_capacity": 0,
            "replica": [],
            "restore_date_time": null,
            "restore_source_name": null,
            "restore_to_latest_time": null,
            "server_side_encryption": [],
            "stream_arn": "",
            "stream_enabled": false,
            "stream_label": "",
            "stream_view_type": "",
            "table_class": "",
            "tags": {
              "AppName": "mylearn-app"
            },
            "tags_all": {
              "AppName": "mylearn-app"
            },
            "timeouts": null,
            "ttl": [
              {
                "attribute_name": "",
                "enabled": false
              }
            ],
            "write_capacity": 0
          },
          "sensitive_attributes": [],
          "private": "eyJlMmJmYjczMC1lY2FhLTExZTYtOGY4OC0zNDM2M2JjN2M0YzAiOnsiY3JlYXRlIjoxODAwMDAwMDAwMDAwLCJkZWxldGUiOjYwMDAwMDAwMDAwMCwidXBkYXRlIjozNjAwMDAwMDAwMDAwfSwic2NoZW1hX3ZlcnNpb24iOiIxIn0=",
          "create_before_destroy": true
        }
      ]
    },
    {
      "mode": "managed",
      "type": "aws_iam_role",
      "name": "auth_lambda",
      "provider": "provider[\"registry.terraform.io/hashicorp/aws\"]",
      "instances": [
        {
          "schema_version": 0,
          "attributes": {
            "arn": "arn:aws:iam::614695401085:role/auth-lambda-eu-central-1",
            "assume_role_policy": "{\"Version\":\"2012-10-17\",\"Statement\":[{\"Effect\":\"Allow\",\"Principal\":{\"Service\":\"lambda.amazonaws.com\"},\"Action\":\"sts:AssumeRole\"}]}",
            "create_date": "2022-06-27T15:36:08Z",
            "description": "",
            "force_detach_policies": false,
            "id": "auth-lambda-eu-central-1",
            "inline_policy": [
              {
                "name": "",
                "policy": ""
              }
            ],
            "managed_policy_arns": [
              "arn:aws:iam::aws:policy/service-role/AWSLambdaBasicExecutionRole"
            ],
            "max_session_duration": 3600,
            "name": "auth-lambda-eu-central-1",
            "name_prefix": "",
            "path": "/",
            "permissions_boundary": null,
            "tags": {},
            "tags_all": {},
            "unique_id": "AROAY6HVTOZ62JSRFU7CY"
          },
          "sensitive_attributes": [],
          "private": "bnVsbA==",
          "create_before_destroy": true
        }
      ]
    },
    {
      "mode": "managed",
      "type": "aws_iam_role",
      "name": "cognito_after_register",
      "provider": "provider[\"registry.terraform.io/hashicorp/aws\"]",
      "instances": [
        {
          "schema_version": 0,
          "attributes": {
            "arn": "arn:aws:iam::614695401085:role/cognito-after-register-eu-central-1",
            "assume_role_policy": "{\"Version\":\"2012-10-17\",\"Statement\":[{\"Effect\":\"Allow\",\"Principal\":{\"Service\":\"lambda.amazonaws.com\"},\"Action\":\"sts:AssumeRole\"}]}",
            "create_date": "2022-06-24T11:30:07Z",
            "description": "",
            "force_detach_policies": false,
            "id": "cognito-after-register-eu-central-1",
            "inline_policy": [
              {
                "name": "cognito-after-register-eu-central-1",
                "policy": "{\"Statement\":[{\"Action\":\"dynamodb:PutItem\",\"Effect\":\"Allow\",\"Resource\":\"arn:aws:dynamodb:eu-central-1:614695401085:table/cognito-users\"},{\"Action\":\"cognito-idp:*\",\"Effect\":\"Allow\",\"Resource\":\"arn:aws:cognito-idp:eu-central-1:614695401085:userpool/eu-central-1_kwwHHpwML\"}],\"Version\":\"2012-10-17\"}"
              }
            ],
            "managed_policy_arns": [
              "arn:aws:iam::aws:policy/service-role/AWSLambdaBasicExecutionRole"
            ],
            "max_session_duration": 3600,
            "name": "cognito-after-register-eu-central-1",
            "name_prefix": "",
            "path": "/",
            "permissions_boundary": null,
            "tags": {},
            "tags_all": {},
            "unique_id": "AROAY6HVTOZ6WIWNGFDUH"
          },
          "sensitive_attributes": [],
          "private": "bnVsbA==",
          "create_before_destroy": true
        }
      ]
    },
    {
      "mode": "managed",
      "type": "aws_iam_role",
      "name": "mylearn_grades",
      "provider": "provider[\"registry.terraform.io/hashicorp/aws\"]",
      "instances": [
        {
          "schema_version": 0,
          "attributes": {
            "arn": "arn:aws:iam::614695401085:role/mylearn-grades-eu-central-1",
            "assume_role_policy": "{\"Version\":\"2012-10-17\",\"Statement\":[{\"Effect\":\"Allow\",\"Principal\":{\"Service\":\"lambda.amazonaws.com\"},\"Action\":\"sts:AssumeRole\"}]}",
            "create_date": "2022-06-24T11:30:07Z",
            "description": "",
            "force_detach_policies": false,
            "id": "mylearn-grades-eu-central-1",
            "inline_policy": [
              {
                "name": "mylearn-grades-eu-central-1",
                "policy": "{\"Statement\":[{\"Action\":[\"dynamodb:PutItem\",\"dynamodb:GetItem\",\"dynamodb:Scan\",\"dynamodb:Query\",\"dynamodb:UpdateItem\"],\"Effect\":\"Allow\",\"Resource\":\"arn:aws:dynamodb:eu-central-1:614695401085:table/mylearn-grades\"},{\"Action\":\"dynamodb:ListTables\",\"Effect\":\"Allow\",\"Resource\":\"*\"}],\"Version\":\"2012-10-17\"}"
              }
            ],
            "managed_policy_arns": [
              "arn:aws:iam::aws:policy/service-role/AWSLambdaBasicExecutionRole"
            ],
            "max_session_duration": 3600,
            "name": "mylearn-grades-eu-central-1",
            "name_prefix": "",
            "path": "/",
            "permissions_boundary": null,
            "tags": {},
            "tags_all": {},
            "unique_id": "AROAY6HVTOZ6USJXTL6PG"
          },
          "sensitive_attributes": [],
          "private": "bnVsbA==",
          "create_before_destroy": true
        }
      ]
    },
    {
      "mode": "managed",
      "type": "aws_iam_role",
      "name": "mylearn_invocation_role",
      "provider": "provider[\"registry.terraform.io/hashicorp/aws\"]",
      "instances": [
        {
          "schema_version": 0,
          "attributes": {
            "arn": "arn:aws:iam::614695401085:role/api_gateway_auth_invocation",
            "assume_role_policy": "{\"Version\":\"2012-10-17\",\"Statement\":[{\"Sid\":\"\",\"Effect\":\"Allow\",\"Principal\":{\"Service\":\"apigateway.amazonaws.com\"},\"Action\":\"sts:AssumeRole\"}]}",
            "create_date": "2022-06-27T15:36:08Z",
            "description": "",
            "force_detach_policies": false,
            "id": "api_gateway_auth_invocation",
            "inline_policy": [
              {
                "name": "default",
                "policy": "{\r\n  \"Version\": \"2012-10-17\",\r\n  \"Statement\": [\r\n    {\r\n      \"Action\": \"lambda:InvokeFunction\",\r\n      \"Effect\": \"Allow\",\r\n      \"Resource\": \"arn:aws:lambda:eu-central-1:614695401085:function:auth-lambda\"\r\n    }\r\n  ]\r\n}\r\n"
              }
            ],
            "managed_policy_arns": [],
            "max_session_duration": 3600,
            "name": "api_gateway_auth_invocation",
            "name_prefix": "",
            "path": "/",
            "permissions_boundary": null,
            "tags": {},
            "tags_all": {},
            "unique_id": "AROAY6HVTOZ66I4F72YHQ"
          },
          "sensitive_attributes": [],
          "private": "bnVsbA==",
          "create_before_destroy": true
        }
      ]
    },
    {
      "mode": "managed",
      "type": "aws_iam_role_policy",
      "name": "cognito_after_register",
      "provider": "provider[\"registry.terraform.io/hashicorp/aws\"]",
      "instances": [
        {
          "schema_version": 0,
          "attributes": {
            "id": "cognito-after-register-eu-central-1:cognito-after-register-eu-central-1",
            "name": "cognito-after-register-eu-central-1",
            "name_prefix": null,
            "policy": "{\"Statement\":[{\"Action\":\"dynamodb:PutItem\",\"Effect\":\"Allow\",\"Resource\":\"arn:aws:dynamodb:eu-central-1:614695401085:table/cognito-users\"},{\"Action\":\"cognito-idp:*\",\"Effect\":\"Allow\",\"Resource\":\"arn:aws:cognito-idp:eu-central-1:614695401085:userpool/eu-central-1_kwwHHpwML\"}],\"Version\":\"2012-10-17\"}",
            "role": "cognito-after-register-eu-central-1"
          },
          "sensitive_attributes": [],
          "private": "bnVsbA==",
          "dependencies": [
            "aws_cognito_user_pool.mylearn",
            "aws_dynamodb_table.cognito_users",
            "aws_iam_role.cognito_after_register",
            "aws_lambda_function.cognito_after_register"
          ]
        }
      ]
    },
    {
      "mode": "managed",
      "type": "aws_iam_role_policy",
      "name": "invocation_policy",
      "provider": "provider[\"registry.terraform.io/hashicorp/aws\"]",
      "instances": [
        {
          "schema_version": 0,
          "attributes": {
            "id": "api_gateway_auth_invocation:default",
            "name": "default",
            "name_prefix": null,
            "policy": "{\r\n  \"Version\": \"2012-10-17\",\r\n  \"Statement\": [\r\n    {\r\n      \"Action\": \"lambda:InvokeFunction\",\r\n      \"Effect\": \"Allow\",\r\n      \"Resource\": \"arn:aws:lambda:eu-central-1:614695401085:function:auth-lambda\"\r\n    }\r\n  ]\r\n}\r\n",
            "role": "api_gateway_auth_invocation"
          },
          "sensitive_attributes": [],
          "private": "bnVsbA==",
          "dependencies": [
            "aws_cognito_user_pool.mylearn",
            "aws_dynamodb_table.cognito_users",
            "aws_iam_role.auth_lambda",
            "aws_iam_role.cognito_after_register",
            "aws_iam_role.mylearn_invocation_role",
            "aws_lambda_function.auth_lambda",
            "aws_lambda_function.cognito_after_register"
          ]
        }
      ]
    },
    {
      "mode": "managed",
      "type": "aws_iam_role_policy",
      "name": "mylearn_grades",
      "provider": "provider[\"registry.terraform.io/hashicorp/aws\"]",
      "instances": [
        {
          "schema_version": 0,
          "attributes": {
            "id": "mylearn-grades-eu-central-1:mylearn-grades-eu-central-1",
            "name": "mylearn-grades-eu-central-1",
            "name_prefix": null,
            "policy": "{\"Statement\":[{\"Action\":[\"dynamodb:PutItem\",\"dynamodb:GetItem\",\"dynamodb:Scan\",\"dynamodb:Query\",\"dynamodb:UpdateItem\"],\"Effect\":\"Allow\",\"Resource\":\"arn:aws:dynamodb:eu-central-1:614695401085:table/mylearn-grades\"},{\"Action\":\"dynamodb:ListTables\",\"Effect\":\"Allow\",\"Resource\":\"*\"}],\"Version\":\"2012-10-17\"}",
            "role": "mylearn-grades-eu-central-1"
          },
          "sensitive_attributes": [],
          "private": "bnVsbA==",
          "dependencies": [
            "aws_dynamodb_table.mylearn_grades",
            "aws_iam_role.mylearn_grades"
          ]
        }
      ]
    },
    {
      "mode": "managed",
      "type": "aws_lambda_function",
      "name": "auth_lambda",
      "provider": "provider[\"registry.terraform.io/hashicorp/aws\"]",
      "instances": [
        {
          "schema_version": 0,
          "attributes": {
            "architectures": [
              "x86_64"
            ],
            "arn": "arn:aws:lambda:eu-central-1:614695401085:function:auth-lambda",
            "code_signing_config_arn": "",
            "dead_letter_config": [],
            "description": "",
            "environment": [
              {
                "variables": {
                  "REGION": "eu-central-1",
                  "USER_POOL_ID": "eu-central-1_kwwHHpwML"
                }
              }
            ],
            "ephemeral_storage": [
              {
                "size": 512
              }
            ],
            "file_system_config": [],
            "filename": "../lambdas/lambda_build/auth-lambda1.0.2.zip",
            "function_name": "auth-lambda",
            "handler": "main",
            "id": "auth-lambda",
            "image_config": [],
            "image_uri": "",
            "invoke_arn": "arn:aws:apigateway:eu-central-1:lambda:path/2015-03-31/functions/arn:aws:lambda:eu-central-1:614695401085:function:auth-lambda/invocations",
            "kms_key_arn": "",
            "last_modified": "2022-06-27T16:18:08.000+0000",
            "layers": [],
            "memory_size": 128,
            "package_type": "Zip",
            "publish": false,
            "qualified_arn": "arn:aws:lambda:eu-central-1:614695401085:function:auth-lambda:$LATEST",
            "reserved_concurrent_executions": -1,
            "role": "arn:aws:iam::614695401085:role/auth-lambda-eu-central-1",
            "runtime": "go1.x",
            "s3_bucket": null,
            "s3_key": null,
            "s3_object_version": null,
            "signing_job_arn": "",
            "signing_profile_version_arn": "",
            "source_code_hash": "HZQ/1pFK8RqVJ2C9Rbpo/UxT+nO0TNd3Z8cLuJstOPQ=",
            "source_code_size": 4858401,
            "tags": {
              "AppName": "mylearn-app"
            },
            "tags_all": {
              "AppName": "mylearn-app"
            },
            "timeout": 15,
            "timeouts": null,
            "tracing_config": [
              {
                "mode": "PassThrough"
              }
            ],
            "version": "$LATEST",
            "vpc_config": []
          },
          "sensitive_attributes": [],
          "private": "eyJlMmJmYjczMC1lY2FhLTExZTYtOGY4OC0zNDM2M2JjN2M0YzAiOnsiY3JlYXRlIjo2MDAwMDAwMDAwMDB9fQ==",
          "dependencies": [
            "aws_cognito_user_pool.mylearn",
            "aws_iam_role.auth_lambda"
          ]
        }
      ]
    },
    {
      "mode": "managed",
      "type": "aws_lambda_function",
      "name": "cognito_after_register",
      "provider": "provider[\"registry.terraform.io/hashicorp/aws\"]",
      "instances": [
        {
          "schema_version": 0,
          "attributes": {
            "architectures": [
              "x86_64"
            ],
            "arn": "arn:aws:lambda:eu-central-1:614695401085:function:cognito-after-register-lambda",
            "code_signing_config_arn": "",
            "dead_letter_config": [],
            "description": "",
            "environment": [
              {
                "variables": {
                  "GRADES_TABLE": "cognito-users",
                  "REGION": "eu-central-1"
                }
              }
            ],
            "ephemeral_storage": [
              {
                "size": 512
              }
            ],
            "file_system_config": [],
            "filename": "../lambdas/lambda_build/cognito-after-register-lambda1.0.0.zip",
            "function_name": "cognito-after-register-lambda",
            "handler": "main",
            "id": "cognito-after-register-lambda",
            "image_config": [],
            "image_uri": "",
            "invoke_arn": "arn:aws:apigateway:eu-central-1:lambda:path/2015-03-31/functions/arn:aws:lambda:eu-central-1:614695401085:function:cognito-after-register-lambda/invocations",
            "kms_key_arn": "",
            "last_modified": "2022-06-24T11:32:49.108+0000",
            "layers": [],
            "memory_size": 128,
            "package_type": "Zip",
            "publish": false,
            "qualified_arn": "arn:aws:lambda:eu-central-1:614695401085:function:cognito-after-register-lambda:$LATEST",
            "reserved_concurrent_executions": -1,
            "role": "arn:aws:iam::614695401085:role/cognito-after-register-eu-central-1",
            "runtime": "go1.x",
            "s3_bucket": null,
            "s3_key": null,
            "s3_object_version": null,
            "signing_job_arn": "",
            "signing_profile_version_arn": "",
            "source_code_hash": "5vRxdihUGpc8bFrSA3qVtF2wrWv6avwtRL0FAwPY41s=",
            "source_code_size": 6242400,
            "tags": {
              "AppName": "mylearn-app"
            },
            "tags_all": {
              "AppName": "mylearn-app"
            },
            "timeout": 15,
            "timeouts": null,
            "tracing_config": [
              {
                "mode": "PassThrough"
              }
            ],
            "version": "$LATEST",
            "vpc_config": []
          },
          "sensitive_attributes": [],
          "private": "eyJlMmJmYjczMC1lY2FhLTExZTYtOGY4OC0zNDM2M2JjN2M0YzAiOnsiY3JlYXRlIjo2MDAwMDAwMDAwMDB9fQ==",
          "dependencies": [
            "aws_dynamodb_table.cognito_users",
            "aws_iam_role.cognito_after_register"
          ],
          "create_before_destroy": true
        }
      ]
    },
    {
      "mode": "managed",
      "type": "aws_lambda_function",
      "name": "mylearn_grades",
      "provider": "provider[\"registry.terraform.io/hashicorp/aws\"]",
      "instances": [
        {
          "schema_version": 0,
          "attributes": {
            "architectures": [
              "x86_64"
            ],
            "arn": "arn:aws:lambda:eu-central-1:614695401085:function:mylearn-grades",
            "code_signing_config_arn": "",
            "dead_letter_config": [],
            "description": "",
            "environment": [
              {
                "variables": {
                  "GRADES_TABLE": "mylearn-grades",
                  "REGION": "eu-central-1"
                }
              }
            ],
            "ephemeral_storage": [
              {
                "size": 512
              }
            ],
            "file_system_config": [],
            "filename": "../lambdas/lambda_build/grades-lambda1.0.0.zip",
            "function_name": "mylearn-grades",
            "handler": "main",
            "id": "mylearn-grades",
            "image_config": [],
            "image_uri": "",
            "invoke_arn": "arn:aws:apigateway:eu-central-1:lambda:path/2015-03-31/functions/arn:aws:lambda:eu-central-1:614695401085:function:mylearn-grades/invocations",
            "kms_key_arn": "",
            "last_modified": "2022-06-27T15:37:19.000+0000",
            "layers": [],
            "memory_size": 128,
            "package_type": "Zip",
            "publish": false,
            "qualified_arn": "arn:aws:lambda:eu-central-1:614695401085:function:mylearn-grades:$LATEST",
            "reserved_concurrent_executions": -1,
            "role": "arn:aws:iam::614695401085:role/mylearn-grades-eu-central-1",
            "runtime": "go1.x",
            "s3_bucket": null,
            "s3_key": null,
            "s3_object_version": null,
            "signing_job_arn": "",
            "signing_profile_version_arn": "",
            "source_code_hash": "Pma6EtyiBVrzS4XkQdfqJry9/376DWD54ZJiImiH+5k=",
            "source_code_size": 6325032,
            "tags": {
              "AppName": "mylearn-app"
            },
            "tags_all": {
              "AppName": "mylearn-app"
            },
            "timeout": 15,
            "timeouts": null,
            "tracing_config": [
              {
                "mode": "PassThrough"
              }
            ],
            "version": "$LATEST",
            "vpc_config": []
          },
          "sensitive_attributes": [],
          "private": "eyJlMmJmYjczMC1lY2FhLTExZTYtOGY4OC0zNDM2M2JjN2M0YzAiOnsiY3JlYXRlIjo2MDAwMDAwMDAwMDB9fQ==",
          "dependencies": [
            "aws_dynamodb_table.mylearn_grades",
            "aws_iam_role.mylearn_grades"
          ],
          "create_before_destroy": true
        }
      ]
    },
    {
      "mode": "managed",
      "type": "aws_lambda_permission",
      "name": "cognito_after_register",
      "provider": "provider[\"registry.terraform.io/hashicorp/aws\"]",
      "instances": [
        {
          "schema_version": 0,
          "attributes": {
            "action": "lambda:InvokeFunction",
            "event_source_token": null,
            "function_name": "cognito-after-register-lambda",
            "id": "AllowExecutionFromCognito",
            "principal": "cognito-idp.amazonaws.com",
            "principal_org_id": null,
            "qualifier": "",
            "source_account": null,
            "source_arn": "arn:aws:cognito-idp:eu-central-1:614695401085:userpool/eu-central-1_kwwHHpwML",
            "statement_id": "AllowExecutionFromCognito",
            "statement_id_prefix": null
          },
          "sensitive_attributes": [],
          "private": "bnVsbA==",
          "dependencies": [
            "aws_cognito_user_pool.mylearn",
            "aws_dynamodb_table.cognito_users",
            "aws_iam_role.cognito_after_register",
            "aws_lambda_function.cognito_after_register"
          ]
        }
      ]
    },
    {
      "mode": "managed",
      "type": "aws_lambda_permission",
      "name": "mylearn_grades",
      "provider": "provider[\"registry.terraform.io/hashicorp/aws\"]",
      "instances": [
        {
          "schema_version": 0,
          "attributes": {
            "action": "lambda:InvokeFunction",
            "event_source_token": null,
            "function_name": "mylearn-grades",
            "id": "AllowExecutionFromAPIGateway",
            "principal": "apigateway.amazonaws.com",
            "principal_org_id": null,
            "qualifier": "",
            "source_account": null,
            "source_arn": "arn:aws:execute-api:eu-central-1:614695401085:y1llo92zmi/*/*",
            "statement_id": "AllowExecutionFromAPIGateway",
            "statement_id_prefix": null
          },
          "sensitive_attributes": [],
          "private": "bnVsbA==",
          "dependencies": [
            "aws_api_gateway_rest_api.mylearn",
            "aws_dynamodb_table.mylearn_grades",
            "aws_iam_role.mylearn_grades",
            "aws_lambda_function.mylearn_grades"
          ]
        }
      ]
    }
  ]
}
