{
  "version": 4,
  "terraform_version": "1.2.3",
  "serial": 3801,
  "lineage": "6c7a8802-2499-e29b-b4ad-96aabae5e326",
  "outputs": {
    "rest_api_url": {
      "value": "https://h4ihpoaqo3.execute-api.eu-central-1.amazonaws.com/test",
      "type": "string"
    },
    "websocket_chat_api_url": {
      "value": "wss://b0g37onld1.execute-api.eu-central-1.amazonaws.com/test",
      "type": "string"
    }
  },
  "resources": [
    {
      "mode": "data",
      "type": "aws_api_gateway_resource",
      "name": "s3",
      "provider": "provider[\"registry.terraform.io/hashicorp/aws\"]",
      "instances": [
        {
          "schema_version": 0,
          "attributes": {
            "id": "r1fome",
            "parent_id": "s48jel2m8b",
            "path": "/s3",
            "path_part": "s3",
            "rest_api_id": "byvz4zztf3"
          },
          "sensitive_attributes": []
        }
      ]
    },
    {
      "mode": "data",
      "type": "aws_caller_identity",
      "name": "account",
      "provider": "provider[\"registry.terraform.io/hashicorp/aws\"]",
      "instances": [
        {
          "schema_version": 0,
          "attributes": {
            "account_id": "949052962425",
            "arn": "arn:aws:iam::949052962425:user/marek",
            "id": "949052962425",
            "user_id": "AIDA5Z57W6Z42J5O72YGT"
          },
          "sensitive_attributes": []
        }
      ]
    },
    {
      "mode": "managed",
      "type": "aws_api_gateway_authorizer",
      "name": "mylearn",
      "provider": "provider[\"registry.terraform.io/hashicorp/aws\"]",
      "instances": [
        {
          "schema_version": 0,
          "attributes": {
            "arn": "arn:aws:apigateway:eu-central-1::/restapis/h4ihpoaqo3/authorizers/1iyzks",
            "authorizer_credentials": "arn:aws:iam::949052962425:role/api_gateway_auth_invocation",
            "authorizer_result_ttl_in_seconds": 0,
            "authorizer_uri": "arn:aws:apigateway:eu-central-1:lambda:path/2015-03-31/functions/arn:aws:lambda:eu-central-1:949052962425:function:auth-lambda/invocations",
            "id": "1iyzks",
            "identity_source": "method.request.header.Authorization",
            "identity_validation_expression": "",
            "name": "mylearn-custom-lambda-authorizer",
            "provider_arns": [],
            "rest_api_id": "h4ihpoaqo3",
            "type": "TOKEN"
          },
          "sensitive_attributes": [],
          "private": "bnVsbA==",
          "dependencies": [
            "aws_api_gateway_rest_api.mylearn",
            "aws_cognito_user_pool.mylearn",
            "aws_dynamodb_table.cognito_users",
            "aws_iam_role.auth_lambda",
            "aws_iam_role.cognito_after_register",
            "aws_iam_role.mylearn_invocation_role",
            "aws_lambda_function.auth_lambda",
            "aws_lambda_function.cognito_after_register"
          ],
          "create_before_destroy": true
        }
      ]
    },
    {
      "mode": "managed",
      "type": "aws_api_gateway_deployment",
      "name": "mylearn",
      "provider": "provider[\"registry.terraform.io/hashicorp/aws\"]",
      "instances": [
        {
          "schema_version": 0,
          "attributes": {
            "created_date": "2022-08-30T23:07:59Z",
            "description": "",
            "execution_arn": "arn:aws:execute-api:eu-central-1:949052962425:h4ihpoaqo3/",
            "id": "65ixtw",
            "invoke_url": "https://h4ihpoaqo3.execute-api.eu-central-1.amazonaws.com/",
            "rest_api_id": "h4ihpoaqo3",
            "stage_description": null,
            "stage_name": null,
            "triggers": null,
            "variables": {
              "deployed_at": "2022-08-30T23:07:57Z"
            }
          },
          "sensitive_attributes": [],
          "private": "bnVsbA==",
          "dependencies": [
            "aws_api_gateway_integration.mylearn_class_users_delete",
            "aws_api_gateway_integration.mylearn_class_users_get",
            "aws_api_gateway_integration.mylearn_class_users_post",
            "aws_api_gateway_integration.mylearn_classes_delete",
            "aws_api_gateway_integration.mylearn_classes_get",
            "aws_api_gateway_integration.mylearn_classes_post",
            "aws_api_gateway_integration.mylearn_cognito_manage_groups_post",
            "aws_api_gateway_integration.mylearn_cognito_users_login_post",
            "aws_api_gateway_integration.mylearn_grades_get",
            "aws_api_gateway_integration.mylearn_grades_post",
            "aws_api_gateway_integration.mylearn_rest_chat_get",
            "aws_api_gateway_integration.mylearn_rest_lessons_delete",
            "aws_api_gateway_integration.mylearn_rest_lessons_get",
            "aws_api_gateway_integration.mylearn_rest_lessons_post",
            "aws_api_gateway_integration.mylearn_s3_files_get",
            "aws_api_gateway_integration.mylearn_s3_folders_get",
            "aws_api_gateway_integration.mylearn_users_get",
            "aws_api_gateway_method.mylearn_cognito_manage_groups_post",
            "aws_api_gateway_resource.mylearn_cognito_manage_groups",
            "aws_api_gateway_rest_api.mylearn",
            "aws_lambda_function.cognito_user_lambda"
          ],
          "create_before_destroy": true
        }
      ]
    },
    {
      "mode": "managed",
      "type": "aws_api_gateway_deployment",
      "name": "mylearn_s3",
      "provider": "provider[\"registry.terraform.io/hashicorp/aws\"]",
      "instances": [
        {
          "schema_version": 0,
          "attributes": {
            "created_date": "2022-08-28T21:36:20Z",
            "description": "",
            "execution_arn": "arn:aws:execute-api:eu-central-1:949052962425:byvz4zztf3/",
            "id": "deblcp",
            "invoke_url": "https://byvz4zztf3.execute-api.eu-central-1.amazonaws.com/",
            "rest_api_id": "byvz4zztf3",
            "stage_description": null,
            "stage_name": null,
            "triggers": null,
            "variables": null
          },
          "sensitive_attributes": [],
          "private": "bnVsbA==",
          "dependencies": [
            "aws_api_gateway_rest_api.mylearn_s3",
            "aws_iam_role.s3_content_gateway",
            "data.aws_api_gateway_resource.s3"
          ],
          "create_before_destroy": true
        }
      ]
    },
    {
      "mode": "managed",
      "type": "aws_api_gateway_gateway_response",
      "name": "mylearn_authorizer",
      "provider": "provider[\"registry.terraform.io/hashicorp/aws\"]",
      "instances": [
        {
          "schema_version": 0,
          "attributes": {
            "id": "aggr-h4ihpoaqo3-DEFAULT_4XX",
            "response_parameters": {
              "gatewayresponse.header.Access-Control-Allow-Headers": "'Content-Type,X-Amz-Date,Authorization,X-Api-Key,X-Amz-Security-Token'",
              "gatewayresponse.header.Access-Control-Allow-Methods": "'GET,POST,OPTIONS'",
              "gatewayresponse.header.Access-Control-Allow-Origin": "'*'"
            },
            "response_templates": {
              "application/json": "{\"message\":$context.error.messageString}"
            },
            "response_type": "DEFAULT_4XX",
            "rest_api_id": "h4ihpoaqo3",
            "status_code": "401"
          },
          "sensitive_attributes": [],
          "private": "bnVsbA==",
          "dependencies": [
            "aws_api_gateway_rest_api.mylearn"
          ]
        }
      ]
    },
    {
      "mode": "managed",
      "type": "aws_api_gateway_integration",
      "name": "mylearn_class_users_delete",
      "provider": "provider[\"registry.terraform.io/hashicorp/aws\"]",
      "instances": [
        {
          "schema_version": 0,
          "attributes": {
            "cache_key_parameters": [],
            "cache_namespace": "eojb4o",
            "connection_id": "",
            "connection_type": "INTERNET",
            "content_handling": "",
            "credentials": "",
            "http_method": "DELETE",
            "id": "agi-h4ihpoaqo3-eojb4o-DELETE",
            "integration_http_method": "POST",
            "passthrough_behavior": "WHEN_NO_MATCH",
            "request_parameters": {},
            "request_templates": {},
            "resource_id": "eojb4o",
            "rest_api_id": "h4ihpoaqo3",
            "timeout_milliseconds": 29000,
            "tls_config": [],
            "type": "AWS_PROXY",
            "uri": "arn:aws:apigateway:eu-central-1:lambda:path/2015-03-31/functions/arn:aws:lambda:eu-central-1:949052962425:function:user-lambda/invocations"
          },
          "sensitive_attributes": [],
          "private": "bnVsbA==",
          "dependencies": [
            "aws_api_gateway_authorizer.mylearn",
            "aws_api_gateway_method.mylearn_class_users_delete",
            "aws_api_gateway_resource.mylearn_class_users",
            "aws_api_gateway_rest_api.mylearn",
            "aws_cognito_user_pool.mylearn",
            "aws_cognito_user_pool_client.webapp",
            "aws_dynamodb_table.cognito_users",
            "aws_dynamodb_table.mylearn_classes",
            "aws_iam_role.auth_lambda",
            "aws_iam_role.cognito_after_register",
            "aws_iam_role.mylearn_invocation_role",
            "aws_iam_role.mylearn_users",
            "aws_lambda_function.auth_lambda",
            "aws_lambda_function.cognito_after_register",
            "aws_lambda_function.user_lambda"
          ],
          "create_before_destroy": true
        }
      ]
    },
    {
      "mode": "managed",
      "type": "aws_api_gateway_integration",
      "name": "mylearn_class_users_get",
      "provider": "provider[\"registry.terraform.io/hashicorp/aws\"]",
      "instances": [
        {
          "schema_version": 0,
          "attributes": {
            "cache_key_parameters": [],
            "cache_namespace": "eojb4o",
            "connection_id": "",
            "connection_type": "INTERNET",
            "content_handling": "",
            "credentials": "",
            "http_method": "GET",
            "id": "agi-h4ihpoaqo3-eojb4o-GET",
            "integration_http_method": "POST",
            "passthrough_behavior": "WHEN_NO_MATCH",
            "request_parameters": {},
            "request_templates": {},
            "resource_id": "eojb4o",
            "rest_api_id": "h4ihpoaqo3",
            "timeout_milliseconds": 29000,
            "tls_config": [],
            "type": "AWS_PROXY",
            "uri": "arn:aws:apigateway:eu-central-1:lambda:path/2015-03-31/functions/arn:aws:lambda:eu-central-1:949052962425:function:user-lambda/invocations"
          },
          "sensitive_attributes": [],
          "private": "bnVsbA==",
          "dependencies": [
            "aws_api_gateway_authorizer.mylearn",
            "aws_api_gateway_method.mylearn_class_users_get",
            "aws_api_gateway_resource.mylearn_class_users",
            "aws_api_gateway_rest_api.mylearn",
            "aws_cognito_user_pool.mylearn",
            "aws_cognito_user_pool_client.webapp",
            "aws_dynamodb_table.cognito_users",
            "aws_dynamodb_table.mylearn_classes",
            "aws_iam_role.auth_lambda",
            "aws_iam_role.cognito_after_register",
            "aws_iam_role.mylearn_invocation_role",
            "aws_iam_role.mylearn_users",
            "aws_lambda_function.auth_lambda",
            "aws_lambda_function.cognito_after_register",
            "aws_lambda_function.user_lambda"
          ],
          "create_before_destroy": true
        }
      ]
    },
    {
      "mode": "managed",
      "type": "aws_api_gateway_integration",
      "name": "mylearn_class_users_post",
      "provider": "provider[\"registry.terraform.io/hashicorp/aws\"]",
      "instances": [
        {
          "schema_version": 0,
          "attributes": {
            "cache_key_parameters": [],
            "cache_namespace": "eojb4o",
            "connection_id": "",
            "connection_type": "INTERNET",
            "content_handling": "",
            "credentials": "",
            "http_method": "POST",
            "id": "agi-h4ihpoaqo3-eojb4o-POST",
            "integration_http_method": "POST",
            "passthrough_behavior": "WHEN_NO_MATCH",
            "request_parameters": {},
            "request_templates": {},
            "resource_id": "eojb4o",
            "rest_api_id": "h4ihpoaqo3",
            "timeout_milliseconds": 29000,
            "tls_config": [],
            "type": "AWS_PROXY",
            "uri": "arn:aws:apigateway:eu-central-1:lambda:path/2015-03-31/functions/arn:aws:lambda:eu-central-1:949052962425:function:user-lambda/invocations"
          },
          "sensitive_attributes": [],
          "private": "bnVsbA==",
          "dependencies": [
            "aws_api_gateway_authorizer.mylearn",
            "aws_api_gateway_method.mylearn_class_users_post",
            "aws_api_gateway_resource.mylearn_class_users",
            "aws_api_gateway_rest_api.mylearn",
            "aws_cognito_user_pool.mylearn",
            "aws_cognito_user_pool_client.webapp",
            "aws_dynamodb_table.cognito_users",
            "aws_dynamodb_table.mylearn_classes",
            "aws_iam_role.auth_lambda",
            "aws_iam_role.cognito_after_register",
            "aws_iam_role.mylearn_invocation_role",
            "aws_iam_role.mylearn_users",
            "aws_lambda_function.auth_lambda",
            "aws_lambda_function.cognito_after_register",
            "aws_lambda_function.user_lambda"
          ],
          "create_before_destroy": true
        }
      ]
    },
    {
      "mode": "managed",
      "type": "aws_api_gateway_integration",
      "name": "mylearn_classes_delete",
      "provider": "provider[\"registry.terraform.io/hashicorp/aws\"]",
      "instances": [
        {
          "schema_version": 0,
          "attributes": {
            "cache_key_parameters": [],
            "cache_namespace": "f39n69",
            "connection_id": "",
            "connection_type": "INTERNET",
            "content_handling": "",
            "credentials": "",
            "http_method": "DELETE",
            "id": "agi-h4ihpoaqo3-f39n69-DELETE",
            "integration_http_method": "POST",
            "passthrough_behavior": "WHEN_NO_MATCH",
            "request_parameters": {},
            "request_templates": {},
            "resource_id": "f39n69",
            "rest_api_id": "h4ihpoaqo3",
            "timeout_milliseconds": 29000,
            "tls_config": [],
            "type": "AWS_PROXY",
            "uri": "arn:aws:apigateway:eu-central-1:lambda:path/2015-03-31/functions/arn:aws:lambda:eu-central-1:949052962425:function:user-lambda/invocations"
          },
          "sensitive_attributes": [],
          "private": "bnVsbA==",
          "dependencies": [
            "aws_api_gateway_authorizer.mylearn",
            "aws_api_gateway_method.mylearn_classes_delete",
            "aws_api_gateway_resource.mylearn_classes",
            "aws_api_gateway_rest_api.mylearn",
            "aws_cognito_user_pool.mylearn",
            "aws_cognito_user_pool_client.webapp",
            "aws_dynamodb_table.cognito_users",
            "aws_dynamodb_table.mylearn_classes",
            "aws_iam_role.auth_lambda",
            "aws_iam_role.cognito_after_register",
            "aws_iam_role.mylearn_invocation_role",
            "aws_iam_role.mylearn_users",
            "aws_lambda_function.auth_lambda",
            "aws_lambda_function.cognito_after_register",
            "aws_lambda_function.user_lambda"
          ],
          "create_before_destroy": true
        }
      ]
    },
    {
      "mode": "managed",
      "type": "aws_api_gateway_integration",
      "name": "mylearn_classes_get",
      "provider": "provider[\"registry.terraform.io/hashicorp/aws\"]",
      "instances": [
        {
          "schema_version": 0,
          "attributes": {
            "cache_key_parameters": [],
            "cache_namespace": "f39n69",
            "connection_id": "",
            "connection_type": "INTERNET",
            "content_handling": "",
            "credentials": "",
            "http_method": "GET",
            "id": "agi-h4ihpoaqo3-f39n69-GET",
            "integration_http_method": "POST",
            "passthrough_behavior": "WHEN_NO_MATCH",
            "request_parameters": {},
            "request_templates": {},
            "resource_id": "f39n69",
            "rest_api_id": "h4ihpoaqo3",
            "timeout_milliseconds": 29000,
            "tls_config": [],
            "type": "AWS_PROXY",
            "uri": "arn:aws:apigateway:eu-central-1:lambda:path/2015-03-31/functions/arn:aws:lambda:eu-central-1:949052962425:function:user-lambda/invocations"
          },
          "sensitive_attributes": [],
          "private": "bnVsbA==",
          "dependencies": [
            "aws_api_gateway_authorizer.mylearn",
            "aws_api_gateway_method.mylearn_classes_get",
            "aws_api_gateway_resource.mylearn_classes",
            "aws_api_gateway_rest_api.mylearn",
            "aws_cognito_user_pool.mylearn",
            "aws_cognito_user_pool_client.webapp",
            "aws_dynamodb_table.cognito_users",
            "aws_dynamodb_table.mylearn_classes",
            "aws_iam_role.auth_lambda",
            "aws_iam_role.cognito_after_register",
            "aws_iam_role.mylearn_invocation_role",
            "aws_iam_role.mylearn_users",
            "aws_lambda_function.auth_lambda",
            "aws_lambda_function.cognito_after_register",
            "aws_lambda_function.user_lambda"
          ],
          "create_before_destroy": true
        }
      ]
    },
    {
      "mode": "managed",
      "type": "aws_api_gateway_integration",
      "name": "mylearn_classes_post",
      "provider": "provider[\"registry.terraform.io/hashicorp/aws\"]",
      "instances": [
        {
          "schema_version": 0,
          "attributes": {
            "cache_key_parameters": [],
            "cache_namespace": "f39n69",
            "connection_id": "",
            "connection_type": "INTERNET",
            "content_handling": "",
            "credentials": "",
            "http_method": "POST",
            "id": "agi-h4ihpoaqo3-f39n69-POST",
            "integration_http_method": "POST",
            "passthrough_behavior": "WHEN_NO_MATCH",
            "request_parameters": {},
            "request_templates": {},
            "resource_id": "f39n69",
            "rest_api_id": "h4ihpoaqo3",
            "timeout_milliseconds": 29000,
            "tls_config": [],
            "type": "AWS_PROXY",
            "uri": "arn:aws:apigateway:eu-central-1:lambda:path/2015-03-31/functions/arn:aws:lambda:eu-central-1:949052962425:function:user-lambda/invocations"
          },
          "sensitive_attributes": [],
          "private": "bnVsbA==",
          "dependencies": [
            "aws_api_gateway_authorizer.mylearn",
            "aws_api_gateway_method.mylearn_classes_post",
            "aws_api_gateway_resource.mylearn_classes",
            "aws_api_gateway_rest_api.mylearn",
            "aws_cognito_user_pool.mylearn",
            "aws_cognito_user_pool_client.webapp",
            "aws_dynamodb_table.cognito_users",
            "aws_dynamodb_table.mylearn_classes",
            "aws_iam_role.auth_lambda",
            "aws_iam_role.cognito_after_register",
            "aws_iam_role.mylearn_invocation_role",
            "aws_iam_role.mylearn_users",
            "aws_lambda_function.auth_lambda",
            "aws_lambda_function.cognito_after_register",
            "aws_lambda_function.user_lambda"
          ],
          "create_before_destroy": true
        }
      ]
    },
    {
      "mode": "managed",
      "type": "aws_api_gateway_integration",
      "name": "mylearn_cognito_manage_groups_post",
      "provider": "provider[\"registry.terraform.io/hashicorp/aws\"]",
      "instances": [
        {
          "schema_version": 0,
          "attributes": {
            "cache_key_parameters": null,
            "cache_namespace": "wfswg6",
            "connection_id": "",
            "connection_type": "INTERNET",
            "content_handling": "",
            "credentials": "",
            "http_method": "POST",
            "id": "agi-h4ihpoaqo3-wfswg6-POST",
            "integration_http_method": "POST",
            "passthrough_behavior": "WHEN_NO_MATCH",
            "request_parameters": null,
            "request_templates": null,
            "resource_id": "wfswg6",
            "rest_api_id": "h4ihpoaqo3",
            "timeout_milliseconds": 29000,
            "tls_config": [],
            "type": "AWS_PROXY",
            "uri": "arn:aws:apigateway:eu-central-1:lambda:path/2015-03-31/functions/arn:aws:lambda:eu-central-1:949052962425:function:cognito-user-lambda/invocations"
          },
          "sensitive_attributes": [],
          "private": "bnVsbA==",
          "dependencies": [
            "aws_api_gateway_method.mylearn_cognito_manage_groups_post",
            "aws_api_gateway_resource.mylearn_cognito_manage_groups",
            "aws_api_gateway_rest_api.mylearn",
            "aws_lambda_function.cognito_user_lambda"
          ],
          "create_before_destroy": true
        }
      ]
    },
    {
      "mode": "managed",
      "type": "aws_api_gateway_integration",
      "name": "mylearn_cognito_users_login_post",
      "provider": "provider[\"registry.terraform.io/hashicorp/aws\"]",
      "instances": [
        {
          "schema_version": 0,
          "attributes": {
            "cache_key_parameters": [],
            "cache_namespace": "x4h7gz",
            "connection_id": "",
            "connection_type": "INTERNET",
            "content_handling": "",
            "credentials": "",
            "http_method": "POST",
            "id": "agi-h4ihpoaqo3-x4h7gz-POST",
            "integration_http_method": "POST",
            "passthrough_behavior": "WHEN_NO_MATCH",
            "request_parameters": {},
            "request_templates": {},
            "resource_id": "x4h7gz",
            "rest_api_id": "h4ihpoaqo3",
            "timeout_milliseconds": 29000,
            "tls_config": [],
            "type": "AWS_PROXY",
            "uri": "arn:aws:apigateway:eu-central-1:lambda:path/2015-03-31/functions/arn:aws:lambda:eu-central-1:949052962425:function:cognito-user-lambda/invocations"
          },
          "sensitive_attributes": [],
          "private": "bnVsbA==",
          "dependencies": [
            "aws_api_gateway_method.mylearn_cognito_users_login_post",
            "aws_api_gateway_resource.mylearn_cognito_users_login",
            "aws_api_gateway_rest_api.mylearn",
            "aws_cognito_user_pool.mylearn",
            "aws_cognito_user_pool_client.webapp",
            "aws_dynamodb_table.cognito_users",
            "aws_iam_role.cognito_after_register",
            "aws_iam_role.mylearn_cognito_user",
            "aws_lambda_function.cognito_after_register",
            "aws_lambda_function.cognito_user_lambda"
          ],
          "create_before_destroy": true
        }
      ]
    },
    {
      "mode": "managed",
      "type": "aws_api_gateway_integration",
      "name": "mylearn_cognito_users_register_post",
      "provider": "provider[\"registry.terraform.io/hashicorp/aws\"]",
      "instances": [
        {
          "schema_version": 0,
          "attributes": {
            "cache_key_parameters": [],
            "cache_namespace": "ex9coh",
            "connection_id": "",
            "connection_type": "INTERNET",
            "content_handling": "",
            "credentials": "",
            "http_method": "POST",
            "id": "agi-h4ihpoaqo3-ex9coh-POST",
            "integration_http_method": "POST",
            "passthrough_behavior": "WHEN_NO_MATCH",
            "request_parameters": {},
            "request_templates": {},
            "resource_id": "ex9coh",
            "rest_api_id": "h4ihpoaqo3",
            "timeout_milliseconds": 29000,
            "tls_config": [],
            "type": "AWS_PROXY",
            "uri": "arn:aws:apigateway:eu-central-1:lambda:path/2015-03-31/functions/arn:aws:lambda:eu-central-1:949052962425:function:cognito-user-lambda/invocations"
          },
          "sensitive_attributes": [],
          "private": "bnVsbA==",
          "dependencies": [
            "aws_api_gateway_method.mylearn_cognito_users_register_post",
            "aws_api_gateway_resource.mylearn_cognito_users_register",
            "aws_api_gateway_rest_api.mylearn",
            "aws_cognito_user_pool.mylearn",
            "aws_cognito_user_pool_client.webapp",
            "aws_dynamodb_table.cognito_users",
            "aws_iam_role.cognito_after_register",
            "aws_iam_role.mylearn_cognito_user",
            "aws_lambda_function.cognito_after_register",
            "aws_lambda_function.cognito_user_lambda"
          ]
        }
      ]
    },
    {
      "mode": "managed",
      "type": "aws_api_gateway_integration",
      "name": "mylearn_grades_get",
      "provider": "provider[\"registry.terraform.io/hashicorp/aws\"]",
      "instances": [
        {
          "schema_version": 0,
          "attributes": {
            "cache_key_parameters": [],
            "cache_namespace": "gzhvl2",
            "connection_id": "",
            "connection_type": "INTERNET",
            "content_handling": "",
            "credentials": "",
            "http_method": "GET",
            "id": "agi-h4ihpoaqo3-gzhvl2-GET",
            "integration_http_method": "POST",
            "passthrough_behavior": "WHEN_NO_MATCH",
            "request_parameters": {},
            "request_templates": {},
            "resource_id": "gzhvl2",
            "rest_api_id": "h4ihpoaqo3",
            "timeout_milliseconds": 29000,
            "tls_config": [],
            "type": "AWS_PROXY",
            "uri": "arn:aws:apigateway:eu-central-1:lambda:path/2015-03-31/functions/arn:aws:lambda:eu-central-1:949052962425:function:mylearn-grades/invocations"
          },
          "sensitive_attributes": [],
          "private": "bnVsbA==",
          "dependencies": [
            "aws_api_gateway_authorizer.mylearn",
            "aws_api_gateway_method.mylearn_grades_get",
            "aws_api_gateway_resource.mylearn_grades",
            "aws_api_gateway_rest_api.mylearn",
            "aws_cognito_user_pool.mylearn",
            "aws_dynamodb_table.cognito_users",
            "aws_dynamodb_table.mylearn_grades",
            "aws_iam_role.auth_lambda",
            "aws_iam_role.cognito_after_register",
            "aws_iam_role.mylearn_grades",
            "aws_iam_role.mylearn_invocation_role",
            "aws_lambda_function.auth_lambda",
            "aws_lambda_function.cognito_after_register",
            "aws_lambda_function.mylearn_grades"
          ],
          "create_before_destroy": true
        }
      ]
    },
    {
      "mode": "managed",
      "type": "aws_api_gateway_integration",
      "name": "mylearn_grades_post",
      "provider": "provider[\"registry.terraform.io/hashicorp/aws\"]",
      "instances": [
        {
          "schema_version": 0,
          "attributes": {
            "cache_key_parameters": [],
            "cache_namespace": "gzhvl2",
            "connection_id": "",
            "connection_type": "INTERNET",
            "content_handling": "",
            "credentials": "",
            "http_method": "POST",
            "id": "agi-h4ihpoaqo3-gzhvl2-POST",
            "integration_http_method": "POST",
            "passthrough_behavior": "WHEN_NO_MATCH",
            "request_parameters": {},
            "request_templates": {},
            "resource_id": "gzhvl2",
            "rest_api_id": "h4ihpoaqo3",
            "timeout_milliseconds": 29000,
            "tls_config": [],
            "type": "AWS_PROXY",
            "uri": "arn:aws:apigateway:eu-central-1:lambda:path/2015-03-31/functions/arn:aws:lambda:eu-central-1:949052962425:function:mylearn-grades/invocations"
          },
          "sensitive_attributes": [],
          "private": "bnVsbA==",
          "dependencies": [
            "aws_api_gateway_authorizer.mylearn",
            "aws_api_gateway_method.mylearn_grades_post",
            "aws_api_gateway_resource.mylearn_grades",
            "aws_api_gateway_rest_api.mylearn",
            "aws_cognito_user_pool.mylearn",
            "aws_dynamodb_table.cognito_users",
            "aws_dynamodb_table.mylearn_grades",
            "aws_iam_role.auth_lambda",
            "aws_iam_role.cognito_after_register",
            "aws_iam_role.mylearn_grades",
            "aws_iam_role.mylearn_invocation_role",
            "aws_lambda_function.auth_lambda",
            "aws_lambda_function.cognito_after_register",
            "aws_lambda_function.mylearn_grades"
          ],
          "create_before_destroy": true
        }
      ]
    },
    {
      "mode": "managed",
      "type": "aws_api_gateway_integration",
      "name": "mylearn_me_get",
      "provider": "provider[\"registry.terraform.io/hashicorp/aws\"]",
      "instances": [
        {
          "schema_version": 0,
          "attributes": {
            "cache_key_parameters": [],
            "cache_namespace": "3owtn9",
            "connection_id": "",
            "connection_type": "INTERNET",
            "content_handling": "",
            "credentials": "",
            "http_method": "GET",
            "id": "agi-h4ihpoaqo3-3owtn9-GET",
            "integration_http_method": "POST",
            "passthrough_behavior": "WHEN_NO_MATCH",
            "request_parameters": {},
            "request_templates": {},
            "resource_id": "3owtn9",
            "rest_api_id": "h4ihpoaqo3",
            "timeout_milliseconds": 29000,
            "tls_config": [],
            "type": "AWS_PROXY",
            "uri": "arn:aws:apigateway:eu-central-1:lambda:path/2015-03-31/functions/arn:aws:lambda:eu-central-1:949052962425:function:user-lambda/invocations"
          },
          "sensitive_attributes": [],
          "private": "bnVsbA==",
          "dependencies": [
            "aws_api_gateway_authorizer.mylearn",
            "aws_api_gateway_method.mylearn_me_get",
            "aws_api_gateway_resource.mylearn_me",
            "aws_api_gateway_rest_api.mylearn",
            "aws_cognito_user_pool.mylearn",
            "aws_cognito_user_pool_client.webapp",
            "aws_dynamodb_table.cognito_users",
            "aws_dynamodb_table.mylearn_classes",
            "aws_iam_role.auth_lambda",
            "aws_iam_role.cognito_after_register",
            "aws_iam_role.mylearn_invocation_role",
            "aws_iam_role.mylearn_users",
            "aws_lambda_function.auth_lambda",
            "aws_lambda_function.cognito_after_register",
            "aws_lambda_function.user_lambda"
          ]
        }
      ]
    },
    {
      "mode": "managed",
      "type": "aws_api_gateway_integration",
      "name": "mylearn_rest_chat_get",
      "provider": "provider[\"registry.terraform.io/hashicorp/aws\"]",
      "instances": [
        {
          "schema_version": 0,
          "attributes": {
            "cache_key_parameters": [],
            "cache_namespace": "5e912m",
            "connection_id": "",
            "connection_type": "INTERNET",
            "content_handling": "",
            "credentials": "",
            "http_method": "GET",
            "id": "agi-h4ihpoaqo3-5e912m-GET",
            "integration_http_method": "POST",
            "passthrough_behavior": "WHEN_NO_MATCH",
            "request_parameters": {},
            "request_templates": {},
            "resource_id": "5e912m",
            "rest_api_id": "h4ihpoaqo3",
            "timeout_milliseconds": 29000,
            "tls_config": [],
            "type": "AWS_PROXY",
            "uri": "arn:aws:apigateway:eu-central-1:lambda:path/2015-03-31/functions/arn:aws:lambda:eu-central-1:949052962425:function:chat-rest-lambda/invocations"
          },
          "sensitive_attributes": [],
          "private": "bnVsbA==",
          "dependencies": [
            "aws_api_gateway_authorizer.mylearn",
            "aws_api_gateway_method.mylearn_rest_chat_get",
            "aws_api_gateway_resource.mylearn_rest_chat",
            "aws_api_gateway_rest_api.mylearn",
            "aws_cognito_user_pool.mylearn",
            "aws_dynamodb_table.chat_messages",
            "aws_dynamodb_table.cognito_users",
            "aws_iam_role.auth_lambda",
            "aws_iam_role.cognito_after_register",
            "aws_iam_role.mylearn_invocation_role",
            "aws_iam_role.mylearn_rest_chat",
            "aws_lambda_function.auth_lambda",
            "aws_lambda_function.chat_rest_lambda",
            "aws_lambda_function.cognito_after_register"
          ],
          "create_before_destroy": true
        }
      ]
    },
    {
      "mode": "managed",
      "type": "aws_api_gateway_integration",
      "name": "mylearn_rest_lessons_delete",
      "provider": "provider[\"registry.terraform.io/hashicorp/aws\"]",
      "instances": [
        {
          "schema_version": 0,
          "attributes": {
            "cache_key_parameters": [],
            "cache_namespace": "04yf9z",
            "connection_id": "",
            "connection_type": "INTERNET",
            "content_handling": "",
            "credentials": "",
            "http_method": "DELETE",
            "id": "agi-h4ihpoaqo3-04yf9z-DELETE",
            "integration_http_method": "POST",
            "passthrough_behavior": "WHEN_NO_MATCH",
            "request_parameters": {},
            "request_templates": {},
            "resource_id": "04yf9z",
            "rest_api_id": "h4ihpoaqo3",
            "timeout_milliseconds": 29000,
            "tls_config": [],
            "type": "AWS_PROXY",
            "uri": "arn:aws:apigateway:eu-central-1:lambda:path/2015-03-31/functions/arn:aws:lambda:eu-central-1:949052962425:function:lesson-rest-lambda/invocations"
          },
          "sensitive_attributes": [],
          "private": "bnVsbA==",
          "dependencies": [
            "aws_api_gateway_authorizer.mylearn",
            "aws_api_gateway_method.mylearn_rest_lessons_delete",
            "aws_api_gateway_resource.mylearn_rest_lessons",
            "aws_api_gateway_rest_api.mylearn",
            "aws_cognito_user_pool.mylearn",
            "aws_dynamodb_table.cognito_users",
            "aws_dynamodb_table.mylearn_lessons",
            "aws_dynamodb_table.mylearn_lessons_connections",
            "aws_iam_role.auth_lambda",
            "aws_iam_role.cognito_after_register",
            "aws_iam_role.mylearn_invocation_role",
            "aws_iam_role.mylearn_rest_lessons",
            "aws_lambda_function.auth_lambda",
            "aws_lambda_function.cognito_after_register",
            "aws_lambda_function.lessons_rest_lambda"
          ],
          "create_before_destroy": true
        }
      ]
    },
    {
      "mode": "managed",
      "type": "aws_api_gateway_integration",
      "name": "mylearn_rest_lessons_get",
      "provider": "provider[\"registry.terraform.io/hashicorp/aws\"]",
      "instances": [
        {
          "schema_version": 0,
          "attributes": {
            "cache_key_parameters": [],
            "cache_namespace": "04yf9z",
            "connection_id": "",
            "connection_type": "INTERNET",
            "content_handling": "",
            "credentials": "",
            "http_method": "GET",
            "id": "agi-h4ihpoaqo3-04yf9z-GET",
            "integration_http_method": "POST",
            "passthrough_behavior": "WHEN_NO_MATCH",
            "request_parameters": {},
            "request_templates": {},
            "resource_id": "04yf9z",
            "rest_api_id": "h4ihpoaqo3",
            "timeout_milliseconds": 29000,
            "tls_config": [],
            "type": "AWS_PROXY",
            "uri": "arn:aws:apigateway:eu-central-1:lambda:path/2015-03-31/functions/arn:aws:lambda:eu-central-1:949052962425:function:lesson-rest-lambda/invocations"
          },
          "sensitive_attributes": [],
          "private": "bnVsbA==",
          "dependencies": [
            "aws_api_gateway_authorizer.mylearn",
            "aws_api_gateway_method.mylearn_rest_lessons_get",
            "aws_api_gateway_resource.mylearn_rest_lessons",
            "aws_api_gateway_rest_api.mylearn",
            "aws_cognito_user_pool.mylearn",
            "aws_dynamodb_table.cognito_users",
            "aws_dynamodb_table.mylearn_lessons",
            "aws_dynamodb_table.mylearn_lessons_connections",
            "aws_iam_role.auth_lambda",
            "aws_iam_role.cognito_after_register",
            "aws_iam_role.mylearn_invocation_role",
            "aws_iam_role.mylearn_rest_lessons",
            "aws_lambda_function.auth_lambda",
            "aws_lambda_function.cognito_after_register",
            "aws_lambda_function.lessons_rest_lambda"
          ],
          "create_before_destroy": true
        }
      ]
    },
    {
      "mode": "managed",
      "type": "aws_api_gateway_integration",
      "name": "mylearn_rest_lessons_lessons_get",
      "provider": "provider[\"registry.terraform.io/hashicorp/aws\"]",
      "instances": [
        {
          "schema_version": 0,
          "attributes": {
            "cache_key_parameters": [],
            "cache_namespace": "8t1na8",
            "connection_id": "",
            "connection_type": "INTERNET",
            "content_handling": "",
            "credentials": "",
            "http_method": "GET",
            "id": "agi-h4ihpoaqo3-8t1na8-GET",
            "integration_http_method": "POST",
            "passthrough_behavior": "WHEN_NO_MATCH",
            "request_parameters": {},
            "request_templates": {},
            "resource_id": "8t1na8",
            "rest_api_id": "h4ihpoaqo3",
            "timeout_milliseconds": 29000,
            "tls_config": [],
            "type": "AWS_PROXY",
            "uri": "arn:aws:apigateway:eu-central-1:lambda:path/2015-03-31/functions/arn:aws:lambda:eu-central-1:949052962425:function:lesson-rest-lambda/invocations"
          },
          "sensitive_attributes": [],
          "private": "bnVsbA==",
          "dependencies": [
            "aws_api_gateway_authorizer.mylearn",
            "aws_api_gateway_method.mylearn_rest_lessons_lessons_get",
            "aws_api_gateway_resource.mylearn_rest_lessons_lessons",
            "aws_api_gateway_rest_api.mylearn",
            "aws_cognito_user_pool.mylearn",
            "aws_dynamodb_table.cognito_users",
            "aws_dynamodb_table.mylearn_lessons",
            "aws_dynamodb_table.mylearn_lessons_connections",
            "aws_iam_role.auth_lambda",
            "aws_iam_role.cognito_after_register",
            "aws_iam_role.mylearn_invocation_role",
            "aws_iam_role.mylearn_rest_lessons",
            "aws_lambda_function.auth_lambda",
            "aws_lambda_function.cognito_after_register",
            "aws_lambda_function.lessons_rest_lambda"
          ]
        }
      ]
    },
    {
      "mode": "managed",
      "type": "aws_api_gateway_integration",
      "name": "mylearn_rest_lessons_post",
      "provider": "provider[\"registry.terraform.io/hashicorp/aws\"]",
      "instances": [
        {
          "schema_version": 0,
          "attributes": {
            "cache_key_parameters": [],
            "cache_namespace": "04yf9z",
            "connection_id": "",
            "connection_type": "INTERNET",
            "content_handling": "",
            "credentials": "",
            "http_method": "POST",
            "id": "agi-h4ihpoaqo3-04yf9z-POST",
            "integration_http_method": "POST",
            "passthrough_behavior": "WHEN_NO_MATCH",
            "request_parameters": {},
            "request_templates": {},
            "resource_id": "04yf9z",
            "rest_api_id": "h4ihpoaqo3",
            "timeout_milliseconds": 29000,
            "tls_config": [],
            "type": "AWS_PROXY",
            "uri": "arn:aws:apigateway:eu-central-1:lambda:path/2015-03-31/functions/arn:aws:lambda:eu-central-1:949052962425:function:lesson-rest-lambda/invocations"
          },
          "sensitive_attributes": [],
          "private": "bnVsbA==",
          "dependencies": [
            "aws_api_gateway_authorizer.mylearn",
            "aws_api_gateway_method.mylearn_rest_lessons_post",
            "aws_api_gateway_resource.mylearn_rest_lessons",
            "aws_api_gateway_rest_api.mylearn",
            "aws_cognito_user_pool.mylearn",
            "aws_dynamodb_table.cognito_users",
            "aws_dynamodb_table.mylearn_lessons",
            "aws_dynamodb_table.mylearn_lessons_connections",
            "aws_iam_role.auth_lambda",
            "aws_iam_role.cognito_after_register",
            "aws_iam_role.mylearn_invocation_role",
            "aws_iam_role.mylearn_rest_lessons",
            "aws_lambda_function.auth_lambda",
            "aws_lambda_function.cognito_after_register",
            "aws_lambda_function.lessons_rest_lambda"
          ],
          "create_before_destroy": true
        }
      ]
    },
    {
      "mode": "managed",
      "type": "aws_api_gateway_integration",
      "name": "mylearn_s3_files_get",
      "provider": "provider[\"registry.terraform.io/hashicorp/aws\"]",
      "instances": [
        {
          "schema_version": 0,
          "attributes": {
            "cache_key_parameters": [],
            "cache_namespace": "jviax2",
            "connection_id": "",
            "connection_type": "INTERNET",
            "content_handling": "",
            "credentials": "",
            "http_method": "GET",
            "id": "agi-h4ihpoaqo3-jviax2-GET",
            "integration_http_method": "POST",
            "passthrough_behavior": "WHEN_NO_MATCH",
            "request_parameters": {},
            "request_templates": {},
            "resource_id": "jviax2",
            "rest_api_id": "h4ihpoaqo3",
            "timeout_milliseconds": 29000,
            "tls_config": [],
            "type": "AWS_PROXY",
            "uri": "arn:aws:apigateway:eu-central-1:lambda:path/2015-03-31/functions/arn:aws:lambda:eu-central-1:949052962425:function:s3-management-lambda/invocations"
          },
          "sensitive_attributes": [],
          "private": "bnVsbA==",
          "dependencies": [
            "aws_api_gateway_authorizer.mylearn",
            "aws_api_gateway_method.mylearn_s3_files_get",
            "aws_api_gateway_resource.mylearn_s3_files",
            "aws_api_gateway_rest_api.mylearn",
            "aws_cognito_user_pool.mylearn",
            "aws_dynamodb_table.cognito_users",
            "aws_iam_role.auth_lambda",
            "aws_iam_role.cognito_after_register",
            "aws_iam_role.mylearn_invocation_role",
            "aws_iam_role.s3_management_lambda",
            "aws_lambda_function.auth_lambda",
            "aws_lambda_function.cognito_after_register",
            "aws_lambda_function.s3_management",
            "aws_s3_bucket.mylearn_materials"
          ],
          "create_before_destroy": true
        }
      ]
    },
    {
      "mode": "managed",
      "type": "aws_api_gateway_integration",
      "name": "mylearn_s3_folders_get",
      "provider": "provider[\"registry.terraform.io/hashicorp/aws\"]",
      "instances": [
        {
          "schema_version": 0,
          "attributes": {
            "cache_key_parameters": [],
            "cache_namespace": "b9obbw",
            "connection_id": "",
            "connection_type": "INTERNET",
            "content_handling": "",
            "credentials": "",
            "http_method": "GET",
            "id": "agi-h4ihpoaqo3-b9obbw-GET",
            "integration_http_method": "POST",
            "passthrough_behavior": "WHEN_NO_MATCH",
            "request_parameters": {},
            "request_templates": {},
            "resource_id": "b9obbw",
            "rest_api_id": "h4ihpoaqo3",
            "timeout_milliseconds": 29000,
            "tls_config": [],
            "type": "AWS_PROXY",
            "uri": "arn:aws:apigateway:eu-central-1:lambda:path/2015-03-31/functions/arn:aws:lambda:eu-central-1:949052962425:function:s3-management-lambda/invocations"
          },
          "sensitive_attributes": [],
          "private": "bnVsbA==",
          "dependencies": [
            "aws_api_gateway_authorizer.mylearn",
            "aws_api_gateway_method.mylearn_s3_folders_get",
            "aws_api_gateway_resource.mylearn_s3_folders",
            "aws_api_gateway_rest_api.mylearn",
            "aws_cognito_user_pool.mylearn",
            "aws_dynamodb_table.cognito_users",
            "aws_iam_role.auth_lambda",
            "aws_iam_role.cognito_after_register",
            "aws_iam_role.mylearn_invocation_role",
            "aws_iam_role.s3_management_lambda",
            "aws_lambda_function.auth_lambda",
            "aws_lambda_function.cognito_after_register",
            "aws_lambda_function.s3_management",
            "aws_s3_bucket.mylearn_materials"
          ],
          "create_before_destroy": true
        }
      ]
    },
    {
      "mode": "managed",
      "type": "aws_api_gateway_integration",
      "name": "mylearn_users_get",
      "provider": "provider[\"registry.terraform.io/hashicorp/aws\"]",
      "instances": [
        {
          "schema_version": 0,
          "attributes": {
            "cache_key_parameters": [],
            "cache_namespace": "oqk0da",
            "connection_id": "",
            "connection_type": "INTERNET",
            "content_handling": "",
            "credentials": "",
            "http_method": "GET",
            "id": "agi-h4ihpoaqo3-oqk0da-GET",
            "integration_http_method": "POST",
            "passthrough_behavior": "WHEN_NO_MATCH",
            "request_parameters": {},
            "request_templates": {},
            "resource_id": "oqk0da",
            "rest_api_id": "h4ihpoaqo3",
            "timeout_milliseconds": 29000,
            "tls_config": [],
            "type": "AWS_PROXY",
            "uri": "arn:aws:apigateway:eu-central-1:lambda:path/2015-03-31/functions/arn:aws:lambda:eu-central-1:949052962425:function:user-lambda/invocations"
          },
          "sensitive_attributes": [],
          "private": "bnVsbA==",
          "dependencies": [
            "aws_api_gateway_authorizer.mylearn",
            "aws_api_gateway_method.mylearn_users_get",
            "aws_api_gateway_resource.mylearn_users",
            "aws_api_gateway_rest_api.mylearn",
            "aws_cognito_user_pool.mylearn",
            "aws_cognito_user_pool_client.webapp",
            "aws_dynamodb_table.cognito_users",
            "aws_dynamodb_table.mylearn_classes",
            "aws_iam_role.auth_lambda",
            "aws_iam_role.cognito_after_register",
            "aws_iam_role.mylearn_invocation_role",
            "aws_iam_role.mylearn_users",
            "aws_lambda_function.auth_lambda",
            "aws_lambda_function.cognito_after_register",
            "aws_lambda_function.user_lambda"
          ],
          "create_before_destroy": true
        }
      ]
    },
    {
      "mode": "managed",
      "type": "aws_api_gateway_method",
      "name": "mylearn_class_users_delete",
      "provider": "provider[\"registry.terraform.io/hashicorp/aws\"]",
      "instances": [
        {
          "schema_version": 0,
          "attributes": {
            "api_key_required": false,
            "authorization": "CUSTOM",
            "authorization_scopes": [],
            "authorizer_id": "1iyzks",
            "http_method": "DELETE",
            "id": "agm-h4ihpoaqo3-eojb4o-DELETE",
            "operation_name": "",
            "request_models": {},
            "request_parameters": {},
            "request_validator_id": "",
            "resource_id": "eojb4o",
            "rest_api_id": "h4ihpoaqo3"
          },
          "sensitive_attributes": [],
          "private": "bnVsbA==",
          "dependencies": [
            "aws_api_gateway_authorizer.mylearn",
            "aws_api_gateway_resource.mylearn_class_users",
            "aws_api_gateway_rest_api.mylearn",
            "aws_cognito_user_pool.mylearn",
            "aws_dynamodb_table.cognito_users",
            "aws_iam_role.auth_lambda",
            "aws_iam_role.cognito_after_register",
            "aws_iam_role.mylearn_invocation_role",
            "aws_lambda_function.auth_lambda",
            "aws_lambda_function.cognito_after_register"
          ],
          "create_before_destroy": true
        }
      ]
    },
    {
      "mode": "managed",
      "type": "aws_api_gateway_method",
      "name": "mylearn_class_users_get",
      "provider": "provider[\"registry.terraform.io/hashicorp/aws\"]",
      "instances": [
        {
          "schema_version": 0,
          "attributes": {
            "api_key_required": false,
            "authorization": "CUSTOM",
            "authorization_scopes": [],
            "authorizer_id": "1iyzks",
            "http_method": "GET",
            "id": "agm-h4ihpoaqo3-eojb4o-GET",
            "operation_name": "",
            "request_models": {},
            "request_parameters": {},
            "request_validator_id": "",
            "resource_id": "eojb4o",
            "rest_api_id": "h4ihpoaqo3"
          },
          "sensitive_attributes": [],
          "private": "bnVsbA==",
          "dependencies": [
            "aws_api_gateway_authorizer.mylearn",
            "aws_api_gateway_resource.mylearn_class_users",
            "aws_api_gateway_rest_api.mylearn",
            "aws_cognito_user_pool.mylearn",
            "aws_dynamodb_table.cognito_users",
            "aws_iam_role.auth_lambda",
            "aws_iam_role.cognito_after_register",
            "aws_iam_role.mylearn_invocation_role",
            "aws_lambda_function.auth_lambda",
            "aws_lambda_function.cognito_after_register"
          ],
          "create_before_destroy": true
        }
      ]
    },
    {
      "mode": "managed",
      "type": "aws_api_gateway_method",
      "name": "mylearn_class_users_post",
      "provider": "provider[\"registry.terraform.io/hashicorp/aws\"]",
      "instances": [
        {
          "schema_version": 0,
          "attributes": {
            "api_key_required": false,
            "authorization": "CUSTOM",
            "authorization_scopes": [],
            "authorizer_id": "1iyzks",
            "http_method": "POST",
            "id": "agm-h4ihpoaqo3-eojb4o-POST",
            "operation_name": "",
            "request_models": {},
            "request_parameters": {},
            "request_validator_id": "",
            "resource_id": "eojb4o",
            "rest_api_id": "h4ihpoaqo3"
          },
          "sensitive_attributes": [],
          "private": "bnVsbA==",
          "dependencies": [
            "aws_api_gateway_authorizer.mylearn",
            "aws_api_gateway_resource.mylearn_class_users",
            "aws_api_gateway_rest_api.mylearn",
            "aws_cognito_user_pool.mylearn",
            "aws_dynamodb_table.cognito_users",
            "aws_iam_role.auth_lambda",
            "aws_iam_role.cognito_after_register",
            "aws_iam_role.mylearn_invocation_role",
            "aws_lambda_function.auth_lambda",
            "aws_lambda_function.cognito_after_register"
          ],
          "create_before_destroy": true
        }
      ]
    },
    {
      "mode": "managed",
      "type": "aws_api_gateway_method",
      "name": "mylearn_classes_delete",
      "provider": "provider[\"registry.terraform.io/hashicorp/aws\"]",
      "instances": [
        {
          "schema_version": 0,
          "attributes": {
            "api_key_required": false,
            "authorization": "CUSTOM",
            "authorization_scopes": [],
            "authorizer_id": "1iyzks",
            "http_method": "DELETE",
            "id": "agm-h4ihpoaqo3-f39n69-DELETE",
            "operation_name": "",
            "request_models": {},
            "request_parameters": {},
            "request_validator_id": "",
            "resource_id": "f39n69",
            "rest_api_id": "h4ihpoaqo3"
          },
          "sensitive_attributes": [],
          "private": "bnVsbA==",
          "dependencies": [
            "aws_api_gateway_authorizer.mylearn",
            "aws_api_gateway_resource.mylearn_classes",
            "aws_api_gateway_rest_api.mylearn",
            "aws_cognito_user_pool.mylearn",
            "aws_dynamodb_table.cognito_users",
            "aws_iam_role.auth_lambda",
            "aws_iam_role.cognito_after_register",
            "aws_iam_role.mylearn_invocation_role",
            "aws_lambda_function.auth_lambda",
            "aws_lambda_function.cognito_after_register"
          ],
          "create_before_destroy": true
        }
      ]
    },
    {
      "mode": "managed",
      "type": "aws_api_gateway_method",
      "name": "mylearn_classes_get",
      "provider": "provider[\"registry.terraform.io/hashicorp/aws\"]",
      "instances": [
        {
          "schema_version": 0,
          "attributes": {
            "api_key_required": false,
            "authorization": "CUSTOM",
            "authorization_scopes": [],
            "authorizer_id": "1iyzks",
            "http_method": "GET",
            "id": "agm-h4ihpoaqo3-f39n69-GET",
            "operation_name": "",
            "request_models": {},
            "request_parameters": {},
            "request_validator_id": "",
            "resource_id": "f39n69",
            "rest_api_id": "h4ihpoaqo3"
          },
          "sensitive_attributes": [],
          "private": "bnVsbA==",
          "dependencies": [
            "aws_api_gateway_authorizer.mylearn",
            "aws_api_gateway_resource.mylearn_classes",
            "aws_api_gateway_rest_api.mylearn",
            "aws_cognito_user_pool.mylearn",
            "aws_dynamodb_table.cognito_users",
            "aws_iam_role.auth_lambda",
            "aws_iam_role.cognito_after_register",
            "aws_iam_role.mylearn_invocation_role",
            "aws_lambda_function.auth_lambda",
            "aws_lambda_function.cognito_after_register"
          ],
          "create_before_destroy": true
        }
      ]
    },
    {
      "mode": "managed",
      "type": "aws_api_gateway_method",
      "name": "mylearn_classes_post",
      "provider": "provider[\"registry.terraform.io/hashicorp/aws\"]",
      "instances": [
        {
          "schema_version": 0,
          "attributes": {
            "api_key_required": false,
            "authorization": "CUSTOM",
            "authorization_scopes": [],
            "authorizer_id": "1iyzks",
            "http_method": "POST",
            "id": "agm-h4ihpoaqo3-f39n69-POST",
            "operation_name": "",
            "request_models": {},
            "request_parameters": {},
            "request_validator_id": "",
            "resource_id": "f39n69",
            "rest_api_id": "h4ihpoaqo3"
          },
          "sensitive_attributes": [],
          "private": "bnVsbA==",
          "dependencies": [
            "aws_api_gateway_authorizer.mylearn",
            "aws_api_gateway_resource.mylearn_classes",
            "aws_api_gateway_rest_api.mylearn",
            "aws_cognito_user_pool.mylearn",
            "aws_dynamodb_table.cognito_users",
            "aws_iam_role.auth_lambda",
            "aws_iam_role.cognito_after_register",
            "aws_iam_role.mylearn_invocation_role",
            "aws_lambda_function.auth_lambda",
            "aws_lambda_function.cognito_after_register"
          ],
          "create_before_destroy": true
        }
      ]
    },
    {
      "mode": "managed",
      "type": "aws_api_gateway_method",
      "name": "mylearn_cognito_manage_groups_post",
      "provider": "provider[\"registry.terraform.io/hashicorp/aws\"]",
      "instances": [
        {
          "schema_version": 0,
          "attributes": {
            "api_key_required": false,
            "authorization": "NONE",
            "authorization_scopes": null,
            "authorizer_id": null,
            "http_method": "POST",
            "id": "agm-h4ihpoaqo3-wfswg6-POST",
            "operation_name": null,
            "request_models": null,
            "request_parameters": null,
            "request_validator_id": null,
            "resource_id": "wfswg6",
            "rest_api_id": "h4ihpoaqo3"
          },
          "sensitive_attributes": [],
          "private": "bnVsbA==",
          "dependencies": [
            "aws_api_gateway_resource.mylearn_cognito_manage_groups",
            "aws_api_gateway_rest_api.mylearn"
          ],
          "create_before_destroy": true
        }
      ]
    },
    {
      "mode": "managed",
      "type": "aws_api_gateway_method",
      "name": "mylearn_cognito_users_login_post",
      "provider": "provider[\"registry.terraform.io/hashicorp/aws\"]",
      "instances": [
        {
          "schema_version": 0,
          "attributes": {
            "api_key_required": false,
            "authorization": "NONE",
            "authorization_scopes": [],
            "authorizer_id": "",
            "http_method": "POST",
            "id": "agm-h4ihpoaqo3-x4h7gz-POST",
            "operation_name": "",
            "request_models": {},
            "request_parameters": {},
            "request_validator_id": "",
            "resource_id": "x4h7gz",
            "rest_api_id": "h4ihpoaqo3"
          },
          "sensitive_attributes": [],
          "private": "bnVsbA==",
          "dependencies": [
            "aws_api_gateway_resource.mylearn_cognito_users_login",
            "aws_api_gateway_rest_api.mylearn"
          ],
          "create_before_destroy": true
        }
      ]
    },
    {
      "mode": "managed",
      "type": "aws_api_gateway_method",
      "name": "mylearn_cognito_users_register_post",
      "provider": "provider[\"registry.terraform.io/hashicorp/aws\"]",
      "instances": [
        {
          "schema_version": 0,
          "attributes": {
            "api_key_required": false,
            "authorization": "NONE",
            "authorization_scopes": [],
            "authorizer_id": "",
            "http_method": "POST",
            "id": "agm-h4ihpoaqo3-ex9coh-POST",
            "operation_name": "",
            "request_models": {},
            "request_parameters": {},
            "request_validator_id": "",
            "resource_id": "ex9coh",
            "rest_api_id": "h4ihpoaqo3"
          },
          "sensitive_attributes": [],
          "private": "bnVsbA==",
          "dependencies": [
            "aws_api_gateway_resource.mylearn_cognito_users_register",
            "aws_api_gateway_rest_api.mylearn"
          ]
        }
      ]
    },
    {
      "mode": "managed",
      "type": "aws_api_gateway_method",
      "name": "mylearn_grades_get",
      "provider": "provider[\"registry.terraform.io/hashicorp/aws\"]",
      "instances": [
        {
          "schema_version": 0,
          "attributes": {
            "api_key_required": false,
            "authorization": "CUSTOM",
            "authorization_scopes": [],
            "authorizer_id": "1iyzks",
            "http_method": "GET",
            "id": "agm-h4ihpoaqo3-gzhvl2-GET",
            "operation_name": "",
            "request_models": {},
            "request_parameters": {},
            "request_validator_id": "",
            "resource_id": "gzhvl2",
            "rest_api_id": "h4ihpoaqo3"
          },
          "sensitive_attributes": [],
          "private": "bnVsbA==",
          "dependencies": [
            "aws_api_gateway_authorizer.mylearn",
            "aws_api_gateway_resource.mylearn_grades",
            "aws_api_gateway_rest_api.mylearn",
            "aws_cognito_user_pool.mylearn",
            "aws_dynamodb_table.cognito_users",
            "aws_iam_role.auth_lambda",
            "aws_iam_role.cognito_after_register",
            "aws_iam_role.mylearn_invocation_role",
            "aws_lambda_function.auth_lambda",
            "aws_lambda_function.cognito_after_register"
          ],
          "create_before_destroy": true
        }
      ]
    },
    {
      "mode": "managed",
      "type": "aws_api_gateway_method",
      "name": "mylearn_grades_post",
      "provider": "provider[\"registry.terraform.io/hashicorp/aws\"]",
      "instances": [
        {
          "schema_version": 0,
          "attributes": {
            "api_key_required": false,
            "authorization": "CUSTOM",
            "authorization_scopes": [],
            "authorizer_id": "1iyzks",
            "http_method": "POST",
            "id": "agm-h4ihpoaqo3-gzhvl2-POST",
            "operation_name": "",
            "request_models": {},
            "request_parameters": {},
            "request_validator_id": "",
            "resource_id": "gzhvl2",
            "rest_api_id": "h4ihpoaqo3"
          },
          "sensitive_attributes": [],
          "private": "bnVsbA==",
          "dependencies": [
            "aws_api_gateway_authorizer.mylearn",
            "aws_api_gateway_resource.mylearn_grades",
            "aws_api_gateway_rest_api.mylearn",
            "aws_cognito_user_pool.mylearn",
            "aws_dynamodb_table.cognito_users",
            "aws_iam_role.auth_lambda",
            "aws_iam_role.cognito_after_register",
            "aws_iam_role.mylearn_invocation_role",
            "aws_lambda_function.auth_lambda",
            "aws_lambda_function.cognito_after_register"
          ],
          "create_before_destroy": true
        }
      ]
    },
    {
      "mode": "managed",
      "type": "aws_api_gateway_method",
      "name": "mylearn_me_get",
      "provider": "provider[\"registry.terraform.io/hashicorp/aws\"]",
      "instances": [
        {
          "schema_version": 0,
          "attributes": {
            "api_key_required": false,
            "authorization": "CUSTOM",
            "authorization_scopes": [],
            "authorizer_id": "1iyzks",
            "http_method": "GET",
            "id": "agm-h4ihpoaqo3-3owtn9-GET",
            "operation_name": "",
            "request_models": {},
            "request_parameters": {},
            "request_validator_id": "",
            "resource_id": "3owtn9",
            "rest_api_id": "h4ihpoaqo3"
          },
          "sensitive_attributes": [],
          "private": "bnVsbA==",
          "dependencies": [
            "aws_api_gateway_authorizer.mylearn",
            "aws_api_gateway_resource.mylearn_me",
            "aws_api_gateway_rest_api.mylearn",
            "aws_cognito_user_pool.mylearn",
            "aws_dynamodb_table.cognito_users",
            "aws_iam_role.auth_lambda",
            "aws_iam_role.cognito_after_register",
            "aws_iam_role.mylearn_invocation_role",
            "aws_lambda_function.auth_lambda",
            "aws_lambda_function.cognito_after_register"
          ]
        }
      ]
    },
    {
      "mode": "managed",
      "type": "aws_api_gateway_method",
      "name": "mylearn_rest_chat_get",
      "provider": "provider[\"registry.terraform.io/hashicorp/aws\"]",
      "instances": [
        {
          "schema_version": 0,
          "attributes": {
            "api_key_required": false,
            "authorization": "CUSTOM",
            "authorization_scopes": [],
            "authorizer_id": "1iyzks",
            "http_method": "GET",
            "id": "agm-h4ihpoaqo3-5e912m-GET",
            "operation_name": "",
            "request_models": {},
            "request_parameters": {},
            "request_validator_id": "",
            "resource_id": "5e912m",
            "rest_api_id": "h4ihpoaqo3"
          },
          "sensitive_attributes": [],
          "private": "bnVsbA==",
          "dependencies": [
            "aws_api_gateway_authorizer.mylearn",
            "aws_api_gateway_resource.mylearn_rest_chat",
            "aws_api_gateway_rest_api.mylearn",
            "aws_cognito_user_pool.mylearn",
            "aws_dynamodb_table.cognito_users",
            "aws_iam_role.auth_lambda",
            "aws_iam_role.cognito_after_register",
            "aws_iam_role.mylearn_invocation_role",
            "aws_lambda_function.auth_lambda",
            "aws_lambda_function.cognito_after_register"
          ],
          "create_before_destroy": true
        }
      ]
    },
    {
      "mode": "managed",
      "type": "aws_api_gateway_method",
      "name": "mylearn_rest_lessons_delete",
      "provider": "provider[\"registry.terraform.io/hashicorp/aws\"]",
      "instances": [
        {
          "schema_version": 0,
          "attributes": {
            "api_key_required": false,
            "authorization": "CUSTOM",
            "authorization_scopes": [],
            "authorizer_id": "1iyzks",
            "http_method": "DELETE",
            "id": "agm-h4ihpoaqo3-04yf9z-DELETE",
            "operation_name": "",
            "request_models": {},
            "request_parameters": {},
            "request_validator_id": "",
            "resource_id": "04yf9z",
            "rest_api_id": "h4ihpoaqo3"
          },
          "sensitive_attributes": [],
          "private": "bnVsbA==",
          "dependencies": [
            "aws_api_gateway_authorizer.mylearn",
            "aws_api_gateway_resource.mylearn_rest_lessons",
            "aws_api_gateway_rest_api.mylearn",
            "aws_cognito_user_pool.mylearn",
            "aws_dynamodb_table.cognito_users",
            "aws_iam_role.auth_lambda",
            "aws_iam_role.cognito_after_register",
            "aws_iam_role.mylearn_invocation_role",
            "aws_lambda_function.auth_lambda",
            "aws_lambda_function.cognito_after_register"
          ],
          "create_before_destroy": true
        }
      ]
    },
    {
      "mode": "managed",
      "type": "aws_api_gateway_method",
      "name": "mylearn_rest_lessons_get",
      "provider": "provider[\"registry.terraform.io/hashicorp/aws\"]",
      "instances": [
        {
          "schema_version": 0,
          "attributes": {
            "api_key_required": false,
            "authorization": "CUSTOM",
            "authorization_scopes": [],
            "authorizer_id": "1iyzks",
            "http_method": "GET",
            "id": "agm-h4ihpoaqo3-04yf9z-GET",
            "operation_name": "",
            "request_models": {},
            "request_parameters": {},
            "request_validator_id": "",
            "resource_id": "04yf9z",
            "rest_api_id": "h4ihpoaqo3"
          },
          "sensitive_attributes": [],
          "private": "bnVsbA==",
          "dependencies": [
            "aws_api_gateway_authorizer.mylearn",
            "aws_api_gateway_resource.mylearn_rest_lessons",
            "aws_api_gateway_rest_api.mylearn",
            "aws_cognito_user_pool.mylearn",
            "aws_dynamodb_table.cognito_users",
            "aws_iam_role.auth_lambda",
            "aws_iam_role.cognito_after_register",
            "aws_iam_role.mylearn_invocation_role",
            "aws_lambda_function.auth_lambda",
            "aws_lambda_function.cognito_after_register"
          ],
          "create_before_destroy": true
        }
      ]
    },
    {
      "mode": "managed",
      "type": "aws_api_gateway_method",
      "name": "mylearn_rest_lessons_lessons_get",
      "provider": "provider[\"registry.terraform.io/hashicorp/aws\"]",
      "instances": [
        {
          "schema_version": 0,
          "attributes": {
            "api_key_required": false,
            "authorization": "CUSTOM",
            "authorization_scopes": [],
            "authorizer_id": "1iyzks",
            "http_method": "GET",
            "id": "agm-h4ihpoaqo3-8t1na8-GET",
            "operation_name": "",
            "request_models": {},
            "request_parameters": {},
            "request_validator_id": "",
            "resource_id": "8t1na8",
            "rest_api_id": "h4ihpoaqo3"
          },
          "sensitive_attributes": [],
          "private": "bnVsbA==",
          "dependencies": [
            "aws_api_gateway_authorizer.mylearn",
            "aws_api_gateway_resource.mylearn_rest_lessons_lessons",
            "aws_api_gateway_rest_api.mylearn",
            "aws_cognito_user_pool.mylearn",
            "aws_dynamodb_table.cognito_users",
            "aws_iam_role.auth_lambda",
            "aws_iam_role.cognito_after_register",
            "aws_iam_role.mylearn_invocation_role",
            "aws_lambda_function.auth_lambda",
            "aws_lambda_function.cognito_after_register"
          ]
        }
      ]
    },
    {
      "mode": "managed",
      "type": "aws_api_gateway_method",
      "name": "mylearn_rest_lessons_post",
      "provider": "provider[\"registry.terraform.io/hashicorp/aws\"]",
      "instances": [
        {
          "schema_version": 0,
          "attributes": {
            "api_key_required": false,
            "authorization": "CUSTOM",
            "authorization_scopes": [],
            "authorizer_id": "1iyzks",
            "http_method": "POST",
            "id": "agm-h4ihpoaqo3-04yf9z-POST",
            "operation_name": "",
            "request_models": {},
            "request_parameters": {},
            "request_validator_id": "",
            "resource_id": "04yf9z",
            "rest_api_id": "h4ihpoaqo3"
          },
          "sensitive_attributes": [],
          "private": "bnVsbA==",
          "dependencies": [
            "aws_api_gateway_authorizer.mylearn",
            "aws_api_gateway_resource.mylearn_rest_lessons",
            "aws_api_gateway_rest_api.mylearn",
            "aws_cognito_user_pool.mylearn",
            "aws_dynamodb_table.cognito_users",
            "aws_iam_role.auth_lambda",
            "aws_iam_role.cognito_after_register",
            "aws_iam_role.mylearn_invocation_role",
            "aws_lambda_function.auth_lambda",
            "aws_lambda_function.cognito_after_register"
          ],
          "create_before_destroy": true
        }
      ]
    },
    {
      "mode": "managed",
      "type": "aws_api_gateway_method",
      "name": "mylearn_s3_files_get",
      "provider": "provider[\"registry.terraform.io/hashicorp/aws\"]",
      "instances": [
        {
          "schema_version": 0,
          "attributes": {
            "api_key_required": false,
            "authorization": "CUSTOM",
            "authorization_scopes": [],
            "authorizer_id": "1iyzks",
            "http_method": "GET",
            "id": "agm-h4ihpoaqo3-jviax2-GET",
            "operation_name": "",
            "request_models": {},
            "request_parameters": {},
            "request_validator_id": "",
            "resource_id": "jviax2",
            "rest_api_id": "h4ihpoaqo3"
          },
          "sensitive_attributes": [],
          "private": "bnVsbA==",
          "dependencies": [
            "aws_api_gateway_authorizer.mylearn",
            "aws_api_gateway_resource.mylearn_s3_files",
            "aws_api_gateway_rest_api.mylearn",
            "aws_cognito_user_pool.mylearn",
            "aws_dynamodb_table.cognito_users",
            "aws_iam_role.auth_lambda",
            "aws_iam_role.cognito_after_register",
            "aws_iam_role.mylearn_invocation_role",
            "aws_lambda_function.auth_lambda",
            "aws_lambda_function.cognito_after_register"
          ],
          "create_before_destroy": true
        }
      ]
    },
    {
      "mode": "managed",
      "type": "aws_api_gateway_method",
      "name": "mylearn_s3_folders_get",
      "provider": "provider[\"registry.terraform.io/hashicorp/aws\"]",
      "instances": [
        {
          "schema_version": 0,
          "attributes": {
            "api_key_required": false,
            "authorization": "CUSTOM",
            "authorization_scopes": [],
            "authorizer_id": "1iyzks",
            "http_method": "GET",
            "id": "agm-h4ihpoaqo3-b9obbw-GET",
            "operation_name": "",
            "request_models": {},
            "request_parameters": {},
            "request_validator_id": "",
            "resource_id": "b9obbw",
            "rest_api_id": "h4ihpoaqo3"
          },
          "sensitive_attributes": [],
          "private": "bnVsbA==",
          "dependencies": [
            "aws_api_gateway_authorizer.mylearn",
            "aws_api_gateway_resource.mylearn_s3_folders",
            "aws_api_gateway_rest_api.mylearn",
            "aws_cognito_user_pool.mylearn",
            "aws_dynamodb_table.cognito_users",
            "aws_iam_role.auth_lambda",
            "aws_iam_role.cognito_after_register",
            "aws_iam_role.mylearn_invocation_role",
            "aws_lambda_function.auth_lambda",
            "aws_lambda_function.cognito_after_register"
          ],
          "create_before_destroy": true
        }
      ]
    },
    {
      "mode": "managed",
      "type": "aws_api_gateway_method",
      "name": "mylearn_users_get",
      "provider": "provider[\"registry.terraform.io/hashicorp/aws\"]",
      "instances": [
        {
          "schema_version": 0,
          "attributes": {
            "api_key_required": false,
            "authorization": "CUSTOM",
            "authorization_scopes": [],
            "authorizer_id": "1iyzks",
            "http_method": "GET",
            "id": "agm-h4ihpoaqo3-oqk0da-GET",
            "operation_name": "",
            "request_models": {},
            "request_parameters": {},
            "request_validator_id": "",
            "resource_id": "oqk0da",
            "rest_api_id": "h4ihpoaqo3"
          },
          "sensitive_attributes": [],
          "private": "bnVsbA==",
          "dependencies": [
            "aws_api_gateway_authorizer.mylearn",
            "aws_api_gateway_resource.mylearn_users",
            "aws_api_gateway_rest_api.mylearn",
            "aws_cognito_user_pool.mylearn",
            "aws_dynamodb_table.cognito_users",
            "aws_iam_role.auth_lambda",
            "aws_iam_role.cognito_after_register",
            "aws_iam_role.mylearn_invocation_role",
            "aws_lambda_function.auth_lambda",
            "aws_lambda_function.cognito_after_register"
          ],
          "create_before_destroy": true
        }
      ]
    },
    {
      "mode": "managed",
      "type": "aws_api_gateway_method_response",
      "name": "mylearn_cognito_users_login_post_200",
      "provider": "provider[\"registry.terraform.io/hashicorp/aws\"]",
      "instances": [
        {
          "schema_version": 0,
          "attributes": {
            "http_method": "POST",
            "id": "agmr-h4ihpoaqo3-x4h7gz-POST-200",
            "resource_id": "x4h7gz",
            "response_models": {
              "application/json": "Empty"
            },
            "response_parameters": {},
            "rest_api_id": "h4ihpoaqo3",
            "status_code": "200"
          },
          "sensitive_attributes": [],
          "private": "bnVsbA==",
          "dependencies": [
            "aws_api_gateway_method.mylearn_cognito_users_login_post",
            "aws_api_gateway_resource.mylearn_cognito_users_login",
            "aws_api_gateway_rest_api.mylearn"
          ]
        }
      ]
    },
    {
      "mode": "managed",
      "type": "aws_api_gateway_method_response",
      "name": "mylearn_cognito_users_register_post_200",
      "provider": "provider[\"registry.terraform.io/hashicorp/aws\"]",
      "instances": [
        {
          "schema_version": 0,
          "attributes": {
            "http_method": "POST",
            "id": "agmr-h4ihpoaqo3-ex9coh-POST-200",
            "resource_id": "ex9coh",
            "response_models": {
              "application/json": "Empty"
            },
            "response_parameters": {},
            "rest_api_id": "h4ihpoaqo3",
            "status_code": "200"
          },
          "sensitive_attributes": [],
          "private": "bnVsbA==",
          "dependencies": [
            "aws_api_gateway_method.mylearn_cognito_users_register_post",
            "aws_api_gateway_resource.mylearn_cognito_users_register",
            "aws_api_gateway_rest_api.mylearn"
          ]
        }
      ]
    },
    {
      "mode": "managed",
      "type": "aws_api_gateway_resource",
      "name": "mylearn_class_users",
      "provider": "provider[\"registry.terraform.io/hashicorp/aws\"]",
      "instances": [
        {
          "schema_version": 0,
          "attributes": {
            "id": "eojb4o",
            "parent_id": "oykbaw5zzf",
            "path": "/classUsers",
            "path_part": "classUsers",
            "rest_api_id": "h4ihpoaqo3"
          },
          "sensitive_attributes": [],
          "private": "bnVsbA==",
          "dependencies": [
            "aws_api_gateway_rest_api.mylearn"
          ],
          "create_before_destroy": true
        }
      ]
    },
    {
      "mode": "managed",
      "type": "aws_api_gateway_resource",
      "name": "mylearn_classes",
      "provider": "provider[\"registry.terraform.io/hashicorp/aws\"]",
      "instances": [
        {
          "schema_version": 0,
          "attributes": {
            "id": "f39n69",
            "parent_id": "oykbaw5zzf",
            "path": "/classes",
            "path_part": "classes",
            "rest_api_id": "h4ihpoaqo3"
          },
          "sensitive_attributes": [],
          "private": "bnVsbA==",
          "dependencies": [
            "aws_api_gateway_rest_api.mylearn"
          ],
          "create_before_destroy": true
        }
      ]
    },
    {
      "mode": "managed",
      "type": "aws_api_gateway_resource",
      "name": "mylearn_cognito_manage_groups",
      "provider": "provider[\"registry.terraform.io/hashicorp/aws\"]",
      "instances": [
        {
          "schema_version": 0,
          "attributes": {
            "id": "wfswg6",
            "parent_id": "oykbaw5zzf",
            "path": "/manageGroups",
            "path_part": "manageGroups",
            "rest_api_id": "h4ihpoaqo3"
          },
          "sensitive_attributes": [],
          "private": "bnVsbA==",
          "dependencies": [
            "aws_api_gateway_rest_api.mylearn"
          ],
          "create_before_destroy": true
        }
      ]
    },
    {
      "mode": "managed",
      "type": "aws_api_gateway_resource",
      "name": "mylearn_cognito_users_login",
      "provider": "provider[\"registry.terraform.io/hashicorp/aws\"]",
      "instances": [
        {
          "schema_version": 0,
          "attributes": {
            "id": "x4h7gz",
            "parent_id": "oykbaw5zzf",
            "path": "/login",
            "path_part": "login",
            "rest_api_id": "h4ihpoaqo3"
          },
          "sensitive_attributes": [],
          "private": "bnVsbA==",
          "dependencies": [
            "aws_api_gateway_rest_api.mylearn"
          ],
          "create_before_destroy": true
        }
      ]
    },
    {
      "mode": "managed",
      "type": "aws_api_gateway_resource",
      "name": "mylearn_cognito_users_register",
      "provider": "provider[\"registry.terraform.io/hashicorp/aws\"]",
      "instances": [
        {
          "schema_version": 0,
          "attributes": {
            "id": "ex9coh",
            "parent_id": "oykbaw5zzf",
            "path": "/register",
            "path_part": "register",
            "rest_api_id": "h4ihpoaqo3"
          },
          "sensitive_attributes": [],
          "private": "bnVsbA==",
          "dependencies": [
            "aws_api_gateway_rest_api.mylearn"
          ]
        }
      ]
    },
    {
      "mode": "managed",
      "type": "aws_api_gateway_resource",
      "name": "mylearn_grades",
      "provider": "provider[\"registry.terraform.io/hashicorp/aws\"]",
      "instances": [
        {
          "schema_version": 0,
          "attributes": {
            "id": "gzhvl2",
            "parent_id": "oykbaw5zzf",
            "path": "/grades",
            "path_part": "grades",
            "rest_api_id": "h4ihpoaqo3"
          },
          "sensitive_attributes": [],
          "private": "bnVsbA==",
          "dependencies": [
            "aws_api_gateway_rest_api.mylearn"
          ],
          "create_before_destroy": true
        }
      ]
    },
    {
      "mode": "managed",
      "type": "aws_api_gateway_resource",
      "name": "mylearn_me",
      "provider": "provider[\"registry.terraform.io/hashicorp/aws\"]",
      "instances": [
        {
          "schema_version": 0,
          "attributes": {
            "id": "3owtn9",
            "parent_id": "oykbaw5zzf",
            "path": "/me",
            "path_part": "me",
            "rest_api_id": "h4ihpoaqo3"
          },
          "sensitive_attributes": [],
          "private": "bnVsbA==",
          "dependencies": [
            "aws_api_gateway_rest_api.mylearn"
          ]
        }
      ]
    },
    {
      "mode": "managed",
      "type": "aws_api_gateway_resource",
      "name": "mylearn_rest_chat",
      "provider": "provider[\"registry.terraform.io/hashicorp/aws\"]",
      "instances": [
        {
          "schema_version": 0,
          "attributes": {
            "id": "5e912m",
            "parent_id": "oykbaw5zzf",
            "path": "/messages",
            "path_part": "messages",
            "rest_api_id": "h4ihpoaqo3"
          },
          "sensitive_attributes": [],
          "private": "bnVsbA==",
          "dependencies": [
            "aws_api_gateway_rest_api.mylearn"
          ],
          "create_before_destroy": true
        }
      ]
    },
    {
      "mode": "managed",
      "type": "aws_api_gateway_resource",
      "name": "mylearn_rest_lessons",
      "provider": "provider[\"registry.terraform.io/hashicorp/aws\"]",
      "instances": [
        {
          "schema_version": 0,
          "attributes": {
            "id": "04yf9z",
            "parent_id": "oykbaw5zzf",
            "path": "/slides",
            "path_part": "slides",
            "rest_api_id": "h4ihpoaqo3"
          },
          "sensitive_attributes": [],
          "private": "bnVsbA==",
          "dependencies": [
            "aws_api_gateway_rest_api.mylearn"
          ],
          "create_before_destroy": true
        }
      ]
    },
    {
      "mode": "managed",
      "type": "aws_api_gateway_resource",
      "name": "mylearn_rest_lessons_lessons",
      "provider": "provider[\"registry.terraform.io/hashicorp/aws\"]",
      "instances": [
        {
          "schema_version": 0,
          "attributes": {
            "id": "8t1na8",
            "parent_id": "oykbaw5zzf",
            "path": "/lessons",
            "path_part": "lessons",
            "rest_api_id": "h4ihpoaqo3"
          },
          "sensitive_attributes": [],
          "private": "bnVsbA==",
          "dependencies": [
            "aws_api_gateway_rest_api.mylearn"
          ]
        }
      ]
    },
    {
      "mode": "managed",
      "type": "aws_api_gateway_resource",
      "name": "mylearn_s3_files",
      "provider": "provider[\"registry.terraform.io/hashicorp/aws\"]",
      "instances": [
        {
          "schema_version": 0,
          "attributes": {
            "id": "jviax2",
            "parent_id": "oykbaw5zzf",
            "path": "/files",
            "path_part": "files",
            "rest_api_id": "h4ihpoaqo3"
          },
          "sensitive_attributes": [],
          "private": "bnVsbA==",
          "dependencies": [
            "aws_api_gateway_rest_api.mylearn"
          ],
          "create_before_destroy": true
        }
      ]
    },
    {
      "mode": "managed",
      "type": "aws_api_gateway_resource",
      "name": "mylearn_s3_folders",
      "provider": "provider[\"registry.terraform.io/hashicorp/aws\"]",
      "instances": [
        {
          "schema_version": 0,
          "attributes": {
            "id": "b9obbw",
            "parent_id": "oykbaw5zzf",
            "path": "/folders",
            "path_part": "folders",
            "rest_api_id": "h4ihpoaqo3"
          },
          "sensitive_attributes": [],
          "private": "bnVsbA==",
          "dependencies": [
            "aws_api_gateway_rest_api.mylearn"
          ],
          "create_before_destroy": true
        }
      ]
    },
    {
      "mode": "managed",
      "type": "aws_api_gateway_resource",
      "name": "mylearn_users",
      "provider": "provider[\"registry.terraform.io/hashicorp/aws\"]",
      "instances": [
        {
          "schema_version": 0,
          "attributes": {
            "id": "oqk0da",
            "parent_id": "oykbaw5zzf",
            "path": "/users",
            "path_part": "users",
            "rest_api_id": "h4ihpoaqo3"
          },
          "sensitive_attributes": [],
          "private": "bnVsbA==",
          "dependencies": [
            "aws_api_gateway_rest_api.mylearn"
          ],
          "create_before_destroy": true
        }
      ]
    },
    {
      "mode": "managed",
      "type": "aws_api_gateway_rest_api",
      "name": "mylearn",
      "provider": "provider[\"registry.terraform.io/hashicorp/aws\"]",
      "instances": [
        {
          "schema_version": 0,
          "attributes": {
            "api_key_source": "HEADER",
            "arn": "arn:aws:apigateway:eu-central-1::/restapis/h4ihpoaqo3",
            "binary_media_types": [],
            "body": null,
            "created_date": "2022-08-02T17:03:48Z",
            "description": "REST API for master thesis service",
            "disable_execute_api_endpoint": false,
            "endpoint_configuration": [
              {
                "types": [
                  "REGIONAL"
                ],
                "vpc_endpoint_ids": []
              }
            ],
            "execution_arn": "arn:aws:execute-api:eu-central-1:949052962425:h4ihpoaqo3",
            "id": "h4ihpoaqo3",
            "minimum_compression_size": -1,
            "name": "mylearn-rest-api",
            "parameters": null,
            "policy": "",
            "root_resource_id": "oykbaw5zzf",
            "tags": {},
            "tags_all": {}
          },
          "sensitive_attributes": [],
          "private": "bnVsbA==",
          "create_before_destroy": true
        }
      ]
    },
    {
      "mode": "managed",
      "type": "aws_api_gateway_rest_api",
      "name": "mylearn_s3",
      "provider": "provider[\"registry.terraform.io/hashicorp/aws\"]",
      "instances": [
        {
          "schema_version": 0,
          "attributes": {
            "api_key_source": "HEADER",
            "arn": "arn:aws:apigateway:eu-central-1::/restapis/byvz4zztf3",
            "binary_media_types": [
              "*/*"
            ],
            "body": "{\"components\":{\"schemas\":{\"Empty\":{\"title\":\"Empty Schema\",\"type\":\"object\"}},\"securitySchemes\":{\"jwt-authorizer-oauth\":{\"type\":\"oauth2\",\"x-amazon-apigateway-authorizer\":{\"identitySource\":\"$request.header.Authorization\",\"jwtConfiguration\":{\"audience\":[\"audience1\",\"audience2\"],\"issuer\":\"https://cognito-idp.region.amazonaws.com/userPoolId\"},\"type\":\"jwt\"}}}},\"info\":{\"title\":\"ApiName\",\"version\":\"2016-10-21T17:26:28Z\"},\"openapi\":\"3.0.0\",\"paths\":{\"/s3\":{\"get\":{\"parameters\":[{\"in\":\"query\",\"name\":\"key\",\"required\":false,\"schema\":{\"type\":\"string\"}}],\"responses\":{\"200\":{\"content\":{\"application/json\":{\"schema\":{\"$ref\":\"#/components/schemas/Empty\"}}},\"description\":\"200 response\",\"headers\":{\"Access-Control-Allow-Origin\":{\"schema\":{\"type\":\"string\"}}}},\"500\":{\"description\":\"500 response\",\"headers\":{\"Access-Control-Allow-Origin\":{\"schema\":{\"type\":\"string\"}}}}},\"x-amazon-apigateway-integration\":{\"credentials\":\"arn:aws:iam::949052962425:role/s3-content-gateway-eu-central-1\",\"httpMethod\":\"GET\",\"passthroughBehavior\":\"when_no_match\",\"requestParameters\":{\"integration.request.path.key\":\"method.request.querystring.key\"},\"responses\":{\"2\\\\d{2}\":{\"responseParameters\":{\"method.response.header.Access-Control-Allow-Origin\":\"'*'\"},\"statusCode\":\"200\"},\"default\":{\"responseParameters\":{\"method.response.header.Access-Control-Allow-Origin\":\"'*'\"},\"statusCode\":\"500\"}},\"type\":\"aws\",\"uri\":\"arn:aws:apigateway:eu-central-1:s3:path/{key}\"}},\"put\":{\"parameters\":[{\"in\":\"query\",\"name\":\"key\",\"required\":false,\"schema\":{\"type\":\"string\"}}],\"responses\":{\"200\":{\"content\":{\"application/json\":{\"schema\":{\"$ref\":\"#/components/schemas/Empty\"}},\"application/octet-stream\":{\"schema\":{\"$ref\":\"#/components/schemas/Empty\"}},\"headers\":{\"Access-Control-Allow-Origin\":{\"schema\":{\"type\":\"string\"}}}},\"description\":\"200 response\"},\"500\":{\"description\":\"500 response\",\"headers\":{\"Access-Control-Allow-Origin\":{\"schema\":{\"type\":\"string\"}}}}},\"x-amazon-apigateway-integration\":{\"contentHandling\":\"CONVERT_TO_BINARY\",\"credentials\":\"arn:aws:iam::949052962425:role/s3-content-gateway-eu-central-1\",\"httpMethod\":\"PUT\",\"passthroughBehavior\":\"when_no_match\",\"requestParameters\":{\"integration.request.path.key\":\"method.request.querystring.key\"},\"responses\":{\"2\\\\d{2}\":{\"responseParameters\":{\"method.response.header.Access-Control-Allow-Origin\":\"'*'\"},\"statusCode\":\"200\"},\"default\":{\"responseParameters\":{\"method.response.header.Access-Control-Allow-Origin\":\"'*'\"},\"statusCode\":\"500\"}},\"type\":\"aws\",\"uri\":\"arn:aws:apigateway:eu-central-1:s3:path/{key}\"}}}},\"x-amazon-apigateway-binary-media-types\":[\"*/*\"]}",
            "created_date": "2022-08-28T21:36:14Z",
            "description": "REST API fort S3 related stuff",
            "disable_execute_api_endpoint": false,
            "endpoint_configuration": [
              {
                "types": [
                  "EDGE"
                ],
                "vpc_endpoint_ids": []
              }
            ],
            "execution_arn": "arn:aws:execute-api:eu-central-1:949052962425:byvz4zztf3",
            "id": "byvz4zztf3",
            "minimum_compression_size": -1,
            "name": "mylearn-s3-api",
            "parameters": null,
            "policy": "",
            "root_resource_id": "s48jel2m8b",
            "tags": {},
            "tags_all": {}
          },
          "sensitive_attributes": [],
          "private": "bnVsbA==",
          "dependencies": [
            "aws_iam_role.s3_content_gateway"
          ],
          "create_before_destroy": true
        }
      ]
    },
    {
      "mode": "managed",
      "type": "aws_api_gateway_stage",
      "name": "mylearn",
      "provider": "provider[\"registry.terraform.io/hashicorp/aws\"]",
      "instances": [
        {
          "schema_version": 0,
          "attributes": {
            "access_log_settings": [],
            "arn": "arn:aws:apigateway:eu-central-1::/restapis/h4ihpoaqo3/stages/test",
            "cache_cluster_enabled": false,
            "cache_cluster_size": "",
            "canary_settings": [],
            "client_certificate_id": "",
            "deployment_id": "65ixtw",
            "description": "",
            "documentation_version": "",
            "execution_arn": "arn:aws:execute-api:eu-central-1:949052962425:h4ihpoaqo3/test",
            "id": "ags-h4ihpoaqo3-test",
            "invoke_url": "https://h4ihpoaqo3.execute-api.eu-central-1.amazonaws.com/test",
            "rest_api_id": "h4ihpoaqo3",
            "stage_name": "test",
            "tags": {},
            "tags_all": {},
            "variables": {},
            "web_acl_arn": "",
            "xray_tracing_enabled": false
          },
          "sensitive_attributes": [],
          "private": "bnVsbA==",
          "dependencies": [
            "aws_api_gateway_deployment.mylearn",
            "aws_api_gateway_integration.mylearn_class_users_delete",
            "aws_api_gateway_integration.mylearn_class_users_get",
            "aws_api_gateway_integration.mylearn_class_users_post",
            "aws_api_gateway_integration.mylearn_classes_delete",
            "aws_api_gateway_integration.mylearn_classes_get",
            "aws_api_gateway_integration.mylearn_classes_post",
            "aws_api_gateway_integration.mylearn_cognito_manage_groups_post",
            "aws_api_gateway_integration.mylearn_cognito_users_login_post",
            "aws_api_gateway_integration.mylearn_grades_get",
            "aws_api_gateway_integration.mylearn_grades_post",
            "aws_api_gateway_integration.mylearn_rest_chat_get",
            "aws_api_gateway_integration.mylearn_rest_lessons_delete",
            "aws_api_gateway_integration.mylearn_rest_lessons_get",
            "aws_api_gateway_integration.mylearn_rest_lessons_post",
            "aws_api_gateway_integration.mylearn_s3_files_get",
            "aws_api_gateway_integration.mylearn_s3_folders_get",
            "aws_api_gateway_integration.mylearn_users_get",
            "aws_api_gateway_method.mylearn_cognito_manage_groups_post",
            "aws_api_gateway_resource.mylearn_cognito_manage_groups",
            "aws_api_gateway_rest_api.mylearn",
            "aws_lambda_function.cognito_user_lambda"
          ]
        }
      ]
    },
    {
      "mode": "managed",
      "type": "aws_apigatewayv2_api",
      "name": "chat_api",
      "provider": "provider[\"registry.terraform.io/hashicorp/aws\"]",
      "instances": [
        {
          "schema_version": 0,
          "attributes": {
            "api_endpoint": "wss://b0g37onld1.execute-api.eu-central-1.amazonaws.com",
            "api_key_selection_expression": "$request.header.x-api-key",
            "arn": "arn:aws:apigateway:eu-central-1::/apis/b0g37onld1",
            "body": null,
            "cors_configuration": [],
            "credentials_arn": null,
            "description": "Websocket API for chat service",
            "disable_execute_api_endpoint": false,
            "execution_arn": "arn:aws:execute-api:eu-central-1:949052962425:b0g37onld1",
            "fail_on_warnings": null,
            "id": "b0g37onld1",
            "name": "mylearn-chat-websocket-api",
            "protocol_type": "WEBSOCKET",
            "route_key": null,
            "route_selection_expression": "$request.body.action",
            "tags": {},
            "tags_all": {},
            "target": null,
            "version": ""
          },
          "sensitive_attributes": [],
          "private": "bnVsbA==",
          "create_before_destroy": true
        }
      ]
    },
    {
      "mode": "managed",
      "type": "aws_apigatewayv2_api",
      "name": "mylearn_lessons_api",
      "provider": "provider[\"registry.terraform.io/hashicorp/aws\"]",
      "instances": [
        {
          "schema_version": 0,
          "attributes": {
            "api_endpoint": "wss://pgcpqpf7w1.execute-api.eu-central-1.amazonaws.com",
            "api_key_selection_expression": "$request.header.x-api-key",
            "arn": "arn:aws:apigateway:eu-central-1::/apis/pgcpqpf7w1",
            "body": null,
            "cors_configuration": [],
            "credentials_arn": null,
            "description": "Websocket API for lessons service",
            "disable_execute_api_endpoint": false,
            "execution_arn": "arn:aws:execute-api:eu-central-1:949052962425:pgcpqpf7w1",
            "fail_on_warnings": null,
            "id": "pgcpqpf7w1",
            "name": "mylearn-lessons-websocket-api",
            "protocol_type": "WEBSOCKET",
            "route_key": null,
            "route_selection_expression": "$request.body.action",
            "tags": {},
            "tags_all": {},
            "target": null,
            "version": ""
          },
          "sensitive_attributes": [],
          "private": "bnVsbA==",
          "create_before_destroy": true
        }
      ]
    },
    {
      "mode": "managed",
      "type": "aws_apigatewayv2_deployment",
      "name": "chat",
      "provider": "provider[\"registry.terraform.io/hashicorp/aws\"]",
      "instances": [
        {
          "schema_version": 0,
          "attributes": {
            "api_id": "b0g37onld1",
            "auto_deployed": false,
            "description": "Example deployment",
            "id": "2p6ey1",
            "triggers": null
          },
          "sensitive_attributes": [],
          "private": "bnVsbA==",
          "dependencies": [
            "aws_apigatewayv2_api.chat_api",
            "aws_apigatewayv2_integration.chat_connect",
            "aws_apigatewayv2_integration.chat_default",
            "aws_apigatewayv2_integration.chat_disconnect",
            "aws_apigatewayv2_route.chat_connect",
            "aws_apigatewayv2_route.chat_default",
            "aws_apigatewayv2_route.chat_disconnect",
            "aws_cognito_user_pool.mylearn",
            "aws_dynamodb_table.chat_connections",
            "aws_dynamodb_table.chat_messages",
            "aws_dynamodb_table.cognito_users",
            "aws_iam_role.cognito_after_register",
            "aws_iam_role.mylearn_chat",
            "aws_lambda_function.chat_lambda",
            "aws_lambda_function.cognito_after_register"
          ],
          "create_before_destroy": true
        }
      ]
    },
    {
      "mode": "managed",
      "type": "aws_apigatewayv2_deployment",
      "name": "mylearn_lessons_api",
      "provider": "provider[\"registry.terraform.io/hashicorp/aws\"]",
      "instances": [
        {
          "schema_version": 0,
          "attributes": {
            "api_id": "pgcpqpf7w1",
            "auto_deployed": false,
            "description": "Example deployment",
            "id": "fs1ivg",
            "triggers": null
          },
          "sensitive_attributes": [],
          "private": "bnVsbA==",
          "dependencies": [
            "aws_apigatewayv2_api.mylearn_lessons_api",
            "aws_apigatewayv2_integration.mylearn_lessons_connect",
            "aws_apigatewayv2_integration.mylearn_lessons_default",
            "aws_apigatewayv2_integration.mylearn_lessons_disconnect",
            "aws_apigatewayv2_route.mylearn_lessons_connect",
            "aws_apigatewayv2_route.mylearn_lessons_default",
            "aws_apigatewayv2_route.mylearn_lessons_disconnect",
            "aws_cognito_user_pool.mylearn",
            "aws_dynamodb_table.cognito_users",
            "aws_dynamodb_table.mylearn_lessons",
            "aws_dynamodb_table.mylearn_lessons_connections",
            "aws_iam_role.cognito_after_register",
            "aws_iam_role.mylearn_lessons",
            "aws_lambda_function.cognito_after_register",
            "aws_lambda_function.lessons_websocket_lambda"
          ],
          "create_before_destroy": true
        }
      ]
    },
    {
      "mode": "managed",
      "type": "aws_apigatewayv2_integration",
      "name": "chat_connect",
      "provider": "provider[\"registry.terraform.io/hashicorp/aws\"]",
      "instances": [
        {
          "schema_version": 0,
          "attributes": {
            "api_id": "b0g37onld1",
            "connection_id": "",
            "connection_type": "INTERNET",
            "content_handling_strategy": "",
            "credentials_arn": "",
            "description": "",
            "id": "qxv95sj",
            "integration_method": "POST",
            "integration_response_selection_expression": "",
            "integration_subtype": "",
            "integration_type": "AWS_PROXY",
            "integration_uri": "arn:aws:apigateway:eu-central-1:lambda:path/2015-03-31/functions/arn:aws:lambda:eu-central-1:949052962425:function:chat-websocket-lambda/invocations",
            "passthrough_behavior": "WHEN_NO_MATCH",
            "payload_format_version": "1.0",
            "request_parameters": {},
            "request_templates": {},
            "response_parameters": [],
            "template_selection_expression": "",
            "timeout_milliseconds": 29000,
            "tls_config": []
          },
          "sensitive_attributes": [],
          "private": "bnVsbA==",
          "dependencies": [
            "aws_apigatewayv2_api.chat_api",
            "aws_cognito_user_pool.mylearn",
            "aws_dynamodb_table.chat_connections",
            "aws_dynamodb_table.chat_messages",
            "aws_dynamodb_table.cognito_users",
            "aws_iam_role.cognito_after_register",
            "aws_iam_role.mylearn_chat",
            "aws_lambda_function.chat_lambda",
            "aws_lambda_function.cognito_after_register"
          ],
          "create_before_destroy": true
        }
      ]
    },
    {
      "mode": "managed",
      "type": "aws_apigatewayv2_integration",
      "name": "chat_default",
      "provider": "provider[\"registry.terraform.io/hashicorp/aws\"]",
      "instances": [
        {
          "schema_version": 0,
          "attributes": {
            "api_id": "b0g37onld1",
            "connection_id": "",
            "connection_type": "INTERNET",
            "content_handling_strategy": "",
            "credentials_arn": "",
            "description": "",
            "id": "n4cjpxn",
            "integration_method": "POST",
            "integration_response_selection_expression": "",
            "integration_subtype": "",
            "integration_type": "AWS_PROXY",
            "integration_uri": "arn:aws:apigateway:eu-central-1:lambda:path/2015-03-31/functions/arn:aws:lambda:eu-central-1:949052962425:function:chat-websocket-lambda/invocations",
            "passthrough_behavior": "WHEN_NO_MATCH",
            "payload_format_version": "1.0",
            "request_parameters": {},
            "request_templates": {},
            "response_parameters": [],
            "template_selection_expression": "",
            "timeout_milliseconds": 29000,
            "tls_config": []
          },
          "sensitive_attributes": [],
          "private": "bnVsbA==",
          "dependencies": [
            "aws_apigatewayv2_api.chat_api",
            "aws_cognito_user_pool.mylearn",
            "aws_dynamodb_table.chat_connections",
            "aws_dynamodb_table.chat_messages",
            "aws_dynamodb_table.cognito_users",
            "aws_iam_role.cognito_after_register",
            "aws_iam_role.mylearn_chat",
            "aws_lambda_function.chat_lambda",
            "aws_lambda_function.cognito_after_register"
          ],
          "create_before_destroy": true
        }
      ]
    },
    {
      "mode": "managed",
      "type": "aws_apigatewayv2_integration",
      "name": "chat_disconnect",
      "provider": "provider[\"registry.terraform.io/hashicorp/aws\"]",
      "instances": [
        {
          "schema_version": 0,
          "attributes": {
            "api_id": "b0g37onld1",
            "connection_id": "",
            "connection_type": "INTERNET",
            "content_handling_strategy": "",
            "credentials_arn": "",
            "description": "",
            "id": "bdo90re",
            "integration_method": "POST",
            "integration_response_selection_expression": "",
            "integration_subtype": "",
            "integration_type": "AWS_PROXY",
            "integration_uri": "arn:aws:apigateway:eu-central-1:lambda:path/2015-03-31/functions/arn:aws:lambda:eu-central-1:949052962425:function:chat-websocket-lambda/invocations",
            "passthrough_behavior": "WHEN_NO_MATCH",
            "payload_format_version": "1.0",
            "request_parameters": {},
            "request_templates": {},
            "response_parameters": [],
            "template_selection_expression": "",
            "timeout_milliseconds": 29000,
            "tls_config": []
          },
          "sensitive_attributes": [],
          "private": "bnVsbA==",
          "dependencies": [
            "aws_apigatewayv2_api.chat_api",
            "aws_cognito_user_pool.mylearn",
            "aws_dynamodb_table.chat_connections",
            "aws_dynamodb_table.chat_messages",
            "aws_dynamodb_table.cognito_users",
            "aws_iam_role.cognito_after_register",
            "aws_iam_role.mylearn_chat",
            "aws_lambda_function.chat_lambda",
            "aws_lambda_function.cognito_after_register"
          ],
          "create_before_destroy": true
        }
      ]
    },
    {
      "mode": "managed",
      "type": "aws_apigatewayv2_integration",
      "name": "mylearn_lessons_connect",
      "provider": "provider[\"registry.terraform.io/hashicorp/aws\"]",
      "instances": [
        {
          "schema_version": 0,
          "attributes": {
            "api_id": "pgcpqpf7w1",
            "connection_id": "",
            "connection_type": "INTERNET",
            "content_handling_strategy": "",
            "credentials_arn": "",
            "description": "",
            "id": "v5482wt",
            "integration_method": "POST",
            "integration_response_selection_expression": "",
            "integration_subtype": "",
            "integration_type": "AWS_PROXY",
            "integration_uri": "arn:aws:apigateway:eu-central-1:lambda:path/2015-03-31/functions/arn:aws:lambda:eu-central-1:949052962425:function:lesson-websocket-lambda/invocations",
            "passthrough_behavior": "WHEN_NO_MATCH",
            "payload_format_version": "1.0",
            "request_parameters": {},
            "request_templates": {},
            "response_parameters": [],
            "template_selection_expression": "",
            "timeout_milliseconds": 29000,
            "tls_config": []
          },
          "sensitive_attributes": [],
          "private": "bnVsbA==",
          "dependencies": [
            "aws_apigatewayv2_api.mylearn_lessons_api",
            "aws_cognito_user_pool.mylearn",
            "aws_dynamodb_table.cognito_users",
            "aws_dynamodb_table.mylearn_lessons",
            "aws_dynamodb_table.mylearn_lessons_connections",
            "aws_iam_role.cognito_after_register",
            "aws_iam_role.mylearn_lessons",
            "aws_lambda_function.cognito_after_register",
            "aws_lambda_function.lessons_websocket_lambda"
          ],
          "create_before_destroy": true
        }
      ]
    },
    {
      "mode": "managed",
      "type": "aws_apigatewayv2_integration",
      "name": "mylearn_lessons_default",
      "provider": "provider[\"registry.terraform.io/hashicorp/aws\"]",
      "instances": [
        {
          "schema_version": 0,
          "attributes": {
            "api_id": "pgcpqpf7w1",
            "connection_id": "",
            "connection_type": "INTERNET",
            "content_handling_strategy": "",
            "credentials_arn": "",
            "description": "",
            "id": "afgryr8",
            "integration_method": "POST",
            "integration_response_selection_expression": "",
            "integration_subtype": "",
            "integration_type": "AWS_PROXY",
            "integration_uri": "arn:aws:apigateway:eu-central-1:lambda:path/2015-03-31/functions/arn:aws:lambda:eu-central-1:949052962425:function:lesson-websocket-lambda/invocations",
            "passthrough_behavior": "WHEN_NO_MATCH",
            "payload_format_version": "1.0",
            "request_parameters": {},
            "request_templates": {},
            "response_parameters": [],
            "template_selection_expression": "",
            "timeout_milliseconds": 29000,
            "tls_config": []
          },
          "sensitive_attributes": [],
          "private": "bnVsbA==",
          "dependencies": [
            "aws_apigatewayv2_api.mylearn_lessons_api",
            "aws_cognito_user_pool.mylearn",
            "aws_dynamodb_table.cognito_users",
            "aws_dynamodb_table.mylearn_lessons",
            "aws_dynamodb_table.mylearn_lessons_connections",
            "aws_iam_role.cognito_after_register",
            "aws_iam_role.mylearn_lessons",
            "aws_lambda_function.cognito_after_register",
            "aws_lambda_function.lessons_websocket_lambda"
          ],
          "create_before_destroy": true
        }
      ]
    },
    {
      "mode": "managed",
      "type": "aws_apigatewayv2_integration",
      "name": "mylearn_lessons_disconnect",
      "provider": "provider[\"registry.terraform.io/hashicorp/aws\"]",
      "instances": [
        {
          "schema_version": 0,
          "attributes": {
            "api_id": "pgcpqpf7w1",
            "connection_id": "",
            "connection_type": "INTERNET",
            "content_handling_strategy": "",
            "credentials_arn": "",
            "description": "",
            "id": "ywwuv8c",
            "integration_method": "POST",
            "integration_response_selection_expression": "",
            "integration_subtype": "",
            "integration_type": "AWS_PROXY",
            "integration_uri": "arn:aws:apigateway:eu-central-1:lambda:path/2015-03-31/functions/arn:aws:lambda:eu-central-1:949052962425:function:lesson-websocket-lambda/invocations",
            "passthrough_behavior": "WHEN_NO_MATCH",
            "payload_format_version": "1.0",
            "request_parameters": {},
            "request_templates": {},
            "response_parameters": [],
            "template_selection_expression": "",
            "timeout_milliseconds": 29000,
            "tls_config": []
          },
          "sensitive_attributes": [],
          "private": "bnVsbA==",
          "dependencies": [
            "aws_apigatewayv2_api.mylearn_lessons_api",
            "aws_cognito_user_pool.mylearn",
            "aws_dynamodb_table.cognito_users",
            "aws_dynamodb_table.mylearn_lessons",
            "aws_dynamodb_table.mylearn_lessons_connections",
            "aws_iam_role.cognito_after_register",
            "aws_iam_role.mylearn_lessons",
            "aws_lambda_function.cognito_after_register",
            "aws_lambda_function.lessons_websocket_lambda"
          ],
          "create_before_destroy": true
        }
      ]
    },
    {
      "mode": "managed",
      "type": "aws_apigatewayv2_route",
      "name": "chat_connect",
      "provider": "provider[\"registry.terraform.io/hashicorp/aws\"]",
      "instances": [
        {
          "schema_version": 0,
          "attributes": {
            "api_id": "b0g37onld1",
            "api_key_required": false,
            "authorization_scopes": [],
            "authorization_type": "NONE",
            "authorizer_id": "",
            "id": "7dwu925",
            "model_selection_expression": "",
            "operation_name": "",
            "request_models": {},
            "request_parameter": [],
            "route_key": "$connect",
            "route_response_selection_expression": "",
            "target": "integrations/qxv95sj"
          },
          "sensitive_attributes": [],
          "private": "bnVsbA==",
          "dependencies": [
            "aws_apigatewayv2_api.chat_api",
            "aws_apigatewayv2_integration.chat_connect",
            "aws_cognito_user_pool.mylearn",
            "aws_dynamodb_table.chat_connections",
            "aws_dynamodb_table.chat_messages",
            "aws_dynamodb_table.cognito_users",
            "aws_iam_role.cognito_after_register",
            "aws_iam_role.mylearn_chat",
            "aws_lambda_function.chat_lambda",
            "aws_lambda_function.cognito_after_register"
          ],
          "create_before_destroy": true
        }
      ]
    },
    {
      "mode": "managed",
      "type": "aws_apigatewayv2_route",
      "name": "chat_default",
      "provider": "provider[\"registry.terraform.io/hashicorp/aws\"]",
      "instances": [
        {
          "schema_version": 0,
          "attributes": {
            "api_id": "b0g37onld1",
            "api_key_required": false,
            "authorization_scopes": [],
            "authorization_type": "NONE",
            "authorizer_id": "",
            "id": "gjmxs5k",
            "model_selection_expression": "",
            "operation_name": "",
            "request_models": {},
            "request_parameter": [],
            "route_key": "$default",
            "route_response_selection_expression": "",
            "target": "integrations/n4cjpxn"
          },
          "sensitive_attributes": [],
          "private": "bnVsbA==",
          "dependencies": [
            "aws_apigatewayv2_api.chat_api",
            "aws_apigatewayv2_integration.chat_default",
            "aws_cognito_user_pool.mylearn",
            "aws_dynamodb_table.chat_connections",
            "aws_dynamodb_table.chat_messages",
            "aws_dynamodb_table.cognito_users",
            "aws_iam_role.cognito_after_register",
            "aws_iam_role.mylearn_chat",
            "aws_lambda_function.chat_lambda",
            "aws_lambda_function.cognito_after_register"
          ],
          "create_before_destroy": true
        }
      ]
    },
    {
      "mode": "managed",
      "type": "aws_apigatewayv2_route",
      "name": "chat_disconnect",
      "provider": "provider[\"registry.terraform.io/hashicorp/aws\"]",
      "instances": [
        {
          "schema_version": 0,
          "attributes": {
            "api_id": "b0g37onld1",
            "api_key_required": false,
            "authorization_scopes": [],
            "authorization_type": "NONE",
            "authorizer_id": "",
            "id": "z3k24yp",
            "model_selection_expression": "",
            "operation_name": "",
            "request_models": {},
            "request_parameter": [],
            "route_key": "$disconnect",
            "route_response_selection_expression": "",
            "target": "integrations/bdo90re"
          },
          "sensitive_attributes": [],
          "private": "bnVsbA==",
          "dependencies": [
            "aws_apigatewayv2_api.chat_api",
            "aws_apigatewayv2_integration.chat_disconnect",
            "aws_cognito_user_pool.mylearn",
            "aws_dynamodb_table.chat_connections",
            "aws_dynamodb_table.chat_messages",
            "aws_dynamodb_table.cognito_users",
            "aws_iam_role.cognito_after_register",
            "aws_iam_role.mylearn_chat",
            "aws_lambda_function.chat_lambda",
            "aws_lambda_function.cognito_after_register"
          ],
          "create_before_destroy": true
        }
      ]
    },
    {
      "mode": "managed",
      "type": "aws_apigatewayv2_route",
      "name": "mylearn_lessons_connect",
      "provider": "provider[\"registry.terraform.io/hashicorp/aws\"]",
      "instances": [
        {
          "schema_version": 0,
          "attributes": {
            "api_id": "pgcpqpf7w1",
            "api_key_required": false,
            "authorization_scopes": [],
            "authorization_type": "NONE",
            "authorizer_id": "",
            "id": "w4dzvvt",
            "model_selection_expression": "",
            "operation_name": "",
            "request_models": {},
            "request_parameter": [],
            "route_key": "$connect",
            "route_response_selection_expression": "",
            "target": "integrations/v5482wt"
          },
          "sensitive_attributes": [],
          "private": "bnVsbA==",
          "dependencies": [
            "aws_apigatewayv2_api.mylearn_lessons_api",
            "aws_apigatewayv2_integration.mylearn_lessons_connect",
            "aws_cognito_user_pool.mylearn",
            "aws_dynamodb_table.cognito_users",
            "aws_dynamodb_table.mylearn_lessons",
            "aws_dynamodb_table.mylearn_lessons_connections",
            "aws_iam_role.cognito_after_register",
            "aws_iam_role.mylearn_lessons",
            "aws_lambda_function.cognito_after_register",
            "aws_lambda_function.lessons_websocket_lambda"
          ],
          "create_before_destroy": true
        }
      ]
    },
    {
      "mode": "managed",
      "type": "aws_apigatewayv2_route",
      "name": "mylearn_lessons_default",
      "provider": "provider[\"registry.terraform.io/hashicorp/aws\"]",
      "instances": [
        {
          "schema_version": 0,
          "attributes": {
            "api_id": "pgcpqpf7w1",
            "api_key_required": false,
            "authorization_scopes": [],
            "authorization_type": "NONE",
            "authorizer_id": "",
            "id": "k36qa5k",
            "model_selection_expression": "",
            "operation_name": "",
            "request_models": {},
            "request_parameter": [],
            "route_key": "$default",
            "route_response_selection_expression": "",
            "target": "integrations/afgryr8"
          },
          "sensitive_attributes": [],
          "private": "bnVsbA==",
          "dependencies": [
            "aws_apigatewayv2_api.mylearn_lessons_api",
            "aws_apigatewayv2_integration.mylearn_lessons_default",
            "aws_cognito_user_pool.mylearn",
            "aws_dynamodb_table.cognito_users",
            "aws_dynamodb_table.mylearn_lessons",
            "aws_dynamodb_table.mylearn_lessons_connections",
            "aws_iam_role.cognito_after_register",
            "aws_iam_role.mylearn_lessons",
            "aws_lambda_function.cognito_after_register",
            "aws_lambda_function.lessons_websocket_lambda"
          ],
          "create_before_destroy": true
        }
      ]
    },
    {
      "mode": "managed",
      "type": "aws_apigatewayv2_route",
      "name": "mylearn_lessons_disconnect",
      "provider": "provider[\"registry.terraform.io/hashicorp/aws\"]",
      "instances": [
        {
          "schema_version": 0,
          "attributes": {
            "api_id": "pgcpqpf7w1",
            "api_key_required": false,
            "authorization_scopes": [],
            "authorization_type": "NONE",
            "authorizer_id": "",
            "id": "alwl8xp",
            "model_selection_expression": "",
            "operation_name": "",
            "request_models": {},
            "request_parameter": [],
            "route_key": "$disconnect",
            "route_response_selection_expression": "",
            "target": "integrations/ywwuv8c"
          },
          "sensitive_attributes": [],
          "private": "bnVsbA==",
          "dependencies": [
            "aws_apigatewayv2_api.mylearn_lessons_api",
            "aws_apigatewayv2_integration.mylearn_lessons_disconnect",
            "aws_cognito_user_pool.mylearn",
            "aws_dynamodb_table.cognito_users",
            "aws_dynamodb_table.mylearn_lessons",
            "aws_dynamodb_table.mylearn_lessons_connections",
            "aws_iam_role.cognito_after_register",
            "aws_iam_role.mylearn_lessons",
            "aws_lambda_function.cognito_after_register",
            "aws_lambda_function.lessons_websocket_lambda"
          ],
          "create_before_destroy": true
        }
      ]
    },
    {
      "mode": "managed",
      "type": "aws_apigatewayv2_stage",
      "name": "chat_api",
      "provider": "provider[\"registry.terraform.io/hashicorp/aws\"]",
      "instances": [
        {
          "schema_version": 0,
          "attributes": {
            "access_log_settings": [],
            "api_id": "b0g37onld1",
            "arn": "arn:aws:apigateway:eu-central-1::/apis/b0g37onld1/stages/test",
            "auto_deploy": false,
            "client_certificate_id": "",
            "default_route_settings": [
              {
                "data_trace_enabled": false,
                "detailed_metrics_enabled": false,
                "logging_level": "OFF",
                "throttling_burst_limit": 0,
                "throttling_rate_limit": 0
              }
            ],
            "deployment_id": "u6usn7",
            "description": "",
            "execution_arn": "arn:aws:execute-api:eu-central-1:949052962425:b0g37onld1/test",
            "id": "test",
            "invoke_url": "wss://b0g37onld1.execute-api.eu-central-1.amazonaws.com/test",
            "name": "test",
            "route_settings": [],
            "stage_variables": {},
            "tags": {},
            "tags_all": {}
          },
          "sensitive_attributes": [],
          "private": "bnVsbA==",
          "dependencies": [
            "aws_apigatewayv2_api.chat_api"
          ]
        }
      ]
    },
    {
      "mode": "managed",
      "type": "aws_apigatewayv2_stage",
      "name": "mylearn_lessons_api",
      "provider": "provider[\"registry.terraform.io/hashicorp/aws\"]",
      "instances": [
        {
          "schema_version": 0,
          "attributes": {
            "access_log_settings": [],
            "api_id": "pgcpqpf7w1",
            "arn": "arn:aws:apigateway:eu-central-1::/apis/pgcpqpf7w1/stages/test",
            "auto_deploy": false,
            "client_certificate_id": "",
            "default_route_settings": [
              {
                "data_trace_enabled": false,
                "detailed_metrics_enabled": false,
                "logging_level": "OFF",
                "throttling_burst_limit": 0,
                "throttling_rate_limit": 0
              }
            ],
            "deployment_id": "igzjp0",
            "description": "",
            "execution_arn": "arn:aws:execute-api:eu-central-1:949052962425:pgcpqpf7w1/test",
            "id": "test",
            "invoke_url": "wss://pgcpqpf7w1.execute-api.eu-central-1.amazonaws.com/test",
            "name": "test",
            "route_settings": [],
            "stage_variables": {},
            "tags": {},
            "tags_all": {}
          },
          "sensitive_attributes": [],
          "private": "bnVsbA==",
          "dependencies": [
            "aws_apigatewayv2_api.mylearn_lessons_api"
          ]
        }
      ]
    },
    {
      "mode": "managed",
      "type": "aws_budgets_budget",
      "name": "mylearn",
      "provider": "provider[\"registry.terraform.io/hashicorp/aws\"]",
      "instances": [
        {
          "schema_version": 0,
          "attributes": {
            "account_id": "949052962425",
            "arn": "arn:aws:budgets::949052962425:budget/mylearn-monthly-budget",
            "budget_type": "COST",
            "cost_filter": [],
            "cost_filters": {},
            "cost_types": [
              {
                "include_credit": true,
                "include_discount": true,
                "include_other_subscription": true,
                "include_recurring": true,
                "include_refund": true,
                "include_subscription": true,
                "include_support": true,
                "include_tax": true,
                "include_upfront": true,
                "use_amortized": false,
                "use_blended": false
              }
            ],
            "id": "949052962425:mylearn-monthly-budget",
            "limit_amount": "2.0",
            "limit_unit": "USD",
            "name": "mylearn-monthly-budget",
            "name_prefix": "",
            "notification": [
              {
                "comparison_operator": "GREATER_THAN",
                "notification_type": "FORECASTED",
                "subscriber_email_addresses": [
                  "marek.nowak31254@gmail.com",
                  "mark-now@wp.pl",
                  "mark.now997@gmail.com"
                ],
                "subscriber_sns_topic_arns": [],
                "threshold": 50,
                "threshold_type": "PERCENTAGE"
              }
            ],
            "time_period_end": "2087-06-15_00:00",
            "time_period_start": "2020-02-20_00:01",
            "time_unit": "MONTHLY"
          },
          "sensitive_attributes": [],
          "private": "bnVsbA=="
        }
      ]
    },
    {
      "mode": "managed",
      "type": "aws_cognito_user_group",
      "name": "admins",
      "provider": "provider[\"registry.terraform.io/hashicorp/aws\"]",
      "instances": [
        {
          "schema_version": 0,
          "attributes": {
            "description": "Group of app admins",
            "id": "eu-central-1_LsCgMRDvD/admin-group",
            "name": "admin-group",
            "precedence": 1,
            "role_arn": "",
            "user_pool_id": "eu-central-1_LsCgMRDvD"
          },
          "sensitive_attributes": [],
          "private": "bnVsbA==",
          "dependencies": [
            "aws_cognito_user_pool.mylearn",
            "aws_dynamodb_table.cognito_users",
            "aws_iam_role.cognito_after_register",
            "aws_lambda_function.cognito_after_register"
          ]
        }
      ]
    },
    {
      "mode": "managed",
      "type": "aws_cognito_user_group",
      "name": "parents",
      "provider": "provider[\"registry.terraform.io/hashicorp/aws\"]",
      "instances": [
        {
          "schema_version": 0,
          "attributes": {
            "description": "Group of student's parents",
            "id": "eu-central-1_LsCgMRDvD/parent-group",
            "name": "parent-group",
            "precedence": 3,
            "role_arn": "",
            "user_pool_id": "eu-central-1_LsCgMRDvD"
          },
          "sensitive_attributes": [],
          "private": "bnVsbA==",
          "dependencies": [
            "aws_cognito_user_pool.mylearn",
            "aws_dynamodb_table.cognito_users",
            "aws_iam_role.cognito_after_register",
            "aws_lambda_function.cognito_after_register"
          ]
        }
      ]
    },
    {
      "mode": "managed",
      "type": "aws_cognito_user_group",
      "name": "students",
      "provider": "provider[\"registry.terraform.io/hashicorp/aws\"]",
      "instances": [
        {
          "schema_version": 0,
          "attributes": {
            "description": "Group of students",
            "id": "eu-central-1_LsCgMRDvD/student-group",
            "name": "student-group",
            "precedence": 4,
            "role_arn": "",
            "user_pool_id": "eu-central-1_LsCgMRDvD"
          },
          "sensitive_attributes": [],
          "private": "bnVsbA==",
          "dependencies": [
            "aws_cognito_user_pool.mylearn",
            "aws_dynamodb_table.cognito_users",
            "aws_iam_role.cognito_after_register",
            "aws_lambda_function.cognito_after_register"
          ]
        }
      ]
    },
    {
      "mode": "managed",
      "type": "aws_cognito_user_group",
      "name": "teachers",
      "provider": "provider[\"registry.terraform.io/hashicorp/aws\"]",
      "instances": [
        {
          "schema_version": 0,
          "attributes": {
            "description": "Group of teachers",
            "id": "eu-central-1_LsCgMRDvD/teacher-group",
            "name": "teacher-group",
            "precedence": 2,
            "role_arn": "",
            "user_pool_id": "eu-central-1_LsCgMRDvD"
          },
          "sensitive_attributes": [],
          "private": "bnVsbA==",
          "dependencies": [
            "aws_cognito_user_pool.mylearn",
            "aws_dynamodb_table.cognito_users",
            "aws_iam_role.cognito_after_register",
            "aws_lambda_function.cognito_after_register"
          ]
        }
      ]
    },
    {
      "mode": "managed",
      "type": "aws_cognito_user_pool",
      "name": "mylearn",
      "provider": "provider[\"registry.terraform.io/hashicorp/aws\"]",
      "instances": [
        {
          "schema_version": 0,
          "attributes": {
            "account_recovery_setting": [
              {
                "recovery_mechanism": [
                  {
                    "name": "verified_email",
                    "priority": 1
                  }
                ]
              }
            ],
            "admin_create_user_config": [
              {
                "allow_admin_create_user_only": false,
                "invite_message_template": []
              }
            ],
            "alias_attributes": [
              "email"
            ],
            "arn": "arn:aws:cognito-idp:eu-central-1:949052962425:userpool/eu-central-1_LsCgMRDvD",
            "auto_verified_attributes": [],
            "creation_date": "2022-08-02T17:04:25Z",
            "custom_domain": "",
            "device_configuration": [],
            "domain": "myexamplemylearn",
            "email_configuration": [
              {
                "configuration_set": "",
                "email_sending_account": "COGNITO_DEFAULT",
                "from_email_address": "",
                "reply_to_email_address": "",
                "source_arn": ""
              }
            ],
            "email_verification_message": null,
            "email_verification_subject": null,
            "endpoint": "cognito-idp.eu-central-1.amazonaws.com/eu-central-1_LsCgMRDvD",
            "estimated_number_of_users": 8,
            "id": "eu-central-1_LsCgMRDvD",
            "lambda_config": [
              {
                "create_auth_challenge": "",
                "custom_email_sender": [],
                "custom_message": "",
                "custom_sms_sender": [],
                "define_auth_challenge": "",
                "kms_key_id": "",
                "post_authentication": "",
                "post_confirmation": "arn:aws:lambda:eu-central-1:949052962425:function:cognito-after-register-lambda",
                "pre_authentication": "",
                "pre_sign_up": "",
                "pre_token_generation": "",
                "user_migration": "",
                "verify_auth_challenge_response": ""
              }
            ],
            "last_modified_date": "2022-08-10T19:52:12Z",
            "mfa_configuration": "OFF",
            "name": "mylearn-cognito-userpool",
            "password_policy": [
              {
                "minimum_length": 8,
                "require_lowercase": false,
                "require_numbers": false,
                "require_symbols": false,
                "require_uppercase": false,
                "temporary_password_validity_days": 100
              }
            ],
            "schema": [],
            "sms_authentication_message": null,
            "sms_configuration": [],
            "sms_verification_message": null,
            "software_token_mfa_configuration": [],
            "tags": {},
            "tags_all": {},
            "user_pool_add_ons": [],
            "username_attributes": null,
            "username_configuration": [],
            "verification_message_template": [
              {
                "default_email_option": "CONFIRM_WITH_CODE",
                "email_message": "",
                "email_message_by_link": "",
                "email_subject": "",
                "email_subject_by_link": "",
                "sms_message": ""
              }
            ]
          },
          "sensitive_attributes": [],
          "private": "bnVsbA==",
          "dependencies": [
            "aws_dynamodb_table.cognito_users",
            "aws_iam_role.cognito_after_register",
            "aws_lambda_function.cognito_after_register"
          ],
          "create_before_destroy": true
        }
      ]
    },
    {
      "mode": "managed",
      "type": "aws_cognito_user_pool_client",
      "name": "webapp",
      "provider": "provider[\"registry.terraform.io/hashicorp/aws\"]",
      "instances": [
        {
          "schema_version": 0,
          "attributes": {
            "access_token_validity": 0,
            "allowed_oauth_flows": [],
            "allowed_oauth_flows_user_pool_client": false,
            "allowed_oauth_scopes": [],
            "analytics_configuration": [],
            "callback_urls": [],
            "client_secret": "",
            "default_redirect_uri": "",
            "enable_token_revocation": true,
            "explicit_auth_flows": [
              "ALLOW_ADMIN_USER_PASSWORD_AUTH",
              "ALLOW_CUSTOM_AUTH",
              "ALLOW_REFRESH_TOKEN_AUTH",
              "ALLOW_USER_PASSWORD_AUTH",
              "ALLOW_USER_SRP_AUTH"
            ],
            "generate_secret": false,
            "id": "2jc39495jj7r6rpltst6b8ps80",
            "id_token_validity": 0,
            "logout_urls": [],
            "name": "terraform-cognito-client",
            "prevent_user_existence_errors": "",
            "read_attributes": [],
            "refresh_token_validity": 10,
            "supported_identity_providers": [],
            "token_validity_units": [],
            "user_pool_id": "eu-central-1_LsCgMRDvD",
            "write_attributes": []
          },
          "sensitive_attributes": [],
          "private": "bnVsbA==",
          "dependencies": [
            "aws_cognito_user_pool.mylearn",
            "aws_dynamodb_table.cognito_users",
            "aws_iam_role.cognito_after_register",
            "aws_lambda_function.cognito_after_register"
          ],
          "create_before_destroy": true
        }
      ]
    },
    {
      "mode": "managed",
      "type": "aws_dynamodb_table",
      "name": "chat_connections",
      "provider": "provider[\"registry.terraform.io/hashicorp/aws\"]",
      "instances": [
        {
          "schema_version": 1,
          "attributes": {
            "arn": "arn:aws:dynamodb:eu-central-1:949052962425:table/chat-connections",
            "attribute": [
              {
                "name": "userId",
                "type": "S"
              }
            ],
            "billing_mode": "PAY_PER_REQUEST",
            "global_secondary_index": [],
            "hash_key": "userId",
            "id": "chat-connections",
            "local_secondary_index": [],
            "name": "chat-connections",
            "point_in_time_recovery": [
              {
                "enabled": false
              }
            ],
            "range_key": null,
            "read_capacity": 0,
            "replica": [],
            "restore_date_time": null,
            "restore_source_name": null,
            "restore_to_latest_time": null,
            "server_side_encryption": [],
            "stream_arn": "",
            "stream_enabled": false,
            "stream_label": "",
            "stream_view_type": "",
            "table_class": "",
            "tags": {
              "AppName": "mylearn-app"
            },
            "tags_all": {
              "AppName": "mylearn-app"
            },
            "timeouts": null,
            "ttl": [
              {
                "attribute_name": "",
                "enabled": false
              }
            ],
            "write_capacity": 0
          },
          "sensitive_attributes": [],
          "private": "eyJlMmJmYjczMC1lY2FhLTExZTYtOGY4OC0zNDM2M2JjN2M0YzAiOnsiY3JlYXRlIjoxODAwMDAwMDAwMDAwLCJkZWxldGUiOjYwMDAwMDAwMDAwMCwidXBkYXRlIjozNjAwMDAwMDAwMDAwfSwic2NoZW1hX3ZlcnNpb24iOiIxIn0=",
          "create_before_destroy": true
        }
      ]
    },
    {
      "mode": "managed",
      "type": "aws_dynamodb_table",
      "name": "chat_messages",
      "provider": "provider[\"registry.terraform.io/hashicorp/aws\"]",
      "instances": [
        {
          "schema_version": 1,
          "attributes": {
            "arn": "arn:aws:dynamodb:eu-central-1:949052962425:table/mylearn-chat-messages",
            "attribute": [
              {
                "name": "Timestamp",
                "type": "S"
              },
              {
                "name": "UserFromTo",
                "type": "S"
              }
            ],
            "billing_mode": "PAY_PER_REQUEST",
            "global_secondary_index": [],
            "hash_key": "UserFromTo",
            "id": "mylearn-chat-messages",
            "local_secondary_index": [],
            "name": "mylearn-chat-messages",
            "point_in_time_recovery": [
              {
                "enabled": false
              }
            ],
            "range_key": "Timestamp",
            "read_capacity": 0,
            "replica": [],
            "restore_date_time": null,
            "restore_source_name": null,
            "restore_to_latest_time": null,
            "server_side_encryption": [],
            "stream_arn": "",
            "stream_enabled": false,
            "stream_label": "",
            "stream_view_type": "",
            "table_class": "",
            "tags": {
              "AppName": "mylearn-app"
            },
            "tags_all": {
              "AppName": "mylearn-app"
            },
            "timeouts": null,
            "ttl": [
              {
                "attribute_name": "",
                "enabled": false
              }
            ],
            "write_capacity": 0
          },
          "sensitive_attributes": [],
          "private": "eyJlMmJmYjczMC1lY2FhLTExZTYtOGY4OC0zNDM2M2JjN2M0YzAiOnsiY3JlYXRlIjoxODAwMDAwMDAwMDAwLCJkZWxldGUiOjYwMDAwMDAwMDAwMCwidXBkYXRlIjozNjAwMDAwMDAwMDAwfSwic2NoZW1hX3ZlcnNpb24iOiIxIn0=",
          "create_before_destroy": true
        }
      ]
    },
    {
      "mode": "managed",
      "type": "aws_dynamodb_table",
      "name": "cognito_users",
      "provider": "provider[\"registry.terraform.io/hashicorp/aws\"]",
      "instances": [
        {
          "schema_version": 1,
          "attributes": {
            "arn": "arn:aws:dynamodb:eu-central-1:949052962425:table/cognito-users",
            "attribute": [
              {
                "name": "Username",
                "type": "S"
              }
            ],
            "billing_mode": "PAY_PER_REQUEST",
            "global_secondary_index": [],
            "hash_key": "Username",
            "id": "cognito-users",
            "local_secondary_index": [],
            "name": "cognito-users",
            "point_in_time_recovery": [
              {
                "enabled": false
              }
            ],
            "range_key": null,
            "read_capacity": 0,
            "replica": [],
            "restore_date_time": null,
            "restore_source_name": null,
            "restore_to_latest_time": null,
            "server_side_encryption": [],
            "stream_arn": "",
            "stream_enabled": false,
            "stream_label": "",
            "stream_view_type": "",
            "table_class": "",
            "tags": {
              "AppName": "mylearn-app"
            },
            "tags_all": {
              "AppName": "mylearn-app"
            },
            "timeouts": null,
            "ttl": [
              {
                "attribute_name": "",
                "enabled": false
              }
            ],
            "write_capacity": 0
          },
          "sensitive_attributes": [],
          "private": "eyJlMmJmYjczMC1lY2FhLTExZTYtOGY4OC0zNDM2M2JjN2M0YzAiOnsiY3JlYXRlIjoxODAwMDAwMDAwMDAwLCJkZWxldGUiOjYwMDAwMDAwMDAwMCwidXBkYXRlIjozNjAwMDAwMDAwMDAwfSwic2NoZW1hX3ZlcnNpb24iOiIxIn0=",
          "create_before_destroy": true
        }
      ]
    },
    {
      "mode": "managed",
      "type": "aws_dynamodb_table",
      "name": "mylearn_classes",
      "provider": "provider[\"registry.terraform.io/hashicorp/aws\"]",
      "instances": [
        {
          "schema_version": 1,
          "attributes": {
            "arn": "arn:aws:dynamodb:eu-central-1:949052962425:table/mylearn-classes",
            "attribute": [
              {
                "name": "UserClass",
                "type": "S"
              }
            ],
            "billing_mode": "PAY_PER_REQUEST",
            "global_secondary_index": [],
            "hash_key": "UserClass",
            "id": "mylearn-classes",
            "local_secondary_index": [],
            "name": "mylearn-classes",
            "point_in_time_recovery": [
              {
                "enabled": false
              }
            ],
            "range_key": null,
            "read_capacity": 0,
            "replica": [],
            "restore_date_time": null,
            "restore_source_name": null,
            "restore_to_latest_time": null,
            "server_side_encryption": [],
            "stream_arn": "",
            "stream_enabled": false,
            "stream_label": "",
            "stream_view_type": "",
            "table_class": "",
            "tags": {
              "AppName": "mylearn-app"
            },
            "tags_all": {
              "AppName": "mylearn-app"
            },
            "timeouts": null,
            "ttl": [
              {
                "attribute_name": "",
                "enabled": false
              }
            ],
            "write_capacity": 0
          },
          "sensitive_attributes": [],
          "private": "eyJlMmJmYjczMC1lY2FhLTExZTYtOGY4OC0zNDM2M2JjN2M0YzAiOnsiY3JlYXRlIjoxODAwMDAwMDAwMDAwLCJkZWxldGUiOjYwMDAwMDAwMDAwMCwidXBkYXRlIjozNjAwMDAwMDAwMDAwfSwic2NoZW1hX3ZlcnNpb24iOiIxIn0=",
          "create_before_destroy": true
        }
      ]
    },
    {
      "mode": "managed",
      "type": "aws_dynamodb_table",
      "name": "mylearn_grades",
      "provider": "provider[\"registry.terraform.io/hashicorp/aws\"]",
      "instances": [
        {
          "schema_version": 1,
          "attributes": {
            "arn": "arn:aws:dynamodb:eu-central-1:949052962425:table/mylearn-grades",
            "attribute": [
              {
                "name": "Date",
                "type": "S"
              },
              {
                "name": "UserId",
                "type": "S"
              }
            ],
            "billing_mode": "PAY_PER_REQUEST",
            "global_secondary_index": [],
            "hash_key": "UserId",
            "id": "mylearn-grades",
            "local_secondary_index": [],
            "name": "mylearn-grades",
            "point_in_time_recovery": [
              {
                "enabled": false
              }
            ],
            "range_key": "Date",
            "read_capacity": 0,
            "replica": [],
            "restore_date_time": null,
            "restore_source_name": null,
            "restore_to_latest_time": null,
            "server_side_encryption": [],
            "stream_arn": "",
            "stream_enabled": false,
            "stream_label": "",
            "stream_view_type": "",
            "table_class": "",
            "tags": {
              "AppName": "mylearn-app"
            },
            "tags_all": {
              "AppName": "mylearn-app"
            },
            "timeouts": null,
            "ttl": [
              {
                "attribute_name": "",
                "enabled": false
              }
            ],
            "write_capacity": 0
          },
          "sensitive_attributes": [],
          "private": "eyJlMmJmYjczMC1lY2FhLTExZTYtOGY4OC0zNDM2M2JjN2M0YzAiOnsiY3JlYXRlIjoxODAwMDAwMDAwMDAwLCJkZWxldGUiOjYwMDAwMDAwMDAwMCwidXBkYXRlIjozNjAwMDAwMDAwMDAwfSwic2NoZW1hX3ZlcnNpb24iOiIxIn0=",
          "create_before_destroy": true
        }
      ]
    },
    {
      "mode": "managed",
      "type": "aws_dynamodb_table",
      "name": "mylearn_lessons",
      "provider": "provider[\"registry.terraform.io/hashicorp/aws\"]",
      "instances": [
        {
          "schema_version": 1,
          "attributes": {
            "arn": "arn:aws:dynamodb:eu-central-1:949052962425:table/mylearn-lessons",
            "attribute": [
              {
                "name": "LessonId",
                "type": "S"
              },
              {
                "name": "SlideId",
                "type": "S"
              }
            ],
            "billing_mode": "PAY_PER_REQUEST",
            "global_secondary_index": [],
            "hash_key": "LessonId",
            "id": "mylearn-lessons",
            "local_secondary_index": [],
            "name": "mylearn-lessons",
            "point_in_time_recovery": [
              {
                "enabled": false
              }
            ],
            "range_key": "SlideId",
            "read_capacity": 0,
            "replica": [],
            "restore_date_time": null,
            "restore_source_name": null,
            "restore_to_latest_time": null,
            "server_side_encryption": [],
            "stream_arn": "",
            "stream_enabled": false,
            "stream_label": "",
            "stream_view_type": "",
            "table_class": "",
            "tags": {
              "AppName": "mylearn-app"
            },
            "tags_all": {
              "AppName": "mylearn-app"
            },
            "timeouts": null,
            "ttl": [
              {
                "attribute_name": "",
                "enabled": false
              }
            ],
            "write_capacity": 0
          },
          "sensitive_attributes": [],
          "private": "eyJlMmJmYjczMC1lY2FhLTExZTYtOGY4OC0zNDM2M2JjN2M0YzAiOnsiY3JlYXRlIjoxODAwMDAwMDAwMDAwLCJkZWxldGUiOjYwMDAwMDAwMDAwMCwidXBkYXRlIjozNjAwMDAwMDAwMDAwfSwic2NoZW1hX3ZlcnNpb24iOiIxIn0=",
          "create_before_destroy": true
        }
      ]
    },
    {
      "mode": "managed",
      "type": "aws_dynamodb_table",
      "name": "mylearn_lessons_connections",
      "provider": "provider[\"registry.terraform.io/hashicorp/aws\"]",
      "instances": [
        {
          "schema_version": 1,
          "attributes": {
            "arn": "arn:aws:dynamodb:eu-central-1:949052962425:table/mylearn-lessons-connections",
            "attribute": [
              {
                "name": "ConnectionID",
                "type": "S"
              },
              {
                "name": "LessonId",
                "type": "S"
              }
            ],
            "billing_mode": "PAY_PER_REQUEST",
            "global_secondary_index": [],
            "hash_key": "LessonId",
            "id": "mylearn-lessons-connections",
            "local_secondary_index": [],
            "name": "mylearn-lessons-connections",
            "point_in_time_recovery": [
              {
                "enabled": false
              }
            ],
            "range_key": "ConnectionID",
            "read_capacity": 0,
            "replica": [],
            "restore_date_time": null,
            "restore_source_name": null,
            "restore_to_latest_time": null,
            "server_side_encryption": [],
            "stream_arn": "",
            "stream_enabled": false,
            "stream_label": "",
            "stream_view_type": "",
            "table_class": "",
            "tags": {
              "AppName": "mylearn-app"
            },
            "tags_all": {
              "AppName": "mylearn-app"
            },
            "timeouts": null,
            "ttl": [
              {
                "attribute_name": "",
                "enabled": false
              }
            ],
            "write_capacity": 0
          },
          "sensitive_attributes": [],
          "private": "eyJlMmJmYjczMC1lY2FhLTExZTYtOGY4OC0zNDM2M2JjN2M0YzAiOnsiY3JlYXRlIjoxODAwMDAwMDAwMDAwLCJkZWxldGUiOjYwMDAwMDAwMDAwMCwidXBkYXRlIjozNjAwMDAwMDAwMDAwfSwic2NoZW1hX3ZlcnNpb24iOiIxIn0=",
          "create_before_destroy": true
        }
      ]
    },
    {
      "mode": "managed",
      "type": "aws_iam_role",
      "name": "auth_lambda",
      "provider": "provider[\"registry.terraform.io/hashicorp/aws\"]",
      "instances": [
        {
          "schema_version": 0,
          "attributes": {
            "arn": "arn:aws:iam::949052962425:role/auth-lambda-eu-central-1",
            "assume_role_policy": "{\"Version\":\"2012-10-17\",\"Statement\":[{\"Effect\":\"Allow\",\"Principal\":{\"Service\":\"lambda.amazonaws.com\"},\"Action\":\"sts:AssumeRole\"}]}",
            "create_date": "2022-08-02T17:03:46Z",
            "description": "",
            "force_detach_policies": false,
            "id": "auth-lambda-eu-central-1",
            "inline_policy": [
              {
                "name": "",
                "policy": ""
              }
            ],
            "managed_policy_arns": [
              "arn:aws:iam::aws:policy/service-role/AWSLambdaBasicExecutionRole"
            ],
            "max_session_duration": 3600,
            "name": "auth-lambda-eu-central-1",
            "name_prefix": "",
            "path": "/",
            "permissions_boundary": null,
            "tags": {},
            "tags_all": {},
            "unique_id": "AROA5Z57W6Z46YF3CVKHL"
          },
          "sensitive_attributes": [],
          "private": "bnVsbA==",
          "create_before_destroy": true
        }
      ]
    },
    {
      "mode": "managed",
      "type": "aws_iam_role",
      "name": "cognito_after_register",
      "provider": "provider[\"registry.terraform.io/hashicorp/aws\"]",
      "instances": [
        {
          "schema_version": 0,
          "attributes": {
            "arn": "arn:aws:iam::949052962425:role/cognito-after-register-eu-central-1",
            "assume_role_policy": "{\"Version\":\"2012-10-17\",\"Statement\":[{\"Effect\":\"Allow\",\"Principal\":{\"Service\":\"lambda.amazonaws.com\"},\"Action\":\"sts:AssumeRole\"}]}",
            "create_date": "2022-08-02T17:03:46Z",
            "description": "",
            "force_detach_policies": false,
            "id": "cognito-after-register-eu-central-1",
            "inline_policy": [
              {
                "name": "cognito-after-register-eu-central-1",
                "policy": "{\"Statement\":[{\"Action\":\"dynamodb:PutItem\",\"Effect\":\"Allow\",\"Resource\":\"arn:aws:dynamodb:eu-central-1:949052962425:table/cognito-users\"},{\"Action\":\"cognito-idp:*\",\"Effect\":\"Allow\",\"Resource\":\"arn:aws:cognito-idp:eu-central-1:949052962425:userpool/eu-central-1_LsCgMRDvD\"}],\"Version\":\"2012-10-17\"}"
              }
            ],
            "managed_policy_arns": [
              "arn:aws:iam::aws:policy/service-role/AWSLambdaBasicExecutionRole"
            ],
            "max_session_duration": 3600,
            "name": "cognito-after-register-eu-central-1",
            "name_prefix": "",
            "path": "/",
            "permissions_boundary": null,
            "tags": {},
            "tags_all": {},
            "unique_id": "AROA5Z57W6Z47BTVEACWJ"
          },
          "sensitive_attributes": [],
          "private": "bnVsbA==",
          "create_before_destroy": true
        }
      ]
    },
    {
      "mode": "managed",
      "type": "aws_iam_role",
      "name": "mylearn_chat",
      "provider": "provider[\"registry.terraform.io/hashicorp/aws\"]",
      "instances": [
        {
          "schema_version": 0,
          "attributes": {
            "arn": "arn:aws:iam::949052962425:role/mylearn-chat-eu-central-1",
            "assume_role_policy": "{\"Version\":\"2012-10-17\",\"Statement\":[{\"Effect\":\"Allow\",\"Principal\":{\"Service\":\"lambda.amazonaws.com\"},\"Action\":\"sts:AssumeRole\"}]}",
            "create_date": "2022-08-02T17:03:46Z",
            "description": "",
            "force_detach_policies": false,
            "id": "mylearn-chat-eu-central-1",
            "inline_policy": [
              {
                "name": "mylearn-chat-eu-central-1",
                "policy": "{\"Statement\":[{\"Action\":[\"dynamodb:DescribeReservedCapacityOfferings\",\"dynamodb:ListGlobalTables\",\"dynamodb:ListTables\",\"dynamodb:DescribeReservedCapacity\",\"dynamodb:ListBackups\",\"dynamodb:PurchaseReservedCapacityOfferings\",\"dynamodb:DescribeLimits\",\"dynamodb:ListStreams\"],\"Effect\":\"Allow\",\"Resource\":\"*\"},{\"Action\":\"dynamodb:*\",\"Effect\":\"Allow\",\"Resource\":\"arn:aws:dynamodb:eu-central-1:949052962425:table/chat-connections\"},{\"Action\":\"dynamodb:PutItem\",\"Effect\":\"Allow\",\"Resource\":\"arn:aws:dynamodb:eu-central-1:949052962425:table/mylearn-chat-messages\"},{\"Action\":\"execute-api:*\",\"Effect\":\"Allow\",\"Resource\":\"arn:aws:execute-api:eu-central-1:949052962425:b0g37onld1/*/*/*\"}],\"Version\":\"2012-10-17\"}"
              }
            ],
            "managed_policy_arns": [
              "arn:aws:iam::aws:policy/service-role/AWSLambdaBasicExecutionRole"
            ],
            "max_session_duration": 3600,
            "name": "mylearn-chat-eu-central-1",
            "name_prefix": "",
            "path": "/",
            "permissions_boundary": null,
            "tags": {},
            "tags_all": {},
            "unique_id": "AROA5Z57W6Z4RN2YXM6UZ"
          },
          "sensitive_attributes": [],
          "private": "bnVsbA==",
          "create_before_destroy": true
        }
      ]
    },
    {
      "mode": "managed",
      "type": "aws_iam_role",
      "name": "mylearn_cognito_user",
      "provider": "provider[\"registry.terraform.io/hashicorp/aws\"]",
      "instances": [
        {
          "schema_version": 0,
          "attributes": {
            "arn": "arn:aws:iam::949052962425:role/cognito-user-lambda-eu-central-1",
            "assume_role_policy": "{\"Version\":\"2012-10-17\",\"Statement\":[{\"Effect\":\"Allow\",\"Principal\":{\"Service\":\"lambda.amazonaws.com\"},\"Action\":\"sts:AssumeRole\"}]}",
            "create_date": "2022-08-02T17:03:47Z",
            "description": "",
            "force_detach_policies": false,
            "id": "cognito-user-lambda-eu-central-1",
            "inline_policy": [
              {
                "name": "cognito-user-lambda-eu-central-1",
                "policy": "{\"Statement\":[{\"Action\":[\"cognito-idp:InitiateAuth\",\"cognito-idp:AdminConfirmSignUp\",\"cognito-idp:AdminAddUserToGroup\"],\"Effect\":\"Allow\",\"Resource\":\"*\"}],\"Version\":\"2012-10-17\"}"
              }
            ],
            "managed_policy_arns": [
              "arn:aws:iam::aws:policy/service-role/AWSLambdaBasicExecutionRole"
            ],
            "max_session_duration": 3600,
            "name": "cognito-user-lambda-eu-central-1",
            "name_prefix": "",
            "path": "/",
            "permissions_boundary": null,
            "tags": {},
            "tags_all": {},
            "unique_id": "AROA5Z57W6Z46R4JPHI62"
          },
          "sensitive_attributes": [],
          "private": "bnVsbA==",
          "create_before_destroy": true
        }
      ]
    },
    {
      "mode": "managed",
      "type": "aws_iam_role",
      "name": "mylearn_grades",
      "provider": "provider[\"registry.terraform.io/hashicorp/aws\"]",
      "instances": [
        {
          "schema_version": 0,
          "attributes": {
            "arn": "arn:aws:iam::949052962425:role/mylearn-grades-eu-central-1",
            "assume_role_policy": "{\"Version\":\"2012-10-17\",\"Statement\":[{\"Effect\":\"Allow\",\"Principal\":{\"Service\":\"lambda.amazonaws.com\"},\"Action\":\"sts:AssumeRole\"}]}",
            "create_date": "2022-08-02T17:03:46Z",
            "description": "",
            "force_detach_policies": false,
            "id": "mylearn-grades-eu-central-1",
            "inline_policy": [
              {
                "name": "mylearn-grades-eu-central-1",
                "policy": "{\"Statement\":[{\"Action\":[\"dynamodb:PutItem\",\"dynamodb:GetItem\",\"dynamodb:Scan\",\"dynamodb:Query\",\"dynamodb:UpdateItem\"],\"Effect\":\"Allow\",\"Resource\":\"arn:aws:dynamodb:eu-central-1:949052962425:table/mylearn-grades\"},{\"Action\":\"dynamodb:ListTables\",\"Effect\":\"Allow\",\"Resource\":\"*\"}],\"Version\":\"2012-10-17\"}"
              }
            ],
            "managed_policy_arns": [
              "arn:aws:iam::aws:policy/service-role/AWSLambdaBasicExecutionRole"
            ],
            "max_session_duration": 3600,
            "name": "mylearn-grades-eu-central-1",
            "name_prefix": "",
            "path": "/",
            "permissions_boundary": null,
            "tags": {},
            "tags_all": {},
            "unique_id": "AROA5Z57W6Z4V3NOLBB4S"
          },
          "sensitive_attributes": [],
          "private": "bnVsbA==",
          "create_before_destroy": true
        }
      ]
    },
    {
      "mode": "managed",
      "type": "aws_iam_role",
      "name": "mylearn_invocation_role",
      "provider": "provider[\"registry.terraform.io/hashicorp/aws\"]",
      "instances": [
        {
          "schema_version": 0,
          "attributes": {
            "arn": "arn:aws:iam::949052962425:role/api_gateway_auth_invocation",
            "assume_role_policy": "{\"Version\":\"2012-10-17\",\"Statement\":[{\"Sid\":\"\",\"Effect\":\"Allow\",\"Principal\":{\"Service\":\"apigateway.amazonaws.com\"},\"Action\":\"sts:AssumeRole\"}]}",
            "create_date": "2022-08-02T17:03:47Z",
            "description": "",
            "force_detach_policies": false,
            "id": "api_gateway_auth_invocation",
            "inline_policy": [
              {
                "name": "default",
                "policy": "{\r\n  \"Version\": \"2012-10-17\",\r\n  \"Statement\": [\r\n    {\r\n      \"Action\": \"lambda:InvokeFunction\",\r\n      \"Effect\": \"Allow\",\r\n      \"Resource\": \"arn:aws:lambda:eu-central-1:949052962425:function:auth-lambda\"\r\n    }\r\n  ]\r\n}\r\n"
              }
            ],
            "managed_policy_arns": [],
            "max_session_duration": 3600,
            "name": "api_gateway_auth_invocation",
            "name_prefix": "",
            "path": "/",
            "permissions_boundary": null,
            "tags": {},
            "tags_all": {},
            "unique_id": "AROA5Z57W6Z44M7IG6YWW"
          },
          "sensitive_attributes": [],
          "private": "bnVsbA==",
          "create_before_destroy": true
        }
      ]
    },
    {
      "mode": "managed",
      "type": "aws_iam_role",
      "name": "mylearn_lessons",
      "provider": "provider[\"registry.terraform.io/hashicorp/aws\"]",
      "instances": [
        {
          "schema_version": 0,
          "attributes": {
            "arn": "arn:aws:iam::949052962425:role/mylearn-lessons-eu-central-1",
            "assume_role_policy": "{\"Version\":\"2012-10-17\",\"Statement\":[{\"Effect\":\"Allow\",\"Principal\":{\"Service\":\"lambda.amazonaws.com\"},\"Action\":\"sts:AssumeRole\"}]}",
            "create_date": "2022-08-22T21:29:19Z",
            "description": "",
            "force_detach_policies": false,
            "id": "mylearn-lessons-eu-central-1",
            "inline_policy": [
              {
                "name": "mylearn-lessons-eu-central-1",
                "policy": "{\"Statement\":[{\"Action\":[\"dynamodb:DescribeReservedCapacityOfferings\",\"dynamodb:ListGlobalTables\",\"dynamodb:ListTables\",\"dynamodb:DescribeReservedCapacity\",\"dynamodb:ListBackups\",\"dynamodb:PurchaseReservedCapacityOfferings\",\"dynamodb:DescribeLimits\",\"dynamodb:ListStreams\"],\"Effect\":\"Allow\",\"Resource\":\"*\"},{\"Action\":[\"dynamodb:Query\",\"dynamodb:PutItem\",\"dynamodb:DeleteItem\",\"dynamodb:Scan\"],\"Effect\":\"Allow\",\"Resource\":[\"arn:aws:dynamodb:eu-central-1:949052962425:table/mylearn-lessons-connections\",\"arn:aws:dynamodb:eu-central-1:949052962425:table/mylearn-lessons\"]},{\"Action\":\"execute-api:*\",\"Effect\":\"Allow\",\"Resource\":\"arn:aws:execute-api:eu-central-1:949052962425:pgcpqpf7w1/*/*/*\"}],\"Version\":\"2012-10-17\"}"
              }
            ],
            "managed_policy_arns": [
              "arn:aws:iam::aws:policy/service-role/AWSLambdaBasicExecutionRole"
            ],
            "max_session_duration": 3600,
            "name": "mylearn-lessons-eu-central-1",
            "name_prefix": "",
            "path": "/",
            "permissions_boundary": null,
            "tags": {},
            "tags_all": {},
            "unique_id": "AROA5Z57W6Z4YL4U2ZA6C"
          },
          "sensitive_attributes": [],
          "private": "bnVsbA==",
          "create_before_destroy": true
        }
      ]
    },
    {
      "mode": "managed",
      "type": "aws_iam_role",
      "name": "mylearn_rest_chat",
      "provider": "provider[\"registry.terraform.io/hashicorp/aws\"]",
      "instances": [
        {
          "schema_version": 0,
          "attributes": {
            "arn": "arn:aws:iam::949052962425:role/mylearn-rest-chat-eu-central-1",
            "assume_role_policy": "{\"Version\":\"2012-10-17\",\"Statement\":[{\"Effect\":\"Allow\",\"Principal\":{\"Service\":\"lambda.amazonaws.com\"},\"Action\":\"sts:AssumeRole\"}]}",
            "create_date": "2022-08-02T17:03:46Z",
            "description": "",
            "force_detach_policies": false,
            "id": "mylearn-rest-chat-eu-central-1",
            "inline_policy": [
              {
                "name": "mylearn-rest-chat-eu-central-1",
                "policy": "{\"Statement\":[{\"Action\":\"dynamodb:Query\",\"Effect\":\"Allow\",\"Resource\":\"arn:aws:dynamodb:eu-central-1:949052962425:table/mylearn-chat-messages\"}],\"Version\":\"2012-10-17\"}"
              }
            ],
            "managed_policy_arns": [
              "arn:aws:iam::aws:policy/service-role/AWSLambdaBasicExecutionRole"
            ],
            "max_session_duration": 3600,
            "name": "mylearn-rest-chat-eu-central-1",
            "name_prefix": "",
            "path": "/",
            "permissions_boundary": null,
            "tags": {},
            "tags_all": {},
            "unique_id": "AROA5Z57W6Z4UYDME54JH"
          },
          "sensitive_attributes": [],
          "private": "bnVsbA==",
          "create_before_destroy": true
        }
      ]
    },
    {
      "mode": "managed",
      "type": "aws_iam_role",
      "name": "mylearn_rest_lessons",
      "provider": "provider[\"registry.terraform.io/hashicorp/aws\"]",
      "instances": [
        {
          "schema_version": 0,
          "attributes": {
            "arn": "arn:aws:iam::949052962425:role/lesson-rest-lambda-eu-central-1",
            "assume_role_policy": "{\"Version\":\"2012-10-17\",\"Statement\":[{\"Effect\":\"Allow\",\"Principal\":{\"Service\":\"lambda.amazonaws.com\"},\"Action\":\"sts:AssumeRole\"}]}",
            "create_date": "2022-08-22T20:23:45Z",
            "description": "",
            "force_detach_policies": false,
            "id": "lesson-rest-lambda-eu-central-1",
            "inline_policy": [
              {
                "name": "lesson-rest-lambda-eu-central-1",
                "policy": "{\"Statement\":[{\"Action\":[\"dynamodb:PutItem\",\"dynamodb:Query\",\"dynamodb:DeleteItem\",\"dynamodb:Scan\",\"dynamodb:UpdateItem\"],\"Effect\":\"Allow\",\"Resource\":\"arn:aws:dynamodb:eu-central-1:949052962425:table/mylearn-lessons\"},{\"Action\":[\"dynamodb:Scan\"],\"Effect\":\"Allow\",\"Resource\":\"arn:aws:dynamodb:eu-central-1:949052962425:table/mylearn-lessons-connections\"}],\"Version\":\"2012-10-17\"}"
              }
            ],
            "managed_policy_arns": [
              "arn:aws:iam::aws:policy/service-role/AWSLambdaBasicExecutionRole"
            ],
            "max_session_duration": 3600,
            "name": "lesson-rest-lambda-eu-central-1",
            "name_prefix": "",
            "path": "/",
            "permissions_boundary": null,
            "tags": {},
            "tags_all": {},
            "unique_id": "AROA5Z57W6Z4QA4CHGQKZ"
          },
          "sensitive_attributes": [],
          "private": "bnVsbA==",
          "create_before_destroy": true
        }
      ]
    },
    {
      "mode": "managed",
      "type": "aws_iam_role",
      "name": "mylearn_users",
      "provider": "provider[\"registry.terraform.io/hashicorp/aws\"]",
      "instances": [
        {
          "schema_version": 0,
          "attributes": {
            "arn": "arn:aws:iam::949052962425:role/user-lambda-eu-central-1",
            "assume_role_policy": "{\"Version\":\"2012-10-17\",\"Statement\":[{\"Effect\":\"Allow\",\"Principal\":{\"Service\":\"lambda.amazonaws.com\"},\"Action\":\"sts:AssumeRole\"}]}",
            "create_date": "2022-08-02T17:03:46Z",
            "description": "",
            "force_detach_policies": false,
            "id": "user-lambda-eu-central-1",
            "inline_policy": [
              {
                "name": "user-lambda-eu-central-1",
                "policy": "{\"Statement\":[{\"Action\":[\"dynamodb:PutItem\",\"dynamodb:DeleteItem\",\"dynamodb:Scan\",\"dynamodb:UpdateItem\",\"dynamodb:Query\"],\"Effect\":\"Allow\",\"Resource\":\"arn:aws:dynamodb:eu-central-1:949052962425:table/mylearn-classes\"},{\"Action\":[\"dynamodb:Query\",\"dynamodb:UpdateItem\"],\"Effect\":\"Allow\",\"Resource\":[\"arn:aws:dynamodb:eu-central-1:949052962425:table/cognito-users\"]},{\"Action\":[\"cognito-idp:ListUsersInGroup\",\"cognito-idp:ListUsers\"],\"Effect\":\"Allow\",\"Resource\":\"*\"}],\"Version\":\"2012-10-17\"}"
              }
            ],
            "managed_policy_arns": [
              "arn:aws:iam::aws:policy/service-role/AWSLambdaBasicExecutionRole"
            ],
            "max_session_duration": 3600,
            "name": "user-lambda-eu-central-1",
            "name_prefix": "",
            "path": "/",
            "permissions_boundary": null,
            "tags": {},
            "tags_all": {},
            "unique_id": "AROA5Z57W6Z4XWPYFC4LH"
          },
          "sensitive_attributes": [],
          "private": "bnVsbA==",
          "create_before_destroy": true
        }
      ]
    },
    {
      "mode": "managed",
      "type": "aws_iam_role",
      "name": "s3_content_gateway",
      "provider": "provider[\"registry.terraform.io/hashicorp/aws\"]",
      "instances": [
        {
          "schema_version": 0,
          "attributes": {
            "arn": "arn:aws:iam::949052962425:role/s3-content-gateway-eu-central-1",
            "assume_role_policy": "{\"Version\":\"2012-10-17\",\"Statement\":[{\"Sid\":\"\",\"Effect\":\"Allow\",\"Principal\":{\"Service\":\"apigateway.amazonaws.com\"},\"Action\":\"sts:AssumeRole\"}]}",
            "create_date": "2022-08-26T16:27:18Z",
            "description": "",
            "force_detach_policies": false,
            "id": "s3-content-gateway-eu-central-1",
            "inline_policy": [
              {
                "name": "s3-content-gateway-eu-central-1",
                "policy": "{\"Statement\":[{\"Action\":[\"s3:PutObject\",\"s3:GetObject\"],\"Effect\":\"Allow\",\"Resource\":\"arn:aws:s3:::mylearn-materials-eu-central-1/*\"}],\"Version\":\"2012-10-17\"}"
              }
            ],
            "managed_policy_arns": [
              "arn:aws:iam::aws:policy/service-role/AmazonAPIGatewayPushToCloudWatchLogs"
            ],
            "max_session_duration": 3600,
            "name": "s3-content-gateway-eu-central-1",
            "name_prefix": "",
            "path": "/",
            "permissions_boundary": null,
            "tags": {},
            "tags_all": {},
            "unique_id": "AROA5Z57W6Z43AFRAZDSA"
          },
          "sensitive_attributes": [],
          "private": "bnVsbA==",
          "create_before_destroy": true
        }
      ]
    },
    {
      "mode": "managed",
      "type": "aws_iam_role",
      "name": "s3_management_lambda",
      "provider": "provider[\"registry.terraform.io/hashicorp/aws\"]",
      "instances": [
        {
          "schema_version": 0,
          "attributes": {
            "arn": "arn:aws:iam::949052962425:role/s3-management-lambda-eu-central-1",
            "assume_role_policy": "{\"Version\":\"2012-10-17\",\"Statement\":[{\"Effect\":\"Allow\",\"Principal\":{\"Service\":\"lambda.amazonaws.com\"},\"Action\":\"sts:AssumeRole\"}]}",
            "create_date": "2022-08-26T23:03:36Z",
            "description": "",
            "force_detach_policies": false,
            "id": "s3-management-lambda-eu-central-1",
            "inline_policy": [
              {
                "name": "s3-management-lambda-eu-central-1",
                "policy": "{\"Statement\":[{\"Action\":[\"s3:ListBucket\"],\"Effect\":\"Allow\",\"Resource\":\"arn:aws:s3:::mylearn-materials-eu-central-1\"}],\"Version\":\"2012-10-17\"}"
              }
            ],
            "managed_policy_arns": [
              "arn:aws:iam::aws:policy/service-role/AWSLambdaBasicExecutionRole"
            ],
            "max_session_duration": 3600,
            "name": "s3-management-lambda-eu-central-1",
            "name_prefix": "",
            "path": "/",
            "permissions_boundary": null,
            "tags": {},
            "tags_all": {},
            "unique_id": "AROA5Z57W6Z4WRE3NTMMT"
          },
          "sensitive_attributes": [],
          "private": "bnVsbA==",
          "create_before_destroy": true
        }
      ]
    },
    {
      "mode": "managed",
      "type": "aws_iam_role_policy",
      "name": "cognito_after_register",
      "provider": "provider[\"registry.terraform.io/hashicorp/aws\"]",
      "instances": [
        {
          "schema_version": 0,
          "attributes": {
            "id": "cognito-after-register-eu-central-1:cognito-after-register-eu-central-1",
            "name": "cognito-after-register-eu-central-1",
            "name_prefix": null,
            "policy": "{\"Statement\":[{\"Action\":\"dynamodb:PutItem\",\"Effect\":\"Allow\",\"Resource\":\"arn:aws:dynamodb:eu-central-1:949052962425:table/cognito-users\"},{\"Action\":\"cognito-idp:*\",\"Effect\":\"Allow\",\"Resource\":\"arn:aws:cognito-idp:eu-central-1:949052962425:userpool/eu-central-1_LsCgMRDvD\"}],\"Version\":\"2012-10-17\"}",
            "role": "cognito-after-register-eu-central-1"
          },
          "sensitive_attributes": [],
          "private": "bnVsbA==",
          "dependencies": [
            "aws_cognito_user_pool.mylearn",
            "aws_dynamodb_table.cognito_users",
            "aws_iam_role.cognito_after_register",
            "aws_lambda_function.cognito_after_register"
          ]
        }
      ]
    },
    {
      "mode": "managed",
      "type": "aws_iam_role_policy",
      "name": "invocation_policy",
      "provider": "provider[\"registry.terraform.io/hashicorp/aws\"]",
      "instances": [
        {
          "schema_version": 0,
          "attributes": {
            "id": "api_gateway_auth_invocation:default",
            "name": "default",
            "name_prefix": null,
            "policy": "{\r\n  \"Version\": \"2012-10-17\",\r\n  \"Statement\": [\r\n    {\r\n      \"Action\": \"lambda:InvokeFunction\",\r\n      \"Effect\": \"Allow\",\r\n      \"Resource\": \"arn:aws:lambda:eu-central-1:949052962425:function:auth-lambda\"\r\n    }\r\n  ]\r\n}\r\n",
            "role": "api_gateway_auth_invocation"
          },
          "sensitive_attributes": [],
          "private": "bnVsbA==",
          "dependencies": [
            "aws_cognito_user_pool.mylearn",
            "aws_dynamodb_table.cognito_users",
            "aws_iam_role.auth_lambda",
            "aws_iam_role.cognito_after_register",
            "aws_iam_role.mylearn_invocation_role",
            "aws_lambda_function.auth_lambda",
            "aws_lambda_function.cognito_after_register"
          ]
        }
      ]
    },
    {
      "mode": "managed",
      "type": "aws_iam_role_policy",
      "name": "mylearn_chat",
      "provider": "provider[\"registry.terraform.io/hashicorp/aws\"]",
      "instances": [
        {
          "schema_version": 0,
          "attributes": {
            "id": "mylearn-chat-eu-central-1:mylearn-chat-eu-central-1",
            "name": "mylearn-chat-eu-central-1",
            "name_prefix": null,
            "policy": "{\"Statement\":[{\"Action\":[\"dynamodb:DescribeReservedCapacityOfferings\",\"dynamodb:ListGlobalTables\",\"dynamodb:ListTables\",\"dynamodb:DescribeReservedCapacity\",\"dynamodb:ListBackups\",\"dynamodb:PurchaseReservedCapacityOfferings\",\"dynamodb:DescribeLimits\",\"dynamodb:ListStreams\"],\"Effect\":\"Allow\",\"Resource\":\"*\"},{\"Action\":\"dynamodb:*\",\"Effect\":\"Allow\",\"Resource\":\"arn:aws:dynamodb:eu-central-1:949052962425:table/chat-connections\"},{\"Action\":\"dynamodb:PutItem\",\"Effect\":\"Allow\",\"Resource\":\"arn:aws:dynamodb:eu-central-1:949052962425:table/mylearn-chat-messages\"},{\"Action\":\"execute-api:*\",\"Effect\":\"Allow\",\"Resource\":\"arn:aws:execute-api:eu-central-1:949052962425:b0g37onld1/*/*/*\"}],\"Version\":\"2012-10-17\"}",
            "role": "mylearn-chat-eu-central-1"
          },
          "sensitive_attributes": [],
          "private": "bnVsbA==",
          "dependencies": [
            "aws_apigatewayv2_api.chat_api",
            "aws_dynamodb_table.chat_connections",
            "aws_dynamodb_table.chat_messages",
            "aws_iam_role.mylearn_chat"
          ]
        }
      ]
    },
    {
      "mode": "managed",
      "type": "aws_iam_role_policy",
      "name": "mylearn_cognito_user",
      "provider": "provider[\"registry.terraform.io/hashicorp/aws\"]",
      "instances": [
        {
          "schema_version": 0,
          "attributes": {
            "id": "cognito-user-lambda-eu-central-1:cognito-user-lambda-eu-central-1",
            "name": "cognito-user-lambda-eu-central-1",
            "name_prefix": null,
            "policy": "{\"Statement\":[{\"Action\":[\"cognito-idp:InitiateAuth\",\"cognito-idp:AdminConfirmSignUp\",\"cognito-idp:AdminAddUserToGroup\",\"cognito-idp:AdminRemoveUserFromGroup\"],\"Effect\":\"Allow\",\"Resource\":\"*\"}],\"Version\":\"2012-10-17\"}",
            "role": "cognito-user-lambda-eu-central-1"
          },
          "sensitive_attributes": [],
          "private": "bnVsbA==",
          "dependencies": [
            "aws_iam_role.mylearn_cognito_user"
          ]
        }
      ]
    },
    {
      "mode": "managed",
      "type": "aws_iam_role_policy",
      "name": "mylearn_grades",
      "provider": "provider[\"registry.terraform.io/hashicorp/aws\"]",
      "instances": [
        {
          "schema_version": 0,
          "attributes": {
            "id": "mylearn-grades-eu-central-1:mylearn-grades-eu-central-1",
            "name": "mylearn-grades-eu-central-1",
            "name_prefix": null,
            "policy": "{\"Statement\":[{\"Action\":[\"dynamodb:PutItem\",\"dynamodb:GetItem\",\"dynamodb:Scan\",\"dynamodb:Query\",\"dynamodb:UpdateItem\"],\"Effect\":\"Allow\",\"Resource\":\"arn:aws:dynamodb:eu-central-1:949052962425:table/mylearn-grades\"},{\"Action\":\"dynamodb:ListTables\",\"Effect\":\"Allow\",\"Resource\":\"*\"}],\"Version\":\"2012-10-17\"}",
            "role": "mylearn-grades-eu-central-1"
          },
          "sensitive_attributes": [],
          "private": "bnVsbA==",
          "dependencies": [
            "aws_dynamodb_table.mylearn_grades",
            "aws_iam_role.mylearn_grades"
          ]
        }
      ]
    },
    {
      "mode": "managed",
      "type": "aws_iam_role_policy",
      "name": "mylearn_lessons",
      "provider": "provider[\"registry.terraform.io/hashicorp/aws\"]",
      "instances": [
        {
          "schema_version": 0,
          "attributes": {
            "id": "mylearn-lessons-eu-central-1:mylearn-lessons-eu-central-1",
            "name": "mylearn-lessons-eu-central-1",
            "name_prefix": null,
            "policy": "{\"Statement\":[{\"Action\":[\"dynamodb:DescribeReservedCapacityOfferings\",\"dynamodb:ListGlobalTables\",\"dynamodb:ListTables\",\"dynamodb:DescribeReservedCapacity\",\"dynamodb:ListBackups\",\"dynamodb:PurchaseReservedCapacityOfferings\",\"dynamodb:DescribeLimits\",\"dynamodb:ListStreams\"],\"Effect\":\"Allow\",\"Resource\":\"*\"},{\"Action\":[\"dynamodb:Query\",\"dynamodb:PutItem\",\"dynamodb:DeleteItem\",\"dynamodb:Scan\"],\"Effect\":\"Allow\",\"Resource\":[\"arn:aws:dynamodb:eu-central-1:949052962425:table/mylearn-lessons-connections\",\"arn:aws:dynamodb:eu-central-1:949052962425:table/mylearn-lessons\"]},{\"Action\":\"execute-api:*\",\"Effect\":\"Allow\",\"Resource\":\"arn:aws:execute-api:eu-central-1:949052962425:pgcpqpf7w1/*/*/*\"}],\"Version\":\"2012-10-17\"}",
            "role": "mylearn-lessons-eu-central-1"
          },
          "sensitive_attributes": [],
          "private": "bnVsbA==",
          "dependencies": [
            "aws_apigatewayv2_api.mylearn_lessons_api",
            "aws_dynamodb_table.mylearn_lessons",
            "aws_dynamodb_table.mylearn_lessons_connections",
            "aws_iam_role.mylearn_lessons"
          ]
        }
      ]
    },
    {
      "mode": "managed",
      "type": "aws_iam_role_policy",
      "name": "mylearn_rest_chat",
      "provider": "provider[\"registry.terraform.io/hashicorp/aws\"]",
      "instances": [
        {
          "schema_version": 0,
          "attributes": {
            "id": "mylearn-rest-chat-eu-central-1:mylearn-rest-chat-eu-central-1",
            "name": "mylearn-rest-chat-eu-central-1",
            "name_prefix": null,
            "policy": "{\"Statement\":[{\"Action\":\"dynamodb:Query\",\"Effect\":\"Allow\",\"Resource\":\"arn:aws:dynamodb:eu-central-1:949052962425:table/mylearn-chat-messages\"}],\"Version\":\"2012-10-17\"}",
            "role": "mylearn-rest-chat-eu-central-1"
          },
          "sensitive_attributes": [],
          "private": "bnVsbA==",
          "dependencies": [
            "aws_dynamodb_table.chat_messages",
            "aws_iam_role.mylearn_rest_chat"
          ]
        }
      ]
    },
    {
      "mode": "managed",
      "type": "aws_iam_role_policy",
      "name": "mylearn_rest_lessons",
      "provider": "provider[\"registry.terraform.io/hashicorp/aws\"]",
      "instances": [
        {
          "schema_version": 0,
          "attributes": {
            "id": "lesson-rest-lambda-eu-central-1:lesson-rest-lambda-eu-central-1",
            "name": "lesson-rest-lambda-eu-central-1",
            "name_prefix": null,
            "policy": "{\"Statement\":[{\"Action\":[\"dynamodb:PutItem\",\"dynamodb:Query\",\"dynamodb:DeleteItem\",\"dynamodb:Scan\",\"dynamodb:UpdateItem\"],\"Effect\":\"Allow\",\"Resource\":\"arn:aws:dynamodb:eu-central-1:949052962425:table/mylearn-lessons\"},{\"Action\":[\"dynamodb:Scan\"],\"Effect\":\"Allow\",\"Resource\":\"arn:aws:dynamodb:eu-central-1:949052962425:table/mylearn-lessons-connections\"}],\"Version\":\"2012-10-17\"}",
            "role": "lesson-rest-lambda-eu-central-1"
          },
          "sensitive_attributes": [],
          "private": "bnVsbA==",
          "dependencies": [
            "aws_dynamodb_table.mylearn_lessons",
            "aws_dynamodb_table.mylearn_lessons_connections",
            "aws_iam_role.mylearn_rest_lessons"
          ]
        }
      ]
    },
    {
      "mode": "managed",
      "type": "aws_iam_role_policy",
      "name": "mylearn_users",
      "provider": "provider[\"registry.terraform.io/hashicorp/aws\"]",
      "instances": [
        {
          "schema_version": 0,
          "attributes": {
            "id": "user-lambda-eu-central-1:user-lambda-eu-central-1",
            "name": "user-lambda-eu-central-1",
            "name_prefix": null,
            "policy": "{\"Statement\":[{\"Action\":[\"dynamodb:PutItem\",\"dynamodb:DeleteItem\",\"dynamodb:Scan\",\"dynamodb:UpdateItem\",\"dynamodb:Query\"],\"Effect\":\"Allow\",\"Resource\":\"arn:aws:dynamodb:eu-central-1:949052962425:table/mylearn-classes\"},{\"Action\":[\"dynamodb:Query\",\"dynamodb:UpdateItem\"],\"Effect\":\"Allow\",\"Resource\":[\"arn:aws:dynamodb:eu-central-1:949052962425:table/cognito-users\"]},{\"Action\":[\"cognito-idp:ListUsersInGroup\",\"cognito-idp:ListUsers\"],\"Effect\":\"Allow\",\"Resource\":\"*\"}],\"Version\":\"2012-10-17\"}",
            "role": "user-lambda-eu-central-1"
          },
          "sensitive_attributes": [],
          "private": "bnVsbA==",
          "dependencies": [
            "aws_dynamodb_table.cognito_users",
            "aws_dynamodb_table.mylearn_classes",
            "aws_iam_role.mylearn_users"
          ]
        }
      ]
    },
    {
      "mode": "managed",
      "type": "aws_iam_role_policy",
      "name": "s3_content_gateway",
      "provider": "provider[\"registry.terraform.io/hashicorp/aws\"]",
      "instances": [
        {
          "schema_version": 0,
          "attributes": {
            "id": "s3-content-gateway-eu-central-1:s3-content-gateway-eu-central-1",
            "name": "s3-content-gateway-eu-central-1",
            "name_prefix": null,
            "policy": "{\"Statement\":[{\"Action\":[\"s3:PutObject\",\"s3:GetObject\"],\"Effect\":\"Allow\",\"Resource\":\"arn:aws:s3:::mylearn-materials-eu-central-1/*\"}],\"Version\":\"2012-10-17\"}",
            "role": "s3-content-gateway-eu-central-1"
          },
          "sensitive_attributes": [],
          "private": "bnVsbA==",
          "dependencies": [
            "aws_iam_role.s3_content_gateway",
            "aws_s3_bucket.mylearn_materials"
          ]
        }
      ]
    },
    {
      "mode": "managed",
      "type": "aws_iam_role_policy",
      "name": "s3_management_lambda",
      "provider": "provider[\"registry.terraform.io/hashicorp/aws\"]",
      "instances": [
        {
          "schema_version": 0,
          "attributes": {
            "id": "s3-management-lambda-eu-central-1:s3-management-lambda-eu-central-1",
            "name": "s3-management-lambda-eu-central-1",
            "name_prefix": null,
            "policy": "{\"Statement\":[{\"Action\":[\"s3:ListBucket\"],\"Effect\":\"Allow\",\"Resource\":\"arn:aws:s3:::mylearn-materials-eu-central-1\"}],\"Version\":\"2012-10-17\"}",
            "role": "s3-management-lambda-eu-central-1"
          },
          "sensitive_attributes": [],
          "private": "bnVsbA==",
          "dependencies": [
            "aws_iam_role.s3_management_lambda",
            "aws_s3_bucket.mylearn_materials"
          ]
        }
      ]
    },
    {
      "mode": "managed",
      "type": "aws_lambda_function",
      "name": "auth_lambda",
      "provider": "provider[\"registry.terraform.io/hashicorp/aws\"]",
      "instances": [
        {
          "schema_version": 0,
          "attributes": {
            "architectures": [
              "x86_64"
            ],
            "arn": "arn:aws:lambda:eu-central-1:949052962425:function:auth-lambda",
            "code_signing_config_arn": "",
            "dead_letter_config": [],
            "description": "",
            "environment": [
              {
                "variables": {
                  "REGION": "eu-central-1",
                  "USER_POOL_ID": "eu-central-1_LsCgMRDvD"
                }
              }
            ],
            "ephemeral_storage": [
              {
                "size": 512
              }
            ],
            "file_system_config": [],
            "filename": "../lambdas/lambda_build/auth-lambda1.0.0.zip",
            "function_name": "auth-lambda",
            "handler": "main",
            "id": "auth-lambda",
            "image_config": [],
            "image_uri": "",
            "invoke_arn": "arn:aws:apigateway:eu-central-1:lambda:path/2015-03-31/functions/arn:aws:lambda:eu-central-1:949052962425:function:auth-lambda/invocations",
            "kms_key_arn": "",
            "last_modified": "2022-08-29T21:25:06.000+0000",
            "layers": [],
            "memory_size": 128,
            "package_type": "Zip",
            "publish": false,
            "qualified_arn": "arn:aws:lambda:eu-central-1:949052962425:function:auth-lambda:$LATEST",
            "reserved_concurrent_executions": -1,
            "role": "arn:aws:iam::949052962425:role/auth-lambda-eu-central-1",
            "runtime": "go1.x",
            "s3_bucket": null,
            "s3_key": null,
            "s3_object_version": null,
            "signing_job_arn": "",
            "signing_profile_version_arn": "",
            "source_code_hash": "PGNWadYocXrynbfK85B6qJzBZPPg+cSj+TjN6gjoMec=",
            "source_code_size": 4858434,
            "tags": {
              "AppName": "mylearn-app"
            },
            "tags_all": {
              "AppName": "mylearn-app"
            },
            "timeout": 15,
            "timeouts": null,
            "tracing_config": [
              {
                "mode": "PassThrough"
              }
            ],
            "version": "$LATEST",
            "vpc_config": []
          },
          "sensitive_attributes": [],
          "private": "eyJlMmJmYjczMC1lY2FhLTExZTYtOGY4OC0zNDM2M2JjN2M0YzAiOnsiY3JlYXRlIjo2MDAwMDAwMDAwMDB9fQ==",
          "dependencies": [
            "aws_cognito_user_pool.mylearn",
            "aws_dynamodb_table.cognito_users",
            "aws_iam_role.auth_lambda",
            "aws_iam_role.cognito_after_register",
            "aws_lambda_function.cognito_after_register"
          ],
          "create_before_destroy": true
        }
      ]
    },
    {
      "mode": "managed",
      "type": "aws_lambda_function",
      "name": "chat_lambda",
      "provider": "provider[\"registry.terraform.io/hashicorp/aws\"]",
      "instances": [
        {
          "schema_version": 0,
          "attributes": {
            "architectures": [
              "x86_64"
            ],
            "arn": "arn:aws:lambda:eu-central-1:949052962425:function:chat-websocket-lambda",
            "code_signing_config_arn": "",
            "dead_letter_config": [],
            "description": "",
            "environment": [
              {
                "variables": {
                  "CONNECTIONS_TABLE": "chat-connections",
                  "DEPLOYMENT_TYPE": "test",
                  "MESSAGES_TABLE": "mylearn-chat-messages",
                  "REGION": "eu-central-1",
                  "USER_POOL_ID": "eu-central-1_LsCgMRDvD",
                  "WEBSOCKET_API": "b0g37onld1"
                }
              }
            ],
            "ephemeral_storage": [
              {
                "size": 512
              }
            ],
            "file_system_config": [],
            "filename": "../lambdas/lambda_build/chat-websocket-lambda1.0.0.zip",
            "function_name": "chat-websocket-lambda",
            "handler": "main",
            "id": "chat-websocket-lambda",
            "image_config": [],
            "image_uri": "",
            "invoke_arn": "arn:aws:apigateway:eu-central-1:lambda:path/2015-03-31/functions/arn:aws:lambda:eu-central-1:949052962425:function:chat-websocket-lambda/invocations",
            "kms_key_arn": "",
            "last_modified": "2022-08-27T15:30:22.000+0000",
            "layers": [],
            "memory_size": 128,
            "package_type": "Zip",
            "publish": false,
            "qualified_arn": "arn:aws:lambda:eu-central-1:949052962425:function:chat-websocket-lambda:$LATEST",
            "reserved_concurrent_executions": -1,
            "role": "arn:aws:iam::949052962425:role/mylearn-chat-eu-central-1",
            "runtime": "go1.x",
            "s3_bucket": null,
            "s3_key": null,
            "s3_object_version": null,
            "signing_job_arn": "",
            "signing_profile_version_arn": "",
            "source_code_hash": "9klF0EfQtmLnYDxsgkD9hcJsKYEnDXJkHvp6TsA+R6k=",
            "source_code_size": 8083460,
            "tags": {
              "AppName": "mylearn-app"
            },
            "tags_all": {
              "AppName": "mylearn-app"
            },
            "timeout": 15,
            "timeouts": null,
            "tracing_config": [
              {
                "mode": "PassThrough"
              }
            ],
            "version": "$LATEST",
            "vpc_config": []
          },
          "sensitive_attributes": [],
          "private": "eyJlMmJmYjczMC1lY2FhLTExZTYtOGY4OC0zNDM2M2JjN2M0YzAiOnsiY3JlYXRlIjo2MDAwMDAwMDAwMDB9fQ==",
          "dependencies": [
            "aws_apigatewayv2_api.chat_api",
            "aws_cognito_user_pool.mylearn",
            "aws_dynamodb_table.chat_connections",
            "aws_dynamodb_table.chat_messages",
            "aws_dynamodb_table.cognito_users",
            "aws_iam_role.cognito_after_register",
            "aws_iam_role.mylearn_chat",
            "aws_lambda_function.cognito_after_register"
          ],
          "create_before_destroy": true
        }
      ]
    },
    {
      "mode": "managed",
      "type": "aws_lambda_function",
      "name": "chat_rest_lambda",
      "provider": "provider[\"registry.terraform.io/hashicorp/aws\"]",
      "instances": [
        {
          "schema_version": 0,
          "attributes": {
            "architectures": [
              "x86_64"
            ],
            "arn": "arn:aws:lambda:eu-central-1:949052962425:function:chat-rest-lambda",
            "code_signing_config_arn": "",
            "dead_letter_config": [],
            "description": "",
            "environment": [
              {
                "variables": {
                  "MESSAGES_TABLE": "mylearn-chat-messages",
                  "REGION": "eu-central-1"
                }
              }
            ],
            "ephemeral_storage": [
              {
                "size": 512
              }
            ],
            "file_system_config": [],
            "filename": "../lambdas/lambda_build/chat-rest-lambda1.0.0.zip",
            "function_name": "chat-rest-lambda",
            "handler": "main",
            "id": "chat-rest-lambda",
            "image_config": [],
            "image_uri": "",
            "invoke_arn": "arn:aws:apigateway:eu-central-1:lambda:path/2015-03-31/functions/arn:aws:lambda:eu-central-1:949052962425:function:chat-rest-lambda/invocations",
            "kms_key_arn": "",
            "last_modified": "2022-08-27T15:30:08.000+0000",
            "layers": [],
            "memory_size": 128,
            "package_type": "Zip",
            "publish": false,
            "qualified_arn": "arn:aws:lambda:eu-central-1:949052962425:function:chat-rest-lambda:$LATEST",
            "reserved_concurrent_executions": -1,
            "role": "arn:aws:iam::949052962425:role/mylearn-rest-chat-eu-central-1",
            "runtime": "go1.x",
            "s3_bucket": null,
            "s3_key": null,
            "s3_object_version": null,
            "signing_job_arn": "",
            "signing_profile_version_arn": "",
            "source_code_hash": "zS9VAbSU+y9tTFz4em//70YY3NnLcyIZaKq32Q7DGnA=",
            "source_code_size": 6332003,
            "tags": {
              "AppName": "mylearn-app"
            },
            "tags_all": {
              "AppName": "mylearn-app"
            },
            "timeout": 15,
            "timeouts": null,
            "tracing_config": [
              {
                "mode": "PassThrough"
              }
            ],
            "version": "$LATEST",
            "vpc_config": []
          },
          "sensitive_attributes": [],
          "private": "eyJlMmJmYjczMC1lY2FhLTExZTYtOGY4OC0zNDM2M2JjN2M0YzAiOnsiY3JlYXRlIjo2MDAwMDAwMDAwMDB9fQ==",
          "dependencies": [
            "aws_dynamodb_table.chat_messages",
            "aws_iam_role.mylearn_rest_chat"
          ],
          "create_before_destroy": true
        }
      ]
    },
    {
      "mode": "managed",
      "type": "aws_lambda_function",
      "name": "cognito_after_register",
      "provider": "provider[\"registry.terraform.io/hashicorp/aws\"]",
      "instances": [
        {
          "schema_version": 0,
          "attributes": {
            "architectures": [
              "x86_64"
            ],
            "arn": "arn:aws:lambda:eu-central-1:949052962425:function:cognito-after-register-lambda",
            "code_signing_config_arn": "",
            "dead_letter_config": [],
            "description": "",
            "environment": [
              {
                "variables": {
                  "GRADES_TABLE": "cognito-users",
                  "REGION": "eu-central-1"
                }
              }
            ],
            "ephemeral_storage": [
              {
                "size": 512
              }
            ],
            "file_system_config": [],
            "filename": "../lambdas/lambda_build/cognito-after-register-lambda1.0.0.zip",
            "function_name": "cognito-after-register-lambda",
            "handler": "main",
            "id": "cognito-after-register-lambda",
            "image_config": [],
            "image_uri": "",
            "invoke_arn": "arn:aws:apigateway:eu-central-1:lambda:path/2015-03-31/functions/arn:aws:lambda:eu-central-1:949052962425:function:cognito-after-register-lambda/invocations",
            "kms_key_arn": "",
            "last_modified": "2022-08-27T15:29:36.000+0000",
            "layers": [],
            "memory_size": 128,
            "package_type": "Zip",
            "publish": false,
            "qualified_arn": "arn:aws:lambda:eu-central-1:949052962425:function:cognito-after-register-lambda:$LATEST",
            "reserved_concurrent_executions": -1,
            "role": "arn:aws:iam::949052962425:role/cognito-after-register-eu-central-1",
            "runtime": "go1.x",
            "s3_bucket": null,
            "s3_key": null,
            "s3_object_version": null,
            "signing_job_arn": "",
            "signing_profile_version_arn": "",
            "source_code_hash": "Y+OYyZQrX1ET1NER+2fgq9xn45g9VJboGNf77RkiNx4=",
            "source_code_size": 6265395,
            "tags": {
              "AppName": "mylearn-app"
            },
            "tags_all": {
              "AppName": "mylearn-app"
            },
            "timeout": 15,
            "timeouts": null,
            "tracing_config": [
              {
                "mode": "PassThrough"
              }
            ],
            "version": "$LATEST",
            "vpc_config": []
          },
          "sensitive_attributes": [],
          "private": "eyJlMmJmYjczMC1lY2FhLTExZTYtOGY4OC0zNDM2M2JjN2M0YzAiOnsiY3JlYXRlIjo2MDAwMDAwMDAwMDB9fQ==",
          "dependencies": [
            "aws_dynamodb_table.cognito_users",
            "aws_iam_role.cognito_after_register"
          ],
          "create_before_destroy": true
        }
      ]
    },
    {
      "mode": "managed",
      "type": "aws_lambda_function",
      "name": "cognito_user_lambda",
      "provider": "provider[\"registry.terraform.io/hashicorp/aws\"]",
      "instances": [
        {
          "schema_version": 0,
          "attributes": {
            "architectures": [
              "x86_64"
            ],
            "arn": "arn:aws:lambda:eu-central-1:949052962425:function:cognito-user-lambda",
            "code_signing_config_arn": "",
            "dead_letter_config": [],
            "description": "",
            "environment": [
              {
                "variables": {
                  "COGNITO_CLIENT_ID": "2jc39495jj7r6rpltst6b8ps80",
                  "REGION": "eu-central-1",
                  "USER_POOL_ID": "eu-central-1_LsCgMRDvD"
                }
              }
            ],
            "ephemeral_storage": [
              {
                "size": 512
              }
            ],
            "file_system_config": [],
            "filename": "../lambdas/lambda_build/cognito-user-lambda1.0.0.zip",
            "function_name": "cognito-user-lambda",
            "handler": "main",
            "id": "cognito-user-lambda",
            "image_config": [],
            "image_uri": "",
            "invoke_arn": "arn:aws:apigateway:eu-central-1:lambda:path/2015-03-31/functions/arn:aws:lambda:eu-central-1:949052962425:function:cognito-user-lambda/invocations",
            "kms_key_arn": "",
            "last_modified": "2022-08-28T18:18:00.000+0000",
            "layers": [],
            "memory_size": 128,
            "package_type": "Zip",
            "publish": false,
            "qualified_arn": "arn:aws:lambda:eu-central-1:949052962425:function:cognito-user-lambda:$LATEST",
            "reserved_concurrent_executions": -1,
            "role": "arn:aws:iam::949052962425:role/cognito-user-lambda-eu-central-1",
            "runtime": "go1.x",
            "s3_bucket": null,
            "s3_key": null,
            "s3_object_version": null,
            "signing_job_arn": "",
            "signing_profile_version_arn": "",
            "source_code_hash": "Q4StB6rQdXTOltk4GQw3j/DE0LkJVbB85W3d/wfZk5M=",
            "source_code_size": 6213782,
            "tags": {
              "AppName": "mylearn-app"
            },
            "tags_all": {
              "AppName": "mylearn-app"
            },
            "timeout": 15,
            "timeouts": null,
            "tracing_config": [
              {
                "mode": "PassThrough"
              }
            ],
            "version": "$LATEST",
            "vpc_config": []
          },
          "sensitive_attributes": [],
          "private": "eyJlMmJmYjczMC1lY2FhLTExZTYtOGY4OC0zNDM2M2JjN2M0YzAiOnsiY3JlYXRlIjo2MDAwMDAwMDAwMDB9fQ==",
          "dependencies": [
            "aws_cognito_user_pool.mylearn",
            "aws_cognito_user_pool_client.webapp",
            "aws_dynamodb_table.cognito_users",
            "aws_iam_role.cognito_after_register",
            "aws_iam_role.mylearn_cognito_user",
            "aws_lambda_function.cognito_after_register"
          ],
          "create_before_destroy": true
        }
      ]
    },
    {
      "mode": "managed",
      "type": "aws_lambda_function",
      "name": "lessons_rest_lambda",
      "provider": "provider[\"registry.terraform.io/hashicorp/aws\"]",
      "instances": [
        {
          "schema_version": 0,
          "attributes": {
            "architectures": [
              "x86_64"
            ],
            "arn": "arn:aws:lambda:eu-central-1:949052962425:function:lesson-rest-lambda",
            "code_signing_config_arn": "",
            "dead_letter_config": [],
            "description": "",
            "environment": [
              {
                "variables": {
                  "LESSONS_CONNECTIONS_TABLE": "mylearn-lessons-connections",
                  "LESSONS_TABLE": "mylearn-lessons",
                  "REGION": "eu-central-1"
                }
              }
            ],
            "ephemeral_storage": [
              {
                "size": 512
              }
            ],
            "file_system_config": [],
            "filename": "../lambdas/lambda_build/lesson-rest-lambda1.0.0.zip",
            "function_name": "lesson-rest-lambda",
            "handler": "main",
            "id": "lesson-rest-lambda",
            "image_config": [],
            "image_uri": "",
            "invoke_arn": "arn:aws:apigateway:eu-central-1:lambda:path/2015-03-31/functions/arn:aws:lambda:eu-central-1:949052962425:function:lesson-rest-lambda/invocations",
            "kms_key_arn": "",
            "last_modified": "2022-08-30T21:36:28.000+0000",
            "layers": [],
            "memory_size": 128,
            "package_type": "Zip",
            "publish": false,
            "qualified_arn": "arn:aws:lambda:eu-central-1:949052962425:function:lesson-rest-lambda:$LATEST",
            "reserved_concurrent_executions": -1,
            "role": "arn:aws:iam::949052962425:role/lesson-rest-lambda-eu-central-1",
            "runtime": "go1.x",
            "s3_bucket": null,
            "s3_key": null,
            "s3_object_version": null,
            "signing_job_arn": "",
            "signing_profile_version_arn": "",
            "source_code_hash": "KtGP6QikYDkHRcu2+kG8+/2Vhe0DRnxXdL0Vz5xNSSY=",
            "source_code_size": 6359425,
            "tags": {
              "AppName": "mylearn-app"
            },
            "tags_all": {
              "AppName": "mylearn-app"
            },
            "timeout": 15,
            "timeouts": null,
            "tracing_config": [
              {
                "mode": "PassThrough"
              }
            ],
            "version": "$LATEST",
            "vpc_config": []
          },
          "sensitive_attributes": [],
          "private": "eyJlMmJmYjczMC1lY2FhLTExZTYtOGY4OC0zNDM2M2JjN2M0YzAiOnsiY3JlYXRlIjo2MDAwMDAwMDAwMDB9fQ==",
          "dependencies": [
            "aws_dynamodb_table.mylearn_lessons",
            "aws_dynamodb_table.mylearn_lessons_connections",
            "aws_iam_role.mylearn_rest_lessons"
          ],
          "create_before_destroy": true
        }
      ]
    },
    {
      "mode": "managed",
      "type": "aws_lambda_function",
      "name": "lessons_websocket_lambda",
      "provider": "provider[\"registry.terraform.io/hashicorp/aws\"]",
      "instances": [
        {
          "schema_version": 0,
          "attributes": {
            "architectures": [
              "x86_64"
            ],
            "arn": "arn:aws:lambda:eu-central-1:949052962425:function:lesson-websocket-lambda",
            "code_signing_config_arn": "",
            "dead_letter_config": [],
            "description": "",
            "environment": [
              {
                "variables": {
                  "CONNECTIONS_TABLE": "mylearn-lessons-connections",
                  "DEPLOYMENT_TYPE": "test",
                  "LESSONS_TABLE": "mylearn-lessons",
                  "REGION": "eu-central-1",
                  "USER_POOL_ID": "eu-central-1_LsCgMRDvD",
                  "WEBSOCKET_API": "pgcpqpf7w1"
                }
              }
            ],
            "ephemeral_storage": [
              {
                "size": 512
              }
            ],
            "file_system_config": [],
            "filename": "../lambdas/lambda_build/lesson-websocket-lambda1.0.0.zip",
            "function_name": "lesson-websocket-lambda",
            "handler": "main",
            "id": "lesson-websocket-lambda",
            "image_config": [],
            "image_uri": "",
            "invoke_arn": "arn:aws:apigateway:eu-central-1:lambda:path/2015-03-31/functions/arn:aws:lambda:eu-central-1:949052962425:function:lesson-websocket-lambda/invocations",
            "kms_key_arn": "",
            "last_modified": "2022-08-27T15:30:35.000+0000",
            "layers": [],
            "memory_size": 128,
            "package_type": "Zip",
            "publish": false,
            "qualified_arn": "arn:aws:lambda:eu-central-1:949052962425:function:lesson-websocket-lambda:$LATEST",
            "reserved_concurrent_executions": -1,
            "role": "arn:aws:iam::949052962425:role/mylearn-lessons-eu-central-1",
            "runtime": "go1.x",
            "s3_bucket": null,
            "s3_key": null,
            "s3_object_version": null,
            "signing_job_arn": "",
            "signing_profile_version_arn": "",
            "source_code_hash": "lg+xV03N+O1jTHRcCa4HgXJ+Z1x0JyqzZmWs7lkT5II=",
            "source_code_size": 8069746,
            "tags": {
              "AppName": "mylearn-app"
            },
            "tags_all": {
              "AppName": "mylearn-app"
            },
            "timeout": 15,
            "timeouts": null,
            "tracing_config": [
              {
                "mode": "PassThrough"
              }
            ],
            "version": "$LATEST",
            "vpc_config": []
          },
          "sensitive_attributes": [],
          "private": "eyJlMmJmYjczMC1lY2FhLTExZTYtOGY4OC0zNDM2M2JjN2M0YzAiOnsiY3JlYXRlIjo2MDAwMDAwMDAwMDB9fQ==",
          "dependencies": [
            "aws_apigatewayv2_api.mylearn_lessons_api",
            "aws_cognito_user_pool.mylearn",
            "aws_dynamodb_table.cognito_users",
            "aws_dynamodb_table.mylearn_lessons",
            "aws_dynamodb_table.mylearn_lessons_connections",
            "aws_iam_role.cognito_after_register",
            "aws_iam_role.mylearn_lessons",
            "aws_lambda_function.cognito_after_register"
          ],
          "create_before_destroy": true
        }
      ]
    },
    {
      "mode": "managed",
      "type": "aws_lambda_function",
      "name": "mylearn_grades",
      "provider": "provider[\"registry.terraform.io/hashicorp/aws\"]",
      "instances": [
        {
          "schema_version": 0,
          "attributes": {
            "architectures": [
              "x86_64"
            ],
            "arn": "arn:aws:lambda:eu-central-1:949052962425:function:mylearn-grades",
            "code_signing_config_arn": "",
            "dead_letter_config": [],
            "description": "",
            "environment": [
              {
                "variables": {
                  "GRADES_TABLE": "mylearn-grades",
                  "REGION": "eu-central-1"
                }
              }
            ],
            "ephemeral_storage": [
              {
                "size": 512
              }
            ],
            "file_system_config": [],
            "filename": "../lambdas/lambda_build/grades-lambda1.0.0.zip",
            "function_name": "mylearn-grades",
            "handler": "main",
            "id": "mylearn-grades",
            "image_config": [],
            "image_uri": "",
            "invoke_arn": "arn:aws:apigateway:eu-central-1:lambda:path/2015-03-31/functions/arn:aws:lambda:eu-central-1:949052962425:function:mylearn-grades/invocations",
            "kms_key_arn": "",
            "last_modified": "2022-08-27T15:29:48.000+0000",
            "layers": [],
            "memory_size": 128,
            "package_type": "Zip",
            "publish": false,
            "qualified_arn": "arn:aws:lambda:eu-central-1:949052962425:function:mylearn-grades:$LATEST",
            "reserved_concurrent_executions": -1,
            "role": "arn:aws:iam::949052962425:role/mylearn-grades-eu-central-1",
            "runtime": "go1.x",
            "s3_bucket": null,
            "s3_key": null,
            "s3_object_version": null,
            "signing_job_arn": "",
            "signing_profile_version_arn": "",
            "source_code_hash": "s62qveUoOTFsvyYC/8ggvqTuMusmRu2NBt+jFKK9pww=",
            "source_code_size": 6324550,
            "tags": {
              "AppName": "mylearn-app"
            },
            "tags_all": {
              "AppName": "mylearn-app"
            },
            "timeout": 15,
            "timeouts": null,
            "tracing_config": [
              {
                "mode": "PassThrough"
              }
            ],
            "version": "$LATEST",
            "vpc_config": []
          },
          "sensitive_attributes": [],
          "private": "eyJlMmJmYjczMC1lY2FhLTExZTYtOGY4OC0zNDM2M2JjN2M0YzAiOnsiY3JlYXRlIjo2MDAwMDAwMDAwMDB9fQ==",
          "dependencies": [
            "aws_dynamodb_table.mylearn_grades",
            "aws_iam_role.mylearn_grades"
          ],
          "create_before_destroy": true
        }
      ]
    },
    {
      "mode": "managed",
      "type": "aws_lambda_function",
      "name": "s3_management",
      "provider": "provider[\"registry.terraform.io/hashicorp/aws\"]",
      "instances": [
        {
          "schema_version": 0,
          "attributes": {
            "architectures": [
              "x86_64"
            ],
            "arn": "arn:aws:lambda:eu-central-1:949052962425:function:s3-management-lambda",
            "code_signing_config_arn": "",
            "dead_letter_config": [],
            "description": "",
            "environment": [
              {
                "variables": {
                  "MYLEARN_BUCKET": "mylearn-materials-eu-central-1",
                  "REGION": "eu-central-1"
                }
              }
            ],
            "ephemeral_storage": [
              {
                "size": 512
              }
            ],
            "file_system_config": [],
            "filename": "../lambdas/lambda_build/s3-management-lambda1.0.0.zip",
            "function_name": "s3-management-lambda",
            "handler": "main",
            "id": "s3-management-lambda",
            "image_config": [],
            "image_uri": "",
            "invoke_arn": "arn:aws:apigateway:eu-central-1:lambda:path/2015-03-31/functions/arn:aws:lambda:eu-central-1:949052962425:function:s3-management-lambda/invocations",
            "kms_key_arn": "",
            "last_modified": "2022-08-28T18:37:27.979+0000",
            "layers": [],
            "memory_size": 128,
            "package_type": "Zip",
            "publish": false,
            "qualified_arn": "arn:aws:lambda:eu-central-1:949052962425:function:s3-management-lambda:$LATEST",
            "reserved_concurrent_executions": -1,
            "role": "arn:aws:iam::949052962425:role/s3-management-lambda-eu-central-1",
            "runtime": "go1.x",
            "s3_bucket": null,
            "s3_key": null,
            "s3_object_version": null,
            "signing_job_arn": "",
            "signing_profile_version_arn": "",
            "source_code_hash": "z7MFgG0BCfHaLIf4TjEnD/atnpeSmaSn6eh4VVxvyMs=",
            "source_code_size": 6586057,
            "tags": {
              "AppName": "mylearn-app"
            },
            "tags_all": {
              "AppName": "mylearn-app"
            },
            "timeout": 15,
            "timeouts": null,
            "tracing_config": [
              {
                "mode": "PassThrough"
              }
            ],
            "version": "$LATEST",
            "vpc_config": []
          },
          "sensitive_attributes": [],
          "private": "eyJlMmJmYjczMC1lY2FhLTExZTYtOGY4OC0zNDM2M2JjN2M0YzAiOnsiY3JlYXRlIjo2MDAwMDAwMDAwMDB9fQ==",
          "dependencies": [
            "aws_iam_role.s3_management_lambda",
            "aws_s3_bucket.mylearn_materials"
          ],
          "create_before_destroy": true
        }
      ]
    },
    {
      "mode": "managed",
      "type": "aws_lambda_function",
      "name": "user_lambda",
      "provider": "provider[\"registry.terraform.io/hashicorp/aws\"]",
      "instances": [
        {
          "schema_version": 0,
          "attributes": {
            "architectures": [
              "x86_64"
            ],
            "arn": "arn:aws:lambda:eu-central-1:949052962425:function:user-lambda",
            "code_signing_config_arn": "",
            "dead_letter_config": [],
            "description": "",
            "environment": [
              {
                "variables": {
                  "CLASS_TABLE": "mylearn-classes",
                  "COGNITO_CLIENT_ID": "2jc39495jj7r6rpltst6b8ps80",
                  "REGION": "eu-central-1",
                  "USER_POOL_ID": "eu-central-1_LsCgMRDvD",
                  "USER_TABLE": "cognito-users"
                }
              }
            ],
            "ephemeral_storage": [
              {
                "size": 512
              }
            ],
            "file_system_config": [],
            "filename": "../lambdas/lambda_build/user-lambda1.0.0.zip",
            "function_name": "user-lambda",
            "handler": "main",
            "id": "user-lambda",
            "image_config": [],
            "image_uri": "",
            "invoke_arn": "arn:aws:apigateway:eu-central-1:lambda:path/2015-03-31/functions/arn:aws:lambda:eu-central-1:949052962425:function:user-lambda/invocations",
            "kms_key_arn": "",
            "last_modified": "2022-08-28T17:40:07.000+0000",
            "layers": [],
            "memory_size": 128,
            "package_type": "Zip",
            "publish": false,
            "qualified_arn": "arn:aws:lambda:eu-central-1:949052962425:function:user-lambda:$LATEST",
            "reserved_concurrent_executions": -1,
            "role": "arn:aws:iam::949052962425:role/user-lambda-eu-central-1",
            "runtime": "go1.x",
            "s3_bucket": null,
            "s3_key": null,
            "s3_object_version": null,
            "signing_job_arn": "",
            "signing_profile_version_arn": "",
            "source_code_hash": "uuIjwk+ZBE3ZSlKeL+spOzvy7yRS35LjsiUB21x3LCY=",
            "source_code_size": 6510768,
            "tags": {
              "AppName": "mylearn-app"
            },
            "tags_all": {
              "AppName": "mylearn-app"
            },
            "timeout": 15,
            "timeouts": null,
            "tracing_config": [
              {
                "mode": "PassThrough"
              }
            ],
            "version": "$LATEST",
            "vpc_config": []
          },
          "sensitive_attributes": [],
          "private": "eyJlMmJmYjczMC1lY2FhLTExZTYtOGY4OC0zNDM2M2JjN2M0YzAiOnsiY3JlYXRlIjo2MDAwMDAwMDAwMDB9fQ==",
          "dependencies": [
            "aws_cognito_user_pool.mylearn",
            "aws_cognito_user_pool_client.webapp",
            "aws_dynamodb_table.cognito_users",
            "aws_dynamodb_table.mylearn_classes",
            "aws_iam_role.cognito_after_register",
            "aws_iam_role.mylearn_users",
            "aws_lambda_function.cognito_after_register"
          ],
          "create_before_destroy": true
        }
      ]
    },
    {
      "mode": "managed",
      "type": "aws_lambda_permission",
      "name": "chat_api_connect",
      "provider": "provider[\"registry.terraform.io/hashicorp/aws\"]",
      "instances": [
        {
          "schema_version": 0,
          "attributes": {
            "action": "lambda:InvokeFunction",
            "event_source_token": null,
            "function_name": "chat-websocket-lambda",
            "id": "terraform-20220802170439886400000003",
            "principal": "apigateway.amazonaws.com",
            "principal_org_id": null,
            "qualifier": "",
            "source_account": null,
            "source_arn": "arn:aws:execute-api:eu-central-1:949052962425:b0g37onld1/*/$connect",
            "statement_id": "terraform-20220802170439886400000003",
            "statement_id_prefix": null
          },
          "sensitive_attributes": [],
          "private": "bnVsbA==",
          "dependencies": [
            "aws_apigatewayv2_api.chat_api",
            "aws_cognito_user_pool.mylearn",
            "aws_dynamodb_table.chat_connections",
            "aws_dynamodb_table.chat_messages",
            "aws_dynamodb_table.cognito_users",
            "aws_iam_role.cognito_after_register",
            "aws_iam_role.mylearn_chat",
            "aws_lambda_function.chat_lambda",
            "aws_lambda_function.cognito_after_register"
          ]
        }
      ]
    },
    {
      "mode": "managed",
      "type": "aws_lambda_permission",
      "name": "chat_api_default",
      "provider": "provider[\"registry.terraform.io/hashicorp/aws\"]",
      "instances": [
        {
          "schema_version": 0,
          "attributes": {
            "action": "lambda:InvokeFunction",
            "event_source_token": null,
            "function_name": "chat-websocket-lambda",
            "id": "terraform-20220802170439885400000002",
            "principal": "apigateway.amazonaws.com",
            "principal_org_id": null,
            "qualifier": "",
            "source_account": null,
            "source_arn": "arn:aws:execute-api:eu-central-1:949052962425:b0g37onld1/*/$default",
            "statement_id": "terraform-20220802170439885400000002",
            "statement_id_prefix": null
          },
          "sensitive_attributes": [],
          "private": "bnVsbA==",
          "dependencies": [
            "aws_apigatewayv2_api.chat_api",
            "aws_cognito_user_pool.mylearn",
            "aws_dynamodb_table.chat_connections",
            "aws_dynamodb_table.chat_messages",
            "aws_dynamodb_table.cognito_users",
            "aws_iam_role.cognito_after_register",
            "aws_iam_role.mylearn_chat",
            "aws_lambda_function.chat_lambda",
            "aws_lambda_function.cognito_after_register"
          ]
        }
      ]
    },
    {
      "mode": "managed",
      "type": "aws_lambda_permission",
      "name": "chat_api_disconnect",
      "provider": "provider[\"registry.terraform.io/hashicorp/aws\"]",
      "instances": [
        {
          "schema_version": 0,
          "attributes": {
            "action": "lambda:InvokeFunction",
            "event_source_token": null,
            "function_name": "chat-websocket-lambda",
            "id": "terraform-20220802170439884400000001",
            "principal": "apigateway.amazonaws.com",
            "principal_org_id": null,
            "qualifier": "",
            "source_account": null,
            "source_arn": "arn:aws:execute-api:eu-central-1:949052962425:b0g37onld1/*/$disconnect",
            "statement_id": "terraform-20220802170439884400000001",
            "statement_id_prefix": null
          },
          "sensitive_attributes": [],
          "private": "bnVsbA==",
          "dependencies": [
            "aws_apigatewayv2_api.chat_api",
            "aws_cognito_user_pool.mylearn",
            "aws_dynamodb_table.chat_connections",
            "aws_dynamodb_table.chat_messages",
            "aws_dynamodb_table.cognito_users",
            "aws_iam_role.cognito_after_register",
            "aws_iam_role.mylearn_chat",
            "aws_lambda_function.chat_lambda",
            "aws_lambda_function.cognito_after_register"
          ]
        }
      ]
    },
    {
      "mode": "managed",
      "type": "aws_lambda_permission",
      "name": "cognito_after_register",
      "provider": "provider[\"registry.terraform.io/hashicorp/aws\"]",
      "instances": [
        {
          "schema_version": 0,
          "attributes": {
            "action": "lambda:InvokeFunction",
            "event_source_token": null,
            "function_name": "cognito-after-register-lambda",
            "id": "AllowExecutionFromCognito",
            "principal": "cognito-idp.amazonaws.com",
            "principal_org_id": null,
            "qualifier": "",
            "source_account": null,
            "source_arn": "arn:aws:cognito-idp:eu-central-1:949052962425:userpool/eu-central-1_LsCgMRDvD",
            "statement_id": "AllowExecutionFromCognito",
            "statement_id_prefix": null
          },
          "sensitive_attributes": [],
          "private": "bnVsbA==",
          "dependencies": [
            "aws_cognito_user_pool.mylearn",
            "aws_dynamodb_table.cognito_users",
            "aws_iam_role.cognito_after_register",
            "aws_lambda_function.cognito_after_register"
          ]
        }
      ]
    },
    {
      "mode": "managed",
      "type": "aws_lambda_permission",
      "name": "mylearn_cognito_users",
      "provider": "provider[\"registry.terraform.io/hashicorp/aws\"]",
      "instances": [
        {
          "schema_version": 0,
          "attributes": {
            "action": "lambda:InvokeFunction",
            "event_source_token": null,
            "function_name": "cognito-user-lambda",
            "id": "AllowExecutionFromAPIGateway",
            "principal": "apigateway.amazonaws.com",
            "principal_org_id": null,
            "qualifier": "",
            "source_account": null,
            "source_arn": "arn:aws:execute-api:eu-central-1:949052962425:h4ihpoaqo3/*/*",
            "statement_id": "AllowExecutionFromAPIGateway",
            "statement_id_prefix": null
          },
          "sensitive_attributes": [],
          "private": "bnVsbA==",
          "dependencies": [
            "aws_api_gateway_rest_api.mylearn",
            "aws_cognito_user_pool.mylearn",
            "aws_cognito_user_pool_client.webapp",
            "aws_dynamodb_table.cognito_users",
            "aws_iam_role.cognito_after_register",
            "aws_iam_role.mylearn_cognito_user",
            "aws_lambda_function.cognito_after_register",
            "aws_lambda_function.cognito_user_lambda"
          ]
        }
      ]
    },
    {
      "mode": "managed",
      "type": "aws_lambda_permission",
      "name": "mylearn_grades",
      "provider": "provider[\"registry.terraform.io/hashicorp/aws\"]",
      "instances": [
        {
          "schema_version": 0,
          "attributes": {
            "action": "lambda:InvokeFunction",
            "event_source_token": null,
            "function_name": "mylearn-grades",
            "id": "AllowExecutionFromAPIGateway",
            "principal": "apigateway.amazonaws.com",
            "principal_org_id": null,
            "qualifier": "",
            "source_account": null,
            "source_arn": "arn:aws:execute-api:eu-central-1:949052962425:h4ihpoaqo3/*/*",
            "statement_id": "AllowExecutionFromAPIGateway",
            "statement_id_prefix": null
          },
          "sensitive_attributes": [],
          "private": "bnVsbA==",
          "dependencies": [
            "aws_api_gateway_rest_api.mylearn",
            "aws_dynamodb_table.mylearn_grades",
            "aws_iam_role.mylearn_grades",
            "aws_lambda_function.mylearn_grades"
          ]
        }
      ]
    },
    {
      "mode": "managed",
      "type": "aws_lambda_permission",
      "name": "mylearn_lessons_connect",
      "provider": "provider[\"registry.terraform.io/hashicorp/aws\"]",
      "instances": [
        {
          "schema_version": 0,
          "attributes": {
            "action": "lambda:InvokeFunction",
            "event_source_token": null,
            "function_name": "lesson-websocket-lambda",
            "id": "terraform-20220822212932597300000002",
            "principal": "apigateway.amazonaws.com",
            "principal_org_id": null,
            "qualifier": "",
            "source_account": null,
            "source_arn": "arn:aws:execute-api:eu-central-1:949052962425:pgcpqpf7w1/*/$connect",
            "statement_id": "terraform-20220822212932597300000002",
            "statement_id_prefix": null
          },
          "sensitive_attributes": [],
          "private": "bnVsbA==",
          "dependencies": [
            "aws_apigatewayv2_api.mylearn_lessons_api",
            "aws_cognito_user_pool.mylearn",
            "aws_dynamodb_table.cognito_users",
            "aws_dynamodb_table.mylearn_lessons",
            "aws_dynamodb_table.mylearn_lessons_connections",
            "aws_iam_role.cognito_after_register",
            "aws_iam_role.mylearn_lessons",
            "aws_lambda_function.cognito_after_register",
            "aws_lambda_function.lessons_websocket_lambda"
          ]
        }
      ]
    },
    {
      "mode": "managed",
      "type": "aws_lambda_permission",
      "name": "mylearn_lessons_default",
      "provider": "provider[\"registry.terraform.io/hashicorp/aws\"]",
      "instances": [
        {
          "schema_version": 0,
          "attributes": {
            "action": "lambda:InvokeFunction",
            "event_source_token": null,
            "function_name": "lesson-websocket-lambda",
            "id": "terraform-20220822212932597300000001",
            "principal": "apigateway.amazonaws.com",
            "principal_org_id": null,
            "qualifier": "",
            "source_account": null,
            "source_arn": "arn:aws:execute-api:eu-central-1:949052962425:pgcpqpf7w1/*/$default",
            "statement_id": "terraform-20220822212932597300000001",
            "statement_id_prefix": null
          },
          "sensitive_attributes": [],
          "private": "bnVsbA==",
          "dependencies": [
            "aws_apigatewayv2_api.mylearn_lessons_api",
            "aws_cognito_user_pool.mylearn",
            "aws_dynamodb_table.cognito_users",
            "aws_dynamodb_table.mylearn_lessons",
            "aws_dynamodb_table.mylearn_lessons_connections",
            "aws_iam_role.cognito_after_register",
            "aws_iam_role.mylearn_lessons",
            "aws_lambda_function.cognito_after_register",
            "aws_lambda_function.lessons_websocket_lambda"
          ]
        }
      ]
    },
    {
      "mode": "managed",
      "type": "aws_lambda_permission",
      "name": "mylearn_lessons_disconnect",
      "provider": "provider[\"registry.terraform.io/hashicorp/aws\"]",
      "instances": [
        {
          "schema_version": 0,
          "attributes": {
            "action": "lambda:InvokeFunction",
            "event_source_token": null,
            "function_name": "lesson-websocket-lambda",
            "id": "terraform-20220822212932597300000003",
            "principal": "apigateway.amazonaws.com",
            "principal_org_id": null,
            "qualifier": "",
            "source_account": null,
            "source_arn": "arn:aws:execute-api:eu-central-1:949052962425:pgcpqpf7w1/*/$disconnect",
            "statement_id": "terraform-20220822212932597300000003",
            "statement_id_prefix": null
          },
          "sensitive_attributes": [],
          "private": "bnVsbA==",
          "dependencies": [
            "aws_apigatewayv2_api.mylearn_lessons_api",
            "aws_cognito_user_pool.mylearn",
            "aws_dynamodb_table.cognito_users",
            "aws_dynamodb_table.mylearn_lessons",
            "aws_dynamodb_table.mylearn_lessons_connections",
            "aws_iam_role.cognito_after_register",
            "aws_iam_role.mylearn_lessons",
            "aws_lambda_function.cognito_after_register",
            "aws_lambda_function.lessons_websocket_lambda"
          ]
        }
      ]
    },
    {
      "mode": "managed",
      "type": "aws_lambda_permission",
      "name": "mylearn_rest_chat",
      "provider": "provider[\"registry.terraform.io/hashicorp/aws\"]",
      "instances": [
        {
          "schema_version": 0,
          "attributes": {
            "action": "lambda:InvokeFunction",
            "event_source_token": null,
            "function_name": "chat-rest-lambda",
            "id": "AllowExecutionFromAPIGateway",
            "principal": "apigateway.amazonaws.com",
            "principal_org_id": null,
            "qualifier": "",
            "source_account": null,
            "source_arn": "arn:aws:execute-api:eu-central-1:949052962425:h4ihpoaqo3/*/*",
            "statement_id": "AllowExecutionFromAPIGateway",
            "statement_id_prefix": null
          },
          "sensitive_attributes": [],
          "private": "bnVsbA==",
          "dependencies": [
            "aws_api_gateway_rest_api.mylearn",
            "aws_dynamodb_table.chat_messages",
            "aws_iam_role.mylearn_rest_chat",
            "aws_lambda_function.chat_rest_lambda"
          ]
        }
      ]
    },
    {
      "mode": "managed",
      "type": "aws_lambda_permission",
      "name": "mylearn_rest_lessons",
      "provider": "provider[\"registry.terraform.io/hashicorp/aws\"]",
      "instances": [
        {
          "schema_version": 0,
          "attributes": {
            "action": "lambda:InvokeFunction",
            "event_source_token": null,
            "function_name": "lesson-rest-lambda",
            "id": "AllowExecutionFromAPIGateway",
            "principal": "apigateway.amazonaws.com",
            "principal_org_id": null,
            "qualifier": "",
            "source_account": null,
            "source_arn": "arn:aws:execute-api:eu-central-1:949052962425:h4ihpoaqo3/*/*",
            "statement_id": "AllowExecutionFromAPIGateway",
            "statement_id_prefix": null
          },
          "sensitive_attributes": [],
          "private": "bnVsbA==",
          "dependencies": [
            "aws_api_gateway_rest_api.mylearn",
            "aws_dynamodb_table.mylearn_lessons",
            "aws_dynamodb_table.mylearn_lessons_connections",
            "aws_iam_role.mylearn_rest_lessons",
            "aws_lambda_function.lessons_rest_lambda"
          ]
        }
      ]
    },
    {
      "mode": "managed",
      "type": "aws_lambda_permission",
      "name": "mylearn_users",
      "provider": "provider[\"registry.terraform.io/hashicorp/aws\"]",
      "instances": [
        {
          "schema_version": 0,
          "attributes": {
            "action": "lambda:InvokeFunction",
            "event_source_token": null,
            "function_name": "user-lambda",
            "id": "AllowExecutionFromAPIGateway",
            "principal": "apigateway.amazonaws.com",
            "principal_org_id": null,
            "qualifier": "",
            "source_account": null,
            "source_arn": "arn:aws:execute-api:eu-central-1:949052962425:h4ihpoaqo3/*/*",
            "statement_id": "AllowExecutionFromAPIGateway",
            "statement_id_prefix": null
          },
          "sensitive_attributes": [],
          "private": "bnVsbA==",
          "dependencies": [
            "aws_api_gateway_rest_api.mylearn",
            "aws_cognito_user_pool.mylearn",
            "aws_cognito_user_pool_client.webapp",
            "aws_dynamodb_table.cognito_users",
            "aws_dynamodb_table.mylearn_classes",
            "aws_iam_role.cognito_after_register",
            "aws_iam_role.mylearn_users",
            "aws_lambda_function.cognito_after_register",
            "aws_lambda_function.user_lambda"
          ]
        }
      ]
    },
    {
      "mode": "managed",
      "type": "aws_s3_bucket",
      "name": "mylearn_materials",
      "provider": "provider[\"registry.terraform.io/hashicorp/aws\"]",
      "instances": [
        {
          "schema_version": 0,
          "attributes": {
            "acceleration_status": "",
            "acl": null,
            "arn": "arn:aws:s3:::mylearn-materials-eu-central-1",
            "bucket": "mylearn-materials-eu-central-1",
            "bucket_domain_name": "mylearn-materials-eu-central-1.s3.amazonaws.com",
            "bucket_prefix": null,
            "bucket_regional_domain_name": "mylearn-materials-eu-central-1.s3.eu-central-1.amazonaws.com",
            "cors_rule": [],
            "force_destroy": false,
            "grant": [
              {
                "id": "213f00b56e3d27761dbf605e7efa54a7d6a7714687365341646827c139c57954",
                "permissions": [
                  "FULL_CONTROL"
                ],
                "type": "CanonicalUser",
                "uri": ""
              }
            ],
            "hosted_zone_id": "Z21DNDUVLTQW6Q",
            "id": "mylearn-materials-eu-central-1",
            "lifecycle_rule": [],
            "logging": [],
            "object_lock_configuration": [],
            "object_lock_enabled": false,
            "policy": "",
            "region": "eu-central-1",
            "replication_configuration": [],
            "request_payer": "BucketOwner",
            "server_side_encryption_configuration": [],
            "tags": {
              "AppName": "mylearn-app"
            },
            "tags_all": {
              "AppName": "mylearn-app"
            },
            "versioning": [
              {
                "enabled": false,
                "mfa_delete": false
              }
            ],
            "website": [],
            "website_domain": null,
            "website_endpoint": null
          },
          "sensitive_attributes": [],
          "private": "bnVsbA==",
          "create_before_destroy": true
        }
      ]
    },
    {
      "mode": "managed",
      "type": "aws_s3_bucket_acl",
      "name": "mylearn_materials",
      "provider": "provider[\"registry.terraform.io/hashicorp/aws\"]",
      "instances": [
        {
          "schema_version": 0,
          "attributes": {
            "access_control_policy": [
              {
                "grant": [
                  {
                    "grantee": [
                      {
                        "display_name": "",
                        "email_address": "",
                        "id": "213f00b56e3d27761dbf605e7efa54a7d6a7714687365341646827c139c57954",
                        "type": "CanonicalUser",
                        "uri": ""
                      }
                    ],
                    "permission": "FULL_CONTROL"
                  }
                ],
                "owner": [
                  {
                    "display_name": "",
                    "id": "213f00b56e3d27761dbf605e7efa54a7d6a7714687365341646827c139c57954"
                  }
                ]
              }
            ],
            "acl": "private",
            "bucket": "mylearn-materials-eu-central-1",
            "expected_bucket_owner": "",
            "id": "mylearn-materials-eu-central-1,private"
          },
          "sensitive_attributes": [],
          "private": "bnVsbA==",
          "dependencies": [
            "aws_s3_bucket.mylearn_materials"
          ]
        }
      ]
    },
    {
      "mode": "managed",
      "type": "aws_s3_bucket_public_access_block",
      "name": "mylearn_materials",
      "provider": "provider[\"registry.terraform.io/hashicorp/aws\"]",
      "instances": [
        {
          "schema_version": 0,
          "attributes": {
            "block_public_acls": true,
            "block_public_policy": true,
            "bucket": "mylearn-materials-eu-central-1",
            "id": "mylearn-materials-eu-central-1",
            "ignore_public_acls": true,
            "restrict_public_buckets": true
          },
          "sensitive_attributes": [],
          "private": "bnVsbA==",
          "dependencies": [
            "aws_s3_bucket.mylearn_materials"
          ]
        }
      ]
    },
    {
      "module": "module.cors",
      "mode": "managed",
      "type": "aws_api_gateway_integration",
      "name": "_",
      "provider": "provider[\"registry.terraform.io/hashicorp/aws\"]",
      "instances": [
        {
          "schema_version": 0,
          "attributes": {
            "cache_key_parameters": [],
            "cache_namespace": "x4h7gz",
            "connection_id": "",
            "connection_type": "INTERNET",
            "content_handling": "CONVERT_TO_TEXT",
            "credentials": "",
            "http_method": "OPTIONS",
            "id": "agi-h4ihpoaqo3-x4h7gz-OPTIONS",
            "integration_http_method": "",
            "passthrough_behavior": "WHEN_NO_MATCH",
            "request_parameters": {},
            "request_templates": {
              "application/json": "{ \"statusCode\": 200 }"
            },
            "resource_id": "x4h7gz",
            "rest_api_id": "h4ihpoaqo3",
            "timeout_milliseconds": 29000,
            "tls_config": [],
            "type": "MOCK",
            "uri": ""
          },
          "sensitive_attributes": [],
          "private": "bnVsbA==",
          "dependencies": [
            "aws_api_gateway_resource.mylearn_cognito_users_login",
            "aws_api_gateway_rest_api.mylearn",
            "module.cors.aws_api_gateway_method._"
          ]
        }
      ]
    },
    {
      "module": "module.cors",
      "mode": "managed",
      "type": "aws_api_gateway_integration_response",
      "name": "_",
      "provider": "provider[\"registry.terraform.io/hashicorp/aws\"]",
      "instances": [
        {
          "schema_version": 0,
          "attributes": {
            "content_handling": "",
            "http_method": "OPTIONS",
            "id": "agir-h4ihpoaqo3-x4h7gz-OPTIONS-200",
            "resource_id": "x4h7gz",
            "response_parameters": {
              "method.response.header.Access-Control-Allow-Headers": "'Authorization,Content-Type,X-Amz-Date,X-Amz-Security-Token,X-Api-Key'",
              "method.response.header.Access-Control-Allow-Methods": "'OPTIONS,HEAD,GET,POST,PUT,PATCH,DELETE'",
              "method.response.header.Access-Control-Allow-Origin": "'*'",
              "method.response.header.Access-Control-Max-Age": "'7200'"
            },
            "response_templates": {},
            "rest_api_id": "h4ihpoaqo3",
            "selection_pattern": "",
            "status_code": "200"
          },
          "sensitive_attributes": [],
          "private": "bnVsbA==",
          "dependencies": [
            "aws_api_gateway_resource.mylearn_cognito_users_login",
            "aws_api_gateway_rest_api.mylearn",
            "module.cors.aws_api_gateway_integration._",
            "module.cors.aws_api_gateway_method._",
            "module.cors.aws_api_gateway_method_response._"
          ]
        }
      ]
    },
    {
      "module": "module.cors",
      "mode": "managed",
      "type": "aws_api_gateway_method",
      "name": "_",
      "provider": "provider[\"registry.terraform.io/hashicorp/aws\"]",
      "instances": [
        {
          "schema_version": 0,
          "attributes": {
            "api_key_required": false,
            "authorization": "NONE",
            "authorization_scopes": [],
            "authorizer_id": "",
            "http_method": "OPTIONS",
            "id": "agm-h4ihpoaqo3-x4h7gz-OPTIONS",
            "operation_name": "",
            "request_models": {},
            "request_parameters": {},
            "request_validator_id": "",
            "resource_id": "x4h7gz",
            "rest_api_id": "h4ihpoaqo3"
          },
          "sensitive_attributes": [],
          "private": "bnVsbA==",
          "dependencies": [
            "aws_api_gateway_resource.mylearn_cognito_users_login",
            "aws_api_gateway_rest_api.mylearn"
          ]
        }
      ]
    },
    {
      "module": "module.cors",
      "mode": "managed",
      "type": "aws_api_gateway_method_response",
      "name": "_",
      "provider": "provider[\"registry.terraform.io/hashicorp/aws\"]",
      "instances": [
        {
          "schema_version": 0,
          "attributes": {
            "http_method": "OPTIONS",
            "id": "agmr-h4ihpoaqo3-x4h7gz-OPTIONS-200",
            "resource_id": "x4h7gz",
            "response_models": {
              "application/json": "Empty"
            },
            "response_parameters": {
              "method.response.header.Access-Control-Allow-Headers": true,
              "method.response.header.Access-Control-Allow-Methods": true,
              "method.response.header.Access-Control-Allow-Origin": true,
              "method.response.header.Access-Control-Max-Age": true
            },
            "rest_api_id": "h4ihpoaqo3",
            "status_code": "200"
          },
          "sensitive_attributes": [],
          "private": "bnVsbA==",
          "dependencies": [
            "aws_api_gateway_resource.mylearn_cognito_users_login",
            "aws_api_gateway_rest_api.mylearn",
            "module.cors.aws_api_gateway_method._"
          ]
        }
      ]
    },
    {
      "module": "module.cors10",
      "mode": "managed",
      "type": "aws_api_gateway_integration",
      "name": "_",
      "provider": "provider[\"registry.terraform.io/hashicorp/aws\"]",
      "instances": [
        {
          "schema_version": 0,
          "attributes": {
            "cache_key_parameters": [],
            "cache_namespace": "jviax2",
            "connection_id": "",
            "connection_type": "INTERNET",
            "content_handling": "CONVERT_TO_TEXT",
            "credentials": "",
            "http_method": "OPTIONS",
            "id": "agi-h4ihpoaqo3-jviax2-OPTIONS",
            "integration_http_method": "",
            "passthrough_behavior": "WHEN_NO_MATCH",
            "request_parameters": {},
            "request_templates": {
              "application/json": "{ \"statusCode\": 200 }"
            },
            "resource_id": "jviax2",
            "rest_api_id": "h4ihpoaqo3",
            "timeout_milliseconds": 29000,
            "tls_config": [],
            "type": "MOCK",
            "uri": ""
          },
          "sensitive_attributes": [],
          "private": "bnVsbA==",
          "dependencies": [
            "aws_api_gateway_resource.mylearn_s3_files",
            "aws_api_gateway_rest_api.mylearn",
            "module.cors10.aws_api_gateway_method._"
          ]
        }
      ]
    },
    {
      "module": "module.cors10",
      "mode": "managed",
      "type": "aws_api_gateway_integration_response",
      "name": "_",
      "provider": "provider[\"registry.terraform.io/hashicorp/aws\"]",
      "instances": [
        {
          "schema_version": 0,
          "attributes": {
            "content_handling": "",
            "http_method": "OPTIONS",
            "id": "agir-h4ihpoaqo3-jviax2-OPTIONS-200",
            "resource_id": "jviax2",
            "response_parameters": {
              "method.response.header.Access-Control-Allow-Headers": "'Authorization,Content-Type,X-Amz-Date,X-Amz-Security-Token,X-Api-Key'",
              "method.response.header.Access-Control-Allow-Methods": "'OPTIONS,HEAD,GET,POST,PUT,PATCH,DELETE'",
              "method.response.header.Access-Control-Allow-Origin": "'*'",
              "method.response.header.Access-Control-Max-Age": "'7200'"
            },
            "response_templates": {},
            "rest_api_id": "h4ihpoaqo3",
            "selection_pattern": "",
            "status_code": "200"
          },
          "sensitive_attributes": [],
          "private": "bnVsbA==",
          "dependencies": [
            "aws_api_gateway_resource.mylearn_s3_files",
            "aws_api_gateway_rest_api.mylearn",
            "module.cors10.aws_api_gateway_integration._",
            "module.cors10.aws_api_gateway_method._",
            "module.cors10.aws_api_gateway_method_response._"
          ]
        }
      ]
    },
    {
      "module": "module.cors10",
      "mode": "managed",
      "type": "aws_api_gateway_method",
      "name": "_",
      "provider": "provider[\"registry.terraform.io/hashicorp/aws\"]",
      "instances": [
        {
          "schema_version": 0,
          "attributes": {
            "api_key_required": false,
            "authorization": "NONE",
            "authorization_scopes": [],
            "authorizer_id": "",
            "http_method": "OPTIONS",
            "id": "agm-h4ihpoaqo3-jviax2-OPTIONS",
            "operation_name": "",
            "request_models": {},
            "request_parameters": {},
            "request_validator_id": "",
            "resource_id": "jviax2",
            "rest_api_id": "h4ihpoaqo3"
          },
          "sensitive_attributes": [],
          "private": "bnVsbA==",
          "dependencies": [
            "aws_api_gateway_resource.mylearn_s3_files",
            "aws_api_gateway_rest_api.mylearn"
          ]
        }
      ]
    },
    {
      "module": "module.cors10",
      "mode": "managed",
      "type": "aws_api_gateway_method_response",
      "name": "_",
      "provider": "provider[\"registry.terraform.io/hashicorp/aws\"]",
      "instances": [
        {
          "schema_version": 0,
          "attributes": {
            "http_method": "OPTIONS",
            "id": "agmr-h4ihpoaqo3-jviax2-OPTIONS-200",
            "resource_id": "jviax2",
            "response_models": {
              "application/json": "Empty"
            },
            "response_parameters": {
              "method.response.header.Access-Control-Allow-Headers": true,
              "method.response.header.Access-Control-Allow-Methods": true,
              "method.response.header.Access-Control-Allow-Origin": true,
              "method.response.header.Access-Control-Max-Age": true
            },
            "rest_api_id": "h4ihpoaqo3",
            "status_code": "200"
          },
          "sensitive_attributes": [],
          "private": "bnVsbA==",
          "dependencies": [
            "aws_api_gateway_resource.mylearn_s3_files",
            "aws_api_gateway_rest_api.mylearn",
            "module.cors10.aws_api_gateway_method._"
          ]
        }
      ]
    },
    {
      "module": "module.cors11",
      "mode": "managed",
      "type": "aws_api_gateway_integration",
      "name": "_",
      "provider": "provider[\"registry.terraform.io/hashicorp/aws\"]",
      "instances": [
        {
          "schema_version": 0,
          "attributes": {
            "cache_key_parameters": [],
            "cache_namespace": "b9obbw",
            "connection_id": "",
            "connection_type": "INTERNET",
            "content_handling": "CONVERT_TO_TEXT",
            "credentials": "",
            "http_method": "OPTIONS",
            "id": "agi-h4ihpoaqo3-b9obbw-OPTIONS",
            "integration_http_method": "",
            "passthrough_behavior": "WHEN_NO_MATCH",
            "request_parameters": {},
            "request_templates": {
              "application/json": "{ \"statusCode\": 200 }"
            },
            "resource_id": "b9obbw",
            "rest_api_id": "h4ihpoaqo3",
            "timeout_milliseconds": 29000,
            "tls_config": [],
            "type": "MOCK",
            "uri": ""
          },
          "sensitive_attributes": [],
          "private": "bnVsbA==",
          "dependencies": [
            "aws_api_gateway_resource.mylearn_s3_folders",
            "aws_api_gateway_rest_api.mylearn",
            "module.cors11.aws_api_gateway_method._"
          ]
        }
      ]
    },
    {
      "module": "module.cors11",
      "mode": "managed",
      "type": "aws_api_gateway_integration_response",
      "name": "_",
      "provider": "provider[\"registry.terraform.io/hashicorp/aws\"]",
      "instances": [
        {
          "schema_version": 0,
          "attributes": {
            "content_handling": "",
            "http_method": "OPTIONS",
            "id": "agir-h4ihpoaqo3-b9obbw-OPTIONS-200",
            "resource_id": "b9obbw",
            "response_parameters": {
              "method.response.header.Access-Control-Allow-Headers": "'Authorization,Content-Type,X-Amz-Date,X-Amz-Security-Token,X-Api-Key'",
              "method.response.header.Access-Control-Allow-Methods": "'OPTIONS,HEAD,GET,POST,PUT,PATCH,DELETE'",
              "method.response.header.Access-Control-Allow-Origin": "'*'",
              "method.response.header.Access-Control-Max-Age": "'7200'"
            },
            "response_templates": {},
            "rest_api_id": "h4ihpoaqo3",
            "selection_pattern": "",
            "status_code": "200"
          },
          "sensitive_attributes": [],
          "private": "bnVsbA==",
          "dependencies": [
            "aws_api_gateway_resource.mylearn_s3_folders",
            "aws_api_gateway_rest_api.mylearn",
            "module.cors11.aws_api_gateway_integration._",
            "module.cors11.aws_api_gateway_method._",
            "module.cors11.aws_api_gateway_method_response._"
          ]
        }
      ]
    },
    {
      "module": "module.cors11",
      "mode": "managed",
      "type": "aws_api_gateway_method",
      "name": "_",
      "provider": "provider[\"registry.terraform.io/hashicorp/aws\"]",
      "instances": [
        {
          "schema_version": 0,
          "attributes": {
            "api_key_required": false,
            "authorization": "NONE",
            "authorization_scopes": [],
            "authorizer_id": "",
            "http_method": "OPTIONS",
            "id": "agm-h4ihpoaqo3-b9obbw-OPTIONS",
            "operation_name": "",
            "request_models": {},
            "request_parameters": {},
            "request_validator_id": "",
            "resource_id": "b9obbw",
            "rest_api_id": "h4ihpoaqo3"
          },
          "sensitive_attributes": [],
          "private": "bnVsbA==",
          "dependencies": [
            "aws_api_gateway_resource.mylearn_s3_folders",
            "aws_api_gateway_rest_api.mylearn"
          ]
        }
      ]
    },
    {
      "module": "module.cors11",
      "mode": "managed",
      "type": "aws_api_gateway_method_response",
      "name": "_",
      "provider": "provider[\"registry.terraform.io/hashicorp/aws\"]",
      "instances": [
        {
          "schema_version": 0,
          "attributes": {
            "http_method": "OPTIONS",
            "id": "agmr-h4ihpoaqo3-b9obbw-OPTIONS-200",
            "resource_id": "b9obbw",
            "response_models": {
              "application/json": "Empty"
            },
            "response_parameters": {
              "method.response.header.Access-Control-Allow-Headers": true,
              "method.response.header.Access-Control-Allow-Methods": true,
              "method.response.header.Access-Control-Allow-Origin": true,
              "method.response.header.Access-Control-Max-Age": true
            },
            "rest_api_id": "h4ihpoaqo3",
            "status_code": "200"
          },
          "sensitive_attributes": [],
          "private": "bnVsbA==",
          "dependencies": [
            "aws_api_gateway_resource.mylearn_s3_folders",
            "aws_api_gateway_rest_api.mylearn",
            "module.cors11.aws_api_gateway_method._"
          ]
        }
      ]
    },
    {
      "module": "module.cors12",
      "mode": "managed",
      "type": "aws_api_gateway_integration",
      "name": "_",
      "provider": "provider[\"registry.terraform.io/hashicorp/aws\"]",
      "instances": [
        {
          "schema_version": 0,
          "attributes": {
            "cache_key_parameters": [],
            "cache_namespace": "8t1na8",
            "connection_id": "",
            "connection_type": "INTERNET",
            "content_handling": "CONVERT_TO_TEXT",
            "credentials": "",
            "http_method": "OPTIONS",
            "id": "agi-h4ihpoaqo3-8t1na8-OPTIONS",
            "integration_http_method": "",
            "passthrough_behavior": "WHEN_NO_MATCH",
            "request_parameters": {},
            "request_templates": {
              "application/json": "{ \"statusCode\": 200 }"
            },
            "resource_id": "8t1na8",
            "rest_api_id": "h4ihpoaqo3",
            "timeout_milliseconds": 29000,
            "tls_config": [],
            "type": "MOCK",
            "uri": ""
          },
          "sensitive_attributes": [],
          "private": "bnVsbA==",
          "dependencies": [
            "aws_api_gateway_resource.mylearn_rest_lessons_lessons",
            "aws_api_gateway_rest_api.mylearn",
            "module.cors12.aws_api_gateway_method._"
          ]
        }
      ]
    },
    {
      "module": "module.cors12",
      "mode": "managed",
      "type": "aws_api_gateway_integration_response",
      "name": "_",
      "provider": "provider[\"registry.terraform.io/hashicorp/aws\"]",
      "instances": [
        {
          "schema_version": 0,
          "attributes": {
            "content_handling": "",
            "http_method": "OPTIONS",
            "id": "agir-h4ihpoaqo3-8t1na8-OPTIONS-200",
            "resource_id": "8t1na8",
            "response_parameters": {
              "method.response.header.Access-Control-Allow-Headers": "'Authorization,Content-Type,X-Amz-Date,X-Amz-Security-Token,X-Api-Key'",
              "method.response.header.Access-Control-Allow-Methods": "'OPTIONS,HEAD,GET,POST,PUT,PATCH,DELETE'",
              "method.response.header.Access-Control-Allow-Origin": "'*'",
              "method.response.header.Access-Control-Max-Age": "'7200'"
            },
            "response_templates": {},
            "rest_api_id": "h4ihpoaqo3",
            "selection_pattern": "",
            "status_code": "200"
          },
          "sensitive_attributes": [],
          "private": "bnVsbA==",
          "dependencies": [
            "aws_api_gateway_resource.mylearn_rest_lessons_lessons",
            "aws_api_gateway_rest_api.mylearn",
            "module.cors12.aws_api_gateway_integration._",
            "module.cors12.aws_api_gateway_method._",
            "module.cors12.aws_api_gateway_method_response._"
          ]
        }
      ]
    },
    {
      "module": "module.cors12",
      "mode": "managed",
      "type": "aws_api_gateway_method",
      "name": "_",
      "provider": "provider[\"registry.terraform.io/hashicorp/aws\"]",
      "instances": [
        {
          "schema_version": 0,
          "attributes": {
            "api_key_required": false,
            "authorization": "NONE",
            "authorization_scopes": [],
            "authorizer_id": "",
            "http_method": "OPTIONS",
            "id": "agm-h4ihpoaqo3-8t1na8-OPTIONS",
            "operation_name": "",
            "request_models": {},
            "request_parameters": {},
            "request_validator_id": "",
            "resource_id": "8t1na8",
            "rest_api_id": "h4ihpoaqo3"
          },
          "sensitive_attributes": [],
          "private": "bnVsbA==",
          "dependencies": [
            "aws_api_gateway_resource.mylearn_rest_lessons_lessons",
            "aws_api_gateway_rest_api.mylearn"
          ]
        }
      ]
    },
    {
      "module": "module.cors12",
      "mode": "managed",
      "type": "aws_api_gateway_method_response",
      "name": "_",
      "provider": "provider[\"registry.terraform.io/hashicorp/aws\"]",
      "instances": [
        {
          "schema_version": 0,
          "attributes": {
            "http_method": "OPTIONS",
            "id": "agmr-h4ihpoaqo3-8t1na8-OPTIONS-200",
            "resource_id": "8t1na8",
            "response_models": {
              "application/json": "Empty"
            },
            "response_parameters": {
              "method.response.header.Access-Control-Allow-Headers": true,
              "method.response.header.Access-Control-Allow-Methods": true,
              "method.response.header.Access-Control-Allow-Origin": true,
              "method.response.header.Access-Control-Max-Age": true
            },
            "rest_api_id": "h4ihpoaqo3",
            "status_code": "200"
          },
          "sensitive_attributes": [],
          "private": "bnVsbA==",
          "dependencies": [
            "aws_api_gateway_resource.mylearn_rest_lessons_lessons",
            "aws_api_gateway_rest_api.mylearn",
            "module.cors12.aws_api_gateway_method._"
          ]
        }
      ]
    },
    {
      "module": "module.cors13",
      "mode": "managed",
      "type": "aws_api_gateway_integration",
      "name": "_",
      "provider": "provider[\"registry.terraform.io/hashicorp/aws\"]",
      "instances": [
        {
          "schema_version": 0,
          "attributes": {
            "cache_key_parameters": [],
            "cache_namespace": "gzhvl2",
            "connection_id": "",
            "connection_type": "INTERNET",
            "content_handling": "CONVERT_TO_TEXT",
            "credentials": "",
            "http_method": "OPTIONS",
            "id": "agi-h4ihpoaqo3-gzhvl2-OPTIONS",
            "integration_http_method": "",
            "passthrough_behavior": "WHEN_NO_MATCH",
            "request_parameters": {},
            "request_templates": {
              "application/json": "{ \"statusCode\": 200 }"
            },
            "resource_id": "gzhvl2",
            "rest_api_id": "h4ihpoaqo3",
            "timeout_milliseconds": 29000,
            "tls_config": [],
            "type": "MOCK",
            "uri": ""
          },
          "sensitive_attributes": [],
          "private": "bnVsbA==",
          "dependencies": [
            "aws_api_gateway_resource.mylearn_grades",
            "aws_api_gateway_rest_api.mylearn",
            "module.cors13.aws_api_gateway_method._"
          ]
        }
      ]
    },
    {
      "module": "module.cors13",
      "mode": "managed",
      "type": "aws_api_gateway_integration_response",
      "name": "_",
      "provider": "provider[\"registry.terraform.io/hashicorp/aws\"]",
      "instances": [
        {
          "schema_version": 0,
          "attributes": {
            "content_handling": "",
            "http_method": "OPTIONS",
            "id": "agir-h4ihpoaqo3-gzhvl2-OPTIONS-200",
            "resource_id": "gzhvl2",
            "response_parameters": {
              "method.response.header.Access-Control-Allow-Headers": "'Authorization,Content-Type,X-Amz-Date,X-Amz-Security-Token,X-Api-Key'",
              "method.response.header.Access-Control-Allow-Methods": "'OPTIONS,HEAD,GET,POST,PUT,PATCH,DELETE'",
              "method.response.header.Access-Control-Allow-Origin": "'*'",
              "method.response.header.Access-Control-Max-Age": "'7200'"
            },
            "response_templates": {},
            "rest_api_id": "h4ihpoaqo3",
            "selection_pattern": "",
            "status_code": "200"
          },
          "sensitive_attributes": [],
          "private": "bnVsbA==",
          "dependencies": [
            "aws_api_gateway_resource.mylearn_grades",
            "aws_api_gateway_rest_api.mylearn",
            "module.cors13.aws_api_gateway_integration._",
            "module.cors13.aws_api_gateway_method._",
            "module.cors13.aws_api_gateway_method_response._"
          ]
        }
      ]
    },
    {
      "module": "module.cors13",
      "mode": "managed",
      "type": "aws_api_gateway_method",
      "name": "_",
      "provider": "provider[\"registry.terraform.io/hashicorp/aws\"]",
      "instances": [
        {
          "schema_version": 0,
          "attributes": {
            "api_key_required": false,
            "authorization": "NONE",
            "authorization_scopes": [],
            "authorizer_id": "",
            "http_method": "OPTIONS",
            "id": "agm-h4ihpoaqo3-gzhvl2-OPTIONS",
            "operation_name": "",
            "request_models": {},
            "request_parameters": {},
            "request_validator_id": "",
            "resource_id": "gzhvl2",
            "rest_api_id": "h4ihpoaqo3"
          },
          "sensitive_attributes": [],
          "private": "bnVsbA==",
          "dependencies": [
            "aws_api_gateway_resource.mylearn_grades",
            "aws_api_gateway_rest_api.mylearn"
          ]
        }
      ]
    },
    {
      "module": "module.cors13",
      "mode": "managed",
      "type": "aws_api_gateway_method_response",
      "name": "_",
      "provider": "provider[\"registry.terraform.io/hashicorp/aws\"]",
      "instances": [
        {
          "schema_version": 0,
          "attributes": {
            "http_method": "OPTIONS",
            "id": "agmr-h4ihpoaqo3-gzhvl2-OPTIONS-200",
            "resource_id": "gzhvl2",
            "response_models": {
              "application/json": "Empty"
            },
            "response_parameters": {
              "method.response.header.Access-Control-Allow-Headers": true,
              "method.response.header.Access-Control-Allow-Methods": true,
              "method.response.header.Access-Control-Allow-Origin": true,
              "method.response.header.Access-Control-Max-Age": true
            },
            "rest_api_id": "h4ihpoaqo3",
            "status_code": "200"
          },
          "sensitive_attributes": [],
          "private": "bnVsbA==",
          "dependencies": [
            "aws_api_gateway_resource.mylearn_grades",
            "aws_api_gateway_rest_api.mylearn",
            "module.cors13.aws_api_gateway_method._"
          ]
        }
      ]
    },
    {
      "module": "module.cors14",
      "mode": "managed",
      "type": "aws_api_gateway_integration",
      "name": "_",
      "provider": "provider[\"registry.terraform.io/hashicorp/aws\"]",
      "instances": [
        {
          "schema_version": 0,
          "attributes": {
            "cache_key_parameters": null,
            "cache_namespace": "wfswg6",
            "connection_id": "",
            "connection_type": "INTERNET",
            "content_handling": "CONVERT_TO_TEXT",
            "credentials": "",
            "http_method": "OPTIONS",
            "id": "agi-h4ihpoaqo3-wfswg6-OPTIONS",
            "integration_http_method": "",
            "passthrough_behavior": "WHEN_NO_MATCH",
            "request_parameters": null,
            "request_templates": {
              "application/json": "{ \"statusCode\": 200 }"
            },
            "resource_id": "wfswg6",
            "rest_api_id": "h4ihpoaqo3",
            "timeout_milliseconds": 29000,
            "tls_config": [],
            "type": "MOCK",
            "uri": ""
          },
          "sensitive_attributes": [],
          "private": "bnVsbA==",
          "dependencies": [
            "aws_api_gateway_resource.mylearn_cognito_manage_groups",
            "aws_api_gateway_rest_api.mylearn",
            "module.cors14.aws_api_gateway_method._"
          ]
        }
      ]
    },
    {
      "module": "module.cors14",
      "mode": "managed",
      "type": "aws_api_gateway_integration_response",
      "name": "_",
      "provider": "provider[\"registry.terraform.io/hashicorp/aws\"]",
      "instances": [
        {
          "schema_version": 0,
          "attributes": {
            "content_handling": "",
            "http_method": "OPTIONS",
            "id": "agir-h4ihpoaqo3-wfswg6-OPTIONS-200",
            "resource_id": "wfswg6",
            "response_parameters": {
              "method.response.header.Access-Control-Allow-Headers": "'Authorization,Content-Type,X-Amz-Date,X-Amz-Security-Token,X-Api-Key'",
              "method.response.header.Access-Control-Allow-Methods": "'OPTIONS,HEAD,GET,POST,PUT,PATCH,DELETE'",
              "method.response.header.Access-Control-Allow-Origin": "'*'",
              "method.response.header.Access-Control-Max-Age": "'7200'"
            },
            "response_templates": null,
            "rest_api_id": "h4ihpoaqo3",
            "selection_pattern": "",
            "status_code": "200"
          },
          "sensitive_attributes": [],
          "private": "bnVsbA==",
          "dependencies": [
            "aws_api_gateway_resource.mylearn_cognito_manage_groups",
            "aws_api_gateway_rest_api.mylearn",
            "module.cors14.aws_api_gateway_integration._",
            "module.cors14.aws_api_gateway_method._",
            "module.cors14.aws_api_gateway_method_response._"
          ]
        }
      ]
    },
    {
      "module": "module.cors14",
      "mode": "managed",
      "type": "aws_api_gateway_method",
      "name": "_",
      "provider": "provider[\"registry.terraform.io/hashicorp/aws\"]",
      "instances": [
        {
          "schema_version": 0,
          "attributes": {
            "api_key_required": false,
            "authorization": "NONE",
            "authorization_scopes": null,
            "authorizer_id": null,
            "http_method": "OPTIONS",
            "id": "agm-h4ihpoaqo3-wfswg6-OPTIONS",
            "operation_name": null,
            "request_models": null,
            "request_parameters": null,
            "request_validator_id": null,
            "resource_id": "wfswg6",
            "rest_api_id": "h4ihpoaqo3"
          },
          "sensitive_attributes": [],
          "private": "bnVsbA==",
          "dependencies": [
            "aws_api_gateway_resource.mylearn_cognito_manage_groups",
            "aws_api_gateway_rest_api.mylearn"
          ]
        }
      ]
    },
    {
      "module": "module.cors14",
      "mode": "managed",
      "type": "aws_api_gateway_method_response",
      "name": "_",
      "provider": "provider[\"registry.terraform.io/hashicorp/aws\"]",
      "instances": [
        {
          "schema_version": 0,
          "attributes": {
            "http_method": "OPTIONS",
            "id": "agmr-h4ihpoaqo3-wfswg6-OPTIONS-200",
            "resource_id": "wfswg6",
            "response_models": {
              "application/json": "Empty"
            },
            "response_parameters": {
              "method.response.header.Access-Control-Allow-Headers": true,
              "method.response.header.Access-Control-Allow-Methods": true,
              "method.response.header.Access-Control-Allow-Origin": true,
              "method.response.header.Access-Control-Max-Age": true
            },
            "rest_api_id": "h4ihpoaqo3",
            "status_code": "200"
          },
          "sensitive_attributes": [],
          "private": "bnVsbA==",
          "dependencies": [
            "aws_api_gateway_resource.mylearn_cognito_manage_groups",
            "aws_api_gateway_rest_api.mylearn",
            "module.cors14.aws_api_gateway_method._"
          ]
        }
      ]
    },
    {
      "module": "module.cors2",
      "mode": "managed",
      "type": "aws_api_gateway_integration",
      "name": "_",
      "provider": "provider[\"registry.terraform.io/hashicorp/aws\"]",
      "instances": [
        {
          "schema_version": 0,
          "attributes": {
            "cache_key_parameters": [],
            "cache_namespace": "ex9coh",
            "connection_id": "",
            "connection_type": "INTERNET",
            "content_handling": "CONVERT_TO_TEXT",
            "credentials": "",
            "http_method": "OPTIONS",
            "id": "agi-h4ihpoaqo3-ex9coh-OPTIONS",
            "integration_http_method": "",
            "passthrough_behavior": "WHEN_NO_MATCH",
            "request_parameters": {},
            "request_templates": {
              "application/json": "{ \"statusCode\": 200 }"
            },
            "resource_id": "ex9coh",
            "rest_api_id": "h4ihpoaqo3",
            "timeout_milliseconds": 29000,
            "tls_config": [],
            "type": "MOCK",
            "uri": ""
          },
          "sensitive_attributes": [],
          "private": "bnVsbA==",
          "dependencies": [
            "aws_api_gateway_resource.mylearn_cognito_users_register",
            "aws_api_gateway_rest_api.mylearn",
            "module.cors2.aws_api_gateway_method._"
          ]
        }
      ]
    },
    {
      "module": "module.cors2",
      "mode": "managed",
      "type": "aws_api_gateway_integration_response",
      "name": "_",
      "provider": "provider[\"registry.terraform.io/hashicorp/aws\"]",
      "instances": [
        {
          "schema_version": 0,
          "attributes": {
            "content_handling": "",
            "http_method": "OPTIONS",
            "id": "agir-h4ihpoaqo3-ex9coh-OPTIONS-200",
            "resource_id": "ex9coh",
            "response_parameters": {
              "method.response.header.Access-Control-Allow-Headers": "'Authorization,Content-Type,X-Amz-Date,X-Amz-Security-Token,X-Api-Key'",
              "method.response.header.Access-Control-Allow-Methods": "'OPTIONS,HEAD,GET,POST,PUT,PATCH,DELETE'",
              "method.response.header.Access-Control-Allow-Origin": "'*'",
              "method.response.header.Access-Control-Max-Age": "'7200'"
            },
            "response_templates": {},
            "rest_api_id": "h4ihpoaqo3",
            "selection_pattern": "",
            "status_code": "200"
          },
          "sensitive_attributes": [],
          "private": "bnVsbA==",
          "dependencies": [
            "aws_api_gateway_resource.mylearn_cognito_users_register",
            "aws_api_gateway_rest_api.mylearn",
            "module.cors2.aws_api_gateway_integration._",
            "module.cors2.aws_api_gateway_method._",
            "module.cors2.aws_api_gateway_method_response._"
          ]
        }
      ]
    },
    {
      "module": "module.cors2",
      "mode": "managed",
      "type": "aws_api_gateway_method",
      "name": "_",
      "provider": "provider[\"registry.terraform.io/hashicorp/aws\"]",
      "instances": [
        {
          "schema_version": 0,
          "attributes": {
            "api_key_required": false,
            "authorization": "NONE",
            "authorization_scopes": [],
            "authorizer_id": "",
            "http_method": "OPTIONS",
            "id": "agm-h4ihpoaqo3-ex9coh-OPTIONS",
            "operation_name": "",
            "request_models": {},
            "request_parameters": {},
            "request_validator_id": "",
            "resource_id": "ex9coh",
            "rest_api_id": "h4ihpoaqo3"
          },
          "sensitive_attributes": [],
          "private": "bnVsbA==",
          "dependencies": [
            "aws_api_gateway_resource.mylearn_cognito_users_register",
            "aws_api_gateway_rest_api.mylearn"
          ]
        }
      ]
    },
    {
      "module": "module.cors2",
      "mode": "managed",
      "type": "aws_api_gateway_method_response",
      "name": "_",
      "provider": "provider[\"registry.terraform.io/hashicorp/aws\"]",
      "instances": [
        {
          "schema_version": 0,
          "attributes": {
            "http_method": "OPTIONS",
            "id": "agmr-h4ihpoaqo3-ex9coh-OPTIONS-200",
            "resource_id": "ex9coh",
            "response_models": {
              "application/json": "Empty"
            },
            "response_parameters": {
              "method.response.header.Access-Control-Allow-Headers": true,
              "method.response.header.Access-Control-Allow-Methods": true,
              "method.response.header.Access-Control-Allow-Origin": true,
              "method.response.header.Access-Control-Max-Age": true
            },
            "rest_api_id": "h4ihpoaqo3",
            "status_code": "200"
          },
          "sensitive_attributes": [],
          "private": "bnVsbA==",
          "dependencies": [
            "aws_api_gateway_resource.mylearn_cognito_users_register",
            "aws_api_gateway_rest_api.mylearn",
            "module.cors2.aws_api_gateway_method._"
          ]
        }
      ]
    },
    {
      "module": "module.cors3",
      "mode": "managed",
      "type": "aws_api_gateway_integration",
      "name": "_",
      "provider": "provider[\"registry.terraform.io/hashicorp/aws\"]",
      "instances": [
        {
          "schema_version": 0,
          "attributes": {
            "cache_key_parameters": [],
            "cache_namespace": "oqk0da",
            "connection_id": "",
            "connection_type": "INTERNET",
            "content_handling": "CONVERT_TO_TEXT",
            "credentials": "",
            "http_method": "OPTIONS",
            "id": "agi-h4ihpoaqo3-oqk0da-OPTIONS",
            "integration_http_method": "",
            "passthrough_behavior": "WHEN_NO_MATCH",
            "request_parameters": {},
            "request_templates": {
              "application/json": "{ \"statusCode\": 200 }"
            },
            "resource_id": "oqk0da",
            "rest_api_id": "h4ihpoaqo3",
            "timeout_milliseconds": 29000,
            "tls_config": [],
            "type": "MOCK",
            "uri": ""
          },
          "sensitive_attributes": [],
          "private": "bnVsbA==",
          "dependencies": [
            "aws_api_gateway_resource.mylearn_users",
            "aws_api_gateway_rest_api.mylearn",
            "module.cors3.aws_api_gateway_method._"
          ]
        }
      ]
    },
    {
      "module": "module.cors3",
      "mode": "managed",
      "type": "aws_api_gateway_integration_response",
      "name": "_",
      "provider": "provider[\"registry.terraform.io/hashicorp/aws\"]",
      "instances": [
        {
          "schema_version": 0,
          "attributes": {
            "content_handling": "",
            "http_method": "OPTIONS",
            "id": "agir-h4ihpoaqo3-oqk0da-OPTIONS-200",
            "resource_id": "oqk0da",
            "response_parameters": {
              "method.response.header.Access-Control-Allow-Headers": "'Authorization,Content-Type,X-Amz-Date,X-Amz-Security-Token,X-Api-Key'",
              "method.response.header.Access-Control-Allow-Methods": "'OPTIONS,HEAD,GET,POST,PUT,PATCH,DELETE'",
              "method.response.header.Access-Control-Allow-Origin": "'*'",
              "method.response.header.Access-Control-Max-Age": "'7200'"
            },
            "response_templates": {},
            "rest_api_id": "h4ihpoaqo3",
            "selection_pattern": "",
            "status_code": "200"
          },
          "sensitive_attributes": [],
          "private": "bnVsbA==",
          "dependencies": [
            "aws_api_gateway_resource.mylearn_users",
            "aws_api_gateway_rest_api.mylearn",
            "module.cors3.aws_api_gateway_integration._",
            "module.cors3.aws_api_gateway_method._",
            "module.cors3.aws_api_gateway_method_response._"
          ]
        }
      ]
    },
    {
      "module": "module.cors3",
      "mode": "managed",
      "type": "aws_api_gateway_method",
      "name": "_",
      "provider": "provider[\"registry.terraform.io/hashicorp/aws\"]",
      "instances": [
        {
          "schema_version": 0,
          "attributes": {
            "api_key_required": false,
            "authorization": "NONE",
            "authorization_scopes": [],
            "authorizer_id": "",
            "http_method": "OPTIONS",
            "id": "agm-h4ihpoaqo3-oqk0da-OPTIONS",
            "operation_name": "",
            "request_models": {},
            "request_parameters": {},
            "request_validator_id": "",
            "resource_id": "oqk0da",
            "rest_api_id": "h4ihpoaqo3"
          },
          "sensitive_attributes": [],
          "private": "bnVsbA==",
          "dependencies": [
            "aws_api_gateway_resource.mylearn_users",
            "aws_api_gateway_rest_api.mylearn"
          ]
        }
      ]
    },
    {
      "module": "module.cors3",
      "mode": "managed",
      "type": "aws_api_gateway_method_response",
      "name": "_",
      "provider": "provider[\"registry.terraform.io/hashicorp/aws\"]",
      "instances": [
        {
          "schema_version": 0,
          "attributes": {
            "http_method": "OPTIONS",
            "id": "agmr-h4ihpoaqo3-oqk0da-OPTIONS-200",
            "resource_id": "oqk0da",
            "response_models": {
              "application/json": "Empty"
            },
            "response_parameters": {
              "method.response.header.Access-Control-Allow-Headers": true,
              "method.response.header.Access-Control-Allow-Methods": true,
              "method.response.header.Access-Control-Allow-Origin": true,
              "method.response.header.Access-Control-Max-Age": true
            },
            "rest_api_id": "h4ihpoaqo3",
            "status_code": "200"
          },
          "sensitive_attributes": [],
          "private": "bnVsbA==",
          "dependencies": [
            "aws_api_gateway_resource.mylearn_users",
            "aws_api_gateway_rest_api.mylearn",
            "module.cors3.aws_api_gateway_method._"
          ]
        }
      ]
    },
    {
      "module": "module.cors5",
      "mode": "managed",
      "type": "aws_api_gateway_integration",
      "name": "_",
      "provider": "provider[\"registry.terraform.io/hashicorp/aws\"]",
      "instances": [
        {
          "schema_version": 0,
          "attributes": {
            "cache_key_parameters": [],
            "cache_namespace": "5e912m",
            "connection_id": "",
            "connection_type": "INTERNET",
            "content_handling": "CONVERT_TO_TEXT",
            "credentials": "",
            "http_method": "OPTIONS",
            "id": "agi-h4ihpoaqo3-5e912m-OPTIONS",
            "integration_http_method": "",
            "passthrough_behavior": "WHEN_NO_MATCH",
            "request_parameters": {},
            "request_templates": {
              "application/json": "{ \"statusCode\": 200 }"
            },
            "resource_id": "5e912m",
            "rest_api_id": "h4ihpoaqo3",
            "timeout_milliseconds": 29000,
            "tls_config": [],
            "type": "MOCK",
            "uri": ""
          },
          "sensitive_attributes": [],
          "private": "bnVsbA==",
          "dependencies": [
            "aws_api_gateway_resource.mylearn_rest_chat",
            "aws_api_gateway_rest_api.mylearn",
            "module.cors5.aws_api_gateway_method._"
          ]
        }
      ]
    },
    {
      "module": "module.cors5",
      "mode": "managed",
      "type": "aws_api_gateway_integration_response",
      "name": "_",
      "provider": "provider[\"registry.terraform.io/hashicorp/aws\"]",
      "instances": [
        {
          "schema_version": 0,
          "attributes": {
            "content_handling": "",
            "http_method": "OPTIONS",
            "id": "agir-h4ihpoaqo3-5e912m-OPTIONS-200",
            "resource_id": "5e912m",
            "response_parameters": {
              "method.response.header.Access-Control-Allow-Headers": "'Authorization,Content-Type,X-Amz-Date,X-Amz-Security-Token,X-Api-Key'",
              "method.response.header.Access-Control-Allow-Methods": "'OPTIONS,HEAD,GET,POST,PUT,PATCH,DELETE'",
              "method.response.header.Access-Control-Allow-Origin": "'*'",
              "method.response.header.Access-Control-Max-Age": "'7200'"
            },
            "response_templates": {},
            "rest_api_id": "h4ihpoaqo3",
            "selection_pattern": "",
            "status_code": "200"
          },
          "sensitive_attributes": [],
          "private": "bnVsbA==",
          "dependencies": [
            "aws_api_gateway_resource.mylearn_rest_chat",
            "aws_api_gateway_rest_api.mylearn",
            "module.cors5.aws_api_gateway_integration._",
            "module.cors5.aws_api_gateway_method._",
            "module.cors5.aws_api_gateway_method_response._"
          ]
        }
      ]
    },
    {
      "module": "module.cors5",
      "mode": "managed",
      "type": "aws_api_gateway_method",
      "name": "_",
      "provider": "provider[\"registry.terraform.io/hashicorp/aws\"]",
      "instances": [
        {
          "schema_version": 0,
          "attributes": {
            "api_key_required": false,
            "authorization": "NONE",
            "authorization_scopes": [],
            "authorizer_id": "",
            "http_method": "OPTIONS",
            "id": "agm-h4ihpoaqo3-5e912m-OPTIONS",
            "operation_name": "",
            "request_models": {},
            "request_parameters": {},
            "request_validator_id": "",
            "resource_id": "5e912m",
            "rest_api_id": "h4ihpoaqo3"
          },
          "sensitive_attributes": [],
          "private": "bnVsbA==",
          "dependencies": [
            "aws_api_gateway_resource.mylearn_rest_chat",
            "aws_api_gateway_rest_api.mylearn"
          ]
        }
      ]
    },
    {
      "module": "module.cors5",
      "mode": "managed",
      "type": "aws_api_gateway_method_response",
      "name": "_",
      "provider": "provider[\"registry.terraform.io/hashicorp/aws\"]",
      "instances": [
        {
          "schema_version": 0,
          "attributes": {
            "http_method": "OPTIONS",
            "id": "agmr-h4ihpoaqo3-5e912m-OPTIONS-200",
            "resource_id": "5e912m",
            "response_models": {
              "application/json": "Empty"
            },
            "response_parameters": {
              "method.response.header.Access-Control-Allow-Headers": true,
              "method.response.header.Access-Control-Allow-Methods": true,
              "method.response.header.Access-Control-Allow-Origin": true,
              "method.response.header.Access-Control-Max-Age": true
            },
            "rest_api_id": "h4ihpoaqo3",
            "status_code": "200"
          },
          "sensitive_attributes": [],
          "private": "bnVsbA==",
          "dependencies": [
            "aws_api_gateway_resource.mylearn_rest_chat",
            "aws_api_gateway_rest_api.mylearn",
            "module.cors5.aws_api_gateway_method._"
          ]
        }
      ]
    },
    {
      "module": "module.cors6",
      "mode": "managed",
      "type": "aws_api_gateway_integration",
      "name": "_",
      "provider": "provider[\"registry.terraform.io/hashicorp/aws\"]",
      "instances": [
        {
          "schema_version": 0,
          "attributes": {
            "cache_key_parameters": [],
            "cache_namespace": "f39n69",
            "connection_id": "",
            "connection_type": "INTERNET",
            "content_handling": "CONVERT_TO_TEXT",
            "credentials": "",
            "http_method": "OPTIONS",
            "id": "agi-h4ihpoaqo3-f39n69-OPTIONS",
            "integration_http_method": "",
            "passthrough_behavior": "WHEN_NO_MATCH",
            "request_parameters": {},
            "request_templates": {
              "application/json": "{ \"statusCode\": 200 }"
            },
            "resource_id": "f39n69",
            "rest_api_id": "h4ihpoaqo3",
            "timeout_milliseconds": 29000,
            "tls_config": [],
            "type": "MOCK",
            "uri": ""
          },
          "sensitive_attributes": [],
          "private": "bnVsbA==",
          "dependencies": [
            "aws_api_gateway_resource.mylearn_classes",
            "aws_api_gateway_rest_api.mylearn",
            "module.cors6.aws_api_gateway_method._"
          ]
        }
      ]
    },
    {
      "module": "module.cors6",
      "mode": "managed",
      "type": "aws_api_gateway_integration_response",
      "name": "_",
      "provider": "provider[\"registry.terraform.io/hashicorp/aws\"]",
      "instances": [
        {
          "schema_version": 0,
          "attributes": {
            "content_handling": "",
            "http_method": "OPTIONS",
            "id": "agir-h4ihpoaqo3-f39n69-OPTIONS-200",
            "resource_id": "f39n69",
            "response_parameters": {
              "method.response.header.Access-Control-Allow-Headers": "'Authorization,Content-Type,X-Amz-Date,X-Amz-Security-Token,X-Api-Key'",
              "method.response.header.Access-Control-Allow-Methods": "'OPTIONS,HEAD,GET,POST,PUT,PATCH,DELETE'",
              "method.response.header.Access-Control-Allow-Origin": "'*'",
              "method.response.header.Access-Control-Max-Age": "'7200'"
            },
            "response_templates": {},
            "rest_api_id": "h4ihpoaqo3",
            "selection_pattern": "",
            "status_code": "200"
          },
          "sensitive_attributes": [],
          "private": "bnVsbA==",
          "dependencies": [
            "aws_api_gateway_resource.mylearn_classes",
            "aws_api_gateway_rest_api.mylearn",
            "module.cors6.aws_api_gateway_integration._",
            "module.cors6.aws_api_gateway_method._",
            "module.cors6.aws_api_gateway_method_response._"
          ]
        }
      ]
    },
    {
      "module": "module.cors6",
      "mode": "managed",
      "type": "aws_api_gateway_method",
      "name": "_",
      "provider": "provider[\"registry.terraform.io/hashicorp/aws\"]",
      "instances": [
        {
          "schema_version": 0,
          "attributes": {
            "api_key_required": false,
            "authorization": "NONE",
            "authorization_scopes": [],
            "authorizer_id": "",
            "http_method": "OPTIONS",
            "id": "agm-h4ihpoaqo3-f39n69-OPTIONS",
            "operation_name": "",
            "request_models": {},
            "request_parameters": {},
            "request_validator_id": "",
            "resource_id": "f39n69",
            "rest_api_id": "h4ihpoaqo3"
          },
          "sensitive_attributes": [],
          "private": "bnVsbA==",
          "dependencies": [
            "aws_api_gateway_resource.mylearn_classes",
            "aws_api_gateway_rest_api.mylearn"
          ]
        }
      ]
    },
    {
      "module": "module.cors6",
      "mode": "managed",
      "type": "aws_api_gateway_method_response",
      "name": "_",
      "provider": "provider[\"registry.terraform.io/hashicorp/aws\"]",
      "instances": [
        {
          "schema_version": 0,
          "attributes": {
            "http_method": "OPTIONS",
            "id": "agmr-h4ihpoaqo3-f39n69-OPTIONS-200",
            "resource_id": "f39n69",
            "response_models": {
              "application/json": "Empty"
            },
            "response_parameters": {
              "method.response.header.Access-Control-Allow-Headers": true,
              "method.response.header.Access-Control-Allow-Methods": true,
              "method.response.header.Access-Control-Allow-Origin": true,
              "method.response.header.Access-Control-Max-Age": true
            },
            "rest_api_id": "h4ihpoaqo3",
            "status_code": "200"
          },
          "sensitive_attributes": [],
          "private": "bnVsbA==",
          "dependencies": [
            "aws_api_gateway_resource.mylearn_classes",
            "aws_api_gateway_rest_api.mylearn",
            "module.cors6.aws_api_gateway_method._"
          ]
        }
      ]
    },
    {
      "module": "module.cors7",
      "mode": "managed",
      "type": "aws_api_gateway_integration",
      "name": "_",
      "provider": "provider[\"registry.terraform.io/hashicorp/aws\"]",
      "instances": [
        {
          "schema_version": 0,
          "attributes": {
            "cache_key_parameters": [],
            "cache_namespace": "eojb4o",
            "connection_id": "",
            "connection_type": "INTERNET",
            "content_handling": "CONVERT_TO_TEXT",
            "credentials": "",
            "http_method": "OPTIONS",
            "id": "agi-h4ihpoaqo3-eojb4o-OPTIONS",
            "integration_http_method": "",
            "passthrough_behavior": "WHEN_NO_MATCH",
            "request_parameters": {},
            "request_templates": {
              "application/json": "{ \"statusCode\": 200 }"
            },
            "resource_id": "eojb4o",
            "rest_api_id": "h4ihpoaqo3",
            "timeout_milliseconds": 29000,
            "tls_config": [],
            "type": "MOCK",
            "uri": ""
          },
          "sensitive_attributes": [],
          "private": "bnVsbA==",
          "dependencies": [
            "aws_api_gateway_resource.mylearn_class_users",
            "aws_api_gateway_rest_api.mylearn",
            "module.cors7.aws_api_gateway_method._"
          ]
        }
      ]
    },
    {
      "module": "module.cors7",
      "mode": "managed",
      "type": "aws_api_gateway_integration_response",
      "name": "_",
      "provider": "provider[\"registry.terraform.io/hashicorp/aws\"]",
      "instances": [
        {
          "schema_version": 0,
          "attributes": {
            "content_handling": "",
            "http_method": "OPTIONS",
            "id": "agir-h4ihpoaqo3-eojb4o-OPTIONS-200",
            "resource_id": "eojb4o",
            "response_parameters": {
              "method.response.header.Access-Control-Allow-Headers": "'Authorization,Content-Type,X-Amz-Date,X-Amz-Security-Token,X-Api-Key'",
              "method.response.header.Access-Control-Allow-Methods": "'OPTIONS,HEAD,GET,POST,PUT,PATCH,DELETE'",
              "method.response.header.Access-Control-Allow-Origin": "'*'",
              "method.response.header.Access-Control-Max-Age": "'7200'"
            },
            "response_templates": {},
            "rest_api_id": "h4ihpoaqo3",
            "selection_pattern": "",
            "status_code": "200"
          },
          "sensitive_attributes": [],
          "private": "bnVsbA==",
          "dependencies": [
            "aws_api_gateway_resource.mylearn_class_users",
            "aws_api_gateway_rest_api.mylearn",
            "module.cors7.aws_api_gateway_integration._",
            "module.cors7.aws_api_gateway_method._",
            "module.cors7.aws_api_gateway_method_response._"
          ]
        }
      ]
    },
    {
      "module": "module.cors7",
      "mode": "managed",
      "type": "aws_api_gateway_method",
      "name": "_",
      "provider": "provider[\"registry.terraform.io/hashicorp/aws\"]",
      "instances": [
        {
          "schema_version": 0,
          "attributes": {
            "api_key_required": false,
            "authorization": "NONE",
            "authorization_scopes": [],
            "authorizer_id": "",
            "http_method": "OPTIONS",
            "id": "agm-h4ihpoaqo3-eojb4o-OPTIONS",
            "operation_name": "",
            "request_models": {},
            "request_parameters": {},
            "request_validator_id": "",
            "resource_id": "eojb4o",
            "rest_api_id": "h4ihpoaqo3"
          },
          "sensitive_attributes": [],
          "private": "bnVsbA==",
          "dependencies": [
            "aws_api_gateway_resource.mylearn_class_users",
            "aws_api_gateway_rest_api.mylearn"
          ]
        }
      ]
    },
    {
      "module": "module.cors7",
      "mode": "managed",
      "type": "aws_api_gateway_method_response",
      "name": "_",
      "provider": "provider[\"registry.terraform.io/hashicorp/aws\"]",
      "instances": [
        {
          "schema_version": 0,
          "attributes": {
            "http_method": "OPTIONS",
            "id": "agmr-h4ihpoaqo3-eojb4o-OPTIONS-200",
            "resource_id": "eojb4o",
            "response_models": {
              "application/json": "Empty"
            },
            "response_parameters": {
              "method.response.header.Access-Control-Allow-Headers": true,
              "method.response.header.Access-Control-Allow-Methods": true,
              "method.response.header.Access-Control-Allow-Origin": true,
              "method.response.header.Access-Control-Max-Age": true
            },
            "rest_api_id": "h4ihpoaqo3",
            "status_code": "200"
          },
          "sensitive_attributes": [],
          "private": "bnVsbA==",
          "dependencies": [
            "aws_api_gateway_resource.mylearn_class_users",
            "aws_api_gateway_rest_api.mylearn",
            "module.cors7.aws_api_gateway_method._"
          ]
        }
      ]
    },
    {
      "module": "module.cors8",
      "mode": "managed",
      "type": "aws_api_gateway_integration",
      "name": "_",
      "provider": "provider[\"registry.terraform.io/hashicorp/aws\"]",
      "instances": [
        {
          "schema_version": 0,
          "attributes": {
            "cache_key_parameters": [],
            "cache_namespace": "3owtn9",
            "connection_id": "",
            "connection_type": "INTERNET",
            "content_handling": "CONVERT_TO_TEXT",
            "credentials": "",
            "http_method": "OPTIONS",
            "id": "agi-h4ihpoaqo3-3owtn9-OPTIONS",
            "integration_http_method": "",
            "passthrough_behavior": "WHEN_NO_MATCH",
            "request_parameters": {},
            "request_templates": {
              "application/json": "{ \"statusCode\": 200 }"
            },
            "resource_id": "3owtn9",
            "rest_api_id": "h4ihpoaqo3",
            "timeout_milliseconds": 29000,
            "tls_config": [],
            "type": "MOCK",
            "uri": ""
          },
          "sensitive_attributes": [],
          "private": "bnVsbA==",
          "dependencies": [
            "aws_api_gateway_resource.mylearn_me",
            "aws_api_gateway_rest_api.mylearn",
            "module.cors8.aws_api_gateway_method._"
          ]
        }
      ]
    },
    {
      "module": "module.cors8",
      "mode": "managed",
      "type": "aws_api_gateway_integration_response",
      "name": "_",
      "provider": "provider[\"registry.terraform.io/hashicorp/aws\"]",
      "instances": [
        {
          "schema_version": 0,
          "attributes": {
            "content_handling": "",
            "http_method": "OPTIONS",
            "id": "agir-h4ihpoaqo3-3owtn9-OPTIONS-200",
            "resource_id": "3owtn9",
            "response_parameters": {
              "method.response.header.Access-Control-Allow-Headers": "'Authorization,Content-Type,X-Amz-Date,X-Amz-Security-Token,X-Api-Key'",
              "method.response.header.Access-Control-Allow-Methods": "'OPTIONS,HEAD,GET,POST,PUT,PATCH,DELETE'",
              "method.response.header.Access-Control-Allow-Origin": "'*'",
              "method.response.header.Access-Control-Max-Age": "'7200'"
            },
            "response_templates": {},
            "rest_api_id": "h4ihpoaqo3",
            "selection_pattern": "",
            "status_code": "200"
          },
          "sensitive_attributes": [],
          "private": "bnVsbA==",
          "dependencies": [
            "aws_api_gateway_resource.mylearn_me",
            "aws_api_gateway_rest_api.mylearn",
            "module.cors8.aws_api_gateway_integration._",
            "module.cors8.aws_api_gateway_method._",
            "module.cors8.aws_api_gateway_method_response._"
          ]
        }
      ]
    },
    {
      "module": "module.cors8",
      "mode": "managed",
      "type": "aws_api_gateway_method",
      "name": "_",
      "provider": "provider[\"registry.terraform.io/hashicorp/aws\"]",
      "instances": [
        {
          "schema_version": 0,
          "attributes": {
            "api_key_required": false,
            "authorization": "NONE",
            "authorization_scopes": [],
            "authorizer_id": "",
            "http_method": "OPTIONS",
            "id": "agm-h4ihpoaqo3-3owtn9-OPTIONS",
            "operation_name": "",
            "request_models": {},
            "request_parameters": {},
            "request_validator_id": "",
            "resource_id": "3owtn9",
            "rest_api_id": "h4ihpoaqo3"
          },
          "sensitive_attributes": [],
          "private": "bnVsbA==",
          "dependencies": [
            "aws_api_gateway_resource.mylearn_me",
            "aws_api_gateway_rest_api.mylearn"
          ]
        }
      ]
    },
    {
      "module": "module.cors8",
      "mode": "managed",
      "type": "aws_api_gateway_method_response",
      "name": "_",
      "provider": "provider[\"registry.terraform.io/hashicorp/aws\"]",
      "instances": [
        {
          "schema_version": 0,
          "attributes": {
            "http_method": "OPTIONS",
            "id": "agmr-h4ihpoaqo3-3owtn9-OPTIONS-200",
            "resource_id": "3owtn9",
            "response_models": {
              "application/json": "Empty"
            },
            "response_parameters": {
              "method.response.header.Access-Control-Allow-Headers": true,
              "method.response.header.Access-Control-Allow-Methods": true,
              "method.response.header.Access-Control-Allow-Origin": true,
              "method.response.header.Access-Control-Max-Age": true
            },
            "rest_api_id": "h4ihpoaqo3",
            "status_code": "200"
          },
          "sensitive_attributes": [],
          "private": "bnVsbA==",
          "dependencies": [
            "aws_api_gateway_resource.mylearn_me",
            "aws_api_gateway_rest_api.mylearn",
            "module.cors8.aws_api_gateway_method._"
          ]
        }
      ]
    },
    {
      "module": "module.cors9",
      "mode": "managed",
      "type": "aws_api_gateway_integration",
      "name": "_",
      "provider": "provider[\"registry.terraform.io/hashicorp/aws\"]",
      "instances": [
        {
          "schema_version": 0,
          "attributes": {
            "cache_key_parameters": [],
            "cache_namespace": "04yf9z",
            "connection_id": "",
            "connection_type": "INTERNET",
            "content_handling": "CONVERT_TO_TEXT",
            "credentials": "",
            "http_method": "OPTIONS",
            "id": "agi-h4ihpoaqo3-04yf9z-OPTIONS",
            "integration_http_method": "",
            "passthrough_behavior": "WHEN_NO_MATCH",
            "request_parameters": {},
            "request_templates": {
              "application/json": "{ \"statusCode\": 200 }"
            },
            "resource_id": "04yf9z",
            "rest_api_id": "h4ihpoaqo3",
            "timeout_milliseconds": 29000,
            "tls_config": [],
            "type": "MOCK",
            "uri": ""
          },
          "sensitive_attributes": [],
          "private": "bnVsbA==",
          "dependencies": [
            "aws_api_gateway_resource.mylearn_rest_lessons",
            "aws_api_gateway_rest_api.mylearn",
            "module.cors9.aws_api_gateway_method._"
          ]
        }
      ]
    },
    {
      "module": "module.cors9",
      "mode": "managed",
      "type": "aws_api_gateway_integration_response",
      "name": "_",
      "provider": "provider[\"registry.terraform.io/hashicorp/aws\"]",
      "instances": [
        {
          "schema_version": 0,
          "attributes": {
            "content_handling": "",
            "http_method": "OPTIONS",
            "id": "agir-h4ihpoaqo3-04yf9z-OPTIONS-200",
            "resource_id": "04yf9z",
            "response_parameters": {
              "method.response.header.Access-Control-Allow-Headers": "'Authorization,Content-Type,X-Amz-Date,X-Amz-Security-Token,X-Api-Key'",
              "method.response.header.Access-Control-Allow-Methods": "'OPTIONS,HEAD,GET,POST,PUT,PATCH,DELETE'",
              "method.response.header.Access-Control-Allow-Origin": "'*'",
              "method.response.header.Access-Control-Max-Age": "'7200'"
            },
            "response_templates": {},
            "rest_api_id": "h4ihpoaqo3",
            "selection_pattern": "",
            "status_code": "200"
          },
          "sensitive_attributes": [],
          "private": "bnVsbA==",
          "dependencies": [
            "aws_api_gateway_resource.mylearn_rest_lessons",
            "aws_api_gateway_rest_api.mylearn",
            "module.cors9.aws_api_gateway_integration._",
            "module.cors9.aws_api_gateway_method._",
            "module.cors9.aws_api_gateway_method_response._"
          ]
        }
      ]
    },
    {
      "module": "module.cors9",
      "mode": "managed",
      "type": "aws_api_gateway_method",
      "name": "_",
      "provider": "provider[\"registry.terraform.io/hashicorp/aws\"]",
      "instances": [
        {
          "schema_version": 0,
          "attributes": {
            "api_key_required": false,
            "authorization": "NONE",
            "authorization_scopes": [],
            "authorizer_id": "",
            "http_method": "OPTIONS",
            "id": "agm-h4ihpoaqo3-04yf9z-OPTIONS",
            "operation_name": "",
            "request_models": {},
            "request_parameters": {},
            "request_validator_id": "",
            "resource_id": "04yf9z",
            "rest_api_id": "h4ihpoaqo3"
          },
          "sensitive_attributes": [],
          "private": "bnVsbA==",
          "dependencies": [
            "aws_api_gateway_resource.mylearn_rest_lessons",
            "aws_api_gateway_rest_api.mylearn"
          ]
        }
      ]
    },
    {
      "module": "module.cors9",
      "mode": "managed",
      "type": "aws_api_gateway_method_response",
      "name": "_",
      "provider": "provider[\"registry.terraform.io/hashicorp/aws\"]",
      "instances": [
        {
          "schema_version": 0,
          "attributes": {
            "http_method": "OPTIONS",
            "id": "agmr-h4ihpoaqo3-04yf9z-OPTIONS-200",
            "resource_id": "04yf9z",
            "response_models": {
              "application/json": "Empty"
            },
            "response_parameters": {
              "method.response.header.Access-Control-Allow-Headers": true,
              "method.response.header.Access-Control-Allow-Methods": true,
              "method.response.header.Access-Control-Allow-Origin": true,
              "method.response.header.Access-Control-Max-Age": true
            },
            "rest_api_id": "h4ihpoaqo3",
            "status_code": "200"
          },
          "sensitive_attributes": [],
          "private": "bnVsbA==",
          "dependencies": [
            "aws_api_gateway_resource.mylearn_rest_lessons",
            "aws_api_gateway_rest_api.mylearn",
            "module.cors9.aws_api_gateway_method._"
          ]
        }
      ]
    },
    {
      "module": "module.cors_s3_1",
      "mode": "managed",
      "type": "aws_api_gateway_integration",
      "name": "_",
      "provider": "provider[\"registry.terraform.io/hashicorp/aws\"]",
      "instances": [
        {
          "schema_version": 0,
          "attributes": {
            "cache_key_parameters": [],
            "cache_namespace": "r1fome",
            "connection_id": "",
            "connection_type": "INTERNET",
            "content_handling": "CONVERT_TO_TEXT",
            "credentials": "",
            "http_method": "OPTIONS",
            "id": "agi-byvz4zztf3-r1fome-OPTIONS",
            "integration_http_method": "",
            "passthrough_behavior": "WHEN_NO_MATCH",
            "request_parameters": {},
            "request_templates": {
              "application/json": "{ \"statusCode\": 200 }"
            },
            "resource_id": "r1fome",
            "rest_api_id": "byvz4zztf3",
            "timeout_milliseconds": 29000,
            "tls_config": [],
            "type": "MOCK",
            "uri": ""
          },
          "sensitive_attributes": [],
          "private": "bnVsbA==",
          "dependencies": [
            "aws_api_gateway_rest_api.mylearn_s3",
            "aws_iam_role.s3_content_gateway",
            "data.aws_api_gateway_resource.s3",
            "module.cors_s3_1.aws_api_gateway_method._"
          ]
        }
      ]
    },
    {
      "module": "module.cors_s3_1",
      "mode": "managed",
      "type": "aws_api_gateway_integration_response",
      "name": "_",
      "provider": "provider[\"registry.terraform.io/hashicorp/aws\"]",
      "instances": [
        {
          "schema_version": 0,
          "attributes": {
            "content_handling": "",
            "http_method": "OPTIONS",
            "id": "agir-byvz4zztf3-r1fome-OPTIONS-200",
            "resource_id": "r1fome",
            "response_parameters": {
              "method.response.header.Access-Control-Allow-Headers": "'Authorization,Content-Type,X-Amz-Date,X-Amz-Security-Token,X-Api-Key'",
              "method.response.header.Access-Control-Allow-Methods": "'OPTIONS,HEAD,GET,POST,PUT,PATCH,DELETE'",
              "method.response.header.Access-Control-Allow-Origin": "'*'",
              "method.response.header.Access-Control-Max-Age": "'7200'"
            },
            "response_templates": {},
            "rest_api_id": "byvz4zztf3",
            "selection_pattern": "",
            "status_code": "200"
          },
          "sensitive_attributes": [],
          "private": "bnVsbA==",
          "dependencies": [
            "aws_api_gateway_rest_api.mylearn_s3",
            "aws_iam_role.s3_content_gateway",
            "data.aws_api_gateway_resource.s3",
            "module.cors_s3_1.aws_api_gateway_integration._",
            "module.cors_s3_1.aws_api_gateway_method._",
            "module.cors_s3_1.aws_api_gateway_method_response._"
          ]
        }
      ]
    },
    {
      "module": "module.cors_s3_1",
      "mode": "managed",
      "type": "aws_api_gateway_method",
      "name": "_",
      "provider": "provider[\"registry.terraform.io/hashicorp/aws\"]",
      "instances": [
        {
          "schema_version": 0,
          "attributes": {
            "api_key_required": false,
            "authorization": "NONE",
            "authorization_scopes": [],
            "authorizer_id": "",
            "http_method": "OPTIONS",
            "id": "agm-byvz4zztf3-r1fome-OPTIONS",
            "operation_name": "",
            "request_models": {},
            "request_parameters": {},
            "request_validator_id": "",
            "resource_id": "r1fome",
            "rest_api_id": "byvz4zztf3"
          },
          "sensitive_attributes": [],
          "private": "bnVsbA==",
          "dependencies": [
            "aws_api_gateway_rest_api.mylearn_s3",
            "aws_iam_role.s3_content_gateway",
            "data.aws_api_gateway_resource.s3"
          ]
        }
      ]
    },
    {
      "module": "module.cors_s3_1",
      "mode": "managed",
      "type": "aws_api_gateway_method_response",
      "name": "_",
      "provider": "provider[\"registry.terraform.io/hashicorp/aws\"]",
      "instances": [
        {
          "schema_version": 0,
          "attributes": {
            "http_method": "OPTIONS",
            "id": "agmr-byvz4zztf3-r1fome-OPTIONS-200",
            "resource_id": "r1fome",
            "response_models": {
              "application/json": "Empty"
            },
            "response_parameters": {
              "method.response.header.Access-Control-Allow-Headers": true,
              "method.response.header.Access-Control-Allow-Methods": true,
              "method.response.header.Access-Control-Allow-Origin": true,
              "method.response.header.Access-Control-Max-Age": true
            },
            "rest_api_id": "byvz4zztf3",
            "status_code": "200"
          },
          "sensitive_attributes": [],
          "private": "bnVsbA==",
          "dependencies": [
            "aws_api_gateway_rest_api.mylearn_s3",
            "aws_iam_role.s3_content_gateway",
            "data.aws_api_gateway_resource.s3",
            "module.cors_s3_1.aws_api_gateway_method._"
          ]
        }
      ]
    }
  ]
}
