{
  "version": 4,
  "terraform_version": "1.2.3",
  "serial": 4488,
  "lineage": "6c7a8802-2499-e29b-b4ad-96aabae5e326",
  "outputs": {
    "cloudfront_url": {
      "value": "d2bspd84n816nz.cloudfront.net",
      "type": "string"
    },
    "rest_api_url": {
      "value": "https://ui1cz1mvmi.execute-api.eu-central-1.amazonaws.com/test",
      "type": "string"
    },
    "s3_api_url": {
      "value": "https://0npdqx4v13.execute-api.eu-central-1.amazonaws.com/",
      "type": "string"
    },
    "websocket_chat_api_url": {
      "value": "wss://t1z14v2l88.execute-api.eu-central-1.amazonaws.com/test",
      "type": "string"
    },
    "websocket_lesson_api_url": {
      "value": "wss://trm0lf808k.execute-api.eu-central-1.amazonaws.com/test",
      "type": "string"
    }
  },
  "resources": [
    {
      "mode": "data",
      "type": "aws_api_gateway_resource",
      "name": "s3",
      "provider": "provider[\"registry.terraform.io/hashicorp/aws\"]",
      "instances": [
        {
          "schema_version": 0,
          "attributes": {
            "id": "iqjbbz",
            "parent_id": "gsr90s1dgi",
            "path": "/s3",
            "path_part": "s3",
            "rest_api_id": "0npdqx4v13"
          },
          "sensitive_attributes": []
        }
      ]
    },
    {
      "mode": "data",
      "type": "aws_availability_zones",
      "name": "availability_zones",
      "provider": "provider[\"registry.terraform.io/hashicorp/aws\"]",
      "instances": [
        {
          "schema_version": 0,
          "attributes": {
            "all_availability_zones": null,
            "exclude_names": null,
            "exclude_zone_ids": null,
            "filter": null,
            "group_names": [
              "eu-central-1"
            ],
            "id": "eu-central-1",
            "names": [
              "eu-central-1a",
              "eu-central-1b",
              "eu-central-1c"
            ],
            "state": "available",
            "zone_ids": [
              "euc1-az2",
              "euc1-az3",
              "euc1-az1"
            ]
          },
          "sensitive_attributes": []
        }
      ]
    },
    {
      "mode": "data",
      "type": "aws_caller_identity",
      "name": "account",
      "provider": "provider[\"registry.terraform.io/hashicorp/aws\"]",
      "instances": [
        {
          "schema_version": 0,
          "attributes": {
            "account_id": "949052962425",
            "arn": "arn:aws:iam::949052962425:user/marek",
            "id": "949052962425",
            "user_id": "AIDA5Z57W6Z42J5O72YGT"
          },
          "sensitive_attributes": []
        }
      ]
    },
    {
      "mode": "data",
      "type": "aws_cloudfront_cache_policy",
      "name": "caching_disabled",
      "provider": "provider[\"registry.terraform.io/hashicorp/aws\"]",
      "instances": [
        {
          "schema_version": 0,
          "attributes": {
            "comment": "Policy with caching disabled",
            "default_ttl": 0,
            "etag": "E23ZP02F085DFQ",
            "id": "4135ea2d-6df8-44a3-9df3-4b5a84be39ad",
            "max_ttl": 0,
            "min_ttl": 0,
            "name": "Managed-CachingDisabled",
            "parameters_in_cache_key_and_forwarded_to_origin": [
              {
                "cookies_config": [
                  {
                    "cookie_behavior": "none",
                    "cookies": []
                  }
                ],
                "enable_accept_encoding_brotli": false,
                "enable_accept_encoding_gzip": false,
                "headers_config": [
                  {
                    "header_behavior": "none",
                    "headers": []
                  }
                ],
                "query_strings_config": [
                  {
                    "query_string_behavior": "none",
                    "query_strings": []
                  }
                ]
              }
            ]
          },
          "sensitive_attributes": []
        }
      ]
    },
    {
      "mode": "data",
      "type": "aws_iam_policy_document",
      "name": "main",
      "provider": "provider[\"registry.terraform.io/hashicorp/aws\"]",
      "instances": [
        {
          "schema_version": 0,
          "attributes": {
            "id": "1903849331",
            "json": "{\n  \"Version\": \"2012-10-17\",\n  \"Statement\": [\n    {\n      \"Sid\": \"\",\n      \"Effect\": \"Allow\",\n      \"Action\": \"sts:AssumeRole\",\n      \"Principal\": {\n        \"Service\": \"ec2.amazonaws.com\"\n      }\n    }\n  ]\n}",
            "override_json": null,
            "override_policy_documents": null,
            "policy_id": null,
            "source_json": null,
            "source_policy_documents": null,
            "statement": [
              {
                "actions": [
                  "sts:AssumeRole"
                ],
                "condition": [],
                "effect": "Allow",
                "not_actions": [],
                "not_principals": [],
                "not_resources": [],
                "principals": [
                  {
                    "identifiers": [
                      "ec2.amazonaws.com"
                    ],
                    "type": "Service"
                  }
                ],
                "resources": [],
                "sid": ""
              }
            ],
            "version": "2012-10-17"
          },
          "sensitive_attributes": []
        }
      ]
    },
    {
      "mode": "data",
      "type": "aws_subnet",
      "name": "default_subnet_list",
      "provider": "provider[\"registry.terraform.io/hashicorp/aws\"]",
      "instances": [
        {
          "index_key": 0,
          "schema_version": 0,
          "attributes": {
            "arn": "arn:aws:ec2:eu-central-1:949052962425:subnet/subnet-0246e6b2f51ee9dac",
            "assign_ipv6_address_on_creation": false,
            "availability_zone": "eu-central-1b",
            "availability_zone_id": "euc1-az3",
            "available_ip_address_count": 4090,
            "cidr_block": "172.31.32.0/20",
            "customer_owned_ipv4_pool": "",
            "default_for_az": true,
            "enable_dns64": false,
            "enable_resource_name_dns_a_record_on_launch": false,
            "enable_resource_name_dns_aaaa_record_on_launch": false,
            "filter": null,
            "id": "subnet-0246e6b2f51ee9dac",
            "ipv6_cidr_block": "",
            "ipv6_cidr_block_association_id": "",
            "ipv6_native": false,
            "map_customer_owned_ip_on_launch": false,
            "map_public_ip_on_launch": true,
            "outpost_arn": "",
            "owner_id": "949052962425",
            "private_dns_hostname_type_on_launch": "ip-name",
            "state": "available",
            "tags": {},
            "vpc_id": "vpc-02a2a5111b462f692"
          },
          "sensitive_attributes": []
        },
        {
          "index_key": 1,
          "schema_version": 0,
          "attributes": {
            "arn": "arn:aws:ec2:eu-central-1:949052962425:subnet/subnet-02f16073bcd522aed",
            "assign_ipv6_address_on_creation": false,
            "availability_zone": "eu-central-1a",
            "availability_zone_id": "euc1-az2",
            "available_ip_address_count": 4090,
            "cidr_block": "172.31.16.0/20",
            "customer_owned_ipv4_pool": "",
            "default_for_az": true,
            "enable_dns64": false,
            "enable_resource_name_dns_a_record_on_launch": false,
            "enable_resource_name_dns_aaaa_record_on_launch": false,
            "filter": null,
            "id": "subnet-02f16073bcd522aed",
            "ipv6_cidr_block": "",
            "ipv6_cidr_block_association_id": "",
            "ipv6_native": false,
            "map_customer_owned_ip_on_launch": false,
            "map_public_ip_on_launch": true,
            "outpost_arn": "",
            "owner_id": "949052962425",
            "private_dns_hostname_type_on_launch": "ip-name",
            "state": "available",
            "tags": {},
            "vpc_id": "vpc-02a2a5111b462f692"
          },
          "sensitive_attributes": []
        },
        {
          "index_key": 2,
          "schema_version": 0,
          "attributes": {
            "arn": "arn:aws:ec2:eu-central-1:949052962425:subnet/subnet-0856fd08e6a73b22d",
            "assign_ipv6_address_on_creation": false,
            "availability_zone": "eu-central-1c",
            "availability_zone_id": "euc1-az1",
            "available_ip_address_count": 4089,
            "cidr_block": "172.31.0.0/20",
            "customer_owned_ipv4_pool": "",
            "default_for_az": true,
            "enable_dns64": false,
            "enable_resource_name_dns_a_record_on_launch": false,
            "enable_resource_name_dns_aaaa_record_on_launch": false,
            "filter": null,
            "id": "subnet-0856fd08e6a73b22d",
            "ipv6_cidr_block": "",
            "ipv6_cidr_block_association_id": "",
            "ipv6_native": false,
            "map_customer_owned_ip_on_launch": false,
            "map_public_ip_on_launch": true,
            "outpost_arn": "",
            "owner_id": "949052962425",
            "private_dns_hostname_type_on_launch": "ip-name",
            "state": "available",
            "tags": {},
            "vpc_id": "vpc-02a2a5111b462f692"
          },
          "sensitive_attributes": []
        }
      ]
    },
    {
      "mode": "data",
      "type": "aws_subnet_ids",
      "name": "default_subnets_ids",
      "provider": "provider[\"registry.terraform.io/hashicorp/aws\"]",
      "instances": [
        {
          "schema_version": 0,
          "attributes": {
            "filter": null,
            "id": "vpc-02a2a5111b462f692",
            "ids": [
              "subnet-0246e6b2f51ee9dac",
              "subnet-02f16073bcd522aed",
              "subnet-0856fd08e6a73b22d"
            ],
            "tags": null,
            "vpc_id": "vpc-02a2a5111b462f692"
          },
          "sensitive_attributes": []
        }
      ]
    },
    {
      "mode": "data",
      "type": "aws_vpc",
      "name": "default",
      "provider": "provider[\"registry.terraform.io/hashicorp/aws\"]",
      "instances": [
        {
          "schema_version": 0,
          "attributes": {
            "arn": "arn:aws:ec2:eu-central-1:949052962425:vpc/vpc-02a2a5111b462f692",
            "cidr_block": "172.31.0.0/16",
            "cidr_block_associations": [
              {
                "association_id": "vpc-cidr-assoc-06bfd5ce6967eacb5",
                "cidr_block": "172.31.0.0/16",
                "state": "associated"
              }
            ],
            "default": true,
            "dhcp_options_id": "dopt-081e520082d4bd7dc",
            "enable_dns_hostnames": true,
            "enable_dns_support": true,
            "filter": null,
            "id": "vpc-02a2a5111b462f692",
            "instance_tenancy": "default",
            "ipv6_association_id": "",
            "ipv6_cidr_block": "",
            "main_route_table_id": "rtb-0b79f028e7d1b8b9f",
            "owner_id": "949052962425",
            "state": null,
            "tags": {}
          },
          "sensitive_attributes": []
        }
      ]
    },
    {
      "mode": "data",
      "type": "template_file",
      "name": "docker_run",
      "provider": "provider[\"registry.terraform.io/hashicorp/template\"]",
      "instances": [
        {
          "schema_version": 0,
          "attributes": {
            "filename": null,
            "id": "73bb42689a219aa2a73c0cff992962e688d85d8588d02f0947873b13eac76a7b",
            "rendered": "[{\r\n    \"essential\": true,\r\n    \"memory\": 512,\r\n    \"name\": \"worker\",\r\n    \"cpu\": 1,\r\n    \"image\": \"public.ecr.aws/z1l6b7h7/mylearn-public-ecr:latest\",\r\n    \"environment\": [],\r\n    \"interactive\": true,\r\n    \"portMappings\": [\r\n        {\r\n          \"hostPort\": 80,\r\n          \"protocol\": \"tcp\",\r\n          \"containerPort\": 8080\r\n        }\r\n      ],\r\n    \"environment\": [\r\n        {\r\n          \"name\": \"VUE_APP_BACKEND_RESP_API\",\r\n          \"value\": \"https://ui1cz1mvmi.execute-api.eu-central-1.amazonaws.com/test\"\r\n        },\r\n        {\r\n          \"name\": \"VUE_APP_WEBSOCKET_CHAT_API\",\r\n          \"value\": \"wss://t1z14v2l88.execute-api.eu-central-1.amazonaws.com/test\"\r\n        },\r\n        {\r\n          \"name\": \"VUE_APP_WEBSOCKET_LESSON_API\",\r\n          \"value\": \"wss://trm0lf808k.execute-api.eu-central-1.amazonaws.com/test\"\r\n        },\r\n        {\r\n          \"name\": \"VUE_APP_S3_API\",\r\n          \"value\": \"https://0npdqx4v13.execute-api.eu-central-1.amazonaws.com/\"\r\n        },\r\n        {\r\n          \"name\": \"VUE_APP_S3_BUCKET_NAME\",\r\n          \"value\": \"mylearn-materials-eu-central-1\"\r\n        }\r\n      ]\r\n}]\r\n",
            "template": "[{\r\n    \"essential\": true,\r\n    \"memory\": 512,\r\n    \"name\": \"worker\",\r\n    \"cpu\": 1,\r\n    \"image\": \"public.ecr.aws/z1l6b7h7/mylearn-public-ecr:latest\",\r\n    \"environment\": [],\r\n    \"interactive\": true,\r\n    \"portMappings\": [\r\n        {\r\n          \"hostPort\": 80,\r\n          \"protocol\": \"tcp\",\r\n          \"containerPort\": 8080\r\n        }\r\n      ],\r\n    \"environment\": [\r\n        {\r\n          \"name\": \"VUE_APP_BACKEND_RESP_API\",\r\n          \"value\": \"https://ui1cz1mvmi.execute-api.eu-central-1.amazonaws.com/test\"\r\n        },\r\n        {\r\n          \"name\": \"VUE_APP_WEBSOCKET_CHAT_API\",\r\n          \"value\": \"wss://t1z14v2l88.execute-api.eu-central-1.amazonaws.com/test\"\r\n        },\r\n        {\r\n          \"name\": \"VUE_APP_WEBSOCKET_LESSON_API\",\r\n          \"value\": \"wss://trm0lf808k.execute-api.eu-central-1.amazonaws.com/test\"\r\n        },\r\n        {\r\n          \"name\": \"VUE_APP_S3_API\",\r\n          \"value\": \"https://0npdqx4v13.execute-api.eu-central-1.amazonaws.com/\"\r\n        },\r\n        {\r\n          \"name\": \"VUE_APP_S3_BUCKET_NAME\",\r\n          \"value\": \"mylearn-materials-eu-central-1\"\r\n        }\r\n      ]\r\n}]\r\n",
            "vars": null
          },
          "sensitive_attributes": []
        }
      ]
    },
    {
      "mode": "managed",
      "type": "aws_api_gateway_authorizer",
      "name": "mylearn",
      "provider": "provider[\"registry.terraform.io/hashicorp/aws\"]",
      "instances": [
        {
          "schema_version": 0,
          "attributes": {
            "arn": "arn:aws:apigateway:eu-central-1::/restapis/ui1cz1mvmi/authorizers/1zhll9",
            "authorizer_credentials": "arn:aws:iam::949052962425:role/api_gateway_auth_invocation",
            "authorizer_result_ttl_in_seconds": 0,
            "authorizer_uri": "arn:aws:apigateway:eu-central-1:lambda:path/2015-03-31/functions/arn:aws:lambda:eu-central-1:949052962425:function:auth-lambda/invocations",
            "id": "1zhll9",
            "identity_source": "method.request.header.Authorization",
            "identity_validation_expression": "",
            "name": "mylearn-custom-lambda-authorizer",
            "provider_arns": [],
            "rest_api_id": "ui1cz1mvmi",
            "type": "TOKEN"
          },
          "sensitive_attributes": [],
          "private": "bnVsbA==",
          "dependencies": [
            "aws_api_gateway_rest_api.mylearn",
            "aws_cognito_user_pool.mylearn",
            "aws_dynamodb_table.cognito_users",
            "aws_iam_role.auth_lambda",
            "aws_iam_role.cognito_after_register",
            "aws_iam_role.mylearn_invocation_role",
            "aws_lambda_function.auth_lambda",
            "aws_lambda_function.cognito_after_register"
          ],
          "create_before_destroy": true
        }
      ]
    },
    {
      "mode": "managed",
      "type": "aws_api_gateway_deployment",
      "name": "mylearn",
      "provider": "provider[\"registry.terraform.io/hashicorp/aws\"]",
      "instances": [
        {
          "schema_version": 0,
          "attributes": {
            "created_date": "2022-09-09T17:46:20Z",
            "description": "",
            "execution_arn": "arn:aws:execute-api:eu-central-1:949052962425:ui1cz1mvmi/",
            "id": "09lhdy",
            "invoke_url": "https://ui1cz1mvmi.execute-api.eu-central-1.amazonaws.com/",
            "rest_api_id": "ui1cz1mvmi",
            "stage_description": null,
            "stage_name": null,
            "triggers": null,
            "variables": {
              "deployed_at": "2022-09-09T17:46:19Z"
            }
          },
          "sensitive_attributes": [],
          "private": "bnVsbA==",
          "dependencies": [
            "aws_api_gateway_integration.mylearn_class_users_delete",
            "aws_api_gateway_integration.mylearn_class_users_get",
            "aws_api_gateway_integration.mylearn_class_users_post",
            "aws_api_gateway_integration.mylearn_classes_delete",
            "aws_api_gateway_integration.mylearn_classes_get",
            "aws_api_gateway_integration.mylearn_classes_post",
            "aws_api_gateway_integration.mylearn_cognito_manage_groups_post",
            "aws_api_gateway_integration.mylearn_cognito_users_login_post",
            "aws_api_gateway_integration.mylearn_grades_get",
            "aws_api_gateway_integration.mylearn_grades_post",
            "aws_api_gateway_integration.mylearn_rest_chat_get",
            "aws_api_gateway_integration.mylearn_rest_lessons_delete",
            "aws_api_gateway_integration.mylearn_rest_lessons_get",
            "aws_api_gateway_integration.mylearn_rest_lessons_post",
            "aws_api_gateway_integration.mylearn_s3_files_get",
            "aws_api_gateway_integration.mylearn_s3_folders_get",
            "aws_api_gateway_integration.mylearn_tests_results_get",
            "aws_api_gateway_integration.mylearn_tests_results_post",
            "aws_api_gateway_integration.mylearn_tests_tests_delete",
            "aws_api_gateway_integration.mylearn_tests_tests_get",
            "aws_api_gateway_integration.mylearn_tests_tests_post",
            "aws_api_gateway_integration.mylearn_users_get",
            "aws_api_gateway_rest_api.mylearn"
          ],
          "create_before_destroy": true
        }
      ]
    },
    {
      "mode": "managed",
      "type": "aws_api_gateway_deployment",
      "name": "mylearn_s3",
      "provider": "provider[\"registry.terraform.io/hashicorp/aws\"]",
      "instances": [
        {
          "schema_version": 0,
          "attributes": {
            "created_date": "2022-09-07T16:42:17Z",
            "description": "",
            "execution_arn": "arn:aws:execute-api:eu-central-1:949052962425:0npdqx4v13/",
            "id": "o41ffh",
            "invoke_url": "https://0npdqx4v13.execute-api.eu-central-1.amazonaws.com/",
            "rest_api_id": "0npdqx4v13",
            "stage_description": null,
            "stage_name": null,
            "triggers": null,
            "variables": null
          },
          "sensitive_attributes": [],
          "private": "bnVsbA==",
          "dependencies": [
            "aws_api_gateway_rest_api.mylearn_s3",
            "aws_iam_role.s3_content_gateway",
            "data.aws_api_gateway_resource.s3"
          ],
          "create_before_destroy": true
        }
      ]
    },
    {
      "mode": "managed",
      "type": "aws_api_gateway_gateway_response",
      "name": "mylearn_authorizer",
      "provider": "provider[\"registry.terraform.io/hashicorp/aws\"]",
      "instances": [
        {
          "schema_version": 0,
          "attributes": {
            "id": "aggr-ui1cz1mvmi-DEFAULT_4XX",
            "response_parameters": {
              "gatewayresponse.header.Access-Control-Allow-Headers": "'Content-Type,X-Amz-Date,Authorization,X-Api-Key,X-Amz-Security-Token'",
              "gatewayresponse.header.Access-Control-Allow-Methods": "'GET,POST,OPTIONS'",
              "gatewayresponse.header.Access-Control-Allow-Origin": "'*'"
            },
            "response_templates": {
              "application/json": "{\"message\":$context.error.messageString}"
            },
            "response_type": "DEFAULT_4XX",
            "rest_api_id": "ui1cz1mvmi",
            "status_code": "401"
          },
          "sensitive_attributes": [],
          "private": "bnVsbA==",
          "dependencies": [
            "aws_api_gateway_rest_api.mylearn"
          ]
        }
      ]
    },
    {
      "mode": "managed",
      "type": "aws_api_gateway_integration",
      "name": "mylearn_class_users_delete",
      "provider": "provider[\"registry.terraform.io/hashicorp/aws\"]",
      "instances": [
        {
          "schema_version": 0,
          "attributes": {
            "cache_key_parameters": [],
            "cache_namespace": "4j54q5",
            "connection_id": "",
            "connection_type": "INTERNET",
            "content_handling": "",
            "credentials": "",
            "http_method": "DELETE",
            "id": "agi-ui1cz1mvmi-4j54q5-DELETE",
            "integration_http_method": "POST",
            "passthrough_behavior": "WHEN_NO_MATCH",
            "request_parameters": {},
            "request_templates": {},
            "resource_id": "4j54q5",
            "rest_api_id": "ui1cz1mvmi",
            "timeout_milliseconds": 29000,
            "tls_config": [],
            "type": "AWS_PROXY",
            "uri": "arn:aws:apigateway:eu-central-1:lambda:path/2015-03-31/functions/arn:aws:lambda:eu-central-1:949052962425:function:user-lambda/invocations"
          },
          "sensitive_attributes": [],
          "private": "bnVsbA==",
          "dependencies": [
            "aws_api_gateway_authorizer.mylearn",
            "aws_api_gateway_method.mylearn_class_users_delete",
            "aws_api_gateway_resource.mylearn_class_users",
            "aws_api_gateway_rest_api.mylearn",
            "aws_cognito_user_pool.mylearn",
            "aws_cognito_user_pool_client.webapp",
            "aws_dynamodb_table.cognito_users",
            "aws_dynamodb_table.mylearn_classes",
            "aws_iam_role.auth_lambda",
            "aws_iam_role.cognito_after_register",
            "aws_iam_role.mylearn_invocation_role",
            "aws_iam_role.mylearn_users",
            "aws_lambda_function.auth_lambda",
            "aws_lambda_function.cognito_after_register",
            "aws_lambda_function.user_lambda"
          ],
          "create_before_destroy": true
        }
      ]
    },
    {
      "mode": "managed",
      "type": "aws_api_gateway_integration",
      "name": "mylearn_class_users_get",
      "provider": "provider[\"registry.terraform.io/hashicorp/aws\"]",
      "instances": [
        {
          "schema_version": 0,
          "attributes": {
            "cache_key_parameters": [],
            "cache_namespace": "4j54q5",
            "connection_id": "",
            "connection_type": "INTERNET",
            "content_handling": "",
            "credentials": "",
            "http_method": "GET",
            "id": "agi-ui1cz1mvmi-4j54q5-GET",
            "integration_http_method": "POST",
            "passthrough_behavior": "WHEN_NO_MATCH",
            "request_parameters": {},
            "request_templates": {},
            "resource_id": "4j54q5",
            "rest_api_id": "ui1cz1mvmi",
            "timeout_milliseconds": 29000,
            "tls_config": [],
            "type": "AWS_PROXY",
            "uri": "arn:aws:apigateway:eu-central-1:lambda:path/2015-03-31/functions/arn:aws:lambda:eu-central-1:949052962425:function:user-lambda/invocations"
          },
          "sensitive_attributes": [],
          "private": "bnVsbA==",
          "dependencies": [
            "aws_api_gateway_authorizer.mylearn",
            "aws_api_gateway_method.mylearn_class_users_get",
            "aws_api_gateway_resource.mylearn_class_users",
            "aws_api_gateway_rest_api.mylearn",
            "aws_cognito_user_pool.mylearn",
            "aws_cognito_user_pool_client.webapp",
            "aws_dynamodb_table.cognito_users",
            "aws_dynamodb_table.mylearn_classes",
            "aws_iam_role.auth_lambda",
            "aws_iam_role.cognito_after_register",
            "aws_iam_role.mylearn_invocation_role",
            "aws_iam_role.mylearn_users",
            "aws_lambda_function.auth_lambda",
            "aws_lambda_function.cognito_after_register",
            "aws_lambda_function.user_lambda"
          ],
          "create_before_destroy": true
        }
      ]
    },
    {
      "mode": "managed",
      "type": "aws_api_gateway_integration",
      "name": "mylearn_class_users_post",
      "provider": "provider[\"registry.terraform.io/hashicorp/aws\"]",
      "instances": [
        {
          "schema_version": 0,
          "attributes": {
            "cache_key_parameters": [],
            "cache_namespace": "4j54q5",
            "connection_id": "",
            "connection_type": "INTERNET",
            "content_handling": "",
            "credentials": "",
            "http_method": "POST",
            "id": "agi-ui1cz1mvmi-4j54q5-POST",
            "integration_http_method": "POST",
            "passthrough_behavior": "WHEN_NO_MATCH",
            "request_parameters": {},
            "request_templates": {},
            "resource_id": "4j54q5",
            "rest_api_id": "ui1cz1mvmi",
            "timeout_milliseconds": 29000,
            "tls_config": [],
            "type": "AWS_PROXY",
            "uri": "arn:aws:apigateway:eu-central-1:lambda:path/2015-03-31/functions/arn:aws:lambda:eu-central-1:949052962425:function:user-lambda/invocations"
          },
          "sensitive_attributes": [],
          "private": "bnVsbA==",
          "dependencies": [
            "aws_api_gateway_authorizer.mylearn",
            "aws_api_gateway_method.mylearn_class_users_post",
            "aws_api_gateway_resource.mylearn_class_users",
            "aws_api_gateway_rest_api.mylearn",
            "aws_cognito_user_pool.mylearn",
            "aws_cognito_user_pool_client.webapp",
            "aws_dynamodb_table.cognito_users",
            "aws_dynamodb_table.mylearn_classes",
            "aws_iam_role.auth_lambda",
            "aws_iam_role.cognito_after_register",
            "aws_iam_role.mylearn_invocation_role",
            "aws_iam_role.mylearn_users",
            "aws_lambda_function.auth_lambda",
            "aws_lambda_function.cognito_after_register",
            "aws_lambda_function.user_lambda"
          ],
          "create_before_destroy": true
        }
      ]
    },
    {
      "mode": "managed",
      "type": "aws_api_gateway_integration",
      "name": "mylearn_classes_delete",
      "provider": "provider[\"registry.terraform.io/hashicorp/aws\"]",
      "instances": [
        {
          "schema_version": 0,
          "attributes": {
            "cache_key_parameters": [],
            "cache_namespace": "uo0tfq",
            "connection_id": "",
            "connection_type": "INTERNET",
            "content_handling": "",
            "credentials": "",
            "http_method": "DELETE",
            "id": "agi-ui1cz1mvmi-uo0tfq-DELETE",
            "integration_http_method": "POST",
            "passthrough_behavior": "WHEN_NO_MATCH",
            "request_parameters": {},
            "request_templates": {},
            "resource_id": "uo0tfq",
            "rest_api_id": "ui1cz1mvmi",
            "timeout_milliseconds": 29000,
            "tls_config": [],
            "type": "AWS_PROXY",
            "uri": "arn:aws:apigateway:eu-central-1:lambda:path/2015-03-31/functions/arn:aws:lambda:eu-central-1:949052962425:function:user-lambda/invocations"
          },
          "sensitive_attributes": [],
          "private": "bnVsbA==",
          "dependencies": [
            "aws_api_gateway_authorizer.mylearn",
            "aws_api_gateway_method.mylearn_classes_delete",
            "aws_api_gateway_resource.mylearn_classes",
            "aws_api_gateway_rest_api.mylearn",
            "aws_cognito_user_pool.mylearn",
            "aws_cognito_user_pool_client.webapp",
            "aws_dynamodb_table.cognito_users",
            "aws_dynamodb_table.mylearn_classes",
            "aws_iam_role.auth_lambda",
            "aws_iam_role.cognito_after_register",
            "aws_iam_role.mylearn_invocation_role",
            "aws_iam_role.mylearn_users",
            "aws_lambda_function.auth_lambda",
            "aws_lambda_function.cognito_after_register",
            "aws_lambda_function.user_lambda"
          ],
          "create_before_destroy": true
        }
      ]
    },
    {
      "mode": "managed",
      "type": "aws_api_gateway_integration",
      "name": "mylearn_classes_get",
      "provider": "provider[\"registry.terraform.io/hashicorp/aws\"]",
      "instances": [
        {
          "schema_version": 0,
          "attributes": {
            "cache_key_parameters": [],
            "cache_namespace": "uo0tfq",
            "connection_id": "",
            "connection_type": "INTERNET",
            "content_handling": "",
            "credentials": "",
            "http_method": "GET",
            "id": "agi-ui1cz1mvmi-uo0tfq-GET",
            "integration_http_method": "POST",
            "passthrough_behavior": "WHEN_NO_MATCH",
            "request_parameters": {},
            "request_templates": {},
            "resource_id": "uo0tfq",
            "rest_api_id": "ui1cz1mvmi",
            "timeout_milliseconds": 29000,
            "tls_config": [],
            "type": "AWS_PROXY",
            "uri": "arn:aws:apigateway:eu-central-1:lambda:path/2015-03-31/functions/arn:aws:lambda:eu-central-1:949052962425:function:user-lambda/invocations"
          },
          "sensitive_attributes": [],
          "private": "bnVsbA==",
          "dependencies": [
            "aws_api_gateway_authorizer.mylearn",
            "aws_api_gateway_method.mylearn_classes_get",
            "aws_api_gateway_resource.mylearn_classes",
            "aws_api_gateway_rest_api.mylearn",
            "aws_cognito_user_pool.mylearn",
            "aws_cognito_user_pool_client.webapp",
            "aws_dynamodb_table.cognito_users",
            "aws_dynamodb_table.mylearn_classes",
            "aws_iam_role.auth_lambda",
            "aws_iam_role.cognito_after_register",
            "aws_iam_role.mylearn_invocation_role",
            "aws_iam_role.mylearn_users",
            "aws_lambda_function.auth_lambda",
            "aws_lambda_function.cognito_after_register",
            "aws_lambda_function.user_lambda"
          ],
          "create_before_destroy": true
        }
      ]
    },
    {
      "mode": "managed",
      "type": "aws_api_gateway_integration",
      "name": "mylearn_classes_post",
      "provider": "provider[\"registry.terraform.io/hashicorp/aws\"]",
      "instances": [
        {
          "schema_version": 0,
          "attributes": {
            "cache_key_parameters": [],
            "cache_namespace": "uo0tfq",
            "connection_id": "",
            "connection_type": "INTERNET",
            "content_handling": "",
            "credentials": "",
            "http_method": "POST",
            "id": "agi-ui1cz1mvmi-uo0tfq-POST",
            "integration_http_method": "POST",
            "passthrough_behavior": "WHEN_NO_MATCH",
            "request_parameters": {},
            "request_templates": {},
            "resource_id": "uo0tfq",
            "rest_api_id": "ui1cz1mvmi",
            "timeout_milliseconds": 29000,
            "tls_config": [],
            "type": "AWS_PROXY",
            "uri": "arn:aws:apigateway:eu-central-1:lambda:path/2015-03-31/functions/arn:aws:lambda:eu-central-1:949052962425:function:user-lambda/invocations"
          },
          "sensitive_attributes": [],
          "private": "bnVsbA==",
          "dependencies": [
            "aws_api_gateway_authorizer.mylearn",
            "aws_api_gateway_method.mylearn_classes_post",
            "aws_api_gateway_resource.mylearn_classes",
            "aws_api_gateway_rest_api.mylearn",
            "aws_cognito_user_pool.mylearn",
            "aws_cognito_user_pool_client.webapp",
            "aws_dynamodb_table.cognito_users",
            "aws_dynamodb_table.mylearn_classes",
            "aws_iam_role.auth_lambda",
            "aws_iam_role.cognito_after_register",
            "aws_iam_role.mylearn_invocation_role",
            "aws_iam_role.mylearn_users",
            "aws_lambda_function.auth_lambda",
            "aws_lambda_function.cognito_after_register",
            "aws_lambda_function.user_lambda"
          ],
          "create_before_destroy": true
        }
      ]
    },
    {
      "mode": "managed",
      "type": "aws_api_gateway_integration",
      "name": "mylearn_cognito_manage_groups_post",
      "provider": "provider[\"registry.terraform.io/hashicorp/aws\"]",
      "instances": [
        {
          "schema_version": 0,
          "attributes": {
            "cache_key_parameters": [],
            "cache_namespace": "y1ybym",
            "connection_id": "",
            "connection_type": "INTERNET",
            "content_handling": "",
            "credentials": "",
            "http_method": "POST",
            "id": "agi-ui1cz1mvmi-y1ybym-POST",
            "integration_http_method": "POST",
            "passthrough_behavior": "WHEN_NO_MATCH",
            "request_parameters": {},
            "request_templates": {},
            "resource_id": "y1ybym",
            "rest_api_id": "ui1cz1mvmi",
            "timeout_milliseconds": 29000,
            "tls_config": [],
            "type": "AWS_PROXY",
            "uri": "arn:aws:apigateway:eu-central-1:lambda:path/2015-03-31/functions/arn:aws:lambda:eu-central-1:949052962425:function:cognito-user-lambda/invocations"
          },
          "sensitive_attributes": [],
          "private": "bnVsbA==",
          "dependencies": [
            "aws_api_gateway_method.mylearn_cognito_manage_groups_post",
            "aws_api_gateway_resource.mylearn_cognito_manage_groups",
            "aws_api_gateway_rest_api.mylearn",
            "aws_cognito_user_pool.mylearn",
            "aws_cognito_user_pool_client.webapp",
            "aws_dynamodb_table.cognito_users",
            "aws_iam_role.cognito_after_register",
            "aws_iam_role.mylearn_cognito_user",
            "aws_lambda_function.cognito_after_register",
            "aws_lambda_function.cognito_user_lambda"
          ],
          "create_before_destroy": true
        }
      ]
    },
    {
      "mode": "managed",
      "type": "aws_api_gateway_integration",
      "name": "mylearn_cognito_users_login_post",
      "provider": "provider[\"registry.terraform.io/hashicorp/aws\"]",
      "instances": [
        {
          "schema_version": 0,
          "attributes": {
            "cache_key_parameters": [],
            "cache_namespace": "13hwg7",
            "connection_id": "",
            "connection_type": "INTERNET",
            "content_handling": "",
            "credentials": "",
            "http_method": "POST",
            "id": "agi-ui1cz1mvmi-13hwg7-POST",
            "integration_http_method": "POST",
            "passthrough_behavior": "WHEN_NO_MATCH",
            "request_parameters": {},
            "request_templates": {},
            "resource_id": "13hwg7",
            "rest_api_id": "ui1cz1mvmi",
            "timeout_milliseconds": 29000,
            "tls_config": [],
            "type": "AWS_PROXY",
            "uri": "arn:aws:apigateway:eu-central-1:lambda:path/2015-03-31/functions/arn:aws:lambda:eu-central-1:949052962425:function:cognito-user-lambda/invocations"
          },
          "sensitive_attributes": [],
          "private": "bnVsbA==",
          "dependencies": [
            "aws_api_gateway_method.mylearn_cognito_users_login_post",
            "aws_api_gateway_resource.mylearn_cognito_users_login",
            "aws_api_gateway_rest_api.mylearn",
            "aws_cognito_user_pool.mylearn",
            "aws_cognito_user_pool_client.webapp",
            "aws_dynamodb_table.cognito_users",
            "aws_iam_role.cognito_after_register",
            "aws_iam_role.mylearn_cognito_user",
            "aws_lambda_function.cognito_after_register",
            "aws_lambda_function.cognito_user_lambda"
          ],
          "create_before_destroy": true
        }
      ]
    },
    {
      "mode": "managed",
      "type": "aws_api_gateway_integration",
      "name": "mylearn_cognito_users_register_post",
      "provider": "provider[\"registry.terraform.io/hashicorp/aws\"]",
      "instances": [
        {
          "schema_version": 0,
          "attributes": {
            "cache_key_parameters": [],
            "cache_namespace": "i4o9fl",
            "connection_id": "",
            "connection_type": "INTERNET",
            "content_handling": "",
            "credentials": "",
            "http_method": "POST",
            "id": "agi-ui1cz1mvmi-i4o9fl-POST",
            "integration_http_method": "POST",
            "passthrough_behavior": "WHEN_NO_MATCH",
            "request_parameters": {},
            "request_templates": {},
            "resource_id": "i4o9fl",
            "rest_api_id": "ui1cz1mvmi",
            "timeout_milliseconds": 29000,
            "tls_config": [],
            "type": "AWS_PROXY",
            "uri": "arn:aws:apigateway:eu-central-1:lambda:path/2015-03-31/functions/arn:aws:lambda:eu-central-1:949052962425:function:cognito-user-lambda/invocations"
          },
          "sensitive_attributes": [],
          "private": "bnVsbA==",
          "dependencies": [
            "aws_api_gateway_method.mylearn_cognito_users_register_post",
            "aws_api_gateway_resource.mylearn_cognito_users_register",
            "aws_api_gateway_rest_api.mylearn",
            "aws_cognito_user_pool.mylearn",
            "aws_cognito_user_pool_client.webapp",
            "aws_dynamodb_table.cognito_users",
            "aws_iam_role.cognito_after_register",
            "aws_iam_role.mylearn_cognito_user",
            "aws_lambda_function.cognito_after_register",
            "aws_lambda_function.cognito_user_lambda"
          ]
        }
      ]
    },
    {
      "mode": "managed",
      "type": "aws_api_gateway_integration",
      "name": "mylearn_grades_get",
      "provider": "provider[\"registry.terraform.io/hashicorp/aws\"]",
      "instances": [
        {
          "schema_version": 0,
          "attributes": {
            "cache_key_parameters": [],
            "cache_namespace": "9gmvmn",
            "connection_id": "",
            "connection_type": "INTERNET",
            "content_handling": "",
            "credentials": "",
            "http_method": "GET",
            "id": "agi-ui1cz1mvmi-9gmvmn-GET",
            "integration_http_method": "POST",
            "passthrough_behavior": "WHEN_NO_MATCH",
            "request_parameters": {},
            "request_templates": {},
            "resource_id": "9gmvmn",
            "rest_api_id": "ui1cz1mvmi",
            "timeout_milliseconds": 29000,
            "tls_config": [],
            "type": "AWS_PROXY",
            "uri": "arn:aws:apigateway:eu-central-1:lambda:path/2015-03-31/functions/arn:aws:lambda:eu-central-1:949052962425:function:mylearn-grades/invocations"
          },
          "sensitive_attributes": [],
          "private": "bnVsbA==",
          "dependencies": [
            "aws_api_gateway_authorizer.mylearn",
            "aws_api_gateway_method.mylearn_grades_get",
            "aws_api_gateway_resource.mylearn_grades",
            "aws_api_gateway_rest_api.mylearn",
            "aws_cognito_user_pool.mylearn",
            "aws_dynamodb_table.cognito_users",
            "aws_dynamodb_table.mylearn_grades",
            "aws_iam_role.auth_lambda",
            "aws_iam_role.cognito_after_register",
            "aws_iam_role.mylearn_grades",
            "aws_iam_role.mylearn_invocation_role",
            "aws_lambda_function.auth_lambda",
            "aws_lambda_function.cognito_after_register",
            "aws_lambda_function.mylearn_grades"
          ],
          "create_before_destroy": true
        }
      ]
    },
    {
      "mode": "managed",
      "type": "aws_api_gateway_integration",
      "name": "mylearn_grades_post",
      "provider": "provider[\"registry.terraform.io/hashicorp/aws\"]",
      "instances": [
        {
          "schema_version": 0,
          "attributes": {
            "cache_key_parameters": [],
            "cache_namespace": "9gmvmn",
            "connection_id": "",
            "connection_type": "INTERNET",
            "content_handling": "",
            "credentials": "",
            "http_method": "POST",
            "id": "agi-ui1cz1mvmi-9gmvmn-POST",
            "integration_http_method": "POST",
            "passthrough_behavior": "WHEN_NO_MATCH",
            "request_parameters": {},
            "request_templates": {},
            "resource_id": "9gmvmn",
            "rest_api_id": "ui1cz1mvmi",
            "timeout_milliseconds": 29000,
            "tls_config": [],
            "type": "AWS_PROXY",
            "uri": "arn:aws:apigateway:eu-central-1:lambda:path/2015-03-31/functions/arn:aws:lambda:eu-central-1:949052962425:function:mylearn-grades/invocations"
          },
          "sensitive_attributes": [],
          "private": "bnVsbA==",
          "dependencies": [
            "aws_api_gateway_authorizer.mylearn",
            "aws_api_gateway_method.mylearn_grades_post",
            "aws_api_gateway_resource.mylearn_grades",
            "aws_api_gateway_rest_api.mylearn",
            "aws_cognito_user_pool.mylearn",
            "aws_dynamodb_table.cognito_users",
            "aws_dynamodb_table.mylearn_grades",
            "aws_iam_role.auth_lambda",
            "aws_iam_role.cognito_after_register",
            "aws_iam_role.mylearn_grades",
            "aws_iam_role.mylearn_invocation_role",
            "aws_lambda_function.auth_lambda",
            "aws_lambda_function.cognito_after_register",
            "aws_lambda_function.mylearn_grades"
          ],
          "create_before_destroy": true
        }
      ]
    },
    {
      "mode": "managed",
      "type": "aws_api_gateway_integration",
      "name": "mylearn_me_get",
      "provider": "provider[\"registry.terraform.io/hashicorp/aws\"]",
      "instances": [
        {
          "schema_version": 0,
          "attributes": {
            "cache_key_parameters": [],
            "cache_namespace": "83vkvj",
            "connection_id": "",
            "connection_type": "INTERNET",
            "content_handling": "",
            "credentials": "",
            "http_method": "GET",
            "id": "agi-ui1cz1mvmi-83vkvj-GET",
            "integration_http_method": "POST",
            "passthrough_behavior": "WHEN_NO_MATCH",
            "request_parameters": {},
            "request_templates": {},
            "resource_id": "83vkvj",
            "rest_api_id": "ui1cz1mvmi",
            "timeout_milliseconds": 29000,
            "tls_config": [],
            "type": "AWS_PROXY",
            "uri": "arn:aws:apigateway:eu-central-1:lambda:path/2015-03-31/functions/arn:aws:lambda:eu-central-1:949052962425:function:user-lambda/invocations"
          },
          "sensitive_attributes": [],
          "private": "bnVsbA==",
          "dependencies": [
            "aws_api_gateway_authorizer.mylearn",
            "aws_api_gateway_method.mylearn_me_get",
            "aws_api_gateway_resource.mylearn_me",
            "aws_api_gateway_rest_api.mylearn",
            "aws_cognito_user_pool.mylearn",
            "aws_cognito_user_pool_client.webapp",
            "aws_dynamodb_table.cognito_users",
            "aws_dynamodb_table.mylearn_classes",
            "aws_iam_role.auth_lambda",
            "aws_iam_role.cognito_after_register",
            "aws_iam_role.mylearn_invocation_role",
            "aws_iam_role.mylearn_users",
            "aws_lambda_function.auth_lambda",
            "aws_lambda_function.cognito_after_register",
            "aws_lambda_function.user_lambda"
          ]
        }
      ]
    },
    {
      "mode": "managed",
      "type": "aws_api_gateway_integration",
      "name": "mylearn_rest_chat_get",
      "provider": "provider[\"registry.terraform.io/hashicorp/aws\"]",
      "instances": [
        {
          "schema_version": 0,
          "attributes": {
            "cache_key_parameters": [],
            "cache_namespace": "h30ax9",
            "connection_id": "",
            "connection_type": "INTERNET",
            "content_handling": "",
            "credentials": "",
            "http_method": "GET",
            "id": "agi-ui1cz1mvmi-h30ax9-GET",
            "integration_http_method": "POST",
            "passthrough_behavior": "WHEN_NO_MATCH",
            "request_parameters": {},
            "request_templates": {},
            "resource_id": "h30ax9",
            "rest_api_id": "ui1cz1mvmi",
            "timeout_milliseconds": 29000,
            "tls_config": [],
            "type": "AWS_PROXY",
            "uri": "arn:aws:apigateway:eu-central-1:lambda:path/2015-03-31/functions/arn:aws:lambda:eu-central-1:949052962425:function:chat-rest-lambda/invocations"
          },
          "sensitive_attributes": [],
          "private": "bnVsbA==",
          "dependencies": [
            "aws_api_gateway_authorizer.mylearn",
            "aws_api_gateway_method.mylearn_rest_chat_get",
            "aws_api_gateway_resource.mylearn_rest_chat",
            "aws_api_gateway_rest_api.mylearn",
            "aws_cognito_user_pool.mylearn",
            "aws_dynamodb_table.chat_messages",
            "aws_dynamodb_table.cognito_users",
            "aws_iam_role.auth_lambda",
            "aws_iam_role.cognito_after_register",
            "aws_iam_role.mylearn_invocation_role",
            "aws_iam_role.mylearn_rest_chat",
            "aws_lambda_function.auth_lambda",
            "aws_lambda_function.chat_rest_lambda",
            "aws_lambda_function.cognito_after_register"
          ],
          "create_before_destroy": true
        }
      ]
    },
    {
      "mode": "managed",
      "type": "aws_api_gateway_integration",
      "name": "mylearn_rest_lessons_delete",
      "provider": "provider[\"registry.terraform.io/hashicorp/aws\"]",
      "instances": [
        {
          "schema_version": 0,
          "attributes": {
            "cache_key_parameters": [],
            "cache_namespace": "z4upg7",
            "connection_id": "",
            "connection_type": "INTERNET",
            "content_handling": "",
            "credentials": "",
            "http_method": "DELETE",
            "id": "agi-ui1cz1mvmi-z4upg7-DELETE",
            "integration_http_method": "POST",
            "passthrough_behavior": "WHEN_NO_MATCH",
            "request_parameters": {},
            "request_templates": {},
            "resource_id": "z4upg7",
            "rest_api_id": "ui1cz1mvmi",
            "timeout_milliseconds": 29000,
            "tls_config": [],
            "type": "AWS_PROXY",
            "uri": "arn:aws:apigateway:eu-central-1:lambda:path/2015-03-31/functions/arn:aws:lambda:eu-central-1:949052962425:function:lesson-rest-lambda/invocations"
          },
          "sensitive_attributes": [],
          "private": "bnVsbA==",
          "dependencies": [
            "aws_api_gateway_authorizer.mylearn",
            "aws_api_gateway_method.mylearn_rest_lessons_delete",
            "aws_api_gateway_resource.mylearn_rest_lessons",
            "aws_api_gateway_rest_api.mylearn",
            "aws_cognito_user_pool.mylearn",
            "aws_dynamodb_table.cognito_users",
            "aws_dynamodb_table.mylearn_lessons",
            "aws_dynamodb_table.mylearn_lessons_connections",
            "aws_iam_role.auth_lambda",
            "aws_iam_role.cognito_after_register",
            "aws_iam_role.mylearn_invocation_role",
            "aws_iam_role.mylearn_rest_lessons",
            "aws_lambda_function.auth_lambda",
            "aws_lambda_function.cognito_after_register",
            "aws_lambda_function.lessons_rest_lambda"
          ],
          "create_before_destroy": true
        }
      ]
    },
    {
      "mode": "managed",
      "type": "aws_api_gateway_integration",
      "name": "mylearn_rest_lessons_get",
      "provider": "provider[\"registry.terraform.io/hashicorp/aws\"]",
      "instances": [
        {
          "schema_version": 0,
          "attributes": {
            "cache_key_parameters": [],
            "cache_namespace": "z4upg7",
            "connection_id": "",
            "connection_type": "INTERNET",
            "content_handling": "",
            "credentials": "",
            "http_method": "GET",
            "id": "agi-ui1cz1mvmi-z4upg7-GET",
            "integration_http_method": "POST",
            "passthrough_behavior": "WHEN_NO_MATCH",
            "request_parameters": {},
            "request_templates": {},
            "resource_id": "z4upg7",
            "rest_api_id": "ui1cz1mvmi",
            "timeout_milliseconds": 29000,
            "tls_config": [],
            "type": "AWS_PROXY",
            "uri": "arn:aws:apigateway:eu-central-1:lambda:path/2015-03-31/functions/arn:aws:lambda:eu-central-1:949052962425:function:lesson-rest-lambda/invocations"
          },
          "sensitive_attributes": [],
          "private": "bnVsbA==",
          "dependencies": [
            "aws_api_gateway_authorizer.mylearn",
            "aws_api_gateway_method.mylearn_rest_lessons_get",
            "aws_api_gateway_resource.mylearn_rest_lessons",
            "aws_api_gateway_rest_api.mylearn",
            "aws_cognito_user_pool.mylearn",
            "aws_dynamodb_table.cognito_users",
            "aws_dynamodb_table.mylearn_lessons",
            "aws_dynamodb_table.mylearn_lessons_connections",
            "aws_iam_role.auth_lambda",
            "aws_iam_role.cognito_after_register",
            "aws_iam_role.mylearn_invocation_role",
            "aws_iam_role.mylearn_rest_lessons",
            "aws_lambda_function.auth_lambda",
            "aws_lambda_function.cognito_after_register",
            "aws_lambda_function.lessons_rest_lambda"
          ],
          "create_before_destroy": true
        }
      ]
    },
    {
      "mode": "managed",
      "type": "aws_api_gateway_integration",
      "name": "mylearn_rest_lessons_lessons_get",
      "provider": "provider[\"registry.terraform.io/hashicorp/aws\"]",
      "instances": [
        {
          "schema_version": 0,
          "attributes": {
            "cache_key_parameters": [],
            "cache_namespace": "sayv0o",
            "connection_id": "",
            "connection_type": "INTERNET",
            "content_handling": "",
            "credentials": "",
            "http_method": "GET",
            "id": "agi-ui1cz1mvmi-sayv0o-GET",
            "integration_http_method": "POST",
            "passthrough_behavior": "WHEN_NO_MATCH",
            "request_parameters": {},
            "request_templates": {},
            "resource_id": "sayv0o",
            "rest_api_id": "ui1cz1mvmi",
            "timeout_milliseconds": 29000,
            "tls_config": [],
            "type": "AWS_PROXY",
            "uri": "arn:aws:apigateway:eu-central-1:lambda:path/2015-03-31/functions/arn:aws:lambda:eu-central-1:949052962425:function:lesson-rest-lambda/invocations"
          },
          "sensitive_attributes": [],
          "private": "bnVsbA==",
          "dependencies": [
            "aws_api_gateway_authorizer.mylearn",
            "aws_api_gateway_method.mylearn_rest_lessons_lessons_get",
            "aws_api_gateway_resource.mylearn_rest_lessons_lessons",
            "aws_api_gateway_rest_api.mylearn",
            "aws_cognito_user_pool.mylearn",
            "aws_dynamodb_table.cognito_users",
            "aws_dynamodb_table.mylearn_lessons",
            "aws_dynamodb_table.mylearn_lessons_connections",
            "aws_iam_role.auth_lambda",
            "aws_iam_role.cognito_after_register",
            "aws_iam_role.mylearn_invocation_role",
            "aws_iam_role.mylearn_rest_lessons",
            "aws_lambda_function.auth_lambda",
            "aws_lambda_function.cognito_after_register",
            "aws_lambda_function.lessons_rest_lambda"
          ]
        }
      ]
    },
    {
      "mode": "managed",
      "type": "aws_api_gateway_integration",
      "name": "mylearn_rest_lessons_post",
      "provider": "provider[\"registry.terraform.io/hashicorp/aws\"]",
      "instances": [
        {
          "schema_version": 0,
          "attributes": {
            "cache_key_parameters": [],
            "cache_namespace": "z4upg7",
            "connection_id": "",
            "connection_type": "INTERNET",
            "content_handling": "",
            "credentials": "",
            "http_method": "POST",
            "id": "agi-ui1cz1mvmi-z4upg7-POST",
            "integration_http_method": "POST",
            "passthrough_behavior": "WHEN_NO_MATCH",
            "request_parameters": {},
            "request_templates": {},
            "resource_id": "z4upg7",
            "rest_api_id": "ui1cz1mvmi",
            "timeout_milliseconds": 29000,
            "tls_config": [],
            "type": "AWS_PROXY",
            "uri": "arn:aws:apigateway:eu-central-1:lambda:path/2015-03-31/functions/arn:aws:lambda:eu-central-1:949052962425:function:lesson-rest-lambda/invocations"
          },
          "sensitive_attributes": [],
          "private": "bnVsbA==",
          "dependencies": [
            "aws_api_gateway_authorizer.mylearn",
            "aws_api_gateway_method.mylearn_rest_lessons_post",
            "aws_api_gateway_resource.mylearn_rest_lessons",
            "aws_api_gateway_rest_api.mylearn",
            "aws_cognito_user_pool.mylearn",
            "aws_dynamodb_table.cognito_users",
            "aws_dynamodb_table.mylearn_lessons",
            "aws_dynamodb_table.mylearn_lessons_connections",
            "aws_iam_role.auth_lambda",
            "aws_iam_role.cognito_after_register",
            "aws_iam_role.mylearn_invocation_role",
            "aws_iam_role.mylearn_rest_lessons",
            "aws_lambda_function.auth_lambda",
            "aws_lambda_function.cognito_after_register",
            "aws_lambda_function.lessons_rest_lambda"
          ],
          "create_before_destroy": true
        }
      ]
    },
    {
      "mode": "managed",
      "type": "aws_api_gateway_integration",
      "name": "mylearn_s3_files_get",
      "provider": "provider[\"registry.terraform.io/hashicorp/aws\"]",
      "instances": [
        {
          "schema_version": 0,
          "attributes": {
            "cache_key_parameters": [],
            "cache_namespace": "anq2bn",
            "connection_id": "",
            "connection_type": "INTERNET",
            "content_handling": "",
            "credentials": "",
            "http_method": "GET",
            "id": "agi-ui1cz1mvmi-anq2bn-GET",
            "integration_http_method": "POST",
            "passthrough_behavior": "WHEN_NO_MATCH",
            "request_parameters": {},
            "request_templates": {},
            "resource_id": "anq2bn",
            "rest_api_id": "ui1cz1mvmi",
            "timeout_milliseconds": 29000,
            "tls_config": [],
            "type": "AWS_PROXY",
            "uri": "arn:aws:apigateway:eu-central-1:lambda:path/2015-03-31/functions/arn:aws:lambda:eu-central-1:949052962425:function:s3-management-lambda/invocations"
          },
          "sensitive_attributes": [],
          "private": "bnVsbA==",
          "dependencies": [
            "aws_api_gateway_authorizer.mylearn",
            "aws_api_gateway_method.mylearn_s3_files_get",
            "aws_api_gateway_resource.mylearn_s3_files",
            "aws_api_gateway_rest_api.mylearn",
            "aws_cognito_user_pool.mylearn",
            "aws_dynamodb_table.cognito_users",
            "aws_iam_role.auth_lambda",
            "aws_iam_role.cognito_after_register",
            "aws_iam_role.mylearn_invocation_role",
            "aws_iam_role.s3_management_lambda",
            "aws_lambda_function.auth_lambda",
            "aws_lambda_function.cognito_after_register",
            "aws_lambda_function.s3_management",
            "aws_s3_bucket.mylearn_materials"
          ],
          "create_before_destroy": true
        }
      ]
    },
    {
      "mode": "managed",
      "type": "aws_api_gateway_integration",
      "name": "mylearn_s3_folders_get",
      "provider": "provider[\"registry.terraform.io/hashicorp/aws\"]",
      "instances": [
        {
          "schema_version": 0,
          "attributes": {
            "cache_key_parameters": [],
            "cache_namespace": "i25lod",
            "connection_id": "",
            "connection_type": "INTERNET",
            "content_handling": "",
            "credentials": "",
            "http_method": "GET",
            "id": "agi-ui1cz1mvmi-i25lod-GET",
            "integration_http_method": "POST",
            "passthrough_behavior": "WHEN_NO_MATCH",
            "request_parameters": {},
            "request_templates": {},
            "resource_id": "i25lod",
            "rest_api_id": "ui1cz1mvmi",
            "timeout_milliseconds": 29000,
            "tls_config": [],
            "type": "AWS_PROXY",
            "uri": "arn:aws:apigateway:eu-central-1:lambda:path/2015-03-31/functions/arn:aws:lambda:eu-central-1:949052962425:function:s3-management-lambda/invocations"
          },
          "sensitive_attributes": [],
          "private": "bnVsbA==",
          "dependencies": [
            "aws_api_gateway_authorizer.mylearn",
            "aws_api_gateway_method.mylearn_s3_folders_get",
            "aws_api_gateway_resource.mylearn_s3_folders",
            "aws_api_gateway_rest_api.mylearn",
            "aws_cognito_user_pool.mylearn",
            "aws_dynamodb_table.cognito_users",
            "aws_iam_role.auth_lambda",
            "aws_iam_role.cognito_after_register",
            "aws_iam_role.mylearn_invocation_role",
            "aws_iam_role.s3_management_lambda",
            "aws_lambda_function.auth_lambda",
            "aws_lambda_function.cognito_after_register",
            "aws_lambda_function.s3_management",
            "aws_s3_bucket.mylearn_materials"
          ],
          "create_before_destroy": true
        }
      ]
    },
    {
      "mode": "managed",
      "type": "aws_api_gateway_integration",
      "name": "mylearn_tests_results_get",
      "provider": "provider[\"registry.terraform.io/hashicorp/aws\"]",
      "instances": [
        {
          "schema_version": 0,
          "attributes": {
            "cache_key_parameters": [],
            "cache_namespace": "s7656r",
            "connection_id": "",
            "connection_type": "INTERNET",
            "content_handling": "",
            "credentials": "",
            "http_method": "GET",
            "id": "agi-ui1cz1mvmi-s7656r-GET",
            "integration_http_method": "POST",
            "passthrough_behavior": "WHEN_NO_MATCH",
            "request_parameters": {},
            "request_templates": {},
            "resource_id": "s7656r",
            "rest_api_id": "ui1cz1mvmi",
            "timeout_milliseconds": 29000,
            "tls_config": [],
            "type": "AWS_PROXY",
            "uri": "arn:aws:apigateway:eu-central-1:lambda:path/2015-03-31/functions/arn:aws:lambda:eu-central-1:949052962425:function:tests-lambda/invocations"
          },
          "sensitive_attributes": [],
          "private": "bnVsbA==",
          "dependencies": [
            "aws_api_gateway_authorizer.mylearn",
            "aws_api_gateway_method.mylearn_tests_results_get",
            "aws_api_gateway_resource.mylearn_tests_results",
            "aws_api_gateway_rest_api.mylearn",
            "aws_cognito_user_pool.mylearn",
            "aws_dynamodb_table.cognito_users",
            "aws_dynamodb_table.mylearn_tests",
            "aws_dynamodb_table.mylearn_tests_results",
            "aws_iam_role.auth_lambda",
            "aws_iam_role.cognito_after_register",
            "aws_iam_role.mylearn_invocation_role",
            "aws_iam_role.mylearn_tests_lambda",
            "aws_lambda_function.auth_lambda",
            "aws_lambda_function.cognito_after_register",
            "aws_lambda_function.tests_lambda"
          ],
          "create_before_destroy": true
        }
      ]
    },
    {
      "mode": "managed",
      "type": "aws_api_gateway_integration",
      "name": "mylearn_tests_results_post",
      "provider": "provider[\"registry.terraform.io/hashicorp/aws\"]",
      "instances": [
        {
          "schema_version": 0,
          "attributes": {
            "cache_key_parameters": [],
            "cache_namespace": "s7656r",
            "connection_id": "",
            "connection_type": "INTERNET",
            "content_handling": "",
            "credentials": "",
            "http_method": "POST",
            "id": "agi-ui1cz1mvmi-s7656r-POST",
            "integration_http_method": "POST",
            "passthrough_behavior": "WHEN_NO_MATCH",
            "request_parameters": {},
            "request_templates": {},
            "resource_id": "s7656r",
            "rest_api_id": "ui1cz1mvmi",
            "timeout_milliseconds": 29000,
            "tls_config": [],
            "type": "AWS_PROXY",
            "uri": "arn:aws:apigateway:eu-central-1:lambda:path/2015-03-31/functions/arn:aws:lambda:eu-central-1:949052962425:function:tests-lambda/invocations"
          },
          "sensitive_attributes": [],
          "private": "bnVsbA==",
          "dependencies": [
            "aws_api_gateway_authorizer.mylearn",
            "aws_api_gateway_method.mylearn_tests_results_post",
            "aws_api_gateway_resource.mylearn_tests_results",
            "aws_api_gateway_rest_api.mylearn",
            "aws_cognito_user_pool.mylearn",
            "aws_dynamodb_table.cognito_users",
            "aws_dynamodb_table.mylearn_tests",
            "aws_dynamodb_table.mylearn_tests_results",
            "aws_iam_role.auth_lambda",
            "aws_iam_role.cognito_after_register",
            "aws_iam_role.mylearn_invocation_role",
            "aws_iam_role.mylearn_tests_lambda",
            "aws_lambda_function.auth_lambda",
            "aws_lambda_function.cognito_after_register",
            "aws_lambda_function.tests_lambda"
          ],
          "create_before_destroy": true
        }
      ]
    },
    {
      "mode": "managed",
      "type": "aws_api_gateway_integration",
      "name": "mylearn_tests_tests_delete",
      "provider": "provider[\"registry.terraform.io/hashicorp/aws\"]",
      "instances": [
        {
          "schema_version": 0,
          "attributes": {
            "cache_key_parameters": [],
            "cache_namespace": "q47mmc",
            "connection_id": "",
            "connection_type": "INTERNET",
            "content_handling": "",
            "credentials": "",
            "http_method": "DELETE",
            "id": "agi-ui1cz1mvmi-q47mmc-DELETE",
            "integration_http_method": "POST",
            "passthrough_behavior": "WHEN_NO_MATCH",
            "request_parameters": {},
            "request_templates": {},
            "resource_id": "q47mmc",
            "rest_api_id": "ui1cz1mvmi",
            "timeout_milliseconds": 29000,
            "tls_config": [],
            "type": "AWS_PROXY",
            "uri": "arn:aws:apigateway:eu-central-1:lambda:path/2015-03-31/functions/arn:aws:lambda:eu-central-1:949052962425:function:tests-lambda/invocations"
          },
          "sensitive_attributes": [],
          "private": "bnVsbA==",
          "dependencies": [
            "aws_api_gateway_authorizer.mylearn",
            "aws_api_gateway_method.mylearn_tests_tests_delete",
            "aws_api_gateway_resource.mylearn_tests_tests",
            "aws_api_gateway_rest_api.mylearn",
            "aws_cognito_user_pool.mylearn",
            "aws_dynamodb_table.cognito_users",
            "aws_dynamodb_table.mylearn_tests",
            "aws_dynamodb_table.mylearn_tests_results",
            "aws_iam_role.auth_lambda",
            "aws_iam_role.cognito_after_register",
            "aws_iam_role.mylearn_invocation_role",
            "aws_iam_role.mylearn_tests_lambda",
            "aws_lambda_function.auth_lambda",
            "aws_lambda_function.cognito_after_register",
            "aws_lambda_function.tests_lambda"
          ],
          "create_before_destroy": true
        }
      ]
    },
    {
      "mode": "managed",
      "type": "aws_api_gateway_integration",
      "name": "mylearn_tests_tests_get",
      "provider": "provider[\"registry.terraform.io/hashicorp/aws\"]",
      "instances": [
        {
          "schema_version": 0,
          "attributes": {
            "cache_key_parameters": [],
            "cache_namespace": "q47mmc",
            "connection_id": "",
            "connection_type": "INTERNET",
            "content_handling": "",
            "credentials": "",
            "http_method": "GET",
            "id": "agi-ui1cz1mvmi-q47mmc-GET",
            "integration_http_method": "POST",
            "passthrough_behavior": "WHEN_NO_MATCH",
            "request_parameters": {},
            "request_templates": {},
            "resource_id": "q47mmc",
            "rest_api_id": "ui1cz1mvmi",
            "timeout_milliseconds": 29000,
            "tls_config": [],
            "type": "AWS_PROXY",
            "uri": "arn:aws:apigateway:eu-central-1:lambda:path/2015-03-31/functions/arn:aws:lambda:eu-central-1:949052962425:function:tests-lambda/invocations"
          },
          "sensitive_attributes": [],
          "private": "bnVsbA==",
          "dependencies": [
            "aws_api_gateway_authorizer.mylearn",
            "aws_api_gateway_method.mylearn_tests_tests_get",
            "aws_api_gateway_resource.mylearn_tests_tests",
            "aws_api_gateway_rest_api.mylearn",
            "aws_cognito_user_pool.mylearn",
            "aws_dynamodb_table.cognito_users",
            "aws_dynamodb_table.mylearn_tests",
            "aws_dynamodb_table.mylearn_tests_results",
            "aws_iam_role.auth_lambda",
            "aws_iam_role.cognito_after_register",
            "aws_iam_role.mylearn_invocation_role",
            "aws_iam_role.mylearn_tests_lambda",
            "aws_lambda_function.auth_lambda",
            "aws_lambda_function.cognito_after_register",
            "aws_lambda_function.tests_lambda"
          ],
          "create_before_destroy": true
        }
      ]
    },
    {
      "mode": "managed",
      "type": "aws_api_gateway_integration",
      "name": "mylearn_tests_tests_post",
      "provider": "provider[\"registry.terraform.io/hashicorp/aws\"]",
      "instances": [
        {
          "schema_version": 0,
          "attributes": {
            "cache_key_parameters": [],
            "cache_namespace": "q47mmc",
            "connection_id": "",
            "connection_type": "INTERNET",
            "content_handling": "",
            "credentials": "",
            "http_method": "POST",
            "id": "agi-ui1cz1mvmi-q47mmc-POST",
            "integration_http_method": "POST",
            "passthrough_behavior": "WHEN_NO_MATCH",
            "request_parameters": {},
            "request_templates": {},
            "resource_id": "q47mmc",
            "rest_api_id": "ui1cz1mvmi",
            "timeout_milliseconds": 29000,
            "tls_config": [],
            "type": "AWS_PROXY",
            "uri": "arn:aws:apigateway:eu-central-1:lambda:path/2015-03-31/functions/arn:aws:lambda:eu-central-1:949052962425:function:tests-lambda/invocations"
          },
          "sensitive_attributes": [],
          "private": "bnVsbA==",
          "dependencies": [
            "aws_api_gateway_authorizer.mylearn",
            "aws_api_gateway_method.mylearn_tests_tests_post",
            "aws_api_gateway_resource.mylearn_tests_tests",
            "aws_api_gateway_rest_api.mylearn",
            "aws_cognito_user_pool.mylearn",
            "aws_dynamodb_table.cognito_users",
            "aws_dynamodb_table.mylearn_tests",
            "aws_dynamodb_table.mylearn_tests_results",
            "aws_iam_role.auth_lambda",
            "aws_iam_role.cognito_after_register",
            "aws_iam_role.mylearn_invocation_role",
            "aws_iam_role.mylearn_tests_lambda",
            "aws_lambda_function.auth_lambda",
            "aws_lambda_function.cognito_after_register",
            "aws_lambda_function.tests_lambda"
          ],
          "create_before_destroy": true
        }
      ]
    },
    {
      "mode": "managed",
      "type": "aws_api_gateway_integration",
      "name": "mylearn_users_get",
      "provider": "provider[\"registry.terraform.io/hashicorp/aws\"]",
      "instances": [
        {
          "schema_version": 0,
          "attributes": {
            "cache_key_parameters": [],
            "cache_namespace": "vxc120",
            "connection_id": "",
            "connection_type": "INTERNET",
            "content_handling": "",
            "credentials": "",
            "http_method": "GET",
            "id": "agi-ui1cz1mvmi-vxc120-GET",
            "integration_http_method": "POST",
            "passthrough_behavior": "WHEN_NO_MATCH",
            "request_parameters": {},
            "request_templates": {},
            "resource_id": "vxc120",
            "rest_api_id": "ui1cz1mvmi",
            "timeout_milliseconds": 29000,
            "tls_config": [],
            "type": "AWS_PROXY",
            "uri": "arn:aws:apigateway:eu-central-1:lambda:path/2015-03-31/functions/arn:aws:lambda:eu-central-1:949052962425:function:user-lambda/invocations"
          },
          "sensitive_attributes": [],
          "private": "bnVsbA==",
          "dependencies": [
            "aws_api_gateway_authorizer.mylearn",
            "aws_api_gateway_method.mylearn_users_get",
            "aws_api_gateway_resource.mylearn_users",
            "aws_api_gateway_rest_api.mylearn",
            "aws_cognito_user_pool.mylearn",
            "aws_cognito_user_pool_client.webapp",
            "aws_dynamodb_table.cognito_users",
            "aws_dynamodb_table.mylearn_classes",
            "aws_iam_role.auth_lambda",
            "aws_iam_role.cognito_after_register",
            "aws_iam_role.mylearn_invocation_role",
            "aws_iam_role.mylearn_users",
            "aws_lambda_function.auth_lambda",
            "aws_lambda_function.cognito_after_register",
            "aws_lambda_function.user_lambda"
          ],
          "create_before_destroy": true
        }
      ]
    },
    {
      "mode": "managed",
      "type": "aws_api_gateway_method",
      "name": "mylearn_class_users_delete",
      "provider": "provider[\"registry.terraform.io/hashicorp/aws\"]",
      "instances": [
        {
          "schema_version": 0,
          "attributes": {
            "api_key_required": false,
            "authorization": "CUSTOM",
            "authorization_scopes": [],
            "authorizer_id": "1zhll9",
            "http_method": "DELETE",
            "id": "agm-ui1cz1mvmi-4j54q5-DELETE",
            "operation_name": "",
            "request_models": {},
            "request_parameters": {},
            "request_validator_id": "",
            "resource_id": "4j54q5",
            "rest_api_id": "ui1cz1mvmi"
          },
          "sensitive_attributes": [],
          "private": "bnVsbA==",
          "dependencies": [
            "aws_api_gateway_authorizer.mylearn",
            "aws_api_gateway_resource.mylearn_class_users",
            "aws_api_gateway_rest_api.mylearn",
            "aws_cognito_user_pool.mylearn",
            "aws_dynamodb_table.cognito_users",
            "aws_iam_role.auth_lambda",
            "aws_iam_role.cognito_after_register",
            "aws_iam_role.mylearn_invocation_role",
            "aws_lambda_function.auth_lambda",
            "aws_lambda_function.cognito_after_register"
          ],
          "create_before_destroy": true
        }
      ]
    },
    {
      "mode": "managed",
      "type": "aws_api_gateway_method",
      "name": "mylearn_class_users_get",
      "provider": "provider[\"registry.terraform.io/hashicorp/aws\"]",
      "instances": [
        {
          "schema_version": 0,
          "attributes": {
            "api_key_required": false,
            "authorization": "CUSTOM",
            "authorization_scopes": [],
            "authorizer_id": "1zhll9",
            "http_method": "GET",
            "id": "agm-ui1cz1mvmi-4j54q5-GET",
            "operation_name": "",
            "request_models": {},
            "request_parameters": {},
            "request_validator_id": "",
            "resource_id": "4j54q5",
            "rest_api_id": "ui1cz1mvmi"
          },
          "sensitive_attributes": [],
          "private": "bnVsbA==",
          "dependencies": [
            "aws_api_gateway_authorizer.mylearn",
            "aws_api_gateway_resource.mylearn_class_users",
            "aws_api_gateway_rest_api.mylearn",
            "aws_cognito_user_pool.mylearn",
            "aws_dynamodb_table.cognito_users",
            "aws_iam_role.auth_lambda",
            "aws_iam_role.cognito_after_register",
            "aws_iam_role.mylearn_invocation_role",
            "aws_lambda_function.auth_lambda",
            "aws_lambda_function.cognito_after_register"
          ],
          "create_before_destroy": true
        }
      ]
    },
    {
      "mode": "managed",
      "type": "aws_api_gateway_method",
      "name": "mylearn_class_users_post",
      "provider": "provider[\"registry.terraform.io/hashicorp/aws\"]",
      "instances": [
        {
          "schema_version": 0,
          "attributes": {
            "api_key_required": false,
            "authorization": "CUSTOM",
            "authorization_scopes": [],
            "authorizer_id": "1zhll9",
            "http_method": "POST",
            "id": "agm-ui1cz1mvmi-4j54q5-POST",
            "operation_name": "",
            "request_models": {},
            "request_parameters": {},
            "request_validator_id": "",
            "resource_id": "4j54q5",
            "rest_api_id": "ui1cz1mvmi"
          },
          "sensitive_attributes": [],
          "private": "bnVsbA==",
          "dependencies": [
            "aws_api_gateway_authorizer.mylearn",
            "aws_api_gateway_resource.mylearn_class_users",
            "aws_api_gateway_rest_api.mylearn",
            "aws_cognito_user_pool.mylearn",
            "aws_dynamodb_table.cognito_users",
            "aws_iam_role.auth_lambda",
            "aws_iam_role.cognito_after_register",
            "aws_iam_role.mylearn_invocation_role",
            "aws_lambda_function.auth_lambda",
            "aws_lambda_function.cognito_after_register"
          ],
          "create_before_destroy": true
        }
      ]
    },
    {
      "mode": "managed",
      "type": "aws_api_gateway_method",
      "name": "mylearn_classes_delete",
      "provider": "provider[\"registry.terraform.io/hashicorp/aws\"]",
      "instances": [
        {
          "schema_version": 0,
          "attributes": {
            "api_key_required": false,
            "authorization": "CUSTOM",
            "authorization_scopes": [],
            "authorizer_id": "1zhll9",
            "http_method": "DELETE",
            "id": "agm-ui1cz1mvmi-uo0tfq-DELETE",
            "operation_name": "",
            "request_models": {},
            "request_parameters": {},
            "request_validator_id": "",
            "resource_id": "uo0tfq",
            "rest_api_id": "ui1cz1mvmi"
          },
          "sensitive_attributes": [],
          "private": "bnVsbA==",
          "dependencies": [
            "aws_api_gateway_authorizer.mylearn",
            "aws_api_gateway_resource.mylearn_classes",
            "aws_api_gateway_rest_api.mylearn",
            "aws_cognito_user_pool.mylearn",
            "aws_dynamodb_table.cognito_users",
            "aws_iam_role.auth_lambda",
            "aws_iam_role.cognito_after_register",
            "aws_iam_role.mylearn_invocation_role",
            "aws_lambda_function.auth_lambda",
            "aws_lambda_function.cognito_after_register"
          ],
          "create_before_destroy": true
        }
      ]
    },
    {
      "mode": "managed",
      "type": "aws_api_gateway_method",
      "name": "mylearn_classes_get",
      "provider": "provider[\"registry.terraform.io/hashicorp/aws\"]",
      "instances": [
        {
          "schema_version": 0,
          "attributes": {
            "api_key_required": false,
            "authorization": "CUSTOM",
            "authorization_scopes": [],
            "authorizer_id": "1zhll9",
            "http_method": "GET",
            "id": "agm-ui1cz1mvmi-uo0tfq-GET",
            "operation_name": "",
            "request_models": {},
            "request_parameters": {},
            "request_validator_id": "",
            "resource_id": "uo0tfq",
            "rest_api_id": "ui1cz1mvmi"
          },
          "sensitive_attributes": [],
          "private": "bnVsbA==",
          "dependencies": [
            "aws_api_gateway_authorizer.mylearn",
            "aws_api_gateway_resource.mylearn_classes",
            "aws_api_gateway_rest_api.mylearn",
            "aws_cognito_user_pool.mylearn",
            "aws_dynamodb_table.cognito_users",
            "aws_iam_role.auth_lambda",
            "aws_iam_role.cognito_after_register",
            "aws_iam_role.mylearn_invocation_role",
            "aws_lambda_function.auth_lambda",
            "aws_lambda_function.cognito_after_register"
          ],
          "create_before_destroy": true
        }
      ]
    },
    {
      "mode": "managed",
      "type": "aws_api_gateway_method",
      "name": "mylearn_classes_post",
      "provider": "provider[\"registry.terraform.io/hashicorp/aws\"]",
      "instances": [
        {
          "schema_version": 0,
          "attributes": {
            "api_key_required": false,
            "authorization": "CUSTOM",
            "authorization_scopes": [],
            "authorizer_id": "1zhll9",
            "http_method": "POST",
            "id": "agm-ui1cz1mvmi-uo0tfq-POST",
            "operation_name": "",
            "request_models": {},
            "request_parameters": {},
            "request_validator_id": "",
            "resource_id": "uo0tfq",
            "rest_api_id": "ui1cz1mvmi"
          },
          "sensitive_attributes": [],
          "private": "bnVsbA==",
          "dependencies": [
            "aws_api_gateway_authorizer.mylearn",
            "aws_api_gateway_resource.mylearn_classes",
            "aws_api_gateway_rest_api.mylearn",
            "aws_cognito_user_pool.mylearn",
            "aws_dynamodb_table.cognito_users",
            "aws_iam_role.auth_lambda",
            "aws_iam_role.cognito_after_register",
            "aws_iam_role.mylearn_invocation_role",
            "aws_lambda_function.auth_lambda",
            "aws_lambda_function.cognito_after_register"
          ],
          "create_before_destroy": true
        }
      ]
    },
    {
      "mode": "managed",
      "type": "aws_api_gateway_method",
      "name": "mylearn_cognito_manage_groups_post",
      "provider": "provider[\"registry.terraform.io/hashicorp/aws\"]",
      "instances": [
        {
          "schema_version": 0,
          "attributes": {
            "api_key_required": false,
            "authorization": "NONE",
            "authorization_scopes": [],
            "authorizer_id": "",
            "http_method": "POST",
            "id": "agm-ui1cz1mvmi-y1ybym-POST",
            "operation_name": "",
            "request_models": {},
            "request_parameters": {},
            "request_validator_id": "",
            "resource_id": "y1ybym",
            "rest_api_id": "ui1cz1mvmi"
          },
          "sensitive_attributes": [],
          "private": "bnVsbA==",
          "dependencies": [
            "aws_api_gateway_resource.mylearn_cognito_manage_groups",
            "aws_api_gateway_rest_api.mylearn"
          ],
          "create_before_destroy": true
        }
      ]
    },
    {
      "mode": "managed",
      "type": "aws_api_gateway_method",
      "name": "mylearn_cognito_users_login_post",
      "provider": "provider[\"registry.terraform.io/hashicorp/aws\"]",
      "instances": [
        {
          "schema_version": 0,
          "attributes": {
            "api_key_required": false,
            "authorization": "NONE",
            "authorization_scopes": [],
            "authorizer_id": "",
            "http_method": "POST",
            "id": "agm-ui1cz1mvmi-13hwg7-POST",
            "operation_name": "",
            "request_models": {},
            "request_parameters": {},
            "request_validator_id": "",
            "resource_id": "13hwg7",
            "rest_api_id": "ui1cz1mvmi"
          },
          "sensitive_attributes": [],
          "private": "bnVsbA==",
          "dependencies": [
            "aws_api_gateway_resource.mylearn_cognito_users_login",
            "aws_api_gateway_rest_api.mylearn"
          ],
          "create_before_destroy": true
        }
      ]
    },
    {
      "mode": "managed",
      "type": "aws_api_gateway_method",
      "name": "mylearn_cognito_users_register_post",
      "provider": "provider[\"registry.terraform.io/hashicorp/aws\"]",
      "instances": [
        {
          "schema_version": 0,
          "attributes": {
            "api_key_required": false,
            "authorization": "NONE",
            "authorization_scopes": [],
            "authorizer_id": "",
            "http_method": "POST",
            "id": "agm-ui1cz1mvmi-i4o9fl-POST",
            "operation_name": "",
            "request_models": {},
            "request_parameters": {},
            "request_validator_id": "",
            "resource_id": "i4o9fl",
            "rest_api_id": "ui1cz1mvmi"
          },
          "sensitive_attributes": [],
          "private": "bnVsbA==",
          "dependencies": [
            "aws_api_gateway_resource.mylearn_cognito_users_register",
            "aws_api_gateway_rest_api.mylearn"
          ]
        }
      ]
    },
    {
      "mode": "managed",
      "type": "aws_api_gateway_method",
      "name": "mylearn_grades_get",
      "provider": "provider[\"registry.terraform.io/hashicorp/aws\"]",
      "instances": [
        {
          "schema_version": 0,
          "attributes": {
            "api_key_required": false,
            "authorization": "CUSTOM",
            "authorization_scopes": [],
            "authorizer_id": "1zhll9",
            "http_method": "GET",
            "id": "agm-ui1cz1mvmi-9gmvmn-GET",
            "operation_name": "",
            "request_models": {},
            "request_parameters": {},
            "request_validator_id": "",
            "resource_id": "9gmvmn",
            "rest_api_id": "ui1cz1mvmi"
          },
          "sensitive_attributes": [],
          "private": "bnVsbA==",
          "dependencies": [
            "aws_api_gateway_authorizer.mylearn",
            "aws_api_gateway_resource.mylearn_grades",
            "aws_api_gateway_rest_api.mylearn",
            "aws_cognito_user_pool.mylearn",
            "aws_dynamodb_table.cognito_users",
            "aws_iam_role.auth_lambda",
            "aws_iam_role.cognito_after_register",
            "aws_iam_role.mylearn_invocation_role",
            "aws_lambda_function.auth_lambda",
            "aws_lambda_function.cognito_after_register"
          ],
          "create_before_destroy": true
        }
      ]
    },
    {
      "mode": "managed",
      "type": "aws_api_gateway_method",
      "name": "mylearn_grades_post",
      "provider": "provider[\"registry.terraform.io/hashicorp/aws\"]",
      "instances": [
        {
          "schema_version": 0,
          "attributes": {
            "api_key_required": false,
            "authorization": "CUSTOM",
            "authorization_scopes": [],
            "authorizer_id": "1zhll9",
            "http_method": "POST",
            "id": "agm-ui1cz1mvmi-9gmvmn-POST",
            "operation_name": "",
            "request_models": {},
            "request_parameters": {},
            "request_validator_id": "",
            "resource_id": "9gmvmn",
            "rest_api_id": "ui1cz1mvmi"
          },
          "sensitive_attributes": [],
          "private": "bnVsbA==",
          "dependencies": [
            "aws_api_gateway_authorizer.mylearn",
            "aws_api_gateway_resource.mylearn_grades",
            "aws_api_gateway_rest_api.mylearn",
            "aws_cognito_user_pool.mylearn",
            "aws_dynamodb_table.cognito_users",
            "aws_iam_role.auth_lambda",
            "aws_iam_role.cognito_after_register",
            "aws_iam_role.mylearn_invocation_role",
            "aws_lambda_function.auth_lambda",
            "aws_lambda_function.cognito_after_register"
          ],
          "create_before_destroy": true
        }
      ]
    },
    {
      "mode": "managed",
      "type": "aws_api_gateway_method",
      "name": "mylearn_me_get",
      "provider": "provider[\"registry.terraform.io/hashicorp/aws\"]",
      "instances": [
        {
          "schema_version": 0,
          "attributes": {
            "api_key_required": false,
            "authorization": "CUSTOM",
            "authorization_scopes": [],
            "authorizer_id": "1zhll9",
            "http_method": "GET",
            "id": "agm-ui1cz1mvmi-83vkvj-GET",
            "operation_name": "",
            "request_models": {},
            "request_parameters": {},
            "request_validator_id": "",
            "resource_id": "83vkvj",
            "rest_api_id": "ui1cz1mvmi"
          },
          "sensitive_attributes": [],
          "private": "bnVsbA==",
          "dependencies": [
            "aws_api_gateway_authorizer.mylearn",
            "aws_api_gateway_resource.mylearn_me",
            "aws_api_gateway_rest_api.mylearn",
            "aws_cognito_user_pool.mylearn",
            "aws_dynamodb_table.cognito_users",
            "aws_iam_role.auth_lambda",
            "aws_iam_role.cognito_after_register",
            "aws_iam_role.mylearn_invocation_role",
            "aws_lambda_function.auth_lambda",
            "aws_lambda_function.cognito_after_register"
          ]
        }
      ]
    },
    {
      "mode": "managed",
      "type": "aws_api_gateway_method",
      "name": "mylearn_rest_chat_get",
      "provider": "provider[\"registry.terraform.io/hashicorp/aws\"]",
      "instances": [
        {
          "schema_version": 0,
          "attributes": {
            "api_key_required": false,
            "authorization": "CUSTOM",
            "authorization_scopes": [],
            "authorizer_id": "1zhll9",
            "http_method": "GET",
            "id": "agm-ui1cz1mvmi-h30ax9-GET",
            "operation_name": "",
            "request_models": {},
            "request_parameters": {},
            "request_validator_id": "",
            "resource_id": "h30ax9",
            "rest_api_id": "ui1cz1mvmi"
          },
          "sensitive_attributes": [],
          "private": "bnVsbA==",
          "dependencies": [
            "aws_api_gateway_authorizer.mylearn",
            "aws_api_gateway_resource.mylearn_rest_chat",
            "aws_api_gateway_rest_api.mylearn",
            "aws_cognito_user_pool.mylearn",
            "aws_dynamodb_table.cognito_users",
            "aws_iam_role.auth_lambda",
            "aws_iam_role.cognito_after_register",
            "aws_iam_role.mylearn_invocation_role",
            "aws_lambda_function.auth_lambda",
            "aws_lambda_function.cognito_after_register"
          ],
          "create_before_destroy": true
        }
      ]
    },
    {
      "mode": "managed",
      "type": "aws_api_gateway_method",
      "name": "mylearn_rest_lessons_delete",
      "provider": "provider[\"registry.terraform.io/hashicorp/aws\"]",
      "instances": [
        {
          "schema_version": 0,
          "attributes": {
            "api_key_required": false,
            "authorization": "CUSTOM",
            "authorization_scopes": [],
            "authorizer_id": "1zhll9",
            "http_method": "DELETE",
            "id": "agm-ui1cz1mvmi-z4upg7-DELETE",
            "operation_name": "",
            "request_models": {},
            "request_parameters": {},
            "request_validator_id": "",
            "resource_id": "z4upg7",
            "rest_api_id": "ui1cz1mvmi"
          },
          "sensitive_attributes": [],
          "private": "bnVsbA==",
          "dependencies": [
            "aws_api_gateway_authorizer.mylearn",
            "aws_api_gateway_resource.mylearn_rest_lessons",
            "aws_api_gateway_rest_api.mylearn",
            "aws_cognito_user_pool.mylearn",
            "aws_dynamodb_table.cognito_users",
            "aws_iam_role.auth_lambda",
            "aws_iam_role.cognito_after_register",
            "aws_iam_role.mylearn_invocation_role",
            "aws_lambda_function.auth_lambda",
            "aws_lambda_function.cognito_after_register"
          ],
          "create_before_destroy": true
        }
      ]
    },
    {
      "mode": "managed",
      "type": "aws_api_gateway_method",
      "name": "mylearn_rest_lessons_get",
      "provider": "provider[\"registry.terraform.io/hashicorp/aws\"]",
      "instances": [
        {
          "schema_version": 0,
          "attributes": {
            "api_key_required": false,
            "authorization": "CUSTOM",
            "authorization_scopes": [],
            "authorizer_id": "1zhll9",
            "http_method": "GET",
            "id": "agm-ui1cz1mvmi-z4upg7-GET",
            "operation_name": "",
            "request_models": {},
            "request_parameters": {},
            "request_validator_id": "",
            "resource_id": "z4upg7",
            "rest_api_id": "ui1cz1mvmi"
          },
          "sensitive_attributes": [],
          "private": "bnVsbA==",
          "dependencies": [
            "aws_api_gateway_authorizer.mylearn",
            "aws_api_gateway_resource.mylearn_rest_lessons",
            "aws_api_gateway_rest_api.mylearn",
            "aws_cognito_user_pool.mylearn",
            "aws_dynamodb_table.cognito_users",
            "aws_iam_role.auth_lambda",
            "aws_iam_role.cognito_after_register",
            "aws_iam_role.mylearn_invocation_role",
            "aws_lambda_function.auth_lambda",
            "aws_lambda_function.cognito_after_register"
          ],
          "create_before_destroy": true
        }
      ]
    },
    {
      "mode": "managed",
      "type": "aws_api_gateway_method",
      "name": "mylearn_rest_lessons_lessons_get",
      "provider": "provider[\"registry.terraform.io/hashicorp/aws\"]",
      "instances": [
        {
          "schema_version": 0,
          "attributes": {
            "api_key_required": false,
            "authorization": "CUSTOM",
            "authorization_scopes": [],
            "authorizer_id": "1zhll9",
            "http_method": "GET",
            "id": "agm-ui1cz1mvmi-sayv0o-GET",
            "operation_name": "",
            "request_models": {},
            "request_parameters": {},
            "request_validator_id": "",
            "resource_id": "sayv0o",
            "rest_api_id": "ui1cz1mvmi"
          },
          "sensitive_attributes": [],
          "private": "bnVsbA==",
          "dependencies": [
            "aws_api_gateway_authorizer.mylearn",
            "aws_api_gateway_resource.mylearn_rest_lessons_lessons",
            "aws_api_gateway_rest_api.mylearn",
            "aws_cognito_user_pool.mylearn",
            "aws_dynamodb_table.cognito_users",
            "aws_iam_role.auth_lambda",
            "aws_iam_role.cognito_after_register",
            "aws_iam_role.mylearn_invocation_role",
            "aws_lambda_function.auth_lambda",
            "aws_lambda_function.cognito_after_register"
          ]
        }
      ]
    },
    {
      "mode": "managed",
      "type": "aws_api_gateway_method",
      "name": "mylearn_rest_lessons_post",
      "provider": "provider[\"registry.terraform.io/hashicorp/aws\"]",
      "instances": [
        {
          "schema_version": 0,
          "attributes": {
            "api_key_required": false,
            "authorization": "CUSTOM",
            "authorization_scopes": [],
            "authorizer_id": "1zhll9",
            "http_method": "POST",
            "id": "agm-ui1cz1mvmi-z4upg7-POST",
            "operation_name": "",
            "request_models": {},
            "request_parameters": {},
            "request_validator_id": "",
            "resource_id": "z4upg7",
            "rest_api_id": "ui1cz1mvmi"
          },
          "sensitive_attributes": [],
          "private": "bnVsbA==",
          "dependencies": [
            "aws_api_gateway_authorizer.mylearn",
            "aws_api_gateway_resource.mylearn_rest_lessons",
            "aws_api_gateway_rest_api.mylearn",
            "aws_cognito_user_pool.mylearn",
            "aws_dynamodb_table.cognito_users",
            "aws_iam_role.auth_lambda",
            "aws_iam_role.cognito_after_register",
            "aws_iam_role.mylearn_invocation_role",
            "aws_lambda_function.auth_lambda",
            "aws_lambda_function.cognito_after_register"
          ],
          "create_before_destroy": true
        }
      ]
    },
    {
      "mode": "managed",
      "type": "aws_api_gateway_method",
      "name": "mylearn_s3_files_get",
      "provider": "provider[\"registry.terraform.io/hashicorp/aws\"]",
      "instances": [
        {
          "schema_version": 0,
          "attributes": {
            "api_key_required": false,
            "authorization": "CUSTOM",
            "authorization_scopes": [],
            "authorizer_id": "1zhll9",
            "http_method": "GET",
            "id": "agm-ui1cz1mvmi-anq2bn-GET",
            "operation_name": "",
            "request_models": {},
            "request_parameters": {},
            "request_validator_id": "",
            "resource_id": "anq2bn",
            "rest_api_id": "ui1cz1mvmi"
          },
          "sensitive_attributes": [],
          "private": "bnVsbA==",
          "dependencies": [
            "aws_api_gateway_authorizer.mylearn",
            "aws_api_gateway_resource.mylearn_s3_files",
            "aws_api_gateway_rest_api.mylearn",
            "aws_cognito_user_pool.mylearn",
            "aws_dynamodb_table.cognito_users",
            "aws_iam_role.auth_lambda",
            "aws_iam_role.cognito_after_register",
            "aws_iam_role.mylearn_invocation_role",
            "aws_lambda_function.auth_lambda",
            "aws_lambda_function.cognito_after_register"
          ],
          "create_before_destroy": true
        }
      ]
    },
    {
      "mode": "managed",
      "type": "aws_api_gateway_method",
      "name": "mylearn_s3_folders_get",
      "provider": "provider[\"registry.terraform.io/hashicorp/aws\"]",
      "instances": [
        {
          "schema_version": 0,
          "attributes": {
            "api_key_required": false,
            "authorization": "CUSTOM",
            "authorization_scopes": [],
            "authorizer_id": "1zhll9",
            "http_method": "GET",
            "id": "agm-ui1cz1mvmi-i25lod-GET",
            "operation_name": "",
            "request_models": {},
            "request_parameters": {},
            "request_validator_id": "",
            "resource_id": "i25lod",
            "rest_api_id": "ui1cz1mvmi"
          },
          "sensitive_attributes": [],
          "private": "bnVsbA==",
          "dependencies": [
            "aws_api_gateway_authorizer.mylearn",
            "aws_api_gateway_resource.mylearn_s3_folders",
            "aws_api_gateway_rest_api.mylearn",
            "aws_cognito_user_pool.mylearn",
            "aws_dynamodb_table.cognito_users",
            "aws_iam_role.auth_lambda",
            "aws_iam_role.cognito_after_register",
            "aws_iam_role.mylearn_invocation_role",
            "aws_lambda_function.auth_lambda",
            "aws_lambda_function.cognito_after_register"
          ],
          "create_before_destroy": true
        }
      ]
    },
    {
      "mode": "managed",
      "type": "aws_api_gateway_method",
      "name": "mylearn_tests_results_get",
      "provider": "provider[\"registry.terraform.io/hashicorp/aws\"]",
      "instances": [
        {
          "schema_version": 0,
          "attributes": {
            "api_key_required": false,
            "authorization": "CUSTOM",
            "authorization_scopes": [],
            "authorizer_id": "1zhll9",
            "http_method": "GET",
            "id": "agm-ui1cz1mvmi-s7656r-GET",
            "operation_name": "",
            "request_models": {},
            "request_parameters": {},
            "request_validator_id": "",
            "resource_id": "s7656r",
            "rest_api_id": "ui1cz1mvmi"
          },
          "sensitive_attributes": [],
          "private": "bnVsbA==",
          "dependencies": [
            "aws_api_gateway_authorizer.mylearn",
            "aws_api_gateway_resource.mylearn_tests_results",
            "aws_api_gateway_rest_api.mylearn",
            "aws_cognito_user_pool.mylearn",
            "aws_dynamodb_table.cognito_users",
            "aws_iam_role.auth_lambda",
            "aws_iam_role.cognito_after_register",
            "aws_iam_role.mylearn_invocation_role",
            "aws_lambda_function.auth_lambda",
            "aws_lambda_function.cognito_after_register"
          ],
          "create_before_destroy": true
        }
      ]
    },
    {
      "mode": "managed",
      "type": "aws_api_gateway_method",
      "name": "mylearn_tests_results_post",
      "provider": "provider[\"registry.terraform.io/hashicorp/aws\"]",
      "instances": [
        {
          "schema_version": 0,
          "attributes": {
            "api_key_required": false,
            "authorization": "CUSTOM",
            "authorization_scopes": [],
            "authorizer_id": "1zhll9",
            "http_method": "POST",
            "id": "agm-ui1cz1mvmi-s7656r-POST",
            "operation_name": "",
            "request_models": {},
            "request_parameters": {},
            "request_validator_id": "",
            "resource_id": "s7656r",
            "rest_api_id": "ui1cz1mvmi"
          },
          "sensitive_attributes": [],
          "private": "bnVsbA==",
          "dependencies": [
            "aws_api_gateway_authorizer.mylearn",
            "aws_api_gateway_resource.mylearn_tests_results",
            "aws_api_gateway_rest_api.mylearn",
            "aws_cognito_user_pool.mylearn",
            "aws_dynamodb_table.cognito_users",
            "aws_iam_role.auth_lambda",
            "aws_iam_role.cognito_after_register",
            "aws_iam_role.mylearn_invocation_role",
            "aws_lambda_function.auth_lambda",
            "aws_lambda_function.cognito_after_register"
          ],
          "create_before_destroy": true
        }
      ]
    },
    {
      "mode": "managed",
      "type": "aws_api_gateway_method",
      "name": "mylearn_tests_tests_delete",
      "provider": "provider[\"registry.terraform.io/hashicorp/aws\"]",
      "instances": [
        {
          "schema_version": 0,
          "attributes": {
            "api_key_required": false,
            "authorization": "CUSTOM",
            "authorization_scopes": [],
            "authorizer_id": "1zhll9",
            "http_method": "DELETE",
            "id": "agm-ui1cz1mvmi-q47mmc-DELETE",
            "operation_name": "",
            "request_models": {},
            "request_parameters": {},
            "request_validator_id": "",
            "resource_id": "q47mmc",
            "rest_api_id": "ui1cz1mvmi"
          },
          "sensitive_attributes": [],
          "private": "bnVsbA==",
          "dependencies": [
            "aws_api_gateway_authorizer.mylearn",
            "aws_api_gateway_resource.mylearn_tests_tests",
            "aws_api_gateway_rest_api.mylearn",
            "aws_cognito_user_pool.mylearn",
            "aws_dynamodb_table.cognito_users",
            "aws_iam_role.auth_lambda",
            "aws_iam_role.cognito_after_register",
            "aws_iam_role.mylearn_invocation_role",
            "aws_lambda_function.auth_lambda",
            "aws_lambda_function.cognito_after_register"
          ],
          "create_before_destroy": true
        }
      ]
    },
    {
      "mode": "managed",
      "type": "aws_api_gateway_method",
      "name": "mylearn_tests_tests_get",
      "provider": "provider[\"registry.terraform.io/hashicorp/aws\"]",
      "instances": [
        {
          "schema_version": 0,
          "attributes": {
            "api_key_required": false,
            "authorization": "CUSTOM",
            "authorization_scopes": [],
            "authorizer_id": "1zhll9",
            "http_method": "GET",
            "id": "agm-ui1cz1mvmi-q47mmc-GET",
            "operation_name": "",
            "request_models": {},
            "request_parameters": {},
            "request_validator_id": "",
            "resource_id": "q47mmc",
            "rest_api_id": "ui1cz1mvmi"
          },
          "sensitive_attributes": [],
          "private": "bnVsbA==",
          "dependencies": [
            "aws_api_gateway_authorizer.mylearn",
            "aws_api_gateway_resource.mylearn_tests_tests",
            "aws_api_gateway_rest_api.mylearn",
            "aws_cognito_user_pool.mylearn",
            "aws_dynamodb_table.cognito_users",
            "aws_iam_role.auth_lambda",
            "aws_iam_role.cognito_after_register",
            "aws_iam_role.mylearn_invocation_role",
            "aws_lambda_function.auth_lambda",
            "aws_lambda_function.cognito_after_register"
          ],
          "create_before_destroy": true
        }
      ]
    },
    {
      "mode": "managed",
      "type": "aws_api_gateway_method",
      "name": "mylearn_tests_tests_post",
      "provider": "provider[\"registry.terraform.io/hashicorp/aws\"]",
      "instances": [
        {
          "schema_version": 0,
          "attributes": {
            "api_key_required": false,
            "authorization": "CUSTOM",
            "authorization_scopes": [],
            "authorizer_id": "1zhll9",
            "http_method": "POST",
            "id": "agm-ui1cz1mvmi-q47mmc-POST",
            "operation_name": "",
            "request_models": {},
            "request_parameters": {},
            "request_validator_id": "",
            "resource_id": "q47mmc",
            "rest_api_id": "ui1cz1mvmi"
          },
          "sensitive_attributes": [],
          "private": "bnVsbA==",
          "dependencies": [
            "aws_api_gateway_authorizer.mylearn",
            "aws_api_gateway_resource.mylearn_tests_tests",
            "aws_api_gateway_rest_api.mylearn",
            "aws_cognito_user_pool.mylearn",
            "aws_dynamodb_table.cognito_users",
            "aws_iam_role.auth_lambda",
            "aws_iam_role.cognito_after_register",
            "aws_iam_role.mylearn_invocation_role",
            "aws_lambda_function.auth_lambda",
            "aws_lambda_function.cognito_after_register"
          ],
          "create_before_destroy": true
        }
      ]
    },
    {
      "mode": "managed",
      "type": "aws_api_gateway_method",
      "name": "mylearn_users_get",
      "provider": "provider[\"registry.terraform.io/hashicorp/aws\"]",
      "instances": [
        {
          "schema_version": 0,
          "attributes": {
            "api_key_required": false,
            "authorization": "CUSTOM",
            "authorization_scopes": [],
            "authorizer_id": "1zhll9",
            "http_method": "GET",
            "id": "agm-ui1cz1mvmi-vxc120-GET",
            "operation_name": "",
            "request_models": {},
            "request_parameters": {},
            "request_validator_id": "",
            "resource_id": "vxc120",
            "rest_api_id": "ui1cz1mvmi"
          },
          "sensitive_attributes": [],
          "private": "bnVsbA==",
          "dependencies": [
            "aws_api_gateway_authorizer.mylearn",
            "aws_api_gateway_resource.mylearn_users",
            "aws_api_gateway_rest_api.mylearn",
            "aws_cognito_user_pool.mylearn",
            "aws_dynamodb_table.cognito_users",
            "aws_iam_role.auth_lambda",
            "aws_iam_role.cognito_after_register",
            "aws_iam_role.mylearn_invocation_role",
            "aws_lambda_function.auth_lambda",
            "aws_lambda_function.cognito_after_register"
          ],
          "create_before_destroy": true
        }
      ]
    },
    {
      "mode": "managed",
      "type": "aws_api_gateway_method_response",
      "name": "mylearn_cognito_users_login_post_200",
      "provider": "provider[\"registry.terraform.io/hashicorp/aws\"]",
      "instances": [
        {
          "schema_version": 0,
          "attributes": {
            "http_method": "POST",
            "id": "agmr-ui1cz1mvmi-13hwg7-POST-200",
            "resource_id": "13hwg7",
            "response_models": {
              "application/json": "Empty"
            },
            "response_parameters": {},
            "rest_api_id": "ui1cz1mvmi",
            "status_code": "200"
          },
          "sensitive_attributes": [],
          "private": "bnVsbA==",
          "dependencies": [
            "aws_api_gateway_method.mylearn_cognito_users_login_post",
            "aws_api_gateway_resource.mylearn_cognito_users_login",
            "aws_api_gateway_rest_api.mylearn"
          ]
        }
      ]
    },
    {
      "mode": "managed",
      "type": "aws_api_gateway_method_response",
      "name": "mylearn_cognito_users_register_post_200",
      "provider": "provider[\"registry.terraform.io/hashicorp/aws\"]",
      "instances": [
        {
          "schema_version": 0,
          "attributes": {
            "http_method": "POST",
            "id": "agmr-ui1cz1mvmi-i4o9fl-POST-200",
            "resource_id": "i4o9fl",
            "response_models": {
              "application/json": "Empty"
            },
            "response_parameters": {},
            "rest_api_id": "ui1cz1mvmi",
            "status_code": "200"
          },
          "sensitive_attributes": [],
          "private": "bnVsbA==",
          "dependencies": [
            "aws_api_gateway_method.mylearn_cognito_users_register_post",
            "aws_api_gateway_resource.mylearn_cognito_users_register",
            "aws_api_gateway_rest_api.mylearn"
          ]
        }
      ]
    },
    {
      "mode": "managed",
      "type": "aws_api_gateway_resource",
      "name": "mylearn_class_users",
      "provider": "provider[\"registry.terraform.io/hashicorp/aws\"]",
      "instances": [
        {
          "schema_version": 0,
          "attributes": {
            "id": "4j54q5",
            "parent_id": "yjmmg8u0sk",
            "path": "/classUsers",
            "path_part": "classUsers",
            "rest_api_id": "ui1cz1mvmi"
          },
          "sensitive_attributes": [],
          "private": "bnVsbA==",
          "dependencies": [
            "aws_api_gateway_rest_api.mylearn"
          ],
          "create_before_destroy": true
        }
      ]
    },
    {
      "mode": "managed",
      "type": "aws_api_gateway_resource",
      "name": "mylearn_classes",
      "provider": "provider[\"registry.terraform.io/hashicorp/aws\"]",
      "instances": [
        {
          "schema_version": 0,
          "attributes": {
            "id": "uo0tfq",
            "parent_id": "yjmmg8u0sk",
            "path": "/classes",
            "path_part": "classes",
            "rest_api_id": "ui1cz1mvmi"
          },
          "sensitive_attributes": [],
          "private": "bnVsbA==",
          "dependencies": [
            "aws_api_gateway_rest_api.mylearn"
          ],
          "create_before_destroy": true
        }
      ]
    },
    {
      "mode": "managed",
      "type": "aws_api_gateway_resource",
      "name": "mylearn_cognito_manage_groups",
      "provider": "provider[\"registry.terraform.io/hashicorp/aws\"]",
      "instances": [
        {
          "schema_version": 0,
          "attributes": {
            "id": "y1ybym",
            "parent_id": "yjmmg8u0sk",
            "path": "/manageGroups",
            "path_part": "manageGroups",
            "rest_api_id": "ui1cz1mvmi"
          },
          "sensitive_attributes": [],
          "private": "bnVsbA==",
          "dependencies": [
            "aws_api_gateway_rest_api.mylearn"
          ],
          "create_before_destroy": true
        }
      ]
    },
    {
      "mode": "managed",
      "type": "aws_api_gateway_resource",
      "name": "mylearn_cognito_users_login",
      "provider": "provider[\"registry.terraform.io/hashicorp/aws\"]",
      "instances": [
        {
          "schema_version": 0,
          "attributes": {
            "id": "13hwg7",
            "parent_id": "yjmmg8u0sk",
            "path": "/login",
            "path_part": "login",
            "rest_api_id": "ui1cz1mvmi"
          },
          "sensitive_attributes": [],
          "private": "bnVsbA==",
          "dependencies": [
            "aws_api_gateway_rest_api.mylearn"
          ],
          "create_before_destroy": true
        }
      ]
    },
    {
      "mode": "managed",
      "type": "aws_api_gateway_resource",
      "name": "mylearn_cognito_users_register",
      "provider": "provider[\"registry.terraform.io/hashicorp/aws\"]",
      "instances": [
        {
          "schema_version": 0,
          "attributes": {
            "id": "i4o9fl",
            "parent_id": "yjmmg8u0sk",
            "path": "/register",
            "path_part": "register",
            "rest_api_id": "ui1cz1mvmi"
          },
          "sensitive_attributes": [],
          "private": "bnVsbA==",
          "dependencies": [
            "aws_api_gateway_rest_api.mylearn"
          ]
        }
      ]
    },
    {
      "mode": "managed",
      "type": "aws_api_gateway_resource",
      "name": "mylearn_grades",
      "provider": "provider[\"registry.terraform.io/hashicorp/aws\"]",
      "instances": [
        {
          "schema_version": 0,
          "attributes": {
            "id": "9gmvmn",
            "parent_id": "yjmmg8u0sk",
            "path": "/grades",
            "path_part": "grades",
            "rest_api_id": "ui1cz1mvmi"
          },
          "sensitive_attributes": [],
          "private": "bnVsbA==",
          "dependencies": [
            "aws_api_gateway_rest_api.mylearn"
          ],
          "create_before_destroy": true
        }
      ]
    },
    {
      "mode": "managed",
      "type": "aws_api_gateway_resource",
      "name": "mylearn_me",
      "provider": "provider[\"registry.terraform.io/hashicorp/aws\"]",
      "instances": [
        {
          "schema_version": 0,
          "attributes": {
            "id": "83vkvj",
            "parent_id": "yjmmg8u0sk",
            "path": "/me",
            "path_part": "me",
            "rest_api_id": "ui1cz1mvmi"
          },
          "sensitive_attributes": [],
          "private": "bnVsbA==",
          "dependencies": [
            "aws_api_gateway_rest_api.mylearn"
          ]
        }
      ]
    },
    {
      "mode": "managed",
      "type": "aws_api_gateway_resource",
      "name": "mylearn_rest_chat",
      "provider": "provider[\"registry.terraform.io/hashicorp/aws\"]",
      "instances": [
        {
          "schema_version": 0,
          "attributes": {
            "id": "h30ax9",
            "parent_id": "yjmmg8u0sk",
            "path": "/messages",
            "path_part": "messages",
            "rest_api_id": "ui1cz1mvmi"
          },
          "sensitive_attributes": [],
          "private": "bnVsbA==",
          "dependencies": [
            "aws_api_gateway_rest_api.mylearn"
          ],
          "create_before_destroy": true
        }
      ]
    },
    {
      "mode": "managed",
      "type": "aws_api_gateway_resource",
      "name": "mylearn_rest_lessons",
      "provider": "provider[\"registry.terraform.io/hashicorp/aws\"]",
      "instances": [
        {
          "schema_version": 0,
          "attributes": {
            "id": "z4upg7",
            "parent_id": "yjmmg8u0sk",
            "path": "/slides",
            "path_part": "slides",
            "rest_api_id": "ui1cz1mvmi"
          },
          "sensitive_attributes": [],
          "private": "bnVsbA==",
          "dependencies": [
            "aws_api_gateway_rest_api.mylearn"
          ],
          "create_before_destroy": true
        }
      ]
    },
    {
      "mode": "managed",
      "type": "aws_api_gateway_resource",
      "name": "mylearn_rest_lessons_lessons",
      "provider": "provider[\"registry.terraform.io/hashicorp/aws\"]",
      "instances": [
        {
          "schema_version": 0,
          "attributes": {
            "id": "sayv0o",
            "parent_id": "yjmmg8u0sk",
            "path": "/lessons",
            "path_part": "lessons",
            "rest_api_id": "ui1cz1mvmi"
          },
          "sensitive_attributes": [],
          "private": "bnVsbA==",
          "dependencies": [
            "aws_api_gateway_rest_api.mylearn"
          ]
        }
      ]
    },
    {
      "mode": "managed",
      "type": "aws_api_gateway_resource",
      "name": "mylearn_s3_files",
      "provider": "provider[\"registry.terraform.io/hashicorp/aws\"]",
      "instances": [
        {
          "schema_version": 0,
          "attributes": {
            "id": "anq2bn",
            "parent_id": "yjmmg8u0sk",
            "path": "/files",
            "path_part": "files",
            "rest_api_id": "ui1cz1mvmi"
          },
          "sensitive_attributes": [],
          "private": "bnVsbA==",
          "dependencies": [
            "aws_api_gateway_rest_api.mylearn"
          ],
          "create_before_destroy": true
        }
      ]
    },
    {
      "mode": "managed",
      "type": "aws_api_gateway_resource",
      "name": "mylearn_s3_folders",
      "provider": "provider[\"registry.terraform.io/hashicorp/aws\"]",
      "instances": [
        {
          "schema_version": 0,
          "attributes": {
            "id": "i25lod",
            "parent_id": "yjmmg8u0sk",
            "path": "/folders",
            "path_part": "folders",
            "rest_api_id": "ui1cz1mvmi"
          },
          "sensitive_attributes": [],
          "private": "bnVsbA==",
          "dependencies": [
            "aws_api_gateway_rest_api.mylearn"
          ],
          "create_before_destroy": true
        }
      ]
    },
    {
      "mode": "managed",
      "type": "aws_api_gateway_resource",
      "name": "mylearn_tests_results",
      "provider": "provider[\"registry.terraform.io/hashicorp/aws\"]",
      "instances": [
        {
          "schema_version": 0,
          "attributes": {
            "id": "s7656r",
            "parent_id": "yjmmg8u0sk",
            "path": "/results",
            "path_part": "results",
            "rest_api_id": "ui1cz1mvmi"
          },
          "sensitive_attributes": [],
          "private": "bnVsbA==",
          "dependencies": [
            "aws_api_gateway_rest_api.mylearn"
          ],
          "create_before_destroy": true
        }
      ]
    },
    {
      "mode": "managed",
      "type": "aws_api_gateway_resource",
      "name": "mylearn_tests_tests",
      "provider": "provider[\"registry.terraform.io/hashicorp/aws\"]",
      "instances": [
        {
          "schema_version": 0,
          "attributes": {
            "id": "q47mmc",
            "parent_id": "yjmmg8u0sk",
            "path": "/tests",
            "path_part": "tests",
            "rest_api_id": "ui1cz1mvmi"
          },
          "sensitive_attributes": [],
          "private": "bnVsbA==",
          "dependencies": [
            "aws_api_gateway_rest_api.mylearn"
          ],
          "create_before_destroy": true
        }
      ]
    },
    {
      "mode": "managed",
      "type": "aws_api_gateway_resource",
      "name": "mylearn_users",
      "provider": "provider[\"registry.terraform.io/hashicorp/aws\"]",
      "instances": [
        {
          "schema_version": 0,
          "attributes": {
            "id": "vxc120",
            "parent_id": "yjmmg8u0sk",
            "path": "/users",
            "path_part": "users",
            "rest_api_id": "ui1cz1mvmi"
          },
          "sensitive_attributes": [],
          "private": "bnVsbA==",
          "dependencies": [
            "aws_api_gateway_rest_api.mylearn"
          ],
          "create_before_destroy": true
        }
      ]
    },
    {
      "mode": "managed",
      "type": "aws_api_gateway_rest_api",
      "name": "mylearn",
      "provider": "provider[\"registry.terraform.io/hashicorp/aws\"]",
      "instances": [
        {
          "schema_version": 0,
          "attributes": {
            "api_key_source": "HEADER",
            "arn": "arn:aws:apigateway:eu-central-1::/restapis/ui1cz1mvmi",
            "binary_media_types": [],
            "body": null,
            "created_date": "2022-09-07T16:42:03Z",
            "description": "REST API for master thesis service",
            "disable_execute_api_endpoint": false,
            "endpoint_configuration": [
              {
                "types": [
                  "REGIONAL"
                ],
                "vpc_endpoint_ids": []
              }
            ],
            "execution_arn": "arn:aws:execute-api:eu-central-1:949052962425:ui1cz1mvmi",
            "id": "ui1cz1mvmi",
            "minimum_compression_size": -1,
            "name": "mylearn-rest-api",
            "parameters": null,
            "policy": "",
            "root_resource_id": "yjmmg8u0sk",
            "tags": {},
            "tags_all": {}
          },
          "sensitive_attributes": [],
          "private": "bnVsbA==",
          "create_before_destroy": true
        }
      ]
    },
    {
      "mode": "managed",
      "type": "aws_api_gateway_rest_api",
      "name": "mylearn_s3",
      "provider": "provider[\"registry.terraform.io/hashicorp/aws\"]",
      "instances": [
        {
          "schema_version": 0,
          "attributes": {
            "api_key_source": "HEADER",
            "arn": "arn:aws:apigateway:eu-central-1::/restapis/0npdqx4v13",
            "binary_media_types": [
              "*/*"
            ],
            "body": "{\"components\":{\"schemas\":{\"Empty\":{\"title\":\"Empty Schema\",\"type\":\"object\"}},\"securitySchemes\":{\"jwt-authorizer-oauth\":{\"type\":\"oauth2\",\"x-amazon-apigateway-authorizer\":{\"identitySource\":\"$request.header.Authorization\",\"jwtConfiguration\":{\"audience\":[\"audience1\",\"audience2\"],\"issuer\":\"https://cognito-idp.region.amazonaws.com/userPoolId\"},\"type\":\"jwt\"}}}},\"info\":{\"title\":\"ApiName\",\"version\":\"2016-10-21T17:26:28Z\"},\"openapi\":\"3.0.0\",\"paths\":{\"/s3\":{\"get\":{\"parameters\":[{\"in\":\"query\",\"name\":\"key\",\"required\":false,\"schema\":{\"type\":\"string\"}}],\"responses\":{\"200\":{\"content\":{\"application/json\":{\"schema\":{\"$ref\":\"#/components/schemas/Empty\"}}},\"description\":\"200 response\",\"headers\":{\"Access-Control-Allow-Origin\":{\"schema\":{\"type\":\"string\"}}}},\"500\":{\"description\":\"500 response\",\"headers\":{\"Access-Control-Allow-Origin\":{\"schema\":{\"type\":\"string\"}}}}},\"x-amazon-apigateway-integration\":{\"credentials\":\"arn:aws:iam::949052962425:role/s3-content-gateway-eu-central-1\",\"httpMethod\":\"GET\",\"passthroughBehavior\":\"when_no_match\",\"requestParameters\":{\"integration.request.path.key\":\"method.request.querystring.key\"},\"responses\":{\"2\\\\d{2}\":{\"responseParameters\":{\"method.response.header.Access-Control-Allow-Origin\":\"'*'\"},\"statusCode\":\"200\"},\"default\":{\"responseParameters\":{\"method.response.header.Access-Control-Allow-Origin\":\"'*'\"},\"statusCode\":\"500\"}},\"type\":\"aws\",\"uri\":\"arn:aws:apigateway:eu-central-1:s3:path/{key}\"}},\"put\":{\"parameters\":[{\"in\":\"query\",\"name\":\"key\",\"required\":false,\"schema\":{\"type\":\"string\"}}],\"responses\":{\"200\":{\"content\":{\"application/json\":{\"schema\":{\"$ref\":\"#/components/schemas/Empty\"}},\"application/octet-stream\":{\"schema\":{\"$ref\":\"#/components/schemas/Empty\"}},\"headers\":{\"Access-Control-Allow-Origin\":{\"schema\":{\"type\":\"string\"}}}},\"description\":\"200 response\"},\"500\":{\"description\":\"500 response\",\"headers\":{\"Access-Control-Allow-Origin\":{\"schema\":{\"type\":\"string\"}}}}},\"x-amazon-apigateway-integration\":{\"contentHandling\":\"CONVERT_TO_BINARY\",\"credentials\":\"arn:aws:iam::949052962425:role/s3-content-gateway-eu-central-1\",\"httpMethod\":\"PUT\",\"passthroughBehavior\":\"when_no_match\",\"requestParameters\":{\"integration.request.path.key\":\"method.request.querystring.key\"},\"responses\":{\"2\\\\d{2}\":{\"responseParameters\":{\"method.response.header.Access-Control-Allow-Origin\":\"'*'\"},\"statusCode\":\"200\"},\"default\":{\"responseParameters\":{\"method.response.header.Access-Control-Allow-Origin\":\"'*'\"},\"statusCode\":\"500\"}},\"type\":\"aws\",\"uri\":\"arn:aws:apigateway:eu-central-1:s3:path/{key}\"}}}},\"x-amazon-apigateway-binary-media-types\":[\"*/*\"]}",
            "created_date": "2022-09-07T16:42:12Z",
            "description": "REST API fort S3 related stuff",
            "disable_execute_api_endpoint": false,
            "endpoint_configuration": [
              {
                "types": [
                  "EDGE"
                ],
                "vpc_endpoint_ids": []
              }
            ],
            "execution_arn": "arn:aws:execute-api:eu-central-1:949052962425:0npdqx4v13",
            "id": "0npdqx4v13",
            "minimum_compression_size": -1,
            "name": "mylearn-s3-api",
            "parameters": null,
            "policy": "",
            "root_resource_id": "gsr90s1dgi",
            "tags": {},
            "tags_all": {}
          },
          "sensitive_attributes": [],
          "private": "bnVsbA==",
          "dependencies": [
            "aws_iam_role.s3_content_gateway"
          ],
          "create_before_destroy": true
        }
      ]
    },
    {
      "mode": "managed",
      "type": "aws_api_gateway_stage",
      "name": "mylearn",
      "provider": "provider[\"registry.terraform.io/hashicorp/aws\"]",
      "instances": [
        {
          "schema_version": 0,
          "attributes": {
            "access_log_settings": [],
            "arn": "arn:aws:apigateway:eu-central-1::/restapis/ui1cz1mvmi/stages/test",
            "cache_cluster_enabled": false,
            "cache_cluster_size": "",
            "canary_settings": [],
            "client_certificate_id": "",
            "deployment_id": "09lhdy",
            "description": "",
            "documentation_version": "",
            "execution_arn": "arn:aws:execute-api:eu-central-1:949052962425:ui1cz1mvmi/test",
            "id": "ags-ui1cz1mvmi-test",
            "invoke_url": "https://ui1cz1mvmi.execute-api.eu-central-1.amazonaws.com/test",
            "rest_api_id": "ui1cz1mvmi",
            "stage_name": "test",
            "tags": null,
            "tags_all": {},
            "variables": null,
            "web_acl_arn": "",
            "xray_tracing_enabled": false
          },
          "sensitive_attributes": [],
          "private": "bnVsbA==",
          "dependencies": [
            "aws_api_gateway_deployment.mylearn",
            "aws_api_gateway_integration.mylearn_class_users_delete",
            "aws_api_gateway_integration.mylearn_class_users_get",
            "aws_api_gateway_integration.mylearn_class_users_post",
            "aws_api_gateway_integration.mylearn_classes_delete",
            "aws_api_gateway_integration.mylearn_classes_get",
            "aws_api_gateway_integration.mylearn_classes_post",
            "aws_api_gateway_integration.mylearn_cognito_manage_groups_post",
            "aws_api_gateway_integration.mylearn_cognito_users_login_post",
            "aws_api_gateway_integration.mylearn_grades_get",
            "aws_api_gateway_integration.mylearn_grades_post",
            "aws_api_gateway_integration.mylearn_rest_chat_get",
            "aws_api_gateway_integration.mylearn_rest_lessons_delete",
            "aws_api_gateway_integration.mylearn_rest_lessons_get",
            "aws_api_gateway_integration.mylearn_rest_lessons_post",
            "aws_api_gateway_integration.mylearn_s3_files_get",
            "aws_api_gateway_integration.mylearn_s3_folders_get",
            "aws_api_gateway_integration.mylearn_tests_results_get",
            "aws_api_gateway_integration.mylearn_tests_results_post",
            "aws_api_gateway_integration.mylearn_tests_tests_delete",
            "aws_api_gateway_integration.mylearn_tests_tests_get",
            "aws_api_gateway_integration.mylearn_tests_tests_post",
            "aws_api_gateway_integration.mylearn_users_get",
            "aws_api_gateway_rest_api.mylearn"
          ]
        }
      ]
    },
    {
      "mode": "managed",
      "type": "aws_apigatewayv2_api",
      "name": "chat_api",
      "provider": "provider[\"registry.terraform.io/hashicorp/aws\"]",
      "instances": [
        {
          "schema_version": 0,
          "attributes": {
            "api_endpoint": "wss://t1z14v2l88.execute-api.eu-central-1.amazonaws.com",
            "api_key_selection_expression": "$request.header.x-api-key",
            "arn": "arn:aws:apigateway:eu-central-1::/apis/t1z14v2l88",
            "body": null,
            "cors_configuration": [],
            "credentials_arn": null,
            "description": "Websocket API for chat service",
            "disable_execute_api_endpoint": false,
            "execution_arn": "arn:aws:execute-api:eu-central-1:949052962425:t1z14v2l88",
            "fail_on_warnings": null,
            "id": "t1z14v2l88",
            "name": "mylearn-chat-websocket-api",
            "protocol_type": "WEBSOCKET",
            "route_key": null,
            "route_selection_expression": "$request.body.action",
            "tags": {},
            "tags_all": {},
            "target": null,
            "version": ""
          },
          "sensitive_attributes": [],
          "private": "bnVsbA==",
          "create_before_destroy": true
        }
      ]
    },
    {
      "mode": "managed",
      "type": "aws_apigatewayv2_api",
      "name": "mylearn_lessons_api",
      "provider": "provider[\"registry.terraform.io/hashicorp/aws\"]",
      "instances": [
        {
          "schema_version": 0,
          "attributes": {
            "api_endpoint": "wss://trm0lf808k.execute-api.eu-central-1.amazonaws.com",
            "api_key_selection_expression": "$request.header.x-api-key",
            "arn": "arn:aws:apigateway:eu-central-1::/apis/trm0lf808k",
            "body": null,
            "cors_configuration": [],
            "credentials_arn": null,
            "description": "Websocket API for lessons service",
            "disable_execute_api_endpoint": false,
            "execution_arn": "arn:aws:execute-api:eu-central-1:949052962425:trm0lf808k",
            "fail_on_warnings": null,
            "id": "trm0lf808k",
            "name": "mylearn-lessons-websocket-api",
            "protocol_type": "WEBSOCKET",
            "route_key": null,
            "route_selection_expression": "$request.body.action",
            "tags": {},
            "tags_all": {},
            "target": null,
            "version": ""
          },
          "sensitive_attributes": [],
          "private": "bnVsbA==",
          "create_before_destroy": true
        }
      ]
    },
    {
      "mode": "managed",
      "type": "aws_apigatewayv2_deployment",
      "name": "chat",
      "provider": "provider[\"registry.terraform.io/hashicorp/aws\"]",
      "instances": [
        {
          "schema_version": 0,
          "attributes": {
            "api_id": "t1z14v2l88",
            "auto_deployed": false,
            "description": "Example deployment",
            "id": "kajo7u",
            "triggers": null
          },
          "sensitive_attributes": [],
          "private": "bnVsbA==",
          "dependencies": [
            "aws_apigatewayv2_api.chat_api",
            "aws_apigatewayv2_integration.chat_connect",
            "aws_apigatewayv2_integration.chat_default",
            "aws_apigatewayv2_integration.chat_disconnect",
            "aws_apigatewayv2_route.chat_connect",
            "aws_apigatewayv2_route.chat_default",
            "aws_apigatewayv2_route.chat_disconnect",
            "aws_cognito_user_pool.mylearn",
            "aws_dynamodb_table.chat_connections",
            "aws_dynamodb_table.chat_messages",
            "aws_dynamodb_table.cognito_users",
            "aws_iam_role.cognito_after_register",
            "aws_iam_role.mylearn_chat",
            "aws_lambda_function.chat_lambda",
            "aws_lambda_function.cognito_after_register"
          ],
          "create_before_destroy": true
        }
      ]
    },
    {
      "mode": "managed",
      "type": "aws_apigatewayv2_deployment",
      "name": "mylearn_lessons_api",
      "provider": "provider[\"registry.terraform.io/hashicorp/aws\"]",
      "instances": [
        {
          "schema_version": 0,
          "attributes": {
            "api_id": "trm0lf808k",
            "auto_deployed": false,
            "description": "Example deployment",
            "id": "km7zyu",
            "triggers": null
          },
          "sensitive_attributes": [],
          "private": "bnVsbA==",
          "dependencies": [
            "aws_apigatewayv2_api.mylearn_lessons_api",
            "aws_apigatewayv2_integration.mylearn_lessons_connect",
            "aws_apigatewayv2_integration.mylearn_lessons_default",
            "aws_apigatewayv2_integration.mylearn_lessons_disconnect",
            "aws_apigatewayv2_route.mylearn_lessons_connect",
            "aws_apigatewayv2_route.mylearn_lessons_default",
            "aws_apigatewayv2_route.mylearn_lessons_disconnect",
            "aws_cognito_user_pool.mylearn",
            "aws_dynamodb_table.cognito_users",
            "aws_dynamodb_table.mylearn_lessons",
            "aws_dynamodb_table.mylearn_lessons_connections",
            "aws_iam_role.cognito_after_register",
            "aws_iam_role.mylearn_lessons",
            "aws_lambda_function.cognito_after_register",
            "aws_lambda_function.lessons_websocket_lambda"
          ],
          "create_before_destroy": true
        }
      ]
    },
    {
      "mode": "managed",
      "type": "aws_apigatewayv2_integration",
      "name": "chat_connect",
      "provider": "provider[\"registry.terraform.io/hashicorp/aws\"]",
      "instances": [
        {
          "schema_version": 0,
          "attributes": {
            "api_id": "t1z14v2l88",
            "connection_id": "",
            "connection_type": "INTERNET",
            "content_handling_strategy": "",
            "credentials_arn": "",
            "description": "",
            "id": "aw0u5ig",
            "integration_method": "POST",
            "integration_response_selection_expression": "",
            "integration_subtype": "",
            "integration_type": "AWS_PROXY",
            "integration_uri": "arn:aws:apigateway:eu-central-1:lambda:path/2015-03-31/functions/arn:aws:lambda:eu-central-1:949052962425:function:chat-websocket-lambda/invocations",
            "passthrough_behavior": "WHEN_NO_MATCH",
            "payload_format_version": "1.0",
            "request_parameters": {},
            "request_templates": {},
            "response_parameters": [],
            "template_selection_expression": "",
            "timeout_milliseconds": 29000,
            "tls_config": []
          },
          "sensitive_attributes": [],
          "private": "bnVsbA==",
          "dependencies": [
            "aws_apigatewayv2_api.chat_api",
            "aws_cognito_user_pool.mylearn",
            "aws_dynamodb_table.chat_connections",
            "aws_dynamodb_table.chat_messages",
            "aws_dynamodb_table.cognito_users",
            "aws_iam_role.cognito_after_register",
            "aws_iam_role.mylearn_chat",
            "aws_lambda_function.chat_lambda",
            "aws_lambda_function.cognito_after_register"
          ],
          "create_before_destroy": true
        }
      ]
    },
    {
      "mode": "managed",
      "type": "aws_apigatewayv2_integration",
      "name": "chat_default",
      "provider": "provider[\"registry.terraform.io/hashicorp/aws\"]",
      "instances": [
        {
          "schema_version": 0,
          "attributes": {
            "api_id": "t1z14v2l88",
            "connection_id": "",
            "connection_type": "INTERNET",
            "content_handling_strategy": "",
            "credentials_arn": "",
            "description": "",
            "id": "8fka6lt",
            "integration_method": "POST",
            "integration_response_selection_expression": "",
            "integration_subtype": "",
            "integration_type": "AWS_PROXY",
            "integration_uri": "arn:aws:apigateway:eu-central-1:lambda:path/2015-03-31/functions/arn:aws:lambda:eu-central-1:949052962425:function:chat-websocket-lambda/invocations",
            "passthrough_behavior": "WHEN_NO_MATCH",
            "payload_format_version": "1.0",
            "request_parameters": {},
            "request_templates": {},
            "response_parameters": [],
            "template_selection_expression": "",
            "timeout_milliseconds": 29000,
            "tls_config": []
          },
          "sensitive_attributes": [],
          "private": "bnVsbA==",
          "dependencies": [
            "aws_apigatewayv2_api.chat_api",
            "aws_cognito_user_pool.mylearn",
            "aws_dynamodb_table.chat_connections",
            "aws_dynamodb_table.chat_messages",
            "aws_dynamodb_table.cognito_users",
            "aws_iam_role.cognito_after_register",
            "aws_iam_role.mylearn_chat",
            "aws_lambda_function.chat_lambda",
            "aws_lambda_function.cognito_after_register"
          ],
          "create_before_destroy": true
        }
      ]
    },
    {
      "mode": "managed",
      "type": "aws_apigatewayv2_integration",
      "name": "chat_disconnect",
      "provider": "provider[\"registry.terraform.io/hashicorp/aws\"]",
      "instances": [
        {
          "schema_version": 0,
          "attributes": {
            "api_id": "t1z14v2l88",
            "connection_id": "",
            "connection_type": "INTERNET",
            "content_handling_strategy": "",
            "credentials_arn": "",
            "description": "",
            "id": "k5kroch",
            "integration_method": "POST",
            "integration_response_selection_expression": "",
            "integration_subtype": "",
            "integration_type": "AWS_PROXY",
            "integration_uri": "arn:aws:apigateway:eu-central-1:lambda:path/2015-03-31/functions/arn:aws:lambda:eu-central-1:949052962425:function:chat-websocket-lambda/invocations",
            "passthrough_behavior": "WHEN_NO_MATCH",
            "payload_format_version": "1.0",
            "request_parameters": {},
            "request_templates": {},
            "response_parameters": [],
            "template_selection_expression": "",
            "timeout_milliseconds": 29000,
            "tls_config": []
          },
          "sensitive_attributes": [],
          "private": "bnVsbA==",
          "dependencies": [
            "aws_apigatewayv2_api.chat_api",
            "aws_cognito_user_pool.mylearn",
            "aws_dynamodb_table.chat_connections",
            "aws_dynamodb_table.chat_messages",
            "aws_dynamodb_table.cognito_users",
            "aws_iam_role.cognito_after_register",
            "aws_iam_role.mylearn_chat",
            "aws_lambda_function.chat_lambda",
            "aws_lambda_function.cognito_after_register"
          ],
          "create_before_destroy": true
        }
      ]
    },
    {
      "mode": "managed",
      "type": "aws_apigatewayv2_integration",
      "name": "mylearn_lessons_connect",
      "provider": "provider[\"registry.terraform.io/hashicorp/aws\"]",
      "instances": [
        {
          "schema_version": 0,
          "attributes": {
            "api_id": "trm0lf808k",
            "connection_id": "",
            "connection_type": "INTERNET",
            "content_handling_strategy": "",
            "credentials_arn": "",
            "description": "",
            "id": "p52ea7v",
            "integration_method": "POST",
            "integration_response_selection_expression": "",
            "integration_subtype": "",
            "integration_type": "AWS_PROXY",
            "integration_uri": "arn:aws:apigateway:eu-central-1:lambda:path/2015-03-31/functions/arn:aws:lambda:eu-central-1:949052962425:function:lesson-websocket-lambda/invocations",
            "passthrough_behavior": "WHEN_NO_MATCH",
            "payload_format_version": "1.0",
            "request_parameters": {},
            "request_templates": {},
            "response_parameters": [],
            "template_selection_expression": "",
            "timeout_milliseconds": 29000,
            "tls_config": []
          },
          "sensitive_attributes": [],
          "private": "bnVsbA==",
          "dependencies": [
            "aws_apigatewayv2_api.mylearn_lessons_api",
            "aws_cognito_user_pool.mylearn",
            "aws_dynamodb_table.cognito_users",
            "aws_dynamodb_table.mylearn_lessons",
            "aws_dynamodb_table.mylearn_lessons_connections",
            "aws_iam_role.cognito_after_register",
            "aws_iam_role.mylearn_lessons",
            "aws_lambda_function.cognito_after_register",
            "aws_lambda_function.lessons_websocket_lambda"
          ],
          "create_before_destroy": true
        }
      ]
    },
    {
      "mode": "managed",
      "type": "aws_apigatewayv2_integration",
      "name": "mylearn_lessons_default",
      "provider": "provider[\"registry.terraform.io/hashicorp/aws\"]",
      "instances": [
        {
          "schema_version": 0,
          "attributes": {
            "api_id": "trm0lf808k",
            "connection_id": "",
            "connection_type": "INTERNET",
            "content_handling_strategy": "",
            "credentials_arn": "",
            "description": "",
            "id": "89dzrrs",
            "integration_method": "POST",
            "integration_response_selection_expression": "",
            "integration_subtype": "",
            "integration_type": "AWS_PROXY",
            "integration_uri": "arn:aws:apigateway:eu-central-1:lambda:path/2015-03-31/functions/arn:aws:lambda:eu-central-1:949052962425:function:lesson-websocket-lambda/invocations",
            "passthrough_behavior": "WHEN_NO_MATCH",
            "payload_format_version": "1.0",
            "request_parameters": {},
            "request_templates": {},
            "response_parameters": [],
            "template_selection_expression": "",
            "timeout_milliseconds": 29000,
            "tls_config": []
          },
          "sensitive_attributes": [],
          "private": "bnVsbA==",
          "dependencies": [
            "aws_apigatewayv2_api.mylearn_lessons_api",
            "aws_cognito_user_pool.mylearn",
            "aws_dynamodb_table.cognito_users",
            "aws_dynamodb_table.mylearn_lessons",
            "aws_dynamodb_table.mylearn_lessons_connections",
            "aws_iam_role.cognito_after_register",
            "aws_iam_role.mylearn_lessons",
            "aws_lambda_function.cognito_after_register",
            "aws_lambda_function.lessons_websocket_lambda"
          ],
          "create_before_destroy": true
        }
      ]
    },
    {
      "mode": "managed",
      "type": "aws_apigatewayv2_integration",
      "name": "mylearn_lessons_disconnect",
      "provider": "provider[\"registry.terraform.io/hashicorp/aws\"]",
      "instances": [
        {
          "schema_version": 0,
          "attributes": {
            "api_id": "trm0lf808k",
            "connection_id": "",
            "connection_type": "INTERNET",
            "content_handling_strategy": "",
            "credentials_arn": "",
            "description": "",
            "id": "umfjnw0",
            "integration_method": "POST",
            "integration_response_selection_expression": "",
            "integration_subtype": "",
            "integration_type": "AWS_PROXY",
            "integration_uri": "arn:aws:apigateway:eu-central-1:lambda:path/2015-03-31/functions/arn:aws:lambda:eu-central-1:949052962425:function:lesson-websocket-lambda/invocations",
            "passthrough_behavior": "WHEN_NO_MATCH",
            "payload_format_version": "1.0",
            "request_parameters": {},
            "request_templates": {},
            "response_parameters": [],
            "template_selection_expression": "",
            "timeout_milliseconds": 29000,
            "tls_config": []
          },
          "sensitive_attributes": [],
          "private": "bnVsbA==",
          "dependencies": [
            "aws_apigatewayv2_api.mylearn_lessons_api",
            "aws_cognito_user_pool.mylearn",
            "aws_dynamodb_table.cognito_users",
            "aws_dynamodb_table.mylearn_lessons",
            "aws_dynamodb_table.mylearn_lessons_connections",
            "aws_iam_role.cognito_after_register",
            "aws_iam_role.mylearn_lessons",
            "aws_lambda_function.cognito_after_register",
            "aws_lambda_function.lessons_websocket_lambda"
          ],
          "create_before_destroy": true
        }
      ]
    },
    {
      "mode": "managed",
      "type": "aws_apigatewayv2_route",
      "name": "chat_connect",
      "provider": "provider[\"registry.terraform.io/hashicorp/aws\"]",
      "instances": [
        {
          "schema_version": 0,
          "attributes": {
            "api_id": "t1z14v2l88",
            "api_key_required": false,
            "authorization_scopes": [],
            "authorization_type": "NONE",
            "authorizer_id": "",
            "id": "eo9kd8l",
            "model_selection_expression": "",
            "operation_name": "",
            "request_models": {},
            "request_parameter": [],
            "route_key": "$connect",
            "route_response_selection_expression": "",
            "target": "integrations/aw0u5ig"
          },
          "sensitive_attributes": [],
          "private": "bnVsbA==",
          "dependencies": [
            "aws_apigatewayv2_api.chat_api",
            "aws_apigatewayv2_integration.chat_connect",
            "aws_cognito_user_pool.mylearn",
            "aws_dynamodb_table.chat_connections",
            "aws_dynamodb_table.chat_messages",
            "aws_dynamodb_table.cognito_users",
            "aws_iam_role.cognito_after_register",
            "aws_iam_role.mylearn_chat",
            "aws_lambda_function.chat_lambda",
            "aws_lambda_function.cognito_after_register"
          ],
          "create_before_destroy": true
        }
      ]
    },
    {
      "mode": "managed",
      "type": "aws_apigatewayv2_route",
      "name": "chat_default",
      "provider": "provider[\"registry.terraform.io/hashicorp/aws\"]",
      "instances": [
        {
          "schema_version": 0,
          "attributes": {
            "api_id": "t1z14v2l88",
            "api_key_required": false,
            "authorization_scopes": [],
            "authorization_type": "NONE",
            "authorizer_id": "",
            "id": "0ncz7us",
            "model_selection_expression": "",
            "operation_name": "",
            "request_models": {},
            "request_parameter": [],
            "route_key": "$default",
            "route_response_selection_expression": "",
            "target": "integrations/8fka6lt"
          },
          "sensitive_attributes": [],
          "private": "bnVsbA==",
          "dependencies": [
            "aws_apigatewayv2_api.chat_api",
            "aws_apigatewayv2_integration.chat_default",
            "aws_cognito_user_pool.mylearn",
            "aws_dynamodb_table.chat_connections",
            "aws_dynamodb_table.chat_messages",
            "aws_dynamodb_table.cognito_users",
            "aws_iam_role.cognito_after_register",
            "aws_iam_role.mylearn_chat",
            "aws_lambda_function.chat_lambda",
            "aws_lambda_function.cognito_after_register"
          ],
          "create_before_destroy": true
        }
      ]
    },
    {
      "mode": "managed",
      "type": "aws_apigatewayv2_route",
      "name": "chat_disconnect",
      "provider": "provider[\"registry.terraform.io/hashicorp/aws\"]",
      "instances": [
        {
          "schema_version": 0,
          "attributes": {
            "api_id": "t1z14v2l88",
            "api_key_required": false,
            "authorization_scopes": [],
            "authorization_type": "NONE",
            "authorizer_id": "",
            "id": "lpro3os",
            "model_selection_expression": "",
            "operation_name": "",
            "request_models": {},
            "request_parameter": [],
            "route_key": "$disconnect",
            "route_response_selection_expression": "",
            "target": "integrations/k5kroch"
          },
          "sensitive_attributes": [],
          "private": "bnVsbA==",
          "dependencies": [
            "aws_apigatewayv2_api.chat_api",
            "aws_apigatewayv2_integration.chat_disconnect",
            "aws_cognito_user_pool.mylearn",
            "aws_dynamodb_table.chat_connections",
            "aws_dynamodb_table.chat_messages",
            "aws_dynamodb_table.cognito_users",
            "aws_iam_role.cognito_after_register",
            "aws_iam_role.mylearn_chat",
            "aws_lambda_function.chat_lambda",
            "aws_lambda_function.cognito_after_register"
          ],
          "create_before_destroy": true
        }
      ]
    },
    {
      "mode": "managed",
      "type": "aws_apigatewayv2_route",
      "name": "mylearn_lessons_connect",
      "provider": "provider[\"registry.terraform.io/hashicorp/aws\"]",
      "instances": [
        {
          "schema_version": 0,
          "attributes": {
            "api_id": "trm0lf808k",
            "api_key_required": false,
            "authorization_scopes": [],
            "authorization_type": "NONE",
            "authorizer_id": "",
            "id": "cb35gp6",
            "model_selection_expression": "",
            "operation_name": "",
            "request_models": {},
            "request_parameter": [],
            "route_key": "$connect",
            "route_response_selection_expression": "",
            "target": "integrations/p52ea7v"
          },
          "sensitive_attributes": [],
          "private": "bnVsbA==",
          "dependencies": [
            "aws_apigatewayv2_api.mylearn_lessons_api",
            "aws_apigatewayv2_integration.mylearn_lessons_connect",
            "aws_cognito_user_pool.mylearn",
            "aws_dynamodb_table.cognito_users",
            "aws_dynamodb_table.mylearn_lessons",
            "aws_dynamodb_table.mylearn_lessons_connections",
            "aws_iam_role.cognito_after_register",
            "aws_iam_role.mylearn_lessons",
            "aws_lambda_function.cognito_after_register",
            "aws_lambda_function.lessons_websocket_lambda"
          ],
          "create_before_destroy": true
        }
      ]
    },
    {
      "mode": "managed",
      "type": "aws_apigatewayv2_route",
      "name": "mylearn_lessons_default",
      "provider": "provider[\"registry.terraform.io/hashicorp/aws\"]",
      "instances": [
        {
          "schema_version": 0,
          "attributes": {
            "api_id": "trm0lf808k",
            "api_key_required": false,
            "authorization_scopes": [],
            "authorization_type": "NONE",
            "authorizer_id": "",
            "id": "kalkcdt",
            "model_selection_expression": "",
            "operation_name": "",
            "request_models": {},
            "request_parameter": [],
            "route_key": "$default",
            "route_response_selection_expression": "",
            "target": "integrations/89dzrrs"
          },
          "sensitive_attributes": [],
          "private": "bnVsbA==",
          "dependencies": [
            "aws_apigatewayv2_api.mylearn_lessons_api",
            "aws_apigatewayv2_integration.mylearn_lessons_default",
            "aws_cognito_user_pool.mylearn",
            "aws_dynamodb_table.cognito_users",
            "aws_dynamodb_table.mylearn_lessons",
            "aws_dynamodb_table.mylearn_lessons_connections",
            "aws_iam_role.cognito_after_register",
            "aws_iam_role.mylearn_lessons",
            "aws_lambda_function.cognito_after_register",
            "aws_lambda_function.lessons_websocket_lambda"
          ],
          "create_before_destroy": true
        }
      ]
    },
    {
      "mode": "managed",
      "type": "aws_apigatewayv2_route",
      "name": "mylearn_lessons_disconnect",
      "provider": "provider[\"registry.terraform.io/hashicorp/aws\"]",
      "instances": [
        {
          "schema_version": 0,
          "attributes": {
            "api_id": "trm0lf808k",
            "api_key_required": false,
            "authorization_scopes": [],
            "authorization_type": "NONE",
            "authorizer_id": "",
            "id": "d06n2hd",
            "model_selection_expression": "",
            "operation_name": "",
            "request_models": {},
            "request_parameter": [],
            "route_key": "$disconnect",
            "route_response_selection_expression": "",
            "target": "integrations/umfjnw0"
          },
          "sensitive_attributes": [],
          "private": "bnVsbA==",
          "dependencies": [
            "aws_apigatewayv2_api.mylearn_lessons_api",
            "aws_apigatewayv2_integration.mylearn_lessons_disconnect",
            "aws_cognito_user_pool.mylearn",
            "aws_dynamodb_table.cognito_users",
            "aws_dynamodb_table.mylearn_lessons",
            "aws_dynamodb_table.mylearn_lessons_connections",
            "aws_iam_role.cognito_after_register",
            "aws_iam_role.mylearn_lessons",
            "aws_lambda_function.cognito_after_register",
            "aws_lambda_function.lessons_websocket_lambda"
          ],
          "create_before_destroy": true
        }
      ]
    },
    {
      "mode": "managed",
      "type": "aws_apigatewayv2_stage",
      "name": "chat_api",
      "provider": "provider[\"registry.terraform.io/hashicorp/aws\"]",
      "instances": [
        {
          "schema_version": 0,
          "attributes": {
            "access_log_settings": [],
            "api_id": "t1z14v2l88",
            "arn": "arn:aws:apigateway:eu-central-1::/apis/t1z14v2l88/stages/test",
            "auto_deploy": false,
            "client_certificate_id": "",
            "default_route_settings": [
              {
                "data_trace_enabled": false,
                "detailed_metrics_enabled": false,
                "logging_level": "OFF",
                "throttling_burst_limit": 0,
                "throttling_rate_limit": 0
              }
            ],
            "deployment_id": "",
            "description": "",
            "execution_arn": "arn:aws:execute-api:eu-central-1:949052962425:t1z14v2l88/test",
            "id": "test",
            "invoke_url": "wss://t1z14v2l88.execute-api.eu-central-1.amazonaws.com/test",
            "name": "test",
            "route_settings": [],
            "stage_variables": {},
            "tags": {},
            "tags_all": {}
          },
          "sensitive_attributes": [],
          "private": "bnVsbA==",
          "dependencies": [
            "aws_apigatewayv2_api.chat_api"
          ]
        }
      ]
    },
    {
      "mode": "managed",
      "type": "aws_apigatewayv2_stage",
      "name": "mylearn_lessons_api",
      "provider": "provider[\"registry.terraform.io/hashicorp/aws\"]",
      "instances": [
        {
          "schema_version": 0,
          "attributes": {
            "access_log_settings": [],
            "api_id": "trm0lf808k",
            "arn": "arn:aws:apigateway:eu-central-1::/apis/trm0lf808k/stages/test",
            "auto_deploy": false,
            "client_certificate_id": "",
            "default_route_settings": [
              {
                "data_trace_enabled": false,
                "detailed_metrics_enabled": false,
                "logging_level": "OFF",
                "throttling_burst_limit": 0,
                "throttling_rate_limit": 0
              }
            ],
            "deployment_id": "",
            "description": "",
            "execution_arn": "arn:aws:execute-api:eu-central-1:949052962425:trm0lf808k/test",
            "id": "test",
            "invoke_url": "wss://trm0lf808k.execute-api.eu-central-1.amazonaws.com/test",
            "name": "test",
            "route_settings": [],
            "stage_variables": {},
            "tags": {},
            "tags_all": {}
          },
          "sensitive_attributes": [],
          "private": "bnVsbA==",
          "dependencies": [
            "aws_apigatewayv2_api.mylearn_lessons_api"
          ]
        }
      ]
    },
    {
      "mode": "managed",
      "type": "aws_autoscaling_group",
      "name": "main",
      "provider": "provider[\"registry.terraform.io/hashicorp/aws\"]",
      "instances": [
        {
          "schema_version": 0,
          "attributes": {
            "arn": "arn:aws:autoscaling:eu-central-1:949052962425:autoScalingGroup:16ae873f-880c-4947-a2da-3f6ed8654a06:autoScalingGroupName/asg",
            "availability_zones": [
              "eu-central-1a",
              "eu-central-1b",
              "eu-central-1c"
            ],
            "capacity_rebalance": false,
            "default_cooldown": 300,
            "desired_capacity": 1,
            "enabled_metrics": [],
            "force_delete": false,
            "force_delete_warm_pool": false,
            "health_check_grace_period": 300,
            "health_check_type": "EC2",
            "id": "asg",
            "initial_lifecycle_hook": [],
            "instance_refresh": [],
            "launch_configuration": "terraform-20220907164214733900000003",
            "launch_template": [],
            "load_balancers": [],
            "max_instance_lifetime": 0,
            "max_size": 1,
            "metrics_granularity": "1Minute",
            "min_elb_capacity": null,
            "min_size": 1,
            "mixed_instances_policy": [],
            "name": "asg",
            "name_prefix": "",
            "placement_group": "",
            "protect_from_scale_in": true,
            "service_linked_role_arn": "arn:aws:iam::949052962425:role/aws-service-role/autoscaling.amazonaws.com/AWSServiceRoleForAutoScaling",
            "suspended_processes": [],
            "tag": [],
            "tags": null,
            "target_group_arns": [
              "arn:aws:elasticloadbalancing:eu-central-1:949052962425:targetgroup/tf-example-lb-alb-tg/f4e48bc23bee737e"
            ],
            "termination_policies": [],
            "timeouts": null,
            "vpc_zone_identifier": [],
            "wait_for_capacity_timeout": "10m",
            "wait_for_elb_capacity": null,
            "warm_pool": []
          },
          "sensitive_attributes": [],
          "private": "eyJlMmJmYjczMC1lY2FhLTExZTYtOGY4OC0zNDM2M2JjN2M0YzAiOnsiZGVsZXRlIjo2MDAwMDAwMDAwMDB9fQ==",
          "dependencies": [
            "aws_iam_instance_profile.ecs_agent",
            "aws_iam_role.main",
            "aws_launch_configuration.main",
            "aws_lb_target_group.mylearn",
            "aws_security_group.mylearn",
            "data.aws_availability_zones.availability_zones",
            "data.aws_iam_policy_document.main",
            "data.aws_vpc.default"
          ]
        }
      ]
    },
    {
      "mode": "managed",
      "type": "aws_budgets_budget",
      "name": "mylearn",
      "provider": "provider[\"registry.terraform.io/hashicorp/aws\"]",
      "instances": [
        {
          "schema_version": 0,
          "attributes": {
            "account_id": "949052962425",
            "arn": "arn:aws:budgets::949052962425:budget/mylearn-monthly-budget",
            "budget_type": "COST",
            "cost_filter": [],
            "cost_filters": {},
            "cost_types": [
              {
                "include_credit": true,
                "include_discount": true,
                "include_other_subscription": true,
                "include_recurring": true,
                "include_refund": true,
                "include_subscription": true,
                "include_support": true,
                "include_tax": true,
                "include_upfront": true,
                "use_amortized": false,
                "use_blended": false
              }
            ],
            "id": "949052962425:mylearn-monthly-budget",
            "limit_amount": "2.0",
            "limit_unit": "USD",
            "name": "mylearn-monthly-budget",
            "name_prefix": "",
            "notification": [
              {
                "comparison_operator": "GREATER_THAN",
                "notification_type": "FORECASTED",
                "subscriber_email_addresses": [
                  "marek.nowak31254@gmail.com",
                  "mark-now@wp.pl",
                  "mark.now997@gmail.com"
                ],
                "subscriber_sns_topic_arns": [],
                "threshold": 50,
                "threshold_type": "PERCENTAGE"
              }
            ],
            "time_period_end": "2087-06-15_00:00",
            "time_period_start": "2020-02-20_00:01",
            "time_unit": "MONTHLY"
          },
          "sensitive_attributes": [],
          "private": "bnVsbA=="
        }
      ]
    },
    {
      "mode": "managed",
      "type": "aws_cloudfront_distribution",
      "name": "mylearn",
      "provider": "provider[\"registry.terraform.io/hashicorp/aws\"]",
      "instances": [
        {
          "schema_version": 1,
          "attributes": {
            "aliases": [],
            "arn": "arn:aws:cloudfront::949052962425:distribution/ETYXMF8MY6X84",
            "caller_reference": "terraform-2022090716450321620000000b",
            "comment": null,
            "custom_error_response": [],
            "default_cache_behavior": [
              {
                "allowed_methods": [
                  "DELETE",
                  "GET",
                  "HEAD",
                  "OPTIONS",
                  "PATCH",
                  "POST",
                  "PUT"
                ],
                "cache_policy_id": "4135ea2d-6df8-44a3-9df3-4b5a84be39ad",
                "cached_methods": [
                  "GET",
                  "HEAD"
                ],
                "compress": false,
                "default_ttl": 0,
                "field_level_encryption_id": "",
                "forwarded_values": [],
                "function_association": [],
                "lambda_function_association": [],
                "max_ttl": 0,
                "min_ttl": 0,
                "origin_request_policy_id": "",
                "realtime_log_config_arn": "",
                "response_headers_policy_id": "",
                "smooth_streaming": false,
                "target_origin_id": "mylearn-alb-d534028bfe085974.elb.eu-central-1.amazonaws.com",
                "trusted_key_groups": [],
                "trusted_signers": [],
                "viewer_protocol_policy": "redirect-to-https"
              }
            ],
            "default_root_object": "",
            "domain_name": "d2bspd84n816nz.cloudfront.net",
            "enabled": true,
            "etag": "E2PWU9UY49TAHZ",
            "hosted_zone_id": "Z2FDTNDATAQYW2",
            "http_version": "http2",
            "id": "ETYXMF8MY6X84",
            "in_progress_validation_batches": 0,
            "is_ipv6_enabled": false,
            "last_modified_time": "2022-09-07 16:45:03.852 +0000 UTC",
            "logging_config": [],
            "ordered_cache_behavior": [],
            "origin": [
              {
                "connection_attempts": 3,
                "connection_timeout": 10,
                "custom_header": [],
                "custom_origin_config": [
                  {
                    "http_port": 80,
                    "https_port": 443,
                    "origin_keepalive_timeout": 5,
                    "origin_protocol_policy": "http-only",
                    "origin_read_timeout": 30,
                    "origin_ssl_protocols": [
                      "TLSv1"
                    ]
                  }
                ],
                "domain_name": "mylearn-alb-d534028bfe085974.elb.eu-central-1.amazonaws.com",
                "origin_id": "mylearn-alb-d534028bfe085974.elb.eu-central-1.amazonaws.com",
                "origin_path": "",
                "origin_shield": [],
                "s3_origin_config": []
              }
            ],
            "origin_group": [],
            "price_class": "PriceClass_All",
            "restrictions": [
              {
                "geo_restriction": [
                  {
                    "locations": [],
                    "restriction_type": "none"
                  }
                ]
              }
            ],
            "retain_on_delete": false,
            "status": "Deployed",
            "tags": {},
            "tags_all": {},
            "trusted_key_groups": [
              {
                "enabled": false,
                "items": []
              }
            ],
            "trusted_signers": [
              {
                "enabled": false,
                "items": []
              }
            ],
            "viewer_certificate": [
              {
                "acm_certificate_arn": "",
                "cloudfront_default_certificate": true,
                "iam_certificate_id": "",
                "minimum_protocol_version": "TLSv1",
                "ssl_support_method": ""
              }
            ],
            "wait_for_deployment": true,
            "web_acl_id": ""
          },
          "sensitive_attributes": [],
          "private": "eyJzY2hlbWFfdmVyc2lvbiI6IjEifQ==",
          "dependencies": [
            "aws_lb.mylearn",
            "data.aws_cloudfront_cache_policy.caching_disabled",
            "data.aws_subnet.default_subnet_list",
            "data.aws_subnet_ids.default_subnets_ids",
            "data.aws_vpc.default"
          ]
        }
      ]
    },
    {
      "mode": "managed",
      "type": "aws_cognito_user_group",
      "name": "admins",
      "provider": "provider[\"registry.terraform.io/hashicorp/aws\"]",
      "instances": [
        {
          "schema_version": 0,
          "attributes": {
            "description": "Group of app admins",
            "id": "eu-central-1_TmpKOKTRI/admin-group",
            "name": "admin-group",
            "precedence": 1,
            "role_arn": "",
            "user_pool_id": "eu-central-1_TmpKOKTRI"
          },
          "sensitive_attributes": [],
          "private": "bnVsbA==",
          "dependencies": [
            "aws_cognito_user_pool.mylearn",
            "aws_dynamodb_table.cognito_users",
            "aws_iam_role.cognito_after_register",
            "aws_lambda_function.cognito_after_register"
          ]
        }
      ]
    },
    {
      "mode": "managed",
      "type": "aws_cognito_user_group",
      "name": "parents",
      "provider": "provider[\"registry.terraform.io/hashicorp/aws\"]",
      "instances": [
        {
          "schema_version": 0,
          "attributes": {
            "description": "Group of student's parents",
            "id": "eu-central-1_TmpKOKTRI/parent-group",
            "name": "parent-group",
            "precedence": 3,
            "role_arn": "",
            "user_pool_id": "eu-central-1_TmpKOKTRI"
          },
          "sensitive_attributes": [],
          "private": "bnVsbA==",
          "dependencies": [
            "aws_cognito_user_pool.mylearn",
            "aws_dynamodb_table.cognito_users",
            "aws_iam_role.cognito_after_register",
            "aws_lambda_function.cognito_after_register"
          ]
        }
      ]
    },
    {
      "mode": "managed",
      "type": "aws_cognito_user_group",
      "name": "students",
      "provider": "provider[\"registry.terraform.io/hashicorp/aws\"]",
      "instances": [
        {
          "schema_version": 0,
          "attributes": {
            "description": "Group of students",
            "id": "eu-central-1_TmpKOKTRI/student-group",
            "name": "student-group",
            "precedence": 4,
            "role_arn": "",
            "user_pool_id": "eu-central-1_TmpKOKTRI"
          },
          "sensitive_attributes": [],
          "private": "bnVsbA==",
          "dependencies": [
            "aws_cognito_user_pool.mylearn",
            "aws_dynamodb_table.cognito_users",
            "aws_iam_role.cognito_after_register",
            "aws_lambda_function.cognito_after_register"
          ]
        }
      ]
    },
    {
      "mode": "managed",
      "type": "aws_cognito_user_group",
      "name": "teachers",
      "provider": "provider[\"registry.terraform.io/hashicorp/aws\"]",
      "instances": [
        {
          "schema_version": 0,
          "attributes": {
            "description": "Group of teachers",
            "id": "eu-central-1_TmpKOKTRI/teacher-group",
            "name": "teacher-group",
            "precedence": 2,
            "role_arn": "",
            "user_pool_id": "eu-central-1_TmpKOKTRI"
          },
          "sensitive_attributes": [],
          "private": "bnVsbA==",
          "dependencies": [
            "aws_cognito_user_pool.mylearn",
            "aws_dynamodb_table.cognito_users",
            "aws_iam_role.cognito_after_register",
            "aws_lambda_function.cognito_after_register"
          ]
        }
      ]
    },
    {
      "mode": "managed",
      "type": "aws_cognito_user_pool",
      "name": "mylearn",
      "provider": "provider[\"registry.terraform.io/hashicorp/aws\"]",
      "instances": [
        {
          "schema_version": 0,
          "attributes": {
            "account_recovery_setting": [
              {
                "recovery_mechanism": [
                  {
                    "name": "verified_email",
                    "priority": 1
                  }
                ]
              }
            ],
            "admin_create_user_config": [
              {
                "allow_admin_create_user_only": false,
                "invite_message_template": []
              }
            ],
            "alias_attributes": [
              "email"
            ],
            "arn": "arn:aws:cognito-idp:eu-central-1:949052962425:userpool/eu-central-1_TmpKOKTRI",
            "auto_verified_attributes": [],
            "creation_date": "2022-09-07T16:42:41Z",
            "custom_domain": "",
            "device_configuration": [],
            "domain": "",
            "email_configuration": [
              {
                "configuration_set": "",
                "email_sending_account": "COGNITO_DEFAULT",
                "from_email_address": "",
                "reply_to_email_address": "",
                "source_arn": ""
              }
            ],
            "email_verification_message": null,
            "email_verification_subject": null,
            "endpoint": "cognito-idp.eu-central-1.amazonaws.com/eu-central-1_TmpKOKTRI",
            "estimated_number_of_users": 1,
            "id": "eu-central-1_TmpKOKTRI",
            "lambda_config": [
              {
                "create_auth_challenge": "",
                "custom_email_sender": [],
                "custom_message": "",
                "custom_sms_sender": [],
                "define_auth_challenge": "",
                "kms_key_id": "",
                "post_authentication": "",
                "post_confirmation": "arn:aws:lambda:eu-central-1:949052962425:function:cognito-after-register-lambda",
                "pre_authentication": "",
                "pre_sign_up": "",
                "pre_token_generation": "",
                "user_migration": "",
                "verify_auth_challenge_response": ""
              }
            ],
            "last_modified_date": "2022-09-07T16:42:41Z",
            "mfa_configuration": "OFF",
            "name": "mylearn-cognito-userpool",
            "password_policy": [
              {
                "minimum_length": 8,
                "require_lowercase": false,
                "require_numbers": false,
                "require_symbols": false,
                "require_uppercase": false,
                "temporary_password_validity_days": 100
              }
            ],
            "schema": [],
            "sms_authentication_message": null,
            "sms_configuration": [],
            "sms_verification_message": null,
            "software_token_mfa_configuration": [],
            "tags": {},
            "tags_all": {},
            "user_pool_add_ons": [],
            "username_attributes": null,
            "username_configuration": [],
            "verification_message_template": [
              {
                "default_email_option": "CONFIRM_WITH_CODE",
                "email_message": "",
                "email_message_by_link": "",
                "email_subject": "",
                "email_subject_by_link": "",
                "sms_message": ""
              }
            ]
          },
          "sensitive_attributes": [],
          "private": "bnVsbA==",
          "dependencies": [
            "aws_dynamodb_table.cognito_users",
            "aws_iam_role.cognito_after_register",
            "aws_lambda_function.cognito_after_register"
          ],
          "create_before_destroy": true
        }
      ]
    },
    {
      "mode": "managed",
      "type": "aws_cognito_user_pool_client",
      "name": "webapp",
      "provider": "provider[\"registry.terraform.io/hashicorp/aws\"]",
      "instances": [
        {
          "schema_version": 0,
          "attributes": {
            "access_token_validity": 24,
            "allowed_oauth_flows": [],
            "allowed_oauth_flows_user_pool_client": false,
            "allowed_oauth_scopes": [],
            "analytics_configuration": [],
            "callback_urls": [],
            "client_secret": "",
            "default_redirect_uri": "",
            "enable_token_revocation": true,
            "explicit_auth_flows": [
              "ALLOW_ADMIN_USER_PASSWORD_AUTH",
              "ALLOW_CUSTOM_AUTH",
              "ALLOW_REFRESH_TOKEN_AUTH",
              "ALLOW_USER_PASSWORD_AUTH",
              "ALLOW_USER_SRP_AUTH"
            ],
            "generate_secret": false,
            "id": "188t0r6912ke6o7864e73pcrlf",
            "id_token_validity": 0,
            "logout_urls": [],
            "name": "terraform-cognito-client",
            "prevent_user_existence_errors": "",
            "read_attributes": [],
            "refresh_token_validity": 10,
            "supported_identity_providers": [],
            "token_validity_units": [],
            "user_pool_id": "eu-central-1_TmpKOKTRI",
            "write_attributes": []
          },
          "sensitive_attributes": [],
          "private": "bnVsbA==",
          "dependencies": [
            "aws_cognito_user_pool.mylearn",
            "aws_dynamodb_table.cognito_users",
            "aws_iam_role.cognito_after_register",
            "aws_lambda_function.cognito_after_register"
          ],
          "create_before_destroy": true
        }
      ]
    },
    {
      "mode": "managed",
      "type": "aws_dynamodb_table",
      "name": "chat_connections",
      "provider": "provider[\"registry.terraform.io/hashicorp/aws\"]",
      "instances": [
        {
          "schema_version": 1,
          "attributes": {
            "arn": "arn:aws:dynamodb:eu-central-1:949052962425:table/chat-connections",
            "attribute": [
              {
                "name": "userId",
                "type": "S"
              }
            ],
            "billing_mode": "PAY_PER_REQUEST",
            "global_secondary_index": [],
            "hash_key": "userId",
            "id": "chat-connections",
            "local_secondary_index": [],
            "name": "chat-connections",
            "point_in_time_recovery": [
              {
                "enabled": false
              }
            ],
            "range_key": null,
            "read_capacity": 0,
            "replica": [],
            "restore_date_time": null,
            "restore_source_name": null,
            "restore_to_latest_time": null,
            "server_side_encryption": [],
            "stream_arn": "",
            "stream_enabled": false,
            "stream_label": "",
            "stream_view_type": "",
            "table_class": "",
            "tags": {
              "AppName": "mylearn-app"
            },
            "tags_all": {
              "AppName": "mylearn-app"
            },
            "timeouts": null,
            "ttl": [
              {
                "attribute_name": "",
                "enabled": false
              }
            ],
            "write_capacity": 0
          },
          "sensitive_attributes": [],
          "private": "eyJlMmJmYjczMC1lY2FhLTExZTYtOGY4OC0zNDM2M2JjN2M0YzAiOnsiY3JlYXRlIjoxODAwMDAwMDAwMDAwLCJkZWxldGUiOjYwMDAwMDAwMDAwMCwidXBkYXRlIjozNjAwMDAwMDAwMDAwfSwic2NoZW1hX3ZlcnNpb24iOiIxIn0=",
          "create_before_destroy": true
        }
      ]
    },
    {
      "mode": "managed",
      "type": "aws_dynamodb_table",
      "name": "chat_messages",
      "provider": "provider[\"registry.terraform.io/hashicorp/aws\"]",
      "instances": [
        {
          "schema_version": 1,
          "attributes": {
            "arn": "arn:aws:dynamodb:eu-central-1:949052962425:table/mylearn-chat-messages",
            "attribute": [
              {
                "name": "Timestamp",
                "type": "S"
              },
              {
                "name": "UserFromTo",
                "type": "S"
              }
            ],
            "billing_mode": "PAY_PER_REQUEST",
            "global_secondary_index": [],
            "hash_key": "UserFromTo",
            "id": "mylearn-chat-messages",
            "local_secondary_index": [],
            "name": "mylearn-chat-messages",
            "point_in_time_recovery": [
              {
                "enabled": false
              }
            ],
            "range_key": "Timestamp",
            "read_capacity": 0,
            "replica": [],
            "restore_date_time": null,
            "restore_source_name": null,
            "restore_to_latest_time": null,
            "server_side_encryption": [],
            "stream_arn": "",
            "stream_enabled": false,
            "stream_label": "",
            "stream_view_type": "",
            "table_class": "",
            "tags": {
              "AppName": "mylearn-app"
            },
            "tags_all": {
              "AppName": "mylearn-app"
            },
            "timeouts": null,
            "ttl": [
              {
                "attribute_name": "",
                "enabled": false
              }
            ],
            "write_capacity": 0
          },
          "sensitive_attributes": [],
          "private": "eyJlMmJmYjczMC1lY2FhLTExZTYtOGY4OC0zNDM2M2JjN2M0YzAiOnsiY3JlYXRlIjoxODAwMDAwMDAwMDAwLCJkZWxldGUiOjYwMDAwMDAwMDAwMCwidXBkYXRlIjozNjAwMDAwMDAwMDAwfSwic2NoZW1hX3ZlcnNpb24iOiIxIn0=",
          "create_before_destroy": true
        }
      ]
    },
    {
      "mode": "managed",
      "type": "aws_dynamodb_table",
      "name": "cognito_users",
      "provider": "provider[\"registry.terraform.io/hashicorp/aws\"]",
      "instances": [
        {
          "schema_version": 1,
          "attributes": {
            "arn": "arn:aws:dynamodb:eu-central-1:949052962425:table/cognito-users",
            "attribute": [
              {
                "name": "Username",
                "type": "S"
              }
            ],
            "billing_mode": "PAY_PER_REQUEST",
            "global_secondary_index": [],
            "hash_key": "Username",
            "id": "cognito-users",
            "local_secondary_index": [],
            "name": "cognito-users",
            "point_in_time_recovery": [
              {
                "enabled": false
              }
            ],
            "range_key": null,
            "read_capacity": 0,
            "replica": [],
            "restore_date_time": null,
            "restore_source_name": null,
            "restore_to_latest_time": null,
            "server_side_encryption": [],
            "stream_arn": "",
            "stream_enabled": false,
            "stream_label": "",
            "stream_view_type": "",
            "table_class": "",
            "tags": {
              "AppName": "mylearn-app"
            },
            "tags_all": {
              "AppName": "mylearn-app"
            },
            "timeouts": null,
            "ttl": [
              {
                "attribute_name": "",
                "enabled": false
              }
            ],
            "write_capacity": 0
          },
          "sensitive_attributes": [],
          "private": "eyJlMmJmYjczMC1lY2FhLTExZTYtOGY4OC0zNDM2M2JjN2M0YzAiOnsiY3JlYXRlIjoxODAwMDAwMDAwMDAwLCJkZWxldGUiOjYwMDAwMDAwMDAwMCwidXBkYXRlIjozNjAwMDAwMDAwMDAwfSwic2NoZW1hX3ZlcnNpb24iOiIxIn0=",
          "create_before_destroy": true
        }
      ]
    },
    {
      "mode": "managed",
      "type": "aws_dynamodb_table",
      "name": "mylearn_classes",
      "provider": "provider[\"registry.terraform.io/hashicorp/aws\"]",
      "instances": [
        {
          "schema_version": 1,
          "attributes": {
            "arn": "arn:aws:dynamodb:eu-central-1:949052962425:table/mylearn-classes",
            "attribute": [
              {
                "name": "UserClass",
                "type": "S"
              }
            ],
            "billing_mode": "PAY_PER_REQUEST",
            "global_secondary_index": [],
            "hash_key": "UserClass",
            "id": "mylearn-classes",
            "local_secondary_index": [],
            "name": "mylearn-classes",
            "point_in_time_recovery": [
              {
                "enabled": false
              }
            ],
            "range_key": null,
            "read_capacity": 0,
            "replica": [],
            "restore_date_time": null,
            "restore_source_name": null,
            "restore_to_latest_time": null,
            "server_side_encryption": [],
            "stream_arn": "",
            "stream_enabled": false,
            "stream_label": "",
            "stream_view_type": "",
            "table_class": "",
            "tags": {
              "AppName": "mylearn-app"
            },
            "tags_all": {
              "AppName": "mylearn-app"
            },
            "timeouts": null,
            "ttl": [
              {
                "attribute_name": "",
                "enabled": false
              }
            ],
            "write_capacity": 0
          },
          "sensitive_attributes": [],
          "private": "eyJlMmJmYjczMC1lY2FhLTExZTYtOGY4OC0zNDM2M2JjN2M0YzAiOnsiY3JlYXRlIjoxODAwMDAwMDAwMDAwLCJkZWxldGUiOjYwMDAwMDAwMDAwMCwidXBkYXRlIjozNjAwMDAwMDAwMDAwfSwic2NoZW1hX3ZlcnNpb24iOiIxIn0=",
          "create_before_destroy": true
        }
      ]
    },
    {
      "mode": "managed",
      "type": "aws_dynamodb_table",
      "name": "mylearn_grades",
      "provider": "provider[\"registry.terraform.io/hashicorp/aws\"]",
      "instances": [
        {
          "schema_version": 1,
          "attributes": {
            "arn": "arn:aws:dynamodb:eu-central-1:949052962425:table/mylearn-grades",
            "attribute": [
              {
                "name": "Date",
                "type": "S"
              },
              {
                "name": "UserId",
                "type": "S"
              }
            ],
            "billing_mode": "PAY_PER_REQUEST",
            "global_secondary_index": [],
            "hash_key": "UserId",
            "id": "mylearn-grades",
            "local_secondary_index": [],
            "name": "mylearn-grades",
            "point_in_time_recovery": [
              {
                "enabled": false
              }
            ],
            "range_key": "Date",
            "read_capacity": 0,
            "replica": [],
            "restore_date_time": null,
            "restore_source_name": null,
            "restore_to_latest_time": null,
            "server_side_encryption": [],
            "stream_arn": "",
            "stream_enabled": false,
            "stream_label": "",
            "stream_view_type": "",
            "table_class": "",
            "tags": {
              "AppName": "mylearn-app"
            },
            "tags_all": {
              "AppName": "mylearn-app"
            },
            "timeouts": null,
            "ttl": [
              {
                "attribute_name": "",
                "enabled": false
              }
            ],
            "write_capacity": 0
          },
          "sensitive_attributes": [],
          "private": "eyJlMmJmYjczMC1lY2FhLTExZTYtOGY4OC0zNDM2M2JjN2M0YzAiOnsiY3JlYXRlIjoxODAwMDAwMDAwMDAwLCJkZWxldGUiOjYwMDAwMDAwMDAwMCwidXBkYXRlIjozNjAwMDAwMDAwMDAwfSwic2NoZW1hX3ZlcnNpb24iOiIxIn0=",
          "create_before_destroy": true
        }
      ]
    },
    {
      "mode": "managed",
      "type": "aws_dynamodb_table",
      "name": "mylearn_lessons",
      "provider": "provider[\"registry.terraform.io/hashicorp/aws\"]",
      "instances": [
        {
          "schema_version": 1,
          "attributes": {
            "arn": "arn:aws:dynamodb:eu-central-1:949052962425:table/mylearn-lessons",
            "attribute": [
              {
                "name": "LessonId",
                "type": "S"
              },
              {
                "name": "SlideId",
                "type": "S"
              }
            ],
            "billing_mode": "PAY_PER_REQUEST",
            "global_secondary_index": [],
            "hash_key": "LessonId",
            "id": "mylearn-lessons",
            "local_secondary_index": [],
            "name": "mylearn-lessons",
            "point_in_time_recovery": [
              {
                "enabled": false
              }
            ],
            "range_key": "SlideId",
            "read_capacity": 0,
            "replica": [],
            "restore_date_time": null,
            "restore_source_name": null,
            "restore_to_latest_time": null,
            "server_side_encryption": [],
            "stream_arn": "",
            "stream_enabled": false,
            "stream_label": "",
            "stream_view_type": "",
            "table_class": "",
            "tags": {
              "AppName": "mylearn-app"
            },
            "tags_all": {
              "AppName": "mylearn-app"
            },
            "timeouts": null,
            "ttl": [
              {
                "attribute_name": "",
                "enabled": false
              }
            ],
            "write_capacity": 0
          },
          "sensitive_attributes": [],
          "private": "eyJlMmJmYjczMC1lY2FhLTExZTYtOGY4OC0zNDM2M2JjN2M0YzAiOnsiY3JlYXRlIjoxODAwMDAwMDAwMDAwLCJkZWxldGUiOjYwMDAwMDAwMDAwMCwidXBkYXRlIjozNjAwMDAwMDAwMDAwfSwic2NoZW1hX3ZlcnNpb24iOiIxIn0=",
          "create_before_destroy": true
        }
      ]
    },
    {
      "mode": "managed",
      "type": "aws_dynamodb_table",
      "name": "mylearn_lessons_connections",
      "provider": "provider[\"registry.terraform.io/hashicorp/aws\"]",
      "instances": [
        {
          "schema_version": 1,
          "attributes": {
            "arn": "arn:aws:dynamodb:eu-central-1:949052962425:table/mylearn-lessons-connections",
            "attribute": [
              {
                "name": "ConnectionID",
                "type": "S"
              },
              {
                "name": "LessonId",
                "type": "S"
              }
            ],
            "billing_mode": "PAY_PER_REQUEST",
            "global_secondary_index": [],
            "hash_key": "LessonId",
            "id": "mylearn-lessons-connections",
            "local_secondary_index": [],
            "name": "mylearn-lessons-connections",
            "point_in_time_recovery": [
              {
                "enabled": false
              }
            ],
            "range_key": "ConnectionID",
            "read_capacity": 0,
            "replica": [],
            "restore_date_time": null,
            "restore_source_name": null,
            "restore_to_latest_time": null,
            "server_side_encryption": [],
            "stream_arn": "",
            "stream_enabled": false,
            "stream_label": "",
            "stream_view_type": "",
            "table_class": "",
            "tags": {
              "AppName": "mylearn-app"
            },
            "tags_all": {
              "AppName": "mylearn-app"
            },
            "timeouts": null,
            "ttl": [
              {
                "attribute_name": "",
                "enabled": false
              }
            ],
            "write_capacity": 0
          },
          "sensitive_attributes": [],
          "private": "eyJlMmJmYjczMC1lY2FhLTExZTYtOGY4OC0zNDM2M2JjN2M0YzAiOnsiY3JlYXRlIjoxODAwMDAwMDAwMDAwLCJkZWxldGUiOjYwMDAwMDAwMDAwMCwidXBkYXRlIjozNjAwMDAwMDAwMDAwfSwic2NoZW1hX3ZlcnNpb24iOiIxIn0=",
          "create_before_destroy": true
        }
      ]
    },
    {
      "mode": "managed",
      "type": "aws_dynamodb_table",
      "name": "mylearn_tests",
      "provider": "provider[\"registry.terraform.io/hashicorp/aws\"]",
      "instances": [
        {
          "schema_version": 1,
          "attributes": {
            "arn": "arn:aws:dynamodb:eu-central-1:949052962425:table/mylearn-tests",
            "attribute": [
              {
                "name": "CombinedKey",
                "type": "S"
              },
              {
                "name": "TestId",
                "type": "S"
              }
            ],
            "billing_mode": "PAY_PER_REQUEST",
            "global_secondary_index": [],
            "hash_key": "TestId",
            "id": "mylearn-tests",
            "local_secondary_index": [],
            "name": "mylearn-tests",
            "point_in_time_recovery": [
              {
                "enabled": false
              }
            ],
            "range_key": "CombinedKey",
            "read_capacity": 0,
            "replica": [],
            "restore_date_time": null,
            "restore_source_name": null,
            "restore_to_latest_time": null,
            "server_side_encryption": [],
            "stream_arn": "",
            "stream_enabled": false,
            "stream_label": "",
            "stream_view_type": "",
            "table_class": "",
            "tags": {
              "AppName": "mylearn-app"
            },
            "tags_all": {
              "AppName": "mylearn-app"
            },
            "timeouts": null,
            "ttl": [
              {
                "attribute_name": "",
                "enabled": false
              }
            ],
            "write_capacity": 0
          },
          "sensitive_attributes": [],
          "private": "eyJlMmJmYjczMC1lY2FhLTExZTYtOGY4OC0zNDM2M2JjN2M0YzAiOnsiY3JlYXRlIjoxODAwMDAwMDAwMDAwLCJkZWxldGUiOjYwMDAwMDAwMDAwMCwidXBkYXRlIjozNjAwMDAwMDAwMDAwfSwic2NoZW1hX3ZlcnNpb24iOiIxIn0=",
          "create_before_destroy": true
        }
      ]
    },
    {
      "mode": "managed",
      "type": "aws_dynamodb_table",
      "name": "mylearn_tests_results",
      "provider": "provider[\"registry.terraform.io/hashicorp/aws\"]",
      "instances": [
        {
          "schema_version": 1,
          "attributes": {
            "arn": "arn:aws:dynamodb:eu-central-1:949052962425:table/mylearn-tests-results",
            "attribute": [
              {
                "name": "TestId",
                "type": "S"
              },
              {
                "name": "UserId",
                "type": "S"
              }
            ],
            "billing_mode": "PAY_PER_REQUEST",
            "global_secondary_index": [],
            "hash_key": "TestId",
            "id": "mylearn-tests-results",
            "local_secondary_index": [],
            "name": "mylearn-tests-results",
            "point_in_time_recovery": [
              {
                "enabled": false
              }
            ],
            "range_key": "UserId",
            "read_capacity": 0,
            "replica": [],
            "restore_date_time": null,
            "restore_source_name": null,
            "restore_to_latest_time": null,
            "server_side_encryption": [],
            "stream_arn": "",
            "stream_enabled": false,
            "stream_label": "",
            "stream_view_type": "",
            "table_class": "",
            "tags": {
              "AppName": "mylearn-app-change-tag"
            },
            "tags_all": {
              "AppName": "mylearn-app-change-tag"
            },
            "timeouts": null,
            "ttl": [
              {
                "attribute_name": "",
                "enabled": false
              }
            ],
            "write_capacity": 0
          },
          "sensitive_attributes": [],
          "private": "eyJlMmJmYjczMC1lY2FhLTExZTYtOGY4OC0zNDM2M2JjN2M0YzAiOnsiY3JlYXRlIjoxODAwMDAwMDAwMDAwLCJkZWxldGUiOjYwMDAwMDAwMDAwMCwidXBkYXRlIjozNjAwMDAwMDAwMDAwfSwic2NoZW1hX3ZlcnNpb24iOiIxIn0=",
          "create_before_destroy": true
        }
      ]
    },
    {
      "mode": "managed",
      "type": "aws_ecs_service",
      "name": "this",
      "provider": "provider[\"registry.terraform.io/hashicorp/aws\"]",
      "instances": [
        {
          "schema_version": 0,
          "attributes": {
            "capacity_provider_strategy": [],
            "cluster": "arn:aws:ecs:eu-central-1:949052962425:cluster/mylearn-frontend-cluster",
            "deployment_circuit_breaker": [
              {
                "enable": false,
                "rollback": false
              }
            ],
            "deployment_controller": [
              {
                "type": "ECS"
              }
            ],
            "deployment_maximum_percent": 100,
            "deployment_minimum_healthy_percent": 0,
            "desired_count": 1,
            "enable_ecs_managed_tags": false,
            "enable_execute_command": false,
            "force_new_deployment": null,
            "health_check_grace_period_seconds": 0,
            "iam_role": null,
            "id": "arn:aws:ecs:eu-central-1:949052962425:service/mylearn-frontend-cluster/hello_world",
            "launch_type": "EC2",
            "load_balancer": [],
            "name": "hello_world",
            "network_configuration": [],
            "ordered_placement_strategy": [],
            "placement_constraints": [],
            "platform_version": "",
            "propagate_tags": "NONE",
            "scheduling_strategy": "REPLICA",
            "service_registries": [],
            "tags": {},
            "tags_all": {},
            "task_definition": "arn:aws:ecs:eu-central-1:949052962425:task-definition/mylearn-frontend:19",
            "timeouts": null,
            "wait_for_steady_state": false
          },
          "sensitive_attributes": [],
          "private": "eyJlMmJmYjczMC1lY2FhLTExZTYtOGY4OC0zNDM2M2JjN2M0YzAiOnsiZGVsZXRlIjoxMjAwMDAwMDAwMDAwfX0=",
          "dependencies": [
            "aws_api_gateway_deployment.mylearn",
            "aws_api_gateway_deployment.mylearn_s3",
            "aws_api_gateway_integration.mylearn_class_users_delete",
            "aws_api_gateway_integration.mylearn_class_users_get",
            "aws_api_gateway_integration.mylearn_class_users_post",
            "aws_api_gateway_integration.mylearn_classes_delete",
            "aws_api_gateway_integration.mylearn_classes_get",
            "aws_api_gateway_integration.mylearn_classes_post",
            "aws_api_gateway_integration.mylearn_cognito_manage_groups_post",
            "aws_api_gateway_integration.mylearn_cognito_users_login_post",
            "aws_api_gateway_integration.mylearn_grades_get",
            "aws_api_gateway_integration.mylearn_grades_post",
            "aws_api_gateway_integration.mylearn_rest_chat_get",
            "aws_api_gateway_integration.mylearn_rest_lessons_delete",
            "aws_api_gateway_integration.mylearn_rest_lessons_get",
            "aws_api_gateway_integration.mylearn_rest_lessons_post",
            "aws_api_gateway_integration.mylearn_s3_files_get",
            "aws_api_gateway_integration.mylearn_s3_folders_get",
            "aws_api_gateway_integration.mylearn_tests_results_get",
            "aws_api_gateway_integration.mylearn_tests_results_post",
            "aws_api_gateway_integration.mylearn_tests_tests_delete",
            "aws_api_gateway_integration.mylearn_tests_tests_get",
            "aws_api_gateway_integration.mylearn_tests_tests_post",
            "aws_api_gateway_integration.mylearn_users_get",
            "aws_api_gateway_rest_api.mylearn",
            "aws_api_gateway_stage.mylearn",
            "aws_apigatewayv2_stage.chat_api",
            "aws_apigatewayv2_stage.mylearn_lessons_api",
            "aws_ecs_task_definition.main",
            "aws_s3_bucket.mylearn_materials",
            "data.template_file.docker_run",
            "module.ecs.aws_ecs_cluster.this"
          ]
        }
      ]
    },
    {
      "mode": "managed",
      "type": "aws_ecs_task_definition",
      "name": "main",
      "provider": "provider[\"registry.terraform.io/hashicorp/aws\"]",
      "instances": [
        {
          "schema_version": 1,
          "attributes": {
            "arn": "arn:aws:ecs:eu-central-1:949052962425:task-definition/mylearn-frontend:19",
            "container_definitions": "[{\"cpu\":1,\"environment\":[{\"name\":\"VUE_APP_BACKEND_RESP_API\",\"value\":\"https://ui1cz1mvmi.execute-api.eu-central-1.amazonaws.com/test\"},{\"name\":\"VUE_APP_S3_API\",\"value\":\"https://0npdqx4v13.execute-api.eu-central-1.amazonaws.com/\"},{\"name\":\"VUE_APP_S3_BUCKET_NAME\",\"value\":\"mylearn-materials-eu-central-1\"},{\"name\":\"VUE_APP_WEBSOCKET_CHAT_API\",\"value\":\"wss://t1z14v2l88.execute-api.eu-central-1.amazonaws.com/test\"},{\"name\":\"VUE_APP_WEBSOCKET_LESSON_API\",\"value\":\"wss://trm0lf808k.execute-api.eu-central-1.amazonaws.com/test\"}],\"essential\":true,\"image\":\"public.ecr.aws/z1l6b7h7/mylearn-public-ecr:latest\",\"interactive\":true,\"memory\":512,\"mountPoints\":[],\"name\":\"worker\",\"portMappings\":[{\"containerPort\":8080,\"hostPort\":80,\"protocol\":\"tcp\"}],\"volumesFrom\":[]}]",
            "cpu": "",
            "ephemeral_storage": [],
            "execution_role_arn": "",
            "family": "mylearn-frontend",
            "id": "mylearn-frontend",
            "inference_accelerator": [],
            "ipc_mode": "",
            "memory": "",
            "network_mode": "",
            "pid_mode": "",
            "placement_constraints": [],
            "proxy_configuration": [],
            "requires_compatibilities": null,
            "revision": 19,
            "runtime_platform": [],
            "skip_destroy": false,
            "tags": null,
            "tags_all": {},
            "task_role_arn": "",
            "volume": []
          },
          "sensitive_attributes": [],
          "private": "eyJzY2hlbWFfdmVyc2lvbiI6IjEifQ==",
          "dependencies": [
            "aws_api_gateway_deployment.mylearn",
            "aws_api_gateway_deployment.mylearn_s3",
            "aws_api_gateway_integration.mylearn_class_users_delete",
            "aws_api_gateway_integration.mylearn_class_users_get",
            "aws_api_gateway_integration.mylearn_class_users_post",
            "aws_api_gateway_integration.mylearn_classes_delete",
            "aws_api_gateway_integration.mylearn_classes_get",
            "aws_api_gateway_integration.mylearn_classes_post",
            "aws_api_gateway_integration.mylearn_cognito_manage_groups_post",
            "aws_api_gateway_integration.mylearn_cognito_users_login_post",
            "aws_api_gateway_integration.mylearn_grades_get",
            "aws_api_gateway_integration.mylearn_grades_post",
            "aws_api_gateway_integration.mylearn_rest_chat_get",
            "aws_api_gateway_integration.mylearn_rest_lessons_delete",
            "aws_api_gateway_integration.mylearn_rest_lessons_get",
            "aws_api_gateway_integration.mylearn_rest_lessons_post",
            "aws_api_gateway_integration.mylearn_s3_files_get",
            "aws_api_gateway_integration.mylearn_s3_folders_get",
            "aws_api_gateway_integration.mylearn_tests_results_get",
            "aws_api_gateway_integration.mylearn_tests_results_post",
            "aws_api_gateway_integration.mylearn_tests_tests_delete",
            "aws_api_gateway_integration.mylearn_tests_tests_get",
            "aws_api_gateway_integration.mylearn_tests_tests_post",
            "aws_api_gateway_integration.mylearn_users_get",
            "aws_api_gateway_rest_api.mylearn",
            "aws_api_gateway_stage.mylearn",
            "aws_apigatewayv2_stage.chat_api",
            "aws_apigatewayv2_stage.mylearn_lessons_api",
            "aws_s3_bucket.mylearn_materials",
            "data.template_file.docker_run"
          ]
        }
      ]
    },
    {
      "mode": "managed",
      "type": "aws_iam_instance_profile",
      "name": "ecs_agent",
      "provider": "provider[\"registry.terraform.io/hashicorp/aws\"]",
      "instances": [
        {
          "schema_version": 0,
          "attributes": {
            "arn": "arn:aws:iam::949052962425:instance-profile/ecs-agent",
            "create_date": "2022-09-07T16:42:12Z",
            "id": "ecs-agent",
            "name": "ecs-agent",
            "name_prefix": null,
            "path": "/",
            "role": "ecs-agent",
            "tags": {},
            "tags_all": {},
            "unique_id": "AIPA5Z57W6Z4VLPV5HAJT"
          },
          "sensitive_attributes": [],
          "private": "bnVsbA==",
          "dependencies": [
            "aws_iam_role.main",
            "data.aws_iam_policy_document.main"
          ]
        }
      ]
    },
    {
      "mode": "managed",
      "type": "aws_iam_role",
      "name": "auth_lambda",
      "provider": "provider[\"registry.terraform.io/hashicorp/aws\"]",
      "instances": [
        {
          "schema_version": 0,
          "attributes": {
            "arn": "arn:aws:iam::949052962425:role/auth-lambda-eu-central-1",
            "assume_role_policy": "{\"Version\":\"2012-10-17\",\"Statement\":[{\"Effect\":\"Allow\",\"Principal\":{\"Service\":\"lambda.amazonaws.com\"},\"Action\":\"sts:AssumeRole\"}]}",
            "create_date": "2022-09-07T16:42:03Z",
            "description": "",
            "force_detach_policies": false,
            "id": "auth-lambda-eu-central-1",
            "inline_policy": [
              {
                "name": "",
                "policy": ""
              }
            ],
            "managed_policy_arns": [
              "arn:aws:iam::aws:policy/service-role/AWSLambdaBasicExecutionRole"
            ],
            "max_session_duration": 3600,
            "name": "auth-lambda-eu-central-1",
            "name_prefix": "",
            "path": "/",
            "permissions_boundary": null,
            "tags": {},
            "tags_all": {},
            "unique_id": "AROA5Z57W6Z4332KFQBUN"
          },
          "sensitive_attributes": [],
          "private": "bnVsbA==",
          "create_before_destroy": true
        }
      ]
    },
    {
      "mode": "managed",
      "type": "aws_iam_role",
      "name": "cognito_after_register",
      "provider": "provider[\"registry.terraform.io/hashicorp/aws\"]",
      "instances": [
        {
          "schema_version": 0,
          "attributes": {
            "arn": "arn:aws:iam::949052962425:role/cognito-after-register-eu-central-1",
            "assume_role_policy": "{\"Version\":\"2012-10-17\",\"Statement\":[{\"Effect\":\"Allow\",\"Principal\":{\"Service\":\"lambda.amazonaws.com\"},\"Action\":\"sts:AssumeRole\"}]}",
            "create_date": "2022-09-07T16:42:03Z",
            "description": "",
            "force_detach_policies": false,
            "id": "cognito-after-register-eu-central-1",
            "inline_policy": [
              {
                "name": "cognito-after-register-eu-central-1",
                "policy": "{\"Statement\":[{\"Action\":\"dynamodb:PutItem\",\"Effect\":\"Allow\",\"Resource\":\"arn:aws:dynamodb:eu-central-1:949052962425:table/cognito-users\"},{\"Action\":\"cognito-idp:*\",\"Effect\":\"Allow\",\"Resource\":\"arn:aws:cognito-idp:eu-central-1:949052962425:userpool/eu-central-1_TmpKOKTRI\"}],\"Version\":\"2012-10-17\"}"
              }
            ],
            "managed_policy_arns": [
              "arn:aws:iam::aws:policy/service-role/AWSLambdaBasicExecutionRole"
            ],
            "max_session_duration": 3600,
            "name": "cognito-after-register-eu-central-1",
            "name_prefix": "",
            "path": "/",
            "permissions_boundary": null,
            "tags": {},
            "tags_all": {},
            "unique_id": "AROA5Z57W6Z46ZRAOSHUA"
          },
          "sensitive_attributes": [],
          "private": "bnVsbA==",
          "create_before_destroy": true
        }
      ]
    },
    {
      "mode": "managed",
      "type": "aws_iam_role",
      "name": "main",
      "provider": "provider[\"registry.terraform.io/hashicorp/aws\"]",
      "instances": [
        {
          "schema_version": 0,
          "attributes": {
            "arn": "arn:aws:iam::949052962425:role/ecs-agent",
            "assume_role_policy": "{\"Version\":\"2012-10-17\",\"Statement\":[{\"Sid\":\"\",\"Effect\":\"Allow\",\"Principal\":{\"Service\":\"ec2.amazonaws.com\"},\"Action\":\"sts:AssumeRole\"}]}",
            "create_date": "2022-09-07T16:42:04Z",
            "description": "",
            "force_detach_policies": false,
            "id": "ecs-agent",
            "inline_policy": [
              {
                "name": "",
                "policy": ""
              }
            ],
            "managed_policy_arns": [
              "arn:aws:iam::aws:policy/service-role/AmazonEC2ContainerServiceforEC2Role"
            ],
            "max_session_duration": 3600,
            "name": "ecs-agent",
            "name_prefix": "",
            "path": "/",
            "permissions_boundary": null,
            "tags": {},
            "tags_all": {},
            "unique_id": "AROA5Z57W6Z4TBI2MG2PK"
          },
          "sensitive_attributes": [],
          "private": "bnVsbA==",
          "dependencies": [
            "data.aws_iam_policy_document.main"
          ]
        }
      ]
    },
    {
      "mode": "managed",
      "type": "aws_iam_role",
      "name": "mylearn_chat",
      "provider": "provider[\"registry.terraform.io/hashicorp/aws\"]",
      "instances": [
        {
          "schema_version": 0,
          "attributes": {
            "arn": "arn:aws:iam::949052962425:role/mylearn-chat-eu-central-1",
            "assume_role_policy": "{\"Version\":\"2012-10-17\",\"Statement\":[{\"Effect\":\"Allow\",\"Principal\":{\"Service\":\"lambda.amazonaws.com\"},\"Action\":\"sts:AssumeRole\"}]}",
            "create_date": "2022-09-07T16:42:02Z",
            "description": "",
            "force_detach_policies": false,
            "id": "mylearn-chat-eu-central-1",
            "inline_policy": [
              {
                "name": "mylearn-chat-eu-central-1",
                "policy": "{\"Statement\":[{\"Action\":[\"dynamodb:DescribeReservedCapacityOfferings\",\"dynamodb:ListGlobalTables\",\"dynamodb:ListTables\",\"dynamodb:DescribeReservedCapacity\",\"dynamodb:ListBackups\",\"dynamodb:PurchaseReservedCapacityOfferings\",\"dynamodb:DescribeLimits\",\"dynamodb:ListStreams\"],\"Effect\":\"Allow\",\"Resource\":\"*\"},{\"Action\":\"dynamodb:*\",\"Effect\":\"Allow\",\"Resource\":\"arn:aws:dynamodb:eu-central-1:949052962425:table/chat-connections\"},{\"Action\":\"dynamodb:PutItem\",\"Effect\":\"Allow\",\"Resource\":\"arn:aws:dynamodb:eu-central-1:949052962425:table/mylearn-chat-messages\"},{\"Action\":\"execute-api:*\",\"Effect\":\"Allow\",\"Resource\":\"arn:aws:execute-api:eu-central-1:949052962425:t1z14v2l88/*/*/*\"}],\"Version\":\"2012-10-17\"}"
              }
            ],
            "managed_policy_arns": [
              "arn:aws:iam::aws:policy/service-role/AWSLambdaBasicExecutionRole"
            ],
            "max_session_duration": 3600,
            "name": "mylearn-chat-eu-central-1",
            "name_prefix": "",
            "path": "/",
            "permissions_boundary": null,
            "tags": {},
            "tags_all": {},
            "unique_id": "AROA5Z57W6Z4S2X6UMJCS"
          },
          "sensitive_attributes": [],
          "private": "bnVsbA==",
          "create_before_destroy": true
        }
      ]
    },
    {
      "mode": "managed",
      "type": "aws_iam_role",
      "name": "mylearn_cognito_user",
      "provider": "provider[\"registry.terraform.io/hashicorp/aws\"]",
      "instances": [
        {
          "schema_version": 0,
          "attributes": {
            "arn": "arn:aws:iam::949052962425:role/cognito-user-lambda-eu-central-1",
            "assume_role_policy": "{\"Version\":\"2012-10-17\",\"Statement\":[{\"Effect\":\"Allow\",\"Principal\":{\"Service\":\"lambda.amazonaws.com\"},\"Action\":\"sts:AssumeRole\"}]}",
            "create_date": "2022-09-07T16:42:05Z",
            "description": "",
            "force_detach_policies": false,
            "id": "cognito-user-lambda-eu-central-1",
            "inline_policy": [
              {
                "name": "cognito-user-lambda-eu-central-1",
                "policy": "{\"Statement\":[{\"Action\":[\"cognito-idp:InitiateAuth\",\"cognito-idp:AdminConfirmSignUp\",\"cognito-idp:AdminAddUserToGroup\",\"cognito-idp:AdminRemoveUserFromGroup\"],\"Effect\":\"Allow\",\"Resource\":\"*\"}],\"Version\":\"2012-10-17\"}"
              }
            ],
            "managed_policy_arns": [
              "arn:aws:iam::aws:policy/service-role/AWSLambdaBasicExecutionRole"
            ],
            "max_session_duration": 3600,
            "name": "cognito-user-lambda-eu-central-1",
            "name_prefix": "",
            "path": "/",
            "permissions_boundary": null,
            "tags": {},
            "tags_all": {},
            "unique_id": "AROA5Z57W6Z4U3K4RYBPC"
          },
          "sensitive_attributes": [],
          "private": "bnVsbA==",
          "create_before_destroy": true
        }
      ]
    },
    {
      "mode": "managed",
      "type": "aws_iam_role",
      "name": "mylearn_grades",
      "provider": "provider[\"registry.terraform.io/hashicorp/aws\"]",
      "instances": [
        {
          "schema_version": 0,
          "attributes": {
            "arn": "arn:aws:iam::949052962425:role/mylearn-grades-eu-central-1",
            "assume_role_policy": "{\"Version\":\"2012-10-17\",\"Statement\":[{\"Effect\":\"Allow\",\"Principal\":{\"Service\":\"lambda.amazonaws.com\"},\"Action\":\"sts:AssumeRole\"}]}",
            "create_date": "2022-09-07T16:42:04Z",
            "description": "",
            "force_detach_policies": false,
            "id": "mylearn-grades-eu-central-1",
            "inline_policy": [
              {
                "name": "mylearn-grades-eu-central-1",
                "policy": "{\"Statement\":[{\"Action\":[\"dynamodb:PutItem\",\"dynamodb:GetItem\",\"dynamodb:Scan\",\"dynamodb:Query\",\"dynamodb:UpdateItem\"],\"Effect\":\"Allow\",\"Resource\":\"arn:aws:dynamodb:eu-central-1:949052962425:table/mylearn-grades\"},{\"Action\":\"dynamodb:ListTables\",\"Effect\":\"Allow\",\"Resource\":\"*\"}],\"Version\":\"2012-10-17\"}"
              }
            ],
            "managed_policy_arns": [
              "arn:aws:iam::aws:policy/service-role/AWSLambdaBasicExecutionRole"
            ],
            "max_session_duration": 3600,
            "name": "mylearn-grades-eu-central-1",
            "name_prefix": "",
            "path": "/",
            "permissions_boundary": null,
            "tags": {},
            "tags_all": {},
            "unique_id": "AROA5Z57W6Z4S3KIZ724E"
          },
          "sensitive_attributes": [],
          "private": "bnVsbA==",
          "create_before_destroy": true
        }
      ]
    },
    {
      "mode": "managed",
      "type": "aws_iam_role",
      "name": "mylearn_invocation_role",
      "provider": "provider[\"registry.terraform.io/hashicorp/aws\"]",
      "instances": [
        {
          "schema_version": 0,
          "attributes": {
            "arn": "arn:aws:iam::949052962425:role/api_gateway_auth_invocation",
            "assume_role_policy": "{\"Version\":\"2012-10-17\",\"Statement\":[{\"Sid\":\"\",\"Effect\":\"Allow\",\"Principal\":{\"Service\":\"apigateway.amazonaws.com\"},\"Action\":\"sts:AssumeRole\"}]}",
            "create_date": "2022-09-07T16:42:04Z",
            "description": "",
            "force_detach_policies": false,
            "id": "api_gateway_auth_invocation",
            "inline_policy": [
              {
                "name": "default",
                "policy": "{\r\n  \"Version\": \"2012-10-17\",\r\n  \"Statement\": [\r\n    {\r\n      \"Action\": \"lambda:InvokeFunction\",\r\n      \"Effect\": \"Allow\",\r\n      \"Resource\": \"arn:aws:lambda:eu-central-1:949052962425:function:auth-lambda\"\r\n    }\r\n  ]\r\n}\r\n"
              }
            ],
            "managed_policy_arns": [],
            "max_session_duration": 3600,
            "name": "api_gateway_auth_invocation",
            "name_prefix": "",
            "path": "/",
            "permissions_boundary": null,
            "tags": {},
            "tags_all": {},
            "unique_id": "AROA5Z57W6Z443ZP2WX2V"
          },
          "sensitive_attributes": [],
          "private": "bnVsbA==",
          "create_before_destroy": true
        }
      ]
    },
    {
      "mode": "managed",
      "type": "aws_iam_role",
      "name": "mylearn_lessons",
      "provider": "provider[\"registry.terraform.io/hashicorp/aws\"]",
      "instances": [
        {
          "schema_version": 0,
          "attributes": {
            "arn": "arn:aws:iam::949052962425:role/mylearn-lessons-eu-central-1",
            "assume_role_policy": "{\"Version\":\"2012-10-17\",\"Statement\":[{\"Effect\":\"Allow\",\"Principal\":{\"Service\":\"lambda.amazonaws.com\"},\"Action\":\"sts:AssumeRole\"}]}",
            "create_date": "2022-09-07T16:42:05Z",
            "description": "",
            "force_detach_policies": false,
            "id": "mylearn-lessons-eu-central-1",
            "inline_policy": [
              {
                "name": "mylearn-lessons-eu-central-1",
                "policy": "{\"Statement\":[{\"Action\":[\"dynamodb:DescribeReservedCapacityOfferings\",\"dynamodb:ListGlobalTables\",\"dynamodb:ListTables\",\"dynamodb:DescribeReservedCapacity\",\"dynamodb:ListBackups\",\"dynamodb:PurchaseReservedCapacityOfferings\",\"dynamodb:DescribeLimits\",\"dynamodb:ListStreams\"],\"Effect\":\"Allow\",\"Resource\":\"*\"},{\"Action\":[\"dynamodb:Query\",\"dynamodb:PutItem\",\"dynamodb:DeleteItem\",\"dynamodb:Scan\"],\"Effect\":\"Allow\",\"Resource\":[\"arn:aws:dynamodb:eu-central-1:949052962425:table/mylearn-lessons-connections\",\"arn:aws:dynamodb:eu-central-1:949052962425:table/mylearn-lessons\"]},{\"Action\":\"execute-api:*\",\"Effect\":\"Allow\",\"Resource\":\"arn:aws:execute-api:eu-central-1:949052962425:trm0lf808k/*/*/*\"}],\"Version\":\"2012-10-17\"}"
              }
            ],
            "managed_policy_arns": [
              "arn:aws:iam::aws:policy/service-role/AWSLambdaBasicExecutionRole"
            ],
            "max_session_duration": 3600,
            "name": "mylearn-lessons-eu-central-1",
            "name_prefix": "",
            "path": "/",
            "permissions_boundary": null,
            "tags": {},
            "tags_all": {},
            "unique_id": "AROA5Z57W6Z4XIYDZHXCN"
          },
          "sensitive_attributes": [],
          "private": "bnVsbA==",
          "create_before_destroy": true
        }
      ]
    },
    {
      "mode": "managed",
      "type": "aws_iam_role",
      "name": "mylearn_rest_chat",
      "provider": "provider[\"registry.terraform.io/hashicorp/aws\"]",
      "instances": [
        {
          "schema_version": 0,
          "attributes": {
            "arn": "arn:aws:iam::949052962425:role/mylearn-rest-chat-eu-central-1",
            "assume_role_policy": "{\"Version\":\"2012-10-17\",\"Statement\":[{\"Effect\":\"Allow\",\"Principal\":{\"Service\":\"lambda.amazonaws.com\"},\"Action\":\"sts:AssumeRole\"}]}",
            "create_date": "2022-09-07T16:42:03Z",
            "description": "",
            "force_detach_policies": false,
            "id": "mylearn-rest-chat-eu-central-1",
            "inline_policy": [
              {
                "name": "mylearn-rest-chat-eu-central-1",
                "policy": "{\"Statement\":[{\"Action\":\"dynamodb:Query\",\"Effect\":\"Allow\",\"Resource\":\"arn:aws:dynamodb:eu-central-1:949052962425:table/mylearn-chat-messages\"}],\"Version\":\"2012-10-17\"}"
              }
            ],
            "managed_policy_arns": [
              "arn:aws:iam::aws:policy/service-role/AWSLambdaBasicExecutionRole"
            ],
            "max_session_duration": 3600,
            "name": "mylearn-rest-chat-eu-central-1",
            "name_prefix": "",
            "path": "/",
            "permissions_boundary": null,
            "tags": {},
            "tags_all": {},
            "unique_id": "AROA5Z57W6Z4T7N37U5DY"
          },
          "sensitive_attributes": [],
          "private": "bnVsbA==",
          "create_before_destroy": true
        }
      ]
    },
    {
      "mode": "managed",
      "type": "aws_iam_role",
      "name": "mylearn_rest_lessons",
      "provider": "provider[\"registry.terraform.io/hashicorp/aws\"]",
      "instances": [
        {
          "schema_version": 0,
          "attributes": {
            "arn": "arn:aws:iam::949052962425:role/lesson-rest-lambda-eu-central-1",
            "assume_role_policy": "{\"Version\":\"2012-10-17\",\"Statement\":[{\"Effect\":\"Allow\",\"Principal\":{\"Service\":\"lambda.amazonaws.com\"},\"Action\":\"sts:AssumeRole\"}]}",
            "create_date": "2022-09-07T16:42:06Z",
            "description": "",
            "force_detach_policies": false,
            "id": "lesson-rest-lambda-eu-central-1",
            "inline_policy": [
              {
                "name": "lesson-rest-lambda-eu-central-1",
                "policy": "{\"Statement\":[{\"Action\":[\"dynamodb:PutItem\",\"dynamodb:Query\",\"dynamodb:DeleteItem\",\"dynamodb:Scan\",\"dynamodb:UpdateItem\"],\"Effect\":\"Allow\",\"Resource\":\"arn:aws:dynamodb:eu-central-1:949052962425:table/mylearn-lessons\"},{\"Action\":[\"dynamodb:Scan\"],\"Effect\":\"Allow\",\"Resource\":\"arn:aws:dynamodb:eu-central-1:949052962425:table/mylearn-lessons-connections\"}],\"Version\":\"2012-10-17\"}"
              }
            ],
            "managed_policy_arns": [
              "arn:aws:iam::aws:policy/service-role/AWSLambdaBasicExecutionRole"
            ],
            "max_session_duration": 3600,
            "name": "lesson-rest-lambda-eu-central-1",
            "name_prefix": "",
            "path": "/",
            "permissions_boundary": null,
            "tags": {},
            "tags_all": {},
            "unique_id": "AROA5Z57W6Z4UPNJZSKG2"
          },
          "sensitive_attributes": [],
          "private": "bnVsbA==",
          "create_before_destroy": true
        }
      ]
    },
    {
      "mode": "managed",
      "type": "aws_iam_role",
      "name": "mylearn_tests_lambda",
      "provider": "provider[\"registry.terraform.io/hashicorp/aws\"]",
      "instances": [
        {
          "schema_version": 0,
          "attributes": {
            "arn": "arn:aws:iam::949052962425:role/tests-lambda-eu-central-1",
            "assume_role_policy": "{\"Version\":\"2012-10-17\",\"Statement\":[{\"Effect\":\"Allow\",\"Principal\":{\"Service\":\"lambda.amazonaws.com\"},\"Action\":\"sts:AssumeRole\"}]}",
            "create_date": "2022-09-09T17:24:16Z",
            "description": "",
            "force_detach_policies": false,
            "id": "tests-lambda-eu-central-1",
            "inline_policy": [
              {
                "name": "tests-lambda-eu-central-1",
                "policy": "{\"Statement\":[{\"Action\":[\"dynamodb:PutItem\",\"dynamodb:Scan\",\"dynamodb:Query\",\"dynamodb:DeleteItem\"],\"Effect\":\"Allow\",\"Resource\":\"arn:aws:dynamodb:eu-central-1:949052962425:table/mylearn-tests\"},{\"Action\":[\"dynamodb:PutItem\",\"dynamodb:Query\"],\"Effect\":\"Allow\",\"Resource\":\"arn:aws:dynamodb:eu-central-1:949052962425:table/mylearn-tests-results\"}],\"Version\":\"2012-10-17\"}"
              }
            ],
            "managed_policy_arns": [
              "arn:aws:iam::aws:policy/service-role/AWSLambdaBasicExecutionRole"
            ],
            "max_session_duration": 3600,
            "name": "tests-lambda-eu-central-1",
            "name_prefix": "",
            "path": "/",
            "permissions_boundary": null,
            "tags": {},
            "tags_all": {},
            "unique_id": "AROA5Z57W6Z4TF4A4B6Y7"
          },
          "sensitive_attributes": [],
          "private": "bnVsbA==",
          "create_before_destroy": true
        }
      ]
    },
    {
      "mode": "managed",
      "type": "aws_iam_role",
      "name": "mylearn_users",
      "provider": "provider[\"registry.terraform.io/hashicorp/aws\"]",
      "instances": [
        {
          "schema_version": 0,
          "attributes": {
            "arn": "arn:aws:iam::949052962425:role/user-lambda-eu-central-1",
            "assume_role_policy": "{\"Version\":\"2012-10-17\",\"Statement\":[{\"Effect\":\"Allow\",\"Principal\":{\"Service\":\"lambda.amazonaws.com\"},\"Action\":\"sts:AssumeRole\"}]}",
            "create_date": "2022-09-07T16:42:04Z",
            "description": "",
            "force_detach_policies": false,
            "id": "user-lambda-eu-central-1",
            "inline_policy": [
              {
                "name": "user-lambda-eu-central-1",
                "policy": "{\"Statement\":[{\"Action\":[\"dynamodb:PutItem\",\"dynamodb:DeleteItem\",\"dynamodb:Scan\",\"dynamodb:UpdateItem\",\"dynamodb:Query\"],\"Effect\":\"Allow\",\"Resource\":\"arn:aws:dynamodb:eu-central-1:949052962425:table/mylearn-classes\"},{\"Action\":[\"dynamodb:Query\",\"dynamodb:UpdateItem\"],\"Effect\":\"Allow\",\"Resource\":[\"arn:aws:dynamodb:eu-central-1:949052962425:table/cognito-users\"]},{\"Action\":[\"cognito-idp:ListUsersInGroup\",\"cognito-idp:ListUsers\"],\"Effect\":\"Allow\",\"Resource\":\"*\"}],\"Version\":\"2012-10-17\"}"
              }
            ],
            "managed_policy_arns": [
              "arn:aws:iam::aws:policy/service-role/AWSLambdaBasicExecutionRole"
            ],
            "max_session_duration": 3600,
            "name": "user-lambda-eu-central-1",
            "name_prefix": "",
            "path": "/",
            "permissions_boundary": null,
            "tags": {},
            "tags_all": {},
            "unique_id": "AROA5Z57W6Z44D2T25YU4"
          },
          "sensitive_attributes": [],
          "private": "bnVsbA==",
          "create_before_destroy": true
        }
      ]
    },
    {
      "mode": "managed",
      "type": "aws_iam_role",
      "name": "s3_content_gateway",
      "provider": "provider[\"registry.terraform.io/hashicorp/aws\"]",
      "instances": [
        {
          "schema_version": 0,
          "attributes": {
            "arn": "arn:aws:iam::949052962425:role/s3-content-gateway-eu-central-1",
            "assume_role_policy": "{\"Version\":\"2012-10-17\",\"Statement\":[{\"Sid\":\"\",\"Effect\":\"Allow\",\"Principal\":{\"Service\":\"apigateway.amazonaws.com\"},\"Action\":\"sts:AssumeRole\"}]}",
            "create_date": "2022-09-07T16:42:03Z",
            "description": "",
            "force_detach_policies": false,
            "id": "s3-content-gateway-eu-central-1",
            "inline_policy": [
              {
                "name": "s3-content-gateway-eu-central-1",
                "policy": "{\"Statement\":[{\"Action\":[\"s3:PutObject\",\"s3:GetObject\"],\"Effect\":\"Allow\",\"Resource\":\"arn:aws:s3:::mylearn-materials-eu-central-1/*\"}],\"Version\":\"2012-10-17\"}"
              }
            ],
            "managed_policy_arns": [
              "arn:aws:iam::aws:policy/service-role/AmazonAPIGatewayPushToCloudWatchLogs"
            ],
            "max_session_duration": 3600,
            "name": "s3-content-gateway-eu-central-1",
            "name_prefix": "",
            "path": "/",
            "permissions_boundary": null,
            "tags": {},
            "tags_all": {},
            "unique_id": "AROA5Z57W6Z4ZY6IM3T4P"
          },
          "sensitive_attributes": [],
          "private": "bnVsbA==",
          "create_before_destroy": true
        }
      ]
    },
    {
      "mode": "managed",
      "type": "aws_iam_role",
      "name": "s3_management_lambda",
      "provider": "provider[\"registry.terraform.io/hashicorp/aws\"]",
      "instances": [
        {
          "schema_version": 0,
          "attributes": {
            "arn": "arn:aws:iam::949052962425:role/s3-management-lambda-eu-central-1",
            "assume_role_policy": "{\"Version\":\"2012-10-17\",\"Statement\":[{\"Effect\":\"Allow\",\"Principal\":{\"Service\":\"lambda.amazonaws.com\"},\"Action\":\"sts:AssumeRole\"}]}",
            "create_date": "2022-09-07T16:42:02Z",
            "description": "",
            "force_detach_policies": false,
            "id": "s3-management-lambda-eu-central-1",
            "inline_policy": [
              {
                "name": "s3-management-lambda-eu-central-1",
                "policy": "{\"Statement\":[{\"Action\":[\"s3:ListBucket\"],\"Effect\":\"Allow\",\"Resource\":\"arn:aws:s3:::mylearn-materials-eu-central-1\"}],\"Version\":\"2012-10-17\"}"
              }
            ],
            "managed_policy_arns": [
              "arn:aws:iam::aws:policy/service-role/AWSLambdaBasicExecutionRole"
            ],
            "max_session_duration": 3600,
            "name": "s3-management-lambda-eu-central-1",
            "name_prefix": "",
            "path": "/",
            "permissions_boundary": null,
            "tags": {},
            "tags_all": {},
            "unique_id": "AROA5Z57W6Z4SJSXW4QX7"
          },
          "sensitive_attributes": [],
          "private": "bnVsbA==",
          "create_before_destroy": true
        }
      ]
    },
    {
      "mode": "managed",
      "type": "aws_iam_role_policy",
      "name": "cognito_after_register",
      "provider": "provider[\"registry.terraform.io/hashicorp/aws\"]",
      "instances": [
        {
          "schema_version": 0,
          "attributes": {
            "id": "cognito-after-register-eu-central-1:cognito-after-register-eu-central-1",
            "name": "cognito-after-register-eu-central-1",
            "name_prefix": null,
            "policy": "{\"Statement\":[{\"Action\":\"dynamodb:PutItem\",\"Effect\":\"Allow\",\"Resource\":\"arn:aws:dynamodb:eu-central-1:949052962425:table/cognito-users\"},{\"Action\":\"cognito-idp:*\",\"Effect\":\"Allow\",\"Resource\":\"arn:aws:cognito-idp:eu-central-1:949052962425:userpool/eu-central-1_TmpKOKTRI\"}],\"Version\":\"2012-10-17\"}",
            "role": "cognito-after-register-eu-central-1"
          },
          "sensitive_attributes": [],
          "private": "bnVsbA==",
          "dependencies": [
            "aws_cognito_user_pool.mylearn",
            "aws_dynamodb_table.cognito_users",
            "aws_iam_role.cognito_after_register",
            "aws_lambda_function.cognito_after_register"
          ]
        }
      ]
    },
    {
      "mode": "managed",
      "type": "aws_iam_role_policy",
      "name": "invocation_policy",
      "provider": "provider[\"registry.terraform.io/hashicorp/aws\"]",
      "instances": [
        {
          "schema_version": 0,
          "attributes": {
            "id": "api_gateway_auth_invocation:default",
            "name": "default",
            "name_prefix": null,
            "policy": "{\r\n  \"Version\": \"2012-10-17\",\r\n  \"Statement\": [\r\n    {\r\n      \"Action\": \"lambda:InvokeFunction\",\r\n      \"Effect\": \"Allow\",\r\n      \"Resource\": \"arn:aws:lambda:eu-central-1:949052962425:function:auth-lambda\"\r\n    }\r\n  ]\r\n}\r\n",
            "role": "api_gateway_auth_invocation"
          },
          "sensitive_attributes": [],
          "private": "bnVsbA==",
          "dependencies": [
            "aws_cognito_user_pool.mylearn",
            "aws_dynamodb_table.cognito_users",
            "aws_iam_role.auth_lambda",
            "aws_iam_role.cognito_after_register",
            "aws_iam_role.mylearn_invocation_role",
            "aws_lambda_function.auth_lambda",
            "aws_lambda_function.cognito_after_register"
          ]
        }
      ]
    },
    {
      "mode": "managed",
      "type": "aws_iam_role_policy",
      "name": "mylearn_chat",
      "provider": "provider[\"registry.terraform.io/hashicorp/aws\"]",
      "instances": [
        {
          "schema_version": 0,
          "attributes": {
            "id": "mylearn-chat-eu-central-1:mylearn-chat-eu-central-1",
            "name": "mylearn-chat-eu-central-1",
            "name_prefix": null,
            "policy": "{\"Statement\":[{\"Action\":[\"dynamodb:DescribeReservedCapacityOfferings\",\"dynamodb:ListGlobalTables\",\"dynamodb:ListTables\",\"dynamodb:DescribeReservedCapacity\",\"dynamodb:ListBackups\",\"dynamodb:PurchaseReservedCapacityOfferings\",\"dynamodb:DescribeLimits\",\"dynamodb:ListStreams\"],\"Effect\":\"Allow\",\"Resource\":\"*\"},{\"Action\":\"dynamodb:*\",\"Effect\":\"Allow\",\"Resource\":\"arn:aws:dynamodb:eu-central-1:949052962425:table/chat-connections\"},{\"Action\":\"dynamodb:PutItem\",\"Effect\":\"Allow\",\"Resource\":\"arn:aws:dynamodb:eu-central-1:949052962425:table/mylearn-chat-messages\"},{\"Action\":\"execute-api:*\",\"Effect\":\"Allow\",\"Resource\":\"arn:aws:execute-api:eu-central-1:949052962425:t1z14v2l88/*/*/*\"}],\"Version\":\"2012-10-17\"}",
            "role": "mylearn-chat-eu-central-1"
          },
          "sensitive_attributes": [],
          "private": "bnVsbA==",
          "dependencies": [
            "aws_apigatewayv2_api.chat_api",
            "aws_dynamodb_table.chat_connections",
            "aws_dynamodb_table.chat_messages",
            "aws_iam_role.mylearn_chat"
          ]
        }
      ]
    },
    {
      "mode": "managed",
      "type": "aws_iam_role_policy",
      "name": "mylearn_cognito_user",
      "provider": "provider[\"registry.terraform.io/hashicorp/aws\"]",
      "instances": [
        {
          "schema_version": 0,
          "attributes": {
            "id": "cognito-user-lambda-eu-central-1:cognito-user-lambda-eu-central-1",
            "name": "cognito-user-lambda-eu-central-1",
            "name_prefix": null,
            "policy": "{\"Statement\":[{\"Action\":[\"cognito-idp:InitiateAuth\",\"cognito-idp:AdminConfirmSignUp\",\"cognito-idp:AdminAddUserToGroup\",\"cognito-idp:AdminRemoveUserFromGroup\"],\"Effect\":\"Allow\",\"Resource\":\"*\"}],\"Version\":\"2012-10-17\"}",
            "role": "cognito-user-lambda-eu-central-1"
          },
          "sensitive_attributes": [],
          "private": "bnVsbA==",
          "dependencies": [
            "aws_iam_role.mylearn_cognito_user"
          ]
        }
      ]
    },
    {
      "mode": "managed",
      "type": "aws_iam_role_policy",
      "name": "mylearn_grades",
      "provider": "provider[\"registry.terraform.io/hashicorp/aws\"]",
      "instances": [
        {
          "schema_version": 0,
          "attributes": {
            "id": "mylearn-grades-eu-central-1:mylearn-grades-eu-central-1",
            "name": "mylearn-grades-eu-central-1",
            "name_prefix": null,
            "policy": "{\"Statement\":[{\"Action\":[\"dynamodb:PutItem\",\"dynamodb:GetItem\",\"dynamodb:Scan\",\"dynamodb:Query\",\"dynamodb:UpdateItem\"],\"Effect\":\"Allow\",\"Resource\":\"arn:aws:dynamodb:eu-central-1:949052962425:table/mylearn-grades\"},{\"Action\":\"dynamodb:ListTables\",\"Effect\":\"Allow\",\"Resource\":\"*\"}],\"Version\":\"2012-10-17\"}",
            "role": "mylearn-grades-eu-central-1"
          },
          "sensitive_attributes": [],
          "private": "bnVsbA==",
          "dependencies": [
            "aws_dynamodb_table.mylearn_grades",
            "aws_iam_role.mylearn_grades"
          ]
        }
      ]
    },
    {
      "mode": "managed",
      "type": "aws_iam_role_policy",
      "name": "mylearn_lessons",
      "provider": "provider[\"registry.terraform.io/hashicorp/aws\"]",
      "instances": [
        {
          "schema_version": 0,
          "attributes": {
            "id": "mylearn-lessons-eu-central-1:mylearn-lessons-eu-central-1",
            "name": "mylearn-lessons-eu-central-1",
            "name_prefix": null,
            "policy": "{\"Statement\":[{\"Action\":[\"dynamodb:DescribeReservedCapacityOfferings\",\"dynamodb:ListGlobalTables\",\"dynamodb:ListTables\",\"dynamodb:DescribeReservedCapacity\",\"dynamodb:ListBackups\",\"dynamodb:PurchaseReservedCapacityOfferings\",\"dynamodb:DescribeLimits\",\"dynamodb:ListStreams\"],\"Effect\":\"Allow\",\"Resource\":\"*\"},{\"Action\":[\"dynamodb:Query\",\"dynamodb:PutItem\",\"dynamodb:DeleteItem\",\"dynamodb:Scan\"],\"Effect\":\"Allow\",\"Resource\":[\"arn:aws:dynamodb:eu-central-1:949052962425:table/mylearn-lessons-connections\",\"arn:aws:dynamodb:eu-central-1:949052962425:table/mylearn-lessons\"]},{\"Action\":\"execute-api:*\",\"Effect\":\"Allow\",\"Resource\":\"arn:aws:execute-api:eu-central-1:949052962425:trm0lf808k/*/*/*\"}],\"Version\":\"2012-10-17\"}",
            "role": "mylearn-lessons-eu-central-1"
          },
          "sensitive_attributes": [],
          "private": "bnVsbA==",
          "dependencies": [
            "aws_apigatewayv2_api.mylearn_lessons_api",
            "aws_dynamodb_table.mylearn_lessons",
            "aws_dynamodb_table.mylearn_lessons_connections",
            "aws_iam_role.mylearn_lessons"
          ]
        }
      ]
    },
    {
      "mode": "managed",
      "type": "aws_iam_role_policy",
      "name": "mylearn_rest_chat",
      "provider": "provider[\"registry.terraform.io/hashicorp/aws\"]",
      "instances": [
        {
          "schema_version": 0,
          "attributes": {
            "id": "mylearn-rest-chat-eu-central-1:mylearn-rest-chat-eu-central-1",
            "name": "mylearn-rest-chat-eu-central-1",
            "name_prefix": null,
            "policy": "{\"Statement\":[{\"Action\":\"dynamodb:Query\",\"Effect\":\"Allow\",\"Resource\":\"arn:aws:dynamodb:eu-central-1:949052962425:table/mylearn-chat-messages\"}],\"Version\":\"2012-10-17\"}",
            "role": "mylearn-rest-chat-eu-central-1"
          },
          "sensitive_attributes": [],
          "private": "bnVsbA==",
          "dependencies": [
            "aws_dynamodb_table.chat_messages",
            "aws_iam_role.mylearn_rest_chat"
          ]
        }
      ]
    },
    {
      "mode": "managed",
      "type": "aws_iam_role_policy",
      "name": "mylearn_rest_lessons",
      "provider": "provider[\"registry.terraform.io/hashicorp/aws\"]",
      "instances": [
        {
          "schema_version": 0,
          "attributes": {
            "id": "lesson-rest-lambda-eu-central-1:lesson-rest-lambda-eu-central-1",
            "name": "lesson-rest-lambda-eu-central-1",
            "name_prefix": null,
            "policy": "{\"Statement\":[{\"Action\":[\"dynamodb:PutItem\",\"dynamodb:Query\",\"dynamodb:DeleteItem\",\"dynamodb:Scan\",\"dynamodb:UpdateItem\"],\"Effect\":\"Allow\",\"Resource\":\"arn:aws:dynamodb:eu-central-1:949052962425:table/mylearn-lessons\"},{\"Action\":[\"dynamodb:Scan\"],\"Effect\":\"Allow\",\"Resource\":\"arn:aws:dynamodb:eu-central-1:949052962425:table/mylearn-lessons-connections\"}],\"Version\":\"2012-10-17\"}",
            "role": "lesson-rest-lambda-eu-central-1"
          },
          "sensitive_attributes": [],
          "private": "bnVsbA==",
          "dependencies": [
            "aws_dynamodb_table.mylearn_lessons",
            "aws_dynamodb_table.mylearn_lessons_connections",
            "aws_iam_role.mylearn_rest_lessons"
          ]
        }
      ]
    },
    {
      "mode": "managed",
      "type": "aws_iam_role_policy",
      "name": "mylearn_tests_lambda",
      "provider": "provider[\"registry.terraform.io/hashicorp/aws\"]",
      "instances": [
        {
          "schema_version": 0,
          "attributes": {
            "id": "tests-lambda-eu-central-1:tests-lambda-eu-central-1",
            "name": "tests-lambda-eu-central-1",
            "name_prefix": null,
            "policy": "{\"Statement\":[{\"Action\":[\"dynamodb:PutItem\",\"dynamodb:Scan\",\"dynamodb:Query\",\"dynamodb:DeleteItem\"],\"Effect\":\"Allow\",\"Resource\":\"arn:aws:dynamodb:eu-central-1:949052962425:table/mylearn-tests\"},{\"Action\":[\"dynamodb:PutItem\",\"dynamodb:Query\"],\"Effect\":\"Allow\",\"Resource\":\"arn:aws:dynamodb:eu-central-1:949052962425:table/mylearn-tests-results\"}],\"Version\":\"2012-10-17\"}",
            "role": "tests-lambda-eu-central-1"
          },
          "sensitive_attributes": [],
          "private": "bnVsbA==",
          "dependencies": [
            "aws_dynamodb_table.mylearn_tests",
            "aws_dynamodb_table.mylearn_tests_results",
            "aws_iam_role.mylearn_tests_lambda"
          ]
        }
      ]
    },
    {
      "mode": "managed",
      "type": "aws_iam_role_policy",
      "name": "mylearn_users",
      "provider": "provider[\"registry.terraform.io/hashicorp/aws\"]",
      "instances": [
        {
          "schema_version": 0,
          "attributes": {
            "id": "user-lambda-eu-central-1:user-lambda-eu-central-1",
            "name": "user-lambda-eu-central-1",
            "name_prefix": null,
            "policy": "{\"Statement\":[{\"Action\":[\"dynamodb:PutItem\",\"dynamodb:DeleteItem\",\"dynamodb:Scan\",\"dynamodb:UpdateItem\",\"dynamodb:Query\"],\"Effect\":\"Allow\",\"Resource\":\"arn:aws:dynamodb:eu-central-1:949052962425:table/mylearn-classes\"},{\"Action\":[\"dynamodb:Query\",\"dynamodb:UpdateItem\"],\"Effect\":\"Allow\",\"Resource\":[\"arn:aws:dynamodb:eu-central-1:949052962425:table/cognito-users\"]},{\"Action\":[\"cognito-idp:ListUsersInGroup\",\"cognito-idp:ListUsers\"],\"Effect\":\"Allow\",\"Resource\":\"*\"}],\"Version\":\"2012-10-17\"}",
            "role": "user-lambda-eu-central-1"
          },
          "sensitive_attributes": [],
          "private": "bnVsbA==",
          "dependencies": [
            "aws_dynamodb_table.cognito_users",
            "aws_dynamodb_table.mylearn_classes",
            "aws_iam_role.mylearn_users"
          ]
        }
      ]
    },
    {
      "mode": "managed",
      "type": "aws_iam_role_policy",
      "name": "s3_content_gateway",
      "provider": "provider[\"registry.terraform.io/hashicorp/aws\"]",
      "instances": [
        {
          "schema_version": 0,
          "attributes": {
            "id": "s3-content-gateway-eu-central-1:s3-content-gateway-eu-central-1",
            "name": "s3-content-gateway-eu-central-1",
            "name_prefix": null,
            "policy": "{\"Statement\":[{\"Action\":[\"s3:PutObject\",\"s3:GetObject\"],\"Effect\":\"Allow\",\"Resource\":\"arn:aws:s3:::mylearn-materials-eu-central-1/*\"}],\"Version\":\"2012-10-17\"}",
            "role": "s3-content-gateway-eu-central-1"
          },
          "sensitive_attributes": [],
          "private": "bnVsbA==",
          "dependencies": [
            "aws_iam_role.s3_content_gateway",
            "aws_s3_bucket.mylearn_materials"
          ]
        }
      ]
    },
    {
      "mode": "managed",
      "type": "aws_iam_role_policy",
      "name": "s3_management_lambda",
      "provider": "provider[\"registry.terraform.io/hashicorp/aws\"]",
      "instances": [
        {
          "schema_version": 0,
          "attributes": {
            "id": "s3-management-lambda-eu-central-1:s3-management-lambda-eu-central-1",
            "name": "s3-management-lambda-eu-central-1",
            "name_prefix": null,
            "policy": "{\"Statement\":[{\"Action\":[\"s3:ListBucket\"],\"Effect\":\"Allow\",\"Resource\":\"arn:aws:s3:::mylearn-materials-eu-central-1\"}],\"Version\":\"2012-10-17\"}",
            "role": "s3-management-lambda-eu-central-1"
          },
          "sensitive_attributes": [],
          "private": "bnVsbA==",
          "dependencies": [
            "aws_iam_role.s3_management_lambda",
            "aws_s3_bucket.mylearn_materials"
          ]
        }
      ]
    },
    {
      "mode": "managed",
      "type": "aws_iam_role_policy_attachment",
      "name": "main",
      "provider": "provider[\"registry.terraform.io/hashicorp/aws\"]",
      "instances": [
        {
          "schema_version": 0,
          "attributes": {
            "id": "ecs-agent-20220907164211831100000002",
            "policy_arn": "arn:aws:iam::aws:policy/service-role/AmazonEC2ContainerServiceforEC2Role",
            "role": "ecs-agent"
          },
          "sensitive_attributes": [],
          "private": "bnVsbA==",
          "dependencies": [
            "aws_iam_role.main",
            "data.aws_iam_policy_document.main"
          ]
        }
      ]
    },
    {
      "mode": "managed",
      "type": "aws_lambda_function",
      "name": "auth_lambda",
      "provider": "provider[\"registry.terraform.io/hashicorp/aws\"]",
      "instances": [
        {
          "schema_version": 0,
          "attributes": {
            "architectures": [
              "x86_64"
            ],
            "arn": "arn:aws:lambda:eu-central-1:949052962425:function:auth-lambda",
            "code_signing_config_arn": "",
            "dead_letter_config": [],
            "description": "",
            "environment": [
              {
                "variables": {
                  "REGION": "eu-central-1",
                  "USER_POOL_ID": "eu-central-1_TmpKOKTRI"
                }
              }
            ],
            "ephemeral_storage": [
              {
                "size": 512
              }
            ],
            "file_system_config": [],
            "filename": "../lambdas/lambda_build/auth-lambda1.0.0.zip",
            "function_name": "auth-lambda",
            "handler": "main",
            "id": "auth-lambda",
            "image_config": [],
            "image_uri": "",
            "invoke_arn": "arn:aws:apigateway:eu-central-1:lambda:path/2015-03-31/functions/arn:aws:lambda:eu-central-1:949052962425:function:auth-lambda/invocations",
            "kms_key_arn": "",
            "last_modified": "2022-09-07T16:43:02.266+0000",
            "layers": [],
            "memory_size": 128,
            "package_type": "Zip",
            "publish": false,
            "qualified_arn": "arn:aws:lambda:eu-central-1:949052962425:function:auth-lambda:$LATEST",
            "reserved_concurrent_executions": -1,
            "role": "arn:aws:iam::949052962425:role/auth-lambda-eu-central-1",
            "runtime": "go1.x",
            "s3_bucket": null,
            "s3_key": null,
            "s3_object_version": null,
            "signing_job_arn": "",
            "signing_profile_version_arn": "",
            "source_code_hash": "lSq47WNPw8EJuhF0R7cOJolmqfGg04b0bO8Tyn/F+6A=",
            "source_code_size": 4858434,
            "tags": {
              "AppName": "mylearn-app"
            },
            "tags_all": {
              "AppName": "mylearn-app"
            },
            "timeout": 15,
            "timeouts": null,
            "tracing_config": [
              {
                "mode": "PassThrough"
              }
            ],
            "version": "$LATEST",
            "vpc_config": []
          },
          "sensitive_attributes": [],
          "private": "eyJlMmJmYjczMC1lY2FhLTExZTYtOGY4OC0zNDM2M2JjN2M0YzAiOnsiY3JlYXRlIjo2MDAwMDAwMDAwMDB9fQ==",
          "dependencies": [
            "aws_cognito_user_pool.mylearn",
            "aws_dynamodb_table.cognito_users",
            "aws_iam_role.auth_lambda",
            "aws_iam_role.cognito_after_register",
            "aws_lambda_function.cognito_after_register"
          ],
          "create_before_destroy": true
        }
      ]
    },
    {
      "mode": "managed",
      "type": "aws_lambda_function",
      "name": "chat_lambda",
      "provider": "provider[\"registry.terraform.io/hashicorp/aws\"]",
      "instances": [
        {
          "schema_version": 0,
          "attributes": {
            "architectures": [
              "x86_64"
            ],
            "arn": "arn:aws:lambda:eu-central-1:949052962425:function:chat-websocket-lambda",
            "code_signing_config_arn": "",
            "dead_letter_config": [],
            "description": "",
            "environment": [
              {
                "variables": {
                  "CONNECTIONS_TABLE": "chat-connections",
                  "DEPLOYMENT_TYPE": "test",
                  "MESSAGES_TABLE": "mylearn-chat-messages",
                  "REGION": "eu-central-1",
                  "USER_POOL_ID": "eu-central-1_TmpKOKTRI",
                  "WEBSOCKET_API": "t1z14v2l88"
                }
              }
            ],
            "ephemeral_storage": [
              {
                "size": 512
              }
            ],
            "file_system_config": [],
            "filename": "../lambdas/lambda_build/chat-websocket-lambda1.0.0.zip",
            "function_name": "chat-websocket-lambda",
            "handler": "main",
            "id": "chat-websocket-lambda",
            "image_config": [],
            "image_uri": "",
            "invoke_arn": "arn:aws:apigateway:eu-central-1:lambda:path/2015-03-31/functions/arn:aws:lambda:eu-central-1:949052962425:function:chat-websocket-lambda/invocations",
            "kms_key_arn": "",
            "last_modified": "2022-09-07T16:42:55.992+0000",
            "layers": [],
            "memory_size": 128,
            "package_type": "Zip",
            "publish": false,
            "qualified_arn": "arn:aws:lambda:eu-central-1:949052962425:function:chat-websocket-lambda:$LATEST",
            "reserved_concurrent_executions": -1,
            "role": "arn:aws:iam::949052962425:role/mylearn-chat-eu-central-1",
            "runtime": "go1.x",
            "s3_bucket": null,
            "s3_key": null,
            "s3_object_version": null,
            "signing_job_arn": "",
            "signing_profile_version_arn": "",
            "source_code_hash": "YWHtXT3SHLRTbDNPNz2AZnbIxXRBYFY4MtMzDd8O7Os=",
            "source_code_size": 8083460,
            "tags": {
              "AppName": "mylearn-app"
            },
            "tags_all": {
              "AppName": "mylearn-app"
            },
            "timeout": 15,
            "timeouts": null,
            "tracing_config": [
              {
                "mode": "PassThrough"
              }
            ],
            "version": "$LATEST",
            "vpc_config": []
          },
          "sensitive_attributes": [],
          "private": "eyJlMmJmYjczMC1lY2FhLTExZTYtOGY4OC0zNDM2M2JjN2M0YzAiOnsiY3JlYXRlIjo2MDAwMDAwMDAwMDB9fQ==",
          "dependencies": [
            "aws_apigatewayv2_api.chat_api",
            "aws_cognito_user_pool.mylearn",
            "aws_dynamodb_table.chat_connections",
            "aws_dynamodb_table.chat_messages",
            "aws_dynamodb_table.cognito_users",
            "aws_iam_role.cognito_after_register",
            "aws_iam_role.mylearn_chat",
            "aws_lambda_function.cognito_after_register"
          ],
          "create_before_destroy": true
        }
      ]
    },
    {
      "mode": "managed",
      "type": "aws_lambda_function",
      "name": "chat_rest_lambda",
      "provider": "provider[\"registry.terraform.io/hashicorp/aws\"]",
      "instances": [
        {
          "schema_version": 0,
          "attributes": {
            "architectures": [
              "x86_64"
            ],
            "arn": "arn:aws:lambda:eu-central-1:949052962425:function:chat-rest-lambda",
            "code_signing_config_arn": "",
            "dead_letter_config": [],
            "description": "",
            "environment": [
              {
                "variables": {
                  "MESSAGES_TABLE": "mylearn-chat-messages",
                  "REGION": "eu-central-1"
                }
              }
            ],
            "ephemeral_storage": [
              {
                "size": 512
              }
            ],
            "file_system_config": [],
            "filename": "../lambdas/lambda_build/chat-rest-lambda1.0.0.zip",
            "function_name": "chat-rest-lambda",
            "handler": "main",
            "id": "chat-rest-lambda",
            "image_config": [],
            "image_uri": "",
            "invoke_arn": "arn:aws:apigateway:eu-central-1:lambda:path/2015-03-31/functions/arn:aws:lambda:eu-central-1:949052962425:function:chat-rest-lambda/invocations",
            "kms_key_arn": "",
            "last_modified": "2022-09-07T16:42:26.690+0000",
            "layers": [],
            "memory_size": 128,
            "package_type": "Zip",
            "publish": false,
            "qualified_arn": "arn:aws:lambda:eu-central-1:949052962425:function:chat-rest-lambda:$LATEST",
            "reserved_concurrent_executions": -1,
            "role": "arn:aws:iam::949052962425:role/mylearn-rest-chat-eu-central-1",
            "runtime": "go1.x",
            "s3_bucket": null,
            "s3_key": null,
            "s3_object_version": null,
            "signing_job_arn": "",
            "signing_profile_version_arn": "",
            "source_code_hash": "3LPa3sjbsXUMQVbJuBmdtkedjMGUHwi1+OLOawhOT24=",
            "source_code_size": 6332003,
            "tags": {
              "AppName": "mylearn-app"
            },
            "tags_all": {
              "AppName": "mylearn-app"
            },
            "timeout": 15,
            "timeouts": null,
            "tracing_config": [
              {
                "mode": "PassThrough"
              }
            ],
            "version": "$LATEST",
            "vpc_config": []
          },
          "sensitive_attributes": [],
          "private": "eyJlMmJmYjczMC1lY2FhLTExZTYtOGY4OC0zNDM2M2JjN2M0YzAiOnsiY3JlYXRlIjo2MDAwMDAwMDAwMDB9fQ==",
          "dependencies": [
            "aws_dynamodb_table.chat_messages",
            "aws_iam_role.mylearn_rest_chat"
          ],
          "create_before_destroy": true
        }
      ]
    },
    {
      "mode": "managed",
      "type": "aws_lambda_function",
      "name": "cognito_after_register",
      "provider": "provider[\"registry.terraform.io/hashicorp/aws\"]",
      "instances": [
        {
          "schema_version": 0,
          "attributes": {
            "architectures": [
              "x86_64"
            ],
            "arn": "arn:aws:lambda:eu-central-1:949052962425:function:cognito-after-register-lambda",
            "code_signing_config_arn": "",
            "dead_letter_config": [],
            "description": "",
            "environment": [
              {
                "variables": {
                  "GRADES_TABLE": "cognito-users",
                  "REGION": "eu-central-1"
                }
              }
            ],
            "ephemeral_storage": [
              {
                "size": 512
              }
            ],
            "file_system_config": [],
            "filename": "../lambdas/lambda_build/cognito-after-register-lambda1.0.0.zip",
            "function_name": "cognito-after-register-lambda",
            "handler": "main",
            "id": "cognito-after-register-lambda",
            "image_config": [],
            "image_uri": "",
            "invoke_arn": "arn:aws:apigateway:eu-central-1:lambda:path/2015-03-31/functions/arn:aws:lambda:eu-central-1:949052962425:function:cognito-after-register-lambda/invocations",
            "kms_key_arn": "",
            "last_modified": "2022-09-07T16:42:42.147+0000",
            "layers": [],
            "memory_size": 128,
            "package_type": "Zip",
            "publish": false,
            "qualified_arn": "arn:aws:lambda:eu-central-1:949052962425:function:cognito-after-register-lambda:$LATEST",
            "reserved_concurrent_executions": -1,
            "role": "arn:aws:iam::949052962425:role/cognito-after-register-eu-central-1",
            "runtime": "go1.x",
            "s3_bucket": null,
            "s3_key": null,
            "s3_object_version": null,
            "signing_job_arn": "",
            "signing_profile_version_arn": "",
            "source_code_hash": "VhB+kmHtPPZEONM/0uRRpdxTi7epaUfvaWyUqg/buyc=",
            "source_code_size": 6265395,
            "tags": {
              "AppName": "mylearn-app"
            },
            "tags_all": {
              "AppName": "mylearn-app"
            },
            "timeout": 15,
            "timeouts": null,
            "tracing_config": [
              {
                "mode": "PassThrough"
              }
            ],
            "version": "$LATEST",
            "vpc_config": []
          },
          "sensitive_attributes": [],
          "private": "eyJlMmJmYjczMC1lY2FhLTExZTYtOGY4OC0zNDM2M2JjN2M0YzAiOnsiY3JlYXRlIjo2MDAwMDAwMDAwMDB9fQ==",
          "dependencies": [
            "aws_dynamodb_table.cognito_users",
            "aws_iam_role.cognito_after_register"
          ],
          "create_before_destroy": true
        }
      ]
    },
    {
      "mode": "managed",
      "type": "aws_lambda_function",
      "name": "cognito_user_lambda",
      "provider": "provider[\"registry.terraform.io/hashicorp/aws\"]",
      "instances": [
        {
          "schema_version": 0,
          "attributes": {
            "architectures": [
              "x86_64"
            ],
            "arn": "arn:aws:lambda:eu-central-1:949052962425:function:cognito-user-lambda",
            "code_signing_config_arn": "",
            "dead_letter_config": [],
            "description": "",
            "environment": [
              {
                "variables": {
                  "COGNITO_CLIENT_ID": "188t0r6912ke6o7864e73pcrlf",
                  "REGION": "eu-central-1",
                  "USER_POOL_ID": "eu-central-1_TmpKOKTRI"
                }
              }
            ],
            "ephemeral_storage": [
              {
                "size": 512
              }
            ],
            "file_system_config": [],
            "filename": "../lambdas/lambda_build/cognito-user-lambda1.0.0.zip",
            "function_name": "cognito-user-lambda",
            "handler": "main",
            "id": "cognito-user-lambda",
            "image_config": [],
            "image_uri": "",
            "invoke_arn": "arn:aws:apigateway:eu-central-1:lambda:path/2015-03-31/functions/arn:aws:lambda:eu-central-1:949052962425:function:cognito-user-lambda/invocations",
            "kms_key_arn": "",
            "last_modified": "2022-09-07T16:43:21.767+0000",
            "layers": [],
            "memory_size": 128,
            "package_type": "Zip",
            "publish": false,
            "qualified_arn": "arn:aws:lambda:eu-central-1:949052962425:function:cognito-user-lambda:$LATEST",
            "reserved_concurrent_executions": -1,
            "role": "arn:aws:iam::949052962425:role/cognito-user-lambda-eu-central-1",
            "runtime": "go1.x",
            "s3_bucket": null,
            "s3_key": null,
            "s3_object_version": null,
            "signing_job_arn": "",
            "signing_profile_version_arn": "",
            "source_code_hash": "BdWr40lfXLGtZl9tE67BFyZHG8NnArgSv5qNHP/n0iw=",
            "source_code_size": 6213782,
            "tags": {
              "AppName": "mylearn-app"
            },
            "tags_all": {
              "AppName": "mylearn-app"
            },
            "timeout": 15,
            "timeouts": null,
            "tracing_config": [
              {
                "mode": "PassThrough"
              }
            ],
            "version": "$LATEST",
            "vpc_config": []
          },
          "sensitive_attributes": [],
          "private": "eyJlMmJmYjczMC1lY2FhLTExZTYtOGY4OC0zNDM2M2JjN2M0YzAiOnsiY3JlYXRlIjo2MDAwMDAwMDAwMDB9fQ==",
          "dependencies": [
            "aws_cognito_user_pool.mylearn",
            "aws_cognito_user_pool_client.webapp",
            "aws_dynamodb_table.cognito_users",
            "aws_iam_role.cognito_after_register",
            "aws_iam_role.mylearn_cognito_user",
            "aws_lambda_function.cognito_after_register"
          ],
          "create_before_destroy": true
        }
      ]
    },
    {
      "mode": "managed",
      "type": "aws_lambda_function",
      "name": "lessons_rest_lambda",
      "provider": "provider[\"registry.terraform.io/hashicorp/aws\"]",
      "instances": [
        {
          "schema_version": 0,
          "attributes": {
            "architectures": [
              "x86_64"
            ],
            "arn": "arn:aws:lambda:eu-central-1:949052962425:function:lesson-rest-lambda",
            "code_signing_config_arn": "",
            "dead_letter_config": [],
            "description": "",
            "environment": [
              {
                "variables": {
                  "LESSONS_CONNECTIONS_TABLE": "mylearn-lessons-connections",
                  "LESSONS_TABLE": "mylearn-lessons",
                  "REGION": "eu-central-1"
                }
              }
            ],
            "ephemeral_storage": [
              {
                "size": 512
              }
            ],
            "file_system_config": [],
            "filename": "../lambdas/lambda_build/lesson-rest-lambda1.0.0.zip",
            "function_name": "lesson-rest-lambda",
            "handler": "main",
            "id": "lesson-rest-lambda",
            "image_config": [],
            "image_uri": "",
            "invoke_arn": "arn:aws:apigateway:eu-central-1:lambda:path/2015-03-31/functions/arn:aws:lambda:eu-central-1:949052962425:function:lesson-rest-lambda/invocations",
            "kms_key_arn": "",
            "last_modified": "2022-09-07T16:42:47.115+0000",
            "layers": [],
            "memory_size": 128,
            "package_type": "Zip",
            "publish": false,
            "qualified_arn": "arn:aws:lambda:eu-central-1:949052962425:function:lesson-rest-lambda:$LATEST",
            "reserved_concurrent_executions": -1,
            "role": "arn:aws:iam::949052962425:role/lesson-rest-lambda-eu-central-1",
            "runtime": "go1.x",
            "s3_bucket": null,
            "s3_key": null,
            "s3_object_version": null,
            "signing_job_arn": "",
            "signing_profile_version_arn": "",
            "source_code_hash": "KtGP6QikYDkHRcu2+kG8+/2Vhe0DRnxXdL0Vz5xNSSY=",
            "source_code_size": 6359425,
            "tags": {
              "AppName": "mylearn-app"
            },
            "tags_all": {
              "AppName": "mylearn-app"
            },
            "timeout": 15,
            "timeouts": null,
            "tracing_config": [
              {
                "mode": "PassThrough"
              }
            ],
            "version": "$LATEST",
            "vpc_config": []
          },
          "sensitive_attributes": [],
          "private": "eyJlMmJmYjczMC1lY2FhLTExZTYtOGY4OC0zNDM2M2JjN2M0YzAiOnsiY3JlYXRlIjo2MDAwMDAwMDAwMDB9fQ==",
          "dependencies": [
            "aws_dynamodb_table.mylearn_lessons",
            "aws_dynamodb_table.mylearn_lessons_connections",
            "aws_iam_role.mylearn_rest_lessons"
          ],
          "create_before_destroy": true
        }
      ]
    },
    {
      "mode": "managed",
      "type": "aws_lambda_function",
      "name": "lessons_websocket_lambda",
      "provider": "provider[\"registry.terraform.io/hashicorp/aws\"]",
      "instances": [
        {
          "schema_version": 0,
          "attributes": {
            "architectures": [
              "x86_64"
            ],
            "arn": "arn:aws:lambda:eu-central-1:949052962425:function:lesson-websocket-lambda",
            "code_signing_config_arn": "",
            "dead_letter_config": [],
            "description": "",
            "environment": [
              {
                "variables": {
                  "CONNECTIONS_TABLE": "mylearn-lessons-connections",
                  "DEPLOYMENT_TYPE": "test",
                  "LESSONS_TABLE": "mylearn-lessons",
                  "REGION": "eu-central-1",
                  "USER_POOL_ID": "eu-central-1_TmpKOKTRI",
                  "WEBSOCKET_API": "trm0lf808k"
                }
              }
            ],
            "ephemeral_storage": [
              {
                "size": 512
              }
            ],
            "file_system_config": [],
            "filename": "../lambdas/lambda_build/lesson-websocket-lambda1.0.0.zip",
            "function_name": "lesson-websocket-lambda",
            "handler": "main",
            "id": "lesson-websocket-lambda",
            "image_config": [],
            "image_uri": "",
            "invoke_arn": "arn:aws:apigateway:eu-central-1:lambda:path/2015-03-31/functions/arn:aws:lambda:eu-central-1:949052962425:function:lesson-websocket-lambda/invocations",
            "kms_key_arn": "",
            "last_modified": "2022-09-07T16:43:02.883+0000",
            "layers": [],
            "memory_size": 128,
            "package_type": "Zip",
            "publish": false,
            "qualified_arn": "arn:aws:lambda:eu-central-1:949052962425:function:lesson-websocket-lambda:$LATEST",
            "reserved_concurrent_executions": -1,
            "role": "arn:aws:iam::949052962425:role/mylearn-lessons-eu-central-1",
            "runtime": "go1.x",
            "s3_bucket": null,
            "s3_key": null,
            "s3_object_version": null,
            "signing_job_arn": "",
            "signing_profile_version_arn": "",
            "source_code_hash": "NasP+dTc5EWy/hG+0wMlKpDV9uzsv5MqqwEq3wLR0gM=",
            "source_code_size": 8069746,
            "tags": {
              "AppName": "mylearn-app"
            },
            "tags_all": {
              "AppName": "mylearn-app"
            },
            "timeout": 15,
            "timeouts": null,
            "tracing_config": [
              {
                "mode": "PassThrough"
              }
            ],
            "version": "$LATEST",
            "vpc_config": []
          },
          "sensitive_attributes": [],
          "private": "eyJlMmJmYjczMC1lY2FhLTExZTYtOGY4OC0zNDM2M2JjN2M0YzAiOnsiY3JlYXRlIjo2MDAwMDAwMDAwMDB9fQ==",
          "dependencies": [
            "aws_apigatewayv2_api.mylearn_lessons_api",
            "aws_cognito_user_pool.mylearn",
            "aws_dynamodb_table.cognito_users",
            "aws_dynamodb_table.mylearn_lessons",
            "aws_dynamodb_table.mylearn_lessons_connections",
            "aws_iam_role.cognito_after_register",
            "aws_iam_role.mylearn_lessons",
            "aws_lambda_function.cognito_after_register"
          ],
          "create_before_destroy": true
        }
      ]
    },
    {
      "mode": "managed",
      "type": "aws_lambda_function",
      "name": "mylearn_grades",
      "provider": "provider[\"registry.terraform.io/hashicorp/aws\"]",
      "instances": [
        {
          "schema_version": 0,
          "attributes": {
            "architectures": [
              "x86_64"
            ],
            "arn": "arn:aws:lambda:eu-central-1:949052962425:function:mylearn-grades",
            "code_signing_config_arn": "",
            "dead_letter_config": [],
            "description": "",
            "environment": [
              {
                "variables": {
                  "GRADES_TABLE": "mylearn-grades",
                  "REGION": "eu-central-1"
                }
              }
            ],
            "ephemeral_storage": [
              {
                "size": 512
              }
            ],
            "file_system_config": [],
            "filename": "../lambdas/lambda_build/grades-lambda1.0.0.zip",
            "function_name": "mylearn-grades",
            "handler": "main",
            "id": "mylearn-grades",
            "image_config": [],
            "image_uri": "",
            "invoke_arn": "arn:aws:apigateway:eu-central-1:lambda:path/2015-03-31/functions/arn:aws:lambda:eu-central-1:949052962425:function:mylearn-grades/invocations",
            "kms_key_arn": "",
            "last_modified": "2022-09-07T16:42:21.101+0000",
            "layers": [],
            "memory_size": 128,
            "package_type": "Zip",
            "publish": false,
            "qualified_arn": "arn:aws:lambda:eu-central-1:949052962425:function:mylearn-grades:$LATEST",
            "reserved_concurrent_executions": -1,
            "role": "arn:aws:iam::949052962425:role/mylearn-grades-eu-central-1",
            "runtime": "go1.x",
            "s3_bucket": null,
            "s3_key": null,
            "s3_object_version": null,
            "signing_job_arn": "",
            "signing_profile_version_arn": "",
            "source_code_hash": "O4d+JAbYD2um0tEouPnlXAwVg+KXRaoc3r8YlgZVOsM=",
            "source_code_size": 6324550,
            "tags": {
              "AppName": "mylearn-app"
            },
            "tags_all": {
              "AppName": "mylearn-app"
            },
            "timeout": 15,
            "timeouts": null,
            "tracing_config": [
              {
                "mode": "PassThrough"
              }
            ],
            "version": "$LATEST",
            "vpc_config": []
          },
          "sensitive_attributes": [],
          "private": "eyJlMmJmYjczMC1lY2FhLTExZTYtOGY4OC0zNDM2M2JjN2M0YzAiOnsiY3JlYXRlIjo2MDAwMDAwMDAwMDB9fQ==",
          "dependencies": [
            "aws_dynamodb_table.mylearn_grades",
            "aws_iam_role.mylearn_grades"
          ],
          "create_before_destroy": true
        }
      ]
    },
    {
      "mode": "managed",
      "type": "aws_lambda_function",
      "name": "s3_management",
      "provider": "provider[\"registry.terraform.io/hashicorp/aws\"]",
      "instances": [
        {
          "schema_version": 0,
          "attributes": {
            "architectures": [
              "x86_64"
            ],
            "arn": "arn:aws:lambda:eu-central-1:949052962425:function:s3-management-lambda",
            "code_signing_config_arn": "",
            "dead_letter_config": [],
            "description": "",
            "environment": [
              {
                "variables": {
                  "MYLEARN_BUCKET": "mylearn-materials-eu-central-1",
                  "REGION": "eu-central-1"
                }
              }
            ],
            "ephemeral_storage": [
              {
                "size": 512
              }
            ],
            "file_system_config": [],
            "filename": "../lambdas/lambda_build/s3-management-lambda1.0.0.zip",
            "function_name": "s3-management-lambda",
            "handler": "main",
            "id": "s3-management-lambda",
            "image_config": [],
            "image_uri": "",
            "invoke_arn": "arn:aws:apigateway:eu-central-1:lambda:path/2015-03-31/functions/arn:aws:lambda:eu-central-1:949052962425:function:s3-management-lambda/invocations",
            "kms_key_arn": "",
            "last_modified": "2022-09-07T16:42:27.891+0000",
            "layers": [],
            "memory_size": 128,
            "package_type": "Zip",
            "publish": false,
            "qualified_arn": "arn:aws:lambda:eu-central-1:949052962425:function:s3-management-lambda:$LATEST",
            "reserved_concurrent_executions": -1,
            "role": "arn:aws:iam::949052962425:role/s3-management-lambda-eu-central-1",
            "runtime": "go1.x",
            "s3_bucket": null,
            "s3_key": null,
            "s3_object_version": null,
            "signing_job_arn": "",
            "signing_profile_version_arn": "",
            "source_code_hash": "A7huVKKUImFu63Rl+r48uUbwIeKyVfRFvX6JwEWxaxM=",
            "source_code_size": 6586057,
            "tags": {
              "AppName": "mylearn-app"
            },
            "tags_all": {
              "AppName": "mylearn-app"
            },
            "timeout": 15,
            "timeouts": null,
            "tracing_config": [
              {
                "mode": "PassThrough"
              }
            ],
            "version": "$LATEST",
            "vpc_config": []
          },
          "sensitive_attributes": [],
          "private": "eyJlMmJmYjczMC1lY2FhLTExZTYtOGY4OC0zNDM2M2JjN2M0YzAiOnsiY3JlYXRlIjo2MDAwMDAwMDAwMDB9fQ==",
          "dependencies": [
            "aws_iam_role.s3_management_lambda",
            "aws_s3_bucket.mylearn_materials"
          ],
          "create_before_destroy": true
        }
      ]
    },
    {
      "mode": "managed",
      "type": "aws_lambda_function",
      "name": "tests_lambda",
      "provider": "provider[\"registry.terraform.io/hashicorp/aws\"]",
      "instances": [
        {
          "schema_version": 0,
          "attributes": {
            "architectures": [
              "x86_64"
            ],
            "arn": "arn:aws:lambda:eu-central-1:949052962425:function:tests-lambda",
            "code_signing_config_arn": "",
            "dead_letter_config": [],
            "description": "",
            "environment": [
              {
                "variables": {
                  "REGION": "eu-central-1",
                  "RESULTS_TABLE": "mylearn-tests-results",
                  "TESTS_TABLE": "mylearn-tests"
                }
              }
            ],
            "ephemeral_storage": [
              {
                "size": 512
              }
            ],
            "file_system_config": [],
            "filename": "../lambdas/lambda_build/tests-lambda1.0.0.zip",
            "function_name": "tests-lambda",
            "handler": "main",
            "id": "tests-lambda",
            "image_config": [],
            "image_uri": "",
            "invoke_arn": "arn:aws:apigateway:eu-central-1:lambda:path/2015-03-31/functions/arn:aws:lambda:eu-central-1:949052962425:function:tests-lambda/invocations",
            "kms_key_arn": "",
            "last_modified": "2022-09-09T17:24:27.949+0000",
            "layers": [],
            "memory_size": 128,
            "package_type": "Zip",
            "publish": false,
            "qualified_arn": "arn:aws:lambda:eu-central-1:949052962425:function:tests-lambda:$LATEST",
            "reserved_concurrent_executions": -1,
            "role": "arn:aws:iam::949052962425:role/tests-lambda-eu-central-1",
            "runtime": "go1.x",
            "s3_bucket": null,
            "s3_key": null,
            "s3_object_version": null,
            "signing_job_arn": "",
            "signing_profile_version_arn": "",
            "source_code_hash": "I+vJ4L6s1fmncAGcdiJ9D+PFLKuF1lxu+KsmlkdDOB4=",
            "source_code_size": 6405915,
            "tags": {
              "AppName": "mylearn-app"
            },
            "tags_all": {
              "AppName": "mylearn-app"
            },
            "timeout": 15,
            "timeouts": null,
            "tracing_config": [
              {
                "mode": "PassThrough"
              }
            ],
            "version": "$LATEST",
            "vpc_config": []
          },
          "sensitive_attributes": [],
          "private": "eyJlMmJmYjczMC1lY2FhLTExZTYtOGY4OC0zNDM2M2JjN2M0YzAiOnsiY3JlYXRlIjo2MDAwMDAwMDAwMDB9fQ==",
          "dependencies": [
            "aws_dynamodb_table.mylearn_tests",
            "aws_dynamodb_table.mylearn_tests_results",
            "aws_iam_role.mylearn_tests_lambda"
          ],
          "create_before_destroy": true
        }
      ]
    },
    {
      "mode": "managed",
      "type": "aws_lambda_function",
      "name": "user_lambda",
      "provider": "provider[\"registry.terraform.io/hashicorp/aws\"]",
      "instances": [
        {
          "schema_version": 0,
          "attributes": {
            "architectures": [
              "x86_64"
            ],
            "arn": "arn:aws:lambda:eu-central-1:949052962425:function:user-lambda",
            "code_signing_config_arn": "",
            "dead_letter_config": [],
            "description": "",
            "environment": [
              {
                "variables": {
                  "CLASS_TABLE": "mylearn-classes",
                  "COGNITO_CLIENT_ID": "188t0r6912ke6o7864e73pcrlf",
                  "REGION": "eu-central-1",
                  "USER_POOL_ID": "eu-central-1_TmpKOKTRI",
                  "USER_TABLE": "cognito-users"
                }
              }
            ],
            "ephemeral_storage": [
              {
                "size": 512
              }
            ],
            "file_system_config": [],
            "filename": "../lambdas/lambda_build/user-lambda1.0.0.zip",
            "function_name": "user-lambda",
            "handler": "main",
            "id": "user-lambda",
            "image_config": [],
            "image_uri": "",
            "invoke_arn": "arn:aws:apigateway:eu-central-1:lambda:path/2015-03-31/functions/arn:aws:lambda:eu-central-1:949052962425:function:user-lambda/invocations",
            "kms_key_arn": "",
            "last_modified": "2022-09-07T16:43:15.060+0000",
            "layers": [],
            "memory_size": 128,
            "package_type": "Zip",
            "publish": false,
            "qualified_arn": "arn:aws:lambda:eu-central-1:949052962425:function:user-lambda:$LATEST",
            "reserved_concurrent_executions": -1,
            "role": "arn:aws:iam::949052962425:role/user-lambda-eu-central-1",
            "runtime": "go1.x",
            "s3_bucket": null,
            "s3_key": null,
            "s3_object_version": null,
            "signing_job_arn": "",
            "signing_profile_version_arn": "",
            "source_code_hash": "yaLf+i+tgvosC1bFbBkCxkDGegGJt7UPClM5U7uSevU=",
            "source_code_size": 6510088,
            "tags": {
              "AppName": "mylearn-app"
            },
            "tags_all": {
              "AppName": "mylearn-app"
            },
            "timeout": 15,
            "timeouts": null,
            "tracing_config": [
              {
                "mode": "PassThrough"
              }
            ],
            "version": "$LATEST",
            "vpc_config": []
          },
          "sensitive_attributes": [],
          "private": "eyJlMmJmYjczMC1lY2FhLTExZTYtOGY4OC0zNDM2M2JjN2M0YzAiOnsiY3JlYXRlIjo2MDAwMDAwMDAwMDB9fQ==",
          "dependencies": [
            "aws_cognito_user_pool.mylearn",
            "aws_cognito_user_pool_client.webapp",
            "aws_dynamodb_table.cognito_users",
            "aws_dynamodb_table.mylearn_classes",
            "aws_iam_role.cognito_after_register",
            "aws_iam_role.mylearn_users",
            "aws_lambda_function.cognito_after_register"
          ],
          "create_before_destroy": true
        }
      ]
    },
    {
      "mode": "managed",
      "type": "aws_lambda_permission",
      "name": "chat_api_connect",
      "provider": "provider[\"registry.terraform.io/hashicorp/aws\"]",
      "instances": [
        {
          "schema_version": 0,
          "attributes": {
            "action": "lambda:InvokeFunction",
            "event_source_token": null,
            "function_name": "chat-websocket-lambda",
            "id": "terraform-20220907164254267100000006",
            "principal": "apigateway.amazonaws.com",
            "principal_org_id": null,
            "qualifier": "",
            "source_account": null,
            "source_arn": "arn:aws:execute-api:eu-central-1:949052962425:t1z14v2l88/*/$connect",
            "statement_id": "terraform-20220907164254267100000006",
            "statement_id_prefix": null
          },
          "sensitive_attributes": [],
          "private": "bnVsbA==",
          "dependencies": [
            "aws_apigatewayv2_api.chat_api",
            "aws_cognito_user_pool.mylearn",
            "aws_dynamodb_table.chat_connections",
            "aws_dynamodb_table.chat_messages",
            "aws_dynamodb_table.cognito_users",
            "aws_iam_role.cognito_after_register",
            "aws_iam_role.mylearn_chat",
            "aws_lambda_function.chat_lambda",
            "aws_lambda_function.cognito_after_register"
          ]
        }
      ]
    },
    {
      "mode": "managed",
      "type": "aws_lambda_permission",
      "name": "chat_api_default",
      "provider": "provider[\"registry.terraform.io/hashicorp/aws\"]",
      "instances": [
        {
          "schema_version": 0,
          "attributes": {
            "action": "lambda:InvokeFunction",
            "event_source_token": null,
            "function_name": "chat-websocket-lambda",
            "id": "terraform-20220907164254267100000005",
            "principal": "apigateway.amazonaws.com",
            "principal_org_id": null,
            "qualifier": "",
            "source_account": null,
            "source_arn": "arn:aws:execute-api:eu-central-1:949052962425:t1z14v2l88/*/$default",
            "statement_id": "terraform-20220907164254267100000005",
            "statement_id_prefix": null
          },
          "sensitive_attributes": [],
          "private": "bnVsbA==",
          "dependencies": [
            "aws_apigatewayv2_api.chat_api",
            "aws_cognito_user_pool.mylearn",
            "aws_dynamodb_table.chat_connections",
            "aws_dynamodb_table.chat_messages",
            "aws_dynamodb_table.cognito_users",
            "aws_iam_role.cognito_after_register",
            "aws_iam_role.mylearn_chat",
            "aws_lambda_function.chat_lambda",
            "aws_lambda_function.cognito_after_register"
          ]
        }
      ]
    },
    {
      "mode": "managed",
      "type": "aws_lambda_permission",
      "name": "chat_api_disconnect",
      "provider": "provider[\"registry.terraform.io/hashicorp/aws\"]",
      "instances": [
        {
          "schema_version": 0,
          "attributes": {
            "action": "lambda:InvokeFunction",
            "event_source_token": null,
            "function_name": "chat-websocket-lambda",
            "id": "terraform-20220907164254267100000004",
            "principal": "apigateway.amazonaws.com",
            "principal_org_id": null,
            "qualifier": "",
            "source_account": null,
            "source_arn": "arn:aws:execute-api:eu-central-1:949052962425:t1z14v2l88/*/$disconnect",
            "statement_id": "terraform-20220907164254267100000004",
            "statement_id_prefix": null
          },
          "sensitive_attributes": [],
          "private": "bnVsbA==",
          "dependencies": [
            "aws_apigatewayv2_api.chat_api",
            "aws_cognito_user_pool.mylearn",
            "aws_dynamodb_table.chat_connections",
            "aws_dynamodb_table.chat_messages",
            "aws_dynamodb_table.cognito_users",
            "aws_iam_role.cognito_after_register",
            "aws_iam_role.mylearn_chat",
            "aws_lambda_function.chat_lambda",
            "aws_lambda_function.cognito_after_register"
          ]
        }
      ]
    },
    {
      "mode": "managed",
      "type": "aws_lambda_permission",
      "name": "cognito_after_register",
      "provider": "provider[\"registry.terraform.io/hashicorp/aws\"]",
      "instances": [
        {
          "schema_version": 0,
          "attributes": {
            "action": "lambda:InvokeFunction",
            "event_source_token": null,
            "function_name": "cognito-after-register-lambda",
            "id": "AllowExecutionFromCognito",
            "principal": "cognito-idp.amazonaws.com",
            "principal_org_id": null,
            "qualifier": "",
            "source_account": null,
            "source_arn": "arn:aws:cognito-idp:eu-central-1:949052962425:userpool/eu-central-1_TmpKOKTRI",
            "statement_id": "AllowExecutionFromCognito",
            "statement_id_prefix": null
          },
          "sensitive_attributes": [],
          "private": "bnVsbA==",
          "dependencies": [
            "aws_cognito_user_pool.mylearn",
            "aws_dynamodb_table.cognito_users",
            "aws_iam_role.cognito_after_register",
            "aws_lambda_function.cognito_after_register"
          ]
        }
      ]
    },
    {
      "mode": "managed",
      "type": "aws_lambda_permission",
      "name": "mylearn_cognito_users",
      "provider": "provider[\"registry.terraform.io/hashicorp/aws\"]",
      "instances": [
        {
          "schema_version": 0,
          "attributes": {
            "action": "lambda:InvokeFunction",
            "event_source_token": null,
            "function_name": "cognito-user-lambda",
            "id": "AllowExecutionFromAPIGateway",
            "principal": "apigateway.amazonaws.com",
            "principal_org_id": null,
            "qualifier": "",
            "source_account": null,
            "source_arn": "arn:aws:execute-api:eu-central-1:949052962425:ui1cz1mvmi/*/*",
            "statement_id": "AllowExecutionFromAPIGateway",
            "statement_id_prefix": null
          },
          "sensitive_attributes": [],
          "private": "bnVsbA==",
          "dependencies": [
            "aws_api_gateway_rest_api.mylearn",
            "aws_cognito_user_pool.mylearn",
            "aws_cognito_user_pool_client.webapp",
            "aws_dynamodb_table.cognito_users",
            "aws_iam_role.cognito_after_register",
            "aws_iam_role.mylearn_cognito_user",
            "aws_lambda_function.cognito_after_register",
            "aws_lambda_function.cognito_user_lambda"
          ]
        }
      ]
    },
    {
      "mode": "managed",
      "type": "aws_lambda_permission",
      "name": "mylearn_grades",
      "provider": "provider[\"registry.terraform.io/hashicorp/aws\"]",
      "instances": [
        {
          "schema_version": 0,
          "attributes": {
            "action": "lambda:InvokeFunction",
            "event_source_token": null,
            "function_name": "mylearn-grades",
            "id": "AllowExecutionFromAPIGateway",
            "principal": "apigateway.amazonaws.com",
            "principal_org_id": null,
            "qualifier": "",
            "source_account": null,
            "source_arn": "arn:aws:execute-api:eu-central-1:949052962425:ui1cz1mvmi/*/*",
            "statement_id": "AllowExecutionFromAPIGateway",
            "statement_id_prefix": null
          },
          "sensitive_attributes": [],
          "private": "bnVsbA==",
          "dependencies": [
            "aws_api_gateway_rest_api.mylearn",
            "aws_dynamodb_table.mylearn_grades",
            "aws_iam_role.mylearn_grades",
            "aws_lambda_function.mylearn_grades"
          ]
        }
      ]
    },
    {
      "mode": "managed",
      "type": "aws_lambda_permission",
      "name": "mylearn_lessons_connect",
      "provider": "provider[\"registry.terraform.io/hashicorp/aws\"]",
      "instances": [
        {
          "schema_version": 0,
          "attributes": {
            "action": "lambda:InvokeFunction",
            "event_source_token": null,
            "function_name": "lesson-websocket-lambda",
            "id": "terraform-20220907164301346200000007",
            "principal": "apigateway.amazonaws.com",
            "principal_org_id": null,
            "qualifier": "",
            "source_account": null,
            "source_arn": "arn:aws:execute-api:eu-central-1:949052962425:trm0lf808k/*/$connect",
            "statement_id": "terraform-20220907164301346200000007",
            "statement_id_prefix": null
          },
          "sensitive_attributes": [],
          "private": "bnVsbA==",
          "dependencies": [
            "aws_apigatewayv2_api.mylearn_lessons_api",
            "aws_cognito_user_pool.mylearn",
            "aws_dynamodb_table.cognito_users",
            "aws_dynamodb_table.mylearn_lessons",
            "aws_dynamodb_table.mylearn_lessons_connections",
            "aws_iam_role.cognito_after_register",
            "aws_iam_role.mylearn_lessons",
            "aws_lambda_function.cognito_after_register",
            "aws_lambda_function.lessons_websocket_lambda"
          ]
        }
      ]
    },
    {
      "mode": "managed",
      "type": "aws_lambda_permission",
      "name": "mylearn_lessons_default",
      "provider": "provider[\"registry.terraform.io/hashicorp/aws\"]",
      "instances": [
        {
          "schema_version": 0,
          "attributes": {
            "action": "lambda:InvokeFunction",
            "event_source_token": null,
            "function_name": "lesson-websocket-lambda",
            "id": "terraform-20220907164301346200000008",
            "principal": "apigateway.amazonaws.com",
            "principal_org_id": null,
            "qualifier": "",
            "source_account": null,
            "source_arn": "arn:aws:execute-api:eu-central-1:949052962425:trm0lf808k/*/$default",
            "statement_id": "terraform-20220907164301346200000008",
            "statement_id_prefix": null
          },
          "sensitive_attributes": [],
          "private": "bnVsbA==",
          "dependencies": [
            "aws_apigatewayv2_api.mylearn_lessons_api",
            "aws_cognito_user_pool.mylearn",
            "aws_dynamodb_table.cognito_users",
            "aws_dynamodb_table.mylearn_lessons",
            "aws_dynamodb_table.mylearn_lessons_connections",
            "aws_iam_role.cognito_after_register",
            "aws_iam_role.mylearn_lessons",
            "aws_lambda_function.cognito_after_register",
            "aws_lambda_function.lessons_websocket_lambda"
          ]
        }
      ]
    },
    {
      "mode": "managed",
      "type": "aws_lambda_permission",
      "name": "mylearn_lessons_disconnect",
      "provider": "provider[\"registry.terraform.io/hashicorp/aws\"]",
      "instances": [
        {
          "schema_version": 0,
          "attributes": {
            "action": "lambda:InvokeFunction",
            "event_source_token": null,
            "function_name": "lesson-websocket-lambda",
            "id": "terraform-20220907164301346200000009",
            "principal": "apigateway.amazonaws.com",
            "principal_org_id": null,
            "qualifier": "",
            "source_account": null,
            "source_arn": "arn:aws:execute-api:eu-central-1:949052962425:trm0lf808k/*/$disconnect",
            "statement_id": "terraform-20220907164301346200000009",
            "statement_id_prefix": null
          },
          "sensitive_attributes": [],
          "private": "bnVsbA==",
          "dependencies": [
            "aws_apigatewayv2_api.mylearn_lessons_api",
            "aws_cognito_user_pool.mylearn",
            "aws_dynamodb_table.cognito_users",
            "aws_dynamodb_table.mylearn_lessons",
            "aws_dynamodb_table.mylearn_lessons_connections",
            "aws_iam_role.cognito_after_register",
            "aws_iam_role.mylearn_lessons",
            "aws_lambda_function.cognito_after_register",
            "aws_lambda_function.lessons_websocket_lambda"
          ]
        }
      ]
    },
    {
      "mode": "managed",
      "type": "aws_lambda_permission",
      "name": "mylearn_rest_chat",
      "provider": "provider[\"registry.terraform.io/hashicorp/aws\"]",
      "instances": [
        {
          "schema_version": 0,
          "attributes": {
            "action": "lambda:InvokeFunction",
            "event_source_token": null,
            "function_name": "chat-rest-lambda",
            "id": "AllowExecutionFromAPIGateway",
            "principal": "apigateway.amazonaws.com",
            "principal_org_id": null,
            "qualifier": "",
            "source_account": null,
            "source_arn": "arn:aws:execute-api:eu-central-1:949052962425:ui1cz1mvmi/*/*",
            "statement_id": "AllowExecutionFromAPIGateway",
            "statement_id_prefix": null
          },
          "sensitive_attributes": [],
          "private": "bnVsbA==",
          "dependencies": [
            "aws_api_gateway_rest_api.mylearn",
            "aws_dynamodb_table.chat_messages",
            "aws_iam_role.mylearn_rest_chat",
            "aws_lambda_function.chat_rest_lambda"
          ]
        }
      ]
    },
    {
      "mode": "managed",
      "type": "aws_lambda_permission",
      "name": "mylearn_rest_lessons",
      "provider": "provider[\"registry.terraform.io/hashicorp/aws\"]",
      "instances": [
        {
          "schema_version": 0,
          "attributes": {
            "action": "lambda:InvokeFunction",
            "event_source_token": null,
            "function_name": "lesson-rest-lambda",
            "id": "AllowExecutionFromAPIGateway",
            "principal": "apigateway.amazonaws.com",
            "principal_org_id": null,
            "qualifier": "",
            "source_account": null,
            "source_arn": "arn:aws:execute-api:eu-central-1:949052962425:ui1cz1mvmi/*/*",
            "statement_id": "AllowExecutionFromAPIGateway",
            "statement_id_prefix": null
          },
          "sensitive_attributes": [],
          "private": "bnVsbA==",
          "dependencies": [
            "aws_api_gateway_rest_api.mylearn",
            "aws_dynamodb_table.mylearn_lessons",
            "aws_dynamodb_table.mylearn_lessons_connections",
            "aws_iam_role.mylearn_rest_lessons",
            "aws_lambda_function.lessons_rest_lambda"
          ]
        }
      ]
    },
    {
      "mode": "managed",
      "type": "aws_lambda_permission",
      "name": "mylearn_users",
      "provider": "provider[\"registry.terraform.io/hashicorp/aws\"]",
      "instances": [
        {
          "schema_version": 0,
          "attributes": {
            "action": "lambda:InvokeFunction",
            "event_source_token": null,
            "function_name": "user-lambda",
            "id": "AllowExecutionFromAPIGateway",
            "principal": "apigateway.amazonaws.com",
            "principal_org_id": null,
            "qualifier": "",
            "source_account": null,
            "source_arn": "arn:aws:execute-api:eu-central-1:949052962425:ui1cz1mvmi/*/*",
            "statement_id": "AllowExecutionFromAPIGateway",
            "statement_id_prefix": null
          },
          "sensitive_attributes": [],
          "private": "bnVsbA==",
          "dependencies": [
            "aws_api_gateway_rest_api.mylearn",
            "aws_cognito_user_pool.mylearn",
            "aws_cognito_user_pool_client.webapp",
            "aws_dynamodb_table.cognito_users",
            "aws_dynamodb_table.mylearn_classes",
            "aws_iam_role.cognito_after_register",
            "aws_iam_role.mylearn_users",
            "aws_lambda_function.cognito_after_register",
            "aws_lambda_function.user_lambda"
          ]
        }
      ]
    },
    {
      "mode": "managed",
      "type": "aws_launch_configuration",
      "name": "main",
      "provider": "provider[\"registry.terraform.io/hashicorp/aws\"]",
      "instances": [
        {
          "schema_version": 0,
          "attributes": {
            "arn": "arn:aws:autoscaling:eu-central-1:949052962425:launchConfiguration:8b8b5017-98ab-4f17-b18e-3ba81a75e2e8:launchConfigurationName/terraform-20220907164214733900000003",
            "associate_public_ip_address": false,
            "ebs_block_device": [],
            "ebs_optimized": false,
            "enable_monitoring": true,
            "ephemeral_block_device": [],
            "iam_instance_profile": "ecs-agent",
            "id": "terraform-20220907164214733900000003",
            "image_id": "ami-094d4d00fd7462815",
            "instance_type": "t2.micro",
            "key_name": "",
            "metadata_options": [],
            "name": "terraform-20220907164214733900000003",
            "name_prefix": "terraform-",
            "placement_tenancy": null,
            "root_block_device": [],
            "security_groups": [
              "sg-0ae3f2fab6811fd6f"
            ],
            "spot_price": "",
            "user_data": "99552d59512acae4a0821ebf5ea19b151381b571",
            "user_data_base64": null,
            "vpc_classic_link_id": "",
            "vpc_classic_link_security_groups": []
          },
          "sensitive_attributes": [],
          "private": "bnVsbA==",
          "dependencies": [
            "aws_iam_instance_profile.ecs_agent",
            "aws_iam_role.main",
            "aws_security_group.mylearn",
            "data.aws_iam_policy_document.main"
          ]
        }
      ]
    },
    {
      "mode": "managed",
      "type": "aws_lb",
      "name": "mylearn",
      "provider": "provider[\"registry.terraform.io/hashicorp/aws\"]",
      "instances": [
        {
          "schema_version": 0,
          "attributes": {
            "access_logs": [
              {
                "bucket": "",
                "enabled": false,
                "prefix": ""
              }
            ],
            "arn": "arn:aws:elasticloadbalancing:eu-central-1:949052962425:loadbalancer/net/mylearn-alb/d534028bfe085974",
            "arn_suffix": "net/mylearn-alb/d534028bfe085974",
            "customer_owned_ipv4_pool": "",
            "desync_mitigation_mode": null,
            "dns_name": "mylearn-alb-d534028bfe085974.elb.eu-central-1.amazonaws.com",
            "drop_invalid_header_fields": null,
            "enable_cross_zone_load_balancing": false,
            "enable_deletion_protection": false,
            "enable_http2": null,
            "enable_waf_fail_open": null,
            "id": "arn:aws:elasticloadbalancing:eu-central-1:949052962425:loadbalancer/net/mylearn-alb/d534028bfe085974",
            "idle_timeout": null,
            "internal": false,
            "ip_address_type": "ipv4",
            "load_balancer_type": "network",
            "name": "mylearn-alb",
            "name_prefix": null,
            "security_groups": [],
            "subnet_mapping": [
              {
                "allocation_id": "",
                "ipv6_address": "",
                "outpost_id": "",
                "private_ipv4_address": "",
                "subnet_id": "subnet-0246e6b2f51ee9dac"
              },
              {
                "allocation_id": "",
                "ipv6_address": "",
                "outpost_id": "",
                "private_ipv4_address": "",
                "subnet_id": "subnet-02f16073bcd522aed"
              },
              {
                "allocation_id": "",
                "ipv6_address": "",
                "outpost_id": "",
                "private_ipv4_address": "",
                "subnet_id": "subnet-0856fd08e6a73b22d"
              }
            ],
            "subnets": [
              "subnet-0246e6b2f51ee9dac",
              "subnet-02f16073bcd522aed",
              "subnet-0856fd08e6a73b22d"
            ],
            "tags": {
              "AppName": "mylearn-app"
            },
            "tags_all": {
              "AppName": "mylearn-app"
            },
            "timeouts": null,
            "vpc_id": "vpc-02a2a5111b462f692",
            "zone_id": "Z3F0SRJ5LGBH90"
          },
          "sensitive_attributes": [],
          "private": "eyJlMmJmYjczMC1lY2FhLTExZTYtOGY4OC0zNDM2M2JjN2M0YzAiOnsiY3JlYXRlIjo2MDAwMDAwMDAwMDAsImRlbGV0ZSI6NjAwMDAwMDAwMDAwLCJ1cGRhdGUiOjYwMDAwMDAwMDAwMH19",
          "dependencies": [
            "data.aws_subnet.default_subnet_list",
            "data.aws_subnet_ids.default_subnets_ids",
            "data.aws_vpc.default"
          ]
        }
      ]
    },
    {
      "mode": "managed",
      "type": "aws_lb_listener",
      "name": "mylearn",
      "provider": "provider[\"registry.terraform.io/hashicorp/aws\"]",
      "instances": [
        {
          "schema_version": 0,
          "attributes": {
            "alpn_policy": null,
            "arn": "arn:aws:elasticloadbalancing:eu-central-1:949052962425:listener/net/mylearn-alb/d534028bfe085974/4cc7dac0aa8e68f0",
            "certificate_arn": null,
            "default_action": [
              {
                "authenticate_cognito": [],
                "authenticate_oidc": [],
                "fixed_response": [],
                "forward": [],
                "order": 1,
                "redirect": [],
                "target_group_arn": "arn:aws:elasticloadbalancing:eu-central-1:949052962425:targetgroup/tf-example-lb-alb-tg/f4e48bc23bee737e",
                "type": "forward"
              }
            ],
            "id": "arn:aws:elasticloadbalancing:eu-central-1:949052962425:listener/net/mylearn-alb/d534028bfe085974/4cc7dac0aa8e68f0",
            "load_balancer_arn": "arn:aws:elasticloadbalancing:eu-central-1:949052962425:loadbalancer/net/mylearn-alb/d534028bfe085974",
            "port": 80,
            "protocol": "TCP",
            "ssl_policy": "",
            "tags": {},
            "tags_all": {},
            "timeouts": null
          },
          "sensitive_attributes": [],
          "private": "eyJlMmJmYjczMC1lY2FhLTExZTYtOGY4OC0zNDM2M2JjN2M0YzAiOnsicmVhZCI6NjAwMDAwMDAwMDAwfX0=",
          "dependencies": [
            "aws_lb.mylearn",
            "aws_lb_target_group.mylearn",
            "data.aws_subnet.default_subnet_list",
            "data.aws_subnet_ids.default_subnets_ids",
            "data.aws_vpc.default"
          ]
        }
      ]
    },
    {
      "mode": "managed",
      "type": "aws_lb_target_group",
      "name": "mylearn",
      "provider": "provider[\"registry.terraform.io/hashicorp/aws\"]",
      "instances": [
        {
          "schema_version": 0,
          "attributes": {
            "arn": "arn:aws:elasticloadbalancing:eu-central-1:949052962425:targetgroup/tf-example-lb-alb-tg/f4e48bc23bee737e",
            "arn_suffix": "targetgroup/tf-example-lb-alb-tg/f4e48bc23bee737e",
            "connection_termination": false,
            "deregistration_delay": "300",
            "health_check": [
              {
                "enabled": true,
                "healthy_threshold": 5,
                "interval": 30,
                "matcher": "",
                "path": "",
                "port": "80",
                "protocol": "TCP",
                "timeout": 10,
                "unhealthy_threshold": 5
              }
            ],
            "id": "arn:aws:elasticloadbalancing:eu-central-1:949052962425:targetgroup/tf-example-lb-alb-tg/f4e48bc23bee737e",
            "lambda_multi_value_headers_enabled": false,
            "load_balancing_algorithm_type": null,
            "name": "tf-example-lb-alb-tg",
            "name_prefix": null,
            "port": 80,
            "preserve_client_ip": "true",
            "protocol": "TCP",
            "protocol_version": null,
            "proxy_protocol_v2": false,
            "slow_start": 0,
            "stickiness": [
              {
                "cookie_duration": 0,
                "cookie_name": "",
                "enabled": false,
                "type": "source_ip"
              }
            ],
            "tags": {},
            "tags_all": {},
            "target_type": "instance",
            "vpc_id": "vpc-02a2a5111b462f692"
          },
          "sensitive_attributes": [],
          "private": "bnVsbA==",
          "dependencies": [
            "data.aws_vpc.default"
          ]
        }
      ]
    },
    {
      "mode": "managed",
      "type": "aws_s3_bucket",
      "name": "mylearn_materials",
      "provider": "provider[\"registry.terraform.io/hashicorp/aws\"]",
      "instances": [
        {
          "schema_version": 0,
          "attributes": {
            "acceleration_status": "",
            "acl": null,
            "arn": "arn:aws:s3:::mylearn-materials-eu-central-1",
            "bucket": "mylearn-materials-eu-central-1",
            "bucket_domain_name": "mylearn-materials-eu-central-1.s3.amazonaws.com",
            "bucket_prefix": null,
            "bucket_regional_domain_name": "mylearn-materials-eu-central-1.s3.eu-central-1.amazonaws.com",
            "cors_rule": [],
            "force_destroy": false,
            "grant": [
              {
                "id": "213f00b56e3d27761dbf605e7efa54a7d6a7714687365341646827c139c57954",
                "permissions": [
                  "FULL_CONTROL"
                ],
                "type": "CanonicalUser",
                "uri": ""
              }
            ],
            "hosted_zone_id": "Z21DNDUVLTQW6Q",
            "id": "mylearn-materials-eu-central-1",
            "lifecycle_rule": [],
            "logging": [],
            "object_lock_configuration": [],
            "object_lock_enabled": false,
            "policy": "",
            "region": "eu-central-1",
            "replication_configuration": [],
            "request_payer": "BucketOwner",
            "server_side_encryption_configuration": [],
            "tags": {
              "AppName": "mylearn-app"
            },
            "tags_all": {
              "AppName": "mylearn-app"
            },
            "versioning": [
              {
                "enabled": false,
                "mfa_delete": false
              }
            ],
            "website": [],
            "website_domain": null,
            "website_endpoint": null
          },
          "sensitive_attributes": [],
          "private": "bnVsbA==",
          "create_before_destroy": true
        }
      ]
    },
    {
      "mode": "managed",
      "type": "aws_s3_bucket_acl",
      "name": "mylearn_materials",
      "provider": "provider[\"registry.terraform.io/hashicorp/aws\"]",
      "instances": [
        {
          "schema_version": 0,
          "attributes": {
            "access_control_policy": [
              {
                "grant": [
                  {
                    "grantee": [
                      {
                        "display_name": "",
                        "email_address": "",
                        "id": "213f00b56e3d27761dbf605e7efa54a7d6a7714687365341646827c139c57954",
                        "type": "CanonicalUser",
                        "uri": ""
                      }
                    ],
                    "permission": "FULL_CONTROL"
                  }
                ],
                "owner": [
                  {
                    "display_name": "",
                    "id": "213f00b56e3d27761dbf605e7efa54a7d6a7714687365341646827c139c57954"
                  }
                ]
              }
            ],
            "acl": "private",
            "bucket": "mylearn-materials-eu-central-1",
            "expected_bucket_owner": "",
            "id": "mylearn-materials-eu-central-1,private"
          },
          "sensitive_attributes": [],
          "private": "bnVsbA==",
          "dependencies": [
            "aws_s3_bucket.mylearn_materials"
          ]
        }
      ]
    },
    {
      "mode": "managed",
      "type": "aws_s3_bucket_public_access_block",
      "name": "mylearn_materials",
      "provider": "provider[\"registry.terraform.io/hashicorp/aws\"]",
      "instances": [
        {
          "schema_version": 0,
          "attributes": {
            "block_public_acls": true,
            "block_public_policy": true,
            "bucket": "mylearn-materials-eu-central-1",
            "id": "mylearn-materials-eu-central-1",
            "ignore_public_acls": true,
            "restrict_public_buckets": true
          },
          "sensitive_attributes": [],
          "private": "bnVsbA==",
          "dependencies": [
            "aws_s3_bucket.mylearn_materials"
          ]
        }
      ]
    },
    {
      "mode": "managed",
      "type": "aws_security_group",
      "name": "mylearn",
      "provider": "provider[\"registry.terraform.io/hashicorp/aws\"]",
      "instances": [
        {
          "schema_version": 1,
          "attributes": {
            "arn": "arn:aws:ec2:eu-central-1:949052962425:security-group/sg-0ae3f2fab6811fd6f",
            "description": "Managed by Terraform",
            "egress": [
              {
                "cidr_blocks": [
                  "0.0.0.0/0"
                ],
                "description": "",
                "from_port": 0,
                "ipv6_cidr_blocks": [],
                "prefix_list_ids": [],
                "protocol": "tcp",
                "security_groups": [],
                "self": false,
                "to_port": 65535
              }
            ],
            "id": "sg-0ae3f2fab6811fd6f",
            "ingress": [
              {
                "cidr_blocks": [
                  "0.0.0.0/0"
                ],
                "description": "",
                "from_port": 22,
                "ipv6_cidr_blocks": [],
                "prefix_list_ids": [],
                "protocol": "tcp",
                "security_groups": [],
                "self": false,
                "to_port": 22
              },
              {
                "cidr_blocks": [
                  "0.0.0.0/0"
                ],
                "description": "",
                "from_port": 443,
                "ipv6_cidr_blocks": [],
                "prefix_list_ids": [],
                "protocol": "tcp",
                "security_groups": [],
                "self": false,
                "to_port": 443
              },
              {
                "cidr_blocks": [
                  "0.0.0.0/0"
                ],
                "description": "",
                "from_port": 8080,
                "ipv6_cidr_blocks": [],
                "prefix_list_ids": [],
                "protocol": "tcp",
                "security_groups": [],
                "self": false,
                "to_port": 8080
              },
              {
                "cidr_blocks": [
                  "0.0.0.0/0"
                ],
                "description": "",
                "from_port": 80,
                "ipv6_cidr_blocks": [],
                "prefix_list_ids": [],
                "protocol": "tcp",
                "security_groups": [],
                "self": false,
                "to_port": 80
              }
            ],
            "name": "terraform-20220907164202173300000001",
            "name_prefix": "terraform-",
            "owner_id": "949052962425",
            "revoke_rules_on_delete": false,
            "tags": {},
            "tags_all": {},
            "timeouts": null,
            "vpc_id": "vpc-02a2a5111b462f692"
          },
          "sensitive_attributes": [],
          "private": "eyJlMmJmYjczMC1lY2FhLTExZTYtOGY4OC0zNDM2M2JjN2M0YzAiOnsiY3JlYXRlIjo2MDAwMDAwMDAwMDAsImRlbGV0ZSI6OTAwMDAwMDAwMDAwfSwic2NoZW1hX3ZlcnNpb24iOiIxIn0="
        }
      ]
    },
    {
      "module": "module.cors",
      "mode": "managed",
      "type": "aws_api_gateway_integration",
      "name": "_",
      "provider": "provider[\"registry.terraform.io/hashicorp/aws\"]",
      "instances": [
        {
          "schema_version": 0,
          "attributes": {
            "cache_key_parameters": [],
            "cache_namespace": "13hwg7",
            "connection_id": "",
            "connection_type": "INTERNET",
            "content_handling": "CONVERT_TO_TEXT",
            "credentials": "",
            "http_method": "OPTIONS",
            "id": "agi-ui1cz1mvmi-13hwg7-OPTIONS",
            "integration_http_method": "",
            "passthrough_behavior": "WHEN_NO_MATCH",
            "request_parameters": {},
            "request_templates": {
              "application/json": "{ \"statusCode\": 200 }"
            },
            "resource_id": "13hwg7",
            "rest_api_id": "ui1cz1mvmi",
            "timeout_milliseconds": 29000,
            "tls_config": [],
            "type": "MOCK",
            "uri": ""
          },
          "sensitive_attributes": [],
          "private": "bnVsbA==",
          "dependencies": [
            "aws_api_gateway_resource.mylearn_cognito_users_login",
            "aws_api_gateway_rest_api.mylearn",
            "module.cors.aws_api_gateway_method._"
          ]
        }
      ]
    },
    {
      "module": "module.cors",
      "mode": "managed",
      "type": "aws_api_gateway_integration_response",
      "name": "_",
      "provider": "provider[\"registry.terraform.io/hashicorp/aws\"]",
      "instances": [
        {
          "schema_version": 0,
          "attributes": {
            "content_handling": "",
            "http_method": "OPTIONS",
            "id": "agir-ui1cz1mvmi-13hwg7-OPTIONS-200",
            "resource_id": "13hwg7",
            "response_parameters": {
              "method.response.header.Access-Control-Allow-Headers": "'Authorization,Content-Type,X-Amz-Date,X-Amz-Security-Token,X-Api-Key'",
              "method.response.header.Access-Control-Allow-Methods": "'OPTIONS,HEAD,GET,POST,PUT,PATCH,DELETE'",
              "method.response.header.Access-Control-Allow-Origin": "'*'",
              "method.response.header.Access-Control-Max-Age": "'7200'"
            },
            "response_templates": {},
            "rest_api_id": "ui1cz1mvmi",
            "selection_pattern": "",
            "status_code": "200"
          },
          "sensitive_attributes": [],
          "private": "bnVsbA==",
          "dependencies": [
            "aws_api_gateway_resource.mylearn_cognito_users_login",
            "aws_api_gateway_rest_api.mylearn",
            "module.cors.aws_api_gateway_integration._",
            "module.cors.aws_api_gateway_method._",
            "module.cors.aws_api_gateway_method_response._"
          ]
        }
      ]
    },
    {
      "module": "module.cors",
      "mode": "managed",
      "type": "aws_api_gateway_method",
      "name": "_",
      "provider": "provider[\"registry.terraform.io/hashicorp/aws\"]",
      "instances": [
        {
          "schema_version": 0,
          "attributes": {
            "api_key_required": false,
            "authorization": "NONE",
            "authorization_scopes": [],
            "authorizer_id": "",
            "http_method": "OPTIONS",
            "id": "agm-ui1cz1mvmi-13hwg7-OPTIONS",
            "operation_name": "",
            "request_models": {},
            "request_parameters": {},
            "request_validator_id": "",
            "resource_id": "13hwg7",
            "rest_api_id": "ui1cz1mvmi"
          },
          "sensitive_attributes": [],
          "private": "bnVsbA==",
          "dependencies": [
            "aws_api_gateway_resource.mylearn_cognito_users_login",
            "aws_api_gateway_rest_api.mylearn"
          ]
        }
      ]
    },
    {
      "module": "module.cors",
      "mode": "managed",
      "type": "aws_api_gateway_method_response",
      "name": "_",
      "provider": "provider[\"registry.terraform.io/hashicorp/aws\"]",
      "instances": [
        {
          "schema_version": 0,
          "attributes": {
            "http_method": "OPTIONS",
            "id": "agmr-ui1cz1mvmi-13hwg7-OPTIONS-200",
            "resource_id": "13hwg7",
            "response_models": {
              "application/json": "Empty"
            },
            "response_parameters": {
              "method.response.header.Access-Control-Allow-Headers": true,
              "method.response.header.Access-Control-Allow-Methods": true,
              "method.response.header.Access-Control-Allow-Origin": true,
              "method.response.header.Access-Control-Max-Age": true
            },
            "rest_api_id": "ui1cz1mvmi",
            "status_code": "200"
          },
          "sensitive_attributes": [],
          "private": "bnVsbA==",
          "dependencies": [
            "aws_api_gateway_resource.mylearn_cognito_users_login",
            "aws_api_gateway_rest_api.mylearn",
            "module.cors.aws_api_gateway_method._"
          ]
        }
      ]
    },
    {
      "module": "module.cors10",
      "mode": "managed",
      "type": "aws_api_gateway_integration",
      "name": "_",
      "provider": "provider[\"registry.terraform.io/hashicorp/aws\"]",
      "instances": [
        {
          "schema_version": 0,
          "attributes": {
            "cache_key_parameters": [],
            "cache_namespace": "anq2bn",
            "connection_id": "",
            "connection_type": "INTERNET",
            "content_handling": "CONVERT_TO_TEXT",
            "credentials": "",
            "http_method": "OPTIONS",
            "id": "agi-ui1cz1mvmi-anq2bn-OPTIONS",
            "integration_http_method": "",
            "passthrough_behavior": "WHEN_NO_MATCH",
            "request_parameters": {},
            "request_templates": {
              "application/json": "{ \"statusCode\": 200 }"
            },
            "resource_id": "anq2bn",
            "rest_api_id": "ui1cz1mvmi",
            "timeout_milliseconds": 29000,
            "tls_config": [],
            "type": "MOCK",
            "uri": ""
          },
          "sensitive_attributes": [],
          "private": "bnVsbA==",
          "dependencies": [
            "aws_api_gateway_resource.mylearn_s3_files",
            "aws_api_gateway_rest_api.mylearn",
            "module.cors10.aws_api_gateway_method._"
          ]
        }
      ]
    },
    {
      "module": "module.cors10",
      "mode": "managed",
      "type": "aws_api_gateway_integration_response",
      "name": "_",
      "provider": "provider[\"registry.terraform.io/hashicorp/aws\"]",
      "instances": [
        {
          "schema_version": 0,
          "attributes": {
            "content_handling": "",
            "http_method": "OPTIONS",
            "id": "agir-ui1cz1mvmi-anq2bn-OPTIONS-200",
            "resource_id": "anq2bn",
            "response_parameters": {
              "method.response.header.Access-Control-Allow-Headers": "'Authorization,Content-Type,X-Amz-Date,X-Amz-Security-Token,X-Api-Key'",
              "method.response.header.Access-Control-Allow-Methods": "'OPTIONS,HEAD,GET,POST,PUT,PATCH,DELETE'",
              "method.response.header.Access-Control-Allow-Origin": "'*'",
              "method.response.header.Access-Control-Max-Age": "'7200'"
            },
            "response_templates": {},
            "rest_api_id": "ui1cz1mvmi",
            "selection_pattern": "",
            "status_code": "200"
          },
          "sensitive_attributes": [],
          "private": "bnVsbA==",
          "dependencies": [
            "aws_api_gateway_resource.mylearn_s3_files",
            "aws_api_gateway_rest_api.mylearn",
            "module.cors10.aws_api_gateway_integration._",
            "module.cors10.aws_api_gateway_method._",
            "module.cors10.aws_api_gateway_method_response._"
          ]
        }
      ]
    },
    {
      "module": "module.cors10",
      "mode": "managed",
      "type": "aws_api_gateway_method",
      "name": "_",
      "provider": "provider[\"registry.terraform.io/hashicorp/aws\"]",
      "instances": [
        {
          "schema_version": 0,
          "attributes": {
            "api_key_required": false,
            "authorization": "NONE",
            "authorization_scopes": [],
            "authorizer_id": "",
            "http_method": "OPTIONS",
            "id": "agm-ui1cz1mvmi-anq2bn-OPTIONS",
            "operation_name": "",
            "request_models": {},
            "request_parameters": {},
            "request_validator_id": "",
            "resource_id": "anq2bn",
            "rest_api_id": "ui1cz1mvmi"
          },
          "sensitive_attributes": [],
          "private": "bnVsbA==",
          "dependencies": [
            "aws_api_gateway_resource.mylearn_s3_files",
            "aws_api_gateway_rest_api.mylearn"
          ]
        }
      ]
    },
    {
      "module": "module.cors10",
      "mode": "managed",
      "type": "aws_api_gateway_method_response",
      "name": "_",
      "provider": "provider[\"registry.terraform.io/hashicorp/aws\"]",
      "instances": [
        {
          "schema_version": 0,
          "attributes": {
            "http_method": "OPTIONS",
            "id": "agmr-ui1cz1mvmi-anq2bn-OPTIONS-200",
            "resource_id": "anq2bn",
            "response_models": {
              "application/json": "Empty"
            },
            "response_parameters": {
              "method.response.header.Access-Control-Allow-Headers": true,
              "method.response.header.Access-Control-Allow-Methods": true,
              "method.response.header.Access-Control-Allow-Origin": true,
              "method.response.header.Access-Control-Max-Age": true
            },
            "rest_api_id": "ui1cz1mvmi",
            "status_code": "200"
          },
          "sensitive_attributes": [],
          "private": "bnVsbA==",
          "dependencies": [
            "aws_api_gateway_resource.mylearn_s3_files",
            "aws_api_gateway_rest_api.mylearn",
            "module.cors10.aws_api_gateway_method._"
          ]
        }
      ]
    },
    {
      "module": "module.cors11",
      "mode": "managed",
      "type": "aws_api_gateway_integration",
      "name": "_",
      "provider": "provider[\"registry.terraform.io/hashicorp/aws\"]",
      "instances": [
        {
          "schema_version": 0,
          "attributes": {
            "cache_key_parameters": [],
            "cache_namespace": "i25lod",
            "connection_id": "",
            "connection_type": "INTERNET",
            "content_handling": "CONVERT_TO_TEXT",
            "credentials": "",
            "http_method": "OPTIONS",
            "id": "agi-ui1cz1mvmi-i25lod-OPTIONS",
            "integration_http_method": "",
            "passthrough_behavior": "WHEN_NO_MATCH",
            "request_parameters": {},
            "request_templates": {
              "application/json": "{ \"statusCode\": 200 }"
            },
            "resource_id": "i25lod",
            "rest_api_id": "ui1cz1mvmi",
            "timeout_milliseconds": 29000,
            "tls_config": [],
            "type": "MOCK",
            "uri": ""
          },
          "sensitive_attributes": [],
          "private": "bnVsbA==",
          "dependencies": [
            "aws_api_gateway_resource.mylearn_s3_folders",
            "aws_api_gateway_rest_api.mylearn",
            "module.cors11.aws_api_gateway_method._"
          ]
        }
      ]
    },
    {
      "module": "module.cors11",
      "mode": "managed",
      "type": "aws_api_gateway_integration_response",
      "name": "_",
      "provider": "provider[\"registry.terraform.io/hashicorp/aws\"]",
      "instances": [
        {
          "schema_version": 0,
          "attributes": {
            "content_handling": "",
            "http_method": "OPTIONS",
            "id": "agir-ui1cz1mvmi-i25lod-OPTIONS-200",
            "resource_id": "i25lod",
            "response_parameters": {
              "method.response.header.Access-Control-Allow-Headers": "'Authorization,Content-Type,X-Amz-Date,X-Amz-Security-Token,X-Api-Key'",
              "method.response.header.Access-Control-Allow-Methods": "'OPTIONS,HEAD,GET,POST,PUT,PATCH,DELETE'",
              "method.response.header.Access-Control-Allow-Origin": "'*'",
              "method.response.header.Access-Control-Max-Age": "'7200'"
            },
            "response_templates": {},
            "rest_api_id": "ui1cz1mvmi",
            "selection_pattern": "",
            "status_code": "200"
          },
          "sensitive_attributes": [],
          "private": "bnVsbA==",
          "dependencies": [
            "aws_api_gateway_resource.mylearn_s3_folders",
            "aws_api_gateway_rest_api.mylearn",
            "module.cors11.aws_api_gateway_integration._",
            "module.cors11.aws_api_gateway_method._",
            "module.cors11.aws_api_gateway_method_response._"
          ]
        }
      ]
    },
    {
      "module": "module.cors11",
      "mode": "managed",
      "type": "aws_api_gateway_method",
      "name": "_",
      "provider": "provider[\"registry.terraform.io/hashicorp/aws\"]",
      "instances": [
        {
          "schema_version": 0,
          "attributes": {
            "api_key_required": false,
            "authorization": "NONE",
            "authorization_scopes": [],
            "authorizer_id": "",
            "http_method": "OPTIONS",
            "id": "agm-ui1cz1mvmi-i25lod-OPTIONS",
            "operation_name": "",
            "request_models": {},
            "request_parameters": {},
            "request_validator_id": "",
            "resource_id": "i25lod",
            "rest_api_id": "ui1cz1mvmi"
          },
          "sensitive_attributes": [],
          "private": "bnVsbA==",
          "dependencies": [
            "aws_api_gateway_resource.mylearn_s3_folders",
            "aws_api_gateway_rest_api.mylearn"
          ]
        }
      ]
    },
    {
      "module": "module.cors11",
      "mode": "managed",
      "type": "aws_api_gateway_method_response",
      "name": "_",
      "provider": "provider[\"registry.terraform.io/hashicorp/aws\"]",
      "instances": [
        {
          "schema_version": 0,
          "attributes": {
            "http_method": "OPTIONS",
            "id": "agmr-ui1cz1mvmi-i25lod-OPTIONS-200",
            "resource_id": "i25lod",
            "response_models": {
              "application/json": "Empty"
            },
            "response_parameters": {
              "method.response.header.Access-Control-Allow-Headers": true,
              "method.response.header.Access-Control-Allow-Methods": true,
              "method.response.header.Access-Control-Allow-Origin": true,
              "method.response.header.Access-Control-Max-Age": true
            },
            "rest_api_id": "ui1cz1mvmi",
            "status_code": "200"
          },
          "sensitive_attributes": [],
          "private": "bnVsbA==",
          "dependencies": [
            "aws_api_gateway_resource.mylearn_s3_folders",
            "aws_api_gateway_rest_api.mylearn",
            "module.cors11.aws_api_gateway_method._"
          ]
        }
      ]
    },
    {
      "module": "module.cors12",
      "mode": "managed",
      "type": "aws_api_gateway_integration",
      "name": "_",
      "provider": "provider[\"registry.terraform.io/hashicorp/aws\"]",
      "instances": [
        {
          "schema_version": 0,
          "attributes": {
            "cache_key_parameters": [],
            "cache_namespace": "sayv0o",
            "connection_id": "",
            "connection_type": "INTERNET",
            "content_handling": "CONVERT_TO_TEXT",
            "credentials": "",
            "http_method": "OPTIONS",
            "id": "agi-ui1cz1mvmi-sayv0o-OPTIONS",
            "integration_http_method": "",
            "passthrough_behavior": "WHEN_NO_MATCH",
            "request_parameters": {},
            "request_templates": {
              "application/json": "{ \"statusCode\": 200 }"
            },
            "resource_id": "sayv0o",
            "rest_api_id": "ui1cz1mvmi",
            "timeout_milliseconds": 29000,
            "tls_config": [],
            "type": "MOCK",
            "uri": ""
          },
          "sensitive_attributes": [],
          "private": "bnVsbA==",
          "dependencies": [
            "aws_api_gateway_resource.mylearn_rest_lessons_lessons",
            "aws_api_gateway_rest_api.mylearn",
            "module.cors12.aws_api_gateway_method._"
          ]
        }
      ]
    },
    {
      "module": "module.cors12",
      "mode": "managed",
      "type": "aws_api_gateway_integration_response",
      "name": "_",
      "provider": "provider[\"registry.terraform.io/hashicorp/aws\"]",
      "instances": [
        {
          "schema_version": 0,
          "attributes": {
            "content_handling": "",
            "http_method": "OPTIONS",
            "id": "agir-ui1cz1mvmi-sayv0o-OPTIONS-200",
            "resource_id": "sayv0o",
            "response_parameters": {
              "method.response.header.Access-Control-Allow-Headers": "'Authorization,Content-Type,X-Amz-Date,X-Amz-Security-Token,X-Api-Key'",
              "method.response.header.Access-Control-Allow-Methods": "'OPTIONS,HEAD,GET,POST,PUT,PATCH,DELETE'",
              "method.response.header.Access-Control-Allow-Origin": "'*'",
              "method.response.header.Access-Control-Max-Age": "'7200'"
            },
            "response_templates": {},
            "rest_api_id": "ui1cz1mvmi",
            "selection_pattern": "",
            "status_code": "200"
          },
          "sensitive_attributes": [],
          "private": "bnVsbA==",
          "dependencies": [
            "aws_api_gateway_resource.mylearn_rest_lessons_lessons",
            "aws_api_gateway_rest_api.mylearn",
            "module.cors12.aws_api_gateway_integration._",
            "module.cors12.aws_api_gateway_method._",
            "module.cors12.aws_api_gateway_method_response._"
          ]
        }
      ]
    },
    {
      "module": "module.cors12",
      "mode": "managed",
      "type": "aws_api_gateway_method",
      "name": "_",
      "provider": "provider[\"registry.terraform.io/hashicorp/aws\"]",
      "instances": [
        {
          "schema_version": 0,
          "attributes": {
            "api_key_required": false,
            "authorization": "NONE",
            "authorization_scopes": [],
            "authorizer_id": "",
            "http_method": "OPTIONS",
            "id": "agm-ui1cz1mvmi-sayv0o-OPTIONS",
            "operation_name": "",
            "request_models": {},
            "request_parameters": {},
            "request_validator_id": "",
            "resource_id": "sayv0o",
            "rest_api_id": "ui1cz1mvmi"
          },
          "sensitive_attributes": [],
          "private": "bnVsbA==",
          "dependencies": [
            "aws_api_gateway_resource.mylearn_rest_lessons_lessons",
            "aws_api_gateway_rest_api.mylearn"
          ]
        }
      ]
    },
    {
      "module": "module.cors12",
      "mode": "managed",
      "type": "aws_api_gateway_method_response",
      "name": "_",
      "provider": "provider[\"registry.terraform.io/hashicorp/aws\"]",
      "instances": [
        {
          "schema_version": 0,
          "attributes": {
            "http_method": "OPTIONS",
            "id": "agmr-ui1cz1mvmi-sayv0o-OPTIONS-200",
            "resource_id": "sayv0o",
            "response_models": {
              "application/json": "Empty"
            },
            "response_parameters": {
              "method.response.header.Access-Control-Allow-Headers": true,
              "method.response.header.Access-Control-Allow-Methods": true,
              "method.response.header.Access-Control-Allow-Origin": true,
              "method.response.header.Access-Control-Max-Age": true
            },
            "rest_api_id": "ui1cz1mvmi",
            "status_code": "200"
          },
          "sensitive_attributes": [],
          "private": "bnVsbA==",
          "dependencies": [
            "aws_api_gateway_resource.mylearn_rest_lessons_lessons",
            "aws_api_gateway_rest_api.mylearn",
            "module.cors12.aws_api_gateway_method._"
          ]
        }
      ]
    },
    {
      "module": "module.cors13",
      "mode": "managed",
      "type": "aws_api_gateway_integration",
      "name": "_",
      "provider": "provider[\"registry.terraform.io/hashicorp/aws\"]",
      "instances": [
        {
          "schema_version": 0,
          "attributes": {
            "cache_key_parameters": [],
            "cache_namespace": "9gmvmn",
            "connection_id": "",
            "connection_type": "INTERNET",
            "content_handling": "CONVERT_TO_TEXT",
            "credentials": "",
            "http_method": "OPTIONS",
            "id": "agi-ui1cz1mvmi-9gmvmn-OPTIONS",
            "integration_http_method": "",
            "passthrough_behavior": "WHEN_NO_MATCH",
            "request_parameters": {},
            "request_templates": {
              "application/json": "{ \"statusCode\": 200 }"
            },
            "resource_id": "9gmvmn",
            "rest_api_id": "ui1cz1mvmi",
            "timeout_milliseconds": 29000,
            "tls_config": [],
            "type": "MOCK",
            "uri": ""
          },
          "sensitive_attributes": [],
          "private": "bnVsbA==",
          "dependencies": [
            "aws_api_gateway_resource.mylearn_grades",
            "aws_api_gateway_rest_api.mylearn",
            "module.cors13.aws_api_gateway_method._"
          ]
        }
      ]
    },
    {
      "module": "module.cors13",
      "mode": "managed",
      "type": "aws_api_gateway_integration_response",
      "name": "_",
      "provider": "provider[\"registry.terraform.io/hashicorp/aws\"]",
      "instances": [
        {
          "schema_version": 0,
          "attributes": {
            "content_handling": "",
            "http_method": "OPTIONS",
            "id": "agir-ui1cz1mvmi-9gmvmn-OPTIONS-200",
            "resource_id": "9gmvmn",
            "response_parameters": {
              "method.response.header.Access-Control-Allow-Headers": "'Authorization,Content-Type,X-Amz-Date,X-Amz-Security-Token,X-Api-Key'",
              "method.response.header.Access-Control-Allow-Methods": "'OPTIONS,HEAD,GET,POST,PUT,PATCH,DELETE'",
              "method.response.header.Access-Control-Allow-Origin": "'*'",
              "method.response.header.Access-Control-Max-Age": "'7200'"
            },
            "response_templates": {},
            "rest_api_id": "ui1cz1mvmi",
            "selection_pattern": "",
            "status_code": "200"
          },
          "sensitive_attributes": [],
          "private": "bnVsbA==",
          "dependencies": [
            "aws_api_gateway_resource.mylearn_grades",
            "aws_api_gateway_rest_api.mylearn",
            "module.cors13.aws_api_gateway_integration._",
            "module.cors13.aws_api_gateway_method._",
            "module.cors13.aws_api_gateway_method_response._"
          ]
        }
      ]
    },
    {
      "module": "module.cors13",
      "mode": "managed",
      "type": "aws_api_gateway_method",
      "name": "_",
      "provider": "provider[\"registry.terraform.io/hashicorp/aws\"]",
      "instances": [
        {
          "schema_version": 0,
          "attributes": {
            "api_key_required": false,
            "authorization": "NONE",
            "authorization_scopes": [],
            "authorizer_id": "",
            "http_method": "OPTIONS",
            "id": "agm-ui1cz1mvmi-9gmvmn-OPTIONS",
            "operation_name": "",
            "request_models": {},
            "request_parameters": {},
            "request_validator_id": "",
            "resource_id": "9gmvmn",
            "rest_api_id": "ui1cz1mvmi"
          },
          "sensitive_attributes": [],
          "private": "bnVsbA==",
          "dependencies": [
            "aws_api_gateway_resource.mylearn_grades",
            "aws_api_gateway_rest_api.mylearn"
          ]
        }
      ]
    },
    {
      "module": "module.cors13",
      "mode": "managed",
      "type": "aws_api_gateway_method_response",
      "name": "_",
      "provider": "provider[\"registry.terraform.io/hashicorp/aws\"]",
      "instances": [
        {
          "schema_version": 0,
          "attributes": {
            "http_method": "OPTIONS",
            "id": "agmr-ui1cz1mvmi-9gmvmn-OPTIONS-200",
            "resource_id": "9gmvmn",
            "response_models": {
              "application/json": "Empty"
            },
            "response_parameters": {
              "method.response.header.Access-Control-Allow-Headers": true,
              "method.response.header.Access-Control-Allow-Methods": true,
              "method.response.header.Access-Control-Allow-Origin": true,
              "method.response.header.Access-Control-Max-Age": true
            },
            "rest_api_id": "ui1cz1mvmi",
            "status_code": "200"
          },
          "sensitive_attributes": [],
          "private": "bnVsbA==",
          "dependencies": [
            "aws_api_gateway_resource.mylearn_grades",
            "aws_api_gateway_rest_api.mylearn",
            "module.cors13.aws_api_gateway_method._"
          ]
        }
      ]
    },
    {
      "module": "module.cors14",
      "mode": "managed",
      "type": "aws_api_gateway_integration",
      "name": "_",
      "provider": "provider[\"registry.terraform.io/hashicorp/aws\"]",
      "instances": [
        {
          "schema_version": 0,
          "attributes": {
            "cache_key_parameters": [],
            "cache_namespace": "y1ybym",
            "connection_id": "",
            "connection_type": "INTERNET",
            "content_handling": "CONVERT_TO_TEXT",
            "credentials": "",
            "http_method": "OPTIONS",
            "id": "agi-ui1cz1mvmi-y1ybym-OPTIONS",
            "integration_http_method": "",
            "passthrough_behavior": "WHEN_NO_MATCH",
            "request_parameters": {},
            "request_templates": {
              "application/json": "{ \"statusCode\": 200 }"
            },
            "resource_id": "y1ybym",
            "rest_api_id": "ui1cz1mvmi",
            "timeout_milliseconds": 29000,
            "tls_config": [],
            "type": "MOCK",
            "uri": ""
          },
          "sensitive_attributes": [],
          "private": "bnVsbA==",
          "dependencies": [
            "aws_api_gateway_resource.mylearn_cognito_manage_groups",
            "aws_api_gateway_rest_api.mylearn",
            "module.cors14.aws_api_gateway_method._"
          ]
        }
      ]
    },
    {
      "module": "module.cors14",
      "mode": "managed",
      "type": "aws_api_gateway_integration_response",
      "name": "_",
      "provider": "provider[\"registry.terraform.io/hashicorp/aws\"]",
      "instances": [
        {
          "schema_version": 0,
          "attributes": {
            "content_handling": "",
            "http_method": "OPTIONS",
            "id": "agir-ui1cz1mvmi-y1ybym-OPTIONS-200",
            "resource_id": "y1ybym",
            "response_parameters": {
              "method.response.header.Access-Control-Allow-Headers": "'Authorization,Content-Type,X-Amz-Date,X-Amz-Security-Token,X-Api-Key'",
              "method.response.header.Access-Control-Allow-Methods": "'OPTIONS,HEAD,GET,POST,PUT,PATCH,DELETE'",
              "method.response.header.Access-Control-Allow-Origin": "'*'",
              "method.response.header.Access-Control-Max-Age": "'7200'"
            },
            "response_templates": {},
            "rest_api_id": "ui1cz1mvmi",
            "selection_pattern": "",
            "status_code": "200"
          },
          "sensitive_attributes": [],
          "private": "bnVsbA==",
          "dependencies": [
            "aws_api_gateway_resource.mylearn_cognito_manage_groups",
            "aws_api_gateway_rest_api.mylearn",
            "module.cors14.aws_api_gateway_integration._",
            "module.cors14.aws_api_gateway_method._",
            "module.cors14.aws_api_gateway_method_response._"
          ]
        }
      ]
    },
    {
      "module": "module.cors14",
      "mode": "managed",
      "type": "aws_api_gateway_method",
      "name": "_",
      "provider": "provider[\"registry.terraform.io/hashicorp/aws\"]",
      "instances": [
        {
          "schema_version": 0,
          "attributes": {
            "api_key_required": false,
            "authorization": "NONE",
            "authorization_scopes": [],
            "authorizer_id": "",
            "http_method": "OPTIONS",
            "id": "agm-ui1cz1mvmi-y1ybym-OPTIONS",
            "operation_name": "",
            "request_models": {},
            "request_parameters": {},
            "request_validator_id": "",
            "resource_id": "y1ybym",
            "rest_api_id": "ui1cz1mvmi"
          },
          "sensitive_attributes": [],
          "private": "bnVsbA==",
          "dependencies": [
            "aws_api_gateway_resource.mylearn_cognito_manage_groups",
            "aws_api_gateway_rest_api.mylearn"
          ]
        }
      ]
    },
    {
      "module": "module.cors14",
      "mode": "managed",
      "type": "aws_api_gateway_method_response",
      "name": "_",
      "provider": "provider[\"registry.terraform.io/hashicorp/aws\"]",
      "instances": [
        {
          "schema_version": 0,
          "attributes": {
            "http_method": "OPTIONS",
            "id": "agmr-ui1cz1mvmi-y1ybym-OPTIONS-200",
            "resource_id": "y1ybym",
            "response_models": {
              "application/json": "Empty"
            },
            "response_parameters": {
              "method.response.header.Access-Control-Allow-Headers": true,
              "method.response.header.Access-Control-Allow-Methods": true,
              "method.response.header.Access-Control-Allow-Origin": true,
              "method.response.header.Access-Control-Max-Age": true
            },
            "rest_api_id": "ui1cz1mvmi",
            "status_code": "200"
          },
          "sensitive_attributes": [],
          "private": "bnVsbA==",
          "dependencies": [
            "aws_api_gateway_resource.mylearn_cognito_manage_groups",
            "aws_api_gateway_rest_api.mylearn",
            "module.cors14.aws_api_gateway_method._"
          ]
        }
      ]
    },
    {
      "module": "module.cors15",
      "mode": "managed",
      "type": "aws_api_gateway_integration",
      "name": "_",
      "provider": "provider[\"registry.terraform.io/hashicorp/aws\"]",
      "instances": [
        {
          "schema_version": 0,
          "attributes": {
            "cache_key_parameters": [],
            "cache_namespace": "q47mmc",
            "connection_id": "",
            "connection_type": "INTERNET",
            "content_handling": "CONVERT_TO_TEXT",
            "credentials": "",
            "http_method": "OPTIONS",
            "id": "agi-ui1cz1mvmi-q47mmc-OPTIONS",
            "integration_http_method": "",
            "passthrough_behavior": "WHEN_NO_MATCH",
            "request_parameters": {},
            "request_templates": {
              "application/json": "{ \"statusCode\": 200 }"
            },
            "resource_id": "q47mmc",
            "rest_api_id": "ui1cz1mvmi",
            "timeout_milliseconds": 29000,
            "tls_config": [],
            "type": "MOCK",
            "uri": ""
          },
          "sensitive_attributes": [],
          "private": "bnVsbA==",
          "dependencies": [
            "aws_api_gateway_resource.mylearn_tests_tests",
            "aws_api_gateway_rest_api.mylearn",
            "module.cors15.aws_api_gateway_method._"
          ]
        }
      ]
    },
    {
      "module": "module.cors15",
      "mode": "managed",
      "type": "aws_api_gateway_integration_response",
      "name": "_",
      "provider": "provider[\"registry.terraform.io/hashicorp/aws\"]",
      "instances": [
        {
          "schema_version": 0,
          "attributes": {
            "content_handling": "",
            "http_method": "OPTIONS",
            "id": "agir-ui1cz1mvmi-q47mmc-OPTIONS-200",
            "resource_id": "q47mmc",
            "response_parameters": {
              "method.response.header.Access-Control-Allow-Headers": "'Authorization,Content-Type,X-Amz-Date,X-Amz-Security-Token,X-Api-Key'",
              "method.response.header.Access-Control-Allow-Methods": "'OPTIONS,HEAD,GET,POST,PUT,PATCH,DELETE'",
              "method.response.header.Access-Control-Allow-Origin": "'*'",
              "method.response.header.Access-Control-Max-Age": "'7200'"
            },
            "response_templates": {},
            "rest_api_id": "ui1cz1mvmi",
            "selection_pattern": "",
            "status_code": "200"
          },
          "sensitive_attributes": [],
          "private": "bnVsbA==",
          "dependencies": [
            "aws_api_gateway_resource.mylearn_tests_tests",
            "aws_api_gateway_rest_api.mylearn",
            "module.cors15.aws_api_gateway_integration._",
            "module.cors15.aws_api_gateway_method._",
            "module.cors15.aws_api_gateway_method_response._"
          ]
        }
      ]
    },
    {
      "module": "module.cors15",
      "mode": "managed",
      "type": "aws_api_gateway_method",
      "name": "_",
      "provider": "provider[\"registry.terraform.io/hashicorp/aws\"]",
      "instances": [
        {
          "schema_version": 0,
          "attributes": {
            "api_key_required": false,
            "authorization": "NONE",
            "authorization_scopes": [],
            "authorizer_id": "",
            "http_method": "OPTIONS",
            "id": "agm-ui1cz1mvmi-q47mmc-OPTIONS",
            "operation_name": "",
            "request_models": {},
            "request_parameters": {},
            "request_validator_id": "",
            "resource_id": "q47mmc",
            "rest_api_id": "ui1cz1mvmi"
          },
          "sensitive_attributes": [],
          "private": "bnVsbA==",
          "dependencies": [
            "aws_api_gateway_resource.mylearn_tests_tests",
            "aws_api_gateway_rest_api.mylearn"
          ]
        }
      ]
    },
    {
      "module": "module.cors15",
      "mode": "managed",
      "type": "aws_api_gateway_method_response",
      "name": "_",
      "provider": "provider[\"registry.terraform.io/hashicorp/aws\"]",
      "instances": [
        {
          "schema_version": 0,
          "attributes": {
            "http_method": "OPTIONS",
            "id": "agmr-ui1cz1mvmi-q47mmc-OPTIONS-200",
            "resource_id": "q47mmc",
            "response_models": {
              "application/json": "Empty"
            },
            "response_parameters": {
              "method.response.header.Access-Control-Allow-Headers": true,
              "method.response.header.Access-Control-Allow-Methods": true,
              "method.response.header.Access-Control-Allow-Origin": true,
              "method.response.header.Access-Control-Max-Age": true
            },
            "rest_api_id": "ui1cz1mvmi",
            "status_code": "200"
          },
          "sensitive_attributes": [],
          "private": "bnVsbA==",
          "dependencies": [
            "aws_api_gateway_resource.mylearn_tests_tests",
            "aws_api_gateway_rest_api.mylearn",
            "module.cors15.aws_api_gateway_method._"
          ]
        }
      ]
    },
    {
      "module": "module.cors16",
      "mode": "managed",
      "type": "aws_api_gateway_integration",
      "name": "_",
      "provider": "provider[\"registry.terraform.io/hashicorp/aws\"]",
      "instances": [
        {
          "schema_version": 0,
          "attributes": {
            "cache_key_parameters": [],
            "cache_namespace": "s7656r",
            "connection_id": "",
            "connection_type": "INTERNET",
            "content_handling": "CONVERT_TO_TEXT",
            "credentials": "",
            "http_method": "OPTIONS",
            "id": "agi-ui1cz1mvmi-s7656r-OPTIONS",
            "integration_http_method": "",
            "passthrough_behavior": "WHEN_NO_MATCH",
            "request_parameters": {},
            "request_templates": {
              "application/json": "{ \"statusCode\": 200 }"
            },
            "resource_id": "s7656r",
            "rest_api_id": "ui1cz1mvmi",
            "timeout_milliseconds": 29000,
            "tls_config": [],
            "type": "MOCK",
            "uri": ""
          },
          "sensitive_attributes": [],
          "private": "bnVsbA==",
          "dependencies": [
            "aws_api_gateway_resource.mylearn_tests_results",
            "aws_api_gateway_rest_api.mylearn",
            "module.cors16.aws_api_gateway_method._"
          ]
        }
      ]
    },
    {
      "module": "module.cors16",
      "mode": "managed",
      "type": "aws_api_gateway_integration_response",
      "name": "_",
      "provider": "provider[\"registry.terraform.io/hashicorp/aws\"]",
      "instances": [
        {
          "schema_version": 0,
          "attributes": {
            "content_handling": "",
            "http_method": "OPTIONS",
            "id": "agir-ui1cz1mvmi-s7656r-OPTIONS-200",
            "resource_id": "s7656r",
            "response_parameters": {
              "method.response.header.Access-Control-Allow-Headers": "'Authorization,Content-Type,X-Amz-Date,X-Amz-Security-Token,X-Api-Key'",
              "method.response.header.Access-Control-Allow-Methods": "'OPTIONS,HEAD,GET,POST,PUT,PATCH,DELETE'",
              "method.response.header.Access-Control-Allow-Origin": "'*'",
              "method.response.header.Access-Control-Max-Age": "'7200'"
            },
            "response_templates": {},
            "rest_api_id": "ui1cz1mvmi",
            "selection_pattern": "",
            "status_code": "200"
          },
          "sensitive_attributes": [],
          "private": "bnVsbA==",
          "dependencies": [
            "aws_api_gateway_resource.mylearn_tests_results",
            "aws_api_gateway_rest_api.mylearn",
            "module.cors16.aws_api_gateway_integration._",
            "module.cors16.aws_api_gateway_method._",
            "module.cors16.aws_api_gateway_method_response._"
          ]
        }
      ]
    },
    {
      "module": "module.cors16",
      "mode": "managed",
      "type": "aws_api_gateway_method",
      "name": "_",
      "provider": "provider[\"registry.terraform.io/hashicorp/aws\"]",
      "instances": [
        {
          "schema_version": 0,
          "attributes": {
            "api_key_required": false,
            "authorization": "NONE",
            "authorization_scopes": [],
            "authorizer_id": "",
            "http_method": "OPTIONS",
            "id": "agm-ui1cz1mvmi-s7656r-OPTIONS",
            "operation_name": "",
            "request_models": {},
            "request_parameters": {},
            "request_validator_id": "",
            "resource_id": "s7656r",
            "rest_api_id": "ui1cz1mvmi"
          },
          "sensitive_attributes": [],
          "private": "bnVsbA==",
          "dependencies": [
            "aws_api_gateway_resource.mylearn_tests_results",
            "aws_api_gateway_rest_api.mylearn"
          ]
        }
      ]
    },
    {
      "module": "module.cors16",
      "mode": "managed",
      "type": "aws_api_gateway_method_response",
      "name": "_",
      "provider": "provider[\"registry.terraform.io/hashicorp/aws\"]",
      "instances": [
        {
          "schema_version": 0,
          "attributes": {
            "http_method": "OPTIONS",
            "id": "agmr-ui1cz1mvmi-s7656r-OPTIONS-200",
            "resource_id": "s7656r",
            "response_models": {
              "application/json": "Empty"
            },
            "response_parameters": {
              "method.response.header.Access-Control-Allow-Headers": true,
              "method.response.header.Access-Control-Allow-Methods": true,
              "method.response.header.Access-Control-Allow-Origin": true,
              "method.response.header.Access-Control-Max-Age": true
            },
            "rest_api_id": "ui1cz1mvmi",
            "status_code": "200"
          },
          "sensitive_attributes": [],
          "private": "bnVsbA==",
          "dependencies": [
            "aws_api_gateway_resource.mylearn_tests_results",
            "aws_api_gateway_rest_api.mylearn",
            "module.cors16.aws_api_gateway_method._"
          ]
        }
      ]
    },
    {
      "module": "module.cors2",
      "mode": "managed",
      "type": "aws_api_gateway_integration",
      "name": "_",
      "provider": "provider[\"registry.terraform.io/hashicorp/aws\"]",
      "instances": [
        {
          "schema_version": 0,
          "attributes": {
            "cache_key_parameters": [],
            "cache_namespace": "i4o9fl",
            "connection_id": "",
            "connection_type": "INTERNET",
            "content_handling": "CONVERT_TO_TEXT",
            "credentials": "",
            "http_method": "OPTIONS",
            "id": "agi-ui1cz1mvmi-i4o9fl-OPTIONS",
            "integration_http_method": "",
            "passthrough_behavior": "WHEN_NO_MATCH",
            "request_parameters": {},
            "request_templates": {
              "application/json": "{ \"statusCode\": 200 }"
            },
            "resource_id": "i4o9fl",
            "rest_api_id": "ui1cz1mvmi",
            "timeout_milliseconds": 29000,
            "tls_config": [],
            "type": "MOCK",
            "uri": ""
          },
          "sensitive_attributes": [],
          "private": "bnVsbA==",
          "dependencies": [
            "aws_api_gateway_resource.mylearn_cognito_users_register",
            "aws_api_gateway_rest_api.mylearn",
            "module.cors2.aws_api_gateway_method._"
          ]
        }
      ]
    },
    {
      "module": "module.cors2",
      "mode": "managed",
      "type": "aws_api_gateway_integration_response",
      "name": "_",
      "provider": "provider[\"registry.terraform.io/hashicorp/aws\"]",
      "instances": [
        {
          "schema_version": 0,
          "attributes": {
            "content_handling": "",
            "http_method": "OPTIONS",
            "id": "agir-ui1cz1mvmi-i4o9fl-OPTIONS-200",
            "resource_id": "i4o9fl",
            "response_parameters": {
              "method.response.header.Access-Control-Allow-Headers": "'Authorization,Content-Type,X-Amz-Date,X-Amz-Security-Token,X-Api-Key'",
              "method.response.header.Access-Control-Allow-Methods": "'OPTIONS,HEAD,GET,POST,PUT,PATCH,DELETE'",
              "method.response.header.Access-Control-Allow-Origin": "'*'",
              "method.response.header.Access-Control-Max-Age": "'7200'"
            },
            "response_templates": {},
            "rest_api_id": "ui1cz1mvmi",
            "selection_pattern": "",
            "status_code": "200"
          },
          "sensitive_attributes": [],
          "private": "bnVsbA==",
          "dependencies": [
            "aws_api_gateway_resource.mylearn_cognito_users_register",
            "aws_api_gateway_rest_api.mylearn",
            "module.cors2.aws_api_gateway_integration._",
            "module.cors2.aws_api_gateway_method._",
            "module.cors2.aws_api_gateway_method_response._"
          ]
        }
      ]
    },
    {
      "module": "module.cors2",
      "mode": "managed",
      "type": "aws_api_gateway_method",
      "name": "_",
      "provider": "provider[\"registry.terraform.io/hashicorp/aws\"]",
      "instances": [
        {
          "schema_version": 0,
          "attributes": {
            "api_key_required": false,
            "authorization": "NONE",
            "authorization_scopes": [],
            "authorizer_id": "",
            "http_method": "OPTIONS",
            "id": "agm-ui1cz1mvmi-i4o9fl-OPTIONS",
            "operation_name": "",
            "request_models": {},
            "request_parameters": {},
            "request_validator_id": "",
            "resource_id": "i4o9fl",
            "rest_api_id": "ui1cz1mvmi"
          },
          "sensitive_attributes": [],
          "private": "bnVsbA==",
          "dependencies": [
            "aws_api_gateway_resource.mylearn_cognito_users_register",
            "aws_api_gateway_rest_api.mylearn"
          ]
        }
      ]
    },
    {
      "module": "module.cors2",
      "mode": "managed",
      "type": "aws_api_gateway_method_response",
      "name": "_",
      "provider": "provider[\"registry.terraform.io/hashicorp/aws\"]",
      "instances": [
        {
          "schema_version": 0,
          "attributes": {
            "http_method": "OPTIONS",
            "id": "agmr-ui1cz1mvmi-i4o9fl-OPTIONS-200",
            "resource_id": "i4o9fl",
            "response_models": {
              "application/json": "Empty"
            },
            "response_parameters": {
              "method.response.header.Access-Control-Allow-Headers": true,
              "method.response.header.Access-Control-Allow-Methods": true,
              "method.response.header.Access-Control-Allow-Origin": true,
              "method.response.header.Access-Control-Max-Age": true
            },
            "rest_api_id": "ui1cz1mvmi",
            "status_code": "200"
          },
          "sensitive_attributes": [],
          "private": "bnVsbA==",
          "dependencies": [
            "aws_api_gateway_resource.mylearn_cognito_users_register",
            "aws_api_gateway_rest_api.mylearn",
            "module.cors2.aws_api_gateway_method._"
          ]
        }
      ]
    },
    {
      "module": "module.cors3",
      "mode": "managed",
      "type": "aws_api_gateway_integration",
      "name": "_",
      "provider": "provider[\"registry.terraform.io/hashicorp/aws\"]",
      "instances": [
        {
          "schema_version": 0,
          "attributes": {
            "cache_key_parameters": [],
            "cache_namespace": "vxc120",
            "connection_id": "",
            "connection_type": "INTERNET",
            "content_handling": "CONVERT_TO_TEXT",
            "credentials": "",
            "http_method": "OPTIONS",
            "id": "agi-ui1cz1mvmi-vxc120-OPTIONS",
            "integration_http_method": "",
            "passthrough_behavior": "WHEN_NO_MATCH",
            "request_parameters": {},
            "request_templates": {
              "application/json": "{ \"statusCode\": 200 }"
            },
            "resource_id": "vxc120",
            "rest_api_id": "ui1cz1mvmi",
            "timeout_milliseconds": 29000,
            "tls_config": [],
            "type": "MOCK",
            "uri": ""
          },
          "sensitive_attributes": [],
          "private": "bnVsbA==",
          "dependencies": [
            "aws_api_gateway_resource.mylearn_users",
            "aws_api_gateway_rest_api.mylearn",
            "module.cors3.aws_api_gateway_method._"
          ]
        }
      ]
    },
    {
      "module": "module.cors3",
      "mode": "managed",
      "type": "aws_api_gateway_integration_response",
      "name": "_",
      "provider": "provider[\"registry.terraform.io/hashicorp/aws\"]",
      "instances": [
        {
          "schema_version": 0,
          "attributes": {
            "content_handling": "",
            "http_method": "OPTIONS",
            "id": "agir-ui1cz1mvmi-vxc120-OPTIONS-200",
            "resource_id": "vxc120",
            "response_parameters": {
              "method.response.header.Access-Control-Allow-Headers": "'Authorization,Content-Type,X-Amz-Date,X-Amz-Security-Token,X-Api-Key'",
              "method.response.header.Access-Control-Allow-Methods": "'OPTIONS,HEAD,GET,POST,PUT,PATCH,DELETE'",
              "method.response.header.Access-Control-Allow-Origin": "'*'",
              "method.response.header.Access-Control-Max-Age": "'7200'"
            },
            "response_templates": {},
            "rest_api_id": "ui1cz1mvmi",
            "selection_pattern": "",
            "status_code": "200"
          },
          "sensitive_attributes": [],
          "private": "bnVsbA==",
          "dependencies": [
            "aws_api_gateway_resource.mylearn_users",
            "aws_api_gateway_rest_api.mylearn",
            "module.cors3.aws_api_gateway_integration._",
            "module.cors3.aws_api_gateway_method._",
            "module.cors3.aws_api_gateway_method_response._"
          ]
        }
      ]
    },
    {
      "module": "module.cors3",
      "mode": "managed",
      "type": "aws_api_gateway_method",
      "name": "_",
      "provider": "provider[\"registry.terraform.io/hashicorp/aws\"]",
      "instances": [
        {
          "schema_version": 0,
          "attributes": {
            "api_key_required": false,
            "authorization": "NONE",
            "authorization_scopes": [],
            "authorizer_id": "",
            "http_method": "OPTIONS",
            "id": "agm-ui1cz1mvmi-vxc120-OPTIONS",
            "operation_name": "",
            "request_models": {},
            "request_parameters": {},
            "request_validator_id": "",
            "resource_id": "vxc120",
            "rest_api_id": "ui1cz1mvmi"
          },
          "sensitive_attributes": [],
          "private": "bnVsbA==",
          "dependencies": [
            "aws_api_gateway_resource.mylearn_users",
            "aws_api_gateway_rest_api.mylearn"
          ]
        }
      ]
    },
    {
      "module": "module.cors3",
      "mode": "managed",
      "type": "aws_api_gateway_method_response",
      "name": "_",
      "provider": "provider[\"registry.terraform.io/hashicorp/aws\"]",
      "instances": [
        {
          "schema_version": 0,
          "attributes": {
            "http_method": "OPTIONS",
            "id": "agmr-ui1cz1mvmi-vxc120-OPTIONS-200",
            "resource_id": "vxc120",
            "response_models": {
              "application/json": "Empty"
            },
            "response_parameters": {
              "method.response.header.Access-Control-Allow-Headers": true,
              "method.response.header.Access-Control-Allow-Methods": true,
              "method.response.header.Access-Control-Allow-Origin": true,
              "method.response.header.Access-Control-Max-Age": true
            },
            "rest_api_id": "ui1cz1mvmi",
            "status_code": "200"
          },
          "sensitive_attributes": [],
          "private": "bnVsbA==",
          "dependencies": [
            "aws_api_gateway_resource.mylearn_users",
            "aws_api_gateway_rest_api.mylearn",
            "module.cors3.aws_api_gateway_method._"
          ]
        }
      ]
    },
    {
      "module": "module.cors5",
      "mode": "managed",
      "type": "aws_api_gateway_integration",
      "name": "_",
      "provider": "provider[\"registry.terraform.io/hashicorp/aws\"]",
      "instances": [
        {
          "schema_version": 0,
          "attributes": {
            "cache_key_parameters": [],
            "cache_namespace": "h30ax9",
            "connection_id": "",
            "connection_type": "INTERNET",
            "content_handling": "CONVERT_TO_TEXT",
            "credentials": "",
            "http_method": "OPTIONS",
            "id": "agi-ui1cz1mvmi-h30ax9-OPTIONS",
            "integration_http_method": "",
            "passthrough_behavior": "WHEN_NO_MATCH",
            "request_parameters": {},
            "request_templates": {
              "application/json": "{ \"statusCode\": 200 }"
            },
            "resource_id": "h30ax9",
            "rest_api_id": "ui1cz1mvmi",
            "timeout_milliseconds": 29000,
            "tls_config": [],
            "type": "MOCK",
            "uri": ""
          },
          "sensitive_attributes": [],
          "private": "bnVsbA==",
          "dependencies": [
            "aws_api_gateway_resource.mylearn_rest_chat",
            "aws_api_gateway_rest_api.mylearn",
            "module.cors5.aws_api_gateway_method._"
          ]
        }
      ]
    },
    {
      "module": "module.cors5",
      "mode": "managed",
      "type": "aws_api_gateway_integration_response",
      "name": "_",
      "provider": "provider[\"registry.terraform.io/hashicorp/aws\"]",
      "instances": [
        {
          "schema_version": 0,
          "attributes": {
            "content_handling": "",
            "http_method": "OPTIONS",
            "id": "agir-ui1cz1mvmi-h30ax9-OPTIONS-200",
            "resource_id": "h30ax9",
            "response_parameters": {
              "method.response.header.Access-Control-Allow-Headers": "'Authorization,Content-Type,X-Amz-Date,X-Amz-Security-Token,X-Api-Key'",
              "method.response.header.Access-Control-Allow-Methods": "'OPTIONS,HEAD,GET,POST,PUT,PATCH,DELETE'",
              "method.response.header.Access-Control-Allow-Origin": "'*'",
              "method.response.header.Access-Control-Max-Age": "'7200'"
            },
            "response_templates": {},
            "rest_api_id": "ui1cz1mvmi",
            "selection_pattern": "",
            "status_code": "200"
          },
          "sensitive_attributes": [],
          "private": "bnVsbA==",
          "dependencies": [
            "aws_api_gateway_resource.mylearn_rest_chat",
            "aws_api_gateway_rest_api.mylearn",
            "module.cors5.aws_api_gateway_integration._",
            "module.cors5.aws_api_gateway_method._",
            "module.cors5.aws_api_gateway_method_response._"
          ]
        }
      ]
    },
    {
      "module": "module.cors5",
      "mode": "managed",
      "type": "aws_api_gateway_method",
      "name": "_",
      "provider": "provider[\"registry.terraform.io/hashicorp/aws\"]",
      "instances": [
        {
          "schema_version": 0,
          "attributes": {
            "api_key_required": false,
            "authorization": "NONE",
            "authorization_scopes": [],
            "authorizer_id": "",
            "http_method": "OPTIONS",
            "id": "agm-ui1cz1mvmi-h30ax9-OPTIONS",
            "operation_name": "",
            "request_models": {},
            "request_parameters": {},
            "request_validator_id": "",
            "resource_id": "h30ax9",
            "rest_api_id": "ui1cz1mvmi"
          },
          "sensitive_attributes": [],
          "private": "bnVsbA==",
          "dependencies": [
            "aws_api_gateway_resource.mylearn_rest_chat",
            "aws_api_gateway_rest_api.mylearn"
          ]
        }
      ]
    },
    {
      "module": "module.cors5",
      "mode": "managed",
      "type": "aws_api_gateway_method_response",
      "name": "_",
      "provider": "provider[\"registry.terraform.io/hashicorp/aws\"]",
      "instances": [
        {
          "schema_version": 0,
          "attributes": {
            "http_method": "OPTIONS",
            "id": "agmr-ui1cz1mvmi-h30ax9-OPTIONS-200",
            "resource_id": "h30ax9",
            "response_models": {
              "application/json": "Empty"
            },
            "response_parameters": {
              "method.response.header.Access-Control-Allow-Headers": true,
              "method.response.header.Access-Control-Allow-Methods": true,
              "method.response.header.Access-Control-Allow-Origin": true,
              "method.response.header.Access-Control-Max-Age": true
            },
            "rest_api_id": "ui1cz1mvmi",
            "status_code": "200"
          },
          "sensitive_attributes": [],
          "private": "bnVsbA==",
          "dependencies": [
            "aws_api_gateway_resource.mylearn_rest_chat",
            "aws_api_gateway_rest_api.mylearn",
            "module.cors5.aws_api_gateway_method._"
          ]
        }
      ]
    },
    {
      "module": "module.cors6",
      "mode": "managed",
      "type": "aws_api_gateway_integration",
      "name": "_",
      "provider": "provider[\"registry.terraform.io/hashicorp/aws\"]",
      "instances": [
        {
          "schema_version": 0,
          "attributes": {
            "cache_key_parameters": [],
            "cache_namespace": "uo0tfq",
            "connection_id": "",
            "connection_type": "INTERNET",
            "content_handling": "CONVERT_TO_TEXT",
            "credentials": "",
            "http_method": "OPTIONS",
            "id": "agi-ui1cz1mvmi-uo0tfq-OPTIONS",
            "integration_http_method": "",
            "passthrough_behavior": "WHEN_NO_MATCH",
            "request_parameters": {},
            "request_templates": {
              "application/json": "{ \"statusCode\": 200 }"
            },
            "resource_id": "uo0tfq",
            "rest_api_id": "ui1cz1mvmi",
            "timeout_milliseconds": 29000,
            "tls_config": [],
            "type": "MOCK",
            "uri": ""
          },
          "sensitive_attributes": [],
          "private": "bnVsbA==",
          "dependencies": [
            "aws_api_gateway_resource.mylearn_classes",
            "aws_api_gateway_rest_api.mylearn",
            "module.cors6.aws_api_gateway_method._"
          ]
        }
      ]
    },
    {
      "module": "module.cors6",
      "mode": "managed",
      "type": "aws_api_gateway_integration_response",
      "name": "_",
      "provider": "provider[\"registry.terraform.io/hashicorp/aws\"]",
      "instances": [
        {
          "schema_version": 0,
          "attributes": {
            "content_handling": "",
            "http_method": "OPTIONS",
            "id": "agir-ui1cz1mvmi-uo0tfq-OPTIONS-200",
            "resource_id": "uo0tfq",
            "response_parameters": {
              "method.response.header.Access-Control-Allow-Headers": "'Authorization,Content-Type,X-Amz-Date,X-Amz-Security-Token,X-Api-Key'",
              "method.response.header.Access-Control-Allow-Methods": "'OPTIONS,HEAD,GET,POST,PUT,PATCH,DELETE'",
              "method.response.header.Access-Control-Allow-Origin": "'*'",
              "method.response.header.Access-Control-Max-Age": "'7200'"
            },
            "response_templates": {},
            "rest_api_id": "ui1cz1mvmi",
            "selection_pattern": "",
            "status_code": "200"
          },
          "sensitive_attributes": [],
          "private": "bnVsbA==",
          "dependencies": [
            "aws_api_gateway_resource.mylearn_classes",
            "aws_api_gateway_rest_api.mylearn",
            "module.cors6.aws_api_gateway_integration._",
            "module.cors6.aws_api_gateway_method._",
            "module.cors6.aws_api_gateway_method_response._"
          ]
        }
      ]
    },
    {
      "module": "module.cors6",
      "mode": "managed",
      "type": "aws_api_gateway_method",
      "name": "_",
      "provider": "provider[\"registry.terraform.io/hashicorp/aws\"]",
      "instances": [
        {
          "schema_version": 0,
          "attributes": {
            "api_key_required": false,
            "authorization": "NONE",
            "authorization_scopes": [],
            "authorizer_id": "",
            "http_method": "OPTIONS",
            "id": "agm-ui1cz1mvmi-uo0tfq-OPTIONS",
            "operation_name": "",
            "request_models": {},
            "request_parameters": {},
            "request_validator_id": "",
            "resource_id": "uo0tfq",
            "rest_api_id": "ui1cz1mvmi"
          },
          "sensitive_attributes": [],
          "private": "bnVsbA==",
          "dependencies": [
            "aws_api_gateway_resource.mylearn_classes",
            "aws_api_gateway_rest_api.mylearn"
          ]
        }
      ]
    },
    {
      "module": "module.cors6",
      "mode": "managed",
      "type": "aws_api_gateway_method_response",
      "name": "_",
      "provider": "provider[\"registry.terraform.io/hashicorp/aws\"]",
      "instances": [
        {
          "schema_version": 0,
          "attributes": {
            "http_method": "OPTIONS",
            "id": "agmr-ui1cz1mvmi-uo0tfq-OPTIONS-200",
            "resource_id": "uo0tfq",
            "response_models": {
              "application/json": "Empty"
            },
            "response_parameters": {
              "method.response.header.Access-Control-Allow-Headers": true,
              "method.response.header.Access-Control-Allow-Methods": true,
              "method.response.header.Access-Control-Allow-Origin": true,
              "method.response.header.Access-Control-Max-Age": true
            },
            "rest_api_id": "ui1cz1mvmi",
            "status_code": "200"
          },
          "sensitive_attributes": [],
          "private": "bnVsbA==",
          "dependencies": [
            "aws_api_gateway_resource.mylearn_classes",
            "aws_api_gateway_rest_api.mylearn",
            "module.cors6.aws_api_gateway_method._"
          ]
        }
      ]
    },
    {
      "module": "module.cors7",
      "mode": "managed",
      "type": "aws_api_gateway_integration",
      "name": "_",
      "provider": "provider[\"registry.terraform.io/hashicorp/aws\"]",
      "instances": [
        {
          "schema_version": 0,
          "attributes": {
            "cache_key_parameters": [],
            "cache_namespace": "4j54q5",
            "connection_id": "",
            "connection_type": "INTERNET",
            "content_handling": "CONVERT_TO_TEXT",
            "credentials": "",
            "http_method": "OPTIONS",
            "id": "agi-ui1cz1mvmi-4j54q5-OPTIONS",
            "integration_http_method": "",
            "passthrough_behavior": "WHEN_NO_MATCH",
            "request_parameters": {},
            "request_templates": {
              "application/json": "{ \"statusCode\": 200 }"
            },
            "resource_id": "4j54q5",
            "rest_api_id": "ui1cz1mvmi",
            "timeout_milliseconds": 29000,
            "tls_config": [],
            "type": "MOCK",
            "uri": ""
          },
          "sensitive_attributes": [],
          "private": "bnVsbA==",
          "dependencies": [
            "aws_api_gateway_resource.mylearn_class_users",
            "aws_api_gateway_rest_api.mylearn",
            "module.cors7.aws_api_gateway_method._"
          ]
        }
      ]
    },
    {
      "module": "module.cors7",
      "mode": "managed",
      "type": "aws_api_gateway_integration_response",
      "name": "_",
      "provider": "provider[\"registry.terraform.io/hashicorp/aws\"]",
      "instances": [
        {
          "schema_version": 0,
          "attributes": {
            "content_handling": "",
            "http_method": "OPTIONS",
            "id": "agir-ui1cz1mvmi-4j54q5-OPTIONS-200",
            "resource_id": "4j54q5",
            "response_parameters": {
              "method.response.header.Access-Control-Allow-Headers": "'Authorization,Content-Type,X-Amz-Date,X-Amz-Security-Token,X-Api-Key'",
              "method.response.header.Access-Control-Allow-Methods": "'OPTIONS,HEAD,GET,POST,PUT,PATCH,DELETE'",
              "method.response.header.Access-Control-Allow-Origin": "'*'",
              "method.response.header.Access-Control-Max-Age": "'7200'"
            },
            "response_templates": {},
            "rest_api_id": "ui1cz1mvmi",
            "selection_pattern": "",
            "status_code": "200"
          },
          "sensitive_attributes": [],
          "private": "bnVsbA==",
          "dependencies": [
            "aws_api_gateway_resource.mylearn_class_users",
            "aws_api_gateway_rest_api.mylearn",
            "module.cors7.aws_api_gateway_integration._",
            "module.cors7.aws_api_gateway_method._",
            "module.cors7.aws_api_gateway_method_response._"
          ]
        }
      ]
    },
    {
      "module": "module.cors7",
      "mode": "managed",
      "type": "aws_api_gateway_method",
      "name": "_",
      "provider": "provider[\"registry.terraform.io/hashicorp/aws\"]",
      "instances": [
        {
          "schema_version": 0,
          "attributes": {
            "api_key_required": false,
            "authorization": "NONE",
            "authorization_scopes": [],
            "authorizer_id": "",
            "http_method": "OPTIONS",
            "id": "agm-ui1cz1mvmi-4j54q5-OPTIONS",
            "operation_name": "",
            "request_models": {},
            "request_parameters": {},
            "request_validator_id": "",
            "resource_id": "4j54q5",
            "rest_api_id": "ui1cz1mvmi"
          },
          "sensitive_attributes": [],
          "private": "bnVsbA==",
          "dependencies": [
            "aws_api_gateway_resource.mylearn_class_users",
            "aws_api_gateway_rest_api.mylearn"
          ]
        }
      ]
    },
    {
      "module": "module.cors7",
      "mode": "managed",
      "type": "aws_api_gateway_method_response",
      "name": "_",
      "provider": "provider[\"registry.terraform.io/hashicorp/aws\"]",
      "instances": [
        {
          "schema_version": 0,
          "attributes": {
            "http_method": "OPTIONS",
            "id": "agmr-ui1cz1mvmi-4j54q5-OPTIONS-200",
            "resource_id": "4j54q5",
            "response_models": {
              "application/json": "Empty"
            },
            "response_parameters": {
              "method.response.header.Access-Control-Allow-Headers": true,
              "method.response.header.Access-Control-Allow-Methods": true,
              "method.response.header.Access-Control-Allow-Origin": true,
              "method.response.header.Access-Control-Max-Age": true
            },
            "rest_api_id": "ui1cz1mvmi",
            "status_code": "200"
          },
          "sensitive_attributes": [],
          "private": "bnVsbA==",
          "dependencies": [
            "aws_api_gateway_resource.mylearn_class_users",
            "aws_api_gateway_rest_api.mylearn",
            "module.cors7.aws_api_gateway_method._"
          ]
        }
      ]
    },
    {
      "module": "module.cors8",
      "mode": "managed",
      "type": "aws_api_gateway_integration",
      "name": "_",
      "provider": "provider[\"registry.terraform.io/hashicorp/aws\"]",
      "instances": [
        {
          "schema_version": 0,
          "attributes": {
            "cache_key_parameters": [],
            "cache_namespace": "83vkvj",
            "connection_id": "",
            "connection_type": "INTERNET",
            "content_handling": "CONVERT_TO_TEXT",
            "credentials": "",
            "http_method": "OPTIONS",
            "id": "agi-ui1cz1mvmi-83vkvj-OPTIONS",
            "integration_http_method": "",
            "passthrough_behavior": "WHEN_NO_MATCH",
            "request_parameters": {},
            "request_templates": {
              "application/json": "{ \"statusCode\": 200 }"
            },
            "resource_id": "83vkvj",
            "rest_api_id": "ui1cz1mvmi",
            "timeout_milliseconds": 29000,
            "tls_config": [],
            "type": "MOCK",
            "uri": ""
          },
          "sensitive_attributes": [],
          "private": "bnVsbA==",
          "dependencies": [
            "aws_api_gateway_resource.mylearn_me",
            "aws_api_gateway_rest_api.mylearn",
            "module.cors8.aws_api_gateway_method._"
          ]
        }
      ]
    },
    {
      "module": "module.cors8",
      "mode": "managed",
      "type": "aws_api_gateway_integration_response",
      "name": "_",
      "provider": "provider[\"registry.terraform.io/hashicorp/aws\"]",
      "instances": [
        {
          "schema_version": 0,
          "attributes": {
            "content_handling": "",
            "http_method": "OPTIONS",
            "id": "agir-ui1cz1mvmi-83vkvj-OPTIONS-200",
            "resource_id": "83vkvj",
            "response_parameters": {
              "method.response.header.Access-Control-Allow-Headers": "'Authorization,Content-Type,X-Amz-Date,X-Amz-Security-Token,X-Api-Key'",
              "method.response.header.Access-Control-Allow-Methods": "'OPTIONS,HEAD,GET,POST,PUT,PATCH,DELETE'",
              "method.response.header.Access-Control-Allow-Origin": "'*'",
              "method.response.header.Access-Control-Max-Age": "'7200'"
            },
            "response_templates": {},
            "rest_api_id": "ui1cz1mvmi",
            "selection_pattern": "",
            "status_code": "200"
          },
          "sensitive_attributes": [],
          "private": "bnVsbA==",
          "dependencies": [
            "aws_api_gateway_resource.mylearn_me",
            "aws_api_gateway_rest_api.mylearn",
            "module.cors8.aws_api_gateway_integration._",
            "module.cors8.aws_api_gateway_method._",
            "module.cors8.aws_api_gateway_method_response._"
          ]
        }
      ]
    },
    {
      "module": "module.cors8",
      "mode": "managed",
      "type": "aws_api_gateway_method",
      "name": "_",
      "provider": "provider[\"registry.terraform.io/hashicorp/aws\"]",
      "instances": [
        {
          "schema_version": 0,
          "attributes": {
            "api_key_required": false,
            "authorization": "NONE",
            "authorization_scopes": [],
            "authorizer_id": "",
            "http_method": "OPTIONS",
            "id": "agm-ui1cz1mvmi-83vkvj-OPTIONS",
            "operation_name": "",
            "request_models": {},
            "request_parameters": {},
            "request_validator_id": "",
            "resource_id": "83vkvj",
            "rest_api_id": "ui1cz1mvmi"
          },
          "sensitive_attributes": [],
          "private": "bnVsbA==",
          "dependencies": [
            "aws_api_gateway_resource.mylearn_me",
            "aws_api_gateway_rest_api.mylearn"
          ]
        }
      ]
    },
    {
      "module": "module.cors8",
      "mode": "managed",
      "type": "aws_api_gateway_method_response",
      "name": "_",
      "provider": "provider[\"registry.terraform.io/hashicorp/aws\"]",
      "instances": [
        {
          "schema_version": 0,
          "attributes": {
            "http_method": "OPTIONS",
            "id": "agmr-ui1cz1mvmi-83vkvj-OPTIONS-200",
            "resource_id": "83vkvj",
            "response_models": {
              "application/json": "Empty"
            },
            "response_parameters": {
              "method.response.header.Access-Control-Allow-Headers": true,
              "method.response.header.Access-Control-Allow-Methods": true,
              "method.response.header.Access-Control-Allow-Origin": true,
              "method.response.header.Access-Control-Max-Age": true
            },
            "rest_api_id": "ui1cz1mvmi",
            "status_code": "200"
          },
          "sensitive_attributes": [],
          "private": "bnVsbA==",
          "dependencies": [
            "aws_api_gateway_resource.mylearn_me",
            "aws_api_gateway_rest_api.mylearn",
            "module.cors8.aws_api_gateway_method._"
          ]
        }
      ]
    },
    {
      "module": "module.cors9",
      "mode": "managed",
      "type": "aws_api_gateway_integration",
      "name": "_",
      "provider": "provider[\"registry.terraform.io/hashicorp/aws\"]",
      "instances": [
        {
          "schema_version": 0,
          "attributes": {
            "cache_key_parameters": [],
            "cache_namespace": "z4upg7",
            "connection_id": "",
            "connection_type": "INTERNET",
            "content_handling": "CONVERT_TO_TEXT",
            "credentials": "",
            "http_method": "OPTIONS",
            "id": "agi-ui1cz1mvmi-z4upg7-OPTIONS",
            "integration_http_method": "",
            "passthrough_behavior": "WHEN_NO_MATCH",
            "request_parameters": {},
            "request_templates": {
              "application/json": "{ \"statusCode\": 200 }"
            },
            "resource_id": "z4upg7",
            "rest_api_id": "ui1cz1mvmi",
            "timeout_milliseconds": 29000,
            "tls_config": [],
            "type": "MOCK",
            "uri": ""
          },
          "sensitive_attributes": [],
          "private": "bnVsbA==",
          "dependencies": [
            "aws_api_gateway_resource.mylearn_rest_lessons",
            "aws_api_gateway_rest_api.mylearn",
            "module.cors9.aws_api_gateway_method._"
          ]
        }
      ]
    },
    {
      "module": "module.cors9",
      "mode": "managed",
      "type": "aws_api_gateway_integration_response",
      "name": "_",
      "provider": "provider[\"registry.terraform.io/hashicorp/aws\"]",
      "instances": [
        {
          "schema_version": 0,
          "attributes": {
            "content_handling": "",
            "http_method": "OPTIONS",
            "id": "agir-ui1cz1mvmi-z4upg7-OPTIONS-200",
            "resource_id": "z4upg7",
            "response_parameters": {
              "method.response.header.Access-Control-Allow-Headers": "'Authorization,Content-Type,X-Amz-Date,X-Amz-Security-Token,X-Api-Key'",
              "method.response.header.Access-Control-Allow-Methods": "'OPTIONS,HEAD,GET,POST,PUT,PATCH,DELETE'",
              "method.response.header.Access-Control-Allow-Origin": "'*'",
              "method.response.header.Access-Control-Max-Age": "'7200'"
            },
            "response_templates": {},
            "rest_api_id": "ui1cz1mvmi",
            "selection_pattern": "",
            "status_code": "200"
          },
          "sensitive_attributes": [],
          "private": "bnVsbA==",
          "dependencies": [
            "aws_api_gateway_resource.mylearn_rest_lessons",
            "aws_api_gateway_rest_api.mylearn",
            "module.cors9.aws_api_gateway_integration._",
            "module.cors9.aws_api_gateway_method._",
            "module.cors9.aws_api_gateway_method_response._"
          ]
        }
      ]
    },
    {
      "module": "module.cors9",
      "mode": "managed",
      "type": "aws_api_gateway_method",
      "name": "_",
      "provider": "provider[\"registry.terraform.io/hashicorp/aws\"]",
      "instances": [
        {
          "schema_version": 0,
          "attributes": {
            "api_key_required": false,
            "authorization": "NONE",
            "authorization_scopes": [],
            "authorizer_id": "",
            "http_method": "OPTIONS",
            "id": "agm-ui1cz1mvmi-z4upg7-OPTIONS",
            "operation_name": "",
            "request_models": {},
            "request_parameters": {},
            "request_validator_id": "",
            "resource_id": "z4upg7",
            "rest_api_id": "ui1cz1mvmi"
          },
          "sensitive_attributes": [],
          "private": "bnVsbA==",
          "dependencies": [
            "aws_api_gateway_resource.mylearn_rest_lessons",
            "aws_api_gateway_rest_api.mylearn"
          ]
        }
      ]
    },
    {
      "module": "module.cors9",
      "mode": "managed",
      "type": "aws_api_gateway_method_response",
      "name": "_",
      "provider": "provider[\"registry.terraform.io/hashicorp/aws\"]",
      "instances": [
        {
          "schema_version": 0,
          "attributes": {
            "http_method": "OPTIONS",
            "id": "agmr-ui1cz1mvmi-z4upg7-OPTIONS-200",
            "resource_id": "z4upg7",
            "response_models": {
              "application/json": "Empty"
            },
            "response_parameters": {
              "method.response.header.Access-Control-Allow-Headers": true,
              "method.response.header.Access-Control-Allow-Methods": true,
              "method.response.header.Access-Control-Allow-Origin": true,
              "method.response.header.Access-Control-Max-Age": true
            },
            "rest_api_id": "ui1cz1mvmi",
            "status_code": "200"
          },
          "sensitive_attributes": [],
          "private": "bnVsbA==",
          "dependencies": [
            "aws_api_gateway_resource.mylearn_rest_lessons",
            "aws_api_gateway_rest_api.mylearn",
            "module.cors9.aws_api_gateway_method._"
          ]
        }
      ]
    },
    {
      "module": "module.cors_s3_1",
      "mode": "managed",
      "type": "aws_api_gateway_integration",
      "name": "_",
      "provider": "provider[\"registry.terraform.io/hashicorp/aws\"]",
      "instances": [
        {
          "schema_version": 0,
          "attributes": {
            "cache_key_parameters": [],
            "cache_namespace": "iqjbbz",
            "connection_id": "",
            "connection_type": "INTERNET",
            "content_handling": "CONVERT_TO_TEXT",
            "credentials": "",
            "http_method": "OPTIONS",
            "id": "agi-0npdqx4v13-iqjbbz-OPTIONS",
            "integration_http_method": "",
            "passthrough_behavior": "WHEN_NO_MATCH",
            "request_parameters": {},
            "request_templates": {
              "application/json": "{ \"statusCode\": 200 }"
            },
            "resource_id": "iqjbbz",
            "rest_api_id": "0npdqx4v13",
            "timeout_milliseconds": 29000,
            "tls_config": [],
            "type": "MOCK",
            "uri": ""
          },
          "sensitive_attributes": [],
          "private": "bnVsbA==",
          "dependencies": [
            "aws_api_gateway_rest_api.mylearn_s3",
            "aws_iam_role.s3_content_gateway",
            "data.aws_api_gateway_resource.s3",
            "module.cors_s3_1.aws_api_gateway_method._"
          ]
        }
      ]
    },
    {
      "module": "module.cors_s3_1",
      "mode": "managed",
      "type": "aws_api_gateway_integration_response",
      "name": "_",
      "provider": "provider[\"registry.terraform.io/hashicorp/aws\"]",
      "instances": [
        {
          "schema_version": 0,
          "attributes": {
            "content_handling": "",
            "http_method": "OPTIONS",
            "id": "agir-0npdqx4v13-iqjbbz-OPTIONS-200",
            "resource_id": "iqjbbz",
            "response_parameters": {
              "method.response.header.Access-Control-Allow-Headers": "'Authorization,Content-Type,X-Amz-Date,X-Amz-Security-Token,X-Api-Key'",
              "method.response.header.Access-Control-Allow-Methods": "'OPTIONS,HEAD,GET,POST,PUT,PATCH,DELETE'",
              "method.response.header.Access-Control-Allow-Origin": "'*'",
              "method.response.header.Access-Control-Max-Age": "'7200'"
            },
            "response_templates": {},
            "rest_api_id": "0npdqx4v13",
            "selection_pattern": "",
            "status_code": "200"
          },
          "sensitive_attributes": [],
          "private": "bnVsbA==",
          "dependencies": [
            "aws_api_gateway_rest_api.mylearn_s3",
            "aws_iam_role.s3_content_gateway",
            "data.aws_api_gateway_resource.s3",
            "module.cors_s3_1.aws_api_gateway_integration._",
            "module.cors_s3_1.aws_api_gateway_method._",
            "module.cors_s3_1.aws_api_gateway_method_response._"
          ]
        }
      ]
    },
    {
      "module": "module.cors_s3_1",
      "mode": "managed",
      "type": "aws_api_gateway_method",
      "name": "_",
      "provider": "provider[\"registry.terraform.io/hashicorp/aws\"]",
      "instances": [
        {
          "schema_version": 0,
          "attributes": {
            "api_key_required": false,
            "authorization": "NONE",
            "authorization_scopes": [],
            "authorizer_id": "",
            "http_method": "OPTIONS",
            "id": "agm-0npdqx4v13-iqjbbz-OPTIONS",
            "operation_name": "",
            "request_models": {},
            "request_parameters": {},
            "request_validator_id": "",
            "resource_id": "iqjbbz",
            "rest_api_id": "0npdqx4v13"
          },
          "sensitive_attributes": [],
          "private": "bnVsbA==",
          "dependencies": [
            "aws_api_gateway_rest_api.mylearn_s3",
            "aws_iam_role.s3_content_gateway",
            "data.aws_api_gateway_resource.s3"
          ]
        }
      ]
    },
    {
      "module": "module.cors_s3_1",
      "mode": "managed",
      "type": "aws_api_gateway_method_response",
      "name": "_",
      "provider": "provider[\"registry.terraform.io/hashicorp/aws\"]",
      "instances": [
        {
          "schema_version": 0,
          "attributes": {
            "http_method": "OPTIONS",
            "id": "agmr-0npdqx4v13-iqjbbz-OPTIONS-200",
            "resource_id": "iqjbbz",
            "response_models": {
              "application/json": "Empty"
            },
            "response_parameters": {
              "method.response.header.Access-Control-Allow-Headers": true,
              "method.response.header.Access-Control-Allow-Methods": true,
              "method.response.header.Access-Control-Allow-Origin": true,
              "method.response.header.Access-Control-Max-Age": true
            },
            "rest_api_id": "0npdqx4v13",
            "status_code": "200"
          },
          "sensitive_attributes": [],
          "private": "bnVsbA==",
          "dependencies": [
            "aws_api_gateway_rest_api.mylearn_s3",
            "aws_iam_role.s3_content_gateway",
            "data.aws_api_gateway_resource.s3",
            "module.cors_s3_1.aws_api_gateway_method._"
          ]
        }
      ]
    },
    {
      "module": "module.ecs",
      "mode": "managed",
      "type": "aws_ecs_capacity_provider",
      "name": "this",
      "provider": "provider[\"registry.terraform.io/hashicorp/aws\"]",
      "instances": [
        {
          "index_key": "one",
          "schema_version": 0,
          "attributes": {
            "arn": "arn:aws:ecs:eu-central-1:949052962425:capacity-provider/one",
            "auto_scaling_group_provider": [
              {
                "auto_scaling_group_arn": "arn:aws:autoscaling:eu-central-1:949052962425:autoScalingGroup:16ae873f-880c-4947-a2da-3f6ed8654a06:autoScalingGroupName/asg",
                "managed_scaling": [
                  {
                    "instance_warmup_period": 300,
                    "maximum_scaling_step_size": 1,
                    "minimum_scaling_step_size": 1,
                    "status": "ENABLED",
                    "target_capacity": 60
                  }
                ],
                "managed_termination_protection": "ENABLED"
              }
            ],
            "id": "arn:aws:ecs:eu-central-1:949052962425:capacity-provider/one",
            "name": "one",
            "tags": {},
            "tags_all": {}
          },
          "sensitive_attributes": [],
          "private": "bnVsbA==",
          "dependencies": [
            "aws_autoscaling_group.main",
            "aws_iam_instance_profile.ecs_agent",
            "aws_iam_role.main",
            "aws_launch_configuration.main",
            "aws_lb_target_group.mylearn",
            "aws_security_group.mylearn",
            "data.aws_availability_zones.availability_zones",
            "data.aws_iam_policy_document.main",
            "data.aws_vpc.default"
          ]
        }
      ]
    },
    {
      "module": "module.ecs",
      "mode": "managed",
      "type": "aws_ecs_cluster",
      "name": "this",
      "provider": "provider[\"registry.terraform.io/hashicorp/aws\"]",
      "instances": [
        {
          "index_key": 0,
          "schema_version": 0,
          "attributes": {
            "arn": "arn:aws:ecs:eu-central-1:949052962425:cluster/mylearn-frontend-cluster",
            "capacity_providers": [
              "one"
            ],
            "configuration": [
              {
                "execute_command_configuration": [
                  {
                    "kms_key_id": "",
                    "log_configuration": [
                      {
                        "cloud_watch_encryption_enabled": false,
                        "cloud_watch_log_group_name": "/aws/ecs/aws-ec2",
                        "s3_bucket_encryption_enabled": false,
                        "s3_bucket_name": "",
                        "s3_key_prefix": ""
                      }
                    ],
                    "logging": "OVERRIDE"
                  }
                ]
              }
            ],
            "default_capacity_provider_strategy": [],
            "id": "arn:aws:ecs:eu-central-1:949052962425:cluster/mylearn-frontend-cluster",
            "name": "mylearn-frontend-cluster",
            "setting": [
              {
                "name": "containerInsights",
                "value": "enabled"
              }
            ],
            "tags": {},
            "tags_all": {}
          },
          "sensitive_attributes": [],
          "private": "bnVsbA=="
        }
      ]
    },
    {
      "module": "module.ecs",
      "mode": "managed",
      "type": "aws_ecs_cluster_capacity_providers",
      "name": "this",
      "provider": "provider[\"registry.terraform.io/hashicorp/aws\"]",
      "instances": [
        {
          "index_key": 0,
          "schema_version": 0,
          "attributes": {
            "capacity_providers": [
              "one"
            ],
            "cluster_name": "mylearn-frontend-cluster",
            "default_capacity_provider_strategy": [],
            "id": "mylearn-frontend-cluster"
          },
          "sensitive_attributes": [],
          "private": "bnVsbA==",
          "dependencies": [
            "aws_autoscaling_group.main",
            "aws_iam_instance_profile.ecs_agent",
            "aws_iam_role.main",
            "aws_launch_configuration.main",
            "aws_lb_target_group.mylearn",
            "aws_security_group.mylearn",
            "data.aws_availability_zones.availability_zones",
            "data.aws_iam_policy_document.main",
            "data.aws_vpc.default",
            "module.ecs.aws_ecs_capacity_provider.this",
            "module.ecs.aws_ecs_cluster.this"
          ]
        }
      ]
    }
  ]
}
